{
  "format_version": "1.0",
  "provider_schemas": {
    "registry.terraform.io/hashicorp/aws": {
      "provider": {
        "version": 0,
        "block": {
          "attributes": {
            "access_key": {
              "type": "string",
              "description": "The access key for API operations. You can retrieve this\nfrom the 'Security \u0026 Credentials' section of the AWS console.",
              "description_kind": "plain",
              "optional": true
            },
            "allowed_account_ids": {
              "type": [
                "set",
                "string"
              ],
              "description_kind": "plain",
              "optional": true
            },
            "custom_ca_bundle": {
              "type": "string",
              "description": "File containing custom root and intermediate certificates. Can also be configured using the `AWS_CA_BUNDLE` environment variable. (Setting `ca_bundle` in the shared config file is not supported.)",
              "description_kind": "plain",
              "optional": true
            },
            "ec2_metadata_service_endpoint": {
              "type": "string",
              "description": "Address of the EC2 metadata service endpoint to use. Can also be configured using the `AWS_EC2_METADATA_SERVICE_ENDPOINT` environment variable.",
              "description_kind": "plain",
              "optional": true
            },
            "ec2_metadata_service_endpoint_mode": {
              "type": "string",
              "description": "Protocol to use with EC2 metadata service endpoint.Valid values are `IPv4` and `IPv6`. Can also be configured using the `AWS_EC2_METADATA_SERVICE_ENDPOINT_MODE` environment variable.",
              "description_kind": "plain",
              "optional": true
            },
            "forbidden_account_ids": {
              "type": [
                "set",
                "string"
              ],
              "description_kind": "plain",
              "optional": true
            },
            "http_proxy": {
              "type": "string",
              "description": "URL of a proxy to use for HTTP requests when accessing the AWS API. Can also be set using the `HTTP_PROXY` or `http_proxy` environment variables.",
              "description_kind": "plain",
              "optional": true
            },
            "https_proxy": {
              "type": "string",
              "description": "URL of a proxy to use for HTTPS requests when accessing the AWS API. Can also be set using the `HTTPS_PROXY` or `https_proxy` environment variables.",
              "description_kind": "plain",
              "optional": true
            },
            "insecure": {
              "type": "bool",
              "description": "Explicitly allow the provider to perform \"insecure\" SSL requests. If omitted, default value is `false`",
              "description_kind": "plain",
              "optional": true
            },
            "max_retries": {
              "type": "number",
              "description": "The maximum number of times an AWS API request is\nbeing executed. If the API request still fails, an error is\nthrown.",
              "description_kind": "plain",
              "optional": true
            },
            "no_proxy": {
              "type": "string",
              "description": "Comma-separated list of hosts that should not use HTTP or HTTPS proxies. Can also be set using the `NO_PROXY` or `no_proxy` environment variables.",
              "description_kind": "plain",
              "optional": true
            },
            "profile": {
              "type": "string",
              "description": "The profile for API operations. If not set, the default profile\ncreated with `aws configure` will be used.",
              "description_kind": "plain",
              "optional": true
            },
            "region": {
              "type": "string",
              "description": "The region where AWS operations will take place. Examples\nare us-east-1, us-west-2, etc.",
              "description_kind": "plain",
              "optional": true
            },
            "retry_mode": {
              "type": "string",
              "description": "Specifies how retries are attempted. Valid values are `standard` and `adaptive`. Can also be configured using the `AWS_RETRY_MODE` environment variable.",
              "description_kind": "plain",
              "optional": true
            },
            "s3_us_east_1_regional_endpoint": {
              "type": "string",
              "description": "Specifies whether S3 API calls in the `us-east-1` region use the legacy global endpoint or a regional endpoint. Valid values are `legacy` or `regional`. Can also be configured using the `AWS_S3_US_EAST_1_REGIONAL_ENDPOINT` environment variable or the `s3_us_east_1_regional_endpoint` shared config file parameter",
              "description_kind": "plain",
              "optional": true
            },
            "s3_use_path_style": {
              "type": "bool",
              "description": "Set this to true to enable the request to use path-style addressing,\ni.e., https://s3.amazonaws.com/BUCKET/KEY. By default, the S3 client will\nuse virtual hosted bucket addressing when possible\n(https://BUCKET.s3.amazonaws.com/KEY). Specific to the Amazon S3 service.",
              "description_kind": "plain",
              "optional": true
            },
            "secret_key": {
              "type": "string",
              "description": "The secret key for API operations. You can retrieve this\nfrom the 'Security \u0026 Credentials' section of the AWS console.",
              "description_kind": "plain",
              "optional": true
            },
            "shared_config_files": {
              "type": [
                "list",
                "string"
              ],
              "description": "List of paths to shared config files. If not set, defaults to [~/.aws/config].",
              "description_kind": "plain",
              "optional": true
            },
            "shared_credentials_files": {
              "type": [
                "list",
                "string"
              ],
              "description": "List of paths to shared credentials files. If not set, defaults to [~/.aws/credentials].",
              "description_kind": "plain",
              "optional": true
            },
            "skip_credentials_validation": {
              "type": "bool",
              "description": "Skip the credentials validation via STS API. Used for AWS API implementations that do not have STS available/implemented.",
              "description_kind": "plain",
              "optional": true
            },
            "skip_metadata_api_check": {
              "type": "string",
              "description": "Skip the AWS Metadata API check. Used for AWS API implementations that do not have a metadata api endpoint.",
              "description_kind": "plain",
              "optional": true
            },
            "skip_region_validation": {
              "type": "bool",
              "description": "Skip static validation of region name. Used by users of alternative AWS-like APIs or users w/ access to regions that are not public (yet).",
              "description_kind": "plain",
              "optional": true
            },
            "skip_requesting_account_id": {
              "type": "bool",
              "description": "Skip requesting the account ID. Used for AWS API implementations that do not have IAM/STS API and/or metadata API.",
              "description_kind": "plain",
              "optional": true
            },
            "sts_region": {
              "type": "string",
              "description": "The region where AWS STS operations will take place. Examples\nare us-east-1 and us-west-2.",
              "description_kind": "plain",
              "optional": true
            },
            "token": {
              "type": "string",
              "description": "session token. A session token is only required if you are\nusing temporary security credentials.",
              "description_kind": "plain",
              "optional": true
            },
            "token_bucket_rate_limiter_capacity": {
              "type": "number",
              "description": "The capacity of the AWS SDK's token bucket rate limiter.",
              "description_kind": "plain",
              "optional": true
            },
            "use_dualstack_endpoint": {
              "type": "bool",
              "description": "Resolve an endpoint with DualStack capability",
              "description_kind": "plain",
              "optional": true
            },
            "use_fips_endpoint": {
              "type": "bool",
              "description": "Resolve an endpoint with FIPS capability",
              "description_kind": "plain",
              "optional": true
            }
          },
          "block_types": {
            "assume_role": {
              "nesting_mode": "list",
              "block": {
                "attributes": {
                  "duration": {
                    "type": "string",
                    "description": "The duration, between 15 minutes and 12 hours, of the role session. Valid time units are ns, us (or µs), ms, s, h, or m.",
                    "description_kind": "plain",
                    "optional": true
                  },
                  "external_id": {
                    "type": "string",
                    "description": "A unique identifier that might be required when you assume a role in another account.",
                    "description_kind": "plain",
                    "optional": true
                  },
                  "policy": {
                    "type": "string",
                    "description": "IAM Policy JSON describing further restricting permissions for the IAM Role being assumed.",
                    "description_kind": "plain",
                    "optional": true
                  },
                  "policy_arns": {
                    "type": [
                      "set",
                      "string"
                    ],
                    "description": "Amazon Resource Names (ARNs) of IAM Policies describing further restricting permissions for the IAM Role being assumed.",
                    "description_kind": "plain",
                    "optional": true
                  },
                  "role_arn": {
                    "type": "string",
                    "description": "Amazon Resource Name (ARN) of an IAM Role to assume prior to making API calls.",
                    "description_kind": "plain",
                    "optional": true
                  },
                  "session_name": {
                    "type": "string",
                    "description": "An identifier for the assumed role session.",
                    "description_kind": "plain",
                    "optional": true
                  },
                  "source_identity": {
                    "type": "string",
                    "description": "Source identity specified by the principal assuming the role.",
                    "description_kind": "plain",
                    "optional": true
                  },
                  "tags": {
                    "type": [
                      "map",
                      "string"
                    ],
                    "description": "Assume role session tags.",
                    "description_kind": "plain",
                    "optional": true
                  },
                  "transitive_tag_keys": {
                    "type": [
                      "set",
                      "string"
                    ],
                    "description": "Assume role session tag keys to pass to any subsequent sessions.",
                    "description_kind": "plain",
                    "optional": true
                  }
                },
                "description_kind": "plain"
              }
            },
            "assume_role_with_web_identity": {
              "nesting_mode": "list",
              "block": {
                "attributes": {
                  "duration": {
                    "type": "string",
                    "description": "The duration, between 15 minutes and 12 hours, of the role session. Valid time units are ns, us (or µs), ms, s, h, or m.",
                    "description_kind": "plain",
                    "optional": true
                  },
                  "policy": {
                    "type": "string",
                    "description": "IAM Policy JSON describing further restricting permissions for the IAM Role being assumed.",
                    "description_kind": "plain",
                    "optional": true
                  },
                  "policy_arns": {
                    "type": [
                      "set",
                      "string"
                    ],
                    "description": "Amazon Resource Names (ARNs) of IAM Policies describing further restricting permissions for the IAM Role being assumed.",
                    "description_kind": "plain",
                    "optional": true
                  },
                  "role_arn": {
                    "type": "string",
                    "description": "Amazon Resource Name (ARN) of an IAM Role to assume prior to making API calls.",
                    "description_kind": "plain",
                    "optional": true
                  },
                  "session_name": {
                    "type": "string",
                    "description": "An identifier for the assumed role session.",
                    "description_kind": "plain",
                    "optional": true
                  },
                  "web_identity_token": {
                    "type": "string",
                    "description_kind": "plain",
                    "optional": true
                  },
                  "web_identity_token_file": {
                    "type": "string",
                    "description_kind": "plain",
                    "optional": true
                  }
                },
                "description_kind": "plain"
              }
            },
            "default_tags": {
              "nesting_mode": "list",
              "block": {
                "attributes": {
                  "tags": {
                    "type": [
                      "map",
                      "string"
                    ],
                    "description": "Resource tags to default across all resources. Can also be configured with environment variables like `TF_AWS_DEFAULT_TAGS_\u003ctag_name\u003e`.",
                    "description_kind": "plain",
                    "optional": true
                  }
                },
                "description": "Configuration block with settings to default resource tags across all resources.",
                "description_kind": "plain"
              }
            },
            "endpoints": {
              "nesting_mode": "set",
              "block": {
                "attributes": {
                  "accessanalyzer": {
                    "type": "string",
                    "description": "Use this to override the default service endpoint URL",
                    "description_kind": "plain",
                    "optional": true
                  },
                  "account": {
                    "type": "string",
                    "description": "Use this to override the default service endpoint URL",
                    "description_kind": "plain",
                    "optional": true
                  },
                  "acm": {
                    "type": "string",
                    "description": "Use this to override the default service endpoint URL",
                    "description_kind": "plain",
                    "optional": true
                  },
                  "acmpca": {
                    "type": "string",
                    "description": "Use this to override the default service endpoint URL",
                    "description_kind": "plain",
                    "optional": true
                  },
                  "amg": {
                    "type": "string",
                    "description": "Use this to override the default service endpoint URL",
                    "description_kind": "plain",
                    "optional": true
                  },
                  "amp": {
                    "type": "string",
                    "description": "Use this to override the default service endpoint URL",
                    "description_kind": "plain",
                    "optional": true
                  },
                  "amplify": {
                    "type": "string",
                    "description": "Use this to override the default service endpoint URL",
                    "description_kind": "plain",
                    "optional": true
                  },
                  "apigateway": {
                    "type": "string",
                    "description": "Use this to override the default service endpoint URL",
                    "description_kind": "plain",
                    "optional": true
                  },
                  "apigatewayv2": {
                    "type": "string",
                    "description": "Use this to override the default service endpoint URL",
                    "description_kind": "plain",
                    "optional": true
                  },
                  "appautoscaling": {
                    "type": "string",
                    "description": "Use this to override the default service endpoint URL",
                    "description_kind": "plain",
                    "optional": true
                  },
                  "appconfig": {
                    "type": "string",
                    "description": "Use this to override the default service endpoint URL",
                    "description_kind": "plain",
                    "optional": true
                  },
                  "appfabric": {
                    "type": "string",
                    "description": "Use this to override the default service endpoint URL",
                    "description_kind": "plain",
                    "optional": true
                  },
                  "appflow": {
                    "type": "string",
                    "description": "Use this to override the default service endpoint URL",
                    "description_kind": "plain",
                    "optional": true
                  },
                  "appintegrations": {
                    "type": "string",
                    "description": "Use this to override the default service endpoint URL",
                    "description_kind": "plain",
                    "optional": true
                  },
                  "appintegrationsservice": {
                    "type": "string",
                    "description": "Use this to override the default service endpoint URL",
                    "description_kind": "plain",
                    "optional": true
                  },
                  "applicationautoscaling": {
                    "type": "string",
                    "description": "Use this to override the default service endpoint URL",
                    "description_kind": "plain",
                    "optional": true
                  },
                  "applicationinsights": {
                    "type": "string",
                    "description": "Use this to override the default service endpoint URL",
                    "description_kind": "plain",
                    "optional": true
                  },
                  "applicationsignals": {
                    "type": "string",
                    "description": "Use this to override the default service endpoint URL",
                    "description_kind": "plain",
                    "optional": true
                  },
                  "appmesh": {
                    "type": "string",
                    "description": "Use this to override the default service endpoint URL",
                    "description_kind": "plain",
                    "optional": true
                  },
                  "appregistry": {
                    "type": "string",
                    "description": "Use this to override the default service endpoint URL",
                    "description_kind": "plain",
                    "optional": true
                  },
                  "apprunner": {
                    "type": "string",
                    "description": "Use this to override the default service endpoint URL",
                    "description_kind": "plain",
                    "optional": true
                  },
                  "appstream": {
                    "type": "string",
                    "description": "Use this to override the default service endpoint URL",
                    "description_kind": "plain",
                    "optional": true
                  },
                  "appsync": {
                    "type": "string",
                    "description": "Use this to override the default service endpoint URL",
                    "description_kind": "plain",
                    "optional": true
                  },
                  "athena": {
                    "type": "string",
                    "description": "Use this to override the default service endpoint URL",
                    "description_kind": "plain",
                    "optional": true
                  },
                  "auditmanager": {
                    "type": "string",
                    "description": "Use this to override the default service endpoint URL",
                    "description_kind": "plain",
                    "optional": true
                  },
                  "autoscaling": {
                    "type": "string",
                    "description": "Use this to override the default service endpoint URL",
                    "description_kind": "plain",
                    "optional": true
                  },
                  "autoscalingplans": {
                    "type": "string",
                    "description": "Use this to override the default service endpoint URL",
                    "description_kind": "plain",
                    "optional": true
                  },
                  "backup": {
                    "type": "string",
                    "description": "Use this to override the default service endpoint URL",
                    "description_kind": "plain",
                    "optional": true
                  },
                  "batch": {
                    "type": "string",
                    "description": "Use this to override the default service endpoint URL",
                    "description_kind": "plain",
                    "optional": true
                  },
                  "bcmdataexports": {
                    "type": "string",
                    "description": "Use this to override the default service endpoint URL",
                    "description_kind": "plain",
                    "optional": true
                  },
                  "beanstalk": {
                    "type": "string",
                    "description": "Use this to override the default service endpoint URL",
                    "description_kind": "plain",
                    "optional": true
                  },
                  "bedrock": {
                    "type": "string",
                    "description": "Use this to override the default service endpoint URL",
                    "description_kind": "plain",
                    "optional": true
                  },
                  "bedrockagent": {
                    "type": "string",
                    "description": "Use this to override the default service endpoint URL",
                    "description_kind": "plain",
                    "optional": true
                  },
                  "budgets": {
                    "type": "string",
                    "description": "Use this to override the default service endpoint URL",
                    "description_kind": "plain",
                    "optional": true
                  },
                  "ce": {
                    "type": "string",
                    "description": "Use this to override the default service endpoint URL",
                    "description_kind": "plain",
                    "optional": true
                  },
                  "chatbot": {
                    "type": "string",
                    "description": "Use this to override the default service endpoint URL",
                    "description_kind": "plain",
                    "optional": true
                  },
                  "chime": {
                    "type": "string",
                    "description": "Use this to override the default service endpoint URL",
                    "description_kind": "plain",
                    "optional": true
                  },
                  "chimesdkmediapipelines": {
                    "type": "string",
                    "description": "Use this to override the default service endpoint URL",
                    "description_kind": "plain",
                    "optional": true
                  },
                  "chimesdkvoice": {
                    "type": "string",
                    "description": "Use this to override the default service endpoint URL",
                    "description_kind": "plain",
                    "optional": true
                  },
                  "cleanrooms": {
                    "type": "string",
                    "description": "Use this to override the default service endpoint URL",
                    "description_kind": "plain",
                    "optional": true
                  },
                  "cloud9": {
                    "type": "string",
                    "description": "Use this to override the default service endpoint URL",
                    "description_kind": "plain",
                    "optional": true
                  },
                  "cloudcontrol": {
                    "type": "string",
                    "description": "Use this to override the default service endpoint URL",
                    "description_kind": "plain",
                    "optional": true
                  },
                  "cloudcontrolapi": {
                    "type": "string",
                    "description": "Use this to override the default service endpoint URL",
                    "description_kind": "plain",
                    "optional": true
                  },
                  "cloudformation": {
                    "type": "string",
                    "description": "Use this to override the default service endpoint URL",
                    "description_kind": "plain",
                    "optional": true
                  },
                  "cloudfront": {
                    "type": "string",
                    "description": "Use this to override the default service endpoint URL",
                    "description_kind": "plain",
                    "optional": true
                  },
                  "cloudfrontkeyvaluestore": {
                    "type": "string",
                    "description": "Use this to override the default service endpoint URL",
                    "description_kind": "plain",
                    "optional": true
                  },
                  "cloudhsm": {
                    "type": "string",
                    "description": "Use this to override the default service endpoint URL",
                    "description_kind": "plain",
                    "optional": true
                  },
                  "cloudhsmv2": {
                    "type": "string",
                    "description": "Use this to override the default service endpoint URL",
                    "description_kind": "plain",
                    "optional": true
                  },
                  "cloudsearch": {
                    "type": "string",
                    "description": "Use this to override the default service endpoint URL",
                    "description_kind": "plain",
                    "optional": true
                  },
                  "cloudtrail": {
                    "type": "string",
                    "description": "Use this to override the default service endpoint URL",
                    "description_kind": "plain",
                    "optional": true
                  },
                  "cloudwatch": {
                    "type": "string",
                    "description": "Use this to override the default service endpoint URL",
                    "description_kind": "plain",
                    "optional": true
                  },
                  "cloudwatchevents": {
                    "type": "string",
                    "description": "Use this to override the default service endpoint URL",
                    "description_kind": "plain",
                    "optional": true
                  },
                  "cloudwatchevidently": {
                    "type": "string",
                    "description": "Use this to override the default service endpoint URL",
                    "description_kind": "plain",
                    "optional": true
                  },
                  "cloudwatchlog": {
                    "type": "string",
                    "description": "Use this to override the default service endpoint URL",
                    "description_kind": "plain",
                    "optional": true
                  },
                  "cloudwatchlogs": {
                    "type": "string",
                    "description": "Use this to override the default service endpoint URL",
                    "description_kind": "plain",
                    "optional": true
                  },
                  "cloudwatchobservabilityaccessmanager": {
                    "type": "string",
                    "description": "Use this to override the default service endpoint URL",
                    "description_kind": "plain",
                    "optional": true
                  },
                  "cloudwatchrum": {
                    "type": "string",
                    "description": "Use this to override the default service endpoint URL",
                    "description_kind": "plain",
                    "optional": true
                  },
                  "codeartifact": {
                    "type": "string",
                    "description": "Use this to override the default service endpoint URL",
                    "description_kind": "plain",
                    "optional": true
                  },
                  "codebuild": {
                    "type": "string",
                    "description": "Use this to override the default service endpoint URL",
                    "description_kind": "plain",
                    "optional": true
                  },
                  "codecatalyst": {
                    "type": "string",
                    "description": "Use this to override the default service endpoint URL",
                    "description_kind": "plain",
                    "optional": true
                  },
                  "codecommit": {
                    "type": "string",
                    "description": "Use this to override the default service endpoint URL",
                    "description_kind": "plain",
                    "optional": true
                  },
                  "codeconnections": {
                    "type": "string",
                    "description": "Use this to override the default service endpoint URL",
                    "description_kind": "plain",
                    "optional": true
                  },
                  "codedeploy": {
                    "type": "string",
                    "description": "Use this to override the default service endpoint URL",
                    "description_kind": "plain",
                    "optional": true
                  },
                  "codeguruprofiler": {
                    "type": "string",
                    "description": "Use this to override the default service endpoint URL",
                    "description_kind": "plain",
                    "optional": true
                  },
                  "codegurureviewer": {
                    "type": "string",
                    "description": "Use this to override the default service endpoint URL",
                    "description_kind": "plain",
                    "optional": true
                  },
                  "codepipeline": {
                    "type": "string",
                    "description": "Use this to override the default service endpoint URL",
                    "description_kind": "plain",
                    "optional": true
                  },
                  "codestarconnections": {
                    "type": "string",
                    "description": "Use this to override the default service endpoint URL",
                    "description_kind": "plain",
                    "optional": true
                  },
                  "codestarnotifications": {
                    "type": "string",
                    "description": "Use this to override the default service endpoint URL",
                    "description_kind": "plain",
                    "optional": true
                  },
                  "cognitoidentity": {
                    "type": "string",
                    "description": "Use this to override the default service endpoint URL",
                    "description_kind": "plain",
                    "optional": true
                  },
                  "cognitoidentityprovider": {
                    "type": "string",
                    "description": "Use this to override the default service endpoint URL",
                    "description_kind": "plain",
                    "optional": true
                  },
                  "cognitoidp": {
                    "type": "string",
                    "description": "Use this to override the default service endpoint URL",
                    "description_kind": "plain",
                    "optional": true
                  },
                  "comprehend": {
                    "type": "string",
                    "description": "Use this to override the default service endpoint URL",
                    "description_kind": "plain",
                    "optional": true
                  },
                  "computeoptimizer": {
                    "type": "string",
                    "description": "Use this to override the default service endpoint URL",
                    "description_kind": "plain",
                    "optional": true
                  },
                  "config": {
                    "type": "string",
                    "description": "Use this to override the default service endpoint URL",
                    "description_kind": "plain",
                    "optional": true
                  },
                  "configservice": {
                    "type": "string",
                    "description": "Use this to override the default service endpoint URL",
                    "description_kind": "plain",
                    "optional": true
                  },
                  "connect": {
                    "type": "string",
                    "description": "Use this to override the default service endpoint URL",
                    "description_kind": "plain",
                    "optional": true
                  },
                  "connectcases": {
                    "type": "string",
                    "description": "Use this to override the default service endpoint URL",
                    "description_kind": "plain",
                    "optional": true
                  },
                  "controltower": {
                    "type": "string",
                    "description": "Use this to override the default service endpoint URL",
                    "description_kind": "plain",
                    "optional": true
                  },
                  "costandusagereportservice": {
                    "type": "string",
                    "description": "Use this to override the default service endpoint URL",
                    "description_kind": "plain",
                    "optional": true
                  },
                  "costexplorer": {
                    "type": "string",
                    "description": "Use this to override the default service endpoint URL",
                    "description_kind": "plain",
                    "optional": true
                  },
                  "costoptimizationhub": {
                    "type": "string",
                    "description": "Use this to override the default service endpoint URL",
                    "description_kind": "plain",
                    "optional": true
                  },
                  "cur": {
                    "type": "string",
                    "description": "Use this to override the default service endpoint URL",
                    "description_kind": "plain",
                    "optional": true
                  },
                  "customerprofiles": {
                    "type": "string",
                    "description": "Use this to override the default service endpoint URL",
                    "description_kind": "plain",
                    "optional": true
                  },
                  "databasemigration": {
                    "type": "string",
                    "description": "Use this to override the default service endpoint URL",
                    "description_kind": "plain",
                    "optional": true
                  },
                  "databasemigrationservice": {
                    "type": "string",
                    "description": "Use this to override the default service endpoint URL",
                    "description_kind": "plain",
                    "optional": true
                  },
                  "databrew": {
                    "type": "string",
                    "description": "Use this to override the default service endpoint URL",
                    "description_kind": "plain",
                    "optional": true
                  },
                  "dataexchange": {
                    "type": "string",
                    "description": "Use this to override the default service endpoint URL",
                    "description_kind": "plain",
                    "optional": true
                  },
                  "datapipeline": {
                    "type": "string",
                    "description": "Use this to override the default service endpoint URL",
                    "description_kind": "plain",
                    "optional": true
                  },
                  "datasync": {
                    "type": "string",
                    "description": "Use this to override the default service endpoint URL",
                    "description_kind": "plain",
                    "optional": true
                  },
                  "datazone": {
                    "type": "string",
                    "description": "Use this to override the default service endpoint URL",
                    "description_kind": "plain",
                    "optional": true
                  },
                  "dax": {
                    "type": "string",
                    "description": "Use this to override the default service endpoint URL",
                    "description_kind": "plain",
                    "optional": true
                  },
                  "deploy": {
                    "type": "string",
                    "description": "Use this to override the default service endpoint URL",
                    "description_kind": "plain",
                    "optional": true
                  },
                  "detective": {
                    "type": "string",
                    "description": "Use this to override the default service endpoint URL",
                    "description_kind": "plain",
                    "optional": true
                  },
                  "devicefarm": {
                    "type": "string",
                    "description": "Use this to override the default service endpoint URL",
                    "description_kind": "plain",
                    "optional": true
                  },
                  "devopsguru": {
                    "type": "string",
                    "description": "Use this to override the default service endpoint URL",
                    "description_kind": "plain",
                    "optional": true
                  },
                  "directconnect": {
                    "type": "string",
                    "description": "Use this to override the default service endpoint URL",
                    "description_kind": "plain",
                    "optional": true
                  },
                  "directoryservice": {
                    "type": "string",
                    "description": "Use this to override the default service endpoint URL",
                    "description_kind": "plain",
                    "optional": true
                  },
                  "dlm": {
                    "type": "string",
                    "description": "Use this to override the default service endpoint URL",
                    "description_kind": "plain",
                    "optional": true
                  },
                  "dms": {
                    "type": "string",
                    "description": "Use this to override the default service endpoint URL",
                    "description_kind": "plain",
                    "optional": true
                  },
                  "docdb": {
                    "type": "string",
                    "description": "Use this to override the default service endpoint URL",
                    "description_kind": "plain",
                    "optional": true
                  },
                  "docdbelastic": {
                    "type": "string",
                    "description": "Use this to override the default service endpoint URL",
                    "description_kind": "plain",
                    "optional": true
                  },
                  "drs": {
                    "type": "string",
                    "description": "Use this to override the default service endpoint URL",
                    "description_kind": "plain",
                    "optional": true
                  },
                  "ds": {
                    "type": "string",
                    "description": "Use this to override the default service endpoint URL",
                    "description_kind": "plain",
                    "optional": true
                  },
                  "dynamodb": {
                    "type": "string",
                    "description": "Use this to override the default service endpoint URL",
                    "description_kind": "plain",
                    "optional": true
                  },
                  "ec2": {
                    "type": "string",
                    "description": "Use this to override the default service endpoint URL",
                    "description_kind": "plain",
                    "optional": true
                  },
                  "ecr": {
                    "type": "string",
                    "description": "Use this to override the default service endpoint URL",
                    "description_kind": "plain",
                    "optional": true
                  },
                  "ecrpublic": {
                    "type": "string",
                    "description": "Use this to override the default service endpoint URL",
                    "description_kind": "plain",
                    "optional": true
                  },
                  "ecs": {
                    "type": "string",
                    "description": "Use this to override the default service endpoint URL",
                    "description_kind": "plain",
                    "optional": true
                  },
                  "efs": {
                    "type": "string",
                    "description": "Use this to override the default service endpoint URL",
                    "description_kind": "plain",
                    "optional": true
                  },
                  "eks": {
                    "type": "string",
                    "description": "Use this to override the default service endpoint URL",
                    "description_kind": "plain",
                    "optional": true
                  },
                  "elasticache": {
                    "type": "string",
                    "description": "Use this to override the default service endpoint URL",
                    "description_kind": "plain",
                    "optional": true
                  },
                  "elasticbeanstalk": {
                    "type": "string",
                    "description": "Use this to override the default service endpoint URL",
                    "description_kind": "plain",
                    "optional": true
                  },
                  "elasticloadbalancing": {
                    "type": "string",
                    "description": "Use this to override the default service endpoint URL",
                    "description_kind": "plain",
                    "optional": true
                  },
                  "elasticloadbalancingv2": {
                    "type": "string",
                    "description": "Use this to override the default service endpoint URL",
                    "description_kind": "plain",
                    "optional": true
                  },
                  "elasticsearch": {
                    "type": "string",
                    "description": "Use this to override the default service endpoint URL",
                    "description_kind": "plain",
                    "optional": true
                  },
                  "elasticsearchservice": {
                    "type": "string",
                    "description": "Use this to override the default service endpoint URL",
                    "description_kind": "plain",
                    "optional": true
                  },
                  "elastictranscoder": {
                    "type": "string",
                    "description": "Use this to override the default service endpoint URL",
                    "description_kind": "plain",
                    "optional": true
                  },
                  "elb": {
                    "type": "string",
                    "description": "Use this to override the default service endpoint URL",
                    "description_kind": "plain",
                    "optional": true
                  },
                  "elbv2": {
                    "type": "string",
                    "description": "Use this to override the default service endpoint URL",
                    "description_kind": "plain",
                    "optional": true
                  },
                  "emr": {
                    "type": "string",
                    "description": "Use this to override the default service endpoint URL",
                    "description_kind": "plain",
                    "optional": true
                  },
                  "emrcontainers": {
                    "type": "string",
                    "description": "Use this to override the default service endpoint URL",
                    "description_kind": "plain",
                    "optional": true
                  },
                  "emrserverless": {
                    "type": "string",
                    "description": "Use this to override the default service endpoint URL",
                    "description_kind": "plain",
                    "optional": true
                  },
                  "es": {
                    "type": "string",
                    "description": "Use this to override the default service endpoint URL",
                    "description_kind": "plain",
                    "optional": true
                  },
                  "eventbridge": {
                    "type": "string",
                    "description": "Use this to override the default service endpoint URL",
                    "description_kind": "plain",
                    "optional": true
                  },
                  "events": {
                    "type": "string",
                    "description": "Use this to override the default service endpoint URL",
                    "description_kind": "plain",
                    "optional": true
                  },
                  "evidently": {
                    "type": "string",
                    "description": "Use this to override the default service endpoint URL",
                    "description_kind": "plain",
                    "optional": true
                  },
                  "finspace": {
                    "type": "string",
                    "description": "Use this to override the default service endpoint URL",
                    "description_kind": "plain",
                    "optional": true
                  },
                  "firehose": {
                    "type": "string",
                    "description": "Use this to override the default service endpoint URL",
                    "description_kind": "plain",
                    "optional": true
                  },
                  "fis": {
                    "type": "string",
                    "description": "Use this to override the default service endpoint URL",
                    "description_kind": "plain",
                    "optional": true
                  },
                  "fms": {
                    "type": "string",
                    "description": "Use this to override the default service endpoint URL",
                    "description_kind": "plain",
                    "optional": true
                  },
                  "fsx": {
                    "type": "string",
                    "description": "Use this to override the default service endpoint URL",
                    "description_kind": "plain",
                    "optional": true
                  },
                  "gamelift": {
                    "type": "string",
                    "description": "Use this to override the default service endpoint URL",
                    "description_kind": "plain",
                    "optional": true
                  },
                  "glacier": {
                    "type": "string",
                    "description": "Use this to override the default service endpoint URL",
                    "description_kind": "plain",
                    "optional": true
                  },
                  "globalaccelerator": {
                    "type": "string",
                    "description": "Use this to override the default service endpoint URL",
                    "description_kind": "plain",
                    "optional": true
                  },
                  "glue": {
                    "type": "string",
                    "description": "Use this to override the default service endpoint URL",
                    "description_kind": "plain",
                    "optional": true
                  },
                  "gluedatabrew": {
                    "type": "string",
                    "description": "Use this to override the default service endpoint URL",
                    "description_kind": "plain",
                    "optional": true
                  },
                  "grafana": {
                    "type": "string",
                    "description": "Use this to override the default service endpoint URL",
                    "description_kind": "plain",
                    "optional": true
                  },
                  "greengrass": {
                    "type": "string",
                    "description": "Use this to override the default service endpoint URL",
                    "description_kind": "plain",
                    "optional": true
                  },
                  "groundstation": {
                    "type": "string",
                    "description": "Use this to override the default service endpoint URL",
                    "description_kind": "plain",
                    "optional": true
                  },
                  "guardduty": {
                    "type": "string",
                    "description": "Use this to override the default service endpoint URL",
                    "description_kind": "plain",
                    "optional": true
                  },
                  "healthlake": {
                    "type": "string",
                    "description": "Use this to override the default service endpoint URL",
                    "description_kind": "plain",
                    "optional": true
                  },
                  "iam": {
                    "type": "string",
                    "description": "Use this to override the default service endpoint URL",
                    "description_kind": "plain",
                    "optional": true
                  },
                  "identitystore": {
                    "type": "string",
                    "description": "Use this to override the default service endpoint URL",
                    "description_kind": "plain",
                    "optional": true
                  },
                  "imagebuilder": {
                    "type": "string",
                    "description": "Use this to override the default service endpoint URL",
                    "description_kind": "plain",
                    "optional": true
                  },
                  "inspector": {
                    "type": "string",
                    "description": "Use this to override the default service endpoint URL",
                    "description_kind": "plain",
                    "optional": true
                  },
                  "inspector2": {
                    "type": "string",
                    "description": "Use this to override the default service endpoint URL",
                    "description_kind": "plain",
                    "optional": true
                  },
                  "inspectorv2": {
                    "type": "string",
                    "description": "Use this to override the default service endpoint URL",
                    "description_kind": "plain",
                    "optional": true
                  },
                  "internetmonitor": {
                    "type": "string",
                    "description": "Use this to override the default service endpoint URL",
                    "description_kind": "plain",
                    "optional": true
                  },
                  "iot": {
                    "type": "string",
                    "description": "Use this to override the default service endpoint URL",
                    "description_kind": "plain",
                    "optional": true
                  },
                  "iotanalytics": {
                    "type": "string",
                    "description": "Use this to override the default service endpoint URL",
                    "description_kind": "plain",
                    "optional": true
                  },
                  "iotevents": {
                    "type": "string",
                    "description": "Use this to override the default service endpoint URL",
                    "description_kind": "plain",
                    "optional": true
                  },
                  "ivs": {
                    "type": "string",
                    "description": "Use this to override the default service endpoint URL",
                    "description_kind": "plain",
                    "optional": true
                  },
                  "ivschat": {
                    "type": "string",
                    "description": "Use this to override the default service endpoint URL",
                    "description_kind": "plain",
                    "optional": true
                  },
                  "kafka": {
                    "type": "string",
                    "description": "Use this to override the default service endpoint URL",
                    "description_kind": "plain",
                    "optional": true
                  },
                  "kafkaconnect": {
                    "type": "string",
                    "description": "Use this to override the default service endpoint URL",
                    "description_kind": "plain",
                    "optional": true
                  },
                  "kendra": {
                    "type": "string",
                    "description": "Use this to override the default service endpoint URL",
                    "description_kind": "plain",
                    "optional": true
                  },
                  "keyspaces": {
                    "type": "string",
                    "description": "Use this to override the default service endpoint URL",
                    "description_kind": "plain",
                    "optional": true
                  },
                  "kinesis": {
                    "type": "string",
                    "description": "Use this to override the default service endpoint URL",
                    "description_kind": "plain",
                    "optional": true
                  },
                  "kinesisanalytics": {
                    "type": "string",
                    "description": "Use this to override the default service endpoint URL",
                    "description_kind": "plain",
                    "optional": true
                  },
                  "kinesisanalyticsv2": {
                    "type": "string",
                    "description": "Use this to override the default service endpoint URL",
                    "description_kind": "plain",
                    "optional": true
                  },
                  "kinesisvideo": {
                    "type": "string",
                    "description": "Use this to override the default service endpoint URL",
                    "description_kind": "plain",
                    "optional": true
                  },
                  "kms": {
                    "type": "string",
                    "description": "Use this to override the default service endpoint URL",
                    "description_kind": "plain",
                    "optional": true
                  },
                  "lakeformation": {
                    "type": "string",
                    "description": "Use this to override the default service endpoint URL",
                    "description_kind": "plain",
                    "optional": true
                  },
                  "lambda": {
                    "type": "string",
                    "description": "Use this to override the default service endpoint URL",
                    "description_kind": "plain",
                    "optional": true
                  },
                  "launchwizard": {
                    "type": "string",
                    "description": "Use this to override the default service endpoint URL",
                    "description_kind": "plain",
                    "optional": true
                  },
                  "lex": {
                    "type": "string",
                    "description": "Use this to override the default service endpoint URL",
                    "description_kind": "plain",
                    "optional": true
                  },
                  "lexmodelbuilding": {
                    "type": "string",
                    "description": "Use this to override the default service endpoint URL",
                    "description_kind": "plain",
                    "optional": true
                  },
                  "lexmodelbuildingservice": {
                    "type": "string",
                    "description": "Use this to override the default service endpoint URL",
                    "description_kind": "plain",
                    "optional": true
                  },
                  "lexmodels": {
                    "type": "string",
                    "description": "Use this to override the default service endpoint URL",
                    "description_kind": "plain",
                    "optional": true
                  },
                  "lexmodelsv2": {
                    "type": "string",
                    "description": "Use this to override the default service endpoint URL",
                    "description_kind": "plain",
                    "optional": true
                  },
                  "lexv2models": {
                    "type": "string",
                    "description": "Use this to override the default service endpoint URL",
                    "description_kind": "plain",
                    "optional": true
                  },
                  "licensemanager": {
                    "type": "string",
                    "description": "Use this to override the default service endpoint URL",
                    "description_kind": "plain",
                    "optional": true
                  },
                  "lightsail": {
                    "type": "string",
                    "description": "Use this to override the default service endpoint URL",
                    "description_kind": "plain",
                    "optional": true
                  },
                  "location": {
                    "type": "string",
                    "description": "Use this to override the default service endpoint URL",
                    "description_kind": "plain",
                    "optional": true
                  },
                  "locationservice": {
                    "type": "string",
                    "description": "Use this to override the default service endpoint URL",
                    "description_kind": "plain",
                    "optional": true
                  },
                  "logs": {
                    "type": "string",
                    "description": "Use this to override the default service endpoint URL",
                    "description_kind": "plain",
                    "optional": true
                  },
                  "lookoutmetrics": {
                    "type": "string",
                    "description": "Use this to override the default service endpoint URL",
                    "description_kind": "plain",
                    "optional": true
                  },
                  "m2": {
                    "type": "string",
                    "description": "Use this to override the default service endpoint URL",
                    "description_kind": "plain",
                    "optional": true
                  },
                  "macie2": {
                    "type": "string",
                    "description": "Use this to override the default service endpoint URL",
                    "description_kind": "plain",
                    "optional": true
                  },
                  "managedgrafana": {
                    "type": "string",
                    "description": "Use this to override the default service endpoint URL",
                    "description_kind": "plain",
                    "optional": true
                  },
                  "mediaconnect": {
                    "type": "string",
                    "description": "Use this to override the default service endpoint URL",
                    "description_kind": "plain",
                    "optional": true
                  },
                  "mediaconvert": {
                    "type": "string",
                    "description": "Use this to override the default service endpoint URL",
                    "description_kind": "plain",
                    "optional": true
                  },
                  "medialive": {
                    "type": "string",
                    "description": "Use this to override the default service endpoint URL",
                    "description_kind": "plain",
                    "optional": true
                  },
                  "mediapackage": {
                    "type": "string",
                    "description": "Use this to override the default service endpoint URL",
                    "description_kind": "plain",
                    "optional": true
                  },
                  "mediapackagev2": {
                    "type": "string",
                    "description": "Use this to override the default service endpoint URL",
                    "description_kind": "plain",
                    "optional": true
                  },
                  "mediastore": {
                    "type": "string",
                    "description": "Use this to override the default service endpoint URL",
                    "description_kind": "plain",
                    "optional": true
                  },
                  "memorydb": {
                    "type": "string",
                    "description": "Use this to override the default service endpoint URL",
                    "description_kind": "plain",
                    "optional": true
                  },
                  "mq": {
                    "type": "string",
                    "description": "Use this to override the default service endpoint URL",
                    "description_kind": "plain",
                    "optional": true
                  },
                  "msk": {
                    "type": "string",
                    "description": "Use this to override the default service endpoint URL",
                    "description_kind": "plain",
                    "optional": true
                  },
                  "mwaa": {
                    "type": "string",
                    "description": "Use this to override the default service endpoint URL",
                    "description_kind": "plain",
                    "optional": true
                  },
                  "neptune": {
                    "type": "string",
                    "description": "Use this to override the default service endpoint URL",
                    "description_kind": "plain",
                    "optional": true
                  },
                  "neptunegraph": {
                    "type": "string",
                    "description": "Use this to override the default service endpoint URL",
                    "description_kind": "plain",
                    "optional": true
                  },
                  "networkfirewall": {
                    "type": "string",
                    "description": "Use this to override the default service endpoint URL",
                    "description_kind": "plain",
                    "optional": true
                  },
                  "networkmanager": {
                    "type": "string",
                    "description": "Use this to override the default service endpoint URL",
                    "description_kind": "plain",
                    "optional": true
                  },
                  "networkmonitor": {
                    "type": "string",
                    "description": "Use this to override the default service endpoint URL",
                    "description_kind": "plain",
                    "optional": true
                  },
                  "oam": {
                    "type": "string",
                    "description": "Use this to override the default service endpoint URL",
                    "description_kind": "plain",
                    "optional": true
                  },
                  "opensearch": {
                    "type": "string",
                    "description": "Use this to override the default service endpoint URL",
                    "description_kind": "plain",
                    "optional": true
                  },
                  "opensearchingestion": {
                    "type": "string",
                    "description": "Use this to override the default service endpoint URL",
                    "description_kind": "plain",
                    "optional": true
                  },
                  "opensearchserverless": {
                    "type": "string",
                    "description": "Use this to override the default service endpoint URL",
                    "description_kind": "plain",
                    "optional": true
                  },
                  "opensearchservice": {
                    "type": "string",
                    "description": "Use this to override the default service endpoint URL",
                    "description_kind": "plain",
                    "optional": true
                  },
                  "opsworks": {
                    "type": "string",
                    "description": "Use this to override the default service endpoint URL",
                    "description_kind": "plain",
                    "optional": true
                  },
                  "organizations": {
                    "type": "string",
                    "description": "Use this to override the default service endpoint URL",
                    "description_kind": "plain",
                    "optional": true
                  },
                  "osis": {
                    "type": "string",
                    "description": "Use this to override the default service endpoint URL",
                    "description_kind": "plain",
                    "optional": true
                  },
                  "outposts": {
                    "type": "string",
                    "description": "Use this to override the default service endpoint URL",
                    "description_kind": "plain",
                    "optional": true
                  },
                  "paymentcryptography": {
                    "type": "string",
                    "description": "Use this to override the default service endpoint URL",
                    "description_kind": "plain",
                    "optional": true
                  },
                  "pcaconnectorad": {
                    "type": "string",
                    "description": "Use this to override the default service endpoint URL",
                    "description_kind": "plain",
                    "optional": true
                  },
                  "pcs": {
                    "type": "string",
                    "description": "Use this to override the default service endpoint URL",
                    "description_kind": "plain",
                    "optional": true
                  },
                  "pinpoint": {
                    "type": "string",
                    "description": "Use this to override the default service endpoint URL",
                    "description_kind": "plain",
                    "optional": true
                  },
                  "pinpointsmsvoicev2": {
                    "type": "string",
                    "description": "Use this to override the default service endpoint URL",
                    "description_kind": "plain",
                    "optional": true
                  },
                  "pipes": {
                    "type": "string",
                    "description": "Use this to override the default service endpoint URL",
                    "description_kind": "plain",
                    "optional": true
                  },
                  "polly": {
                    "type": "string",
                    "description": "Use this to override the default service endpoint URL",
                    "description_kind": "plain",
                    "optional": true
                  },
                  "pricing": {
                    "type": "string",
                    "description": "Use this to override the default service endpoint URL",
                    "description_kind": "plain",
                    "optional": true
                  },
                  "prometheus": {
                    "type": "string",
                    "description": "Use this to override the default service endpoint URL",
                    "description_kind": "plain",
                    "optional": true
                  },
                  "prometheusservice": {
                    "type": "string",
                    "description": "Use this to override the default service endpoint URL",
                    "description_kind": "plain",
                    "optional": true
                  },
                  "qbusiness": {
                    "type": "string",
                    "description": "Use this to override the default service endpoint URL",
                    "description_kind": "plain",
                    "optional": true
                  },
                  "qldb": {
                    "type": "string",
                    "description": "Use this to override the default service endpoint URL",
                    "description_kind": "plain",
                    "optional": true
                  },
                  "quicksight": {
                    "type": "string",
                    "description": "Use this to override the default service endpoint URL",
                    "description_kind": "plain",
                    "optional": true
                  },
                  "ram": {
                    "type": "string",
                    "description": "Use this to override the default service endpoint URL",
                    "description_kind": "plain",
                    "optional": true
                  },
                  "rbin": {
                    "type": "string",
                    "description": "Use this to override the default service endpoint URL",
                    "description_kind": "plain",
                    "optional": true
                  },
                  "rds": {
                    "type": "string",
                    "description": "Use this to override the default service endpoint URL",
                    "description_kind": "plain",
                    "optional": true
                  },
                  "recyclebin": {
                    "type": "string",
                    "description": "Use this to override the default service endpoint URL",
                    "description_kind": "plain",
                    "optional": true
                  },
                  "redshift": {
                    "type": "string",
                    "description": "Use this to override the default service endpoint URL",
                    "description_kind": "plain",
                    "optional": true
                  },
                  "redshiftdata": {
                    "type": "string",
                    "description": "Use this to override the default service endpoint URL",
                    "description_kind": "plain",
                    "optional": true
                  },
                  "redshiftdataapiservice": {
                    "type": "string",
                    "description": "Use this to override the default service endpoint URL",
                    "description_kind": "plain",
                    "optional": true
                  },
                  "redshiftserverless": {
                    "type": "string",
                    "description": "Use this to override the default service endpoint URL",
                    "description_kind": "plain",
                    "optional": true
                  },
                  "rekognition": {
                    "type": "string",
                    "description": "Use this to override the default service endpoint URL",
                    "description_kind": "plain",
                    "optional": true
                  },
                  "resiliencehub": {
                    "type": "string",
                    "description": "Use this to override the default service endpoint URL",
                    "description_kind": "plain",
                    "optional": true
                  },
                  "resourceexplorer2": {
                    "type": "string",
                    "description": "Use this to override the default service endpoint URL",
                    "description_kind": "plain",
                    "optional": true
                  },
                  "resourcegroups": {
                    "type": "string",
                    "description": "Use this to override the default service endpoint URL",
                    "description_kind": "plain",
                    "optional": true
                  },
                  "resourcegroupstagging": {
                    "type": "string",
                    "description": "Use this to override the default service endpoint URL",
                    "description_kind": "plain",
                    "optional": true
                  },
                  "resourcegroupstaggingapi": {
                    "type": "string",
                    "description": "Use this to override the default service endpoint URL",
                    "description_kind": "plain",
                    "optional": true
                  },
                  "rolesanywhere": {
                    "type": "string",
                    "description": "Use this to override the default service endpoint URL",
                    "description_kind": "plain",
                    "optional": true
                  },
                  "route53": {
                    "type": "string",
                    "description": "Use this to override the default service endpoint URL",
                    "description_kind": "plain",
                    "optional": true
                  },
                  "route53domains": {
                    "type": "string",
                    "description": "Use this to override the default service endpoint URL",
                    "description_kind": "plain",
                    "optional": true
                  },
                  "route53profiles": {
                    "type": "string",
                    "description": "Use this to override the default service endpoint URL",
                    "description_kind": "plain",
                    "optional": true
                  },
                  "route53recoverycontrolconfig": {
                    "type": "string",
                    "description": "Use this to override the default service endpoint URL",
                    "description_kind": "plain",
                    "optional": true
                  },
                  "route53recoveryreadiness": {
                    "type": "string",
                    "description": "Use this to override the default service endpoint URL",
                    "description_kind": "plain",
                    "optional": true
                  },
                  "route53resolver": {
                    "type": "string",
                    "description": "Use this to override the default service endpoint URL",
                    "description_kind": "plain",
                    "optional": true
                  },
                  "rum": {
                    "type": "string",
                    "description": "Use this to override the default service endpoint URL",
                    "description_kind": "plain",
                    "optional": true
                  },
                  "s3": {
                    "type": "string",
                    "description": "Use this to override the default service endpoint URL",
                    "description_kind": "plain",
                    "optional": true
                  },
                  "s3api": {
                    "type": "string",
                    "description": "Use this to override the default service endpoint URL",
                    "description_kind": "plain",
                    "optional": true
                  },
                  "s3control": {
                    "type": "string",
                    "description": "Use this to override the default service endpoint URL",
                    "description_kind": "plain",
                    "optional": true
                  },
                  "s3outposts": {
                    "type": "string",
                    "description": "Use this to override the default service endpoint URL",
                    "description_kind": "plain",
                    "optional": true
                  },
                  "sagemaker": {
                    "type": "string",
                    "description": "Use this to override the default service endpoint URL",
                    "description_kind": "plain",
                    "optional": true
                  },
                  "scheduler": {
                    "type": "string",
                    "description": "Use this to override the default service endpoint URL",
                    "description_kind": "plain",
                    "optional": true
                  },
                  "schemas": {
                    "type": "string",
                    "description": "Use this to override the default service endpoint URL",
                    "description_kind": "plain",
                    "optional": true
                  },
                  "sdb": {
                    "type": "string",
                    "description": "Use this to override the default service endpoint URL",
                    "description_kind": "plain",
                    "optional": true
                  },
                  "secretsmanager": {
                    "type": "string",
                    "description": "Use this to override the default service endpoint URL",
                    "description_kind": "plain",
                    "optional": true
                  },
                  "securityhub": {
                    "type": "string",
                    "description": "Use this to override the default service endpoint URL",
                    "description_kind": "plain",
                    "optional": true
                  },
                  "securitylake": {
                    "type": "string",
                    "description": "Use this to override the default service endpoint URL",
                    "description_kind": "plain",
                    "optional": true
                  },
                  "serverlessapplicationrepository": {
                    "type": "string",
                    "description": "Use this to override the default service endpoint URL",
                    "description_kind": "plain",
                    "optional": true
                  },
                  "serverlessapprepo": {
                    "type": "string",
                    "description": "Use this to override the default service endpoint URL",
                    "description_kind": "plain",
                    "optional": true
                  },
                  "serverlessrepo": {
                    "type": "string",
                    "description": "Use this to override the default service endpoint URL",
                    "description_kind": "plain",
                    "optional": true
                  },
                  "servicecatalog": {
                    "type": "string",
                    "description": "Use this to override the default service endpoint URL",
                    "description_kind": "plain",
                    "optional": true
                  },
                  "servicecatalogappregistry": {
                    "type": "string",
                    "description": "Use this to override the default service endpoint URL",
                    "description_kind": "plain",
                    "optional": true
                  },
                  "servicediscovery": {
                    "type": "string",
                    "description": "Use this to override the default service endpoint URL",
                    "description_kind": "plain",
                    "optional": true
                  },
                  "servicequotas": {
                    "type": "string",
                    "description": "Use this to override the default service endpoint URL",
                    "description_kind": "plain",
                    "optional": true
                  },
                  "ses": {
                    "type": "string",
                    "description": "Use this to override the default service endpoint URL",
                    "description_kind": "plain",
                    "optional": true
                  },
                  "sesv2": {
                    "type": "string",
                    "description": "Use this to override the default service endpoint URL",
                    "description_kind": "plain",
                    "optional": true
                  },
                  "sfn": {
                    "type": "string",
                    "description": "Use this to override the default service endpoint URL",
                    "description_kind": "plain",
                    "optional": true
                  },
                  "shield": {
                    "type": "string",
                    "description": "Use this to override the default service endpoint URL",
                    "description_kind": "plain",
                    "optional": true
                  },
                  "signer": {
                    "type": "string",
                    "description": "Use this to override the default service endpoint URL",
                    "description_kind": "plain",
                    "optional": true
                  },
                  "simpledb": {
                    "type": "string",
                    "description": "Use this to override the default service endpoint URL",
                    "description_kind": "plain",
                    "optional": true
                  },
                  "sns": {
                    "type": "string",
                    "description": "Use this to override the default service endpoint URL",
                    "description_kind": "plain",
                    "optional": true
                  },
                  "sqs": {
                    "type": "string",
                    "description": "Use this to override the default service endpoint URL",
                    "description_kind": "plain",
                    "optional": true
                  },
                  "ssm": {
                    "type": "string",
                    "description": "Use this to override the default service endpoint URL",
                    "description_kind": "plain",
                    "optional": true
                  },
                  "ssmcontacts": {
                    "type": "string",
                    "description": "Use this to override the default service endpoint URL",
                    "description_kind": "plain",
                    "optional": true
                  },
                  "ssmincidents": {
                    "type": "string",
                    "description": "Use this to override the default service endpoint URL",
                    "description_kind": "plain",
                    "optional": true
                  },
                  "ssmsap": {
                    "type": "string",
                    "description": "Use this to override the default service endpoint URL",
                    "description_kind": "plain",
                    "optional": true
                  },
                  "sso": {
                    "type": "string",
                    "description": "Use this to override the default service endpoint URL",
                    "description_kind": "plain",
                    "optional": true
                  },
                  "ssoadmin": {
                    "type": "string",
                    "description": "Use this to override the default service endpoint URL",
                    "description_kind": "plain",
                    "optional": true
                  },
                  "stepfunctions": {
                    "type": "string",
                    "description": "Use this to override the default service endpoint URL",
                    "description_kind": "plain",
                    "optional": true
                  },
                  "storagegateway": {
                    "type": "string",
                    "description": "Use this to override the default service endpoint URL",
                    "description_kind": "plain",
                    "optional": true
                  },
                  "sts": {
                    "type": "string",
                    "description": "Use this to override the default service endpoint URL",
                    "description_kind": "plain",
                    "optional": true
                  },
                  "swf": {
                    "type": "string",
                    "description": "Use this to override the default service endpoint URL",
                    "description_kind": "plain",
                    "optional": true
                  },
                  "synthetics": {
                    "type": "string",
                    "description": "Use this to override the default service endpoint URL",
                    "description_kind": "plain",
                    "optional": true
                  },
                  "timestreaminfluxdb": {
                    "type": "string",
                    "description": "Use this to override the default service endpoint URL",
                    "description_kind": "plain",
                    "optional": true
                  },
                  "timestreamwrite": {
                    "type": "string",
                    "description": "Use this to override the default service endpoint URL",
                    "description_kind": "plain",
                    "optional": true
                  },
                  "transcribe": {
                    "type": "string",
                    "description": "Use this to override the default service endpoint URL",
                    "description_kind": "plain",
                    "optional": true
                  },
                  "transcribeservice": {
                    "type": "string",
                    "description": "Use this to override the default service endpoint URL",
                    "description_kind": "plain",
                    "optional": true
                  },
                  "transfer": {
                    "type": "string",
                    "description": "Use this to override the default service endpoint URL",
                    "description_kind": "plain",
                    "optional": true
                  },
                  "verifiedpermissions": {
                    "type": "string",
                    "description": "Use this to override the default service endpoint URL",
                    "description_kind": "plain",
                    "optional": true
                  },
                  "vpclattice": {
                    "type": "string",
                    "description": "Use this to override the default service endpoint URL",
                    "description_kind": "plain",
                    "optional": true
                  },
                  "waf": {
                    "type": "string",
                    "description": "Use this to override the default service endpoint URL",
                    "description_kind": "plain",
                    "optional": true
                  },
                  "wafregional": {
                    "type": "string",
                    "description": "Use this to override the default service endpoint URL",
                    "description_kind": "plain",
                    "optional": true
                  },
                  "wafv2": {
                    "type": "string",
                    "description": "Use this to override the default service endpoint URL",
                    "description_kind": "plain",
                    "optional": true
                  },
                  "wellarchitected": {
                    "type": "string",
                    "description": "Use this to override the default service endpoint URL",
                    "description_kind": "plain",
                    "optional": true
                  },
                  "worklink": {
                    "type": "string",
                    "description": "Use this to override the default service endpoint URL",
                    "description_kind": "plain",
                    "optional": true
                  },
                  "workspaces": {
                    "type": "string",
                    "description": "Use this to override the default service endpoint URL",
                    "description_kind": "plain",
                    "optional": true
                  },
                  "workspacesweb": {
                    "type": "string",
                    "description": "Use this to override the default service endpoint URL",
                    "description_kind": "plain",
                    "optional": true
                  },
                  "xray": {
                    "type": "string",
                    "description": "Use this to override the default service endpoint URL",
                    "description_kind": "plain",
                    "optional": true
                  }
                },
                "description_kind": "plain"
              }
            },
            "ignore_tags": {
              "nesting_mode": "list",
              "block": {
                "attributes": {
                  "key_prefixes": {
                    "type": [
                      "set",
                      "string"
                    ],
                    "description": "Resource tag key prefixes to ignore across all resources. Can also be configured with the TF_AWS_IGNORE_TAGS_KEY_PREFIXES environment variable.",
                    "description_kind": "plain",
                    "optional": true
                  },
                  "keys": {
                    "type": [
                      "set",
                      "string"
                    ],
                    "description": "Resource tag keys to ignore across all resources. Can also be configured with the TF_AWS_IGNORE_TAGS_KEYS environment variable.",
                    "description_kind": "plain",
                    "optional": true
                  }
                },
                "description": "Configuration block with settings to ignore resource tags across all resources.",
                "description_kind": "plain"
              }
            }
          },
          "description_kind": "plain"
        }
      },
      "resource_schemas": {
        "aws_apigatewayv2_stage": {
          "version": 0,
          "block": {
            "attributes": {
              "api_id": {
                "type": "string",
                "description_kind": "plain",
                "required": true
              },
              "arn": {
                "type": "string",
                "description_kind": "plain",
                "computed": true
              },
              "auto_deploy": {
                "type": "bool",
                "description_kind": "plain",
                "optional": true
              },
              "client_certificate_id": {
                "type": "string",
                "description_kind": "plain",
                "optional": true
              },
              "deployment_id": {
                "type": "string",
                "description_kind": "plain",
                "optional": true,
                "computed": true
              },
              "description": {
                "type": "string",
                "description_kind": "plain",
                "optional": true
              },
              "execution_arn": {
                "type": "string",
                "description_kind": "plain",
                "computed": true
              },
              "id": {
                "type": "string",
                "description_kind": "plain",
                "optional": true,
                "computed": true
              },
              "invoke_url": {
                "type": "string",
                "description_kind": "plain",
                "computed": true
              },
              "name": {
                "type": "string",
                "description_kind": "plain",
                "required": true
              },
              "stage_variables": {
                "type": [
                  "map",
                  "string"
                ],
                "description_kind": "plain",
                "optional": true
              },
              "tags": {
                "type": [
                  "map",
                  "string"
                ],
                "description_kind": "plain",
                "optional": true
              },
              "tags_all": {
                "type": [
                  "map",
                  "string"
                ],
                "description_kind": "plain",
                "optional": true,
                "computed": true
              }
            },
            "block_types": {
              "access_log_settings": {
                "nesting_mode": "list",
                "block": {
                  "attributes": {
                    "destination_arn": {
                      "type": "string",
                      "description_kind": "plain",
                      "required": true
                    },
                    "format": {
                      "type": "string",
                      "description_kind": "plain",
                      "required": true
                    }
                  },
                  "description_kind": "plain"
                },
                "max_items": 1
              },
              "default_route_settings": {
                "nesting_mode": "list",
                "block": {
                  "attributes": {
                    "data_trace_enabled": {
                      "type": "bool",
                      "description_kind": "plain",
                      "optional": true
                    },
                    "detailed_metrics_enabled": {
                      "type": "bool",
                      "description_kind": "plain",
                      "optional": true
                    },
                    "logging_level": {
                      "type": "string",
                      "description_kind": "plain",
                      "optional": true,
                      "computed": true
                    },
                    "throttling_burst_limit": {
                      "type": "number",
                      "description_kind": "plain",
                      "optional": true
                    },
                    "throttling_rate_limit": {
                      "type": "number",
                      "description_kind": "plain",
                      "optional": true
                    }
                  },
                  "description_kind": "plain"
                },
                "max_items": 1
              },
              "route_settings": {
                "nesting_mode": "set",
                "block": {
                  "attributes": {
                    "data_trace_enabled": {
                      "type": "bool",
                      "description_kind": "plain",
                      "optional": true
                    },
                    "detailed_metrics_enabled": {
                      "type": "bool",
                      "description_kind": "plain",
                      "optional": true
                    },
                    "logging_level": {
                      "type": "string",
                      "description_kind": "plain",
                      "optional": true,
                      "computed": true
                    },
                    "route_key": {
                      "type": "string",
                      "description_kind": "plain",
                      "required": true
                    },
                    "throttling_burst_limit": {
                      "type": "number",
                      "description_kind": "plain",
                      "optional": true
                    },
                    "throttling_rate_limit": {
                      "type": "number",
                      "description_kind": "plain",
                      "optional": true
                    }
                  },
                  "description_kind": "plain"
                }
              }
            },
            "description_kind": "plain"
          }
        },
        "aws_bedrock_guardrail": {
          "version": 0,
          "block": {
            "attributes": {
              "blocked_input_messaging": {
                "type": "string",
                "description_kind": "plain",
                "required": true
              },
              "blocked_outputs_messaging": {
                "type": "string",
                "description_kind": "plain",
                "required": true
              },
              "created_at": {
                "type": "string",
                "description_kind": "plain",
                "computed": true
              },
              "description": {
                "type": "string",
                "description_kind": "plain",
                "optional": true,
                "computed": true
              },
              "guardrail_arn": {
                "type": "string",
                "description_kind": "plain",
                "computed": true
              },
              "guardrail_id": {
                "type": "string",
                "description_kind": "plain",
                "computed": true
              },
              "kms_key_arn": {
                "type": "string",
                "description_kind": "plain",
                "optional": true
              },
              "name": {
                "type": "string",
                "description_kind": "plain",
                "required": true
              },
              "status": {
                "type": "string",
                "description_kind": "plain",
                "computed": true
              },
              "tags": {
                "type": [
                  "map",
                  "string"
                ],
                "description_kind": "plain",
                "optional": true
              },
              "tags_all": {
                "type": [
                  "map",
                  "string"
                ],
                "description_kind": "plain",
                "computed": true
              },
              "version": {
                "type": "string",
                "description_kind": "plain",
                "computed": true
              }
            },
            "block_types": {
              "content_policy_config": {
                "nesting_mode": "list",
                "block": {
                  "block_types": {
                    "filters_config": {
                      "nesting_mode": "list",
                      "block": {
                        "attributes": {
                          "input_strength": {
                            "type": "string",
                            "description_kind": "plain",
                            "required": true
                          },
                          "output_strength": {
                            "type": "string",
                            "description_kind": "plain",
                            "required": true
                          },
                          "type": {
                            "type": "string",
                            "description_kind": "plain",
                            "required": true
                          }
                        },
                        "description_kind": "plain"
                      }
                    }
                  },
                  "description_kind": "plain"
                }
              },
              "contextual_grounding_policy_config": {
                "nesting_mode": "list",
                "block": {
                  "block_types": {
                    "filters_config": {
                      "nesting_mode": "list",
                      "block": {
                        "attributes": {
                          "threshold": {
                            "type": "number",
                            "description_kind": "plain",
                            "required": true
                          },
                          "type": {
                            "type": "string",
                            "description_kind": "plain",
                            "required": true
                          }
                        },
                        "description_kind": "plain"
                      }
                    }
                  },
                  "description_kind": "plain"
                }
              },
              "sensitive_information_policy_config": {
                "nesting_mode": "list",
                "block": {
                  "block_types": {
                    "pii_entities_config": {
                      "nesting_mode": "list",
                      "block": {
                        "attributes": {
                          "action": {
                            "type": "string",
                            "description_kind": "plain",
                            "required": true
                          },
                          "type": {
                            "type": "string",
                            "description_kind": "plain",
                            "required": true
                          }
                        },
                        "description_kind": "plain"
                      }
                    },
                    "regexes_config": {
                      "nesting_mode": "list",
                      "block": {
                        "attributes": {
                          "action": {
                            "type": "string",
                            "description_kind": "plain",
                            "required": true
                          },
                          "description": {
                            "type": "string",
                            "description_kind": "plain",
                            "optional": true,
                            "computed": true
                          },
                          "name": {
                            "type": "string",
                            "description_kind": "plain",
                            "required": true
                          },
                          "pattern": {
                            "type": "string",
                            "description_kind": "plain",
                            "required": true
                          }
                        },
                        "description_kind": "plain"
                      }
                    }
                  },
                  "description_kind": "plain"
                }
              },
              "timeouts": {
                "nesting_mode": "single",
                "block": {
                  "attributes": {
                    "create": {
                      "type": "string",
                      "description": "A string that can be [parsed as a duration](https://pkg.go.dev/time#ParseDuration) consisting of numbers and unit suffixes, such as \"30s\" or \"2h45m\". Valid time units are \"s\" (seconds), \"m\" (minutes), \"h\" (hours).",
                      "description_kind": "plain",
                      "optional": true
                    },
                    "delete": {
                      "type": "string",
                      "description": "A string that can be [parsed as a duration](https://pkg.go.dev/time#ParseDuration) consisting of numbers and unit suffixes, such as \"30s\" or \"2h45m\". Valid time units are \"s\" (seconds), \"m\" (minutes), \"h\" (hours). Setting a timeout for a Delete operation is only applicable if changes are saved into state before the destroy operation occurs.",
                      "description_kind": "plain",
                      "optional": true
                    },
                    "update": {
                      "type": "string",
                      "description": "A string that can be [parsed as a duration](https://pkg.go.dev/time#ParseDuration) consisting of numbers and unit suffixes, such as \"30s\" or \"2h45m\". Valid time units are \"s\" (seconds), \"m\" (minutes), \"h\" (hours).",
                      "description_kind": "plain",
                      "optional": true
                    }
                  },
                  "description_kind": "plain"
                }
              },
              "topic_policy_config": {
                "nesting_mode": "list",
                "block": {
                  "block_types": {
                    "topics_config": {
                      "nesting_mode": "list",
                      "block": {
                        "attributes": {
                          "definition": {
                            "type": "string",
                            "description_kind": "plain",
                            "required": true
                          },
                          "examples": {
                            "type": [
                              "list",
                              "string"
                            ],
                            "description_kind": "plain",
                            "optional": true,
                            "computed": true
                          },
                          "name": {
                            "type": "string",
                            "description_kind": "plain",
                            "required": true
                          },
                          "type": {
                            "type": "string",
                            "description_kind": "plain",
                            "required": true
                          }
                        },
                        "description_kind": "plain"
                      }
                    }
                  },
                  "description_kind": "plain"
                }
              },
              "word_policy_config": {
                "nesting_mode": "list",
                "block": {
                  "block_types": {
                    "managed_word_lists_config": {
                      "nesting_mode": "list",
                      "block": {
                        "attributes": {
                          "type": {
                            "type": "string",
                            "description_kind": "plain",
                            "required": true
                          }
                        },
                        "description_kind": "plain"
                      }
                    },
                    "words_config": {
                      "nesting_mode": "list",
                      "block": {
                        "attributes": {
                          "text": {
                            "type": "string",
                            "description_kind": "plain",
                            "required": true
                          }
                        },
                        "description_kind": "plain"
                      }
                    }
                  },
                  "description_kind": "plain"
                }
              }
            },
            "description_kind": "plain"
          }
        },
        "aws_bedrock_model_invocation_logging_configuration": {
          "version": 0,
          "block": {
            "attributes": {
              "id": {
                "type": "string",
                "description_kind": "plain",
                "computed": true
              }
            },
            "block_types": {
              "logging_config": {
                "nesting_mode": "single",
                "block": {
                  "attributes": {
                    "embedding_data_delivery_enabled": {
                      "type": "bool",
                      "description_kind": "plain",
                      "required": true
                    },
                    "image_data_delivery_enabled": {
                      "type": "bool",
                      "description_kind": "plain",
                      "required": true
                    },
                    "text_data_delivery_enabled": {
                      "type": "bool",
                      "description_kind": "plain",
                      "required": true
                    }
                  },
                  "block_types": {
                    "cloudwatch_config": {
                      "nesting_mode": "single",
                      "block": {
                        "attributes": {
                          "log_group_name": {
                            "type": "string",
                            "description_kind": "plain",
                            "optional": true
                          },
                          "role_arn": {
                            "type": "string",
                            "description_kind": "plain",
                            "optional": true
                          }
                        },
                        "block_types": {
                          "large_data_delivery_s3_config": {
                            "nesting_mode": "single",
                            "block": {
                              "attributes": {
                                "bucket_name": {
                                  "type": "string",
                                  "description_kind": "plain",
                                  "optional": true
                                },
                                "key_prefix": {
                                  "type": "string",
                                  "description_kind": "plain",
                                  "optional": true
                                }
                              },
                              "description_kind": "plain"
                            }
                          }
                        },
                        "description_kind": "plain"
                      }
                    },
                    "s3_config": {
                      "nesting_mode": "single",
                      "block": {
                        "attributes": {
                          "bucket_name": {
                            "type": "string",
                            "description_kind": "plain",
                            "optional": true
                          },
                          "key_prefix": {
                            "type": "string",
                            "description_kind": "plain",
                            "optional": true
                          }
                        },
                        "description_kind": "plain"
                      }
                    }
                  },
                  "description_kind": "plain"
                }
              }
            },
            "description_kind": "plain"
          }
        },
        "aws_cloudwatch_log_group": {
          "version": 0,
          "block": {
            "attributes": {
              "arn": {
                "type": "string",
                "description_kind": "plain",
                "computed": true
              },
              "id": {
                "type": "string",
                "description_kind": "plain",
                "optional": true,
                "computed": true
              },
              "kms_key_id": {
                "type": "string",
                "description_kind": "plain",
                "optional": true
              },
              "log_group_class": {
                "type": "string",
                "description_kind": "plain",
                "optional": true,
                "computed": true
              },
              "name": {
                "type": "string",
                "description_kind": "plain",
                "optional": true,
                "computed": true
              },
              "name_prefix": {
                "type": "string",
                "description_kind": "plain",
                "optional": true,
                "computed": true
              },
              "retention_in_days": {
                "type": "number",
                "description_kind": "plain",
                "optional": true
              },
              "skip_destroy": {
                "type": "bool",
                "description_kind": "plain",
                "optional": true
              },
              "tags": {
                "type": [
                  "map",
                  "string"
                ],
                "description_kind": "plain",
                "optional": true
              },
              "tags_all": {
                "type": [
                  "map",
                  "string"
                ],
                "description_kind": "plain",
                "optional": true,
                "computed": true
              }
            },
            "description_kind": "plain"
          }
        },
        "aws_dynamodb_contributor_insights": {
          "version": 0,
          "block": {
            "attributes": {
              "id": {
                "type": "string",
                "description_kind": "plain",
                "optional": true,
                "computed": true
              },
              "index_name": {
                "type": "string",
                "description_kind": "plain",
                "optional": true
              },
              "table_name": {
                "type": "string",
                "description_kind": "plain",
                "required": true
              }
            },
            "block_types": {
              "timeouts": {
                "nesting_mode": "single",
                "block": {
                  "attributes": {
                    "create": {
                      "type": "string",
                      "description_kind": "plain",
                      "optional": true
                    },
                    "delete": {
                      "type": "string",
                      "description_kind": "plain",
                      "optional": true
                    }
                  },
                  "description_kind": "plain"
                }
              }
            },
            "description_kind": "plain"
          }
        },
        "aws_dynamodb_table": {
          "version": 1,
          "block": {
            "attributes": {
              "arn": {
                "type": "string",
                "description_kind": "plain",
                "computed": true
              },
              "billing_mode": {
                "type": "string",
                "description_kind": "plain",
                "optional": true
              },
              "deletion_protection_enabled": {
                "type": "bool",
                "description_kind": "plain",
                "optional": true
              },
              "hash_key": {
                "type": "string",
                "description_kind": "plain",
                "optional": true,
                "computed": true
              },
              "id": {
                "type": "string",
                "description_kind": "plain",
                "optional": true,
                "computed": true
              },
              "name": {
                "type": "string",
                "description_kind": "plain",
                "required": true
              },
              "range_key": {
                "type": "string",
                "description_kind": "plain",
                "optional": true
              },
              "read_capacity": {
                "type": "number",
                "description_kind": "plain",
                "optional": true,
                "computed": true
              },
              "restore_date_time": {
                "type": "string",
                "description_kind": "plain",
                "optional": true
              },
              "restore_source_name": {
                "type": "string",
                "description_kind": "plain",
                "optional": true
              },
              "restore_source_table_arn": {
                "type": "string",
                "description_kind": "plain",
                "optional": true
              },
              "restore_to_latest_time": {
                "type": "bool",
                "description_kind": "plain",
                "optional": true
              },
              "stream_arn": {
                "type": "string",
                "description_kind": "plain",
                "computed": true
              },
              "stream_enabled": {
                "type": "bool",
                "description_kind": "plain",
                "optional": true
              },
              "stream_label": {
                "type": "string",
                "description_kind": "plain",
                "computed": true
              },
              "stream_view_type": {
                "type": "string",
                "description_kind": "plain",
                "optional": true,
                "computed": true
              },
              "table_class": {
                "type": "string",
                "description_kind": "plain",
                "optional": true
              },
              "tags": {
                "type": [
                  "map",
                  "string"
                ],
                "description_kind": "plain",
                "optional": true
              },
              "tags_all": {
                "type": [
                  "map",
                  "string"
                ],
                "description_kind": "plain",
                "optional": true,
                "computed": true
              },
              "write_capacity": {
                "type": "number",
                "description_kind": "plain",
                "optional": true,
                "computed": true
              }
            },
            "block_types": {
              "attribute": {
                "nesting_mode": "set",
                "block": {
                  "attributes": {
                    "name": {
                      "type": "string",
                      "description_kind": "plain",
                      "required": true
                    },
                    "type": {
                      "type": "string",
                      "description_kind": "plain",
                      "required": true
                    }
                  },
                  "description_kind": "plain"
                }
              },
              "global_secondary_index": {
                "nesting_mode": "set",
                "block": {
                  "attributes": {
                    "hash_key": {
                      "type": "string",
                      "description_kind": "plain",
                      "required": true
                    },
                    "name": {
                      "type": "string",
                      "description_kind": "plain",
                      "required": true
                    },
                    "non_key_attributes": {
                      "type": [
                        "set",
                        "string"
                      ],
                      "description_kind": "plain",
                      "optional": true
                    },
                    "projection_type": {
                      "type": "string",
                      "description_kind": "plain",
                      "required": true
                    },
                    "range_key": {
                      "type": "string",
                      "description_kind": "plain",
                      "optional": true
                    },
                    "read_capacity": {
                      "type": "number",
                      "description_kind": "plain",
                      "optional": true
                    },
                    "write_capacity": {
                      "type": "number",
                      "description_kind": "plain",
                      "optional": true
                    }
                  },
                  "description_kind": "plain"
                }
              },
              "import_table": {
                "nesting_mode": "list",
                "block": {
                  "attributes": {
                    "input_compression_type": {
                      "type": "string",
                      "description_kind": "plain",
                      "optional": true
                    },
                    "input_format": {
                      "type": "string",
                      "description_kind": "plain",
                      "required": true
                    }
                  },
                  "block_types": {
                    "input_format_options": {
                      "nesting_mode": "list",
                      "block": {
                        "block_types": {
                          "csv": {
                            "nesting_mode": "list",
                            "block": {
                              "attributes": {
                                "delimiter": {
                                  "type": "string",
                                  "description_kind": "plain",
                                  "optional": true
                                },
                                "header_list": {
                                  "type": [
                                    "set",
                                    "string"
                                  ],
                                  "description_kind": "plain",
                                  "optional": true
                                }
                              },
                              "description_kind": "plain"
                            },
                            "max_items": 1
                          }
                        },
                        "description_kind": "plain"
                      },
                      "max_items": 1
                    },
                    "s3_bucket_source": {
                      "nesting_mode": "list",
                      "block": {
                        "attributes": {
                          "bucket": {
                            "type": "string",
                            "description_kind": "plain",
                            "required": true
                          },
                          "bucket_owner": {
                            "type": "string",
                            "description_kind": "plain",
                            "optional": true
                          },
                          "key_prefix": {
                            "type": "string",
                            "description_kind": "plain",
                            "optional": true
                          }
                        },
                        "description_kind": "plain"
                      },
                      "min_items": 1,
                      "max_items": 1
                    }
                  },
                  "description_kind": "plain"
                },
                "max_items": 1
              },
              "local_secondary_index": {
                "nesting_mode": "set",
                "block": {
                  "attributes": {
                    "name": {
                      "type": "string",
                      "description_kind": "plain",
                      "required": true
                    },
                    "non_key_attributes": {
                      "type": [
                        "list",
                        "string"
                      ],
                      "description_kind": "plain",
                      "optional": true
                    },
                    "projection_type": {
                      "type": "string",
                      "description_kind": "plain",
                      "required": true
                    },
                    "range_key": {
                      "type": "string",
                      "description_kind": "plain",
                      "required": true
                    }
                  },
                  "description_kind": "plain"
                }
              },
              "point_in_time_recovery": {
                "nesting_mode": "list",
                "block": {
                  "attributes": {
                    "enabled": {
                      "type": "bool",
                      "description_kind": "plain",
                      "required": true
                    }
                  },
                  "description_kind": "plain"
                },
                "max_items": 1
              },
              "replica": {
                "nesting_mode": "set",
                "block": {
                  "attributes": {
                    "arn": {
                      "type": "string",
                      "description_kind": "plain",
                      "computed": true
                    },
                    "kms_key_arn": {
                      "type": "string",
                      "description_kind": "plain",
                      "optional": true,
                      "computed": true
                    },
                    "point_in_time_recovery": {
                      "type": "bool",
                      "description_kind": "plain",
                      "optional": true
                    },
                    "propagate_tags": {
                      "type": "bool",
                      "description_kind": "plain",
                      "optional": true
                    },
                    "region_name": {
                      "type": "string",
                      "description_kind": "plain",
                      "required": true
                    },
                    "stream_arn": {
                      "type": "string",
                      "description_kind": "plain",
                      "computed": true
                    },
                    "stream_label": {
                      "type": "string",
                      "description_kind": "plain",
                      "computed": true
                    }
                  },
                  "description_kind": "plain"
                }
              },
              "server_side_encryption": {
                "nesting_mode": "list",
                "block": {
                  "attributes": {
                    "enabled": {
                      "type": "bool",
                      "description_kind": "plain",
                      "required": true
                    },
                    "kms_key_arn": {
                      "type": "string",
                      "description_kind": "plain",
                      "optional": true,
                      "computed": true
                    }
                  },
                  "description_kind": "plain"
                },
                "max_items": 1
              },
              "timeouts": {
                "nesting_mode": "single",
                "block": {
                  "attributes": {
                    "create": {
                      "type": "string",
                      "description_kind": "plain",
                      "optional": true
                    },
                    "delete": {
                      "type": "string",
                      "description_kind": "plain",
                      "optional": true
                    },
                    "update": {
                      "type": "string",
                      "description_kind": "plain",
                      "optional": true
                    }
                  },
                  "description_kind": "plain"
                }
              },
              "ttl": {
                "nesting_mode": "list",
                "block": {
                  "attributes": {
                    "attribute_name": {
                      "type": "string",
                      "description_kind": "plain",
                      "optional": true
                    },
                    "enabled": {
                      "type": "bool",
                      "description_kind": "plain",
                      "optional": true
                    }
                  },
                  "description_kind": "plain"
                },
                "max_items": 1
              }
            },
            "description_kind": "plain"
          }
        },
        "aws_iam_policy": {
          "version": 0,
          "block": {
            "attributes": {
              "arn": {
                "type": "string",
                "description_kind": "plain",
                "computed": true
              },
              "attachment_count": {
                "type": "number",
                "description_kind": "plain",
                "computed": true
              },
              "description": {
                "type": "string",
                "description_kind": "plain",
                "optional": true
              },
              "id": {
                "type": "string",
                "description_kind": "plain",
                "optional": true,
                "computed": true
              },
              "name": {
                "type": "string",
                "description_kind": "plain",
                "optional": true,
                "computed": true
              },
              "name_prefix": {
                "type": "string",
                "description_kind": "plain",
                "optional": true,
                "computed": true
              },
              "path": {
                "type": "string",
                "description_kind": "plain",
                "optional": true
              },
              "policy": {
                "type": "string",
                "description_kind": "plain",
                "required": true
              },
              "policy_id": {
                "type": "string",
                "description_kind": "plain",
                "computed": true
              },
              "tags": {
                "type": [
                  "map",
                  "string"
                ],
                "description_kind": "plain",
                "optional": true
              },
              "tags_all": {
                "type": [
                  "map",
                  "string"
                ],
                "description_kind": "plain",
                "optional": true,
                "computed": true
              }
            },
            "description_kind": "plain"
          }
        },
        "aws_iam_role": {
          "version": 0,
          "block": {
            "attributes": {
              "arn": {
                "type": "string",
                "description_kind": "plain",
                "computed": true
              },
              "assume_role_policy": {
                "type": "string",
                "description_kind": "plain",
                "required": true
              },
              "create_date": {
                "type": "string",
                "description_kind": "plain",
                "computed": true
              },
              "description": {
                "type": "string",
                "description_kind": "plain",
                "optional": true
              },
              "force_detach_policies": {
                "type": "bool",
                "description_kind": "plain",
                "optional": true
              },
              "id": {
                "type": "string",
                "description_kind": "plain",
                "optional": true,
                "computed": true
              },
              "managed_policy_arns": {
                "type": [
                  "set",
                  "string"
                ],
                "description_kind": "plain",
                "optional": true,
                "computed": true
              },
              "max_session_duration": {
                "type": "number",
                "description_kind": "plain",
                "optional": true
              },
              "name": {
                "type": "string",
                "description_kind": "plain",
                "optional": true,
                "computed": true
              },
              "name_prefix": {
                "type": "string",
                "description_kind": "plain",
                "optional": true,
                "computed": true
              },
              "path": {
                "type": "string",
                "description_kind": "plain",
                "optional": true
              },
              "permissions_boundary": {
                "type": "string",
                "description_kind": "plain",
                "optional": true
              },
              "tags": {
                "type": [
                  "map",
                  "string"
                ],
                "description_kind": "plain",
                "optional": true
              },
              "tags_all": {
                "type": [
                  "map",
                  "string"
                ],
                "description_kind": "plain",
                "optional": true,
                "computed": true
              },
              "unique_id": {
                "type": "string",
                "description_kind": "plain",
                "computed": true
              }
            },
            "block_types": {
              "inline_policy": {
                "nesting_mode": "set",
                "block": {
                  "attributes": {
                    "name": {
                      "type": "string",
                      "description_kind": "plain",
                      "optional": true
                    },
                    "policy": {
                      "type": "string",
                      "description_kind": "plain",
                      "optional": true
                    }
                  },
                  "description_kind": "plain",
                  "deprecated": true
                }
              }
            },
            "description_kind": "plain"
          }
        },
        "aws_iam_role_policy_attachment": {
          "version": 0,
          "block": {
            "attributes": {
              "id": {
                "type": "string",
                "description_kind": "plain",
                "optional": true,
                "computed": true
              },
              "policy_arn": {
                "type": "string",
                "description_kind": "plain",
                "required": true
              },
              "role": {
                "type": "string",
                "description_kind": "plain",
                "required": true
              }
            },
            "description_kind": "plain"
          }
        },
        "aws_kms_key": {
          "version": 0,
          "block": {
            "attributes": {
              "arn": {
                "type": "string",
                "description_kind": "plain",
                "computed": true
              },
              "bypass_policy_lockout_safety_check": {
                "type": "bool",
                "description_kind": "plain",
                "optional": true
              },
              "custom_key_store_id": {
                "type": "string",
                "description_kind": "plain",
                "optional": true
              },
              "customer_master_key_spec": {
                "type": "string",
                "description_kind": "plain",
                "optional": true
              },
              "deletion_window_in_days": {
                "type": "number",
                "description_kind": "plain",
                "optional": true
              },
              "description": {
                "type": "string",
                "description_kind": "plain",
                "optional": true,
                "computed": true
              },
              "enable_key_rotation": {
                "type": "bool",
                "description_kind": "plain",
                "optional": true
              },
              "id": {
                "type": "string",
                "description_kind": "plain",
                "optional": true,
                "computed": true
              },
              "is_enabled": {
                "type": "bool",
                "description_kind": "plain",
                "optional": true
              },
              "key_id": {
                "type": "string",
                "description_kind": "plain",
                "computed": true
              },
              "key_usage": {
                "type": "string",
                "description_kind": "plain",
                "optional": true
              },
              "multi_region": {
                "type": "bool",
                "description_kind": "plain",
                "optional": true,
                "computed": true
              },
              "policy": {
                "type": "string",
                "description_kind": "plain",
                "optional": true,
                "computed": true
              },
              "rotation_period_in_days": {
                "type": "number",
                "description_kind": "plain",
                "optional": true,
                "computed": true
              },
              "tags": {
                "type": [
                  "map",
                  "string"
                ],
                "description_kind": "plain",
                "optional": true
              },
              "tags_all": {
                "type": [
                  "map",
                  "string"
                ],
                "description_kind": "plain",
                "optional": true,
                "computed": true
              },
              "xks_key_id": {
                "type": "string",
                "description_kind": "plain",
                "optional": true
              }
            },
            "block_types": {
              "timeouts": {
                "nesting_mode": "single",
                "block": {
                  "attributes": {
                    "create": {
                      "type": "string",
                      "description_kind": "plain",
                      "optional": true
                    }
                  },
                  "description_kind": "plain"
                }
              }
            },
            "description_kind": "plain"
          }
        },
        "aws_lambda_function": {
          "version": 0,
          "block": {
            "attributes": {
              "architectures": {
                "type": [
                  "list",
                  "string"
                ],
                "description_kind": "plain",
                "optional": true,
                "computed": true
              },
              "arn": {
                "type": "string",
                "description_kind": "plain",
                "computed": true
              },
              "code_sha256": {
                "type": "string",
                "description_kind": "plain",
                "computed": true
              },
              "code_signing_config_arn": {
                "type": "string",
                "description_kind": "plain",
                "optional": true
              },
              "description": {
                "type": "string",
                "description_kind": "plain",
                "optional": true
              },
              "filename": {
                "type": "string",
                "description_kind": "plain",
                "optional": true
              },
              "function_name": {
                "type": "string",
                "description_kind": "plain",
                "required": true
              },
              "handler": {
                "type": "string",
                "description_kind": "plain",
                "optional": true
              },
              "id": {
                "type": "string",
                "description_kind": "plain",
                "optional": true,
                "computed": true
              },
              "image_uri": {
                "type": "string",
                "description_kind": "plain",
                "optional": true
              },
              "invoke_arn": {
                "type": "string",
                "description_kind": "plain",
                "computed": true
              },
              "kms_key_arn": {
                "type": "string",
                "description_kind": "plain",
                "optional": true
              },
              "last_modified": {
                "type": "string",
                "description_kind": "plain",
                "computed": true
              },
              "layers": {
                "type": [
                  "list",
                  "string"
                ],
                "description_kind": "plain",
                "optional": true
              },
              "memory_size": {
                "type": "number",
                "description_kind": "plain",
                "optional": true
              },
              "package_type": {
                "type": "string",
                "description_kind": "plain",
                "optional": true
              },
              "publish": {
                "type": "bool",
                "description_kind": "plain",
                "optional": true
              },
              "qualified_arn": {
                "type": "string",
                "description_kind": "plain",
                "computed": true
              },
              "qualified_invoke_arn": {
                "type": "string",
                "description_kind": "plain",
                "computed": true
              },
              "replace_security_groups_on_destroy": {
                "type": "bool",
                "description_kind": "plain",
                "optional": true
              },
              "replacement_security_group_ids": {
                "type": [
                  "set",
                  "string"
                ],
                "description_kind": "plain",
                "optional": true
              },
              "reserved_concurrent_executions": {
                "type": "number",
                "description_kind": "plain",
                "optional": true
              },
              "role": {
                "type": "string",
                "description_kind": "plain",
                "required": true
              },
              "runtime": {
                "type": "string",
                "description_kind": "plain",
                "optional": true
              },
              "s3_bucket": {
                "type": "string",
                "description_kind": "plain",
                "optional": true
              },
              "s3_key": {
                "type": "string",
                "description_kind": "plain",
                "optional": true
              },
              "s3_object_version": {
                "type": "string",
                "description_kind": "plain",
                "optional": true
              },
              "signing_job_arn": {
                "type": "string",
                "description_kind": "plain",
                "computed": true
              },
              "signing_profile_version_arn": {
                "type": "string",
                "description_kind": "plain",
                "computed": true
              },
              "skip_destroy": {
                "type": "bool",
                "description_kind": "plain",
                "optional": true
              },
              "source_code_hash": {
                "type": "string",
                "description_kind": "plain",
                "optional": true,
                "computed": true
              },
              "source_code_size": {
                "type": "number",
                "description_kind": "plain",
                "computed": true
              },
              "tags": {
                "type": [
                  "map",
                  "string"
                ],
                "description_kind": "plain",
                "optional": true
              },
              "tags_all": {
                "type": [
                  "map",
                  "string"
                ],
                "description_kind": "plain",
                "optional": true,
                "computed": true
              },
              "timeout": {
                "type": "number",
                "description_kind": "plain",
                "optional": true
              },
              "version": {
                "type": "string",
                "description_kind": "plain",
                "computed": true
              }
            },
            "block_types": {
              "dead_letter_config": {
                "nesting_mode": "list",
                "block": {
                  "attributes": {
                    "target_arn": {
                      "type": "string",
                      "description_kind": "plain",
                      "required": true
                    }
                  },
                  "description_kind": "plain"
                },
                "max_items": 1
              },
              "environment": {
                "nesting_mode": "list",
                "block": {
                  "attributes": {
                    "variables": {
                      "type": [
                        "map",
                        "string"
                      ],
                      "description_kind": "plain",
                      "optional": true
                    }
                  },
                  "description_kind": "plain"
                },
                "max_items": 1
              },
              "ephemeral_storage": {
                "nesting_mode": "list",
                "block": {
                  "attributes": {
                    "size": {
                      "type": "number",
                      "description_kind": "plain",
                      "optional": true,
                      "computed": true
                    }
                  },
                  "description_kind": "plain"
                },
                "max_items": 1
              },
              "file_system_config": {
                "nesting_mode": "list",
                "block": {
                  "attributes": {
                    "arn": {
                      "type": "string",
                      "description_kind": "plain",
                      "required": true
                    },
                    "local_mount_path": {
                      "type": "string",
                      "description_kind": "plain",
                      "required": true
                    }
                  },
                  "description_kind": "plain"
                },
                "max_items": 1
              },
              "image_config": {
                "nesting_mode": "list",
                "block": {
                  "attributes": {
                    "command": {
                      "type": [
                        "list",
                        "string"
                      ],
                      "description_kind": "plain",
                      "optional": true
                    },
                    "entry_point": {
                      "type": [
                        "list",
                        "string"
                      ],
                      "description_kind": "plain",
                      "optional": true
                    },
                    "working_directory": {
                      "type": "string",
                      "description_kind": "plain",
                      "optional": true
                    }
                  },
                  "description_kind": "plain"
                },
                "max_items": 1
              },
              "logging_config": {
                "nesting_mode": "list",
                "block": {
                  "attributes": {
                    "application_log_level": {
                      "type": "string",
                      "description_kind": "plain",
                      "optional": true
                    },
                    "log_format": {
                      "type": "string",
                      "description_kind": "plain",
                      "required": true
                    },
                    "log_group": {
                      "type": "string",
                      "description_kind": "plain",
                      "optional": true,
                      "computed": true
                    },
                    "system_log_level": {
                      "type": "string",
                      "description_kind": "plain",
                      "optional": true
                    }
                  },
                  "description_kind": "plain"
                },
                "max_items": 1
              },
              "snap_start": {
                "nesting_mode": "list",
                "block": {
                  "attributes": {
                    "apply_on": {
                      "type": "string",
                      "description_kind": "plain",
                      "required": true
                    },
                    "optimization_status": {
                      "type": "string",
                      "description_kind": "plain",
                      "computed": true
                    }
                  },
                  "description_kind": "plain"
                },
                "max_items": 1
              },
              "timeouts": {
                "nesting_mode": "single",
                "block": {
                  "attributes": {
                    "create": {
                      "type": "string",
                      "description_kind": "plain",
                      "optional": true
                    },
                    "delete": {
                      "type": "string",
                      "description_kind": "plain",
                      "optional": true
                    },
                    "update": {
                      "type": "string",
                      "description_kind": "plain",
                      "optional": true
                    }
                  },
                  "description_kind": "plain"
                }
              },
              "tracing_config": {
                "nesting_mode": "list",
                "block": {
                  "attributes": {
                    "mode": {
                      "type": "string",
                      "description_kind": "plain",
                      "required": true
                    }
                  },
                  "description_kind": "plain"
                },
                "max_items": 1
              },
              "vpc_config": {
                "nesting_mode": "list",
                "block": {
                  "attributes": {
                    "ipv6_allowed_for_dual_stack": {
                      "type": "bool",
                      "description_kind": "plain",
                      "optional": true
                    },
                    "security_group_ids": {
                      "type": [
                        "set",
                        "string"
                      ],
                      "description_kind": "plain",
                      "required": true
                    },
                    "subnet_ids": {
                      "type": [
                        "set",
                        "string"
                      ],
                      "description_kind": "plain",
                      "required": true
                    },
                    "vpc_id": {
                      "type": "string",
                      "description_kind": "plain",
                      "computed": true
                    }
                  },
                  "description_kind": "plain"
                },
                "max_items": 1
              }
            },
            "description_kind": "plain"
          }
        },
        "aws_lb": {
          "version": 0,
          "block": {
            "attributes": {
              "arn": {
                "type": "string",
                "description_kind": "plain",
                "computed": true
              },
              "arn_suffix": {
                "type": "string",
                "description_kind": "plain",
                "computed": true
              },
              "client_keep_alive": {
                "type": "number",
                "description_kind": "plain",
                "optional": true
              },
              "customer_owned_ipv4_pool": {
                "type": "string",
                "description_kind": "plain",
                "optional": true
              },
              "desync_mitigation_mode": {
                "type": "string",
                "description_kind": "plain",
                "optional": true
              },
              "dns_name": {
                "type": "string",
                "description_kind": "plain",
                "computed": true
              },
              "dns_record_client_routing_policy": {
                "type": "string",
                "description_kind": "plain",
                "optional": true
              },
              "drop_invalid_header_fields": {
                "type": "bool",
                "description_kind": "plain",
                "optional": true
              },
              "enable_cross_zone_load_balancing": {
                "type": "bool",
                "description_kind": "plain",
                "optional": true
              },
              "enable_deletion_protection": {
                "type": "bool",
                "description_kind": "plain",
                "optional": true
              },
              "enable_http2": {
                "type": "bool",
                "description_kind": "plain",
                "optional": true
              },
              "enable_tls_version_and_cipher_suite_headers": {
                "type": "bool",
                "description_kind": "plain",
                "optional": true
              },
              "enable_waf_fail_open": {
                "type": "bool",
                "description_kind": "plain",
                "optional": true
              },
              "enable_xff_client_port": {
                "type": "bool",
                "description_kind": "plain",
                "optional": true
              },
              "enforce_security_group_inbound_rules_on_private_link_traffic": {
                "type": "string",
                "description_kind": "plain",
                "optional": true,
                "computed": true
              },
              "id": {
                "type": "string",
                "description_kind": "plain",
                "optional": true,
                "computed": true
              },
              "idle_timeout": {
                "type": "number",
                "description_kind": "plain",
                "optional": true
              },
              "internal": {
                "type": "bool",
                "description_kind": "plain",
                "optional": true,
                "computed": true
              },
              "ip_address_type": {
                "type": "string",
                "description_kind": "plain",
                "optional": true,
                "computed": true
              },
              "load_balancer_type": {
                "type": "string",
                "description_kind": "plain",
                "optional": true
              },
              "name": {
                "type": "string",
                "description_kind": "plain",
                "optional": true,
                "computed": true
              },
              "name_prefix": {
                "type": "string",
                "description_kind": "plain",
                "optional": true,
                "computed": true
              },
              "preserve_host_header": {
                "type": "bool",
                "description_kind": "plain",
                "optional": true
              },
              "security_groups": {
                "type": [
                  "set",
                  "string"
                ],
                "description_kind": "plain",
                "optional": true,
                "computed": true
              },
              "subnets": {
                "type": [
                  "set",
                  "string"
                ],
                "description_kind": "plain",
                "optional": true,
                "computed": true
              },
              "tags": {
                "type": [
                  "map",
                  "string"
                ],
                "description_kind": "plain",
                "optional": true
              },
              "tags_all": {
                "type": [
                  "map",
                  "string"
                ],
                "description_kind": "plain",
                "optional": true,
                "computed": true
              },
              "vpc_id": {
                "type": "string",
                "description_kind": "plain",
                "computed": true
              },
              "xff_header_processing_mode": {
                "type": "string",
                "description_kind": "plain",
                "optional": true
              },
              "zone_id": {
                "type": "string",
                "description_kind": "plain",
                "computed": true
              }
            },
            "block_types": {
              "access_logs": {
                "nesting_mode": "list",
                "block": {
                  "attributes": {
                    "bucket": {
                      "type": "string",
                      "description_kind": "plain",
                      "required": true
                    },
                    "enabled": {
                      "type": "bool",
                      "description_kind": "plain",
                      "optional": true
                    },
                    "prefix": {
                      "type": "string",
                      "description_kind": "plain",
                      "optional": true
                    }
                  },
                  "description_kind": "plain"
                },
                "max_items": 1
              },
              "connection_logs": {
                "nesting_mode": "list",
                "block": {
                  "attributes": {
                    "bucket": {
                      "type": "string",
                      "description_kind": "plain",
                      "required": true
                    },
                    "enabled": {
                      "type": "bool",
                      "description_kind": "plain",
                      "optional": true
                    },
                    "prefix": {
                      "type": "string",
                      "description_kind": "plain",
                      "optional": true
                    }
                  },
                  "description_kind": "plain"
                },
                "max_items": 1
              },
              "subnet_mapping": {
                "nesting_mode": "set",
                "block": {
                  "attributes": {
                    "allocation_id": {
                      "type": "string",
                      "description_kind": "plain",
                      "optional": true
                    },
                    "ipv6_address": {
                      "type": "string",
                      "description_kind": "plain",
                      "optional": true
                    },
                    "outpost_id": {
                      "type": "string",
                      "description_kind": "plain",
                      "computed": true
                    },
                    "private_ipv4_address": {
                      "type": "string",
                      "description_kind": "plain",
                      "optional": true
                    },
                    "subnet_id": {
                      "type": "string",
                      "description_kind": "plain",
                      "required": true
                    }
                  },
                  "description_kind": "plain"
                }
              },
              "timeouts": {
                "nesting_mode": "single",
                "block": {
                  "attributes": {
                    "create": {
                      "type": "string",
                      "description_kind": "plain",
                      "optional": true
                    },
                    "delete": {
                      "type": "string",
                      "description_kind": "plain",
                      "optional": true
                    },
                    "update": {
                      "type": "string",
                      "description_kind": "plain",
                      "optional": true
                    }
                  },
                  "description_kind": "plain"
                }
              }
            },
            "description_kind": "plain"
          }
        },
        "aws_lb_listener": {
          "version": 0,
          "block": {
            "attributes": {
              "alpn_policy": {
                "type": "string",
                "description_kind": "plain",
                "optional": true
              },
              "arn": {
                "type": "string",
                "description_kind": "plain",
                "computed": true
              },
              "certificate_arn": {
                "type": "string",
                "description_kind": "plain",
                "optional": true
              },
              "id": {
                "type": "string",
                "description_kind": "plain",
                "optional": true,
                "computed": true
              },
              "load_balancer_arn": {
                "type": "string",
                "description_kind": "plain",
                "required": true
              },
              "port": {
                "type": "number",
                "description_kind": "plain",
                "optional": true
              },
              "protocol": {
                "type": "string",
                "description_kind": "plain",
                "optional": true,
                "computed": true
              },
              "ssl_policy": {
                "type": "string",
                "description_kind": "plain",
                "optional": true,
                "computed": true
              },
              "tags": {
                "type": [
                  "map",
                  "string"
                ],
                "description_kind": "plain",
                "optional": true
              },
              "tags_all": {
                "type": [
                  "map",
                  "string"
                ],
                "description_kind": "plain",
                "optional": true,
                "computed": true
              }
            },
            "block_types": {
              "default_action": {
                "nesting_mode": "list",
                "block": {
                  "attributes": {
                    "order": {
                      "type": "number",
                      "description_kind": "plain",
                      "optional": true,
                      "computed": true
                    },
                    "target_group_arn": {
                      "type": "string",
                      "description_kind": "plain",
                      "optional": true
                    },
                    "type": {
                      "type": "string",
                      "description_kind": "plain",
                      "required": true
                    }
                  },
                  "block_types": {
                    "authenticate_cognito": {
                      "nesting_mode": "list",
                      "block": {
                        "attributes": {
                          "authentication_request_extra_params": {
                            "type": [
                              "map",
                              "string"
                            ],
                            "description_kind": "plain",
                            "optional": true
                          },
                          "on_unauthenticated_request": {
                            "type": "string",
                            "description_kind": "plain",
                            "optional": true,
                            "computed": true
                          },
                          "scope": {
                            "type": "string",
                            "description_kind": "plain",
                            "optional": true,
                            "computed": true
                          },
                          "session_cookie_name": {
                            "type": "string",
                            "description_kind": "plain",
                            "optional": true,
                            "computed": true
                          },
                          "session_timeout": {
                            "type": "number",
                            "description_kind": "plain",
                            "optional": true,
                            "computed": true
                          },
                          "user_pool_arn": {
                            "type": "string",
                            "description_kind": "plain",
                            "required": true
                          },
                          "user_pool_client_id": {
                            "type": "string",
                            "description_kind": "plain",
                            "required": true
                          },
                          "user_pool_domain": {
                            "type": "string",
                            "description_kind": "plain",
                            "required": true
                          }
                        },
                        "description_kind": "plain"
                      },
                      "max_items": 1
                    },
                    "authenticate_oidc": {
                      "nesting_mode": "list",
                      "block": {
                        "attributes": {
                          "authentication_request_extra_params": {
                            "type": [
                              "map",
                              "string"
                            ],
                            "description_kind": "plain",
                            "optional": true
                          },
                          "authorization_endpoint": {
                            "type": "string",
                            "description_kind": "plain",
                            "required": true
                          },
                          "client_id": {
                            "type": "string",
                            "description_kind": "plain",
                            "required": true
                          },
                          "client_secret": {
                            "type": "string",
                            "description_kind": "plain",
                            "required": true,
                            "sensitive": true
                          },
                          "issuer": {
                            "type": "string",
                            "description_kind": "plain",
                            "required": true
                          },
                          "on_unauthenticated_request": {
                            "type": "string",
                            "description_kind": "plain",
                            "optional": true,
                            "computed": true
                          },
                          "scope": {
                            "type": "string",
                            "description_kind": "plain",
                            "optional": true,
                            "computed": true
                          },
                          "session_cookie_name": {
                            "type": "string",
                            "description_kind": "plain",
                            "optional": true,
                            "computed": true
                          },
                          "session_timeout": {
                            "type": "number",
                            "description_kind": "plain",
                            "optional": true,
                            "computed": true
                          },
                          "token_endpoint": {
                            "type": "string",
                            "description_kind": "plain",
                            "required": true
                          },
                          "user_info_endpoint": {
                            "type": "string",
                            "description_kind": "plain",
                            "required": true
                          }
                        },
                        "description_kind": "plain"
                      },
                      "max_items": 1
                    },
                    "fixed_response": {
                      "nesting_mode": "list",
                      "block": {
                        "attributes": {
                          "content_type": {
                            "type": "string",
                            "description_kind": "plain",
                            "required": true
                          },
                          "message_body": {
                            "type": "string",
                            "description_kind": "plain",
                            "optional": true
                          },
                          "status_code": {
                            "type": "string",
                            "description_kind": "plain",
                            "optional": true,
                            "computed": true
                          }
                        },
                        "description_kind": "plain"
                      },
                      "max_items": 1
                    },
                    "forward": {
                      "nesting_mode": "list",
                      "block": {
                        "block_types": {
                          "stickiness": {
                            "nesting_mode": "list",
                            "block": {
                              "attributes": {
                                "duration": {
                                  "type": "number",
                                  "description_kind": "plain",
                                  "required": true
                                },
                                "enabled": {
                                  "type": "bool",
                                  "description_kind": "plain",
                                  "optional": true
                                }
                              },
                              "description_kind": "plain"
                            },
                            "max_items": 1
                          },
                          "target_group": {
                            "nesting_mode": "set",
                            "block": {
                              "attributes": {
                                "arn": {
                                  "type": "string",
                                  "description_kind": "plain",
                                  "required": true
                                },
                                "weight": {
                                  "type": "number",
                                  "description_kind": "plain",
                                  "optional": true
                                }
                              },
                              "description_kind": "plain"
                            },
                            "min_items": 1,
                            "max_items": 5
                          }
                        },
                        "description_kind": "plain"
                      },
                      "max_items": 1
                    },
                    "redirect": {
                      "nesting_mode": "list",
                      "block": {
                        "attributes": {
                          "host": {
                            "type": "string",
                            "description_kind": "plain",
                            "optional": true
                          },
                          "path": {
                            "type": "string",
                            "description_kind": "plain",
                            "optional": true
                          },
                          "port": {
                            "type": "string",
                            "description_kind": "plain",
                            "optional": true
                          },
                          "protocol": {
                            "type": "string",
                            "description_kind": "plain",
                            "optional": true
                          },
                          "query": {
                            "type": "string",
                            "description_kind": "plain",
                            "optional": true
                          },
                          "status_code": {
                            "type": "string",
                            "description_kind": "plain",
                            "required": true
                          }
                        },
                        "description_kind": "plain"
                      },
                      "max_items": 1
                    }
                  },
                  "description_kind": "plain"
                },
                "min_items": 1
              },
              "mutual_authentication": {
                "nesting_mode": "list",
                "block": {
                  "attributes": {
                    "ignore_client_certificate_expiry": {
                      "type": "bool",
                      "description_kind": "plain",
                      "optional": true
                    },
                    "mode": {
                      "type": "string",
                      "description_kind": "plain",
                      "required": true
                    },
                    "trust_store_arn": {
                      "type": "string",
                      "description_kind": "plain",
                      "optional": true
                    }
                  },
                  "description_kind": "plain"
                },
                "max_items": 1
              },
              "timeouts": {
                "nesting_mode": "single",
                "block": {
                  "attributes": {
                    "create": {
                      "type": "string",
                      "description_kind": "plain",
                      "optional": true
                    },
                    "update": {
                      "type": "string",
                      "description_kind": "plain",
                      "optional": true
                    }
                  },
                  "description_kind": "plain"
                }
              }
            },
            "description_kind": "plain"
          }
        },
        "aws_lb_target_group": {
          "version": 0,
          "block": {
            "attributes": {
              "arn": {
                "type": "string",
                "description_kind": "plain",
                "computed": true
              },
              "arn_suffix": {
                "type": "string",
                "description_kind": "plain",
                "computed": true
              },
              "connection_termination": {
                "type": "bool",
                "description_kind": "plain",
                "optional": true,
                "computed": true
              },
              "deregistration_delay": {
                "type": "string",
                "description_kind": "plain",
                "optional": true
              },
              "id": {
                "type": "string",
                "description_kind": "plain",
                "optional": true,
                "computed": true
              },
              "ip_address_type": {
                "type": "string",
                "description_kind": "plain",
                "optional": true,
                "computed": true
              },
              "lambda_multi_value_headers_enabled": {
                "type": "bool",
                "description_kind": "plain",
                "optional": true
              },
              "load_balancer_arns": {
                "type": [
                  "set",
                  "string"
                ],
                "description_kind": "plain",
                "computed": true
              },
              "load_balancing_algorithm_type": {
                "type": "string",
                "description_kind": "plain",
                "optional": true,
                "computed": true
              },
              "load_balancing_anomaly_mitigation": {
                "type": "string",
                "description_kind": "plain",
                "optional": true,
                "computed": true
              },
              "load_balancing_cross_zone_enabled": {
                "type": "string",
                "description_kind": "plain",
                "optional": true,
                "computed": true
              },
              "name": {
                "type": "string",
                "description_kind": "plain",
                "optional": true,
                "computed": true
              },
              "name_prefix": {
                "type": "string",
                "description_kind": "plain",
                "optional": true,
                "computed": true
              },
              "port": {
                "type": "number",
                "description_kind": "plain",
                "optional": true
              },
              "preserve_client_ip": {
                "type": "string",
                "description_kind": "plain",
                "optional": true,
                "computed": true
              },
              "protocol": {
                "type": "string",
                "description_kind": "plain",
                "optional": true
              },
              "protocol_version": {
                "type": "string",
                "description_kind": "plain",
                "optional": true,
                "computed": true
              },
              "proxy_protocol_v2": {
                "type": "bool",
                "description_kind": "plain",
                "optional": true
              },
              "slow_start": {
                "type": "number",
                "description_kind": "plain",
                "optional": true
              },
              "tags": {
                "type": [
                  "map",
                  "string"
                ],
                "description_kind": "plain",
                "optional": true
              },
              "tags_all": {
                "type": [
                  "map",
                  "string"
                ],
                "description_kind": "plain",
                "optional": true,
                "computed": true
              },
              "target_type": {
                "type": "string",
                "description_kind": "plain",
                "optional": true
              },
              "vpc_id": {
                "type": "string",
                "description_kind": "plain",
                "optional": true
              }
            },
            "block_types": {
              "health_check": {
                "nesting_mode": "list",
                "block": {
                  "attributes": {
                    "enabled": {
                      "type": "bool",
                      "description_kind": "plain",
                      "optional": true
                    },
                    "healthy_threshold": {
                      "type": "number",
                      "description_kind": "plain",
                      "optional": true
                    },
                    "interval": {
                      "type": "number",
                      "description_kind": "plain",
                      "optional": true
                    },
                    "matcher": {
                      "type": "string",
                      "description_kind": "plain",
                      "optional": true,
                      "computed": true
                    },
                    "path": {
                      "type": "string",
                      "description_kind": "plain",
                      "optional": true,
                      "computed": true
                    },
                    "port": {
                      "type": "string",
                      "description_kind": "plain",
                      "optional": true
                    },
                    "protocol": {
                      "type": "string",
                      "description_kind": "plain",
                      "optional": true
                    },
                    "timeout": {
                      "type": "number",
                      "description_kind": "plain",
                      "optional": true,
                      "computed": true
                    },
                    "unhealthy_threshold": {
                      "type": "number",
                      "description_kind": "plain",
                      "optional": true
                    }
                  },
                  "description_kind": "plain"
                },
                "max_items": 1
              },
              "stickiness": {
                "nesting_mode": "list",
                "block": {
                  "attributes": {
                    "cookie_duration": {
                      "type": "number",
                      "description_kind": "plain",
                      "optional": true
                    },
                    "cookie_name": {
                      "type": "string",
                      "description_kind": "plain",
                      "optional": true
                    },
                    "enabled": {
                      "type": "bool",
                      "description_kind": "plain",
                      "optional": true
                    },
                    "type": {
                      "type": "string",
                      "description_kind": "plain",
                      "required": true
                    }
                  },
                  "description_kind": "plain"
                },
                "max_items": 1
              },
              "target_failover": {
                "nesting_mode": "list",
                "block": {
                  "attributes": {
                    "on_deregistration": {
                      "type": "string",
                      "description_kind": "plain",
                      "required": true
                    },
                    "on_unhealthy": {
                      "type": "string",
                      "description_kind": "plain",
                      "required": true
                    }
                  },
                  "description_kind": "plain"
                }
              },
              "target_group_health": {
                "nesting_mode": "list",
                "block": {
                  "block_types": {
                    "dns_failover": {
                      "nesting_mode": "list",
                      "block": {
                        "attributes": {
                          "minimum_healthy_targets_count": {
                            "type": "string",
                            "description_kind": "plain",
                            "optional": true
                          },
                          "minimum_healthy_targets_percentage": {
                            "type": "string",
                            "description_kind": "plain",
                            "optional": true
                          }
                        },
                        "description_kind": "plain"
                      },
                      "max_items": 1
                    },
                    "unhealthy_state_routing": {
                      "nesting_mode": "list",
                      "block": {
                        "attributes": {
                          "minimum_healthy_targets_count": {
                            "type": "number",
                            "description_kind": "plain",
                            "optional": true
                          },
                          "minimum_healthy_targets_percentage": {
                            "type": "string",
                            "description_kind": "plain",
                            "optional": true
                          }
                        },
                        "description_kind": "plain"
                      },
                      "max_items": 1
                    }
                  },
                  "description_kind": "plain"
                },
                "max_items": 1
              },
              "target_health_state": {
                "nesting_mode": "list",
                "block": {
                  "attributes": {
                    "enable_unhealthy_connection_termination": {
                      "type": "bool",
                      "description_kind": "plain",
                      "required": true
                    },
                    "unhealthy_draining_interval": {
                      "type": "number",
                      "description_kind": "plain",
                      "optional": true
                    }
                  },
                  "description_kind": "plain"
                }
              }
            },
            "description_kind": "plain"
          }
        },
        "aws_resourceexplorer2_index": {
          "version": 0,
          "block": {
            "attributes": {
              "arn": {
                "type": "string",
                "description_kind": "plain",
                "computed": true
              },
              "id": {
                "type": "string",
                "description_kind": "plain",
                "computed": true
              },
              "tags": {
                "type": [
                  "map",
                  "string"
                ],
                "description_kind": "plain",
                "optional": true
              },
              "tags_all": {
                "type": [
                  "map",
                  "string"
                ],
                "description_kind": "plain",
                "computed": true
              },
              "type": {
                "type": "string",
                "description_kind": "plain",
                "required": true
              }
            },
            "block_types": {
              "timeouts": {
                "nesting_mode": "single",
                "block": {
                  "attributes": {
                    "create": {
                      "type": "string",
                      "description": "A string that can be [parsed as a duration](https://pkg.go.dev/time#ParseDuration) consisting of numbers and unit suffixes, such as \"30s\" or \"2h45m\". Valid time units are \"s\" (seconds), \"m\" (minutes), \"h\" (hours).",
                      "description_kind": "plain",
                      "optional": true
                    },
                    "delete": {
                      "type": "string",
                      "description": "A string that can be [parsed as a duration](https://pkg.go.dev/time#ParseDuration) consisting of numbers and unit suffixes, such as \"30s\" or \"2h45m\". Valid time units are \"s\" (seconds), \"m\" (minutes), \"h\" (hours). Setting a timeout for a Delete operation is only applicable if changes are saved into state before the destroy operation occurs.",
                      "description_kind": "plain",
                      "optional": true
                    },
                    "update": {
                      "type": "string",
                      "description": "A string that can be [parsed as a duration](https://pkg.go.dev/time#ParseDuration) consisting of numbers and unit suffixes, such as \"30s\" or \"2h45m\". Valid time units are \"s\" (seconds), \"m\" (minutes), \"h\" (hours).",
                      "description_kind": "plain",
                      "optional": true
                    }
                  },
                  "description_kind": "plain"
                }
              }
            },
            "description_kind": "plain"
          }
        },
        "aws_resourceexplorer2_view": {
          "version": 0,
          "block": {
            "attributes": {
              "arn": {
                "type": "string",
                "description_kind": "plain",
                "computed": true
              },
              "default_view": {
                "type": "bool",
                "description_kind": "plain",
                "optional": true,
                "computed": true
              },
              "id": {
                "type": "string",
                "description_kind": "plain",
                "computed": true
              },
              "name": {
                "type": "string",
                "description_kind": "plain",
                "required": true
              },
              "tags": {
                "type": [
                  "map",
                  "string"
                ],
                "description_kind": "plain",
                "optional": true
              },
              "tags_all": {
                "type": [
                  "map",
                  "string"
                ],
                "description_kind": "plain",
                "computed": true
              }
            },
            "block_types": {
              "filters": {
                "nesting_mode": "list",
                "block": {
                  "attributes": {
                    "filter_string": {
                      "type": "string",
                      "description_kind": "plain",
                      "required": true
                    }
                  },
                  "description_kind": "plain"
                }
              },
              "included_property": {
                "nesting_mode": "list",
                "block": {
                  "attributes": {
                    "name": {
                      "type": "string",
                      "description_kind": "plain",
                      "required": true
                    }
                  },
                  "description_kind": "plain"
                }
              }
            },
            "description_kind": "plain"
          }
        },
        "aws_route53_zone": {
          "version": 0,
          "block": {
            "attributes": {
              "arn": {
                "type": "string",
                "description_kind": "plain",
                "computed": true
              },
              "comment": {
                "type": "string",
                "description_kind": "plain",
                "optional": true
              },
              "delegation_set_id": {
                "type": "string",
                "description_kind": "plain",
                "optional": true
              },
              "force_destroy": {
                "type": "bool",
                "description_kind": "plain",
                "optional": true
              },
              "id": {
                "type": "string",
                "description_kind": "plain",
                "optional": true,
                "computed": true
              },
              "name": {
                "type": "string",
                "description_kind": "plain",
                "required": true
              },
              "name_servers": {
                "type": [
                  "list",
                  "string"
                ],
                "description_kind": "plain",
                "computed": true
              },
              "primary_name_server": {
                "type": "string",
                "description_kind": "plain",
                "computed": true
              },
              "tags": {
                "type": [
                  "map",
                  "string"
                ],
                "description_kind": "plain",
                "optional": true
              },
              "tags_all": {
                "type": [
                  "map",
                  "string"
                ],
                "description_kind": "plain",
                "optional": true,
                "computed": true
              },
              "zone_id": {
                "type": "string",
                "description_kind": "plain",
                "computed": true
              }
            },
            "block_types": {
              "vpc": {
                "nesting_mode": "set",
                "block": {
                  "attributes": {
                    "vpc_id": {
                      "type": "string",
                      "description_kind": "plain",
                      "required": true
                    },
                    "vpc_region": {
                      "type": "string",
                      "description_kind": "plain",
                      "optional": true,
                      "computed": true
                    }
                  },
                  "description_kind": "plain"
                }
              }
            },
            "description_kind": "plain"
          }
        },
        "aws_s3_bucket": {
          "version": 0,
          "block": {
            "attributes": {
              "acceleration_status": {
                "type": "string",
                "description_kind": "plain",
                "deprecated": true,
                "optional": true,
                "computed": true
              },
              "acl": {
                "type": "string",
                "description_kind": "plain",
                "deprecated": true,
                "optional": true,
                "computed": true
              },
              "arn": {
                "type": "string",
                "description_kind": "plain",
                "computed": true
              },
              "bucket": {
                "type": "string",
                "description_kind": "plain",
                "optional": true,
                "computed": true
              },
              "bucket_domain_name": {
                "type": "string",
                "description_kind": "plain",
                "computed": true
              },
              "bucket_prefix": {
                "type": "string",
                "description_kind": "plain",
                "optional": true,
                "computed": true
              },
              "bucket_regional_domain_name": {
                "type": "string",
                "description_kind": "plain",
                "computed": true
              },
              "force_destroy": {
                "type": "bool",
                "description_kind": "plain",
                "optional": true
              },
              "hosted_zone_id": {
                "type": "string",
                "description_kind": "plain",
                "computed": true
              },
              "id": {
                "type": "string",
                "description_kind": "plain",
                "optional": true,
                "computed": true
              },
              "object_lock_enabled": {
                "type": "bool",
                "description_kind": "plain",
                "optional": true,
                "computed": true
              },
              "policy": {
                "type": "string",
                "description_kind": "plain",
                "deprecated": true,
                "optional": true,
                "computed": true
              },
              "region": {
                "type": "string",
                "description_kind": "plain",
                "computed": true
              },
              "request_payer": {
                "type": "string",
                "description_kind": "plain",
                "deprecated": true,
                "optional": true,
                "computed": true
              },
              "tags": {
                "type": [
                  "map",
                  "string"
                ],
                "description_kind": "plain",
                "optional": true
              },
              "tags_all": {
                "type": [
                  "map",
                  "string"
                ],
                "description_kind": "plain",
                "optional": true,
                "computed": true
              },
              "website_domain": {
                "type": "string",
                "description_kind": "plain",
                "deprecated": true,
                "computed": true
              },
              "website_endpoint": {
                "type": "string",
                "description_kind": "plain",
                "deprecated": true,
                "computed": true
              }
            },
            "block_types": {
              "cors_rule": {
                "nesting_mode": "list",
                "block": {
                  "attributes": {
                    "allowed_headers": {
                      "type": [
                        "list",
                        "string"
                      ],
                      "description_kind": "plain",
                      "optional": true
                    },
                    "allowed_methods": {
                      "type": [
                        "list",
                        "string"
                      ],
                      "description_kind": "plain",
                      "required": true
                    },
                    "allowed_origins": {
                      "type": [
                        "list",
                        "string"
                      ],
                      "description_kind": "plain",
                      "required": true
                    },
                    "expose_headers": {
                      "type": [
                        "list",
                        "string"
                      ],
                      "description_kind": "plain",
                      "optional": true
                    },
                    "max_age_seconds": {
                      "type": "number",
                      "description_kind": "plain",
                      "optional": true
                    }
                  },
                  "description_kind": "plain",
                  "deprecated": true
                }
              },
              "grant": {
                "nesting_mode": "set",
                "block": {
                  "attributes": {
                    "id": {
                      "type": "string",
                      "description_kind": "plain",
                      "optional": true
                    },
                    "permissions": {
                      "type": [
                        "set",
                        "string"
                      ],
                      "description_kind": "plain",
                      "required": true
                    },
                    "type": {
                      "type": "string",
                      "description_kind": "plain",
                      "required": true
                    },
                    "uri": {
                      "type": "string",
                      "description_kind": "plain",
                      "optional": true
                    }
                  },
                  "description_kind": "plain",
                  "deprecated": true
                }
              },
              "lifecycle_rule": {
                "nesting_mode": "list",
                "block": {
                  "attributes": {
                    "abort_incomplete_multipart_upload_days": {
                      "type": "number",
                      "description_kind": "plain",
                      "optional": true
                    },
                    "enabled": {
                      "type": "bool",
                      "description_kind": "plain",
                      "required": true
                    },
                    "id": {
                      "type": "string",
                      "description_kind": "plain",
                      "optional": true,
                      "computed": true
                    },
                    "prefix": {
                      "type": "string",
                      "description_kind": "plain",
                      "optional": true
                    },
                    "tags": {
                      "type": [
                        "map",
                        "string"
                      ],
                      "description_kind": "plain",
                      "optional": true
                    }
                  },
                  "block_types": {
                    "expiration": {
                      "nesting_mode": "list",
                      "block": {
                        "attributes": {
                          "date": {
                            "type": "string",
                            "description_kind": "plain",
                            "optional": true
                          },
                          "days": {
                            "type": "number",
                            "description_kind": "plain",
                            "optional": true
                          },
                          "expired_object_delete_marker": {
                            "type": "bool",
                            "description_kind": "plain",
                            "optional": true
                          }
                        },
                        "description_kind": "plain"
                      },
                      "max_items": 1
                    },
                    "noncurrent_version_expiration": {
                      "nesting_mode": "list",
                      "block": {
                        "attributes": {
                          "days": {
                            "type": "number",
                            "description_kind": "plain",
                            "optional": true
                          }
                        },
                        "description_kind": "plain"
                      },
                      "max_items": 1
                    },
                    "noncurrent_version_transition": {
                      "nesting_mode": "set",
                      "block": {
                        "attributes": {
                          "days": {
                            "type": "number",
                            "description_kind": "plain",
                            "optional": true
                          },
                          "storage_class": {
                            "type": "string",
                            "description_kind": "plain",
                            "required": true
                          }
                        },
                        "description_kind": "plain"
                      }
                    },
                    "transition": {
                      "nesting_mode": "set",
                      "block": {
                        "attributes": {
                          "date": {
                            "type": "string",
                            "description_kind": "plain",
                            "optional": true
                          },
                          "days": {
                            "type": "number",
                            "description_kind": "plain",
                            "optional": true
                          },
                          "storage_class": {
                            "type": "string",
                            "description_kind": "plain",
                            "required": true
                          }
                        },
                        "description_kind": "plain"
                      }
                    }
                  },
                  "description_kind": "plain",
                  "deprecated": true
                }
              },
              "logging": {
                "nesting_mode": "list",
                "block": {
                  "attributes": {
                    "target_bucket": {
                      "type": "string",
                      "description_kind": "plain",
                      "required": true
                    },
                    "target_prefix": {
                      "type": "string",
                      "description_kind": "plain",
                      "optional": true
                    }
                  },
                  "description_kind": "plain",
                  "deprecated": true
                },
                "max_items": 1
              },
              "object_lock_configuration": {
                "nesting_mode": "list",
                "block": {
                  "attributes": {
                    "object_lock_enabled": {
                      "type": "string",
                      "description_kind": "plain",
                      "deprecated": true,
                      "optional": true
                    }
                  },
                  "block_types": {
                    "rule": {
                      "nesting_mode": "list",
                      "block": {
                        "block_types": {
                          "default_retention": {
                            "nesting_mode": "list",
                            "block": {
                              "attributes": {
                                "days": {
                                  "type": "number",
                                  "description_kind": "plain",
                                  "optional": true
                                },
                                "mode": {
                                  "type": "string",
                                  "description_kind": "plain",
                                  "required": true
                                },
                                "years": {
                                  "type": "number",
                                  "description_kind": "plain",
                                  "optional": true
                                }
                              },
                              "description_kind": "plain"
                            },
                            "min_items": 1,
                            "max_items": 1
                          }
                        },
                        "description_kind": "plain",
                        "deprecated": true
                      },
                      "max_items": 1
                    }
                  },
                  "description_kind": "plain",
                  "deprecated": true
                },
                "max_items": 1
              },
              "replication_configuration": {
                "nesting_mode": "list",
                "block": {
                  "attributes": {
                    "role": {
                      "type": "string",
                      "description_kind": "plain",
                      "required": true
                    }
                  },
                  "block_types": {
                    "rules": {
                      "nesting_mode": "set",
                      "block": {
                        "attributes": {
                          "delete_marker_replication_status": {
                            "type": "string",
                            "description_kind": "plain",
                            "optional": true
                          },
                          "id": {
                            "type": "string",
                            "description_kind": "plain",
                            "optional": true
                          },
                          "prefix": {
                            "type": "string",
                            "description_kind": "plain",
                            "optional": true
                          },
                          "priority": {
                            "type": "number",
                            "description_kind": "plain",
                            "optional": true
                          },
                          "status": {
                            "type": "string",
                            "description_kind": "plain",
                            "required": true
                          }
                        },
                        "block_types": {
                          "destination": {
                            "nesting_mode": "list",
                            "block": {
                              "attributes": {
                                "account_id": {
                                  "type": "string",
                                  "description_kind": "plain",
                                  "optional": true
                                },
                                "bucket": {
                                  "type": "string",
                                  "description_kind": "plain",
                                  "required": true
                                },
                                "replica_kms_key_id": {
                                  "type": "string",
                                  "description_kind": "plain",
                                  "optional": true
                                },
                                "storage_class": {
                                  "type": "string",
                                  "description_kind": "plain",
                                  "optional": true
                                }
                              },
                              "block_types": {
                                "access_control_translation": {
                                  "nesting_mode": "list",
                                  "block": {
                                    "attributes": {
                                      "owner": {
                                        "type": "string",
                                        "description_kind": "plain",
                                        "required": true
                                      }
                                    },
                                    "description_kind": "plain"
                                  },
                                  "max_items": 1
                                },
                                "metrics": {
                                  "nesting_mode": "list",
                                  "block": {
                                    "attributes": {
                                      "minutes": {
                                        "type": "number",
                                        "description_kind": "plain",
                                        "optional": true
                                      },
                                      "status": {
                                        "type": "string",
                                        "description_kind": "plain",
                                        "optional": true
                                      }
                                    },
                                    "description_kind": "plain"
                                  },
                                  "max_items": 1
                                },
                                "replication_time": {
                                  "nesting_mode": "list",
                                  "block": {
                                    "attributes": {
                                      "minutes": {
                                        "type": "number",
                                        "description_kind": "plain",
                                        "optional": true
                                      },
                                      "status": {
                                        "type": "string",
                                        "description_kind": "plain",
                                        "optional": true
                                      }
                                    },
                                    "description_kind": "plain"
                                  },
                                  "max_items": 1
                                }
                              },
                              "description_kind": "plain"
                            },
                            "min_items": 1,
                            "max_items": 1
                          },
                          "filter": {
                            "nesting_mode": "list",
                            "block": {
                              "attributes": {
                                "prefix": {
                                  "type": "string",
                                  "description_kind": "plain",
                                  "optional": true
                                },
                                "tags": {
                                  "type": [
                                    "map",
                                    "string"
                                  ],
                                  "description_kind": "plain",
                                  "optional": true
                                }
                              },
                              "description_kind": "plain"
                            },
                            "max_items": 1
                          },
                          "source_selection_criteria": {
                            "nesting_mode": "list",
                            "block": {
                              "block_types": {
                                "sse_kms_encrypted_objects": {
                                  "nesting_mode": "list",
                                  "block": {
                                    "attributes": {
                                      "enabled": {
                                        "type": "bool",
                                        "description_kind": "plain",
                                        "required": true
                                      }
                                    },
                                    "description_kind": "plain"
                                  },
                                  "max_items": 1
                                }
                              },
                              "description_kind": "plain"
                            },
                            "max_items": 1
                          }
                        },
                        "description_kind": "plain"
                      },
                      "min_items": 1
                    }
                  },
                  "description_kind": "plain",
                  "deprecated": true
                },
                "max_items": 1
              },
              "server_side_encryption_configuration": {
                "nesting_mode": "list",
                "block": {
                  "block_types": {
                    "rule": {
                      "nesting_mode": "list",
                      "block": {
                        "attributes": {
                          "bucket_key_enabled": {
                            "type": "bool",
                            "description_kind": "plain",
                            "optional": true
                          }
                        },
                        "block_types": {
                          "apply_server_side_encryption_by_default": {
                            "nesting_mode": "list",
                            "block": {
                              "attributes": {
                                "kms_master_key_id": {
                                  "type": "string",
                                  "description_kind": "plain",
                                  "optional": true
                                },
                                "sse_algorithm": {
                                  "type": "string",
                                  "description_kind": "plain",
                                  "required": true
                                }
                              },
                              "description_kind": "plain"
                            },
                            "min_items": 1,
                            "max_items": 1
                          }
                        },
                        "description_kind": "plain"
                      },
                      "min_items": 1,
                      "max_items": 1
                    }
                  },
                  "description_kind": "plain",
                  "deprecated": true
                },
                "max_items": 1
              },
              "timeouts": {
                "nesting_mode": "single",
                "block": {
                  "attributes": {
                    "create": {
                      "type": "string",
                      "description_kind": "plain",
                      "optional": true
                    },
                    "delete": {
                      "type": "string",
                      "description_kind": "plain",
                      "optional": true
                    },
                    "read": {
                      "type": "string",
                      "description_kind": "plain",
                      "optional": true
                    },
                    "update": {
                      "type": "string",
                      "description_kind": "plain",
                      "optional": true
                    }
                  },
                  "description_kind": "plain"
                }
              },
              "versioning": {
                "nesting_mode": "list",
                "block": {
                  "attributes": {
                    "enabled": {
                      "type": "bool",
                      "description_kind": "plain",
                      "optional": true
                    },
                    "mfa_delete": {
                      "type": "bool",
                      "description_kind": "plain",
                      "optional": true
                    }
                  },
                  "description_kind": "plain",
                  "deprecated": true
                },
                "max_items": 1
              },
              "website": {
                "nesting_mode": "list",
                "block": {
                  "attributes": {
                    "error_document": {
                      "type": "string",
                      "description_kind": "plain",
                      "optional": true
                    },
                    "index_document": {
                      "type": "string",
                      "description_kind": "plain",
                      "optional": true
                    },
                    "redirect_all_requests_to": {
                      "type": "string",
                      "description_kind": "plain",
                      "optional": true
                    },
                    "routing_rules": {
                      "type": "string",
                      "description_kind": "plain",
                      "optional": true
                    }
                  },
                  "description_kind": "plain",
                  "deprecated": true
                },
                "max_items": 1
              }
            },
            "description_kind": "plain"
          }
        },
        "aws_s3_bucket_lifecycle_configuration": {
          "version": 0,
          "block": {
            "attributes": {
              "bucket": {
                "type": "string",
                "description_kind": "plain",
                "required": true
              },
              "expected_bucket_owner": {
                "type": "string",
                "description_kind": "plain",
                "optional": true
              },
              "id": {
                "type": "string",
                "description_kind": "plain",
                "optional": true,
                "computed": true
              },
              "transition_default_minimum_object_size": {
                "type": "string",
                "description_kind": "plain",
                "optional": true,
                "computed": true
              }
            },
            "block_types": {
              "rule": {
                "nesting_mode": "list",
                "block": {
                  "attributes": {
                    "id": {
                      "type": "string",
                      "description_kind": "plain",
                      "required": true
                    },
                    "prefix": {
                      "type": "string",
                      "description_kind": "plain",
                      "deprecated": true,
                      "optional": true
                    },
                    "status": {
                      "type": "string",
                      "description_kind": "plain",
                      "required": true
                    }
                  },
                  "block_types": {
                    "abort_incomplete_multipart_upload": {
                      "nesting_mode": "list",
                      "block": {
                        "attributes": {
                          "days_after_initiation": {
                            "type": "number",
                            "description_kind": "plain",
                            "optional": true
                          }
                        },
                        "description_kind": "plain"
                      },
                      "max_items": 1
                    },
                    "expiration": {
                      "nesting_mode": "list",
                      "block": {
                        "attributes": {
                          "date": {
                            "type": "string",
                            "description_kind": "plain",
                            "optional": true
                          },
                          "days": {
                            "type": "number",
                            "description_kind": "plain",
                            "optional": true
                          },
                          "expired_object_delete_marker": {
                            "type": "bool",
                            "description_kind": "plain",
                            "optional": true,
                            "computed": true
                          }
                        },
                        "description_kind": "plain"
                      },
                      "max_items": 1
                    },
                    "filter": {
                      "nesting_mode": "list",
                      "block": {
                        "attributes": {
                          "object_size_greater_than": {
                            "type": "string",
                            "description_kind": "plain",
                            "optional": true
                          },
                          "object_size_less_than": {
                            "type": "string",
                            "description_kind": "plain",
                            "optional": true
                          },
                          "prefix": {
                            "type": "string",
                            "description_kind": "plain",
                            "optional": true
                          }
                        },
                        "block_types": {
                          "and": {
                            "nesting_mode": "list",
                            "block": {
                              "attributes": {
                                "object_size_greater_than": {
                                  "type": "number",
                                  "description_kind": "plain",
                                  "optional": true
                                },
                                "object_size_less_than": {
                                  "type": "number",
                                  "description_kind": "plain",
                                  "optional": true
                                },
                                "prefix": {
                                  "type": "string",
                                  "description_kind": "plain",
                                  "optional": true
                                },
                                "tags": {
                                  "type": [
                                    "map",
                                    "string"
                                  ],
                                  "description_kind": "plain",
                                  "optional": true
                                }
                              },
                              "description_kind": "plain"
                            },
                            "max_items": 1
                          },
                          "tag": {
                            "nesting_mode": "list",
                            "block": {
                              "attributes": {
                                "key": {
                                  "type": "string",
                                  "description_kind": "plain",
                                  "required": true
                                },
                                "value": {
                                  "type": "string",
                                  "description_kind": "plain",
                                  "required": true
                                }
                              },
                              "description_kind": "plain"
                            },
                            "max_items": 1
                          }
                        },
                        "description_kind": "plain"
                      },
                      "max_items": 1
                    },
                    "noncurrent_version_expiration": {
                      "nesting_mode": "list",
                      "block": {
                        "attributes": {
                          "newer_noncurrent_versions": {
                            "type": "string",
                            "description_kind": "plain",
                            "optional": true
                          },
                          "noncurrent_days": {
                            "type": "number",
                            "description_kind": "plain",
                            "optional": true
                          }
                        },
                        "description_kind": "plain"
                      },
                      "max_items": 1
                    },
                    "noncurrent_version_transition": {
                      "nesting_mode": "set",
                      "block": {
                        "attributes": {
                          "newer_noncurrent_versions": {
                            "type": "string",
                            "description_kind": "plain",
                            "optional": true
                          },
                          "noncurrent_days": {
                            "type": "number",
                            "description_kind": "plain",
                            "optional": true
                          },
                          "storage_class": {
                            "type": "string",
                            "description_kind": "plain",
                            "required": true
                          }
                        },
                        "description_kind": "plain"
                      }
                    },
                    "transition": {
                      "nesting_mode": "set",
                      "block": {
                        "attributes": {
                          "date": {
                            "type": "string",
                            "description_kind": "plain",
                            "optional": true
                          },
                          "days": {
                            "type": "number",
                            "description_kind": "plain",
                            "optional": true
                          },
                          "storage_class": {
                            "type": "string",
                            "description_kind": "plain",
                            "required": true
                          }
                        },
                        "description_kind": "plain"
                      }
                    }
                  },
                  "description_kind": "plain"
                },
                "min_items": 1
              },
              "timeouts": {
                "nesting_mode": "single",
                "block": {
                  "attributes": {
                    "create": {
                      "type": "string",
                      "description_kind": "plain",
                      "optional": true
                    },
                    "update": {
                      "type": "string",
                      "description_kind": "plain",
                      "optional": true
                    }
                  },
                  "description_kind": "plain"
                }
              }
            },
            "description_kind": "plain"
          }
        },
        "aws_s3_bucket_ownership_controls": {
          "version": 0,
          "block": {
            "attributes": {
              "bucket": {
                "type": "string",
                "description_kind": "plain",
                "required": true
              },
              "id": {
                "type": "string",
                "description_kind": "plain",
                "optional": true,
                "computed": true
              }
            },
            "block_types": {
              "rule": {
                "nesting_mode": "list",
                "block": {
                  "attributes": {
                    "object_ownership": {
                      "type": "string",
                      "description_kind": "plain",
                      "required": true
                    }
                  },
                  "description_kind": "plain"
                },
                "min_items": 1,
                "max_items": 1
              }
            },
            "description_kind": "plain"
          }
        },
        "aws_s3_bucket_public_access_block": {
          "version": 0,
          "block": {
            "attributes": {
              "block_public_acls": {
                "type": "bool",
                "description_kind": "plain",
                "optional": true
              },
              "block_public_policy": {
                "type": "bool",
                "description_kind": "plain",
                "optional": true
              },
              "bucket": {
                "type": "string",
                "description_kind": "plain",
                "required": true
              },
              "id": {
                "type": "string",
                "description_kind": "plain",
                "optional": true,
                "computed": true
              },
              "ignore_public_acls": {
                "type": "bool",
                "description_kind": "plain",
                "optional": true
              },
              "restrict_public_buckets": {
                "type": "bool",
                "description_kind": "plain",
                "optional": true
              }
            },
            "description_kind": "plain"
          }
        },
        "aws_s3_bucket_server_side_encryption_configuration": {
          "version": 0,
          "block": {
            "attributes": {
              "bucket": {
                "type": "string",
                "description_kind": "plain",
                "required": true
              },
              "expected_bucket_owner": {
                "type": "string",
                "description_kind": "plain",
                "optional": true
              },
              "id": {
                "type": "string",
                "description_kind": "plain",
                "optional": true,
                "computed": true
              }
            },
            "block_types": {
              "rule": {
                "nesting_mode": "set",
                "block": {
                  "attributes": {
                    "bucket_key_enabled": {
                      "type": "bool",
                      "description_kind": "plain",
                      "optional": true
                    }
                  },
                  "block_types": {
                    "apply_server_side_encryption_by_default": {
                      "nesting_mode": "list",
                      "block": {
                        "attributes": {
                          "kms_master_key_id": {
                            "type": "string",
                            "description_kind": "plain",
                            "optional": true
                          },
                          "sse_algorithm": {
                            "type": "string",
                            "description_kind": "plain",
                            "required": true
                          }
                        },
                        "description_kind": "plain"
                      },
                      "max_items": 1
                    }
                  },
                  "description_kind": "plain"
                },
                "min_items": 1
              }
            },
            "description_kind": "plain"
          }
        },
        "aws_s3_bucket_versioning": {
          "version": 0,
          "block": {
            "attributes": {
              "bucket": {
                "type": "string",
                "description_kind": "plain",
                "required": true
              },
              "expected_bucket_owner": {
                "type": "string",
                "description_kind": "plain",
                "optional": true
              },
              "id": {
                "type": "string",
                "description_kind": "plain",
                "optional": true,
                "computed": true
              },
              "mfa": {
                "type": "string",
                "description_kind": "plain",
                "optional": true
              }
            },
            "block_types": {
              "versioning_configuration": {
                "nesting_mode": "list",
                "block": {
                  "attributes": {
                    "mfa_delete": {
                      "type": "string",
                      "description_kind": "plain",
                      "optional": true,
                      "computed": true
                    },
                    "status": {
                      "type": "string",
                      "description_kind": "plain",
                      "required": true
                    }
                  },
                  "description_kind": "plain"
                },
                "min_items": 1,
                "max_items": 1
              }
            },
            "description_kind": "plain"
          }
        },
        "aws_secretsmanager_secret": {
          "version": 0,
          "block": {
            "attributes": {
              "arn": {
                "type": "string",
                "description_kind": "plain",
                "computed": true
              },
              "description": {
                "type": "string",
                "description_kind": "plain",
                "optional": true
              },
              "force_overwrite_replica_secret": {
                "type": "bool",
                "description_kind": "plain",
                "optional": true
              },
              "id": {
                "type": "string",
                "description_kind": "plain",
                "optional": true,
                "computed": true
              },
              "kms_key_id": {
                "type": "string",
                "description_kind": "plain",
                "optional": true
              },
              "name": {
                "type": "string",
                "description_kind": "plain",
                "optional": true,
                "computed": true
              },
              "name_prefix": {
                "type": "string",
                "description_kind": "plain",
                "optional": true,
                "computed": true
              },
              "policy": {
                "type": "string",
                "description_kind": "plain",
                "optional": true,
                "computed": true
              },
              "recovery_window_in_days": {
                "type": "number",
                "description_kind": "plain",
                "optional": true
              },
              "tags": {
                "type": [
                  "map",
                  "string"
                ],
                "description_kind": "plain",
                "optional": true
              },
              "tags_all": {
                "type": [
                  "map",
                  "string"
                ],
                "description_kind": "plain",
                "optional": true,
                "computed": true
              }
            },
            "block_types": {
              "replica": {
                "nesting_mode": "set",
                "block": {
                  "attributes": {
                    "kms_key_id": {
                      "type": "string",
                      "description_kind": "plain",
                      "optional": true,
                      "computed": true
                    },
                    "last_accessed_date": {
                      "type": "string",
                      "description_kind": "plain",
                      "computed": true
                    },
                    "region": {
                      "type": "string",
                      "description_kind": "plain",
                      "required": true
                    },
                    "status": {
                      "type": "string",
                      "description_kind": "plain",
                      "computed": true
                    },
                    "status_message": {
                      "type": "string",
                      "description_kind": "plain",
                      "computed": true
                    }
                  },
                  "description_kind": "plain"
                }
              }
            },
            "description_kind": "plain"
          }
        },
        "aws_security_group": {
          "version": 1,
          "block": {
            "attributes": {
              "arn": {
                "type": "string",
                "description_kind": "plain",
                "computed": true
              },
              "description": {
                "type": "string",
                "description_kind": "plain",
                "optional": true
              },
              "egress": {
                "type": [
                  "set",
                  [
                    "object",
                    {
                      "cidr_blocks": [
                        "list",
                        "string"
                      ],
                      "description": "string",
                      "from_port": "number",
                      "ipv6_cidr_blocks": [
                        "list",
                        "string"
                      ],
                      "prefix_list_ids": [
                        "list",
                        "string"
                      ],
                      "protocol": "string",
                      "security_groups": [
                        "set",
                        "string"
                      ],
                      "self": "bool",
                      "to_port": "number"
                    }
                  ]
                ],
                "description_kind": "plain",
                "optional": true,
                "computed": true
              },
              "id": {
                "type": "string",
                "description_kind": "plain",
                "optional": true,
                "computed": true
              },
              "ingress": {
                "type": [
                  "set",
                  [
                    "object",
                    {
                      "cidr_blocks": [
                        "list",
                        "string"
                      ],
                      "description": "string",
                      "from_port": "number",
                      "ipv6_cidr_blocks": [
                        "list",
                        "string"
                      ],
                      "prefix_list_ids": [
                        "list",
                        "string"
                      ],
                      "protocol": "string",
                      "security_groups": [
                        "set",
                        "string"
                      ],
                      "self": "bool",
                      "to_port": "number"
                    }
                  ]
                ],
                "description_kind": "plain",
                "optional": true,
                "computed": true
              },
              "name": {
                "type": "string",
                "description_kind": "plain",
                "optional": true,
                "computed": true
              },
              "name_prefix": {
                "type": "string",
                "description_kind": "plain",
                "optional": true,
                "computed": true
              },
              "owner_id": {
                "type": "string",
                "description_kind": "plain",
                "computed": true
              },
              "revoke_rules_on_delete": {
                "type": "bool",
                "description_kind": "plain",
                "optional": true
              },
              "tags": {
                "type": [
                  "map",
                  "string"
                ],
                "description_kind": "plain",
                "optional": true
              },
              "tags_all": {
                "type": [
                  "map",
                  "string"
                ],
                "description_kind": "plain",
                "optional": true,
                "computed": true
              },
              "vpc_id": {
                "type": "string",
                "description_kind": "plain",
                "optional": true,
                "computed": true
              }
            },
            "block_types": {
              "timeouts": {
                "nesting_mode": "single",
                "block": {
                  "attributes": {
                    "create": {
                      "type": "string",
                      "description_kind": "plain",
                      "optional": true
                    },
                    "delete": {
                      "type": "string",
                      "description_kind": "plain",
                      "optional": true
                    }
                  },
                  "description_kind": "plain"
                }
              }
            },
            "description_kind": "plain"
          }
        },
        "aws_service_discovery_private_dns_namespace": {
          "version": 0,
          "block": {
            "attributes": {
              "arn": {
                "type": "string",
                "description_kind": "plain",
                "computed": true
              },
              "description": {
                "type": "string",
                "description_kind": "plain",
                "optional": true
              },
              "hosted_zone": {
                "type": "string",
                "description_kind": "plain",
                "computed": true
              },
              "id": {
                "type": "string",
                "description_kind": "plain",
                "optional": true,
                "computed": true
              },
              "name": {
                "type": "string",
                "description_kind": "plain",
                "required": true
              },
              "tags": {
                "type": [
                  "map",
                  "string"
                ],
                "description_kind": "plain",
                "optional": true
              },
              "tags_all": {
                "type": [
                  "map",
                  "string"
                ],
                "description_kind": "plain",
                "optional": true,
                "computed": true
              },
              "vpc": {
                "type": "string",
                "description_kind": "plain",
                "required": true
              }
            },
            "description_kind": "plain"
          }
        },
        "aws_sqs_queue": {
          "version": 0,
          "block": {
            "attributes": {
              "arn": {
                "type": "string",
                "description_kind": "plain",
                "computed": true
              },
              "content_based_deduplication": {
                "type": "bool",
                "description_kind": "plain",
                "optional": true
              },
              "deduplication_scope": {
                "type": "string",
                "description_kind": "plain",
                "optional": true,
                "computed": true
              },
              "delay_seconds": {
                "type": "number",
                "description_kind": "plain",
                "optional": true
              },
              "fifo_queue": {
                "type": "bool",
                "description_kind": "plain",
                "optional": true
              },
              "fifo_throughput_limit": {
                "type": "string",
                "description_kind": "plain",
                "optional": true,
                "computed": true
              },
              "id": {
                "type": "string",
                "description_kind": "plain",
                "optional": true,
                "computed": true
              },
              "kms_data_key_reuse_period_seconds": {
                "type": "number",
                "description_kind": "plain",
                "optional": true,
                "computed": true
              },
              "kms_master_key_id": {
                "type": "string",
                "description_kind": "plain",
                "optional": true
              },
              "max_message_size": {
                "type": "number",
                "description_kind": "plain",
                "optional": true
              },
              "message_retention_seconds": {
                "type": "number",
                "description_kind": "plain",
                "optional": true
              },
              "name": {
                "type": "string",
                "description_kind": "plain",
                "optional": true,
                "computed": true
              },
              "name_prefix": {
                "type": "string",
                "description_kind": "plain",
                "optional": true,
                "computed": true
              },
              "policy": {
                "type": "string",
                "description_kind": "plain",
                "optional": true,
                "computed": true
              },
              "receive_wait_time_seconds": {
                "type": "number",
                "description_kind": "plain",
                "optional": true
              },
              "redrive_allow_policy": {
                "type": "string",
                "description_kind": "plain",
                "optional": true,
                "computed": true
              },
              "redrive_policy": {
                "type": "string",
                "description_kind": "plain",
                "optional": true,
                "computed": true
              },
              "sqs_managed_sse_enabled": {
                "type": "bool",
                "description_kind": "plain",
                "optional": true,
                "computed": true
              },
              "tags": {
                "type": [
                  "map",
                  "string"
                ],
                "description_kind": "plain",
                "optional": true
              },
              "tags_all": {
                "type": [
                  "map",
                  "string"
                ],
                "description_kind": "plain",
                "optional": true,
                "computed": true
              },
              "url": {
                "type": "string",
                "description_kind": "plain",
                "computed": true
              },
              "visibility_timeout_seconds": {
                "type": "number",
                "description_kind": "plain",
                "optional": true
              }
            },
            "description_kind": "plain"
          }
        },
        "aws_subnet": {
          "version": 1,
          "block": {
            "attributes": {
              "arn": {
                "type": "string",
                "description_kind": "plain",
                "computed": true
              },
              "assign_ipv6_address_on_creation": {
                "type": "bool",
                "description_kind": "plain",
                "optional": true
              },
              "availability_zone": {
                "type": "string",
                "description_kind": "plain",
                "optional": true,
                "computed": true
              },
              "availability_zone_id": {
                "type": "string",
                "description_kind": "plain",
                "optional": true,
                "computed": true
              },
              "cidr_block": {
                "type": "string",
                "description_kind": "plain",
                "optional": true
              },
              "customer_owned_ipv4_pool": {
                "type": "string",
                "description_kind": "plain",
                "optional": true
              },
              "enable_dns64": {
                "type": "bool",
                "description_kind": "plain",
                "optional": true
              },
              "enable_lni_at_device_index": {
                "type": "number",
                "description_kind": "plain",
                "optional": true
              },
              "enable_resource_name_dns_a_record_on_launch": {
                "type": "bool",
                "description_kind": "plain",
                "optional": true
              },
              "enable_resource_name_dns_aaaa_record_on_launch": {
                "type": "bool",
                "description_kind": "plain",
                "optional": true
              },
              "id": {
                "type": "string",
                "description_kind": "plain",
                "optional": true,
                "computed": true
              },
              "ipv6_cidr_block": {
                "type": "string",
                "description_kind": "plain",
                "optional": true
              },
              "ipv6_cidr_block_association_id": {
                "type": "string",
                "description_kind": "plain",
                "computed": true
              },
              "ipv6_native": {
                "type": "bool",
                "description_kind": "plain",
                "optional": true
              },
              "map_customer_owned_ip_on_launch": {
                "type": "bool",
                "description_kind": "plain",
                "optional": true
              },
              "map_public_ip_on_launch": {
                "type": "bool",
                "description_kind": "plain",
                "optional": true
              },
              "outpost_arn": {
                "type": "string",
                "description_kind": "plain",
                "optional": true
              },
              "owner_id": {
                "type": "string",
                "description_kind": "plain",
                "computed": true
              },
              "private_dns_hostname_type_on_launch": {
                "type": "string",
                "description_kind": "plain",
                "optional": true,
                "computed": true
              },
              "tags": {
                "type": [
                  "map",
                  "string"
                ],
                "description_kind": "plain",
                "optional": true
              },
              "tags_all": {
                "type": [
                  "map",
                  "string"
                ],
                "description_kind": "plain",
                "optional": true,
                "computed": true
              },
              "vpc_id": {
                "type": "string",
                "description_kind": "plain",
                "required": true
              }
            },
            "block_types": {
              "timeouts": {
                "nesting_mode": "single",
                "block": {
                  "attributes": {
                    "create": {
                      "type": "string",
                      "description_kind": "plain",
                      "optional": true
                    },
                    "delete": {
                      "type": "string",
                      "description_kind": "plain",
                      "optional": true
                    }
                  },
                  "description_kind": "plain"
                }
              }
            },
            "description_kind": "plain"
          }
        },
        "aws_vpc": {
          "version": 1,
          "block": {
            "attributes": {
              "arn": {
                "type": "string",
                "description_kind": "plain",
                "computed": true
              },
              "assign_generated_ipv6_cidr_block": {
                "type": "bool",
                "description_kind": "plain",
                "optional": true
              },
              "cidr_block": {
                "type": "string",
                "description_kind": "plain",
                "optional": true,
                "computed": true
              },
              "default_network_acl_id": {
                "type": "string",
                "description_kind": "plain",
                "computed": true
              },
              "default_route_table_id": {
                "type": "string",
                "description_kind": "plain",
                "computed": true
              },
              "default_security_group_id": {
                "type": "string",
                "description_kind": "plain",
                "computed": true
              },
              "dhcp_options_id": {
                "type": "string",
                "description_kind": "plain",
                "computed": true
              },
              "enable_dns_hostnames": {
                "type": "bool",
                "description_kind": "plain",
                "optional": true,
                "computed": true
              },
              "enable_dns_support": {
                "type": "bool",
                "description_kind": "plain",
                "optional": true
              },
              "enable_network_address_usage_metrics": {
                "type": "bool",
                "description_kind": "plain",
                "optional": true,
                "computed": true
              },
              "id": {
                "type": "string",
                "description_kind": "plain",
                "optional": true,
                "computed": true
              },
              "instance_tenancy": {
                "type": "string",
                "description_kind": "plain",
                "optional": true
              },
              "ipv4_ipam_pool_id": {
                "type": "string",
                "description_kind": "plain",
                "optional": true
              },
              "ipv4_netmask_length": {
                "type": "number",
                "description_kind": "plain",
                "optional": true
              },
              "ipv6_association_id": {
                "type": "string",
                "description_kind": "plain",
                "computed": true
              },
              "ipv6_cidr_block": {
                "type": "string",
                "description_kind": "plain",
                "optional": true,
                "computed": true
              },
              "ipv6_cidr_block_network_border_group": {
                "type": "string",
                "description_kind": "plain",
                "optional": true,
                "computed": true
              },
              "ipv6_ipam_pool_id": {
                "type": "string",
                "description_kind": "plain",
                "optional": true
              },
              "ipv6_netmask_length": {
                "type": "number",
                "description_kind": "plain",
                "optional": true
              },
              "main_route_table_id": {
                "type": "string",
                "description_kind": "plain",
                "computed": true
              },
              "owner_id": {
                "type": "string",
                "description_kind": "plain",
                "computed": true
              },
              "tags": {
                "type": [
                  "map",
                  "string"
                ],
                "description_kind": "plain",
                "optional": true
              },
              "tags_all": {
                "type": [
                  "map",
                  "string"
                ],
                "description_kind": "plain",
                "optional": true,
                "computed": true
              }
            },
            "description_kind": "plain"
          }
        }
      }
    }
  }
}
