{
  "format_version": "1.0",
  "provider_schemas": {
    "registry.terraform.io/hashicorp/aws": {
      "provider": {
        "version": 0,
        "block": {
          "attributes": {
            "access_key": {
              "type": "string",
              "description": "The access key for API operations. You can retrieve this\nfrom the 'Security \u0026 Credentials' section of the AWS console.",
              "description_kind": "plain",
              "optional": true
            },
            "allowed_account_ids": {
              "type": [
                "set",
                "string"
              ],
              "description_kind": "plain",
              "optional": true
            },
            "custom_ca_bundle": {
              "type": "string",
              "description": "File containing custom root and intermediate certificates. Can also be configured using the `AWS_CA_BUNDLE` environment variable. (Setting `ca_bundle` in the shared config file is not supported.)",
              "description_kind": "plain",
              "optional": true
            },
            "ec2_metadata_service_endpoint": {
              "type": "string",
              "description": "Address of the EC2 metadata service endpoint to use. Can also be configured using the `AWS_EC2_METADATA_SERVICE_ENDPOINT` environment variable.",
              "description_kind": "plain",
              "optional": true
            },
            "ec2_metadata_service_endpoint_mode": {
              "type": "string",
              "description": "Protocol to use with EC2 metadata service endpoint.Valid values are `IPv4` and `IPv6`. Can also be configured using the `AWS_EC2_METADATA_SERVICE_ENDPOINT_MODE` environment variable.",
              "description_kind": "plain",
              "optional": true
            },
            "forbidden_account_ids": {
              "type": [
                "set",
                "string"
              ],
              "description_kind": "plain",
              "optional": true
            },
            "http_proxy": {
              "type": "string",
              "description": "URL of a proxy to use for HTTP requests when accessing the AWS API. Can also be set using the `HTTP_PROXY` or `http_proxy` environment variables.",
              "description_kind": "plain",
              "optional": true
            },
            "https_proxy": {
              "type": "string",
              "description": "URL of a proxy to use for HTTPS requests when accessing the AWS API. Can also be set using the `HTTPS_PROXY` or `https_proxy` environment variables.",
              "description_kind": "plain",
              "optional": true
            },
            "insecure": {
              "type": "bool",
              "description": "Explicitly allow the provider to perform \"insecure\" SSL requests. If omitted, default value is `false`",
              "description_kind": "plain",
              "optional": true
            },
            "max_retries": {
              "type": "number",
              "description": "The maximum number of times an AWS API request is\nbeing executed. If the API request still fails, an error is\nthrown.",
              "description_kind": "plain",
              "optional": true
            },
            "no_proxy": {
              "type": "string",
              "description": "Comma-separated list of hosts that should not use HTTP or HTTPS proxies. Can also be set using the `NO_PROXY` or `no_proxy` environment variables.",
              "description_kind": "plain",
              "optional": true
            },
            "profile": {
              "type": "string",
              "description": "The profile for API operations. If not set, the default profile\ncreated with `aws configure` will be used.",
              "description_kind": "plain",
              "optional": true
            },
            "region": {
              "type": "string",
              "description": "The region where AWS operations will take place. Examples\nare us-east-1, us-west-2, etc.",
              "description_kind": "plain",
              "optional": true
            },
            "retry_mode": {
              "type": "string",
              "description": "Specifies how retries are attempted. Valid values are `standard` and `adaptive`. Can also be configured using the `AWS_RETRY_MODE` environment variable.",
              "description_kind": "plain",
              "optional": true
            },
            "s3_us_east_1_regional_endpoint": {
              "type": "string",
              "description": "Specifies whether S3 API calls in the `us-east-1` region use the legacy global endpoint or a regional endpoint. Valid values are `legacy` or `regional`. Can also be configured using the `AWS_S3_US_EAST_1_REGIONAL_ENDPOINT` environment variable or the `s3_us_east_1_regional_endpoint` shared config file parameter",
              "description_kind": "plain",
              "optional": true
            },
            "s3_use_path_style": {
              "type": "bool",
              "description": "Set this to true to enable the request to use path-style addressing,\ni.e., https://s3.amazonaws.com/BUCKET/KEY. By default, the S3 client will\nuse virtual hosted bucket addressing when possible\n(https://BUCKET.s3.amazonaws.com/KEY). Specific to the Amazon S3 service.",
              "description_kind": "plain",
              "optional": true
            },
            "secret_key": {
              "type": "string",
              "description": "The secret key for API operations. You can retrieve this\nfrom the 'Security \u0026 Credentials' section of the AWS console.",
              "description_kind": "plain",
              "optional": true
            },
            "shared_config_files": {
              "type": [
                "list",
                "string"
              ],
              "description": "List of paths to shared config files. If not set, defaults to [~/.aws/config].",
              "description_kind": "plain",
              "optional": true
            },
            "shared_credentials_files": {
              "type": [
                "list",
                "string"
              ],
              "description": "List of paths to shared credentials files. If not set, defaults to [~/.aws/credentials].",
              "description_kind": "plain",
              "optional": true
            },
            "skip_credentials_validation": {
              "type": "bool",
              "description": "Skip the credentials validation via STS API. Used for AWS API implementations that do not have STS available/implemented.",
              "description_kind": "plain",
              "optional": true
            },
            "skip_metadata_api_check": {
              "type": "string",
              "description": "Skip the AWS Metadata API check. Used for AWS API implementations that do not have a metadata api endpoint.",
              "description_kind": "plain",
              "optional": true
            },
            "skip_region_validation": {
              "type": "bool",
              "description": "Skip static validation of region name. Used by users of alternative AWS-like APIs or users w/ access to regions that are not public (yet).",
              "description_kind": "plain",
              "optional": true
            },
            "skip_requesting_account_id": {
              "type": "bool",
              "description": "Skip requesting the account ID. Used for AWS API implementations that do not have IAM/STS API and/or metadata API.",
              "description_kind": "plain",
              "optional": true
            },
            "sts_region": {
              "type": "string",
              "description": "The region where AWS STS operations will take place. Examples\nare us-east-1 and us-west-2.",
              "description_kind": "plain",
              "optional": true
            },
            "token": {
              "type": "string",
              "description": "session token. A session token is only required if you are\nusing temporary security credentials.",
              "description_kind": "plain",
              "optional": true
            },
            "token_bucket_rate_limiter_capacity": {
              "type": "number",
              "description": "The capacity of the AWS SDK's token bucket rate limiter.",
              "description_kind": "plain",
              "optional": true
            },
            "use_dualstack_endpoint": {
              "type": "bool",
              "description": "Resolve an endpoint with DualStack capability",
              "description_kind": "plain",
              "optional": true
            },
            "use_fips_endpoint": {
              "type": "bool",
              "description": "Resolve an endpoint with FIPS capability",
              "description_kind": "plain",
              "optional": true
            }
          },
          "block_types": {
            "assume_role": {
              "nesting_mode": "list",
              "block": {
                "attributes": {
                  "duration": {
                    "type": "string",
                    "description": "The duration, between 15 minutes and 12 hours, of the role session. Valid time units are ns, us (or µs), ms, s, h, or m.",
                    "description_kind": "plain",
                    "optional": true
                  },
                  "external_id": {
                    "type": "string",
                    "description": "A unique identifier that might be required when you assume a role in another account.",
                    "description_kind": "plain",
                    "optional": true
                  },
                  "policy": {
                    "type": "string",
                    "description": "IAM Policy JSON describing further restricting permissions for the IAM Role being assumed.",
                    "description_kind": "plain",
                    "optional": true
                  },
                  "policy_arns": {
                    "type": [
                      "set",
                      "string"
                    ],
                    "description": "Amazon Resource Names (ARNs) of IAM Policies describing further restricting permissions for the IAM Role being assumed.",
                    "description_kind": "plain",
                    "optional": true
                  },
                  "role_arn": {
                    "type": "string",
                    "description": "Amazon Resource Name (ARN) of an IAM Role to assume prior to making API calls.",
                    "description_kind": "plain",
                    "optional": true
                  },
                  "session_name": {
                    "type": "string",
                    "description": "An identifier for the assumed role session.",
                    "description_kind": "plain",
                    "optional": true
                  },
                  "source_identity": {
                    "type": "string",
                    "description": "Source identity specified by the principal assuming the role.",
                    "description_kind": "plain",
                    "optional": true
                  },
                  "tags": {
                    "type": [
                      "map",
                      "string"
                    ],
                    "description": "Assume role session tags.",
                    "description_kind": "plain",
                    "optional": true
                  },
                  "transitive_tag_keys": {
                    "type": [
                      "set",
                      "string"
                    ],
                    "description": "Assume role session tag keys to pass to any subsequent sessions.",
                    "description_kind": "plain",
                    "optional": true
                  }
                },
                "description_kind": "plain"
              }
            },
            "assume_role_with_web_identity": {
              "nesting_mode": "list",
              "block": {
                "attributes": {
                  "duration": {
                    "type": "string",
                    "description": "The duration, between 15 minutes and 12 hours, of the role session. Valid time units are ns, us (or µs), ms, s, h, or m.",
                    "description_kind": "plain",
                    "optional": true
                  },
                  "policy": {
                    "type": "string",
                    "description": "IAM Policy JSON describing further restricting permissions for the IAM Role being assumed.",
                    "description_kind": "plain",
                    "optional": true
                  },
                  "policy_arns": {
                    "type": [
                      "set",
                      "string"
                    ],
                    "description": "Amazon Resource Names (ARNs) of IAM Policies describing further restricting permissions for the IAM Role being assumed.",
                    "description_kind": "plain",
                    "optional": true
                  },
                  "role_arn": {
                    "type": "string",
                    "description": "Amazon Resource Name (ARN) of an IAM Role to assume prior to making API calls.",
                    "description_kind": "plain",
                    "optional": true
                  },
                  "session_name": {
                    "type": "string",
                    "description": "An identifier for the assumed role session.",
                    "description_kind": "plain",
                    "optional": true
                  },
                  "web_identity_token": {
                    "type": "string",
                    "description_kind": "plain",
                    "optional": true
                  },
                  "web_identity_token_file": {
                    "type": "string",
                    "description_kind": "plain",
                    "optional": true
                  }
                },
                "description_kind": "plain"
              }
            },
            "default_tags": {
              "nesting_mode": "list",
              "block": {
                "attributes": {
                  "tags": {
                    "type": [
                      "map",
                      "string"
                    ],
                    "description": "Resource tags to default across all resources. Can also be configured with environment variables like `TF_AWS_DEFAULT_TAGS_\u003ctag_name\u003e`.",
                    "description_kind": "plain",
                    "optional": true
                  }
                },
                "description": "Configuration block with settings to default resource tags across all resources.",
                "description_kind": "plain"
              }
            },
            "endpoints": {
              "nesting_mode": "set",
              "block": {
                "attributes": {
                  "accessanalyzer": {
                    "type": "string",
                    "description": "Use this to override the default service endpoint URL",
                    "description_kind": "plain",
                    "optional": true
                  },
                  "account": {
                    "type": "string",
                    "description": "Use this to override the default service endpoint URL",
                    "description_kind": "plain",
                    "optional": true
                  },
                  "acm": {
                    "type": "string",
                    "description": "Use this to override the default service endpoint URL",
                    "description_kind": "plain",
                    "optional": true
                  },
                  "acmpca": {
                    "type": "string",
                    "description": "Use this to override the default service endpoint URL",
                    "description_kind": "plain",
                    "optional": true
                  },
                  "amg": {
                    "type": "string",
                    "description": "Use this to override the default service endpoint URL",
                    "description_kind": "plain",
                    "optional": true
                  },
                  "amp": {
                    "type": "string",
                    "description": "Use this to override the default service endpoint URL",
                    "description_kind": "plain",
                    "optional": true
                  },
                  "amplify": {
                    "type": "string",
                    "description": "Use this to override the default service endpoint URL",
                    "description_kind": "plain",
                    "optional": true
                  },
                  "apigateway": {
                    "type": "string",
                    "description": "Use this to override the default service endpoint URL",
                    "description_kind": "plain",
                    "optional": true
                  },
                  "apigatewayv2": {
                    "type": "string",
                    "description": "Use this to override the default service endpoint URL",
                    "description_kind": "plain",
                    "optional": true
                  },
                  "appautoscaling": {
                    "type": "string",
                    "description": "Use this to override the default service endpoint URL",
                    "description_kind": "plain",
                    "optional": true
                  },
                  "appconfig": {
                    "type": "string",
                    "description": "Use this to override the default service endpoint URL",
                    "description_kind": "plain",
                    "optional": true
                  },
                  "appfabric": {
                    "type": "string",
                    "description": "Use this to override the default service endpoint URL",
                    "description_kind": "plain",
                    "optional": true
                  },
                  "appflow": {
                    "type": "string",
                    "description": "Use this to override the default service endpoint URL",
                    "description_kind": "plain",
                    "optional": true
                  },
                  "appintegrations": {
                    "type": "string",
                    "description": "Use this to override the default service endpoint URL",
                    "description_kind": "plain",
                    "optional": true
                  },
                  "appintegrationsservice": {
                    "type": "string",
                    "description": "Use this to override the default service endpoint URL",
                    "description_kind": "plain",
                    "optional": true
                  },
                  "applicationautoscaling": {
                    "type": "string",
                    "description": "Use this to override the default service endpoint URL",
                    "description_kind": "plain",
                    "optional": true
                  },
                  "applicationinsights": {
                    "type": "string",
                    "description": "Use this to override the default service endpoint URL",
                    "description_kind": "plain",
                    "optional": true
                  },
                  "applicationsignals": {
                    "type": "string",
                    "description": "Use this to override the default service endpoint URL",
                    "description_kind": "plain",
                    "optional": true
                  },
                  "appmesh": {
                    "type": "string",
                    "description": "Use this to override the default service endpoint URL",
                    "description_kind": "plain",
                    "optional": true
                  },
                  "appregistry": {
                    "type": "string",
                    "description": "Use this to override the default service endpoint URL",
                    "description_kind": "plain",
                    "optional": true
                  },
                  "apprunner": {
                    "type": "string",
                    "description": "Use this to override the default service endpoint URL",
                    "description_kind": "plain",
                    "optional": true
                  },
                  "appstream": {
                    "type": "string",
                    "description": "Use this to override the default service endpoint URL",
                    "description_kind": "plain",
                    "optional": true
                  },
                  "appsync": {
                    "type": "string",
                    "description": "Use this to override the default service endpoint URL",
                    "description_kind": "plain",
                    "optional": true
                  },
                  "athena": {
                    "type": "string",
                    "description": "Use this to override the default service endpoint URL",
                    "description_kind": "plain",
                    "optional": true
                  },
                  "auditmanager": {
                    "type": "string",
                    "description": "Use this to override the default service endpoint URL",
                    "description_kind": "plain",
                    "optional": true
                  },
                  "autoscaling": {
                    "type": "string",
                    "description": "Use this to override the default service endpoint URL",
                    "description_kind": "plain",
                    "optional": true
                  },
                  "autoscalingplans": {
                    "type": "string",
                    "description": "Use this to override the default service endpoint URL",
                    "description_kind": "plain",
                    "optional": true
                  },
                  "backup": {
                    "type": "string",
                    "description": "Use this to override the default service endpoint URL",
                    "description_kind": "plain",
                    "optional": true
                  },
                  "batch": {
                    "type": "string",
                    "description": "Use this to override the default service endpoint URL",
                    "description_kind": "plain",
                    "optional": true
                  },
                  "bcmdataexports": {
                    "type": "string",
                    "description": "Use this to override the default service endpoint URL",
                    "description_kind": "plain",
                    "optional": true
                  },
                  "beanstalk": {
                    "type": "string",
                    "description": "Use this to override the default service endpoint URL",
                    "description_kind": "plain",
                    "optional": true
                  },
                  "bedrock": {
                    "type": "string",
                    "description": "Use this to override the default service endpoint URL",
                    "description_kind": "plain",
                    "optional": true
                  },
                  "bedrockagent": {
                    "type": "string",
                    "description": "Use this to override the default service endpoint URL",
                    "description_kind": "plain",
                    "optional": true
                  },
                  "budgets": {
                    "type": "string",
                    "description": "Use this to override the default service endpoint URL",
                    "description_kind": "plain",
                    "optional": true
                  },
                  "ce": {
                    "type": "string",
                    "description": "Use this to override the default service endpoint URL",
                    "description_kind": "plain",
                    "optional": true
                  },
                  "chatbot": {
                    "type": "string",
                    "description": "Use this to override the default service endpoint URL",
                    "description_kind": "plain",
                    "optional": true
                  },
                  "chime": {
                    "type": "string",
                    "description": "Use this to override the default service endpoint URL",
                    "description_kind": "plain",
                    "optional": true
                  },
                  "chimesdkmediapipelines": {
                    "type": "string",
                    "description": "Use this to override the default service endpoint URL",
                    "description_kind": "plain",
                    "optional": true
                  },
                  "chimesdkvoice": {
                    "type": "string",
                    "description": "Use this to override the default service endpoint URL",
                    "description_kind": "plain",
                    "optional": true
                  },
                  "cleanrooms": {
                    "type": "string",
                    "description": "Use this to override the default service endpoint URL",
                    "description_kind": "plain",
                    "optional": true
                  },
                  "cloud9": {
                    "type": "string",
                    "description": "Use this to override the default service endpoint URL",
                    "description_kind": "plain",
                    "optional": true
                  },
                  "cloudcontrol": {
                    "type": "string",
                    "description": "Use this to override the default service endpoint URL",
                    "description_kind": "plain",
                    "optional": true
                  },
                  "cloudcontrolapi": {
                    "type": "string",
                    "description": "Use this to override the default service endpoint URL",
                    "description_kind": "plain",
                    "optional": true
                  },
                  "cloudformation": {
                    "type": "string",
                    "description": "Use this to override the default service endpoint URL",
                    "description_kind": "plain",
                    "optional": true
                  },
                  "cloudfront": {
                    "type": "string",
                    "description": "Use this to override the default service endpoint URL",
                    "description_kind": "plain",
                    "optional": true
                  },
                  "cloudfrontkeyvaluestore": {
                    "type": "string",
                    "description": "Use this to override the default service endpoint URL",
                    "description_kind": "plain",
                    "optional": true
                  },
                  "cloudhsm": {
                    "type": "string",
                    "description": "Use this to override the default service endpoint URL",
                    "description_kind": "plain",
                    "optional": true
                  },
                  "cloudhsmv2": {
                    "type": "string",
                    "description": "Use this to override the default service endpoint URL",
                    "description_kind": "plain",
                    "optional": true
                  },
                  "cloudsearch": {
                    "type": "string",
                    "description": "Use this to override the default service endpoint URL",
                    "description_kind": "plain",
                    "optional": true
                  },
                  "cloudtrail": {
                    "type": "string",
                    "description": "Use this to override the default service endpoint URL",
                    "description_kind": "plain",
                    "optional": true
                  },
                  "cloudwatch": {
                    "type": "string",
                    "description": "Use this to override the default service endpoint URL",
                    "description_kind": "plain",
                    "optional": true
                  },
                  "cloudwatchevents": {
                    "type": "string",
                    "description": "Use this to override the default service endpoint URL",
                    "description_kind": "plain",
                    "optional": true
                  },
                  "cloudwatchevidently": {
                    "type": "string",
                    "description": "Use this to override the default service endpoint URL",
                    "description_kind": "plain",
                    "optional": true
                  },
                  "cloudwatchlog": {
                    "type": "string",
                    "description": "Use this to override the default service endpoint URL",
                    "description_kind": "plain",
                    "optional": true
                  },
                  "cloudwatchlogs": {
                    "type": "string",
                    "description": "Use this to override the default service endpoint URL",
                    "description_kind": "plain",
                    "optional": true
                  },
                  "cloudwatchobservabilityaccessmanager": {
                    "type": "string",
                    "description": "Use this to override the default service endpoint URL",
                    "description_kind": "plain",
                    "optional": true
                  },
                  "cloudwatchrum": {
                    "type": "string",
                    "description": "Use this to override the default service endpoint URL",
                    "description_kind": "plain",
                    "optional": true
                  },
                  "codeartifact": {
                    "type": "string",
                    "description": "Use this to override the default service endpoint URL",
                    "description_kind": "plain",
                    "optional": true
                  },
                  "codebuild": {
                    "type": "string",
                    "description": "Use this to override the default service endpoint URL",
                    "description_kind": "plain",
                    "optional": true
                  },
                  "codecatalyst": {
                    "type": "string",
                    "description": "Use this to override the default service endpoint URL",
                    "description_kind": "plain",
                    "optional": true
                  },
                  "codecommit": {
                    "type": "string",
                    "description": "Use this to override the default service endpoint URL",
                    "description_kind": "plain",
                    "optional": true
                  },
                  "codeconnections": {
                    "type": "string",
                    "description": "Use this to override the default service endpoint URL",
                    "description_kind": "plain",
                    "optional": true
                  },
                  "codedeploy": {
                    "type": "string",
                    "description": "Use this to override the default service endpoint URL",
                    "description_kind": "plain",
                    "optional": true
                  },
                  "codeguruprofiler": {
                    "type": "string",
                    "description": "Use this to override the default service endpoint URL",
                    "description_kind": "plain",
                    "optional": true
                  },
                  "codegurureviewer": {
                    "type": "string",
                    "description": "Use this to override the default service endpoint URL",
                    "description_kind": "plain",
                    "optional": true
                  },
                  "codepipeline": {
                    "type": "string",
                    "description": "Use this to override the default service endpoint URL",
                    "description_kind": "plain",
                    "optional": true
                  },
                  "codestarconnections": {
                    "type": "string",
                    "description": "Use this to override the default service endpoint URL",
                    "description_kind": "plain",
                    "optional": true
                  },
                  "codestarnotifications": {
                    "type": "string",
                    "description": "Use this to override the default service endpoint URL",
                    "description_kind": "plain",
                    "optional": true
                  },
                  "cognitoidentity": {
                    "type": "string",
                    "description": "Use this to override the default service endpoint URL",
                    "description_kind": "plain",
                    "optional": true
                  },
                  "cognitoidentityprovider": {
                    "type": "string",
                    "description": "Use this to override the default service endpoint URL",
                    "description_kind": "plain",
                    "optional": true
                  },
                  "cognitoidp": {
                    "type": "string",
                    "description": "Use this to override the default service endpoint URL",
                    "description_kind": "plain",
                    "optional": true
                  },
                  "comprehend": {
                    "type": "string",
                    "description": "Use this to override the default service endpoint URL",
                    "description_kind": "plain",
                    "optional": true
                  },
                  "computeoptimizer": {
                    "type": "string",
                    "description": "Use this to override the default service endpoint URL",
                    "description_kind": "plain",
                    "optional": true
                  },
                  "config": {
                    "type": "string",
                    "description": "Use this to override the default service endpoint URL",
                    "description_kind": "plain",
                    "optional": true
                  },
                  "configservice": {
                    "type": "string",
                    "description": "Use this to override the default service endpoint URL",
                    "description_kind": "plain",
                    "optional": true
                  },
                  "connect": {
                    "type": "string",
                    "description": "Use this to override the default service endpoint URL",
                    "description_kind": "plain",
                    "optional": true
                  },
                  "connectcases": {
                    "type": "string",
                    "description": "Use this to override the default service endpoint URL",
                    "description_kind": "plain",
                    "optional": true
                  },
                  "controltower": {
                    "type": "string",
                    "description": "Use this to override the default service endpoint URL",
                    "description_kind": "plain",
                    "optional": true
                  },
                  "costandusagereportservice": {
                    "type": "string",
                    "description": "Use this to override the default service endpoint URL",
                    "description_kind": "plain",
                    "optional": true
                  },
                  "costexplorer": {
                    "type": "string",
                    "description": "Use this to override the default service endpoint URL",
                    "description_kind": "plain",
                    "optional": true
                  },
                  "costoptimizationhub": {
                    "type": "string",
                    "description": "Use this to override the default service endpoint URL",
                    "description_kind": "plain",
                    "optional": true
                  },
                  "cur": {
                    "type": "string",
                    "description": "Use this to override the default service endpoint URL",
                    "description_kind": "plain",
                    "optional": true
                  },
                  "customerprofiles": {
                    "type": "string",
                    "description": "Use this to override the default service endpoint URL",
                    "description_kind": "plain",
                    "optional": true
                  },
                  "databasemigration": {
                    "type": "string",
                    "description": "Use this to override the default service endpoint URL",
                    "description_kind": "plain",
                    "optional": true
                  },
                  "databasemigrationservice": {
                    "type": "string",
                    "description": "Use this to override the default service endpoint URL",
                    "description_kind": "plain",
                    "optional": true
                  },
                  "databrew": {
                    "type": "string",
                    "description": "Use this to override the default service endpoint URL",
                    "description_kind": "plain",
                    "optional": true
                  },
                  "dataexchange": {
                    "type": "string",
                    "description": "Use this to override the default service endpoint URL",
                    "description_kind": "plain",
                    "optional": true
                  },
                  "datapipeline": {
                    "type": "string",
                    "description": "Use this to override the default service endpoint URL",
                    "description_kind": "plain",
                    "optional": true
                  },
                  "datasync": {
                    "type": "string",
                    "description": "Use this to override the default service endpoint URL",
                    "description_kind": "plain",
                    "optional": true
                  },
                  "datazone": {
                    "type": "string",
                    "description": "Use this to override the default service endpoint URL",
                    "description_kind": "plain",
                    "optional": true
                  },
                  "dax": {
                    "type": "string",
                    "description": "Use this to override the default service endpoint URL",
                    "description_kind": "plain",
                    "optional": true
                  },
                  "deploy": {
                    "type": "string",
                    "description": "Use this to override the default service endpoint URL",
                    "description_kind": "plain",
                    "optional": true
                  },
                  "detective": {
                    "type": "string",
                    "description": "Use this to override the default service endpoint URL",
                    "description_kind": "plain",
                    "optional": true
                  },
                  "devicefarm": {
                    "type": "string",
                    "description": "Use this to override the default service endpoint URL",
                    "description_kind": "plain",
                    "optional": true
                  },
                  "devopsguru": {
                    "type": "string",
                    "description": "Use this to override the default service endpoint URL",
                    "description_kind": "plain",
                    "optional": true
                  },
                  "directconnect": {
                    "type": "string",
                    "description": "Use this to override the default service endpoint URL",
                    "description_kind": "plain",
                    "optional": true
                  },
                  "directoryservice": {
                    "type": "string",
                    "description": "Use this to override the default service endpoint URL",
                    "description_kind": "plain",
                    "optional": true
                  },
                  "dlm": {
                    "type": "string",
                    "description": "Use this to override the default service endpoint URL",
                    "description_kind": "plain",
                    "optional": true
                  },
                  "dms": {
                    "type": "string",
                    "description": "Use this to override the default service endpoint URL",
                    "description_kind": "plain",
                    "optional": true
                  },
                  "docdb": {
                    "type": "string",
                    "description": "Use this to override the default service endpoint URL",
                    "description_kind": "plain",
                    "optional": true
                  },
                  "docdbelastic": {
                    "type": "string",
                    "description": "Use this to override the default service endpoint URL",
                    "description_kind": "plain",
                    "optional": true
                  },
                  "drs": {
                    "type": "string",
                    "description": "Use this to override the default service endpoint URL",
                    "description_kind": "plain",
                    "optional": true
                  },
                  "ds": {
                    "type": "string",
                    "description": "Use this to override the default service endpoint URL",
                    "description_kind": "plain",
                    "optional": true
                  },
                  "dynamodb": {
                    "type": "string",
                    "description": "Use this to override the default service endpoint URL",
                    "description_kind": "plain",
                    "optional": true
                  },
                  "ec2": {
                    "type": "string",
                    "description": "Use this to override the default service endpoint URL",
                    "description_kind": "plain",
                    "optional": true
                  },
                  "ecr": {
                    "type": "string",
                    "description": "Use this to override the default service endpoint URL",
                    "description_kind": "plain",
                    "optional": true
                  },
                  "ecrpublic": {
                    "type": "string",
                    "description": "Use this to override the default service endpoint URL",
                    "description_kind": "plain",
                    "optional": true
                  },
                  "ecs": {
                    "type": "string",
                    "description": "Use this to override the default service endpoint URL",
                    "description_kind": "plain",
                    "optional": true
                  },
                  "efs": {
                    "type": "string",
                    "description": "Use this to override the default service endpoint URL",
                    "description_kind": "plain",
                    "optional": true
                  },
                  "eks": {
                    "type": "string",
                    "description": "Use this to override the default service endpoint URL",
                    "description_kind": "plain",
                    "optional": true
                  },
                  "elasticache": {
                    "type": "string",
                    "description": "Use this to override the default service endpoint URL",
                    "description_kind": "plain",
                    "optional": true
                  },
                  "elasticbeanstalk": {
                    "type": "string",
                    "description": "Use this to override the default service endpoint URL",
                    "description_kind": "plain",
                    "optional": true
                  },
                  "elasticloadbalancing": {
                    "type": "string",
                    "description": "Use this to override the default service endpoint URL",
                    "description_kind": "plain",
                    "optional": true
                  },
                  "elasticloadbalancingv2": {
                    "type": "string",
                    "description": "Use this to override the default service endpoint URL",
                    "description_kind": "plain",
                    "optional": true
                  },
                  "elasticsearch": {
                    "type": "string",
                    "description": "Use this to override the default service endpoint URL",
                    "description_kind": "plain",
                    "optional": true
                  },
                  "elasticsearchservice": {
                    "type": "string",
                    "description": "Use this to override the default service endpoint URL",
                    "description_kind": "plain",
                    "optional": true
                  },
                  "elastictranscoder": {
                    "type": "string",
                    "description": "Use this to override the default service endpoint URL",
                    "description_kind": "plain",
                    "optional": true
                  },
                  "elb": {
                    "type": "string",
                    "description": "Use this to override the default service endpoint URL",
                    "description_kind": "plain",
                    "optional": true
                  },
                  "elbv2": {
                    "type": "string",
                    "description": "Use this to override the default service endpoint URL",
                    "description_kind": "plain",
                    "optional": true
                  },
                  "emr": {
                    "type": "string",
                    "description": "Use this to override the default service endpoint URL",
                    "description_kind": "plain",
                    "optional": true
                  },
                  "emrcontainers": {
                    "type": "string",
                    "description": "Use this to override the default service endpoint URL",
                    "description_kind": "plain",
                    "optional": true
                  },
                  "emrserverless": {
                    "type": "string",
                    "description": "Use this to override the default service endpoint URL",
                    "description_kind": "plain",
                    "optional": true
                  },
                  "es": {
                    "type": "string",
                    "description": "Use this to override the default service endpoint URL",
                    "description_kind": "plain",
                    "optional": true
                  },
                  "eventbridge": {
                    "type": "string",
                    "description": "Use this to override the default service endpoint URL",
                    "description_kind": "plain",
                    "optional": true
                  },
                  "events": {
                    "type": "string",
                    "description": "Use this to override the default service endpoint URL",
                    "description_kind": "plain",
                    "optional": true
                  },
                  "evidently": {
                    "type": "string",
                    "description": "Use this to override the default service endpoint URL",
                    "description_kind": "plain",
                    "optional": true
                  },
                  "finspace": {
                    "type": "string",
                    "description": "Use this to override the default service endpoint URL",
                    "description_kind": "plain",
                    "optional": true
                  },
                  "firehose": {
                    "type": "string",
                    "description": "Use this to override the default service endpoint URL",
                    "description_kind": "plain",
                    "optional": true
                  },
                  "fis": {
                    "type": "string",
                    "description": "Use this to override the default service endpoint URL",
                    "description_kind": "plain",
                    "optional": true
                  },
                  "fms": {
                    "type": "string",
                    "description": "Use this to override the default service endpoint URL",
                    "description_kind": "plain",
                    "optional": true
                  },
                  "fsx": {
                    "type": "string",
                    "description": "Use this to override the default service endpoint URL",
                    "description_kind": "plain",
                    "optional": true
                  },
                  "gamelift": {
                    "type": "string",
                    "description": "Use this to override the default service endpoint URL",
                    "description_kind": "plain",
                    "optional": true
                  },
                  "glacier": {
                    "type": "string",
                    "description": "Use this to override the default service endpoint URL",
                    "description_kind": "plain",
                    "optional": true
                  },
                  "globalaccelerator": {
                    "type": "string",
                    "description": "Use this to override the default service endpoint URL",
                    "description_kind": "plain",
                    "optional": true
                  },
                  "glue": {
                    "type": "string",
                    "description": "Use this to override the default service endpoint URL",
                    "description_kind": "plain",
                    "optional": true
                  },
                  "gluedatabrew": {
                    "type": "string",
                    "description": "Use this to override the default service endpoint URL",
                    "description_kind": "plain",
                    "optional": true
                  },
                  "grafana": {
                    "type": "string",
                    "description": "Use this to override the default service endpoint URL",
                    "description_kind": "plain",
                    "optional": true
                  },
                  "greengrass": {
                    "type": "string",
                    "description": "Use this to override the default service endpoint URL",
                    "description_kind": "plain",
                    "optional": true
                  },
                  "groundstation": {
                    "type": "string",
                    "description": "Use this to override the default service endpoint URL",
                    "description_kind": "plain",
                    "optional": true
                  },
                  "guardduty": {
                    "type": "string",
                    "description": "Use this to override the default service endpoint URL",
                    "description_kind": "plain",
                    "optional": true
                  },
                  "healthlake": {
                    "type": "string",
                    "description": "Use this to override the default service endpoint URL",
                    "description_kind": "plain",
                    "optional": true
                  },
                  "iam": {
                    "type": "string",
                    "description": "Use this to override the default service endpoint URL",
                    "description_kind": "plain",
                    "optional": true
                  },
                  "identitystore": {
                    "type": "string",
                    "description": "Use this to override the default service endpoint URL",
                    "description_kind": "plain",
                    "optional": true
                  },
                  "imagebuilder": {
                    "type": "string",
                    "description": "Use this to override the default service endpoint URL",
                    "description_kind": "plain",
                    "optional": true
                  },
                  "inspector": {
                    "type": "string",
                    "description": "Use this to override the default service endpoint URL",
                    "description_kind": "plain",
                    "optional": true
                  },
                  "inspector2": {
                    "type": "string",
                    "description": "Use this to override the default service endpoint URL",
                    "description_kind": "plain",
                    "optional": true
                  },
                  "inspectorv2": {
                    "type": "string",
                    "description": "Use this to override the default service endpoint URL",
                    "description_kind": "plain",
                    "optional": true
                  },
                  "internetmonitor": {
                    "type": "string",
                    "description": "Use this to override the default service endpoint URL",
                    "description_kind": "plain",
                    "optional": true
                  },
                  "iot": {
                    "type": "string",
                    "description": "Use this to override the default service endpoint URL",
                    "description_kind": "plain",
                    "optional": true
                  },
                  "iotanalytics": {
                    "type": "string",
                    "description": "Use this to override the default service endpoint URL",
                    "description_kind": "plain",
                    "optional": true
                  },
                  "iotevents": {
                    "type": "string",
                    "description": "Use this to override the default service endpoint URL",
                    "description_kind": "plain",
                    "optional": true
                  },
                  "ivs": {
                    "type": "string",
                    "description": "Use this to override the default service endpoint URL",
                    "description_kind": "plain",
                    "optional": true
                  },
                  "ivschat": {
                    "type": "string",
                    "description": "Use this to override the default service endpoint URL",
                    "description_kind": "plain",
                    "optional": true
                  },
                  "kafka": {
                    "type": "string",
                    "description": "Use this to override the default service endpoint URL",
                    "description_kind": "plain",
                    "optional": true
                  },
                  "kafkaconnect": {
                    "type": "string",
                    "description": "Use this to override the default service endpoint URL",
                    "description_kind": "plain",
                    "optional": true
                  },
                  "kendra": {
                    "type": "string",
                    "description": "Use this to override the default service endpoint URL",
                    "description_kind": "plain",
                    "optional": true
                  },
                  "keyspaces": {
                    "type": "string",
                    "description": "Use this to override the default service endpoint URL",
                    "description_kind": "plain",
                    "optional": true
                  },
                  "kinesis": {
                    "type": "string",
                    "description": "Use this to override the default service endpoint URL",
                    "description_kind": "plain",
                    "optional": true
                  },
                  "kinesisanalytics": {
                    "type": "string",
                    "description": "Use this to override the default service endpoint URL",
                    "description_kind": "plain",
                    "optional": true
                  },
                  "kinesisanalyticsv2": {
                    "type": "string",
                    "description": "Use this to override the default service endpoint URL",
                    "description_kind": "plain",
                    "optional": true
                  },
                  "kinesisvideo": {
                    "type": "string",
                    "description": "Use this to override the default service endpoint URL",
                    "description_kind": "plain",
                    "optional": true
                  },
                  "kms": {
                    "type": "string",
                    "description": "Use this to override the default service endpoint URL",
                    "description_kind": "plain",
                    "optional": true
                  },
                  "lakeformation": {
                    "type": "string",
                    "description": "Use this to override the default service endpoint URL",
                    "description_kind": "plain",
                    "optional": true
                  },
                  "lambda": {
                    "type": "string",
                    "description": "Use this to override the default service endpoint URL",
                    "description_kind": "plain",
                    "optional": true
                  },
                  "launchwizard": {
                    "type": "string",
                    "description": "Use this to override the default service endpoint URL",
                    "description_kind": "plain",
                    "optional": true
                  },
                  "lex": {
                    "type": "string",
                    "description": "Use this to override the default service endpoint URL",
                    "description_kind": "plain",
                    "optional": true
                  },
                  "lexmodelbuilding": {
                    "type": "string",
                    "description": "Use this to override the default service endpoint URL",
                    "description_kind": "plain",
                    "optional": true
                  },
                  "lexmodelbuildingservice": {
                    "type": "string",
                    "description": "Use this to override the default service endpoint URL",
                    "description_kind": "plain",
                    "optional": true
                  },
                  "lexmodels": {
                    "type": "string",
                    "description": "Use this to override the default service endpoint URL",
                    "description_kind": "plain",
                    "optional": true
                  },
                  "lexmodelsv2": {
                    "type": "string",
                    "description": "Use this to override the default service endpoint URL",
                    "description_kind": "plain",
                    "optional": true
                  },
                  "lexv2models": {
                    "type": "string",
                    "description": "Use this to override the default service endpoint URL",
                    "description_kind": "plain",
                    "optional": true
                  },
                  "licensemanager": {
                    "type": "string",
                    "description": "Use this to override the default service endpoint URL",
                    "description_kind": "plain",
                    "optional": true
                  },
                  "lightsail": {
                    "type": "string",
                    "description": "Use this to override the default service endpoint URL",
                    "description_kind": "plain",
                    "optional": true
                  },
                  "location": {
                    "type": "string",
                    "description": "Use this to override the default service endpoint URL",
                    "description_kind": "plain",
                    "optional": true
                  },
                  "locationservice": {
                    "type": "string",
                    "description": "Use this to override the default service endpoint URL",
                    "description_kind": "plain",
                    "optional": true
                  },
                  "logs": {
                    "type": "string",
                    "description": "Use this to override the default service endpoint URL",
                    "description_kind": "plain",
                    "optional": true
                  },
                  "lookoutmetrics": {
                    "type": "string",
                    "description": "Use this to override the default service endpoint URL",
                    "description_kind": "plain",
                    "optional": true
                  },
                  "m2": {
                    "type": "string",
                    "description": "Use this to override the default service endpoint URL",
                    "description_kind": "plain",
                    "optional": true
                  },
                  "macie2": {
                    "type": "string",
                    "description": "Use this to override the default service endpoint URL",
                    "description_kind": "plain",
                    "optional": true
                  },
                  "managedgrafana": {
                    "type": "string",
                    "description": "Use this to override the default service endpoint URL",
                    "description_kind": "plain",
                    "optional": true
                  },
                  "mediaconnect": {
                    "type": "string",
                    "description": "Use this to override the default service endpoint URL",
                    "description_kind": "plain",
                    "optional": true
                  },
                  "mediaconvert": {
                    "type": "string",
                    "description": "Use this to override the default service endpoint URL",
                    "description_kind": "plain",
                    "optional": true
                  },
                  "medialive": {
                    "type": "string",
                    "description": "Use this to override the default service endpoint URL",
                    "description_kind": "plain",
                    "optional": true
                  },
                  "mediapackage": {
                    "type": "string",
                    "description": "Use this to override the default service endpoint URL",
                    "description_kind": "plain",
                    "optional": true
                  },
                  "mediapackagev2": {
                    "type": "string",
                    "description": "Use this to override the default service endpoint URL",
                    "description_kind": "plain",
                    "optional": true
                  },
                  "mediastore": {
                    "type": "string",
                    "description": "Use this to override the default service endpoint URL",
                    "description_kind": "plain",
                    "optional": true
                  },
                  "memorydb": {
                    "type": "string",
                    "description": "Use this to override the default service endpoint URL",
                    "description_kind": "plain",
                    "optional": true
                  },
                  "mq": {
                    "type": "string",
                    "description": "Use this to override the default service endpoint URL",
                    "description_kind": "plain",
                    "optional": true
                  },
                  "msk": {
                    "type": "string",
                    "description": "Use this to override the default service endpoint URL",
                    "description_kind": "plain",
                    "optional": true
                  },
                  "mwaa": {
                    "type": "string",
                    "description": "Use this to override the default service endpoint URL",
                    "description_kind": "plain",
                    "optional": true
                  },
                  "neptune": {
                    "type": "string",
                    "description": "Use this to override the default service endpoint URL",
                    "description_kind": "plain",
                    "optional": true
                  },
                  "neptunegraph": {
                    "type": "string",
                    "description": "Use this to override the default service endpoint URL",
                    "description_kind": "plain",
                    "optional": true
                  },
                  "networkfirewall": {
                    "type": "string",
                    "description": "Use this to override the default service endpoint URL",
                    "description_kind": "plain",
                    "optional": true
                  },
                  "networkmanager": {
                    "type": "string",
                    "description": "Use this to override the default service endpoint URL",
                    "description_kind": "plain",
                    "optional": true
                  },
                  "networkmonitor": {
                    "type": "string",
                    "description": "Use this to override the default service endpoint URL",
                    "description_kind": "plain",
                    "optional": true
                  },
                  "oam": {
                    "type": "string",
                    "description": "Use this to override the default service endpoint URL",
                    "description_kind": "plain",
                    "optional": true
                  },
                  "opensearch": {
                    "type": "string",
                    "description": "Use this to override the default service endpoint URL",
                    "description_kind": "plain",
                    "optional": true
                  },
                  "opensearchingestion": {
                    "type": "string",
                    "description": "Use this to override the default service endpoint URL",
                    "description_kind": "plain",
                    "optional": true
                  },
                  "opensearchserverless": {
                    "type": "string",
                    "description": "Use this to override the default service endpoint URL",
                    "description_kind": "plain",
                    "optional": true
                  },
                  "opensearchservice": {
                    "type": "string",
                    "description": "Use this to override the default service endpoint URL",
                    "description_kind": "plain",
                    "optional": true
                  },
                  "opsworks": {
                    "type": "string",
                    "description": "Use this to override the default service endpoint URL",
                    "description_kind": "plain",
                    "optional": true
                  },
                  "organizations": {
                    "type": "string",
                    "description": "Use this to override the default service endpoint URL",
                    "description_kind": "plain",
                    "optional": true
                  },
                  "osis": {
                    "type": "string",
                    "description": "Use this to override the default service endpoint URL",
                    "description_kind": "plain",
                    "optional": true
                  },
                  "outposts": {
                    "type": "string",
                    "description": "Use this to override the default service endpoint URL",
                    "description_kind": "plain",
                    "optional": true
                  },
                  "paymentcryptography": {
                    "type": "string",
                    "description": "Use this to override the default service endpoint URL",
                    "description_kind": "plain",
                    "optional": true
                  },
                  "pcaconnectorad": {
                    "type": "string",
                    "description": "Use this to override the default service endpoint URL",
                    "description_kind": "plain",
                    "optional": true
                  },
                  "pcs": {
                    "type": "string",
                    "description": "Use this to override the default service endpoint URL",
                    "description_kind": "plain",
                    "optional": true
                  },
                  "pinpoint": {
                    "type": "string",
                    "description": "Use this to override the default service endpoint URL",
                    "description_kind": "plain",
                    "optional": true
                  },
                  "pinpointsmsvoicev2": {
                    "type": "string",
                    "description": "Use this to override the default service endpoint URL",
                    "description_kind": "plain",
                    "optional": true
                  },
                  "pipes": {
                    "type": "string",
                    "description": "Use this to override the default service endpoint URL",
                    "description_kind": "plain",
                    "optional": true
                  },
                  "polly": {
                    "type": "string",
                    "description": "Use this to override the default service endpoint URL",
                    "description_kind": "plain",
                    "optional": true
                  },
                  "pricing": {
                    "type": "string",
                    "description": "Use this to override the default service endpoint URL",
                    "description_kind": "plain",
                    "optional": true
                  },
                  "prometheus": {
                    "type": "string",
                    "description": "Use this to override the default service endpoint URL",
                    "description_kind": "plain",
                    "optional": true
                  },
                  "prometheusservice": {
                    "type": "string",
                    "description": "Use this to override the default service endpoint URL",
                    "description_kind": "plain",
                    "optional": true
                  },
                  "qbusiness": {
                    "type": "string",
                    "description": "Use this to override the default service endpoint URL",
                    "description_kind": "plain",
                    "optional": true
                  },
                  "qldb": {
                    "type": "string",
                    "description": "Use this to override the default service endpoint URL",
                    "description_kind": "plain",
                    "optional": true
                  },
                  "quicksight": {
                    "type": "string",
                    "description": "Use this to override the default service endpoint URL",
                    "description_kind": "plain",
                    "optional": true
                  },
                  "ram": {
                    "type": "string",
                    "description": "Use this to override the default service endpoint URL",
                    "description_kind": "plain",
                    "optional": true
                  },
                  "rbin": {
                    "type": "string",
                    "description": "Use this to override the default service endpoint URL",
                    "description_kind": "plain",
                    "optional": true
                  },
                  "rds": {
                    "type": "string",
                    "description": "Use this to override the default service endpoint URL",
                    "description_kind": "plain",
                    "optional": true
                  },
                  "recyclebin": {
                    "type": "string",
                    "description": "Use this to override the default service endpoint URL",
                    "description_kind": "plain",
                    "optional": true
                  },
                  "redshift": {
                    "type": "string",
                    "description": "Use this to override the default service endpoint URL",
                    "description_kind": "plain",
                    "optional": true
                  },
                  "redshiftdata": {
                    "type": "string",
                    "description": "Use this to override the default service endpoint URL",
                    "description_kind": "plain",
                    "optional": true
                  },
                  "redshiftdataapiservice": {
                    "type": "string",
                    "description": "Use this to override the default service endpoint URL",
                    "description_kind": "plain",
                    "optional": true
                  },
                  "redshiftserverless": {
                    "type": "string",
                    "description": "Use this to override the default service endpoint URL",
                    "description_kind": "plain",
                    "optional": true
                  },
                  "rekognition": {
                    "type": "string",
                    "description": "Use this to override the default service endpoint URL",
                    "description_kind": "plain",
                    "optional": true
                  },
                  "resiliencehub": {
                    "type": "string",
                    "description": "Use this to override the default service endpoint URL",
                    "description_kind": "plain",
                    "optional": true
                  },
                  "resourceexplorer2": {
                    "type": "string",
                    "description": "Use this to override the default service endpoint URL",
                    "description_kind": "plain",
                    "optional": true
                  },
                  "resourcegroups": {
                    "type": "string",
                    "description": "Use this to override the default service endpoint URL",
                    "description_kind": "plain",
                    "optional": true
                  },
                  "resourcegroupstagging": {
                    "type": "string",
                    "description": "Use this to override the default service endpoint URL",
                    "description_kind": "plain",
                    "optional": true
                  },
                  "resourcegroupstaggingapi": {
                    "type": "string",
                    "description": "Use this to override the default service endpoint URL",
                    "description_kind": "plain",
                    "optional": true
                  },
                  "rolesanywhere": {
                    "type": "string",
                    "description": "Use this to override the default service endpoint URL",
                    "description_kind": "plain",
                    "optional": true
                  },
                  "route53": {
                    "type": "string",
                    "description": "Use this to override the default service endpoint URL",
                    "description_kind": "plain",
                    "optional": true
                  },
                  "route53domains": {
                    "type": "string",
                    "description": "Use this to override the default service endpoint URL",
                    "description_kind": "plain",
                    "optional": true
                  },
                  "route53profiles": {
                    "type": "string",
                    "description": "Use this to override the default service endpoint URL",
                    "description_kind": "plain",
                    "optional": true
                  },
                  "route53recoverycontrolconfig": {
                    "type": "string",
                    "description": "Use this to override the default service endpoint URL",
                    "description_kind": "plain",
                    "optional": true
                  },
                  "route53recoveryreadiness": {
                    "type": "string",
                    "description": "Use this to override the default service endpoint URL",
                    "description_kind": "plain",
                    "optional": true
                  },
                  "route53resolver": {
                    "type": "string",
                    "description": "Use this to override the default service endpoint URL",
                    "description_kind": "plain",
                    "optional": true
                  },
                  "rum": {
                    "type": "string",
                    "description": "Use this to override the default service endpoint URL",
                    "description_kind": "plain",
                    "optional": true
                  },
                  "s3": {
                    "type": "string",
                    "description": "Use this to override the default service endpoint URL",
                    "description_kind": "plain",
                    "optional": true
                  },
                  "s3api": {
                    "type": "string",
                    "description": "Use this to override the default service endpoint URL",
                    "description_kind": "plain",
                    "optional": true
                  },
                  "s3control": {
                    "type": "string",
                    "description": "Use this to override the default service endpoint URL",
                    "description_kind": "plain",
                    "optional": true
                  },
                  "s3outposts": {
                    "type": "string",
                    "description": "Use this to override the default service endpoint URL",
                    "description_kind": "plain",
                    "optional": true
                  },
                  "sagemaker": {
                    "type": "string",
                    "description": "Use this to override the default service endpoint URL",
                    "description_kind": "plain",
                    "optional": true
                  },
                  "scheduler": {
                    "type": "string",
                    "description": "Use this to override the default service endpoint URL",
                    "description_kind": "plain",
                    "optional": true
                  },
                  "schemas": {
                    "type": "string",
                    "description": "Use this to override the default service endpoint URL",
                    "description_kind": "plain",
                    "optional": true
                  },
                  "sdb": {
                    "type": "string",
                    "description": "Use this to override the default service endpoint URL",
                    "description_kind": "plain",
                    "optional": true
                  },
                  "secretsmanager": {
                    "type": "string",
                    "description": "Use this to override the default service endpoint URL",
                    "description_kind": "plain",
                    "optional": true
                  },
                  "securityhub": {
                    "type": "string",
                    "description": "Use this to override the default service endpoint URL",
                    "description_kind": "plain",
                    "optional": true
                  },
                  "securitylake": {
                    "type": "string",
                    "description": "Use this to override the default service endpoint URL",
                    "description_kind": "plain",
                    "optional": true
                  },
                  "serverlessapplicationrepository": {
                    "type": "string",
                    "description": "Use this to override the default service endpoint URL",
                    "description_kind": "plain",
                    "optional": true
                  },
                  "serverlessapprepo": {
                    "type": "string",
                    "description": "Use this to override the default service endpoint URL",
                    "description_kind": "plain",
                    "optional": true
                  },
                  "serverlessrepo": {
                    "type": "string",
                    "description": "Use this to override the default service endpoint URL",
                    "description_kind": "plain",
                    "optional": true
                  },
                  "servicecatalog": {
                    "type": "string",
                    "description": "Use this to override the default service endpoint URL",
                    "description_kind": "plain",
                    "optional": true
                  },
                  "servicecatalogappregistry": {
                    "type": "string",
                    "description": "Use this to override the default service endpoint URL",
                    "description_kind": "plain",
                    "optional": true
                  },
                  "servicediscovery": {
                    "type": "string",
                    "description": "Use this to override the default service endpoint URL",
                    "description_kind": "plain",
                    "optional": true
                  },
                  "servicequotas": {
                    "type": "string",
                    "description": "Use this to override the default service endpoint URL",
                    "description_kind": "plain",
                    "optional": true
                  },
                  "ses": {
                    "type": "string",
                    "description": "Use this to override the default service endpoint URL",
                    "description_kind": "plain",
                    "optional": true
                  },
                  "sesv2": {
                    "type": "string",
                    "description": "Use this to override the default service endpoint URL",
                    "description_kind": "plain",
                    "optional": true
                  },
                  "sfn": {
                    "type": "string",
                    "description": "Use this to override the default service endpoint URL",
                    "description_kind": "plain",
                    "optional": true
                  },
                  "shield": {
                    "type": "string",
                    "description": "Use this to override the default service endpoint URL",
                    "description_kind": "plain",
                    "optional": true
                  },
                  "signer": {
                    "type": "string",
                    "description": "Use this to override the default service endpoint URL",
                    "description_kind": "plain",
                    "optional": true
                  },
                  "simpledb": {
                    "type": "string",
                    "description": "Use this to override the default service endpoint URL",
                    "description_kind": "plain",
                    "optional": true
                  },
                  "sns": {
                    "type": "string",
                    "description": "Use this to override the default service endpoint URL",
                    "description_kind": "plain",
                    "optional": true
                  },
                  "sqs": {
                    "type": "string",
                    "description": "Use this to override the default service endpoint URL",
                    "description_kind": "plain",
                    "optional": true
                  },
                  "ssm": {
                    "type": "string",
                    "description": "Use this to override the default service endpoint URL",
                    "description_kind": "plain",
                    "optional": true
                  },
                  "ssmcontacts": {
                    "type": "string",
                    "description": "Use this to override the default service endpoint URL",
                    "description_kind": "plain",
                    "optional": true
                  },
                  "ssmincidents": {
                    "type": "string",
                    "description": "Use this to override the default service endpoint URL",
                    "description_kind": "plain",
                    "optional": true
                  },
                  "ssmsap": {
                    "type": "string",
                    "description": "Use this to override the default service endpoint URL",
                    "description_kind": "plain",
                    "optional": true
                  },
                  "sso": {
                    "type": "string",
                    "description": "Use this to override the default service endpoint URL",
                    "description_kind": "plain",
                    "optional": true
                  },
                  "ssoadmin": {
                    "type": "string",
                    "description": "Use this to override the default service endpoint URL",
                    "description_kind": "plain",
                    "optional": true
                  },
                  "stepfunctions": {
                    "type": "string",
                    "description": "Use this to override the default service endpoint URL",
                    "description_kind": "plain",
                    "optional": true
                  },
                  "storagegateway": {
                    "type": "string",
                    "description": "Use this to override the default service endpoint URL",
                    "description_kind": "plain",
                    "optional": true
                  },
                  "sts": {
                    "type": "string",
                    "description": "Use this to override the default service endpoint URL",
                    "description_kind": "plain",
                    "optional": true
                  },
                  "swf": {
                    "type": "string",
                    "description": "Use this to override the default service endpoint URL",
                    "description_kind": "plain",
                    "optional": true
                  },
                  "synthetics": {
                    "type": "string",
                    "description": "Use this to override the default service endpoint URL",
                    "description_kind": "plain",
                    "optional": true
                  },
                  "timestreaminfluxdb": {
                    "type": "string",
                    "description": "Use this to override the default service endpoint URL",
                    "description_kind": "plain",
                    "optional": true
                  },
                  "timestreamwrite": {
                    "type": "string",
                    "description": "Use this to override the default service endpoint URL",
                    "description_kind": "plain",
                    "optional": true
                  },
                  "transcribe": {
                    "type": "string",
                    "description": "Use this to override the default service endpoint URL",
                    "description_kind": "plain",
                    "optional": true
                  },
                  "transcribeservice": {
                    "type": "string",
                    "description": "Use this to override the default service endpoint URL",
                    "description_kind": "plain",
                    "optional": true
                  },
                  "transfer": {
                    "type": "string",
                    "description": "Use this to override the default service endpoint URL",
                    "description_kind": "plain",
                    "optional": true
                  },
                  "verifiedpermissions": {
                    "type": "string",
                    "description": "Use this to override the default service endpoint URL",
                    "description_kind": "plain",
                    "optional": true
                  },
                  "vpclattice": {
                    "type": "string",
                    "description": "Use this to override the default service endpoint URL",
                    "description_kind": "plain",
                    "optional": true
                  },
                  "waf": {
                    "type": "string",
                    "description": "Use this to override the default service endpoint URL",
                    "description_kind": "plain",
                    "optional": true
                  },
                  "wafregional": {
                    "type": "string",
                    "description": "Use this to override the default service endpoint URL",
                    "description_kind": "plain",
                    "optional": true
                  },
                  "wafv2": {
                    "type": "string",
                    "description": "Use this to override the default service endpoint URL",
                    "description_kind": "plain",
                    "optional": true
                  },
                  "wellarchitected": {
                    "type": "string",
                    "description": "Use this to override the default service endpoint URL",
                    "description_kind": "plain",
                    "optional": true
                  },
                  "worklink": {
                    "type": "string",
                    "description": "Use this to override the default service endpoint URL",
                    "description_kind": "plain",
                    "optional": true
                  },
                  "workspaces": {
                    "type": "string",
                    "description": "Use this to override the default service endpoint URL",
                    "description_kind": "plain",
                    "optional": true
                  },
                  "workspacesweb": {
                    "type": "string",
                    "description": "Use this to override the default service endpoint URL",
                    "description_kind": "plain",
                    "optional": true
                  },
                  "xray": {
                    "type": "string",
                    "description": "Use this to override the default service endpoint URL",
                    "description_kind": "plain",
                    "optional": true
                  }
                },
                "description_kind": "plain"
              }
            },
            "ignore_tags": {
              "nesting_mode": "list",
              "block": {
                "attributes": {
                  "key_prefixes": {
                    "type": [
                      "set",
                      "string"
                    ],
                    "description": "Resource tag key prefixes to ignore across all resources. Can also be configured with the TF_AWS_IGNORE_TAGS_KEY_PREFIXES environment variable.",
                    "description_kind": "plain",
                    "optional": true
                  },
                  "keys": {
                    "type": [
                      "set",
                      "string"
                    ],
                    "description": "Resource tag keys to ignore across all resources. Can also be configured with the TF_AWS_IGNORE_TAGS_KEYS environment variable.",
                    "description_kind": "plain",
                    "optional": true
                  }
                },
                "description": "Configuration block with settings to ignore resource tags across all resources.",
                "description_kind": "plain"
              }
            }
          },
          "description_kind": "plain"
        }
      },
      "resource_schemas": {
        "aws_acm_certificate": {
          "version": 0,
          "block": {
            "attributes": {
              "arn": {
                "type": "string",
                "description_kind": "plain",
                "computed": true
              },
              "certificate_authority_arn": {
                "type": "string",
                "description_kind": "plain",
                "optional": true
              },
              "certificate_body": {
                "type": "string",
                "description_kind": "plain",
                "optional": true
              },
              "certificate_chain": {
                "type": "string",
                "description_kind": "plain",
                "optional": true
              },
              "domain_name": {
                "type": "string",
                "description_kind": "plain",
                "optional": true,
                "computed": true
              },
              "domain_validation_options": {
                "type": [
                  "set",
                  [
                    "object",
                    {
                      "domain_name": "string",
                      "resource_record_name": "string",
                      "resource_record_type": "string",
                      "resource_record_value": "string"
                    }
                  ]
                ],
                "description_kind": "plain",
                "computed": true
              },
              "early_renewal_duration": {
                "type": "string",
                "description_kind": "plain",
                "optional": true
              },
              "id": {
                "type": "string",
                "description_kind": "plain",
                "optional": true,
                "computed": true
              },
              "key_algorithm": {
                "type": "string",
                "description_kind": "plain",
                "optional": true,
                "computed": true
              },
              "not_after": {
                "type": "string",
                "description_kind": "plain",
                "computed": true
              },
              "not_before": {
                "type": "string",
                "description_kind": "plain",
                "computed": true
              },
              "pending_renewal": {
                "type": "bool",
                "description_kind": "plain",
                "computed": true
              },
              "private_key": {
                "type": "string",
                "description_kind": "plain",
                "optional": true,
                "sensitive": true
              },
              "renewal_eligibility": {
                "type": "string",
                "description_kind": "plain",
                "computed": true
              },
              "renewal_summary": {
                "type": [
                  "list",
                  [
                    "object",
                    {
                      "renewal_status": "string",
                      "renewal_status_reason": "string",
                      "updated_at": "string"
                    }
                  ]
                ],
                "description_kind": "plain",
                "computed": true
              },
              "status": {
                "type": "string",
                "description_kind": "plain",
                "computed": true
              },
              "subject_alternative_names": {
                "type": [
                  "set",
                  "string"
                ],
                "description_kind": "plain",
                "optional": true,
                "computed": true
              },
              "tags": {
                "type": [
                  "map",
                  "string"
                ],
                "description_kind": "plain",
                "optional": true
              },
              "tags_all": {
                "type": [
                  "map",
                  "string"
                ],
                "description_kind": "plain",
                "optional": true,
                "computed": true
              },
              "type": {
                "type": "string",
                "description_kind": "plain",
                "computed": true
              },
              "validation_emails": {
                "type": [
                  "list",
                  "string"
                ],
                "description_kind": "plain",
                "computed": true
              },
              "validation_method": {
                "type": "string",
                "description_kind": "plain",
                "optional": true,
                "computed": true
              }
            },
            "block_types": {
              "options": {
                "nesting_mode": "list",
                "block": {
                  "attributes": {
                    "certificate_transparency_logging_preference": {
                      "type": "string",
                      "description_kind": "plain",
                      "optional": true
                    }
                  },
                  "description_kind": "plain"
                },
                "max_items": 1
              },
              "validation_option": {
                "nesting_mode": "set",
                "block": {
                  "attributes": {
                    "domain_name": {
                      "type": "string",
                      "description_kind": "plain",
                      "required": true
                    },
                    "validation_domain": {
                      "type": "string",
                      "description_kind": "plain",
                      "required": true
                    }
                  },
                  "description_kind": "plain"
                }
              }
            },
            "description_kind": "plain"
          }
        },
        "aws_api_gateway_resource": {
          "version": 0,
          "block": {
            "attributes": {
              "id": {
                "type": "string",
                "description_kind": "plain",
                "optional": true,
                "computed": true
              },
              "parent_id": {
                "type": "string",
                "description_kind": "plain",
                "required": true
              },
              "path": {
                "type": "string",
                "description_kind": "plain",
                "computed": true
              },
              "path_part": {
                "type": "string",
                "description_kind": "plain",
                "required": true
              },
              "rest_api_id": {
                "type": "string",
                "description_kind": "plain",
                "required": true
              }
            },
            "description_kind": "plain"
          }
        },
        "aws_api_gateway_stage": {
          "version": 0,
          "block": {
            "attributes": {
              "arn": {
                "type": "string",
                "description_kind": "plain",
                "computed": true
              },
              "cache_cluster_enabled": {
                "type": "bool",
                "description_kind": "plain",
                "optional": true
              },
              "cache_cluster_size": {
                "type": "string",
                "description_kind": "plain",
                "optional": true
              },
              "client_certificate_id": {
                "type": "string",
                "description_kind": "plain",
                "optional": true
              },
              "deployment_id": {
                "type": "string",
                "description_kind": "plain",
                "required": true
              },
              "description": {
                "type": "string",
                "description_kind": "plain",
                "optional": true
              },
              "documentation_version": {
                "type": "string",
                "description_kind": "plain",
                "optional": true
              },
              "execution_arn": {
                "type": "string",
                "description_kind": "plain",
                "computed": true
              },
              "id": {
                "type": "string",
                "description_kind": "plain",
                "optional": true,
                "computed": true
              },
              "invoke_url": {
                "type": "string",
                "description_kind": "plain",
                "computed": true
              },
              "rest_api_id": {
                "type": "string",
                "description_kind": "plain",
                "required": true
              },
              "stage_name": {
                "type": "string",
                "description_kind": "plain",
                "required": true
              },
              "tags": {
                "type": [
                  "map",
                  "string"
                ],
                "description_kind": "plain",
                "optional": true
              },
              "tags_all": {
                "type": [
                  "map",
                  "string"
                ],
                "description_kind": "plain",
                "optional": true,
                "computed": true
              },
              "variables": {
                "type": [
                  "map",
                  "string"
                ],
                "description_kind": "plain",
                "optional": true
              },
              "web_acl_arn": {
                "type": "string",
                "description_kind": "plain",
                "computed": true
              },
              "xray_tracing_enabled": {
                "type": "bool",
                "description_kind": "plain",
                "optional": true
              }
            },
            "block_types": {
              "access_log_settings": {
                "nesting_mode": "list",
                "block": {
                  "attributes": {
                    "destination_arn": {
                      "type": "string",
                      "description_kind": "plain",
                      "required": true
                    },
                    "format": {
                      "type": "string",
                      "description_kind": "plain",
                      "required": true
                    }
                  },
                  "description_kind": "plain"
                },
                "max_items": 1
              },
              "canary_settings": {
                "nesting_mode": "list",
                "block": {
                  "attributes": {
                    "percent_traffic": {
                      "type": "number",
                      "description_kind": "plain",
                      "optional": true
                    },
                    "stage_variable_overrides": {
                      "type": [
                        "map",
                        "string"
                      ],
                      "description_kind": "plain",
                      "optional": true
                    },
                    "use_stage_cache": {
                      "type": "bool",
                      "description_kind": "plain",
                      "optional": true
                    }
                  },
                  "description_kind": "plain"
                },
                "max_items": 1
              }
            },
            "description_kind": "plain"
          }
        },
        "aws_apigatewayv2_authorizer": {
          "version": 0,
          "block": {
            "attributes": {
              "api_id": {
                "type": "string",
                "description_kind": "plain",
                "required": true
              },
              "authorizer_credentials_arn": {
                "type": "string",
                "description_kind": "plain",
                "optional": true
              },
              "authorizer_payload_format_version": {
                "type": "string",
                "description_kind": "plain",
                "optional": true
              },
              "authorizer_result_ttl_in_seconds": {
                "type": "number",
                "description_kind": "plain",
                "optional": true,
                "computed": true
              },
              "authorizer_type": {
                "type": "string",
                "description_kind": "plain",
                "required": true
              },
              "authorizer_uri": {
                "type": "string",
                "description_kind": "plain",
                "optional": true
              },
              "enable_simple_responses": {
                "type": "bool",
                "description_kind": "plain",
                "optional": true
              },
              "id": {
                "type": "string",
                "description_kind": "plain",
                "optional": true,
                "computed": true
              },
              "identity_sources": {
                "type": [
                  "set",
                  "string"
                ],
                "description_kind": "plain",
                "optional": true
              },
              "name": {
                "type": "string",
                "description_kind": "plain",
                "required": true
              }
            },
            "block_types": {
              "jwt_configuration": {
                "nesting_mode": "list",
                "block": {
                  "attributes": {
                    "audience": {
                      "type": [
                        "set",
                        "string"
                      ],
                      "description_kind": "plain",
                      "optional": true
                    },
                    "issuer": {
                      "type": "string",
                      "description_kind": "plain",
                      "optional": true
                    }
                  },
                  "description_kind": "plain"
                },
                "max_items": 1
              },
              "timeouts": {
                "nesting_mode": "single",
                "block": {
                  "attributes": {
                    "delete": {
                      "type": "string",
                      "description_kind": "plain",
                      "optional": true
                    }
                  },
                  "description_kind": "plain"
                }
              }
            },
            "description_kind": "plain"
          }
        },
        "aws_apigatewayv2_integration": {
          "version": 0,
          "block": {
            "attributes": {
              "api_id": {
                "type": "string",
                "description_kind": "plain",
                "required": true
              },
              "connection_id": {
                "type": "string",
                "description_kind": "plain",
                "optional": true
              },
              "connection_type": {
                "type": "string",
                "description_kind": "plain",
                "optional": true
              },
              "content_handling_strategy": {
                "type": "string",
                "description_kind": "plain",
                "optional": true
              },
              "credentials_arn": {
                "type": "string",
                "description_kind": "plain",
                "optional": true
              },
              "description": {
                "type": "string",
                "description_kind": "plain",
                "optional": true
              },
              "id": {
                "type": "string",
                "description_kind": "plain",
                "optional": true,
                "computed": true
              },
              "integration_method": {
                "type": "string",
                "description_kind": "plain",
                "optional": true
              },
              "integration_response_selection_expression": {
                "type": "string",
                "description_kind": "plain",
                "computed": true
              },
              "integration_subtype": {
                "type": "string",
                "description_kind": "plain",
                "optional": true
              },
              "integration_type": {
                "type": "string",
                "description_kind": "plain",
                "required": true
              },
              "integration_uri": {
                "type": "string",
                "description_kind": "plain",
                "optional": true
              },
              "passthrough_behavior": {
                "type": "string",
                "description_kind": "plain",
                "optional": true
              },
              "payload_format_version": {
                "type": "string",
                "description_kind": "plain",
                "optional": true
              },
              "request_parameters": {
                "type": [
                  "map",
                  "string"
                ],
                "description_kind": "plain",
                "optional": true
              },
              "request_templates": {
                "type": [
                  "map",
                  "string"
                ],
                "description_kind": "plain",
                "optional": true
              },
              "template_selection_expression": {
                "type": "string",
                "description_kind": "plain",
                "optional": true
              },
              "timeout_milliseconds": {
                "type": "number",
                "description_kind": "plain",
                "optional": true,
                "computed": true
              }
            },
            "block_types": {
              "response_parameters": {
                "nesting_mode": "set",
                "block": {
                  "attributes": {
                    "mappings": {
                      "type": [
                        "map",
                        "string"
                      ],
                      "description_kind": "plain",
                      "required": true
                    },
                    "status_code": {
                      "type": "string",
                      "description_kind": "plain",
                      "required": true
                    }
                  },
                  "description_kind": "plain"
                }
              },
              "tls_config": {
                "nesting_mode": "list",
                "block": {
                  "attributes": {
                    "server_name_to_verify": {
                      "type": "string",
                      "description_kind": "plain",
                      "optional": true
                    }
                  },
                  "description_kind": "plain"
                },
                "max_items": 1
              }
            },
            "description_kind": "plain"
          }
        },
        "aws_apigatewayv2_route": {
          "version": 0,
          "block": {
            "attributes": {
              "api_id": {
                "type": "string",
                "description_kind": "plain",
                "required": true
              },
              "api_key_required": {
                "type": "bool",
                "description_kind": "plain",
                "optional": true
              },
              "authorization_scopes": {
                "type": [
                  "set",
                  "string"
                ],
                "description_kind": "plain",
                "optional": true
              },
              "authorization_type": {
                "type": "string",
                "description_kind": "plain",
                "optional": true
              },
              "authorizer_id": {
                "type": "string",
                "description_kind": "plain",
                "optional": true
              },
              "id": {
                "type": "string",
                "description_kind": "plain",
                "optional": true,
                "computed": true
              },
              "model_selection_expression": {
                "type": "string",
                "description_kind": "plain",
                "optional": true
              },
              "operation_name": {
                "type": "string",
                "description_kind": "plain",
                "optional": true
              },
              "request_models": {
                "type": [
                  "map",
                  "string"
                ],
                "description_kind": "plain",
                "optional": true
              },
              "route_key": {
                "type": "string",
                "description_kind": "plain",
                "required": true
              },
              "route_response_selection_expression": {
                "type": "string",
                "description_kind": "plain",
                "optional": true
              },
              "target": {
                "type": "string",
                "description_kind": "plain",
                "optional": true
              }
            },
            "block_types": {
              "request_parameter": {
                "nesting_mode": "set",
                "block": {
                  "attributes": {
                    "request_parameter_key": {
                      "type": "string",
                      "description_kind": "plain",
                      "required": true
                    },
                    "required": {
                      "type": "bool",
                      "description_kind": "plain",
                      "required": true
                    }
                  },
                  "description_kind": "plain"
                }
              }
            },
            "description_kind": "plain"
          }
        },
        "aws_apigatewayv2_stage": {
          "version": 0,
          "block": {
            "attributes": {
              "api_id": {
                "type": "string",
                "description_kind": "plain",
                "required": true
              },
              "arn": {
                "type": "string",
                "description_kind": "plain",
                "computed": true
              },
              "auto_deploy": {
                "type": "bool",
                "description_kind": "plain",
                "optional": true
              },
              "client_certificate_id": {
                "type": "string",
                "description_kind": "plain",
                "optional": true
              },
              "deployment_id": {
                "type": "string",
                "description_kind": "plain",
                "optional": true,
                "computed": true
              },
              "description": {
                "type": "string",
                "description_kind": "plain",
                "optional": true
              },
              "execution_arn": {
                "type": "string",
                "description_kind": "plain",
                "computed": true
              },
              "id": {
                "type": "string",
                "description_kind": "plain",
                "optional": true,
                "computed": true
              },
              "invoke_url": {
                "type": "string",
                "description_kind": "plain",
                "computed": true
              },
              "name": {
                "type": "string",
                "description_kind": "plain",
                "required": true
              },
              "stage_variables": {
                "type": [
                  "map",
                  "string"
                ],
                "description_kind": "plain",
                "optional": true
              },
              "tags": {
                "type": [
                  "map",
                  "string"
                ],
                "description_kind": "plain",
                "optional": true
              },
              "tags_all": {
                "type": [
                  "map",
                  "string"
                ],
                "description_kind": "plain",
                "optional": true,
                "computed": true
              }
            },
            "block_types": {
              "access_log_settings": {
                "nesting_mode": "list",
                "block": {
                  "attributes": {
                    "destination_arn": {
                      "type": "string",
                      "description_kind": "plain",
                      "required": true
                    },
                    "format": {
                      "type": "string",
                      "description_kind": "plain",
                      "required": true
                    }
                  },
                  "description_kind": "plain"
                },
                "max_items": 1
              },
              "default_route_settings": {
                "nesting_mode": "list",
                "block": {
                  "attributes": {
                    "data_trace_enabled": {
                      "type": "bool",
                      "description_kind": "plain",
                      "optional": true
                    },
                    "detailed_metrics_enabled": {
                      "type": "bool",
                      "description_kind": "plain",
                      "optional": true
                    },
                    "logging_level": {
                      "type": "string",
                      "description_kind": "plain",
                      "optional": true,
                      "computed": true
                    },
                    "throttling_burst_limit": {
                      "type": "number",
                      "description_kind": "plain",
                      "optional": true
                    },
                    "throttling_rate_limit": {
                      "type": "number",
                      "description_kind": "plain",
                      "optional": true
                    }
                  },
                  "description_kind": "plain"
                },
                "max_items": 1
              },
              "route_settings": {
                "nesting_mode": "set",
                "block": {
                  "attributes": {
                    "data_trace_enabled": {
                      "type": "bool",
                      "description_kind": "plain",
                      "optional": true
                    },
                    "detailed_metrics_enabled": {
                      "type": "bool",
                      "description_kind": "plain",
                      "optional": true
                    },
                    "logging_level": {
                      "type": "string",
                      "description_kind": "plain",
                      "optional": true,
                      "computed": true
                    },
                    "route_key": {
                      "type": "string",
                      "description_kind": "plain",
                      "required": true
                    },
                    "throttling_burst_limit": {
                      "type": "number",
                      "description_kind": "plain",
                      "optional": true
                    },
                    "throttling_rate_limit": {
                      "type": "number",
                      "description_kind": "plain",
                      "optional": true
                    }
                  },
                  "description_kind": "plain"
                }
              }
            },
            "description_kind": "plain"
          }
        },
        "aws_appautoscaling_policy": {
          "version": 0,
          "block": {
            "attributes": {
              "alarm_arns": {
                "type": [
                  "list",
                  "string"
                ],
                "description_kind": "plain",
                "computed": true
              },
              "arn": {
                "type": "string",
                "description_kind": "plain",
                "computed": true
              },
              "id": {
                "type": "string",
                "description_kind": "plain",
                "optional": true,
                "computed": true
              },
              "name": {
                "type": "string",
                "description_kind": "plain",
                "required": true
              },
              "policy_type": {
                "type": "string",
                "description_kind": "plain",
                "optional": true
              },
              "resource_id": {
                "type": "string",
                "description_kind": "plain",
                "required": true
              },
              "scalable_dimension": {
                "type": "string",
                "description_kind": "plain",
                "required": true
              },
              "service_namespace": {
                "type": "string",
                "description_kind": "plain",
                "required": true
              }
            },
            "block_types": {
              "step_scaling_policy_configuration": {
                "nesting_mode": "list",
                "block": {
                  "attributes": {
                    "adjustment_type": {
                      "type": "string",
                      "description_kind": "plain",
                      "optional": true
                    },
                    "cooldown": {
                      "type": "number",
                      "description_kind": "plain",
                      "optional": true
                    },
                    "metric_aggregation_type": {
                      "type": "string",
                      "description_kind": "plain",
                      "optional": true
                    },
                    "min_adjustment_magnitude": {
                      "type": "number",
                      "description_kind": "plain",
                      "optional": true
                    }
                  },
                  "block_types": {
                    "step_adjustment": {
                      "nesting_mode": "set",
                      "block": {
                        "attributes": {
                          "metric_interval_lower_bound": {
                            "type": "string",
                            "description_kind": "plain",
                            "optional": true
                          },
                          "metric_interval_upper_bound": {
                            "type": "string",
                            "description_kind": "plain",
                            "optional": true
                          },
                          "scaling_adjustment": {
                            "type": "number",
                            "description_kind": "plain",
                            "required": true
                          }
                        },
                        "description_kind": "plain"
                      }
                    }
                  },
                  "description_kind": "plain"
                },
                "max_items": 1
              },
              "target_tracking_scaling_policy_configuration": {
                "nesting_mode": "list",
                "block": {
                  "attributes": {
                    "disable_scale_in": {
                      "type": "bool",
                      "description_kind": "plain",
                      "optional": true
                    },
                    "scale_in_cooldown": {
                      "type": "number",
                      "description_kind": "plain",
                      "optional": true
                    },
                    "scale_out_cooldown": {
                      "type": "number",
                      "description_kind": "plain",
                      "optional": true
                    },
                    "target_value": {
                      "type": "number",
                      "description_kind": "plain",
                      "required": true
                    }
                  },
                  "block_types": {
                    "customized_metric_specification": {
                      "nesting_mode": "list",
                      "block": {
                        "attributes": {
                          "metric_name": {
                            "type": "string",
                            "description_kind": "plain",
                            "optional": true
                          },
                          "namespace": {
                            "type": "string",
                            "description_kind": "plain",
                            "optional": true
                          },
                          "statistic": {
                            "type": "string",
                            "description_kind": "plain",
                            "optional": true
                          },
                          "unit": {
                            "type": "string",
                            "description_kind": "plain",
                            "optional": true
                          }
                        },
                        "block_types": {
                          "dimensions": {
                            "nesting_mode": "set",
                            "block": {
                              "attributes": {
                                "name": {
                                  "type": "string",
                                  "description_kind": "plain",
                                  "required": true
                                },
                                "value": {
                                  "type": "string",
                                  "description_kind": "plain",
                                  "required": true
                                }
                              },
                              "description_kind": "plain"
                            }
                          },
                          "metrics": {
                            "nesting_mode": "set",
                            "block": {
                              "attributes": {
                                "expression": {
                                  "type": "string",
                                  "description_kind": "plain",
                                  "optional": true
                                },
                                "id": {
                                  "type": "string",
                                  "description_kind": "plain",
                                  "required": true
                                },
                                "label": {
                                  "type": "string",
                                  "description_kind": "plain",
                                  "optional": true
                                },
                                "return_data": {
                                  "type": "bool",
                                  "description_kind": "plain",
                                  "optional": true
                                }
                              },
                              "block_types": {
                                "metric_stat": {
                                  "nesting_mode": "list",
                                  "block": {
                                    "attributes": {
                                      "stat": {
                                        "type": "string",
                                        "description_kind": "plain",
                                        "required": true
                                      },
                                      "unit": {
                                        "type": "string",
                                        "description_kind": "plain",
                                        "optional": true
                                      }
                                    },
                                    "block_types": {
                                      "metric": {
                                        "nesting_mode": "list",
                                        "block": {
                                          "attributes": {
                                            "metric_name": {
                                              "type": "string",
                                              "description_kind": "plain",
                                              "required": true
                                            },
                                            "namespace": {
                                              "type": "string",
                                              "description_kind": "plain",
                                              "required": true
                                            }
                                          },
                                          "block_types": {
                                            "dimensions": {
                                              "nesting_mode": "set",
                                              "block": {
                                                "attributes": {
                                                  "name": {
                                                    "type": "string",
                                                    "description_kind": "plain",
                                                    "required": true
                                                  },
                                                  "value": {
                                                    "type": "string",
                                                    "description_kind": "plain",
                                                    "required": true
                                                  }
                                                },
                                                "description_kind": "plain"
                                              }
                                            }
                                          },
                                          "description_kind": "plain"
                                        },
                                        "min_items": 1,
                                        "max_items": 1
                                      }
                                    },
                                    "description_kind": "plain"
                                  },
                                  "max_items": 1
                                }
                              },
                              "description_kind": "plain"
                            }
                          }
                        },
                        "description_kind": "plain"
                      },
                      "max_items": 1
                    },
                    "predefined_metric_specification": {
                      "nesting_mode": "list",
                      "block": {
                        "attributes": {
                          "predefined_metric_type": {
                            "type": "string",
                            "description_kind": "plain",
                            "required": true
                          },
                          "resource_label": {
                            "type": "string",
                            "description_kind": "plain",
                            "optional": true
                          }
                        },
                        "description_kind": "plain"
                      },
                      "max_items": 1
                    }
                  },
                  "description_kind": "plain"
                },
                "max_items": 1
              }
            },
            "description_kind": "plain"
          }
        },
        "aws_appautoscaling_target": {
          "version": 0,
          "block": {
            "attributes": {
              "arn": {
                "type": "string",
                "description_kind": "plain",
                "computed": true
              },
              "id": {
                "type": "string",
                "description_kind": "plain",
                "optional": true,
                "computed": true
              },
              "max_capacity": {
                "type": "number",
                "description_kind": "plain",
                "required": true
              },
              "min_capacity": {
                "type": "number",
                "description_kind": "plain",
                "required": true
              },
              "resource_id": {
                "type": "string",
                "description_kind": "plain",
                "required": true
              },
              "role_arn": {
                "type": "string",
                "description_kind": "plain",
                "optional": true,
                "computed": true
              },
              "scalable_dimension": {
                "type": "string",
                "description_kind": "plain",
                "required": true
              },
              "service_namespace": {
                "type": "string",
                "description_kind": "plain",
                "required": true
              },
              "tags": {
                "type": [
                  "map",
                  "string"
                ],
                "description_kind": "plain",
                "optional": true
              },
              "tags_all": {
                "type": [
                  "map",
                  "string"
                ],
                "description_kind": "plain",
                "optional": true,
                "computed": true
              }
            },
            "block_types": {
              "suspended_state": {
                "nesting_mode": "list",
                "block": {
                  "attributes": {
                    "dynamic_scaling_in_suspended": {
                      "type": "bool",
                      "description_kind": "plain",
                      "optional": true
                    },
                    "dynamic_scaling_out_suspended": {
                      "type": "bool",
                      "description_kind": "plain",
                      "optional": true
                    },
                    "scheduled_scaling_suspended": {
                      "type": "bool",
                      "description_kind": "plain",
                      "optional": true
                    }
                  },
                  "description_kind": "plain"
                },
                "max_items": 1
              }
            },
            "description_kind": "plain"
          }
        },
        "aws_athena_workgroup": {
          "version": 0,
          "block": {
            "attributes": {
              "arn": {
                "type": "string",
                "description_kind": "plain",
                "computed": true
              },
              "description": {
                "type": "string",
                "description_kind": "plain",
                "optional": true
              },
              "force_destroy": {
                "type": "bool",
                "description_kind": "plain",
                "optional": true
              },
              "id": {
                "type": "string",
                "description_kind": "plain",
                "optional": true,
                "computed": true
              },
              "name": {
                "type": "string",
                "description_kind": "plain",
                "required": true
              },
              "state": {
                "type": "string",
                "description_kind": "plain",
                "optional": true
              },
              "tags": {
                "type": [
                  "map",
                  "string"
                ],
                "description_kind": "plain",
                "optional": true
              },
              "tags_all": {
                "type": [
                  "map",
                  "string"
                ],
                "description_kind": "plain",
                "optional": true,
                "computed": true
              }
            },
            "block_types": {
              "configuration": {
                "nesting_mode": "list",
                "block": {
                  "attributes": {
                    "bytes_scanned_cutoff_per_query": {
                      "type": "number",
                      "description_kind": "plain",
                      "optional": true
                    },
                    "enforce_workgroup_configuration": {
                      "type": "bool",
                      "description_kind": "plain",
                      "optional": true
                    },
                    "execution_role": {
                      "type": "string",
                      "description_kind": "plain",
                      "optional": true
                    },
                    "publish_cloudwatch_metrics_enabled": {
                      "type": "bool",
                      "description_kind": "plain",
                      "optional": true
                    },
                    "requester_pays_enabled": {
                      "type": "bool",
                      "description_kind": "plain",
                      "optional": true
                    }
                  },
                  "block_types": {
                    "engine_version": {
                      "nesting_mode": "list",
                      "block": {
                        "attributes": {
                          "effective_engine_version": {
                            "type": "string",
                            "description_kind": "plain",
                            "computed": true
                          },
                          "selected_engine_version": {
                            "type": "string",
                            "description_kind": "plain",
                            "optional": true
                          }
                        },
                        "description_kind": "plain"
                      },
                      "max_items": 1
                    },
                    "result_configuration": {
                      "nesting_mode": "list",
                      "block": {
                        "attributes": {
                          "expected_bucket_owner": {
                            "type": "string",
                            "description_kind": "plain",
                            "optional": true
                          },
                          "output_location": {
                            "type": "string",
                            "description_kind": "plain",
                            "optional": true
                          }
                        },
                        "block_types": {
                          "acl_configuration": {
                            "nesting_mode": "list",
                            "block": {
                              "attributes": {
                                "s3_acl_option": {
                                  "type": "string",
                                  "description_kind": "plain",
                                  "required": true
                                }
                              },
                              "description_kind": "plain"
                            },
                            "max_items": 1
                          },
                          "encryption_configuration": {
                            "nesting_mode": "list",
                            "block": {
                              "attributes": {
                                "encryption_option": {
                                  "type": "string",
                                  "description_kind": "plain",
                                  "optional": true
                                },
                                "kms_key_arn": {
                                  "type": "string",
                                  "description_kind": "plain",
                                  "optional": true
                                }
                              },
                              "description_kind": "plain"
                            },
                            "max_items": 1
                          }
                        },
                        "description_kind": "plain"
                      },
                      "max_items": 1
                    }
                  },
                  "description_kind": "plain"
                },
                "max_items": 1
              }
            },
            "description_kind": "plain"
          }
        },
        "aws_autoscaling_group": {
          "version": 1,
          "block": {
            "attributes": {
              "arn": {
                "type": "string",
                "description_kind": "plain",
                "computed": true
              },
              "availability_zones": {
                "type": [
                  "set",
                  "string"
                ],
                "description_kind": "plain",
                "optional": true,
                "computed": true
              },
              "capacity_rebalance": {
                "type": "bool",
                "description_kind": "plain",
                "optional": true
              },
              "context": {
                "type": "string",
                "description_kind": "plain",
                "optional": true
              },
              "default_cooldown": {
                "type": "number",
                "description_kind": "plain",
                "optional": true,
                "computed": true
              },
              "default_instance_warmup": {
                "type": "number",
                "description_kind": "plain",
                "optional": true
              },
              "desired_capacity": {
                "type": "number",
                "description_kind": "plain",
                "optional": true,
                "computed": true
              },
              "desired_capacity_type": {
                "type": "string",
                "description_kind": "plain",
                "optional": true
              },
              "enabled_metrics": {
                "type": [
                  "set",
                  "string"
                ],
                "description_kind": "plain",
                "optional": true
              },
              "force_delete": {
                "type": "bool",
                "description_kind": "plain",
                "optional": true
              },
              "force_delete_warm_pool": {
                "type": "bool",
                "description_kind": "plain",
                "optional": true
              },
              "health_check_grace_period": {
                "type": "number",
                "description_kind": "plain",
                "optional": true
              },
              "health_check_type": {
                "type": "string",
                "description_kind": "plain",
                "optional": true,
                "computed": true
              },
              "id": {
                "type": "string",
                "description_kind": "plain",
                "optional": true,
                "computed": true
              },
              "ignore_failed_scaling_activities": {
                "type": "bool",
                "description_kind": "plain",
                "optional": true
              },
              "launch_configuration": {
                "type": "string",
                "description_kind": "plain",
                "optional": true
              },
              "load_balancers": {
                "type": [
                  "set",
                  "string"
                ],
                "description_kind": "plain",
                "optional": true,
                "computed": true
              },
              "max_instance_lifetime": {
                "type": "number",
                "description_kind": "plain",
                "optional": true
              },
              "max_size": {
                "type": "number",
                "description_kind": "plain",
                "required": true
              },
              "metrics_granularity": {
                "type": "string",
                "description_kind": "plain",
                "optional": true
              },
              "min_elb_capacity": {
                "type": "number",
                "description_kind": "plain",
                "optional": true
              },
              "min_size": {
                "type": "number",
                "description_kind": "plain",
                "required": true
              },
              "name": {
                "type": "string",
                "description_kind": "plain",
                "optional": true,
                "computed": true
              },
              "name_prefix": {
                "type": "string",
                "description_kind": "plain",
                "optional": true,
                "computed": true
              },
              "placement_group": {
                "type": "string",
                "description_kind": "plain",
                "optional": true
              },
              "predicted_capacity": {
                "type": "number",
                "description_kind": "plain",
                "computed": true
              },
              "protect_from_scale_in": {
                "type": "bool",
                "description_kind": "plain",
                "optional": true
              },
              "service_linked_role_arn": {
                "type": "string",
                "description_kind": "plain",
                "optional": true,
                "computed": true
              },
              "suspended_processes": {
                "type": [
                  "set",
                  "string"
                ],
                "description_kind": "plain",
                "optional": true
              },
              "target_group_arns": {
                "type": [
                  "set",
                  "string"
                ],
                "description_kind": "plain",
                "optional": true,
                "computed": true
              },
              "termination_policies": {
                "type": [
                  "list",
                  "string"
                ],
                "description_kind": "plain",
                "optional": true
              },
              "vpc_zone_identifier": {
                "type": [
                  "set",
                  "string"
                ],
                "description_kind": "plain",
                "optional": true,
                "computed": true
              },
              "wait_for_capacity_timeout": {
                "type": "string",
                "description_kind": "plain",
                "optional": true
              },
              "wait_for_elb_capacity": {
                "type": "number",
                "description_kind": "plain",
                "optional": true
              },
              "warm_pool_size": {
                "type": "number",
                "description_kind": "plain",
                "computed": true
              }
            },
            "block_types": {
              "initial_lifecycle_hook": {
                "nesting_mode": "set",
                "block": {
                  "attributes": {
                    "default_result": {
                      "type": "string",
                      "description_kind": "plain",
                      "optional": true,
                      "computed": true
                    },
                    "heartbeat_timeout": {
                      "type": "number",
                      "description_kind": "plain",
                      "optional": true
                    },
                    "lifecycle_transition": {
                      "type": "string",
                      "description_kind": "plain",
                      "required": true
                    },
                    "name": {
                      "type": "string",
                      "description_kind": "plain",
                      "required": true
                    },
                    "notification_metadata": {
                      "type": "string",
                      "description_kind": "plain",
                      "optional": true
                    },
                    "notification_target_arn": {
                      "type": "string",
                      "description_kind": "plain",
                      "optional": true
                    },
                    "role_arn": {
                      "type": "string",
                      "description_kind": "plain",
                      "optional": true
                    }
                  },
                  "description_kind": "plain"
                }
              },
              "instance_maintenance_policy": {
                "nesting_mode": "list",
                "block": {
                  "attributes": {
                    "max_healthy_percentage": {
                      "type": "number",
                      "description_kind": "plain",
                      "required": true
                    },
                    "min_healthy_percentage": {
                      "type": "number",
                      "description_kind": "plain",
                      "required": true
                    }
                  },
                  "description_kind": "plain"
                },
                "max_items": 1
              },
              "instance_refresh": {
                "nesting_mode": "list",
                "block": {
                  "attributes": {
                    "strategy": {
                      "type": "string",
                      "description_kind": "plain",
                      "required": true
                    },
                    "triggers": {
                      "type": [
                        "set",
                        "string"
                      ],
                      "description_kind": "plain",
                      "optional": true
                    }
                  },
                  "block_types": {
                    "preferences": {
                      "nesting_mode": "list",
                      "block": {
                        "attributes": {
                          "auto_rollback": {
                            "type": "bool",
                            "description_kind": "plain",
                            "optional": true
                          },
                          "checkpoint_delay": {
                            "type": "string",
                            "description_kind": "plain",
                            "optional": true
                          },
                          "checkpoint_percentages": {
                            "type": [
                              "list",
                              "number"
                            ],
                            "description_kind": "plain",
                            "optional": true
                          },
                          "instance_warmup": {
                            "type": "string",
                            "description_kind": "plain",
                            "optional": true
                          },
                          "max_healthy_percentage": {
                            "type": "number",
                            "description_kind": "plain",
                            "optional": true
                          },
                          "min_healthy_percentage": {
                            "type": "number",
                            "description_kind": "plain",
                            "optional": true
                          },
                          "scale_in_protected_instances": {
                            "type": "string",
                            "description_kind": "plain",
                            "optional": true
                          },
                          "skip_matching": {
                            "type": "bool",
                            "description_kind": "plain",
                            "optional": true
                          },
                          "standby_instances": {
                            "type": "string",
                            "description_kind": "plain",
                            "optional": true
                          }
                        },
                        "block_types": {
                          "alarm_specification": {
                            "nesting_mode": "list",
                            "block": {
                              "attributes": {
                                "alarms": {
                                  "type": [
                                    "list",
                                    "string"
                                  ],
                                  "description_kind": "plain",
                                  "optional": true
                                }
                              },
                              "description_kind": "plain"
                            },
                            "max_items": 1
                          }
                        },
                        "description_kind": "plain"
                      },
                      "max_items": 1
                    }
                  },
                  "description_kind": "plain"
                },
                "max_items": 1
              },
              "launch_template": {
                "nesting_mode": "list",
                "block": {
                  "attributes": {
                    "id": {
                      "type": "string",
                      "description_kind": "plain",
                      "optional": true,
                      "computed": true
                    },
                    "name": {
                      "type": "string",
                      "description_kind": "plain",
                      "optional": true,
                      "computed": true
                    },
                    "version": {
                      "type": "string",
                      "description_kind": "plain",
                      "optional": true,
                      "computed": true
                    }
                  },
                  "description_kind": "plain"
                },
                "max_items": 1
              },
              "mixed_instances_policy": {
                "nesting_mode": "list",
                "block": {
                  "block_types": {
                    "instances_distribution": {
                      "nesting_mode": "list",
                      "block": {
                        "attributes": {
                          "on_demand_allocation_strategy": {
                            "type": "string",
                            "description_kind": "plain",
                            "optional": true,
                            "computed": true
                          },
                          "on_demand_base_capacity": {
                            "type": "number",
                            "description_kind": "plain",
                            "optional": true,
                            "computed": true
                          },
                          "on_demand_percentage_above_base_capacity": {
                            "type": "number",
                            "description_kind": "plain",
                            "optional": true,
                            "computed": true
                          },
                          "spot_allocation_strategy": {
                            "type": "string",
                            "description_kind": "plain",
                            "optional": true,
                            "computed": true
                          },
                          "spot_instance_pools": {
                            "type": "number",
                            "description_kind": "plain",
                            "optional": true,
                            "computed": true
                          },
                          "spot_max_price": {
                            "type": "string",
                            "description_kind": "plain",
                            "optional": true
                          }
                        },
                        "description_kind": "plain"
                      },
                      "max_items": 1
                    },
                    "launch_template": {
                      "nesting_mode": "list",
                      "block": {
                        "block_types": {
                          "launch_template_specification": {
                            "nesting_mode": "list",
                            "block": {
                              "attributes": {
                                "launch_template_id": {
                                  "type": "string",
                                  "description_kind": "plain",
                                  "optional": true,
                                  "computed": true
                                },
                                "launch_template_name": {
                                  "type": "string",
                                  "description_kind": "plain",
                                  "optional": true,
                                  "computed": true
                                },
                                "version": {
                                  "type": "string",
                                  "description_kind": "plain",
                                  "optional": true,
                                  "computed": true
                                }
                              },
                              "description_kind": "plain"
                            },
                            "min_items": 1,
                            "max_items": 1
                          },
                          "override": {
                            "nesting_mode": "list",
                            "block": {
                              "attributes": {
                                "instance_type": {
                                  "type": "string",
                                  "description_kind": "plain",
                                  "optional": true
                                },
                                "weighted_capacity": {
                                  "type": "string",
                                  "description_kind": "plain",
                                  "optional": true
                                }
                              },
                              "block_types": {
                                "instance_requirements": {
                                  "nesting_mode": "list",
                                  "block": {
                                    "attributes": {
                                      "accelerator_manufacturers": {
                                        "type": [
                                          "set",
                                          "string"
                                        ],
                                        "description_kind": "plain",
                                        "optional": true
                                      },
                                      "accelerator_names": {
                                        "type": [
                                          "set",
                                          "string"
                                        ],
                                        "description_kind": "plain",
                                        "optional": true
                                      },
                                      "accelerator_types": {
                                        "type": [
                                          "set",
                                          "string"
                                        ],
                                        "description_kind": "plain",
                                        "optional": true
                                      },
                                      "allowed_instance_types": {
                                        "type": [
                                          "set",
                                          "string"
                                        ],
                                        "description_kind": "plain",
                                        "optional": true
                                      },
                                      "bare_metal": {
                                        "type": "string",
                                        "description_kind": "plain",
                                        "optional": true
                                      },
                                      "burstable_performance": {
                                        "type": "string",
                                        "description_kind": "plain",
                                        "optional": true
                                      },
                                      "cpu_manufacturers": {
                                        "type": [
                                          "set",
                                          "string"
                                        ],
                                        "description_kind": "plain",
                                        "optional": true
                                      },
                                      "excluded_instance_types": {
                                        "type": [
                                          "set",
                                          "string"
                                        ],
                                        "description_kind": "plain",
                                        "optional": true
                                      },
                                      "instance_generations": {
                                        "type": [
                                          "set",
                                          "string"
                                        ],
                                        "description_kind": "plain",
                                        "optional": true
                                      },
                                      "local_storage": {
                                        "type": "string",
                                        "description_kind": "plain",
                                        "optional": true
                                      },
                                      "local_storage_types": {
                                        "type": [
                                          "set",
                                          "string"
                                        ],
                                        "description_kind": "plain",
                                        "optional": true
                                      },
                                      "max_spot_price_as_percentage_of_optimal_on_demand_price": {
                                        "type": "number",
                                        "description_kind": "plain",
                                        "optional": true
                                      },
                                      "on_demand_max_price_percentage_over_lowest_price": {
                                        "type": "number",
                                        "description_kind": "plain",
                                        "optional": true
                                      },
                                      "require_hibernate_support": {
                                        "type": "bool",
                                        "description_kind": "plain",
                                        "optional": true
                                      },
                                      "spot_max_price_percentage_over_lowest_price": {
                                        "type": "number",
                                        "description_kind": "plain",
                                        "optional": true
                                      }
                                    },
                                    "block_types": {
                                      "accelerator_count": {
                                        "nesting_mode": "list",
                                        "block": {
                                          "attributes": {
                                            "max": {
                                              "type": "number",
                                              "description_kind": "plain",
                                              "optional": true
                                            },
                                            "min": {
                                              "type": "number",
                                              "description_kind": "plain",
                                              "optional": true
                                            }
                                          },
                                          "description_kind": "plain"
                                        },
                                        "max_items": 1
                                      },
                                      "accelerator_total_memory_mib": {
                                        "nesting_mode": "list",
                                        "block": {
                                          "attributes": {
                                            "max": {
                                              "type": "number",
                                              "description_kind": "plain",
                                              "optional": true
                                            },
                                            "min": {
                                              "type": "number",
                                              "description_kind": "plain",
                                              "optional": true
                                            }
                                          },
                                          "description_kind": "plain"
                                        },
                                        "max_items": 1
                                      },
                                      "baseline_ebs_bandwidth_mbps": {
                                        "nesting_mode": "list",
                                        "block": {
                                          "attributes": {
                                            "max": {
                                              "type": "number",
                                              "description_kind": "plain",
                                              "optional": true
                                            },
                                            "min": {
                                              "type": "number",
                                              "description_kind": "plain",
                                              "optional": true
                                            }
                                          },
                                          "description_kind": "plain"
                                        },
                                        "max_items": 1
                                      },
                                      "memory_gib_per_vcpu": {
                                        "nesting_mode": "list",
                                        "block": {
                                          "attributes": {
                                            "max": {
                                              "type": "number",
                                              "description_kind": "plain",
                                              "optional": true
                                            },
                                            "min": {
                                              "type": "number",
                                              "description_kind": "plain",
                                              "optional": true
                                            }
                                          },
                                          "description_kind": "plain"
                                        },
                                        "max_items": 1
                                      },
                                      "memory_mib": {
                                        "nesting_mode": "list",
                                        "block": {
                                          "attributes": {
                                            "max": {
                                              "type": "number",
                                              "description_kind": "plain",
                                              "optional": true
                                            },
                                            "min": {
                                              "type": "number",
                                              "description_kind": "plain",
                                              "optional": true
                                            }
                                          },
                                          "description_kind": "plain"
                                        },
                                        "max_items": 1
                                      },
                                      "network_bandwidth_gbps": {
                                        "nesting_mode": "list",
                                        "block": {
                                          "attributes": {
                                            "max": {
                                              "type": "number",
                                              "description_kind": "plain",
                                              "optional": true
                                            },
                                            "min": {
                                              "type": "number",
                                              "description_kind": "plain",
                                              "optional": true
                                            }
                                          },
                                          "description_kind": "plain"
                                        },
                                        "max_items": 1
                                      },
                                      "network_interface_count": {
                                        "nesting_mode": "list",
                                        "block": {
                                          "attributes": {
                                            "max": {
                                              "type": "number",
                                              "description_kind": "plain",
                                              "optional": true
                                            },
                                            "min": {
                                              "type": "number",
                                              "description_kind": "plain",
                                              "optional": true
                                            }
                                          },
                                          "description_kind": "plain"
                                        },
                                        "max_items": 1
                                      },
                                      "total_local_storage_gb": {
                                        "nesting_mode": "list",
                                        "block": {
                                          "attributes": {
                                            "max": {
                                              "type": "number",
                                              "description_kind": "plain",
                                              "optional": true
                                            },
                                            "min": {
                                              "type": "number",
                                              "description_kind": "plain",
                                              "optional": true
                                            }
                                          },
                                          "description_kind": "plain"
                                        },
                                        "max_items": 1
                                      },
                                      "vcpu_count": {
                                        "nesting_mode": "list",
                                        "block": {
                                          "attributes": {
                                            "max": {
                                              "type": "number",
                                              "description_kind": "plain",
                                              "optional": true
                                            },
                                            "min": {
                                              "type": "number",
                                              "description_kind": "plain",
                                              "optional": true
                                            }
                                          },
                                          "description_kind": "plain"
                                        },
                                        "max_items": 1
                                      }
                                    },
                                    "description_kind": "plain"
                                  },
                                  "max_items": 1
                                },
                                "launch_template_specification": {
                                  "nesting_mode": "list",
                                  "block": {
                                    "attributes": {
                                      "launch_template_id": {
                                        "type": "string",
                                        "description_kind": "plain",
                                        "optional": true,
                                        "computed": true
                                      },
                                      "launch_template_name": {
                                        "type": "string",
                                        "description_kind": "plain",
                                        "optional": true,
                                        "computed": true
                                      },
                                      "version": {
                                        "type": "string",
                                        "description_kind": "plain",
                                        "optional": true,
                                        "computed": true
                                      }
                                    },
                                    "description_kind": "plain"
                                  },
                                  "max_items": 1
                                }
                              },
                              "description_kind": "plain"
                            }
                          }
                        },
                        "description_kind": "plain"
                      },
                      "min_items": 1,
                      "max_items": 1
                    }
                  },
                  "description_kind": "plain"
                },
                "max_items": 1
              },
              "tag": {
                "nesting_mode": "set",
                "block": {
                  "attributes": {
                    "key": {
                      "type": "string",
                      "description_kind": "plain",
                      "required": true
                    },
                    "propagate_at_launch": {
                      "type": "bool",
                      "description_kind": "plain",
                      "required": true
                    },
                    "value": {
                      "type": "string",
                      "description_kind": "plain",
                      "required": true
                    }
                  },
                  "description_kind": "plain"
                }
              },
              "timeouts": {
                "nesting_mode": "single",
                "block": {
                  "attributes": {
                    "delete": {
                      "type": "string",
                      "description_kind": "plain",
                      "optional": true
                    },
                    "update": {
                      "type": "string",
                      "description_kind": "plain",
                      "optional": true
                    }
                  },
                  "description_kind": "plain"
                }
              },
              "traffic_source": {
                "nesting_mode": "set",
                "block": {
                  "attributes": {
                    "identifier": {
                      "type": "string",
                      "description_kind": "plain",
                      "required": true
                    },
                    "type": {
                      "type": "string",
                      "description_kind": "plain",
                      "optional": true
                    }
                  },
                  "description_kind": "plain"
                }
              },
              "warm_pool": {
                "nesting_mode": "list",
                "block": {
                  "attributes": {
                    "max_group_prepared_capacity": {
                      "type": "number",
                      "description_kind": "plain",
                      "optional": true
                    },
                    "min_size": {
                      "type": "number",
                      "description_kind": "plain",
                      "optional": true
                    },
                    "pool_state": {
                      "type": "string",
                      "description_kind": "plain",
                      "optional": true
                    }
                  },
                  "block_types": {
                    "instance_reuse_policy": {
                      "nesting_mode": "list",
                      "block": {
                        "attributes": {
                          "reuse_on_scale_in": {
                            "type": "bool",
                            "description_kind": "plain",
                            "optional": true
                          }
                        },
                        "description_kind": "plain"
                      },
                      "max_items": 1
                    }
                  },
                  "description_kind": "plain"
                },
                "max_items": 1
              }
            },
            "description_kind": "plain"
          }
        },
        "aws_autoscaling_group_tag": {
          "version": 0,
          "block": {
            "attributes": {
              "autoscaling_group_name": {
                "type": "string",
                "description_kind": "plain",
                "required": true
              },
              "id": {
                "type": "string",
                "description_kind": "plain",
                "optional": true,
                "computed": true
              }
            },
            "block_types": {
              "tag": {
                "nesting_mode": "list",
                "block": {
                  "attributes": {
                    "key": {
                      "type": "string",
                      "description_kind": "plain",
                      "required": true
                    },
                    "propagate_at_launch": {
                      "type": "bool",
                      "description_kind": "plain",
                      "required": true
                    },
                    "value": {
                      "type": "string",
                      "description_kind": "plain",
                      "required": true
                    }
                  },
                  "description_kind": "plain"
                },
                "min_items": 1,
                "max_items": 1
              }
            },
            "description_kind": "plain"
          }
        },
        "aws_backup_plan": {
          "version": 0,
          "block": {
            "attributes": {
              "arn": {
                "type": "string",
                "description_kind": "plain",
                "computed": true
              },
              "id": {
                "type": "string",
                "description_kind": "plain",
                "optional": true,
                "computed": true
              },
              "name": {
                "type": "string",
                "description_kind": "plain",
                "required": true
              },
              "tags": {
                "type": [
                  "map",
                  "string"
                ],
                "description_kind": "plain",
                "optional": true
              },
              "tags_all": {
                "type": [
                  "map",
                  "string"
                ],
                "description_kind": "plain",
                "optional": true,
                "computed": true
              },
              "version": {
                "type": "string",
                "description_kind": "plain",
                "computed": true
              }
            },
            "block_types": {
              "advanced_backup_setting": {
                "nesting_mode": "set",
                "block": {
                  "attributes": {
                    "backup_options": {
                      "type": [
                        "map",
                        "string"
                      ],
                      "description_kind": "plain",
                      "required": true
                    },
                    "resource_type": {
                      "type": "string",
                      "description_kind": "plain",
                      "required": true
                    }
                  },
                  "description_kind": "plain"
                }
              },
              "rule": {
                "nesting_mode": "set",
                "block": {
                  "attributes": {
                    "completion_window": {
                      "type": "number",
                      "description_kind": "plain",
                      "optional": true
                    },
                    "enable_continuous_backup": {
                      "type": "bool",
                      "description_kind": "plain",
                      "optional": true
                    },
                    "recovery_point_tags": {
                      "type": [
                        "map",
                        "string"
                      ],
                      "description_kind": "plain",
                      "optional": true
                    },
                    "rule_name": {
                      "type": "string",
                      "description_kind": "plain",
                      "required": true
                    },
                    "schedule": {
                      "type": "string",
                      "description_kind": "plain",
                      "optional": true
                    },
                    "start_window": {
                      "type": "number",
                      "description_kind": "plain",
                      "optional": true
                    },
                    "target_vault_name": {
                      "type": "string",
                      "description_kind": "plain",
                      "required": true
                    }
                  },
                  "block_types": {
                    "copy_action": {
                      "nesting_mode": "set",
                      "block": {
                        "attributes": {
                          "destination_vault_arn": {
                            "type": "string",
                            "description_kind": "plain",
                            "required": true
                          }
                        },
                        "block_types": {
                          "lifecycle": {
                            "nesting_mode": "list",
                            "block": {
                              "attributes": {
                                "cold_storage_after": {
                                  "type": "number",
                                  "description_kind": "plain",
                                  "optional": true
                                },
                                "delete_after": {
                                  "type": "number",
                                  "description_kind": "plain",
                                  "optional": true
                                },
                                "opt_in_to_archive_for_supported_resources": {
                                  "type": "bool",
                                  "description_kind": "plain",
                                  "optional": true,
                                  "computed": true
                                }
                              },
                              "description_kind": "plain"
                            },
                            "max_items": 1
                          }
                        },
                        "description_kind": "plain"
                      }
                    },
                    "lifecycle": {
                      "nesting_mode": "list",
                      "block": {
                        "attributes": {
                          "cold_storage_after": {
                            "type": "number",
                            "description_kind": "plain",
                            "optional": true
                          },
                          "delete_after": {
                            "type": "number",
                            "description_kind": "plain",
                            "optional": true
                          },
                          "opt_in_to_archive_for_supported_resources": {
                            "type": "bool",
                            "description_kind": "plain",
                            "optional": true,
                            "computed": true
                          }
                        },
                        "description_kind": "plain"
                      },
                      "max_items": 1
                    }
                  },
                  "description_kind": "plain"
                },
                "min_items": 1
              }
            },
            "description_kind": "plain"
          }
        },
        "aws_backup_vault": {
          "version": 0,
          "block": {
            "attributes": {
              "arn": {
                "type": "string",
                "description_kind": "plain",
                "computed": true
              },
              "force_destroy": {
                "type": "bool",
                "description_kind": "plain",
                "optional": true
              },
              "id": {
                "type": "string",
                "description_kind": "plain",
                "optional": true,
                "computed": true
              },
              "kms_key_arn": {
                "type": "string",
                "description_kind": "plain",
                "optional": true,
                "computed": true
              },
              "name": {
                "type": "string",
                "description_kind": "plain",
                "required": true
              },
              "recovery_points": {
                "type": "number",
                "description_kind": "plain",
                "computed": true
              },
              "tags": {
                "type": [
                  "map",
                  "string"
                ],
                "description_kind": "plain",
                "optional": true
              },
              "tags_all": {
                "type": [
                  "map",
                  "string"
                ],
                "description_kind": "plain",
                "optional": true,
                "computed": true
              }
            },
            "block_types": {
              "timeouts": {
                "nesting_mode": "single",
                "block": {
                  "attributes": {
                    "delete": {
                      "type": "string",
                      "description_kind": "plain",
                      "optional": true
                    }
                  },
                  "description_kind": "plain"
                }
              }
            },
            "description_kind": "plain"
          }
        },
        "aws_bedrock_guardrail": {
          "version": 0,
          "block": {
            "attributes": {
              "blocked_input_messaging": {
                "type": "string",
                "description_kind": "plain",
                "required": true
              },
              "blocked_outputs_messaging": {
                "type": "string",
                "description_kind": "plain",
                "required": true
              },
              "created_at": {
                "type": "string",
                "description_kind": "plain",
                "computed": true
              },
              "description": {
                "type": "string",
                "description_kind": "plain",
                "optional": true,
                "computed": true
              },
              "guardrail_arn": {
                "type": "string",
                "description_kind": "plain",
                "computed": true
              },
              "guardrail_id": {
                "type": "string",
                "description_kind": "plain",
                "computed": true
              },
              "kms_key_arn": {
                "type": "string",
                "description_kind": "plain",
                "optional": true
              },
              "name": {
                "type": "string",
                "description_kind": "plain",
                "required": true
              },
              "status": {
                "type": "string",
                "description_kind": "plain",
                "computed": true
              },
              "tags": {
                "type": [
                  "map",
                  "string"
                ],
                "description_kind": "plain",
                "optional": true
              },
              "tags_all": {
                "type": [
                  "map",
                  "string"
                ],
                "description_kind": "plain",
                "computed": true
              },
              "version": {
                "type": "string",
                "description_kind": "plain",
                "computed": true
              }
            },
            "block_types": {
              "content_policy_config": {
                "nesting_mode": "list",
                "block": {
                  "block_types": {
                    "filters_config": {
                      "nesting_mode": "list",
                      "block": {
                        "attributes": {
                          "input_strength": {
                            "type": "string",
                            "description_kind": "plain",
                            "required": true
                          },
                          "output_strength": {
                            "type": "string",
                            "description_kind": "plain",
                            "required": true
                          },
                          "type": {
                            "type": "string",
                            "description_kind": "plain",
                            "required": true
                          }
                        },
                        "description_kind": "plain"
                      }
                    }
                  },
                  "description_kind": "plain"
                }
              },
              "contextual_grounding_policy_config": {
                "nesting_mode": "list",
                "block": {
                  "block_types": {
                    "filters_config": {
                      "nesting_mode": "list",
                      "block": {
                        "attributes": {
                          "threshold": {
                            "type": "number",
                            "description_kind": "plain",
                            "required": true
                          },
                          "type": {
                            "type": "string",
                            "description_kind": "plain",
                            "required": true
                          }
                        },
                        "description_kind": "plain"
                      }
                    }
                  },
                  "description_kind": "plain"
                }
              },
              "sensitive_information_policy_config": {
                "nesting_mode": "list",
                "block": {
                  "block_types": {
                    "pii_entities_config": {
                      "nesting_mode": "list",
                      "block": {
                        "attributes": {
                          "action": {
                            "type": "string",
                            "description_kind": "plain",
                            "required": true
                          },
                          "type": {
                            "type": "string",
                            "description_kind": "plain",
                            "required": true
                          }
                        },
                        "description_kind": "plain"
                      }
                    },
                    "regexes_config": {
                      "nesting_mode": "list",
                      "block": {
                        "attributes": {
                          "action": {
                            "type": "string",
                            "description_kind": "plain",
                            "required": true
                          },
                          "description": {
                            "type": "string",
                            "description_kind": "plain",
                            "optional": true,
                            "computed": true
                          },
                          "name": {
                            "type": "string",
                            "description_kind": "plain",
                            "required": true
                          },
                          "pattern": {
                            "type": "string",
                            "description_kind": "plain",
                            "required": true
                          }
                        },
                        "description_kind": "plain"
                      }
                    }
                  },
                  "description_kind": "plain"
                }
              },
              "timeouts": {
                "nesting_mode": "single",
                "block": {
                  "attributes": {
                    "create": {
                      "type": "string",
                      "description": "A string that can be [parsed as a duration](https://pkg.go.dev/time#ParseDuration) consisting of numbers and unit suffixes, such as \"30s\" or \"2h45m\". Valid time units are \"s\" (seconds), \"m\" (minutes), \"h\" (hours).",
                      "description_kind": "plain",
                      "optional": true
                    },
                    "delete": {
                      "type": "string",
                      "description": "A string that can be [parsed as a duration](https://pkg.go.dev/time#ParseDuration) consisting of numbers and unit suffixes, such as \"30s\" or \"2h45m\". Valid time units are \"s\" (seconds), \"m\" (minutes), \"h\" (hours). Setting a timeout for a Delete operation is only applicable if changes are saved into state before the destroy operation occurs.",
                      "description_kind": "plain",
                      "optional": true
                    },
                    "update": {
                      "type": "string",
                      "description": "A string that can be [parsed as a duration](https://pkg.go.dev/time#ParseDuration) consisting of numbers and unit suffixes, such as \"30s\" or \"2h45m\". Valid time units are \"s\" (seconds), \"m\" (minutes), \"h\" (hours).",
                      "description_kind": "plain",
                      "optional": true
                    }
                  },
                  "description_kind": "plain"
                }
              },
              "topic_policy_config": {
                "nesting_mode": "list",
                "block": {
                  "block_types": {
                    "topics_config": {
                      "nesting_mode": "list",
                      "block": {
                        "attributes": {
                          "definition": {
                            "type": "string",
                            "description_kind": "plain",
                            "required": true
                          },
                          "examples": {
                            "type": [
                              "list",
                              "string"
                            ],
                            "description_kind": "plain",
                            "optional": true,
                            "computed": true
                          },
                          "name": {
                            "type": "string",
                            "description_kind": "plain",
                            "required": true
                          },
                          "type": {
                            "type": "string",
                            "description_kind": "plain",
                            "required": true
                          }
                        },
                        "description_kind": "plain"
                      }
                    }
                  },
                  "description_kind": "plain"
                }
              },
              "word_policy_config": {
                "nesting_mode": "list",
                "block": {
                  "block_types": {
                    "managed_word_lists_config": {
                      "nesting_mode": "list",
                      "block": {
                        "attributes": {
                          "type": {
                            "type": "string",
                            "description_kind": "plain",
                            "required": true
                          }
                        },
                        "description_kind": "plain"
                      }
                    },
                    "words_config": {
                      "nesting_mode": "list",
                      "block": {
                        "attributes": {
                          "text": {
                            "type": "string",
                            "description_kind": "plain",
                            "required": true
                          }
                        },
                        "description_kind": "plain"
                      }
                    }
                  },
                  "description_kind": "plain"
                }
              }
            },
            "description_kind": "plain"
          }
        },
        "aws_bedrock_model_invocation_logging_configuration": {
          "version": 0,
          "block": {
            "attributes": {
              "id": {
                "type": "string",
                "description_kind": "plain",
                "computed": true
              }
            },
            "block_types": {
              "logging_config": {
                "nesting_mode": "single",
                "block": {
                  "attributes": {
                    "embedding_data_delivery_enabled": {
                      "type": "bool",
                      "description_kind": "plain",
                      "required": true
                    },
                    "image_data_delivery_enabled": {
                      "type": "bool",
                      "description_kind": "plain",
                      "required": true
                    },
                    "text_data_delivery_enabled": {
                      "type": "bool",
                      "description_kind": "plain",
                      "required": true
                    }
                  },
                  "block_types": {
                    "cloudwatch_config": {
                      "nesting_mode": "single",
                      "block": {
                        "attributes": {
                          "log_group_name": {
                            "type": "string",
                            "description_kind": "plain",
                            "optional": true
                          },
                          "role_arn": {
                            "type": "string",
                            "description_kind": "plain",
                            "optional": true
                          }
                        },
                        "block_types": {
                          "large_data_delivery_s3_config": {
                            "nesting_mode": "single",
                            "block": {
                              "attributes": {
                                "bucket_name": {
                                  "type": "string",
                                  "description_kind": "plain",
                                  "optional": true
                                },
                                "key_prefix": {
                                  "type": "string",
                                  "description_kind": "plain",
                                  "optional": true
                                }
                              },
                              "description_kind": "plain"
                            }
                          }
                        },
                        "description_kind": "plain"
                      }
                    },
                    "s3_config": {
                      "nesting_mode": "single",
                      "block": {
                        "attributes": {
                          "bucket_name": {
                            "type": "string",
                            "description_kind": "plain",
                            "optional": true
                          },
                          "key_prefix": {
                            "type": "string",
                            "description_kind": "plain",
                            "optional": true
                          }
                        },
                        "description_kind": "plain"
                      }
                    }
                  },
                  "description_kind": "plain"
                }
              }
            },
            "description_kind": "plain"
          }
        },
        "aws_cloudfront_distribution": {
          "version": 1,
          "block": {
            "attributes": {
              "aliases": {
                "type": [
                  "set",
                  "string"
                ],
                "description_kind": "plain",
                "optional": true
              },
              "arn": {
                "type": "string",
                "description_kind": "plain",
                "computed": true
              },
              "caller_reference": {
                "type": "string",
                "description_kind": "plain",
                "computed": true
              },
              "comment": {
                "type": "string",
                "description_kind": "plain",
                "optional": true
              },
              "continuous_deployment_policy_id": {
                "type": "string",
                "description_kind": "plain",
                "optional": true,
                "computed": true
              },
              "default_root_object": {
                "type": "string",
                "description_kind": "plain",
                "optional": true
              },
              "domain_name": {
                "type": "string",
                "description_kind": "plain",
                "computed": true
              },
              "enabled": {
                "type": "bool",
                "description_kind": "plain",
                "required": true
              },
              "etag": {
                "type": "string",
                "description_kind": "plain",
                "computed": true
              },
              "hosted_zone_id": {
                "type": "string",
                "description_kind": "plain",
                "computed": true
              },
              "http_version": {
                "type": "string",
                "description_kind": "plain",
                "optional": true
              },
              "id": {
                "type": "string",
                "description_kind": "plain",
                "optional": true,
                "computed": true
              },
              "in_progress_validation_batches": {
                "type": "number",
                "description_kind": "plain",
                "computed": true
              },
              "is_ipv6_enabled": {
                "type": "bool",
                "description_kind": "plain",
                "optional": true
              },
              "last_modified_time": {
                "type": "string",
                "description_kind": "plain",
                "computed": true
              },
              "price_class": {
                "type": "string",
                "description_kind": "plain",
                "optional": true
              },
              "retain_on_delete": {
                "type": "bool",
                "description_kind": "plain",
                "optional": true
              },
              "staging": {
                "type": "bool",
                "description_kind": "plain",
                "optional": true
              },
              "status": {
                "type": "string",
                "description_kind": "plain",
                "computed": true
              },
              "tags": {
                "type": [
                  "map",
                  "string"
                ],
                "description_kind": "plain",
                "optional": true
              },
              "tags_all": {
                "type": [
                  "map",
                  "string"
                ],
                "description_kind": "plain",
                "optional": true,
                "computed": true
              },
              "trusted_key_groups": {
                "type": [
                  "list",
                  [
                    "object",
                    {
                      "enabled": "bool",
                      "items": [
                        "list",
                        [
                          "object",
                          {
                            "key_group_id": "string",
                            "key_pair_ids": [
                              "set",
                              "string"
                            ]
                          }
                        ]
                      ]
                    }
                  ]
                ],
                "description_kind": "plain",
                "computed": true
              },
              "trusted_signers": {
                "type": [
                  "list",
                  [
                    "object",
                    {
                      "enabled": "bool",
                      "items": [
                        "list",
                        [
                          "object",
                          {
                            "aws_account_number": "string",
                            "key_pair_ids": [
                              "set",
                              "string"
                            ]
                          }
                        ]
                      ]
                    }
                  ]
                ],
                "description_kind": "plain",
                "computed": true
              },
              "wait_for_deployment": {
                "type": "bool",
                "description_kind": "plain",
                "optional": true
              },
              "web_acl_id": {
                "type": "string",
                "description_kind": "plain",
                "optional": true
              }
            },
            "block_types": {
              "custom_error_response": {
                "nesting_mode": "set",
                "block": {
                  "attributes": {
                    "error_caching_min_ttl": {
                      "type": "number",
                      "description_kind": "plain",
                      "optional": true
                    },
                    "error_code": {
                      "type": "number",
                      "description_kind": "plain",
                      "required": true
                    },
                    "response_code": {
                      "type": "number",
                      "description_kind": "plain",
                      "optional": true
                    },
                    "response_page_path": {
                      "type": "string",
                      "description_kind": "plain",
                      "optional": true
                    }
                  },
                  "description_kind": "plain"
                }
              },
              "default_cache_behavior": {
                "nesting_mode": "list",
                "block": {
                  "attributes": {
                    "allowed_methods": {
                      "type": [
                        "set",
                        "string"
                      ],
                      "description_kind": "plain",
                      "required": true
                    },
                    "cache_policy_id": {
                      "type": "string",
                      "description_kind": "plain",
                      "optional": true
                    },
                    "cached_methods": {
                      "type": [
                        "set",
                        "string"
                      ],
                      "description_kind": "plain",
                      "required": true
                    },
                    "compress": {
                      "type": "bool",
                      "description_kind": "plain",
                      "optional": true
                    },
                    "default_ttl": {
                      "type": "number",
                      "description_kind": "plain",
                      "optional": true,
                      "computed": true
                    },
                    "field_level_encryption_id": {
                      "type": "string",
                      "description_kind": "plain",
                      "optional": true
                    },
                    "max_ttl": {
                      "type": "number",
                      "description_kind": "plain",
                      "optional": true,
                      "computed": true
                    },
                    "min_ttl": {
                      "type": "number",
                      "description_kind": "plain",
                      "optional": true
                    },
                    "origin_request_policy_id": {
                      "type": "string",
                      "description_kind": "plain",
                      "optional": true
                    },
                    "realtime_log_config_arn": {
                      "type": "string",
                      "description_kind": "plain",
                      "optional": true
                    },
                    "response_headers_policy_id": {
                      "type": "string",
                      "description_kind": "plain",
                      "optional": true
                    },
                    "smooth_streaming": {
                      "type": "bool",
                      "description_kind": "plain",
                      "optional": true
                    },
                    "target_origin_id": {
                      "type": "string",
                      "description_kind": "plain",
                      "required": true
                    },
                    "trusted_key_groups": {
                      "type": [
                        "list",
                        "string"
                      ],
                      "description_kind": "plain",
                      "optional": true,
                      "computed": true
                    },
                    "trusted_signers": {
                      "type": [
                        "list",
                        "string"
                      ],
                      "description_kind": "plain",
                      "optional": true,
                      "computed": true
                    },
                    "viewer_protocol_policy": {
                      "type": "string",
                      "description_kind": "plain",
                      "required": true
                    }
                  },
                  "block_types": {
                    "forwarded_values": {
                      "nesting_mode": "list",
                      "block": {
                        "attributes": {
                          "headers": {
                            "type": [
                              "set",
                              "string"
                            ],
                            "description_kind": "plain",
                            "optional": true,
                            "computed": true
                          },
                          "query_string": {
                            "type": "bool",
                            "description_kind": "plain",
                            "required": true
                          },
                          "query_string_cache_keys": {
                            "type": [
                              "list",
                              "string"
                            ],
                            "description_kind": "plain",
                            "optional": true,
                            "computed": true
                          }
                        },
                        "block_types": {
                          "cookies": {
                            "nesting_mode": "list",
                            "block": {
                              "attributes": {
                                "forward": {
                                  "type": "string",
                                  "description_kind": "plain",
                                  "required": true
                                },
                                "whitelisted_names": {
                                  "type": [
                                    "set",
                                    "string"
                                  ],
                                  "description_kind": "plain",
                                  "optional": true,
                                  "computed": true
                                }
                              },
                              "description_kind": "plain"
                            },
                            "min_items": 1,
                            "max_items": 1
                          }
                        },
                        "description_kind": "plain"
                      },
                      "max_items": 1
                    },
                    "function_association": {
                      "nesting_mode": "set",
                      "block": {
                        "attributes": {
                          "event_type": {
                            "type": "string",
                            "description_kind": "plain",
                            "required": true
                          },
                          "function_arn": {
                            "type": "string",
                            "description_kind": "plain",
                            "required": true
                          }
                        },
                        "description_kind": "plain"
                      },
                      "max_items": 2
                    },
                    "lambda_function_association": {
                      "nesting_mode": "set",
                      "block": {
                        "attributes": {
                          "event_type": {
                            "type": "string",
                            "description_kind": "plain",
                            "required": true
                          },
                          "include_body": {
                            "type": "bool",
                            "description_kind": "plain",
                            "optional": true
                          },
                          "lambda_arn": {
                            "type": "string",
                            "description_kind": "plain",
                            "required": true
                          }
                        },
                        "description_kind": "plain"
                      },
                      "max_items": 4
                    }
                  },
                  "description_kind": "plain"
                },
                "min_items": 1,
                "max_items": 1
              },
              "logging_config": {
                "nesting_mode": "list",
                "block": {
                  "attributes": {
                    "bucket": {
                      "type": "string",
                      "description_kind": "plain",
                      "required": true
                    },
                    "include_cookies": {
                      "type": "bool",
                      "description_kind": "plain",
                      "optional": true
                    },
                    "prefix": {
                      "type": "string",
                      "description_kind": "plain",
                      "optional": true
                    }
                  },
                  "description_kind": "plain"
                },
                "max_items": 1
              },
              "ordered_cache_behavior": {
                "nesting_mode": "list",
                "block": {
                  "attributes": {
                    "allowed_methods": {
                      "type": [
                        "set",
                        "string"
                      ],
                      "description_kind": "plain",
                      "required": true
                    },
                    "cache_policy_id": {
                      "type": "string",
                      "description_kind": "plain",
                      "optional": true
                    },
                    "cached_methods": {
                      "type": [
                        "set",
                        "string"
                      ],
                      "description_kind": "plain",
                      "required": true
                    },
                    "compress": {
                      "type": "bool",
                      "description_kind": "plain",
                      "optional": true
                    },
                    "default_ttl": {
                      "type": "number",
                      "description_kind": "plain",
                      "optional": true,
                      "computed": true
                    },
                    "field_level_encryption_id": {
                      "type": "string",
                      "description_kind": "plain",
                      "optional": true
                    },
                    "max_ttl": {
                      "type": "number",
                      "description_kind": "plain",
                      "optional": true,
                      "computed": true
                    },
                    "min_ttl": {
                      "type": "number",
                      "description_kind": "plain",
                      "optional": true
                    },
                    "origin_request_policy_id": {
                      "type": "string",
                      "description_kind": "plain",
                      "optional": true
                    },
                    "path_pattern": {
                      "type": "string",
                      "description_kind": "plain",
                      "required": true
                    },
                    "realtime_log_config_arn": {
                      "type": "string",
                      "description_kind": "plain",
                      "optional": true
                    },
                    "response_headers_policy_id": {
                      "type": "string",
                      "description_kind": "plain",
                      "optional": true
                    },
                    "smooth_streaming": {
                      "type": "bool",
                      "description_kind": "plain",
                      "optional": true
                    },
                    "target_origin_id": {
                      "type": "string",
                      "description_kind": "plain",
                      "required": true
                    },
                    "trusted_key_groups": {
                      "type": [
                        "list",
                        "string"
                      ],
                      "description_kind": "plain",
                      "optional": true
                    },
                    "trusted_signers": {
                      "type": [
                        "list",
                        "string"
                      ],
                      "description_kind": "plain",
                      "optional": true
                    },
                    "viewer_protocol_policy": {
                      "type": "string",
                      "description_kind": "plain",
                      "required": true
                    }
                  },
                  "block_types": {
                    "forwarded_values": {
                      "nesting_mode": "list",
                      "block": {
                        "attributes": {
                          "headers": {
                            "type": [
                              "set",
                              "string"
                            ],
                            "description_kind": "plain",
                            "optional": true,
                            "computed": true
                          },
                          "query_string": {
                            "type": "bool",
                            "description_kind": "plain",
                            "required": true
                          },
                          "query_string_cache_keys": {
                            "type": [
                              "list",
                              "string"
                            ],
                            "description_kind": "plain",
                            "optional": true,
                            "computed": true
                          }
                        },
                        "block_types": {
                          "cookies": {
                            "nesting_mode": "list",
                            "block": {
                              "attributes": {
                                "forward": {
                                  "type": "string",
                                  "description_kind": "plain",
                                  "required": true
                                },
                                "whitelisted_names": {
                                  "type": [
                                    "set",
                                    "string"
                                  ],
                                  "description_kind": "plain",
                                  "optional": true
                                }
                              },
                              "description_kind": "plain"
                            },
                            "min_items": 1,
                            "max_items": 1
                          }
                        },
                        "description_kind": "plain"
                      },
                      "max_items": 1
                    },
                    "function_association": {
                      "nesting_mode": "set",
                      "block": {
                        "attributes": {
                          "event_type": {
                            "type": "string",
                            "description_kind": "plain",
                            "required": true
                          },
                          "function_arn": {
                            "type": "string",
                            "description_kind": "plain",
                            "required": true
                          }
                        },
                        "description_kind": "plain"
                      },
                      "max_items": 2
                    },
                    "lambda_function_association": {
                      "nesting_mode": "set",
                      "block": {
                        "attributes": {
                          "event_type": {
                            "type": "string",
                            "description_kind": "plain",
                            "required": true
                          },
                          "include_body": {
                            "type": "bool",
                            "description_kind": "plain",
                            "optional": true
                          },
                          "lambda_arn": {
                            "type": "string",
                            "description_kind": "plain",
                            "required": true
                          }
                        },
                        "description_kind": "plain"
                      },
                      "max_items": 4
                    }
                  },
                  "description_kind": "plain"
                }
              },
              "origin": {
                "nesting_mode": "set",
                "block": {
                  "attributes": {
                    "connection_attempts": {
                      "type": "number",
                      "description_kind": "plain",
                      "optional": true
                    },
                    "connection_timeout": {
                      "type": "number",
                      "description_kind": "plain",
                      "optional": true
                    },
                    "domain_name": {
                      "type": "string",
                      "description_kind": "plain",
                      "required": true
                    },
                    "origin_access_control_id": {
                      "type": "string",
                      "description_kind": "plain",
                      "optional": true
                    },
                    "origin_id": {
                      "type": "string",
                      "description_kind": "plain",
                      "required": true
                    },
                    "origin_path": {
                      "type": "string",
                      "description_kind": "plain",
                      "optional": true
                    }
                  },
                  "block_types": {
                    "custom_header": {
                      "nesting_mode": "set",
                      "block": {
                        "attributes": {
                          "name": {
                            "type": "string",
                            "description_kind": "plain",
                            "required": true
                          },
                          "value": {
                            "type": "string",
                            "description_kind": "plain",
                            "required": true
                          }
                        },
                        "description_kind": "plain"
                      }
                    },
                    "custom_origin_config": {
                      "nesting_mode": "list",
                      "block": {
                        "attributes": {
                          "http_port": {
                            "type": "number",
                            "description_kind": "plain",
                            "required": true
                          },
                          "https_port": {
                            "type": "number",
                            "description_kind": "plain",
                            "required": true
                          },
                          "origin_keepalive_timeout": {
                            "type": "number",
                            "description_kind": "plain",
                            "optional": true
                          },
                          "origin_protocol_policy": {
                            "type": "string",
                            "description_kind": "plain",
                            "required": true
                          },
                          "origin_read_timeout": {
                            "type": "number",
                            "description_kind": "plain",
                            "optional": true
                          },
                          "origin_ssl_protocols": {
                            "type": [
                              "set",
                              "string"
                            ],
                            "description_kind": "plain",
                            "required": true
                          }
                        },
                        "description_kind": "plain"
                      },
                      "max_items": 1
                    },
                    "origin_shield": {
                      "nesting_mode": "list",
                      "block": {
                        "attributes": {
                          "enabled": {
                            "type": "bool",
                            "description_kind": "plain",
                            "required": true
                          },
                          "origin_shield_region": {
                            "type": "string",
                            "description_kind": "plain",
                            "optional": true
                          }
                        },
                        "description_kind": "plain"
                      },
                      "max_items": 1
                    },
                    "s3_origin_config": {
                      "nesting_mode": "list",
                      "block": {
                        "attributes": {
                          "origin_access_identity": {
                            "type": "string",
                            "description_kind": "plain",
                            "required": true
                          }
                        },
                        "description_kind": "plain"
                      },
                      "max_items": 1
                    }
                  },
                  "description_kind": "plain"
                },
                "min_items": 1
              },
              "origin_group": {
                "nesting_mode": "set",
                "block": {
                  "attributes": {
                    "origin_id": {
                      "type": "string",
                      "description_kind": "plain",
                      "required": true
                    }
                  },
                  "block_types": {
                    "failover_criteria": {
                      "nesting_mode": "list",
                      "block": {
                        "attributes": {
                          "status_codes": {
                            "type": [
                              "set",
                              "number"
                            ],
                            "description_kind": "plain",
                            "required": true
                          }
                        },
                        "description_kind": "plain"
                      },
                      "min_items": 1,
                      "max_items": 1
                    },
                    "member": {
                      "nesting_mode": "list",
                      "block": {
                        "attributes": {
                          "origin_id": {
                            "type": "string",
                            "description_kind": "plain",
                            "required": true
                          }
                        },
                        "description_kind": "plain"
                      },
                      "min_items": 2,
                      "max_items": 2
                    }
                  },
                  "description_kind": "plain"
                }
              },
              "restrictions": {
                "nesting_mode": "list",
                "block": {
                  "block_types": {
                    "geo_restriction": {
                      "nesting_mode": "list",
                      "block": {
                        "attributes": {
                          "locations": {
                            "type": [
                              "set",
                              "string"
                            ],
                            "description_kind": "plain",
                            "optional": true,
                            "computed": true
                          },
                          "restriction_type": {
                            "type": "string",
                            "description_kind": "plain",
                            "required": true
                          }
                        },
                        "description_kind": "plain"
                      },
                      "min_items": 1,
                      "max_items": 1
                    }
                  },
                  "description_kind": "plain"
                },
                "min_items": 1,
                "max_items": 1
              },
              "viewer_certificate": {
                "nesting_mode": "list",
                "block": {
                  "attributes": {
                    "acm_certificate_arn": {
                      "type": "string",
                      "description_kind": "plain",
                      "optional": true
                    },
                    "cloudfront_default_certificate": {
                      "type": "bool",
                      "description_kind": "plain",
                      "optional": true
                    },
                    "iam_certificate_id": {
                      "type": "string",
                      "description_kind": "plain",
                      "optional": true
                    },
                    "minimum_protocol_version": {
                      "type": "string",
                      "description_kind": "plain",
                      "optional": true
                    },
                    "ssl_support_method": {
                      "type": "string",
                      "description_kind": "plain",
                      "optional": true
                    }
                  },
                  "description_kind": "plain"
                },
                "min_items": 1,
                "max_items": 1
              }
            },
            "description_kind": "plain"
          }
        },
        "aws_cloudtrail": {
          "version": 1,
          "block": {
            "attributes": {
              "arn": {
                "type": "string",
                "description_kind": "plain",
                "computed": true
              },
              "cloud_watch_logs_group_arn": {
                "type": "string",
                "description_kind": "plain",
                "optional": true
              },
              "cloud_watch_logs_role_arn": {
                "type": "string",
                "description_kind": "plain",
                "optional": true
              },
              "enable_log_file_validation": {
                "type": "bool",
                "description_kind": "plain",
                "optional": true
              },
              "enable_logging": {
                "type": "bool",
                "description_kind": "plain",
                "optional": true
              },
              "home_region": {
                "type": "string",
                "description_kind": "plain",
                "computed": true
              },
              "id": {
                "type": "string",
                "description_kind": "plain",
                "optional": true,
                "computed": true
              },
              "include_global_service_events": {
                "type": "bool",
                "description_kind": "plain",
                "optional": true
              },
              "is_multi_region_trail": {
                "type": "bool",
                "description_kind": "plain",
                "optional": true
              },
              "is_organization_trail": {
                "type": "bool",
                "description_kind": "plain",
                "optional": true
              },
              "kms_key_id": {
                "type": "string",
                "description_kind": "plain",
                "optional": true
              },
              "name": {
                "type": "string",
                "description_kind": "plain",
                "required": true
              },
              "s3_bucket_name": {
                "type": "string",
                "description_kind": "plain",
                "required": true
              },
              "s3_key_prefix": {
                "type": "string",
                "description_kind": "plain",
                "optional": true
              },
              "sns_topic_name": {
                "type": "string",
                "description_kind": "plain",
                "optional": true
              },
              "tags": {
                "type": [
                  "map",
                  "string"
                ],
                "description_kind": "plain",
                "optional": true
              },
              "tags_all": {
                "type": [
                  "map",
                  "string"
                ],
                "description_kind": "plain",
                "optional": true,
                "computed": true
              }
            },
            "block_types": {
              "advanced_event_selector": {
                "nesting_mode": "list",
                "block": {
                  "attributes": {
                    "name": {
                      "type": "string",
                      "description_kind": "plain",
                      "optional": true
                    }
                  },
                  "block_types": {
                    "field_selector": {
                      "nesting_mode": "set",
                      "block": {
                        "attributes": {
                          "ends_with": {
                            "type": [
                              "list",
                              "string"
                            ],
                            "description_kind": "plain",
                            "optional": true
                          },
                          "equals": {
                            "type": [
                              "list",
                              "string"
                            ],
                            "description_kind": "plain",
                            "optional": true
                          },
                          "field": {
                            "type": "string",
                            "description_kind": "plain",
                            "required": true
                          },
                          "not_ends_with": {
                            "type": [
                              "list",
                              "string"
                            ],
                            "description_kind": "plain",
                            "optional": true
                          },
                          "not_equals": {
                            "type": [
                              "list",
                              "string"
                            ],
                            "description_kind": "plain",
                            "optional": true
                          },
                          "not_starts_with": {
                            "type": [
                              "list",
                              "string"
                            ],
                            "description_kind": "plain",
                            "optional": true
                          },
                          "starts_with": {
                            "type": [
                              "list",
                              "string"
                            ],
                            "description_kind": "plain",
                            "optional": true
                          }
                        },
                        "description_kind": "plain"
                      },
                      "min_items": 1
                    }
                  },
                  "description_kind": "plain"
                }
              },
              "event_selector": {
                "nesting_mode": "list",
                "block": {
                  "attributes": {
                    "exclude_management_event_sources": {
                      "type": [
                        "set",
                        "string"
                      ],
                      "description_kind": "plain",
                      "optional": true
                    },
                    "include_management_events": {
                      "type": "bool",
                      "description_kind": "plain",
                      "optional": true
                    },
                    "read_write_type": {
                      "type": "string",
                      "description_kind": "plain",
                      "optional": true
                    }
                  },
                  "block_types": {
                    "data_resource": {
                      "nesting_mode": "list",
                      "block": {
                        "attributes": {
                          "type": {
                            "type": "string",
                            "description_kind": "plain",
                            "required": true
                          },
                          "values": {
                            "type": [
                              "list",
                              "string"
                            ],
                            "description_kind": "plain",
                            "required": true
                          }
                        },
                        "description_kind": "plain"
                      }
                    }
                  },
                  "description_kind": "plain"
                },
                "max_items": 5
              },
              "insight_selector": {
                "nesting_mode": "set",
                "block": {
                  "attributes": {
                    "insight_type": {
                      "type": "string",
                      "description_kind": "plain",
                      "required": true
                    }
                  },
                  "description_kind": "plain"
                }
              }
            },
            "description_kind": "plain"
          }
        },
        "aws_cloudwatch_event_bus": {
          "version": 0,
          "block": {
            "attributes": {
              "arn": {
                "type": "string",
                "description_kind": "plain",
                "computed": true
              },
              "event_source_name": {
                "type": "string",
                "description_kind": "plain",
                "optional": true
              },
              "id": {
                "type": "string",
                "description_kind": "plain",
                "optional": true,
                "computed": true
              },
              "kms_key_identifier": {
                "type": "string",
                "description_kind": "plain",
                "optional": true
              },
              "name": {
                "type": "string",
                "description_kind": "plain",
                "required": true
              },
              "tags": {
                "type": [
                  "map",
                  "string"
                ],
                "description_kind": "plain",
                "optional": true
              },
              "tags_all": {
                "type": [
                  "map",
                  "string"
                ],
                "description_kind": "plain",
                "optional": true,
                "computed": true
              }
            },
            "description_kind": "plain"
          }
        },
        "aws_cloudwatch_event_rule": {
          "version": 1,
          "block": {
            "attributes": {
              "arn": {
                "type": "string",
                "description_kind": "plain",
                "computed": true
              },
              "description": {
                "type": "string",
                "description_kind": "plain",
                "optional": true
              },
              "event_bus_name": {
                "type": "string",
                "description_kind": "plain",
                "optional": true
              },
              "event_pattern": {
                "type": "string",
                "description_kind": "plain",
                "optional": true
              },
              "force_destroy": {
                "type": "bool",
                "description_kind": "plain",
                "optional": true
              },
              "id": {
                "type": "string",
                "description_kind": "plain",
                "optional": true,
                "computed": true
              },
              "is_enabled": {
                "type": "bool",
                "description_kind": "plain",
                "deprecated": true,
                "optional": true
              },
              "name": {
                "type": "string",
                "description_kind": "plain",
                "optional": true,
                "computed": true
              },
              "name_prefix": {
                "type": "string",
                "description_kind": "plain",
                "optional": true,
                "computed": true
              },
              "role_arn": {
                "type": "string",
                "description_kind": "plain",
                "optional": true
              },
              "schedule_expression": {
                "type": "string",
                "description_kind": "plain",
                "optional": true
              },
              "state": {
                "type": "string",
                "description_kind": "plain",
                "optional": true
              },
              "tags": {
                "type": [
                  "map",
                  "string"
                ],
                "description_kind": "plain",
                "optional": true
              },
              "tags_all": {
                "type": [
                  "map",
                  "string"
                ],
                "description_kind": "plain",
                "optional": true,
                "computed": true
              }
            },
            "description_kind": "plain"
          }
        },
        "aws_cloudwatch_log_group": {
          "version": 0,
          "block": {
            "attributes": {
              "arn": {
                "type": "string",
                "description_kind": "plain",
                "computed": true
              },
              "id": {
                "type": "string",
                "description_kind": "plain",
                "optional": true,
                "computed": true
              },
              "kms_key_id": {
                "type": "string",
                "description_kind": "plain",
                "optional": true
              },
              "log_group_class": {
                "type": "string",
                "description_kind": "plain",
                "optional": true,
                "computed": true
              },
              "name": {
                "type": "string",
                "description_kind": "plain",
                "optional": true,
                "computed": true
              },
              "name_prefix": {
                "type": "string",
                "description_kind": "plain",
                "optional": true,
                "computed": true
              },
              "retention_in_days": {
                "type": "number",
                "description_kind": "plain",
                "optional": true
              },
              "skip_destroy": {
                "type": "bool",
                "description_kind": "plain",
                "optional": true
              },
              "tags": {
                "type": [
                  "map",
                  "string"
                ],
                "description_kind": "plain",
                "optional": true
              },
              "tags_all": {
                "type": [
                  "map",
                  "string"
                ],
                "description_kind": "plain",
                "optional": true,
                "computed": true
              }
            },
            "description_kind": "plain"
          }
        },
        "aws_cloudwatch_metric_alarm": {
          "version": 1,
          "block": {
            "attributes": {
              "actions_enabled": {
                "type": "bool",
                "description_kind": "plain",
                "optional": true
              },
              "alarm_actions": {
                "type": [
                  "set",
                  "string"
                ],
                "description_kind": "plain",
                "optional": true
              },
              "alarm_description": {
                "type": "string",
                "description_kind": "plain",
                "optional": true
              },
              "alarm_name": {
                "type": "string",
                "description_kind": "plain",
                "required": true
              },
              "arn": {
                "type": "string",
                "description_kind": "plain",
                "computed": true
              },
              "comparison_operator": {
                "type": "string",
                "description_kind": "plain",
                "required": true
              },
              "datapoints_to_alarm": {
                "type": "number",
                "description_kind": "plain",
                "optional": true
              },
              "dimensions": {
                "type": [
                  "map",
                  "string"
                ],
                "description_kind": "plain",
                "optional": true
              },
              "evaluate_low_sample_count_percentiles": {
                "type": "string",
                "description_kind": "plain",
                "optional": true,
                "computed": true
              },
              "evaluation_periods": {
                "type": "number",
                "description_kind": "plain",
                "required": true
              },
              "extended_statistic": {
                "type": "string",
                "description_kind": "plain",
                "optional": true
              },
              "id": {
                "type": "string",
                "description_kind": "plain",
                "optional": true,
                "computed": true
              },
              "insufficient_data_actions": {
                "type": [
                  "set",
                  "string"
                ],
                "description_kind": "plain",
                "optional": true
              },
              "metric_name": {
                "type": "string",
                "description_kind": "plain",
                "optional": true
              },
              "namespace": {
                "type": "string",
                "description_kind": "plain",
                "optional": true
              },
              "ok_actions": {
                "type": [
                  "set",
                  "string"
                ],
                "description_kind": "plain",
                "optional": true
              },
              "period": {
                "type": "number",
                "description_kind": "plain",
                "optional": true
              },
              "statistic": {
                "type": "string",
                "description_kind": "plain",
                "optional": true
              },
              "tags": {
                "type": [
                  "map",
                  "string"
                ],
                "description_kind": "plain",
                "optional": true
              },
              "tags_all": {
                "type": [
                  "map",
                  "string"
                ],
                "description_kind": "plain",
                "optional": true,
                "computed": true
              },
              "threshold": {
                "type": "number",
                "description_kind": "plain",
                "optional": true
              },
              "threshold_metric_id": {
                "type": "string",
                "description_kind": "plain",
                "optional": true
              },
              "treat_missing_data": {
                "type": "string",
                "description_kind": "plain",
                "optional": true
              },
              "unit": {
                "type": "string",
                "description_kind": "plain",
                "optional": true
              }
            },
            "block_types": {
              "metric_query": {
                "nesting_mode": "set",
                "block": {
                  "attributes": {
                    "account_id": {
                      "type": "string",
                      "description_kind": "plain",
                      "optional": true
                    },
                    "expression": {
                      "type": "string",
                      "description_kind": "plain",
                      "optional": true
                    },
                    "id": {
                      "type": "string",
                      "description_kind": "plain",
                      "required": true
                    },
                    "label": {
                      "type": "string",
                      "description_kind": "plain",
                      "optional": true
                    },
                    "period": {
                      "type": "number",
                      "description_kind": "plain",
                      "optional": true
                    },
                    "return_data": {
                      "type": "bool",
                      "description_kind": "plain",
                      "optional": true
                    }
                  },
                  "block_types": {
                    "metric": {
                      "nesting_mode": "list",
                      "block": {
                        "attributes": {
                          "dimensions": {
                            "type": [
                              "map",
                              "string"
                            ],
                            "description_kind": "plain",
                            "optional": true
                          },
                          "metric_name": {
                            "type": "string",
                            "description_kind": "plain",
                            "required": true
                          },
                          "namespace": {
                            "type": "string",
                            "description_kind": "plain",
                            "optional": true
                          },
                          "period": {
                            "type": "number",
                            "description_kind": "plain",
                            "required": true
                          },
                          "stat": {
                            "type": "string",
                            "description_kind": "plain",
                            "required": true
                          },
                          "unit": {
                            "type": "string",
                            "description_kind": "plain",
                            "optional": true
                          }
                        },
                        "description_kind": "plain"
                      },
                      "max_items": 1
                    }
                  },
                  "description_kind": "plain"
                }
              }
            },
            "description_kind": "plain"
          }
        },
        "aws_codebuild_project": {
          "version": 0,
          "block": {
            "attributes": {
              "arn": {
                "type": "string",
                "description_kind": "plain",
                "computed": true
              },
              "badge_enabled": {
                "type": "bool",
                "description_kind": "plain",
                "optional": true
              },
              "badge_url": {
                "type": "string",
                "description_kind": "plain",
                "computed": true
              },
              "build_timeout": {
                "type": "number",
                "description_kind": "plain",
                "optional": true
              },
              "concurrent_build_limit": {
                "type": "number",
                "description_kind": "plain",
                "optional": true
              },
              "description": {
                "type": "string",
                "description_kind": "plain",
                "optional": true,
                "computed": true
              },
              "encryption_key": {
                "type": "string",
                "description_kind": "plain",
                "optional": true,
                "computed": true
              },
              "id": {
                "type": "string",
                "description_kind": "plain",
                "optional": true,
                "computed": true
              },
              "name": {
                "type": "string",
                "description_kind": "plain",
                "required": true
              },
              "project_visibility": {
                "type": "string",
                "description_kind": "plain",
                "optional": true
              },
              "public_project_alias": {
                "type": "string",
                "description_kind": "plain",
                "computed": true
              },
              "queued_timeout": {
                "type": "number",
                "description_kind": "plain",
                "optional": true
              },
              "resource_access_role": {
                "type": "string",
                "description_kind": "plain",
                "optional": true
              },
              "service_role": {
                "type": "string",
                "description_kind": "plain",
                "required": true
              },
              "source_version": {
                "type": "string",
                "description_kind": "plain",
                "optional": true
              },
              "tags": {
                "type": [
                  "map",
                  "string"
                ],
                "description_kind": "plain",
                "optional": true
              },
              "tags_all": {
                "type": [
                  "map",
                  "string"
                ],
                "description_kind": "plain",
                "optional": true,
                "computed": true
              }
            },
            "block_types": {
              "artifacts": {
                "nesting_mode": "list",
                "block": {
                  "attributes": {
                    "artifact_identifier": {
                      "type": "string",
                      "description_kind": "plain",
                      "optional": true
                    },
                    "bucket_owner_access": {
                      "type": "string",
                      "description_kind": "plain",
                      "optional": true
                    },
                    "encryption_disabled": {
                      "type": "bool",
                      "description_kind": "plain",
                      "optional": true
                    },
                    "location": {
                      "type": "string",
                      "description_kind": "plain",
                      "optional": true
                    },
                    "name": {
                      "type": "string",
                      "description_kind": "plain",
                      "optional": true
                    },
                    "namespace_type": {
                      "type": "string",
                      "description_kind": "plain",
                      "optional": true
                    },
                    "override_artifact_name": {
                      "type": "bool",
                      "description_kind": "plain",
                      "optional": true
                    },
                    "packaging": {
                      "type": "string",
                      "description_kind": "plain",
                      "optional": true
                    },
                    "path": {
                      "type": "string",
                      "description_kind": "plain",
                      "optional": true
                    },
                    "type": {
                      "type": "string",
                      "description_kind": "plain",
                      "required": true
                    }
                  },
                  "description_kind": "plain"
                },
                "min_items": 1,
                "max_items": 1
              },
              "build_batch_config": {
                "nesting_mode": "list",
                "block": {
                  "attributes": {
                    "combine_artifacts": {
                      "type": "bool",
                      "description_kind": "plain",
                      "optional": true
                    },
                    "service_role": {
                      "type": "string",
                      "description_kind": "plain",
                      "required": true
                    },
                    "timeout_in_mins": {
                      "type": "number",
                      "description_kind": "plain",
                      "optional": true
                    }
                  },
                  "block_types": {
                    "restrictions": {
                      "nesting_mode": "list",
                      "block": {
                        "attributes": {
                          "compute_types_allowed": {
                            "type": [
                              "list",
                              "string"
                            ],
                            "description_kind": "plain",
                            "optional": true
                          },
                          "maximum_builds_allowed": {
                            "type": "number",
                            "description_kind": "plain",
                            "optional": true
                          }
                        },
                        "description_kind": "plain"
                      },
                      "max_items": 1
                    }
                  },
                  "description_kind": "plain"
                },
                "max_items": 1
              },
              "cache": {
                "nesting_mode": "list",
                "block": {
                  "attributes": {
                    "location": {
                      "type": "string",
                      "description_kind": "plain",
                      "optional": true
                    },
                    "modes": {
                      "type": [
                        "list",
                        "string"
                      ],
                      "description_kind": "plain",
                      "optional": true
                    },
                    "type": {
                      "type": "string",
                      "description_kind": "plain",
                      "optional": true
                    }
                  },
                  "description_kind": "plain"
                },
                "max_items": 1
              },
              "environment": {
                "nesting_mode": "list",
                "block": {
                  "attributes": {
                    "certificate": {
                      "type": "string",
                      "description_kind": "plain",
                      "optional": true
                    },
                    "compute_type": {
                      "type": "string",
                      "description_kind": "plain",
                      "required": true
                    },
                    "image": {
                      "type": "string",
                      "description_kind": "plain",
                      "required": true
                    },
                    "image_pull_credentials_type": {
                      "type": "string",
                      "description_kind": "plain",
                      "optional": true
                    },
                    "privileged_mode": {
                      "type": "bool",
                      "description_kind": "plain",
                      "optional": true
                    },
                    "type": {
                      "type": "string",
                      "description_kind": "plain",
                      "required": true
                    }
                  },
                  "block_types": {
                    "environment_variable": {
                      "nesting_mode": "list",
                      "block": {
                        "attributes": {
                          "name": {
                            "type": "string",
                            "description_kind": "plain",
                            "required": true
                          },
                          "type": {
                            "type": "string",
                            "description_kind": "plain",
                            "optional": true
                          },
                          "value": {
                            "type": "string",
                            "description_kind": "plain",
                            "required": true
                          }
                        },
                        "description_kind": "plain"
                      }
                    },
                    "fleet": {
                      "nesting_mode": "list",
                      "block": {
                        "attributes": {
                          "fleet_arn": {
                            "type": "string",
                            "description_kind": "plain",
                            "optional": true
                          }
                        },
                        "description_kind": "plain"
                      },
                      "max_items": 1
                    },
                    "registry_credential": {
                      "nesting_mode": "list",
                      "block": {
                        "attributes": {
                          "credential": {
                            "type": "string",
                            "description_kind": "plain",
                            "required": true
                          },
                          "credential_provider": {
                            "type": "string",
                            "description_kind": "plain",
                            "required": true
                          }
                        },
                        "description_kind": "plain"
                      },
                      "max_items": 1
                    }
                  },
                  "description_kind": "plain"
                },
                "min_items": 1,
                "max_items": 1
              },
              "file_system_locations": {
                "nesting_mode": "set",
                "block": {
                  "attributes": {
                    "identifier": {
                      "type": "string",
                      "description_kind": "plain",
                      "optional": true
                    },
                    "location": {
                      "type": "string",
                      "description_kind": "plain",
                      "optional": true
                    },
                    "mount_options": {
                      "type": "string",
                      "description_kind": "plain",
                      "optional": true
                    },
                    "mount_point": {
                      "type": "string",
                      "description_kind": "plain",
                      "optional": true
                    },
                    "type": {
                      "type": "string",
                      "description_kind": "plain",
                      "optional": true
                    }
                  },
                  "description_kind": "plain"
                }
              },
              "logs_config": {
                "nesting_mode": "list",
                "block": {
                  "block_types": {
                    "cloudwatch_logs": {
                      "nesting_mode": "list",
                      "block": {
                        "attributes": {
                          "group_name": {
                            "type": "string",
                            "description_kind": "plain",
                            "optional": true
                          },
                          "status": {
                            "type": "string",
                            "description_kind": "plain",
                            "optional": true
                          },
                          "stream_name": {
                            "type": "string",
                            "description_kind": "plain",
                            "optional": true
                          }
                        },
                        "description_kind": "plain"
                      },
                      "max_items": 1
                    },
                    "s3_logs": {
                      "nesting_mode": "list",
                      "block": {
                        "attributes": {
                          "bucket_owner_access": {
                            "type": "string",
                            "description_kind": "plain",
                            "optional": true
                          },
                          "encryption_disabled": {
                            "type": "bool",
                            "description_kind": "plain",
                            "optional": true
                          },
                          "location": {
                            "type": "string",
                            "description_kind": "plain",
                            "optional": true
                          },
                          "status": {
                            "type": "string",
                            "description_kind": "plain",
                            "optional": true
                          }
                        },
                        "description_kind": "plain"
                      },
                      "max_items": 1
                    }
                  },
                  "description_kind": "plain"
                },
                "max_items": 1
              },
              "secondary_artifacts": {
                "nesting_mode": "set",
                "block": {
                  "attributes": {
                    "artifact_identifier": {
                      "type": "string",
                      "description_kind": "plain",
                      "required": true
                    },
                    "bucket_owner_access": {
                      "type": "string",
                      "description_kind": "plain",
                      "optional": true
                    },
                    "encryption_disabled": {
                      "type": "bool",
                      "description_kind": "plain",
                      "optional": true
                    },
                    "location": {
                      "type": "string",
                      "description_kind": "plain",
                      "optional": true
                    },
                    "name": {
                      "type": "string",
                      "description_kind": "plain",
                      "optional": true
                    },
                    "namespace_type": {
                      "type": "string",
                      "description_kind": "plain",
                      "optional": true
                    },
                    "override_artifact_name": {
                      "type": "bool",
                      "description_kind": "plain",
                      "optional": true
                    },
                    "packaging": {
                      "type": "string",
                      "description_kind": "plain",
                      "optional": true
                    },
                    "path": {
                      "type": "string",
                      "description_kind": "plain",
                      "optional": true
                    },
                    "type": {
                      "type": "string",
                      "description_kind": "plain",
                      "required": true
                    }
                  },
                  "description_kind": "plain"
                },
                "max_items": 12
              },
              "secondary_source_version": {
                "nesting_mode": "set",
                "block": {
                  "attributes": {
                    "source_identifier": {
                      "type": "string",
                      "description_kind": "plain",
                      "required": true
                    },
                    "source_version": {
                      "type": "string",
                      "description_kind": "plain",
                      "required": true
                    }
                  },
                  "description_kind": "plain"
                },
                "max_items": 12
              },
              "secondary_sources": {
                "nesting_mode": "set",
                "block": {
                  "attributes": {
                    "buildspec": {
                      "type": "string",
                      "description_kind": "plain",
                      "optional": true
                    },
                    "git_clone_depth": {
                      "type": "number",
                      "description_kind": "plain",
                      "optional": true
                    },
                    "insecure_ssl": {
                      "type": "bool",
                      "description_kind": "plain",
                      "optional": true
                    },
                    "location": {
                      "type": "string",
                      "description_kind": "plain",
                      "optional": true
                    },
                    "report_build_status": {
                      "type": "bool",
                      "description_kind": "plain",
                      "optional": true
                    },
                    "source_identifier": {
                      "type": "string",
                      "description_kind": "plain",
                      "required": true
                    },
                    "type": {
                      "type": "string",
                      "description_kind": "plain",
                      "required": true
                    }
                  },
                  "block_types": {
                    "build_status_config": {
                      "nesting_mode": "list",
                      "block": {
                        "attributes": {
                          "context": {
                            "type": "string",
                            "description_kind": "plain",
                            "optional": true
                          },
                          "target_url": {
                            "type": "string",
                            "description_kind": "plain",
                            "optional": true
                          }
                        },
                        "description_kind": "plain"
                      },
                      "max_items": 1
                    },
                    "git_submodules_config": {
                      "nesting_mode": "list",
                      "block": {
                        "attributes": {
                          "fetch_submodules": {
                            "type": "bool",
                            "description_kind": "plain",
                            "required": true
                          }
                        },
                        "description_kind": "plain"
                      },
                      "max_items": 1
                    }
                  },
                  "description_kind": "plain"
                },
                "max_items": 12
              },
              "source": {
                "nesting_mode": "list",
                "block": {
                  "attributes": {
                    "buildspec": {
                      "type": "string",
                      "description_kind": "plain",
                      "optional": true
                    },
                    "git_clone_depth": {
                      "type": "number",
                      "description_kind": "plain",
                      "optional": true
                    },
                    "insecure_ssl": {
                      "type": "bool",
                      "description_kind": "plain",
                      "optional": true
                    },
                    "location": {
                      "type": "string",
                      "description_kind": "plain",
                      "optional": true
                    },
                    "report_build_status": {
                      "type": "bool",
                      "description_kind": "plain",
                      "optional": true
                    },
                    "type": {
                      "type": "string",
                      "description_kind": "plain",
                      "required": true
                    }
                  },
                  "block_types": {
                    "build_status_config": {
                      "nesting_mode": "list",
                      "block": {
                        "attributes": {
                          "context": {
                            "type": "string",
                            "description_kind": "plain",
                            "optional": true
                          },
                          "target_url": {
                            "type": "string",
                            "description_kind": "plain",
                            "optional": true
                          }
                        },
                        "description_kind": "plain"
                      },
                      "max_items": 1
                    },
                    "git_submodules_config": {
                      "nesting_mode": "list",
                      "block": {
                        "attributes": {
                          "fetch_submodules": {
                            "type": "bool",
                            "description_kind": "plain",
                            "required": true
                          }
                        },
                        "description_kind": "plain"
                      },
                      "max_items": 1
                    }
                  },
                  "description_kind": "plain"
                },
                "min_items": 1,
                "max_items": 1
              },
              "vpc_config": {
                "nesting_mode": "list",
                "block": {
                  "attributes": {
                    "security_group_ids": {
                      "type": [
                        "set",
                        "string"
                      ],
                      "description_kind": "plain",
                      "required": true
                    },
                    "subnets": {
                      "type": [
                        "set",
                        "string"
                      ],
                      "description_kind": "plain",
                      "required": true
                    },
                    "vpc_id": {
                      "type": "string",
                      "description_kind": "plain",
                      "required": true
                    }
                  },
                  "description_kind": "plain"
                },
                "max_items": 1
              }
            },
            "description_kind": "plain"
          }
        },
        "aws_codedeploy_app": {
          "version": 0,
          "block": {
            "attributes": {
              "application_id": {
                "type": "string",
                "description_kind": "plain",
                "computed": true
              },
              "arn": {
                "type": "string",
                "description_kind": "plain",
                "computed": true
              },
              "compute_platform": {
                "type": "string",
                "description_kind": "plain",
                "optional": true
              },
              "github_account_name": {
                "type": "string",
                "description_kind": "plain",
                "computed": true
              },
              "id": {
                "type": "string",
                "description_kind": "plain",
                "optional": true,
                "computed": true
              },
              "linked_to_github": {
                "type": "bool",
                "description_kind": "plain",
                "computed": true
              },
              "name": {
                "type": "string",
                "description_kind": "plain",
                "required": true
              },
              "tags": {
                "type": [
                  "map",
                  "string"
                ],
                "description_kind": "plain",
                "optional": true
              },
              "tags_all": {
                "type": [
                  "map",
                  "string"
                ],
                "description_kind": "plain",
                "optional": true,
                "computed": true
              }
            },
            "description_kind": "plain"
          }
        },
        "aws_codepipeline": {
          "version": 0,
          "block": {
            "attributes": {
              "arn": {
                "type": "string",
                "description_kind": "plain",
                "computed": true
              },
              "execution_mode": {
                "type": "string",
                "description_kind": "plain",
                "optional": true
              },
              "id": {
                "type": "string",
                "description_kind": "plain",
                "optional": true,
                "computed": true
              },
              "name": {
                "type": "string",
                "description_kind": "plain",
                "required": true
              },
              "pipeline_type": {
                "type": "string",
                "description_kind": "plain",
                "optional": true
              },
              "role_arn": {
                "type": "string",
                "description_kind": "plain",
                "required": true
              },
              "tags": {
                "type": [
                  "map",
                  "string"
                ],
                "description_kind": "plain",
                "optional": true
              },
              "tags_all": {
                "type": [
                  "map",
                  "string"
                ],
                "description_kind": "plain",
                "optional": true,
                "computed": true
              }
            },
            "block_types": {
              "artifact_store": {
                "nesting_mode": "set",
                "block": {
                  "attributes": {
                    "location": {
                      "type": "string",
                      "description_kind": "plain",
                      "required": true
                    },
                    "region": {
                      "type": "string",
                      "description_kind": "plain",
                      "optional": true
                    },
                    "type": {
                      "type": "string",
                      "description_kind": "plain",
                      "required": true
                    }
                  },
                  "block_types": {
                    "encryption_key": {
                      "nesting_mode": "list",
                      "block": {
                        "attributes": {
                          "id": {
                            "type": "string",
                            "description_kind": "plain",
                            "required": true
                          },
                          "type": {
                            "type": "string",
                            "description_kind": "plain",
                            "required": true
                          }
                        },
                        "description_kind": "plain"
                      },
                      "max_items": 1
                    }
                  },
                  "description_kind": "plain"
                },
                "min_items": 1
              },
              "stage": {
                "nesting_mode": "list",
                "block": {
                  "attributes": {
                    "name": {
                      "type": "string",
                      "description_kind": "plain",
                      "required": true
                    }
                  },
                  "block_types": {
                    "action": {
                      "nesting_mode": "list",
                      "block": {
                        "attributes": {
                          "category": {
                            "type": "string",
                            "description_kind": "plain",
                            "required": true
                          },
                          "configuration": {
                            "type": [
                              "map",
                              "string"
                            ],
                            "description_kind": "plain",
                            "optional": true
                          },
                          "input_artifacts": {
                            "type": [
                              "list",
                              "string"
                            ],
                            "description_kind": "plain",
                            "optional": true
                          },
                          "name": {
                            "type": "string",
                            "description_kind": "plain",
                            "required": true
                          },
                          "namespace": {
                            "type": "string",
                            "description_kind": "plain",
                            "optional": true
                          },
                          "output_artifacts": {
                            "type": [
                              "list",
                              "string"
                            ],
                            "description_kind": "plain",
                            "optional": true
                          },
                          "owner": {
                            "type": "string",
                            "description_kind": "plain",
                            "required": true
                          },
                          "provider": {
                            "type": "string",
                            "description_kind": "plain",
                            "required": true
                          },
                          "region": {
                            "type": "string",
                            "description_kind": "plain",
                            "optional": true,
                            "computed": true
                          },
                          "role_arn": {
                            "type": "string",
                            "description_kind": "plain",
                            "optional": true
                          },
                          "run_order": {
                            "type": "number",
                            "description_kind": "plain",
                            "optional": true,
                            "computed": true
                          },
                          "timeout_in_minutes": {
                            "type": "number",
                            "description_kind": "plain",
                            "optional": true
                          },
                          "version": {
                            "type": "string",
                            "description_kind": "plain",
                            "required": true
                          }
                        },
                        "description_kind": "plain"
                      },
                      "min_items": 1
                    }
                  },
                  "description_kind": "plain"
                },
                "min_items": 2
              },
              "trigger": {
                "nesting_mode": "list",
                "block": {
                  "attributes": {
                    "provider_type": {
                      "type": "string",
                      "description_kind": "plain",
                      "required": true
                    }
                  },
                  "block_types": {
                    "git_configuration": {
                      "nesting_mode": "list",
                      "block": {
                        "attributes": {
                          "source_action_name": {
                            "type": "string",
                            "description_kind": "plain",
                            "required": true
                          }
                        },
                        "block_types": {
                          "pull_request": {
                            "nesting_mode": "list",
                            "block": {
                              "attributes": {
                                "events": {
                                  "type": [
                                    "list",
                                    "string"
                                  ],
                                  "description_kind": "plain",
                                  "optional": true
                                }
                              },
                              "block_types": {
                                "branches": {
                                  "nesting_mode": "list",
                                  "block": {
                                    "attributes": {
                                      "excludes": {
                                        "type": [
                                          "list",
                                          "string"
                                        ],
                                        "description_kind": "plain",
                                        "optional": true
                                      },
                                      "includes": {
                                        "type": [
                                          "list",
                                          "string"
                                        ],
                                        "description_kind": "plain",
                                        "optional": true
                                      }
                                    },
                                    "description_kind": "plain"
                                  },
                                  "max_items": 1
                                },
                                "file_paths": {
                                  "nesting_mode": "list",
                                  "block": {
                                    "attributes": {
                                      "excludes": {
                                        "type": [
                                          "list",
                                          "string"
                                        ],
                                        "description_kind": "plain",
                                        "optional": true
                                      },
                                      "includes": {
                                        "type": [
                                          "list",
                                          "string"
                                        ],
                                        "description_kind": "plain",
                                        "optional": true
                                      }
                                    },
                                    "description_kind": "plain"
                                  },
                                  "max_items": 1
                                }
                              },
                              "description_kind": "plain"
                            },
                            "max_items": 3
                          },
                          "push": {
                            "nesting_mode": "list",
                            "block": {
                              "block_types": {
                                "branches": {
                                  "nesting_mode": "list",
                                  "block": {
                                    "attributes": {
                                      "excludes": {
                                        "type": [
                                          "list",
                                          "string"
                                        ],
                                        "description_kind": "plain",
                                        "optional": true
                                      },
                                      "includes": {
                                        "type": [
                                          "list",
                                          "string"
                                        ],
                                        "description_kind": "plain",
                                        "optional": true
                                      }
                                    },
                                    "description_kind": "plain"
                                  },
                                  "max_items": 1
                                },
                                "file_paths": {
                                  "nesting_mode": "list",
                                  "block": {
                                    "attributes": {
                                      "excludes": {
                                        "type": [
                                          "list",
                                          "string"
                                        ],
                                        "description_kind": "plain",
                                        "optional": true
                                      },
                                      "includes": {
                                        "type": [
                                          "list",
                                          "string"
                                        ],
                                        "description_kind": "plain",
                                        "optional": true
                                      }
                                    },
                                    "description_kind": "plain"
                                  },
                                  "max_items": 1
                                },
                                "tags": {
                                  "nesting_mode": "list",
                                  "block": {
                                    "attributes": {
                                      "excludes": {
                                        "type": [
                                          "list",
                                          "string"
                                        ],
                                        "description_kind": "plain",
                                        "optional": true
                                      },
                                      "includes": {
                                        "type": [
                                          "list",
                                          "string"
                                        ],
                                        "description_kind": "plain",
                                        "optional": true
                                      }
                                    },
                                    "description_kind": "plain"
                                  },
                                  "max_items": 1
                                }
                              },
                              "description_kind": "plain"
                            },
                            "max_items": 3
                          }
                        },
                        "description_kind": "plain"
                      },
                      "min_items": 1,
                      "max_items": 1
                    }
                  },
                  "description_kind": "plain"
                },
                "max_items": 50
              },
              "variable": {
                "nesting_mode": "list",
                "block": {
                  "attributes": {
                    "default_value": {
                      "type": "string",
                      "description_kind": "plain",
                      "optional": true
                    },
                    "description": {
                      "type": "string",
                      "description_kind": "plain",
                      "optional": true
                    },
                    "name": {
                      "type": "string",
                      "description_kind": "plain",
                      "required": true
                    }
                  },
                  "description_kind": "plain"
                }
              }
            },
            "description_kind": "plain"
          }
        },
        "aws_cognito_user_pool_client": {
          "version": 0,
          "block": {
            "attributes": {
              "access_token_validity": {
                "type": "number",
                "description_kind": "plain",
                "optional": true,
                "computed": true
              },
              "allowed_oauth_flows": {
                "type": [
                  "set",
                  "string"
                ],
                "description_kind": "plain",
                "optional": true,
                "computed": true
              },
              "allowed_oauth_flows_user_pool_client": {
                "type": "bool",
                "description_kind": "plain",
                "optional": true,
                "computed": true
              },
              "allowed_oauth_scopes": {
                "type": [
                  "set",
                  "string"
                ],
                "description_kind": "plain",
                "optional": true,
                "computed": true
              },
              "auth_session_validity": {
                "type": "number",
                "description_kind": "plain",
                "optional": true,
                "computed": true
              },
              "callback_urls": {
                "type": [
                  "set",
                  "string"
                ],
                "description_kind": "plain",
                "optional": true,
                "computed": true
              },
              "client_secret": {
                "type": "string",
                "description_kind": "plain",
                "computed": true,
                "sensitive": true
              },
              "default_redirect_uri": {
                "type": "string",
                "description_kind": "plain",
                "optional": true,
                "computed": true
              },
              "enable_propagate_additional_user_context_data": {
                "type": "bool",
                "description_kind": "plain",
                "optional": true,
                "computed": true
              },
              "enable_token_revocation": {
                "type": "bool",
                "description_kind": "plain",
                "optional": true,
                "computed": true
              },
              "explicit_auth_flows": {
                "type": [
                  "set",
                  "string"
                ],
                "description_kind": "plain",
                "optional": true,
                "computed": true
              },
              "generate_secret": {
                "type": "bool",
                "description_kind": "plain",
                "optional": true
              },
              "id": {
                "type": "string",
                "description_kind": "plain",
                "computed": true
              },
              "id_token_validity": {
                "type": "number",
                "description_kind": "plain",
                "optional": true,
                "computed": true
              },
              "logout_urls": {
                "type": [
                  "set",
                  "string"
                ],
                "description_kind": "plain",
                "optional": true,
                "computed": true
              },
              "name": {
                "type": "string",
                "description_kind": "plain",
                "required": true
              },
              "prevent_user_existence_errors": {
                "type": "string",
                "description_kind": "plain",
                "optional": true,
                "computed": true
              },
              "read_attributes": {
                "type": [
                  "set",
                  "string"
                ],
                "description_kind": "plain",
                "optional": true,
                "computed": true
              },
              "refresh_token_validity": {
                "type": "number",
                "description_kind": "plain",
                "optional": true,
                "computed": true
              },
              "supported_identity_providers": {
                "type": [
                  "set",
                  "string"
                ],
                "description_kind": "plain",
                "optional": true,
                "computed": true
              },
              "user_pool_id": {
                "type": "string",
                "description_kind": "plain",
                "required": true
              },
              "write_attributes": {
                "type": [
                  "set",
                  "string"
                ],
                "description_kind": "plain",
                "optional": true,
                "computed": true
              }
            },
            "block_types": {
              "analytics_configuration": {
                "nesting_mode": "list",
                "block": {
                  "attributes": {
                    "application_arn": {
                      "type": "string",
                      "description_kind": "plain",
                      "optional": true
                    },
                    "application_id": {
                      "type": "string",
                      "description_kind": "plain",
                      "optional": true
                    },
                    "external_id": {
                      "type": "string",
                      "description_kind": "plain",
                      "optional": true
                    },
                    "role_arn": {
                      "type": "string",
                      "description_kind": "plain",
                      "optional": true,
                      "computed": true
                    },
                    "user_data_shared": {
                      "type": "bool",
                      "description_kind": "plain",
                      "optional": true,
                      "computed": true
                    }
                  },
                  "description_kind": "plain"
                }
              },
              "token_validity_units": {
                "nesting_mode": "list",
                "block": {
                  "attributes": {
                    "access_token": {
                      "type": "string",
                      "description_kind": "plain",
                      "optional": true,
                      "computed": true
                    },
                    "id_token": {
                      "type": "string",
                      "description_kind": "plain",
                      "optional": true,
                      "computed": true
                    },
                    "refresh_token": {
                      "type": "string",
                      "description_kind": "plain",
                      "optional": true,
                      "computed": true
                    }
                  },
                  "description_kind": "plain"
                }
              }
            },
            "description_kind": "plain"
          }
        },
        "aws_db_instance": {
          "version": 2,
          "block": {
            "attributes": {
              "address": {
                "type": "string",
                "description_kind": "plain",
                "computed": true
              },
              "allocated_storage": {
                "type": "number",
                "description_kind": "plain",
                "optional": true,
                "computed": true
              },
              "allow_major_version_upgrade": {
                "type": "bool",
                "description_kind": "plain",
                "optional": true
              },
              "apply_immediately": {
                "type": "bool",
                "description_kind": "plain",
                "optional": true
              },
              "arn": {
                "type": "string",
                "description_kind": "plain",
                "computed": true
              },
              "auto_minor_version_upgrade": {
                "type": "bool",
                "description_kind": "plain",
                "optional": true
              },
              "availability_zone": {
                "type": "string",
                "description_kind": "plain",
                "optional": true,
                "computed": true
              },
              "backup_retention_period": {
                "type": "number",
                "description_kind": "plain",
                "optional": true,
                "computed": true
              },
              "backup_target": {
                "type": "string",
                "description_kind": "plain",
                "optional": true,
                "computed": true
              },
              "backup_window": {
                "type": "string",
                "description_kind": "plain",
                "optional": true,
                "computed": true
              },
              "ca_cert_identifier": {
                "type": "string",
                "description_kind": "plain",
                "optional": true,
                "computed": true
              },
              "character_set_name": {
                "type": "string",
                "description_kind": "plain",
                "optional": true,
                "computed": true
              },
              "copy_tags_to_snapshot": {
                "type": "bool",
                "description_kind": "plain",
                "optional": true
              },
              "custom_iam_instance_profile": {
                "type": "string",
                "description_kind": "plain",
                "optional": true
              },
              "customer_owned_ip_enabled": {
                "type": "bool",
                "description_kind": "plain",
                "optional": true
              },
              "db_name": {
                "type": "string",
                "description_kind": "plain",
                "optional": true,
                "computed": true
              },
              "db_subnet_group_name": {
                "type": "string",
                "description_kind": "plain",
                "optional": true,
                "computed": true
              },
              "dedicated_log_volume": {
                "type": "bool",
                "description_kind": "plain",
                "optional": true
              },
              "delete_automated_backups": {
                "type": "bool",
                "description_kind": "plain",
                "optional": true
              },
              "deletion_protection": {
                "type": "bool",
                "description_kind": "plain",
                "optional": true
              },
              "domain": {
                "type": "string",
                "description_kind": "plain",
                "optional": true
              },
              "domain_auth_secret_arn": {
                "type": "string",
                "description_kind": "plain",
                "optional": true
              },
              "domain_dns_ips": {
                "type": [
                  "list",
                  "string"
                ],
                "description_kind": "plain",
                "optional": true
              },
              "domain_fqdn": {
                "type": "string",
                "description_kind": "plain",
                "optional": true,
                "computed": true
              },
              "domain_iam_role_name": {
                "type": "string",
                "description_kind": "plain",
                "optional": true
              },
              "domain_ou": {
                "type": "string",
                "description_kind": "plain",
                "optional": true
              },
              "enabled_cloudwatch_logs_exports": {
                "type": [
                  "set",
                  "string"
                ],
                "description_kind": "plain",
                "optional": true
              },
              "endpoint": {
                "type": "string",
                "description_kind": "plain",
                "computed": true
              },
              "engine": {
                "type": "string",
                "description_kind": "plain",
                "optional": true,
                "computed": true
              },
              "engine_lifecycle_support": {
                "type": "string",
                "description_kind": "plain",
                "optional": true,
                "computed": true
              },
              "engine_version": {
                "type": "string",
                "description_kind": "plain",
                "optional": true,
                "computed": true
              },
              "engine_version_actual": {
                "type": "string",
                "description_kind": "plain",
                "computed": true
              },
              "final_snapshot_identifier": {
                "type": "string",
                "description_kind": "plain",
                "optional": true
              },
              "hosted_zone_id": {
                "type": "string",
                "description_kind": "plain",
                "computed": true
              },
              "iam_database_authentication_enabled": {
                "type": "bool",
                "description_kind": "plain",
                "optional": true
              },
              "id": {
                "type": "string",
                "description_kind": "plain",
                "optional": true,
                "computed": true
              },
              "identifier": {
                "type": "string",
                "description_kind": "plain",
                "optional": true,
                "computed": true
              },
              "identifier_prefix": {
                "type": "string",
                "description_kind": "plain",
                "optional": true,
                "computed": true
              },
              "instance_class": {
                "type": "string",
                "description_kind": "plain",
                "required": true
              },
              "iops": {
                "type": "number",
                "description_kind": "plain",
                "optional": true,
                "computed": true
              },
              "kms_key_id": {
                "type": "string",
                "description_kind": "plain",
                "optional": true,
                "computed": true
              },
              "latest_restorable_time": {
                "type": "string",
                "description_kind": "plain",
                "computed": true
              },
              "license_model": {
                "type": "string",
                "description_kind": "plain",
                "optional": true,
                "computed": true
              },
              "listener_endpoint": {
                "type": [
                  "list",
                  [
                    "object",
                    {
                      "address": "string",
                      "hosted_zone_id": "string",
                      "port": "number"
                    }
                  ]
                ],
                "description_kind": "plain",
                "computed": true
              },
              "maintenance_window": {
                "type": "string",
                "description_kind": "plain",
                "optional": true,
                "computed": true
              },
              "manage_master_user_password": {
                "type": "bool",
                "description_kind": "plain",
                "optional": true
              },
              "master_user_secret": {
                "type": [
                  "list",
                  [
                    "object",
                    {
                      "kms_key_id": "string",
                      "secret_arn": "string",
                      "secret_status": "string"
                    }
                  ]
                ],
                "description_kind": "plain",
                "computed": true
              },
              "master_user_secret_kms_key_id": {
                "type": "string",
                "description_kind": "plain",
                "optional": true,
                "computed": true
              },
              "max_allocated_storage": {
                "type": "number",
                "description_kind": "plain",
                "optional": true
              },
              "monitoring_interval": {
                "type": "number",
                "description_kind": "plain",
                "optional": true
              },
              "monitoring_role_arn": {
                "type": "string",
                "description_kind": "plain",
                "optional": true,
                "computed": true
              },
              "multi_az": {
                "type": "bool",
                "description_kind": "plain",
                "optional": true,
                "computed": true
              },
              "nchar_character_set_name": {
                "type": "string",
                "description_kind": "plain",
                "optional": true,
                "computed": true
              },
              "network_type": {
                "type": "string",
                "description_kind": "plain",
                "optional": true,
                "computed": true
              },
              "option_group_name": {
                "type": "string",
                "description_kind": "plain",
                "optional": true,
                "computed": true
              },
              "parameter_group_name": {
                "type": "string",
                "description_kind": "plain",
                "optional": true,
                "computed": true
              },
              "password": {
                "type": "string",
                "description_kind": "plain",
                "optional": true,
                "sensitive": true
              },
              "performance_insights_enabled": {
                "type": "bool",
                "description_kind": "plain",
                "optional": true
              },
              "performance_insights_kms_key_id": {
                "type": "string",
                "description_kind": "plain",
                "optional": true,
                "computed": true
              },
              "performance_insights_retention_period": {
                "type": "number",
                "description_kind": "plain",
                "optional": true,
                "computed": true
              },
              "port": {
                "type": "number",
                "description_kind": "plain",
                "optional": true,
                "computed": true
              },
              "publicly_accessible": {
                "type": "bool",
                "description_kind": "plain",
                "optional": true
              },
              "replica_mode": {
                "type": "string",
                "description_kind": "plain",
                "optional": true,
                "computed": true
              },
              "replicas": {
                "type": [
                  "list",
                  "string"
                ],
                "description_kind": "plain",
                "computed": true
              },
              "replicate_source_db": {
                "type": "string",
                "description_kind": "plain",
                "optional": true
              },
              "resource_id": {
                "type": "string",
                "description_kind": "plain",
                "computed": true
              },
              "skip_final_snapshot": {
                "type": "bool",
                "description_kind": "plain",
                "optional": true
              },
              "snapshot_identifier": {
                "type": "string",
                "description_kind": "plain",
                "optional": true,
                "computed": true
              },
              "status": {
                "type": "string",
                "description_kind": "plain",
                "computed": true
              },
              "storage_encrypted": {
                "type": "bool",
                "description_kind": "plain",
                "optional": true
              },
              "storage_throughput": {
                "type": "number",
                "description_kind": "plain",
                "optional": true,
                "computed": true
              },
              "storage_type": {
                "type": "string",
                "description_kind": "plain",
                "optional": true,
                "computed": true
              },
              "tags": {
                "type": [
                  "map",
                  "string"
                ],
                "description_kind": "plain",
                "optional": true
              },
              "tags_all": {
                "type": [
                  "map",
                  "string"
                ],
                "description_kind": "plain",
                "optional": true,
                "computed": true
              },
              "timezone": {
                "type": "string",
                "description_kind": "plain",
                "optional": true,
                "computed": true
              },
              "upgrade_storage_config": {
                "type": "bool",
                "description_kind": "plain",
                "optional": true
              },
              "username": {
                "type": "string",
                "description_kind": "plain",
                "optional": true,
                "computed": true
              },
              "vpc_security_group_ids": {
                "type": [
                  "set",
                  "string"
                ],
                "description_kind": "plain",
                "optional": true,
                "computed": true
              }
            },
            "block_types": {
              "blue_green_update": {
                "nesting_mode": "list",
                "block": {
                  "attributes": {
                    "enabled": {
                      "type": "bool",
                      "description_kind": "plain",
                      "optional": true
                    }
                  },
                  "description_kind": "plain"
                },
                "max_items": 1
              },
              "restore_to_point_in_time": {
                "nesting_mode": "list",
                "block": {
                  "attributes": {
                    "restore_time": {
                      "type": "string",
                      "description_kind": "plain",
                      "optional": true
                    },
                    "source_db_instance_automated_backups_arn": {
                      "type": "string",
                      "description_kind": "plain",
                      "optional": true
                    },
                    "source_db_instance_identifier": {
                      "type": "string",
                      "description_kind": "plain",
                      "optional": true
                    },
                    "source_dbi_resource_id": {
                      "type": "string",
                      "description_kind": "plain",
                      "optional": true
                    },
                    "use_latest_restorable_time": {
                      "type": "bool",
                      "description_kind": "plain",
                      "optional": true
                    }
                  },
                  "description_kind": "plain"
                },
                "max_items": 1
              },
              "s3_import": {
                "nesting_mode": "list",
                "block": {
                  "attributes": {
                    "bucket_name": {
                      "type": "string",
                      "description_kind": "plain",
                      "required": true
                    },
                    "bucket_prefix": {
                      "type": "string",
                      "description_kind": "plain",
                      "optional": true
                    },
                    "ingestion_role": {
                      "type": "string",
                      "description_kind": "plain",
                      "required": true
                    },
                    "source_engine": {
                      "type": "string",
                      "description_kind": "plain",
                      "required": true
                    },
                    "source_engine_version": {
                      "type": "string",
                      "description_kind": "plain",
                      "required": true
                    }
                  },
                  "description_kind": "plain"
                },
                "max_items": 1
              },
              "timeouts": {
                "nesting_mode": "single",
                "block": {
                  "attributes": {
                    "create": {
                      "type": "string",
                      "description_kind": "plain",
                      "optional": true
                    },
                    "delete": {
                      "type": "string",
                      "description_kind": "plain",
                      "optional": true
                    },
                    "update": {
                      "type": "string",
                      "description_kind": "plain",
                      "optional": true
                    }
                  },
                  "description_kind": "plain"
                }
              }
            },
            "description_kind": "plain"
          }
        },
        "aws_db_parameter_group": {
          "version": 0,
          "block": {
            "attributes": {
              "arn": {
                "type": "string",
                "description_kind": "plain",
                "computed": true
              },
              "description": {
                "type": "string",
                "description_kind": "plain",
                "optional": true
              },
              "family": {
                "type": "string",
                "description_kind": "plain",
                "required": true
              },
              "id": {
                "type": "string",
                "description_kind": "plain",
                "optional": true,
                "computed": true
              },
              "name": {
                "type": "string",
                "description_kind": "plain",
                "optional": true,
                "computed": true
              },
              "name_prefix": {
                "type": "string",
                "description_kind": "plain",
                "optional": true,
                "computed": true
              },
              "skip_destroy": {
                "type": "bool",
                "description_kind": "plain",
                "optional": true
              },
              "tags": {
                "type": [
                  "map",
                  "string"
                ],
                "description_kind": "plain",
                "optional": true
              },
              "tags_all": {
                "type": [
                  "map",
                  "string"
                ],
                "description_kind": "plain",
                "optional": true,
                "computed": true
              }
            },
            "block_types": {
              "parameter": {
                "nesting_mode": "set",
                "block": {
                  "attributes": {
                    "apply_method": {
                      "type": "string",
                      "description_kind": "plain",
                      "optional": true
                    },
                    "name": {
                      "type": "string",
                      "description_kind": "plain",
                      "required": true
                    },
                    "value": {
                      "type": "string",
                      "description_kind": "plain",
                      "required": true
                    }
                  },
                  "description_kind": "plain"
                }
              }
            },
            "description_kind": "plain"
          }
        },
        "aws_db_subnet_group": {
          "version": 0,
          "block": {
            "attributes": {
              "arn": {
                "type": "string",
                "description_kind": "plain",
                "computed": true
              },
              "description": {
                "type": "string",
                "description_kind": "plain",
                "optional": true
              },
              "id": {
                "type": "string",
                "description_kind": "plain",
                "optional": true,
                "computed": true
              },
              "name": {
                "type": "string",
                "description_kind": "plain",
                "optional": true,
                "computed": true
              },
              "name_prefix": {
                "type": "string",
                "description_kind": "plain",
                "optional": true,
                "computed": true
              },
              "subnet_ids": {
                "type": [
                  "set",
                  "string"
                ],
                "description_kind": "plain",
                "required": true
              },
              "supported_network_types": {
                "type": [
                  "set",
                  "string"
                ],
                "description_kind": "plain",
                "computed": true
              },
              "tags": {
                "type": [
                  "map",
                  "string"
                ],
                "description_kind": "plain",
                "optional": true
              },
              "tags_all": {
                "type": [
                  "map",
                  "string"
                ],
                "description_kind": "plain",
                "optional": true,
                "computed": true
              },
              "vpc_id": {
                "type": "string",
                "description_kind": "plain",
                "computed": true
              }
            },
            "description_kind": "plain"
          }
        },
        "aws_dynamodb_contributor_insights": {
          "version": 0,
          "block": {
            "attributes": {
              "id": {
                "type": "string",
                "description_kind": "plain",
                "optional": true,
                "computed": true
              },
              "index_name": {
                "type": "string",
                "description_kind": "plain",
                "optional": true
              },
              "table_name": {
                "type": "string",
                "description_kind": "plain",
                "required": true
              }
            },
            "block_types": {
              "timeouts": {
                "nesting_mode": "single",
                "block": {
                  "attributes": {
                    "create": {
                      "type": "string",
                      "description_kind": "plain",
                      "optional": true
                    },
                    "delete": {
                      "type": "string",
                      "description_kind": "plain",
                      "optional": true
                    }
                  },
                  "description_kind": "plain"
                }
              }
            },
            "description_kind": "plain"
          }
        },
        "aws_dynamodb_global_table": {
          "version": 0,
          "block": {
            "attributes": {
              "arn": {
                "type": "string",
                "description_kind": "plain",
                "computed": true
              },
              "id": {
                "type": "string",
                "description_kind": "plain",
                "optional": true,
                "computed": true
              },
              "name": {
                "type": "string",
                "description_kind": "plain",
                "required": true
              }
            },
            "block_types": {
              "replica": {
                "nesting_mode": "set",
                "block": {
                  "attributes": {
                    "region_name": {
                      "type": "string",
                      "description_kind": "plain",
                      "required": true
                    }
                  },
                  "description_kind": "plain"
                },
                "min_items": 1
              },
              "timeouts": {
                "nesting_mode": "single",
                "block": {
                  "attributes": {
                    "create": {
                      "type": "string",
                      "description_kind": "plain",
                      "optional": true
                    },
                    "delete": {
                      "type": "string",
                      "description_kind": "plain",
                      "optional": true
                    },
                    "update": {
                      "type": "string",
                      "description_kind": "plain",
                      "optional": true
                    }
                  },
                  "description_kind": "plain"
                }
              }
            },
            "description_kind": "plain"
          }
        },
        "aws_dynamodb_table": {
          "version": 1,
          "block": {
            "attributes": {
              "arn": {
                "type": "string",
                "description_kind": "plain",
                "computed": true
              },
              "billing_mode": {
                "type": "string",
                "description_kind": "plain",
                "optional": true
              },
              "deletion_protection_enabled": {
                "type": "bool",
                "description_kind": "plain",
                "optional": true
              },
              "hash_key": {
                "type": "string",
                "description_kind": "plain",
                "optional": true,
                "computed": true
              },
              "id": {
                "type": "string",
                "description_kind": "plain",
                "optional": true,
                "computed": true
              },
              "name": {
                "type": "string",
                "description_kind": "plain",
                "required": true
              },
              "range_key": {
                "type": "string",
                "description_kind": "plain",
                "optional": true
              },
              "read_capacity": {
                "type": "number",
                "description_kind": "plain",
                "optional": true,
                "computed": true
              },
              "restore_date_time": {
                "type": "string",
                "description_kind": "plain",
                "optional": true
              },
              "restore_source_name": {
                "type": "string",
                "description_kind": "plain",
                "optional": true
              },
              "restore_source_table_arn": {
                "type": "string",
                "description_kind": "plain",
                "optional": true
              },
              "restore_to_latest_time": {
                "type": "bool",
                "description_kind": "plain",
                "optional": true
              },
              "stream_arn": {
                "type": "string",
                "description_kind": "plain",
                "computed": true
              },
              "stream_enabled": {
                "type": "bool",
                "description_kind": "plain",
                "optional": true
              },
              "stream_label": {
                "type": "string",
                "description_kind": "plain",
                "computed": true
              },
              "stream_view_type": {
                "type": "string",
                "description_kind": "plain",
                "optional": true,
                "computed": true
              },
              "table_class": {
                "type": "string",
                "description_kind": "plain",
                "optional": true
              },
              "tags": {
                "type": [
                  "map",
                  "string"
                ],
                "description_kind": "plain",
                "optional": true
              },
              "tags_all": {
                "type": [
                  "map",
                  "string"
                ],
                "description_kind": "plain",
                "optional": true,
                "computed": true
              },
              "write_capacity": {
                "type": "number",
                "description_kind": "plain",
                "optional": true,
                "computed": true
              }
            },
            "block_types": {
              "attribute": {
                "nesting_mode": "set",
                "block": {
                  "attributes": {
                    "name": {
                      "type": "string",
                      "description_kind": "plain",
                      "required": true
                    },
                    "type": {
                      "type": "string",
                      "description_kind": "plain",
                      "required": true
                    }
                  },
                  "description_kind": "plain"
                }
              },
              "global_secondary_index": {
                "nesting_mode": "set",
                "block": {
                  "attributes": {
                    "hash_key": {
                      "type": "string",
                      "description_kind": "plain",
                      "required": true
                    },
                    "name": {
                      "type": "string",
                      "description_kind": "plain",
                      "required": true
                    },
                    "non_key_attributes": {
                      "type": [
                        "set",
                        "string"
                      ],
                      "description_kind": "plain",
                      "optional": true
                    },
                    "projection_type": {
                      "type": "string",
                      "description_kind": "plain",
                      "required": true
                    },
                    "range_key": {
                      "type": "string",
                      "description_kind": "plain",
                      "optional": true
                    },
                    "read_capacity": {
                      "type": "number",
                      "description_kind": "plain",
                      "optional": true
                    },
                    "write_capacity": {
                      "type": "number",
                      "description_kind": "plain",
                      "optional": true
                    }
                  },
                  "description_kind": "plain"
                }
              },
              "import_table": {
                "nesting_mode": "list",
                "block": {
                  "attributes": {
                    "input_compression_type": {
                      "type": "string",
                      "description_kind": "plain",
                      "optional": true
                    },
                    "input_format": {
                      "type": "string",
                      "description_kind": "plain",
                      "required": true
                    }
                  },
                  "block_types": {
                    "input_format_options": {
                      "nesting_mode": "list",
                      "block": {
                        "block_types": {
                          "csv": {
                            "nesting_mode": "list",
                            "block": {
                              "attributes": {
                                "delimiter": {
                                  "type": "string",
                                  "description_kind": "plain",
                                  "optional": true
                                },
                                "header_list": {
                                  "type": [
                                    "set",
                                    "string"
                                  ],
                                  "description_kind": "plain",
                                  "optional": true
                                }
                              },
                              "description_kind": "plain"
                            },
                            "max_items": 1
                          }
                        },
                        "description_kind": "plain"
                      },
                      "max_items": 1
                    },
                    "s3_bucket_source": {
                      "nesting_mode": "list",
                      "block": {
                        "attributes": {
                          "bucket": {
                            "type": "string",
                            "description_kind": "plain",
                            "required": true
                          },
                          "bucket_owner": {
                            "type": "string",
                            "description_kind": "plain",
                            "optional": true
                          },
                          "key_prefix": {
                            "type": "string",
                            "description_kind": "plain",
                            "optional": true
                          }
                        },
                        "description_kind": "plain"
                      },
                      "min_items": 1,
                      "max_items": 1
                    }
                  },
                  "description_kind": "plain"
                },
                "max_items": 1
              },
              "local_secondary_index": {
                "nesting_mode": "set",
                "block": {
                  "attributes": {
                    "name": {
                      "type": "string",
                      "description_kind": "plain",
                      "required": true
                    },
                    "non_key_attributes": {
                      "type": [
                        "list",
                        "string"
                      ],
                      "description_kind": "plain",
                      "optional": true
                    },
                    "projection_type": {
                      "type": "string",
                      "description_kind": "plain",
                      "required": true
                    },
                    "range_key": {
                      "type": "string",
                      "description_kind": "plain",
                      "required": true
                    }
                  },
                  "description_kind": "plain"
                }
              },
              "point_in_time_recovery": {
                "nesting_mode": "list",
                "block": {
                  "attributes": {
                    "enabled": {
                      "type": "bool",
                      "description_kind": "plain",
                      "required": true
                    }
                  },
                  "description_kind": "plain"
                },
                "max_items": 1
              },
              "replica": {
                "nesting_mode": "set",
                "block": {
                  "attributes": {
                    "arn": {
                      "type": "string",
                      "description_kind": "plain",
                      "computed": true
                    },
                    "kms_key_arn": {
                      "type": "string",
                      "description_kind": "plain",
                      "optional": true,
                      "computed": true
                    },
                    "point_in_time_recovery": {
                      "type": "bool",
                      "description_kind": "plain",
                      "optional": true
                    },
                    "propagate_tags": {
                      "type": "bool",
                      "description_kind": "plain",
                      "optional": true
                    },
                    "region_name": {
                      "type": "string",
                      "description_kind": "plain",
                      "required": true
                    },
                    "stream_arn": {
                      "type": "string",
                      "description_kind": "plain",
                      "computed": true
                    },
                    "stream_label": {
                      "type": "string",
                      "description_kind": "plain",
                      "computed": true
                    }
                  },
                  "description_kind": "plain"
                }
              },
              "server_side_encryption": {
                "nesting_mode": "list",
                "block": {
                  "attributes": {
                    "enabled": {
                      "type": "bool",
                      "description_kind": "plain",
                      "required": true
                    },
                    "kms_key_arn": {
                      "type": "string",
                      "description_kind": "plain",
                      "optional": true,
                      "computed": true
                    }
                  },
                  "description_kind": "plain"
                },
                "max_items": 1
              },
              "timeouts": {
                "nesting_mode": "single",
                "block": {
                  "attributes": {
                    "create": {
                      "type": "string",
                      "description_kind": "plain",
                      "optional": true
                    },
                    "delete": {
                      "type": "string",
                      "description_kind": "plain",
                      "optional": true
                    },
                    "update": {
                      "type": "string",
                      "description_kind": "plain",
                      "optional": true
                    }
                  },
                  "description_kind": "plain"
                }
              },
              "ttl": {
                "nesting_mode": "list",
                "block": {
                  "attributes": {
                    "attribute_name": {
                      "type": "string",
                      "description_kind": "plain",
                      "optional": true
                    },
                    "enabled": {
                      "type": "bool",
                      "description_kind": "plain",
                      "optional": true
                    }
                  },
                  "description_kind": "plain"
                },
                "max_items": 1
              }
            },
            "description_kind": "plain"
          }
        },
        "aws_ebs_volume": {
          "version": 0,
          "block": {
            "attributes": {
              "arn": {
                "type": "string",
                "description_kind": "plain",
                "computed": true
              },
              "availability_zone": {
                "type": "string",
                "description_kind": "plain",
                "required": true
              },
              "encrypted": {
                "type": "bool",
                "description_kind": "plain",
                "optional": true,
                "computed": true
              },
              "final_snapshot": {
                "type": "bool",
                "description_kind": "plain",
                "optional": true
              },
              "id": {
                "type": "string",
                "description_kind": "plain",
                "optional": true,
                "computed": true
              },
              "iops": {
                "type": "number",
                "description_kind": "plain",
                "optional": true,
                "computed": true
              },
              "kms_key_id": {
                "type": "string",
                "description_kind": "plain",
                "optional": true,
                "computed": true
              },
              "multi_attach_enabled": {
                "type": "bool",
                "description_kind": "plain",
                "optional": true
              },
              "outpost_arn": {
                "type": "string",
                "description_kind": "plain",
                "optional": true
              },
              "size": {
                "type": "number",
                "description_kind": "plain",
                "optional": true,
                "computed": true
              },
              "snapshot_id": {
                "type": "string",
                "description_kind": "plain",
                "optional": true,
                "computed": true
              },
              "tags": {
                "type": [
                  "map",
                  "string"
                ],
                "description_kind": "plain",
                "optional": true
              },
              "tags_all": {
                "type": [
                  "map",
                  "string"
                ],
                "description_kind": "plain",
                "optional": true,
                "computed": true
              },
              "throughput": {
                "type": "number",
                "description_kind": "plain",
                "optional": true,
                "computed": true
              },
              "type": {
                "type": "string",
                "description_kind": "plain",
                "optional": true,
                "computed": true
              }
            },
            "block_types": {
              "timeouts": {
                "nesting_mode": "single",
                "block": {
                  "attributes": {
                    "create": {
                      "type": "string",
                      "description_kind": "plain",
                      "optional": true
                    },
                    "delete": {
                      "type": "string",
                      "description_kind": "plain",
                      "optional": true
                    },
                    "update": {
                      "type": "string",
                      "description_kind": "plain",
                      "optional": true
                    }
                  },
                  "description_kind": "plain"
                }
              }
            },
            "description_kind": "plain"
          }
        },
        "aws_ecs_cluster": {
          "version": 0,
          "block": {
            "attributes": {
              "arn": {
                "type": "string",
                "description_kind": "plain",
                "computed": true
              },
              "id": {
                "type": "string",
                "description_kind": "plain",
                "optional": true,
                "computed": true
              },
              "name": {
                "type": "string",
                "description_kind": "plain",
                "required": true
              },
              "tags": {
                "type": [
                  "map",
                  "string"
                ],
                "description_kind": "plain",
                "optional": true
              },
              "tags_all": {
                "type": [
                  "map",
                  "string"
                ],
                "description_kind": "plain",
                "optional": true,
                "computed": true
              }
            },
            "block_types": {
              "configuration": {
                "nesting_mode": "list",
                "block": {
                  "block_types": {
                    "execute_command_configuration": {
                      "nesting_mode": "list",
                      "block": {
                        "attributes": {
                          "kms_key_id": {
                            "type": "string",
                            "description_kind": "plain",
                            "optional": true
                          },
                          "logging": {
                            "type": "string",
                            "description_kind": "plain",
                            "optional": true
                          }
                        },
                        "block_types": {
                          "log_configuration": {
                            "nesting_mode": "list",
                            "block": {
                              "attributes": {
                                "cloud_watch_encryption_enabled": {
                                  "type": "bool",
                                  "description_kind": "plain",
                                  "optional": true
                                },
                                "cloud_watch_log_group_name": {
                                  "type": "string",
                                  "description_kind": "plain",
                                  "optional": true
                                },
                                "s3_bucket_encryption_enabled": {
                                  "type": "bool",
                                  "description_kind": "plain",
                                  "optional": true
                                },
                                "s3_bucket_name": {
                                  "type": "string",
                                  "description_kind": "plain",
                                  "optional": true
                                },
                                "s3_key_prefix": {
                                  "type": "string",
                                  "description_kind": "plain",
                                  "optional": true
                                }
                              },
                              "description_kind": "plain"
                            },
                            "max_items": 1
                          }
                        },
                        "description_kind": "plain"
                      },
                      "max_items": 1
                    },
                    "managed_storage_configuration": {
                      "nesting_mode": "list",
                      "block": {
                        "attributes": {
                          "fargate_ephemeral_storage_kms_key_id": {
                            "type": "string",
                            "description_kind": "plain",
                            "optional": true
                          },
                          "kms_key_id": {
                            "type": "string",
                            "description_kind": "plain",
                            "optional": true
                          }
                        },
                        "description_kind": "plain"
                      },
                      "max_items": 1
                    }
                  },
                  "description_kind": "plain"
                },
                "max_items": 1
              },
              "service_connect_defaults": {
                "nesting_mode": "list",
                "block": {
                  "attributes": {
                    "namespace": {
                      "type": "string",
                      "description_kind": "plain",
                      "required": true
                    }
                  },
                  "description_kind": "plain"
                },
                "max_items": 1
              },
              "setting": {
                "nesting_mode": "set",
                "block": {
                  "attributes": {
                    "name": {
                      "type": "string",
                      "description_kind": "plain",
                      "required": true
                    },
                    "value": {
                      "type": "string",
                      "description_kind": "plain",
                      "required": true
                    }
                  },
                  "description_kind": "plain"
                }
              }
            },
            "description_kind": "plain"
          }
        },
        "aws_ecs_service": {
          "version": 1,
          "block": {
            "attributes": {
              "cluster": {
                "type": "string",
                "description_kind": "plain",
                "optional": true,
                "computed": true
              },
              "deployment_maximum_percent": {
                "type": "number",
                "description_kind": "plain",
                "optional": true
              },
              "deployment_minimum_healthy_percent": {
                "type": "number",
                "description_kind": "plain",
                "optional": true
              },
              "desired_count": {
                "type": "number",
                "description_kind": "plain",
                "optional": true
              },
              "enable_ecs_managed_tags": {
                "type": "bool",
                "description_kind": "plain",
                "optional": true
              },
              "enable_execute_command": {
                "type": "bool",
                "description_kind": "plain",
                "optional": true
              },
              "force_delete": {
                "type": "bool",
                "description_kind": "plain",
                "optional": true
              },
              "force_new_deployment": {
                "type": "bool",
                "description_kind": "plain",
                "optional": true
              },
              "health_check_grace_period_seconds": {
                "type": "number",
                "description_kind": "plain",
                "optional": true
              },
              "iam_role": {
                "type": "string",
                "description_kind": "plain",
                "optional": true,
                "computed": true
              },
              "id": {
                "type": "string",
                "description_kind": "plain",
                "optional": true,
                "computed": true
              },
              "launch_type": {
                "type": "string",
                "description_kind": "plain",
                "optional": true,
                "computed": true
              },
              "name": {
                "type": "string",
                "description_kind": "plain",
                "required": true
              },
              "platform_version": {
                "type": "string",
                "description_kind": "plain",
                "optional": true,
                "computed": true
              },
              "propagate_tags": {
                "type": "string",
                "description_kind": "plain",
                "optional": true
              },
              "scheduling_strategy": {
                "type": "string",
                "description_kind": "plain",
                "optional": true
              },
              "tags": {
                "type": [
                  "map",
                  "string"
                ],
                "description_kind": "plain",
                "optional": true
              },
              "tags_all": {
                "type": [
                  "map",
                  "string"
                ],
                "description_kind": "plain",
                "optional": true,
                "computed": true
              },
              "task_definition": {
                "type": "string",
                "description_kind": "plain",
                "optional": true
              },
              "triggers": {
                "type": [
                  "map",
                  "string"
                ],
                "description_kind": "plain",
                "optional": true,
                "computed": true
              },
              "wait_for_steady_state": {
                "type": "bool",
                "description_kind": "plain",
                "optional": true
              }
            },
            "block_types": {
              "alarms": {
                "nesting_mode": "list",
                "block": {
                  "attributes": {
                    "alarm_names": {
                      "type": [
                        "set",
                        "string"
                      ],
                      "description_kind": "plain",
                      "required": true
                    },
                    "enable": {
                      "type": "bool",
                      "description_kind": "plain",
                      "required": true
                    },
                    "rollback": {
                      "type": "bool",
                      "description_kind": "plain",
                      "required": true
                    }
                  },
                  "description_kind": "plain"
                },
                "max_items": 1
              },
              "capacity_provider_strategy": {
                "nesting_mode": "set",
                "block": {
                  "attributes": {
                    "base": {
                      "type": "number",
                      "description_kind": "plain",
                      "optional": true
                    },
                    "capacity_provider": {
                      "type": "string",
                      "description_kind": "plain",
                      "required": true
                    },
                    "weight": {
                      "type": "number",
                      "description_kind": "plain",
                      "optional": true
                    }
                  },
                  "description_kind": "plain"
                }
              },
              "deployment_circuit_breaker": {
                "nesting_mode": "list",
                "block": {
                  "attributes": {
                    "enable": {
                      "type": "bool",
                      "description_kind": "plain",
                      "required": true
                    },
                    "rollback": {
                      "type": "bool",
                      "description_kind": "plain",
                      "required": true
                    }
                  },
                  "description_kind": "plain"
                },
                "max_items": 1
              },
              "deployment_controller": {
                "nesting_mode": "list",
                "block": {
                  "attributes": {
                    "type": {
                      "type": "string",
                      "description_kind": "plain",
                      "optional": true
                    }
                  },
                  "description_kind": "plain"
                },
                "max_items": 1
              },
              "load_balancer": {
                "nesting_mode": "set",
                "block": {
                  "attributes": {
                    "container_name": {
                      "type": "string",
                      "description_kind": "plain",
                      "required": true
                    },
                    "container_port": {
                      "type": "number",
                      "description_kind": "plain",
                      "required": true
                    },
                    "elb_name": {
                      "type": "string",
                      "description_kind": "plain",
                      "optional": true
                    },
                    "target_group_arn": {
                      "type": "string",
                      "description_kind": "plain",
                      "optional": true
                    }
                  },
                  "description_kind": "plain"
                }
              },
              "network_configuration": {
                "nesting_mode": "list",
                "block": {
                  "attributes": {
                    "assign_public_ip": {
                      "type": "bool",
                      "description_kind": "plain",
                      "optional": true
                    },
                    "security_groups": {
                      "type": [
                        "set",
                        "string"
                      ],
                      "description_kind": "plain",
                      "optional": true
                    },
                    "subnets": {
                      "type": [
                        "set",
                        "string"
                      ],
                      "description_kind": "plain",
                      "required": true
                    }
                  },
                  "description_kind": "plain"
                },
                "max_items": 1
              },
              "ordered_placement_strategy": {
                "nesting_mode": "list",
                "block": {
                  "attributes": {
                    "field": {
                      "type": "string",
                      "description_kind": "plain",
                      "optional": true
                    },
                    "type": {
                      "type": "string",
                      "description_kind": "plain",
                      "required": true
                    }
                  },
                  "description_kind": "plain"
                },
                "max_items": 5
              },
              "placement_constraints": {
                "nesting_mode": "set",
                "block": {
                  "attributes": {
                    "expression": {
                      "type": "string",
                      "description_kind": "plain",
                      "optional": true
                    },
                    "type": {
                      "type": "string",
                      "description_kind": "plain",
                      "required": true
                    }
                  },
                  "description_kind": "plain"
                },
                "max_items": 10
              },
              "service_connect_configuration": {
                "nesting_mode": "list",
                "block": {
                  "attributes": {
                    "enabled": {
                      "type": "bool",
                      "description_kind": "plain",
                      "required": true
                    },
                    "namespace": {
                      "type": "string",
                      "description_kind": "plain",
                      "optional": true
                    }
                  },
                  "block_types": {
                    "log_configuration": {
                      "nesting_mode": "list",
                      "block": {
                        "attributes": {
                          "log_driver": {
                            "type": "string",
                            "description_kind": "plain",
                            "required": true
                          },
                          "options": {
                            "type": [
                              "map",
                              "string"
                            ],
                            "description_kind": "plain",
                            "optional": true,
                            "computed": true
                          }
                        },
                        "block_types": {
                          "secret_option": {
                            "nesting_mode": "list",
                            "block": {
                              "attributes": {
                                "name": {
                                  "type": "string",
                                  "description_kind": "plain",
                                  "required": true
                                },
                                "value_from": {
                                  "type": "string",
                                  "description_kind": "plain",
                                  "required": true
                                }
                              },
                              "description_kind": "plain"
                            }
                          }
                        },
                        "description_kind": "plain"
                      },
                      "max_items": 1
                    },
                    "service": {
                      "nesting_mode": "list",
                      "block": {
                        "attributes": {
                          "discovery_name": {
                            "type": "string",
                            "description_kind": "plain",
                            "optional": true
                          },
                          "ingress_port_override": {
                            "type": "number",
                            "description_kind": "plain",
                            "optional": true
                          },
                          "port_name": {
                            "type": "string",
                            "description_kind": "plain",
                            "required": true
                          }
                        },
                        "block_types": {
                          "client_alias": {
                            "nesting_mode": "list",
                            "block": {
                              "attributes": {
                                "dns_name": {
                                  "type": "string",
                                  "description_kind": "plain",
                                  "optional": true
                                },
                                "port": {
                                  "type": "number",
                                  "description_kind": "plain",
                                  "required": true
                                }
                              },
                              "description_kind": "plain"
                            },
                            "max_items": 1
                          },
                          "timeout": {
                            "nesting_mode": "list",
                            "block": {
                              "attributes": {
                                "idle_timeout_seconds": {
                                  "type": "number",
                                  "description_kind": "plain",
                                  "optional": true
                                },
                                "per_request_timeout_seconds": {
                                  "type": "number",
                                  "description_kind": "plain",
                                  "optional": true
                                }
                              },
                              "description_kind": "plain"
                            },
                            "max_items": 1
                          },
                          "tls": {
                            "nesting_mode": "list",
                            "block": {
                              "attributes": {
                                "kms_key": {
                                  "type": "string",
                                  "description_kind": "plain",
                                  "optional": true
                                },
                                "role_arn": {
                                  "type": "string",
                                  "description_kind": "plain",
                                  "optional": true
                                }
                              },
                              "block_types": {
                                "issuer_cert_authority": {
                                  "nesting_mode": "list",
                                  "block": {
                                    "attributes": {
                                      "aws_pca_authority_arn": {
                                        "type": "string",
                                        "description_kind": "plain",
                                        "required": true
                                      }
                                    },
                                    "description_kind": "plain"
                                  },
                                  "min_items": 1,
                                  "max_items": 1
                                }
                              },
                              "description_kind": "plain"
                            },
                            "max_items": 1
                          }
                        },
                        "description_kind": "plain"
                      }
                    }
                  },
                  "description_kind": "plain"
                },
                "max_items": 1
              },
              "service_registries": {
                "nesting_mode": "list",
                "block": {
                  "attributes": {
                    "container_name": {
                      "type": "string",
                      "description_kind": "plain",
                      "optional": true
                    },
                    "container_port": {
                      "type": "number",
                      "description_kind": "plain",
                      "optional": true
                    },
                    "port": {
                      "type": "number",
                      "description_kind": "plain",
                      "optional": true
                    },
                    "registry_arn": {
                      "type": "string",
                      "description_kind": "plain",
                      "required": true
                    }
                  },
                  "description_kind": "plain"
                },
                "max_items": 1
              },
              "timeouts": {
                "nesting_mode": "single",
                "block": {
                  "attributes": {
                    "create": {
                      "type": "string",
                      "description_kind": "plain",
                      "optional": true
                    },
                    "delete": {
                      "type": "string",
                      "description_kind": "plain",
                      "optional": true
                    },
                    "update": {
                      "type": "string",
                      "description_kind": "plain",
                      "optional": true
                    }
                  },
                  "description_kind": "plain"
                }
              },
              "volume_configuration": {
                "nesting_mode": "list",
                "block": {
                  "attributes": {
                    "name": {
                      "type": "string",
                      "description_kind": "plain",
                      "required": true
                    }
                  },
                  "block_types": {
                    "managed_ebs_volume": {
                      "nesting_mode": "list",
                      "block": {
                        "attributes": {
                          "encrypted": {
                            "type": "bool",
                            "description_kind": "plain",
                            "optional": true
                          },
                          "file_system_type": {
                            "type": "string",
                            "description_kind": "plain",
                            "optional": true
                          },
                          "iops": {
                            "type": "number",
                            "description_kind": "plain",
                            "optional": true
                          },
                          "kms_key_id": {
                            "type": "string",
                            "description_kind": "plain",
                            "optional": true
                          },
                          "role_arn": {
                            "type": "string",
                            "description_kind": "plain",
                            "required": true
                          },
                          "size_in_gb": {
                            "type": "number",
                            "description_kind": "plain",
                            "optional": true
                          },
                          "snapshot_id": {
                            "type": "string",
                            "description_kind": "plain",
                            "optional": true
                          },
                          "throughput": {
                            "type": "number",
                            "description_kind": "plain",
                            "optional": true
                          },
                          "volume_type": {
                            "type": "string",
                            "description_kind": "plain",
                            "optional": true
                          }
                        },
                        "block_types": {
                          "tag_specifications": {
                            "nesting_mode": "list",
                            "block": {
                              "attributes": {
                                "propagate_tags": {
                                  "type": "string",
                                  "description_kind": "plain",
                                  "optional": true
                                },
                                "resource_type": {
                                  "type": "string",
                                  "description_kind": "plain",
                                  "required": true
                                },
                                "tags": {
                                  "type": [
                                    "map",
                                    "string"
                                  ],
                                  "description_kind": "plain",
                                  "optional": true
                                }
                              },
                              "description_kind": "plain"
                            }
                          }
                        },
                        "description_kind": "plain"
                      },
                      "min_items": 1,
                      "max_items": 1
                    }
                  },
                  "description_kind": "plain"
                },
                "max_items": 1
              }
            },
            "description_kind": "plain"
          }
        },
        "aws_ecs_task_definition": {
          "version": 1,
          "block": {
            "attributes": {
              "arn": {
                "type": "string",
                "description_kind": "plain",
                "computed": true
              },
              "arn_without_revision": {
                "type": "string",
                "description_kind": "plain",
                "computed": true
              },
              "container_definitions": {
                "type": "string",
                "description_kind": "plain",
                "required": true
              },
              "cpu": {
                "type": "string",
                "description_kind": "plain",
                "optional": true
              },
              "execution_role_arn": {
                "type": "string",
                "description_kind": "plain",
                "optional": true
              },
              "family": {
                "type": "string",
                "description_kind": "plain",
                "required": true
              },
              "id": {
                "type": "string",
                "description_kind": "plain",
                "optional": true,
                "computed": true
              },
              "ipc_mode": {
                "type": "string",
                "description_kind": "plain",
                "optional": true
              },
              "memory": {
                "type": "string",
                "description_kind": "plain",
                "optional": true
              },
              "network_mode": {
                "type": "string",
                "description_kind": "plain",
                "optional": true,
                "computed": true
              },
              "pid_mode": {
                "type": "string",
                "description_kind": "plain",
                "optional": true
              },
              "requires_compatibilities": {
                "type": [
                  "set",
                  "string"
                ],
                "description_kind": "plain",
                "optional": true
              },
              "revision": {
                "type": "number",
                "description_kind": "plain",
                "computed": true
              },
              "skip_destroy": {
                "type": "bool",
                "description_kind": "plain",
                "optional": true
              },
              "tags": {
                "type": [
                  "map",
                  "string"
                ],
                "description_kind": "plain",
                "optional": true
              },
              "tags_all": {
                "type": [
                  "map",
                  "string"
                ],
                "description_kind": "plain",
                "optional": true,
                "computed": true
              },
              "task_role_arn": {
                "type": "string",
                "description_kind": "plain",
                "optional": true
              },
              "track_latest": {
                "type": "bool",
                "description_kind": "plain",
                "optional": true
              }
            },
            "block_types": {
              "ephemeral_storage": {
                "nesting_mode": "list",
                "block": {
                  "attributes": {
                    "size_in_gib": {
                      "type": "number",
                      "description_kind": "plain",
                      "required": true
                    }
                  },
                  "description_kind": "plain"
                },
                "max_items": 1
              },
              "inference_accelerator": {
                "nesting_mode": "set",
                "block": {
                  "attributes": {
                    "device_name": {
                      "type": "string",
                      "description_kind": "plain",
                      "required": true
                    },
                    "device_type": {
                      "type": "string",
                      "description_kind": "plain",
                      "required": true
                    }
                  },
                  "description_kind": "plain"
                }
              },
              "placement_constraints": {
                "nesting_mode": "set",
                "block": {
                  "attributes": {
                    "expression": {
                      "type": "string",
                      "description_kind": "plain",
                      "optional": true
                    },
                    "type": {
                      "type": "string",
                      "description_kind": "plain",
                      "required": true
                    }
                  },
                  "description_kind": "plain"
                },
                "max_items": 10
              },
              "proxy_configuration": {
                "nesting_mode": "list",
                "block": {
                  "attributes": {
                    "container_name": {
                      "type": "string",
                      "description_kind": "plain",
                      "required": true
                    },
                    "properties": {
                      "type": [
                        "map",
                        "string"
                      ],
                      "description_kind": "plain",
                      "optional": true
                    },
                    "type": {
                      "type": "string",
                      "description_kind": "plain",
                      "optional": true
                    }
                  },
                  "description_kind": "plain"
                },
                "max_items": 1
              },
              "runtime_platform": {
                "nesting_mode": "list",
                "block": {
                  "attributes": {
                    "cpu_architecture": {
                      "type": "string",
                      "description_kind": "plain",
                      "optional": true
                    },
                    "operating_system_family": {
                      "type": "string",
                      "description_kind": "plain",
                      "optional": true
                    }
                  },
                  "description_kind": "plain"
                },
                "max_items": 1
              },
              "volume": {
                "nesting_mode": "set",
                "block": {
                  "attributes": {
                    "configure_at_launch": {
                      "type": "bool",
                      "description_kind": "plain",
                      "optional": true,
                      "computed": true
                    },
                    "host_path": {
                      "type": "string",
                      "description_kind": "plain",
                      "optional": true
                    },
                    "name": {
                      "type": "string",
                      "description_kind": "plain",
                      "required": true
                    }
                  },
                  "block_types": {
                    "docker_volume_configuration": {
                      "nesting_mode": "list",
                      "block": {
                        "attributes": {
                          "autoprovision": {
                            "type": "bool",
                            "description_kind": "plain",
                            "optional": true
                          },
                          "driver": {
                            "type": "string",
                            "description_kind": "plain",
                            "optional": true
                          },
                          "driver_opts": {
                            "type": [
                              "map",
                              "string"
                            ],
                            "description_kind": "plain",
                            "optional": true
                          },
                          "labels": {
                            "type": [
                              "map",
                              "string"
                            ],
                            "description_kind": "plain",
                            "optional": true
                          },
                          "scope": {
                            "type": "string",
                            "description_kind": "plain",
                            "optional": true,
                            "computed": true
                          }
                        },
                        "description_kind": "plain"
                      },
                      "max_items": 1
                    },
                    "efs_volume_configuration": {
                      "nesting_mode": "list",
                      "block": {
                        "attributes": {
                          "file_system_id": {
                            "type": "string",
                            "description_kind": "plain",
                            "required": true
                          },
                          "root_directory": {
                            "type": "string",
                            "description_kind": "plain",
                            "optional": true
                          },
                          "transit_encryption": {
                            "type": "string",
                            "description_kind": "plain",
                            "optional": true
                          },
                          "transit_encryption_port": {
                            "type": "number",
                            "description_kind": "plain",
                            "optional": true
                          }
                        },
                        "block_types": {
                          "authorization_config": {
                            "nesting_mode": "list",
                            "block": {
                              "attributes": {
                                "access_point_id": {
                                  "type": "string",
                                  "description_kind": "plain",
                                  "optional": true
                                },
                                "iam": {
                                  "type": "string",
                                  "description_kind": "plain",
                                  "optional": true
                                }
                              },
                              "description_kind": "plain"
                            },
                            "max_items": 1
                          }
                        },
                        "description_kind": "plain"
                      },
                      "max_items": 1
                    },
                    "fsx_windows_file_server_volume_configuration": {
                      "nesting_mode": "list",
                      "block": {
                        "attributes": {
                          "file_system_id": {
                            "type": "string",
                            "description_kind": "plain",
                            "required": true
                          },
                          "root_directory": {
                            "type": "string",
                            "description_kind": "plain",
                            "required": true
                          }
                        },
                        "block_types": {
                          "authorization_config": {
                            "nesting_mode": "list",
                            "block": {
                              "attributes": {
                                "credentials_parameter": {
                                  "type": "string",
                                  "description_kind": "plain",
                                  "required": true
                                },
                                "domain": {
                                  "type": "string",
                                  "description_kind": "plain",
                                  "required": true
                                }
                              },
                              "description_kind": "plain"
                            },
                            "min_items": 1,
                            "max_items": 1
                          }
                        },
                        "description_kind": "plain"
                      },
                      "max_items": 1
                    }
                  },
                  "description_kind": "plain"
                }
              }
            },
            "description_kind": "plain"
          }
        },
        "aws_efs_file_system": {
          "version": 0,
          "block": {
            "attributes": {
              "arn": {
                "type": "string",
                "description_kind": "plain",
                "computed": true
              },
              "availability_zone_id": {
                "type": "string",
                "description_kind": "plain",
                "computed": true
              },
              "availability_zone_name": {
                "type": "string",
                "description_kind": "plain",
                "optional": true,
                "computed": true
              },
              "creation_token": {
                "type": "string",
                "description_kind": "plain",
                "optional": true,
                "computed": true
              },
              "dns_name": {
                "type": "string",
                "description_kind": "plain",
                "computed": true
              },
              "encrypted": {
                "type": "bool",
                "description_kind": "plain",
                "optional": true,
                "computed": true
              },
              "id": {
                "type": "string",
                "description_kind": "plain",
                "optional": true,
                "computed": true
              },
              "kms_key_id": {
                "type": "string",
                "description_kind": "plain",
                "optional": true,
                "computed": true
              },
              "name": {
                "type": "string",
                "description_kind": "plain",
                "computed": true
              },
              "number_of_mount_targets": {
                "type": "number",
                "description_kind": "plain",
                "computed": true
              },
              "owner_id": {
                "type": "string",
                "description_kind": "plain",
                "computed": true
              },
              "performance_mode": {
                "type": "string",
                "description_kind": "plain",
                "optional": true,
                "computed": true
              },
              "provisioned_throughput_in_mibps": {
                "type": "number",
                "description_kind": "plain",
                "optional": true
              },
              "size_in_bytes": {
                "type": [
                  "list",
                  [
                    "object",
                    {
                      "value": "number",
                      "value_in_ia": "number",
                      "value_in_standard": "number"
                    }
                  ]
                ],
                "description_kind": "plain",
                "computed": true
              },
              "tags": {
                "type": [
                  "map",
                  "string"
                ],
                "description_kind": "plain",
                "optional": true
              },
              "tags_all": {
                "type": [
                  "map",
                  "string"
                ],
                "description_kind": "plain",
                "optional": true,
                "computed": true
              },
              "throughput_mode": {
                "type": "string",
                "description_kind": "plain",
                "optional": true
              }
            },
            "block_types": {
              "lifecycle_policy": {
                "nesting_mode": "list",
                "block": {
                  "attributes": {
                    "transition_to_archive": {
                      "type": "string",
                      "description_kind": "plain",
                      "optional": true
                    },
                    "transition_to_ia": {
                      "type": "string",
                      "description_kind": "plain",
                      "optional": true
                    },
                    "transition_to_primary_storage_class": {
                      "type": "string",
                      "description_kind": "plain",
                      "optional": true
                    }
                  },
                  "description_kind": "plain"
                },
                "max_items": 3
              },
              "protection": {
                "nesting_mode": "list",
                "block": {
                  "attributes": {
                    "replication_overwrite": {
                      "type": "string",
                      "description_kind": "plain",
                      "optional": true,
                      "computed": true
                    }
                  },
                  "description_kind": "plain"
                },
                "max_items": 1
              }
            },
            "description_kind": "plain"
          }
        },
        "aws_eip": {
          "version": 0,
          "block": {
            "attributes": {
              "address": {
                "type": "string",
                "description_kind": "plain",
                "optional": true
              },
              "allocation_id": {
                "type": "string",
                "description_kind": "plain",
                "computed": true
              },
              "arn": {
                "type": "string",
                "description_kind": "plain",
                "computed": true
              },
              "associate_with_private_ip": {
                "type": "string",
                "description_kind": "plain",
                "optional": true
              },
              "association_id": {
                "type": "string",
                "description_kind": "plain",
                "computed": true
              },
              "carrier_ip": {
                "type": "string",
                "description_kind": "plain",
                "computed": true
              },
              "customer_owned_ip": {
                "type": "string",
                "description_kind": "plain",
                "computed": true
              },
              "customer_owned_ipv4_pool": {
                "type": "string",
                "description_kind": "plain",
                "optional": true
              },
              "domain": {
                "type": "string",
                "description_kind": "plain",
                "optional": true,
                "computed": true
              },
              "id": {
                "type": "string",
                "description_kind": "plain",
                "optional": true,
                "computed": true
              },
              "instance": {
                "type": "string",
                "description_kind": "plain",
                "optional": true,
                "computed": true
              },
              "network_border_group": {
                "type": "string",
                "description_kind": "plain",
                "optional": true,
                "computed": true
              },
              "network_interface": {
                "type": "string",
                "description_kind": "plain",
                "optional": true,
                "computed": true
              },
              "private_dns": {
                "type": "string",
                "description_kind": "plain",
                "computed": true
              },
              "private_ip": {
                "type": "string",
                "description_kind": "plain",
                "computed": true
              },
              "ptr_record": {
                "type": "string",
                "description_kind": "plain",
                "computed": true
              },
              "public_dns": {
                "type": "string",
                "description_kind": "plain",
                "computed": true
              },
              "public_ip": {
                "type": "string",
                "description_kind": "plain",
                "computed": true
              },
              "public_ipv4_pool": {
                "type": "string",
                "description_kind": "plain",
                "optional": true,
                "computed": true
              },
              "tags": {
                "type": [
                  "map",
                  "string"
                ],
                "description_kind": "plain",
                "optional": true
              },
              "tags_all": {
                "type": [
                  "map",
                  "string"
                ],
                "description_kind": "plain",
                "optional": true,
                "computed": true
              },
              "vpc": {
                "type": "bool",
                "description_kind": "plain",
                "deprecated": true,
                "optional": true,
                "computed": true
              }
            },
            "block_types": {
              "timeouts": {
                "nesting_mode": "single",
                "block": {
                  "attributes": {
                    "delete": {
                      "type": "string",
                      "description_kind": "plain",
                      "optional": true
                    },
                    "read": {
                      "type": "string",
                      "description_kind": "plain",
                      "optional": true
                    },
                    "update": {
                      "type": "string",
                      "description_kind": "plain",
                      "optional": true
                    }
                  },
                  "description_kind": "plain"
                }
              }
            },
            "description_kind": "plain"
          }
        },
        "aws_eks_cluster": {
          "version": 1,
          "block": {
            "attributes": {
              "arn": {
                "type": "string",
                "description_kind": "plain",
                "computed": true
              },
              "bootstrap_self_managed_addons": {
                "type": "bool",
                "description_kind": "plain",
                "optional": true
              },
              "certificate_authority": {
                "type": [
                  "list",
                  [
                    "object",
                    {
                      "data": "string"
                    }
                  ]
                ],
                "description_kind": "plain",
                "computed": true
              },
              "cluster_id": {
                "type": "string",
                "description_kind": "plain",
                "computed": true
              },
              "created_at": {
                "type": "string",
                "description_kind": "plain",
                "computed": true
              },
              "enabled_cluster_log_types": {
                "type": [
                  "set",
                  "string"
                ],
                "description_kind": "plain",
                "optional": true
              },
              "endpoint": {
                "type": "string",
                "description_kind": "plain",
                "computed": true
              },
              "id": {
                "type": "string",
                "description_kind": "plain",
                "optional": true,
                "computed": true
              },
              "identity": {
                "type": [
                  "list",
                  [
                    "object",
                    {
                      "oidc": [
                        "list",
                        [
                          "object",
                          {
                            "issuer": "string"
                          }
                        ]
                      ]
                    }
                  ]
                ],
                "description_kind": "plain",
                "computed": true
              },
              "name": {
                "type": "string",
                "description_kind": "plain",
                "required": true
              },
              "platform_version": {
                "type": "string",
                "description_kind": "plain",
                "computed": true
              },
              "role_arn": {
                "type": "string",
                "description_kind": "plain",
                "required": true
              },
              "status": {
                "type": "string",
                "description_kind": "plain",
                "computed": true
              },
              "tags": {
                "type": [
                  "map",
                  "string"
                ],
                "description_kind": "plain",
                "optional": true
              },
              "tags_all": {
                "type": [
                  "map",
                  "string"
                ],
                "description_kind": "plain",
                "optional": true,
                "computed": true
              },
              "version": {
                "type": "string",
                "description_kind": "plain",
                "optional": true,
                "computed": true
              }
            },
            "block_types": {
              "access_config": {
                "nesting_mode": "list",
                "block": {
                  "attributes": {
                    "authentication_mode": {
                      "type": "string",
                      "description_kind": "plain",
                      "optional": true,
                      "computed": true
                    },
                    "bootstrap_cluster_creator_admin_permissions": {
                      "type": "bool",
                      "description_kind": "plain",
                      "optional": true
                    }
                  },
                  "description_kind": "plain"
                },
                "max_items": 1
              },
              "encryption_config": {
                "nesting_mode": "list",
                "block": {
                  "attributes": {
                    "resources": {
                      "type": [
                        "set",
                        "string"
                      ],
                      "description_kind": "plain",
                      "required": true
                    }
                  },
                  "block_types": {
                    "provider": {
                      "nesting_mode": "list",
                      "block": {
                        "attributes": {
                          "key_arn": {
                            "type": "string",
                            "description_kind": "plain",
                            "required": true
                          }
                        },
                        "description_kind": "plain"
                      },
                      "min_items": 1,
                      "max_items": 1
                    }
                  },
                  "description_kind": "plain"
                },
                "max_items": 1
              },
              "kubernetes_network_config": {
                "nesting_mode": "list",
                "block": {
                  "attributes": {
                    "ip_family": {
                      "type": "string",
                      "description_kind": "plain",
                      "optional": true,
                      "computed": true
                    },
                    "service_ipv4_cidr": {
                      "type": "string",
                      "description_kind": "plain",
                      "optional": true,
                      "computed": true
                    },
                    "service_ipv6_cidr": {
                      "type": "string",
                      "description_kind": "plain",
                      "computed": true
                    }
                  },
                  "description_kind": "plain"
                },
                "max_items": 1
              },
              "outpost_config": {
                "nesting_mode": "list",
                "block": {
                  "attributes": {
                    "control_plane_instance_type": {
                      "type": "string",
                      "description_kind": "plain",
                      "required": true
                    },
                    "outpost_arns": {
                      "type": [
                        "set",
                        "string"
                      ],
                      "description_kind": "plain",
                      "required": true
                    }
                  },
                  "block_types": {
                    "control_plane_placement": {
                      "nesting_mode": "list",
                      "block": {
                        "attributes": {
                          "group_name": {
                            "type": "string",
                            "description_kind": "plain",
                            "required": true
                          }
                        },
                        "description_kind": "plain"
                      },
                      "max_items": 1
                    }
                  },
                  "description_kind": "plain"
                },
                "max_items": 1
              },
              "timeouts": {
                "nesting_mode": "single",
                "block": {
                  "attributes": {
                    "create": {
                      "type": "string",
                      "description_kind": "plain",
                      "optional": true
                    },
                    "delete": {
                      "type": "string",
                      "description_kind": "plain",
                      "optional": true
                    },
                    "update": {
                      "type": "string",
                      "description_kind": "plain",
                      "optional": true
                    }
                  },
                  "description_kind": "plain"
                }
              },
              "upgrade_policy": {
                "nesting_mode": "list",
                "block": {
                  "attributes": {
                    "support_type": {
                      "type": "string",
                      "description_kind": "plain",
                      "optional": true,
                      "computed": true
                    }
                  },
                  "description_kind": "plain"
                },
                "max_items": 1
              },
              "vpc_config": {
                "nesting_mode": "list",
                "block": {
                  "attributes": {
                    "cluster_security_group_id": {
                      "type": "string",
                      "description_kind": "plain",
                      "computed": true
                    },
                    "endpoint_private_access": {
                      "type": "bool",
                      "description_kind": "plain",
                      "optional": true
                    },
                    "endpoint_public_access": {
                      "type": "bool",
                      "description_kind": "plain",
                      "optional": true
                    },
                    "public_access_cidrs": {
                      "type": [
                        "set",
                        "string"
                      ],
                      "description_kind": "plain",
                      "optional": true,
                      "computed": true
                    },
                    "security_group_ids": {
                      "type": [
                        "set",
                        "string"
                      ],
                      "description_kind": "plain",
                      "optional": true
                    },
                    "subnet_ids": {
                      "type": [
                        "set",
                        "string"
                      ],
                      "description_kind": "plain",
                      "required": true
                    },
                    "vpc_id": {
                      "type": "string",
                      "description_kind": "plain",
                      "computed": true
                    }
                  },
                  "description_kind": "plain"
                },
                "min_items": 1,
                "max_items": 1
              }
            },
            "description_kind": "plain"
          }
        },
        "aws_elasticache_replication_group": {
          "version": 2,
          "block": {
            "attributes": {
              "apply_immediately": {
                "type": "bool",
                "description_kind": "plain",
                "optional": true,
                "computed": true
              },
              "arn": {
                "type": "string",
                "description_kind": "plain",
                "computed": true
              },
              "at_rest_encryption_enabled": {
                "type": "bool",
                "description_kind": "plain",
                "optional": true,
                "computed": true
              },
              "auth_token": {
                "type": "string",
                "description_kind": "plain",
                "optional": true,
                "sensitive": true
              },
              "auth_token_update_strategy": {
                "type": "string",
                "description_kind": "plain",
                "optional": true
              },
              "auto_minor_version_upgrade": {
                "type": "string",
                "description_kind": "plain",
                "optional": true,
                "computed": true
              },
              "automatic_failover_enabled": {
                "type": "bool",
                "description_kind": "plain",
                "optional": true
              },
              "cluster_enabled": {
                "type": "bool",
                "description_kind": "plain",
                "computed": true
              },
              "cluster_mode": {
                "type": "string",
                "description_kind": "plain",
                "optional": true,
                "computed": true
              },
              "configuration_endpoint_address": {
                "type": "string",
                "description_kind": "plain",
                "computed": true
              },
              "data_tiering_enabled": {
                "type": "bool",
                "description_kind": "plain",
                "optional": true,
                "computed": true
              },
              "description": {
                "type": "string",
                "description_kind": "plain",
                "required": true
              },
              "engine": {
                "type": "string",
                "description_kind": "plain",
                "optional": true
              },
              "engine_version": {
                "type": "string",
                "description_kind": "plain",
                "optional": true,
                "computed": true
              },
              "engine_version_actual": {
                "type": "string",
                "description_kind": "plain",
                "computed": true
              },
              "final_snapshot_identifier": {
                "type": "string",
                "description_kind": "plain",
                "optional": true
              },
              "global_replication_group_id": {
                "type": "string",
                "description_kind": "plain",
                "optional": true,
                "computed": true
              },
              "id": {
                "type": "string",
                "description_kind": "plain",
                "optional": true,
                "computed": true
              },
              "ip_discovery": {
                "type": "string",
                "description_kind": "plain",
                "optional": true,
                "computed": true
              },
              "kms_key_id": {
                "type": "string",
                "description_kind": "plain",
                "optional": true
              },
              "maintenance_window": {
                "type": "string",
                "description_kind": "plain",
                "optional": true,
                "computed": true
              },
              "member_clusters": {
                "type": [
                  "set",
                  "string"
                ],
                "description_kind": "plain",
                "computed": true
              },
              "multi_az_enabled": {
                "type": "bool",
                "description_kind": "plain",
                "optional": true
              },
              "network_type": {
                "type": "string",
                "description_kind": "plain",
                "optional": true,
                "computed": true
              },
              "node_type": {
                "type": "string",
                "description_kind": "plain",
                "optional": true,
                "computed": true
              },
              "notification_topic_arn": {
                "type": "string",
                "description_kind": "plain",
                "optional": true
              },
              "num_cache_clusters": {
                "type": "number",
                "description_kind": "plain",
                "optional": true,
                "computed": true
              },
              "num_node_groups": {
                "type": "number",
                "description_kind": "plain",
                "optional": true,
                "computed": true
              },
              "parameter_group_name": {
                "type": "string",
                "description_kind": "plain",
                "optional": true,
                "computed": true
              },
              "port": {
                "type": "number",
                "description_kind": "plain",
                "optional": true
              },
              "preferred_cache_cluster_azs": {
                "type": [
                  "list",
                  "string"
                ],
                "description_kind": "plain",
                "optional": true
              },
              "primary_endpoint_address": {
                "type": "string",
                "description_kind": "plain",
                "computed": true
              },
              "reader_endpoint_address": {
                "type": "string",
                "description_kind": "plain",
                "computed": true
              },
              "replicas_per_node_group": {
                "type": "number",
                "description_kind": "plain",
                "optional": true,
                "computed": true
              },
              "replication_group_id": {
                "type": "string",
                "description_kind": "plain",
                "required": true
              },
              "security_group_ids": {
                "type": [
                  "set",
                  "string"
                ],
                "description_kind": "plain",
                "optional": true,
                "computed": true
              },
              "security_group_names": {
                "type": [
                  "set",
                  "string"
                ],
                "description_kind": "plain",
                "optional": true,
                "computed": true
              },
              "snapshot_arns": {
                "type": [
                  "set",
                  "string"
                ],
                "description_kind": "plain",
                "optional": true
              },
              "snapshot_name": {
                "type": "string",
                "description_kind": "plain",
                "optional": true
              },
              "snapshot_retention_limit": {
                "type": "number",
                "description_kind": "plain",
                "optional": true
              },
              "snapshot_window": {
                "type": "string",
                "description_kind": "plain",
                "optional": true,
                "computed": true
              },
              "subnet_group_name": {
                "type": "string",
                "description_kind": "plain",
                "optional": true,
                "computed": true
              },
              "tags": {
                "type": [
                  "map",
                  "string"
                ],
                "description_kind": "plain",
                "optional": true
              },
              "tags_all": {
                "type": [
                  "map",
                  "string"
                ],
                "description_kind": "plain",
                "optional": true,
                "computed": true
              },
              "transit_encryption_enabled": {
                "type": "bool",
                "description_kind": "plain",
                "optional": true,
                "computed": true
              },
              "transit_encryption_mode": {
                "type": "string",
                "description_kind": "plain",
                "optional": true,
                "computed": true
              },
              "user_group_ids": {
                "type": [
                  "set",
                  "string"
                ],
                "description_kind": "plain",
                "optional": true
              }
            },
            "block_types": {
              "log_delivery_configuration": {
                "nesting_mode": "set",
                "block": {
                  "attributes": {
                    "destination": {
                      "type": "string",
                      "description_kind": "plain",
                      "required": true
                    },
                    "destination_type": {
                      "type": "string",
                      "description_kind": "plain",
                      "required": true
                    },
                    "log_format": {
                      "type": "string",
                      "description_kind": "plain",
                      "required": true
                    },
                    "log_type": {
                      "type": "string",
                      "description_kind": "plain",
                      "required": true
                    }
                  },
                  "description_kind": "plain"
                },
                "max_items": 2
              },
              "timeouts": {
                "nesting_mode": "single",
                "block": {
                  "attributes": {
                    "create": {
                      "type": "string",
                      "description_kind": "plain",
                      "optional": true
                    },
                    "delete": {
                      "type": "string",
                      "description_kind": "plain",
                      "optional": true
                    },
                    "update": {
                      "type": "string",
                      "description_kind": "plain",
                      "optional": true
                    }
                  },
                  "description_kind": "plain"
                }
              }
            },
            "description_kind": "plain"
          }
        },
        "aws_glue_catalog_database": {
          "version": 0,
          "block": {
            "attributes": {
              "arn": {
                "type": "string",
                "description_kind": "plain",
                "computed": true
              },
              "catalog_id": {
                "type": "string",
                "description_kind": "plain",
                "optional": true,
                "computed": true
              },
              "description": {
                "type": "string",
                "description_kind": "plain",
                "optional": true
              },
              "id": {
                "type": "string",
                "description_kind": "plain",
                "optional": true,
                "computed": true
              },
              "location_uri": {
                "type": "string",
                "description_kind": "plain",
                "optional": true,
                "computed": true
              },
              "name": {
                "type": "string",
                "description_kind": "plain",
                "required": true
              },
              "parameters": {
                "type": [
                  "map",
                  "string"
                ],
                "description_kind": "plain",
                "optional": true
              },
              "tags": {
                "type": [
                  "map",
                  "string"
                ],
                "description_kind": "plain",
                "optional": true
              },
              "tags_all": {
                "type": [
                  "map",
                  "string"
                ],
                "description_kind": "plain",
                "optional": true,
                "computed": true
              }
            },
            "block_types": {
              "create_table_default_permission": {
                "nesting_mode": "list",
                "block": {
                  "attributes": {
                    "permissions": {
                      "type": [
                        "set",
                        "string"
                      ],
                      "description_kind": "plain",
                      "optional": true
                    }
                  },
                  "block_types": {
                    "principal": {
                      "nesting_mode": "list",
                      "block": {
                        "attributes": {
                          "data_lake_principal_identifier": {
                            "type": "string",
                            "description_kind": "plain",
                            "optional": true
                          }
                        },
                        "description_kind": "plain"
                      },
                      "max_items": 1
                    }
                  },
                  "description_kind": "plain"
                }
              },
              "federated_database": {
                "nesting_mode": "list",
                "block": {
                  "attributes": {
                    "connection_name": {
                      "type": "string",
                      "description_kind": "plain",
                      "optional": true
                    },
                    "identifier": {
                      "type": "string",
                      "description_kind": "plain",
                      "optional": true
                    }
                  },
                  "description_kind": "plain"
                },
                "max_items": 1
              },
              "target_database": {
                "nesting_mode": "list",
                "block": {
                  "attributes": {
                    "catalog_id": {
                      "type": "string",
                      "description_kind": "plain",
                      "required": true
                    },
                    "database_name": {
                      "type": "string",
                      "description_kind": "plain",
                      "required": true
                    },
                    "region": {
                      "type": "string",
                      "description_kind": "plain",
                      "optional": true
                    }
                  },
                  "description_kind": "plain"
                },
                "max_items": 1
              }
            },
            "description_kind": "plain"
          }
        },
        "aws_glue_job": {
          "version": 0,
          "block": {
            "attributes": {
              "arn": {
                "type": "string",
                "description_kind": "plain",
                "computed": true
              },
              "connections": {
                "type": [
                  "list",
                  "string"
                ],
                "description_kind": "plain",
                "optional": true
              },
              "default_arguments": {
                "type": [
                  "map",
                  "string"
                ],
                "description_kind": "plain",
                "optional": true
              },
              "description": {
                "type": "string",
                "description_kind": "plain",
                "optional": true
              },
              "execution_class": {
                "type": "string",
                "description_kind": "plain",
                "optional": true
              },
              "glue_version": {
                "type": "string",
                "description_kind": "plain",
                "optional": true,
                "computed": true
              },
              "id": {
                "type": "string",
                "description_kind": "plain",
                "optional": true,
                "computed": true
              },
              "job_run_queuing_enabled": {
                "type": "bool",
                "description_kind": "plain",
                "optional": true
              },
              "maintenance_window": {
                "type": "string",
                "description_kind": "plain",
                "optional": true
              },
              "max_capacity": {
                "type": "number",
                "description_kind": "plain",
                "optional": true,
                "computed": true
              },
              "max_retries": {
                "type": "number",
                "description_kind": "plain",
                "optional": true
              },
              "name": {
                "type": "string",
                "description_kind": "plain",
                "required": true
              },
              "non_overridable_arguments": {
                "type": [
                  "map",
                  "string"
                ],
                "description_kind": "plain",
                "optional": true
              },
              "number_of_workers": {
                "type": "number",
                "description_kind": "plain",
                "optional": true,
                "computed": true
              },
              "role_arn": {
                "type": "string",
                "description_kind": "plain",
                "required": true
              },
              "security_configuration": {
                "type": "string",
                "description_kind": "plain",
                "optional": true
              },
              "tags": {
                "type": [
                  "map",
                  "string"
                ],
                "description_kind": "plain",
                "optional": true
              },
              "tags_all": {
                "type": [
                  "map",
                  "string"
                ],
                "description_kind": "plain",
                "optional": true,
                "computed": true
              },
              "timeout": {
                "type": "number",
                "description_kind": "plain",
                "optional": true,
                "computed": true
              },
              "worker_type": {
                "type": "string",
                "description_kind": "plain",
                "optional": true,
                "computed": true
              }
            },
            "block_types": {
              "command": {
                "nesting_mode": "list",
                "block": {
                  "attributes": {
                    "name": {
                      "type": "string",
                      "description_kind": "plain",
                      "optional": true
                    },
                    "python_version": {
                      "type": "string",
                      "description_kind": "plain",
                      "optional": true,
                      "computed": true
                    },
                    "runtime": {
                      "type": "string",
                      "description_kind": "plain",
                      "optional": true,
                      "computed": true
                    },
                    "script_location": {
                      "type": "string",
                      "description_kind": "plain",
                      "required": true
                    }
                  },
                  "description_kind": "plain"
                },
                "min_items": 1,
                "max_items": 1
              },
              "execution_property": {
                "nesting_mode": "list",
                "block": {
                  "attributes": {
                    "max_concurrent_runs": {
                      "type": "number",
                      "description_kind": "plain",
                      "optional": true
                    }
                  },
                  "description_kind": "plain"
                },
                "max_items": 1
              },
              "notification_property": {
                "nesting_mode": "list",
                "block": {
                  "attributes": {
                    "notify_delay_after": {
                      "type": "number",
                      "description_kind": "plain",
                      "optional": true
                    }
                  },
                  "description_kind": "plain"
                },
                "max_items": 1
              }
            },
            "description_kind": "plain"
          }
        },
        "aws_iam_group": {
          "version": 0,
          "block": {
            "attributes": {
              "arn": {
                "type": "string",
                "description_kind": "plain",
                "computed": true
              },
              "id": {
                "type": "string",
                "description_kind": "plain",
                "optional": true,
                "computed": true
              },
              "name": {
                "type": "string",
                "description_kind": "plain",
                "required": true
              },
              "path": {
                "type": "string",
                "description_kind": "plain",
                "optional": true
              },
              "unique_id": {
                "type": "string",
                "description_kind": "plain",
                "computed": true
              }
            },
            "description_kind": "plain"
          }
        },
        "aws_iam_instance_profile": {
          "version": 0,
          "block": {
            "attributes": {
              "arn": {
                "type": "string",
                "description_kind": "plain",
                "computed": true
              },
              "create_date": {
                "type": "string",
                "description_kind": "plain",
                "computed": true
              },
              "id": {
                "type": "string",
                "description_kind": "plain",
                "optional": true,
                "computed": true
              },
              "name": {
                "type": "string",
                "description_kind": "plain",
                "optional": true,
                "computed": true
              },
              "name_prefix": {
                "type": "string",
                "description_kind": "plain",
                "optional": true,
                "computed": true
              },
              "path": {
                "type": "string",
                "description_kind": "plain",
                "optional": true
              },
              "role": {
                "type": "string",
                "description_kind": "plain",
                "optional": true
              },
              "tags": {
                "type": [
                  "map",
                  "string"
                ],
                "description_kind": "plain",
                "optional": true
              },
              "tags_all": {
                "type": [
                  "map",
                  "string"
                ],
                "description_kind": "plain",
                "optional": true,
                "computed": true
              },
              "unique_id": {
                "type": "string",
                "description_kind": "plain",
                "computed": true
              }
            },
            "description_kind": "plain"
          }
        },
        "aws_iam_policy": {
          "version": 0,
          "block": {
            "attributes": {
              "arn": {
                "type": "string",
                "description_kind": "plain",
                "computed": true
              },
              "attachment_count": {
                "type": "number",
                "description_kind": "plain",
                "computed": true
              },
              "description": {
                "type": "string",
                "description_kind": "plain",
                "optional": true
              },
              "id": {
                "type": "string",
                "description_kind": "plain",
                "optional": true,
                "computed": true
              },
              "name": {
                "type": "string",
                "description_kind": "plain",
                "optional": true,
                "computed": true
              },
              "name_prefix": {
                "type": "string",
                "description_kind": "plain",
                "optional": true,
                "computed": true
              },
              "path": {
                "type": "string",
                "description_kind": "plain",
                "optional": true
              },
              "policy": {
                "type": "string",
                "description_kind": "plain",
                "required": true
              },
              "policy_id": {
                "type": "string",
                "description_kind": "plain",
                "computed": true
              },
              "tags": {
                "type": [
                  "map",
                  "string"
                ],
                "description_kind": "plain",
                "optional": true
              },
              "tags_all": {
                "type": [
                  "map",
                  "string"
                ],
                "description_kind": "plain",
                "optional": true,
                "computed": true
              }
            },
            "description_kind": "plain"
          }
        },
        "aws_iam_role": {
          "version": 0,
          "block": {
            "attributes": {
              "arn": {
                "type": "string",
                "description_kind": "plain",
                "computed": true
              },
              "assume_role_policy": {
                "type": "string",
                "description_kind": "plain",
                "required": true
              },
              "create_date": {
                "type": "string",
                "description_kind": "plain",
                "computed": true
              },
              "description": {
                "type": "string",
                "description_kind": "plain",
                "optional": true
              },
              "force_detach_policies": {
                "type": "bool",
                "description_kind": "plain",
                "optional": true
              },
              "id": {
                "type": "string",
                "description_kind": "plain",
                "optional": true,
                "computed": true
              },
              "managed_policy_arns": {
                "type": [
                  "set",
                  "string"
                ],
                "description_kind": "plain",
                "optional": true,
                "computed": true
              },
              "max_session_duration": {
                "type": "number",
                "description_kind": "plain",
                "optional": true
              },
              "name": {
                "type": "string",
                "description_kind": "plain",
                "optional": true,
                "computed": true
              },
              "name_prefix": {
                "type": "string",
                "description_kind": "plain",
                "optional": true,
                "computed": true
              },
              "path": {
                "type": "string",
                "description_kind": "plain",
                "optional": true
              },
              "permissions_boundary": {
                "type": "string",
                "description_kind": "plain",
                "optional": true
              },
              "tags": {
                "type": [
                  "map",
                  "string"
                ],
                "description_kind": "plain",
                "optional": true
              },
              "tags_all": {
                "type": [
                  "map",
                  "string"
                ],
                "description_kind": "plain",
                "optional": true,
                "computed": true
              },
              "unique_id": {
                "type": "string",
                "description_kind": "plain",
                "computed": true
              }
            },
            "block_types": {
              "inline_policy": {
                "nesting_mode": "set",
                "block": {
                  "attributes": {
                    "name": {
                      "type": "string",
                      "description_kind": "plain",
                      "optional": true
                    },
                    "policy": {
                      "type": "string",
                      "description_kind": "plain",
                      "optional": true
                    }
                  },
                  "description_kind": "plain",
                  "deprecated": true
                }
              }
            },
            "description_kind": "plain"
          }
        },
        "aws_iam_role_policy_attachment": {
          "version": 0,
          "block": {
            "attributes": {
              "id": {
                "type": "string",
                "description_kind": "plain",
                "optional": true,
                "computed": true
              },
              "policy_arn": {
                "type": "string",
                "description_kind": "plain",
                "required": true
              },
              "role": {
                "type": "string",
                "description_kind": "plain",
                "required": true
              }
            },
            "description_kind": "plain"
          }
        },
        "aws_iam_user": {
          "version": 0,
          "block": {
            "attributes": {
              "arn": {
                "type": "string",
                "description_kind": "plain",
                "computed": true
              },
              "force_destroy": {
                "type": "bool",
                "description": "Delete user even if it has non-Terraform-managed IAM access keys, login profile or MFA devices",
                "description_kind": "plain",
                "optional": true
              },
              "id": {
                "type": "string",
                "description_kind": "plain",
                "optional": true,
                "computed": true
              },
              "name": {
                "type": "string",
                "description_kind": "plain",
                "required": true
              },
              "path": {
                "type": "string",
                "description_kind": "plain",
                "optional": true
              },
              "permissions_boundary": {
                "type": "string",
                "description_kind": "plain",
                "optional": true
              },
              "tags": {
                "type": [
                  "map",
                  "string"
                ],
                "description_kind": "plain",
                "optional": true
              },
              "tags_all": {
                "type": [
                  "map",
                  "string"
                ],
                "description_kind": "plain",
                "optional": true,
                "computed": true
              },
              "unique_id": {
                "type": "string",
                "description_kind": "plain",
                "computed": true
              }
            },
            "description_kind": "plain"
          }
        },
        "aws_instance": {
          "version": 1,
          "block": {
            "attributes": {
              "ami": {
                "type": "string",
                "description_kind": "plain",
                "optional": true,
                "computed": true
              },
              "arn": {
                "type": "string",
                "description_kind": "plain",
                "computed": true
              },
              "associate_public_ip_address": {
                "type": "bool",
                "description_kind": "plain",
                "optional": true,
                "computed": true
              },
              "availability_zone": {
                "type": "string",
                "description_kind": "plain",
                "optional": true,
                "computed": true
              },
              "cpu_core_count": {
                "type": "number",
                "description_kind": "plain",
                "deprecated": true,
                "optional": true,
                "computed": true
              },
              "cpu_threads_per_core": {
                "type": "number",
                "description_kind": "plain",
                "deprecated": true,
                "optional": true,
                "computed": true
              },
              "disable_api_stop": {
                "type": "bool",
                "description_kind": "plain",
                "optional": true,
                "computed": true
              },
              "disable_api_termination": {
                "type": "bool",
                "description_kind": "plain",
                "optional": true,
                "computed": true
              },
              "ebs_optimized": {
                "type": "bool",
                "description_kind": "plain",
                "optional": true,
                "computed": true
              },
              "get_password_data": {
                "type": "bool",
                "description_kind": "plain",
                "optional": true
              },
              "hibernation": {
                "type": "bool",
                "description_kind": "plain",
                "optional": true
              },
              "host_id": {
                "type": "string",
                "description_kind": "plain",
                "optional": true,
                "computed": true
              },
              "host_resource_group_arn": {
                "type": "string",
                "description_kind": "plain",
                "optional": true,
                "computed": true
              },
              "iam_instance_profile": {
                "type": "string",
                "description_kind": "plain",
                "optional": true,
                "computed": true
              },
              "id": {
                "type": "string",
                "description_kind": "plain",
                "optional": true,
                "computed": true
              },
              "instance_initiated_shutdown_behavior": {
                "type": "string",
                "description_kind": "plain",
                "optional": true,
                "computed": true
              },
              "instance_lifecycle": {
                "type": "string",
                "description_kind": "plain",
                "computed": true
              },
              "instance_state": {
                "type": "string",
                "description_kind": "plain",
                "computed": true
              },
              "instance_type": {
                "type": "string",
                "description_kind": "plain",
                "optional": true,
                "computed": true
              },
              "ipv6_address_count": {
                "type": "number",
                "description_kind": "plain",
                "optional": true,
                "computed": true
              },
              "ipv6_addresses": {
                "type": [
                  "list",
                  "string"
                ],
                "description_kind": "plain",
                "optional": true,
                "computed": true
              },
              "key_name": {
                "type": "string",
                "description_kind": "plain",
                "optional": true,
                "computed": true
              },
              "monitoring": {
                "type": "bool",
                "description_kind": "plain",
                "optional": true,
                "computed": true
              },
              "outpost_arn": {
                "type": "string",
                "description_kind": "plain",
                "computed": true
              },
              "password_data": {
                "type": "string",
                "description_kind": "plain",
                "computed": true
              },
              "placement_group": {
                "type": "string",
                "description_kind": "plain",
                "optional": true,
                "computed": true
              },
              "placement_partition_number": {
                "type": "number",
                "description_kind": "plain",
                "optional": true,
                "computed": true
              },
              "primary_network_interface_id": {
                "type": "string",
                "description_kind": "plain",
                "computed": true
              },
              "private_dns": {
                "type": "string",
                "description_kind": "plain",
                "computed": true
              },
              "private_ip": {
                "type": "string",
                "description_kind": "plain",
                "optional": true,
                "computed": true
              },
              "public_dns": {
                "type": "string",
                "description_kind": "plain",
                "computed": true
              },
              "public_ip": {
                "type": "string",
                "description_kind": "plain",
                "computed": true
              },
              "secondary_private_ips": {
                "type": [
                  "set",
                  "string"
                ],
                "description_kind": "plain",
                "optional": true,
                "computed": true
              },
              "security_groups": {
                "type": [
                  "set",
                  "string"
                ],
                "description_kind": "plain",
                "optional": true,
                "computed": true
              },
              "source_dest_check": {
                "type": "bool",
                "description_kind": "plain",
                "optional": true
              },
              "spot_instance_request_id": {
                "type": "string",
                "description_kind": "plain",
                "computed": true
              },
              "subnet_id": {
                "type": "string",
                "description_kind": "plain",
                "optional": true,
                "computed": true
              },
              "tags": {
                "type": [
                  "map",
                  "string"
                ],
                "description_kind": "plain",
                "optional": true
              },
              "tags_all": {
                "type": [
                  "map",
                  "string"
                ],
                "description_kind": "plain",
                "optional": true,
                "computed": true
              },
              "tenancy": {
                "type": "string",
                "description_kind": "plain",
                "optional": true,
                "computed": true
              },
              "user_data": {
                "type": "string",
                "description_kind": "plain",
                "optional": true,
                "computed": true
              },
              "user_data_base64": {
                "type": "string",
                "description_kind": "plain",
                "optional": true,
                "computed": true
              },
              "user_data_replace_on_change": {
                "type": "bool",
                "description_kind": "plain",
                "optional": true
              },
              "volume_tags": {
                "type": [
                  "map",
                  "string"
                ],
                "description_kind": "plain",
                "optional": true
              },
              "vpc_security_group_ids": {
                "type": [
                  "set",
                  "string"
                ],
                "description_kind": "plain",
                "optional": true,
                "computed": true
              }
            },
            "block_types": {
              "capacity_reservation_specification": {
                "nesting_mode": "list",
                "block": {
                  "attributes": {
                    "capacity_reservation_preference": {
                      "type": "string",
                      "description_kind": "plain",
                      "optional": true
                    }
                  },
                  "block_types": {
                    "capacity_reservation_target": {
                      "nesting_mode": "list",
                      "block": {
                        "attributes": {
                          "capacity_reservation_id": {
                            "type": "string",
                            "description_kind": "plain",
                            "optional": true
                          },
                          "capacity_reservation_resource_group_arn": {
                            "type": "string",
                            "description_kind": "plain",
                            "optional": true
                          }
                        },
                        "description_kind": "plain"
                      },
                      "max_items": 1
                    }
                  },
                  "description_kind": "plain"
                },
                "max_items": 1
              },
              "cpu_options": {
                "nesting_mode": "list",
                "block": {
                  "attributes": {
                    "amd_sev_snp": {
                      "type": "string",
                      "description_kind": "plain",
                      "optional": true,
                      "computed": true
                    },
                    "core_count": {
                      "type": "number",
                      "description_kind": "plain",
                      "optional": true,
                      "computed": true
                    },
                    "threads_per_core": {
                      "type": "number",
                      "description_kind": "plain",
                      "optional": true,
                      "computed": true
                    }
                  },
                  "description_kind": "plain"
                },
                "max_items": 1
              },
              "credit_specification": {
                "nesting_mode": "list",
                "block": {
                  "attributes": {
                    "cpu_credits": {
                      "type": "string",
                      "description_kind": "plain",
                      "optional": true
                    }
                  },
                  "description_kind": "plain"
                },
                "max_items": 1
              },
              "ebs_block_device": {
                "nesting_mode": "set",
                "block": {
                  "attributes": {
                    "delete_on_termination": {
                      "type": "bool",
                      "description_kind": "plain",
                      "optional": true
                    },
                    "device_name": {
                      "type": "string",
                      "description_kind": "plain",
                      "required": true
                    },
                    "encrypted": {
                      "type": "bool",
                      "description_kind": "plain",
                      "optional": true,
                      "computed": true
                    },
                    "iops": {
                      "type": "number",
                      "description_kind": "plain",
                      "optional": true,
                      "computed": true
                    },
                    "kms_key_id": {
                      "type": "string",
                      "description_kind": "plain",
                      "optional": true,
                      "computed": true
                    },
                    "snapshot_id": {
                      "type": "string",
                      "description_kind": "plain",
                      "optional": true,
                      "computed": true
                    },
                    "tags": {
                      "type": [
                        "map",
                        "string"
                      ],
                      "description_kind": "plain",
                      "optional": true
                    },
                    "tags_all": {
                      "type": [
                        "map",
                        "string"
                      ],
                      "description_kind": "plain",
                      "optional": true,
                      "computed": true
                    },
                    "throughput": {
                      "type": "number",
                      "description_kind": "plain",
                      "optional": true,
                      "computed": true
                    },
                    "volume_id": {
                      "type": "string",
                      "description_kind": "plain",
                      "computed": true
                    },
                    "volume_size": {
                      "type": "number",
                      "description_kind": "plain",
                      "optional": true,
                      "computed": true
                    },
                    "volume_type": {
                      "type": "string",
                      "description_kind": "plain",
                      "optional": true,
                      "computed": true
                    }
                  },
                  "description_kind": "plain"
                }
              },
              "enclave_options": {
                "nesting_mode": "list",
                "block": {
                  "attributes": {
                    "enabled": {
                      "type": "bool",
                      "description_kind": "plain",
                      "optional": true,
                      "computed": true
                    }
                  },
                  "description_kind": "plain"
                },
                "max_items": 1
              },
              "ephemeral_block_device": {
                "nesting_mode": "set",
                "block": {
                  "attributes": {
                    "device_name": {
                      "type": "string",
                      "description_kind": "plain",
                      "required": true
                    },
                    "no_device": {
                      "type": "bool",
                      "description_kind": "plain",
                      "optional": true
                    },
                    "virtual_name": {
                      "type": "string",
                      "description_kind": "plain",
                      "optional": true
                    }
                  },
                  "description_kind": "plain"
                }
              },
              "instance_market_options": {
                "nesting_mode": "list",
                "block": {
                  "attributes": {
                    "market_type": {
                      "type": "string",
                      "description_kind": "plain",
                      "optional": true,
                      "computed": true
                    }
                  },
                  "block_types": {
                    "spot_options": {
                      "nesting_mode": "list",
                      "block": {
                        "attributes": {
                          "instance_interruption_behavior": {
                            "type": "string",
                            "description_kind": "plain",
                            "optional": true,
                            "computed": true
                          },
                          "max_price": {
                            "type": "string",
                            "description_kind": "plain",
                            "optional": true,
                            "computed": true
                          },
                          "spot_instance_type": {
                            "type": "string",
                            "description_kind": "plain",
                            "optional": true,
                            "computed": true
                          },
                          "valid_until": {
                            "type": "string",
                            "description_kind": "plain",
                            "optional": true,
                            "computed": true
                          }
                        },
                        "description_kind": "plain"
                      },
                      "max_items": 1
                    }
                  },
                  "description_kind": "plain"
                },
                "max_items": 1
              },
              "launch_template": {
                "nesting_mode": "list",
                "block": {
                  "attributes": {
                    "id": {
                      "type": "string",
                      "description_kind": "plain",
                      "optional": true,
                      "computed": true
                    },
                    "name": {
                      "type": "string",
                      "description_kind": "plain",
                      "optional": true,
                      "computed": true
                    },
                    "version": {
                      "type": "string",
                      "description_kind": "plain",
                      "optional": true
                    }
                  },
                  "description_kind": "plain"
                },
                "max_items": 1
              },
              "maintenance_options": {
                "nesting_mode": "list",
                "block": {
                  "attributes": {
                    "auto_recovery": {
                      "type": "string",
                      "description_kind": "plain",
                      "optional": true,
                      "computed": true
                    }
                  },
                  "description_kind": "plain"
                },
                "max_items": 1
              },
              "metadata_options": {
                "nesting_mode": "list",
                "block": {
                  "attributes": {
                    "http_endpoint": {
                      "type": "string",
                      "description_kind": "plain",
                      "optional": true
                    },
                    "http_protocol_ipv6": {
                      "type": "string",
                      "description_kind": "plain",
                      "optional": true
                    },
                    "http_put_response_hop_limit": {
                      "type": "number",
                      "description_kind": "plain",
                      "optional": true,
                      "computed": true
                    },
                    "http_tokens": {
                      "type": "string",
                      "description_kind": "plain",
                      "optional": true,
                      "computed": true
                    },
                    "instance_metadata_tags": {
                      "type": "string",
                      "description_kind": "plain",
                      "optional": true,
                      "computed": true
                    }
                  },
                  "description_kind": "plain"
                },
                "max_items": 1
              },
              "network_interface": {
                "nesting_mode": "set",
                "block": {
                  "attributes": {
                    "delete_on_termination": {
                      "type": "bool",
                      "description_kind": "plain",
                      "optional": true
                    },
                    "device_index": {
                      "type": "number",
                      "description_kind": "plain",
                      "required": true
                    },
                    "network_card_index": {
                      "type": "number",
                      "description_kind": "plain",
                      "optional": true
                    },
                    "network_interface_id": {
                      "type": "string",
                      "description_kind": "plain",
                      "required": true
                    }
                  },
                  "description_kind": "plain"
                }
              },
              "private_dns_name_options": {
                "nesting_mode": "list",
                "block": {
                  "attributes": {
                    "enable_resource_name_dns_a_record": {
                      "type": "bool",
                      "description_kind": "plain",
                      "optional": true,
                      "computed": true
                    },
                    "enable_resource_name_dns_aaaa_record": {
                      "type": "bool",
                      "description_kind": "plain",
                      "optional": true,
                      "computed": true
                    },
                    "hostname_type": {
                      "type": "string",
                      "description_kind": "plain",
                      "optional": true,
                      "computed": true
                    }
                  },
                  "description_kind": "plain"
                },
                "max_items": 1
              },
              "root_block_device": {
                "nesting_mode": "list",
                "block": {
                  "attributes": {
                    "delete_on_termination": {
                      "type": "bool",
                      "description_kind": "plain",
                      "optional": true
                    },
                    "device_name": {
                      "type": "string",
                      "description_kind": "plain",
                      "computed": true
                    },
                    "encrypted": {
                      "type": "bool",
                      "description_kind": "plain",
                      "optional": true,
                      "computed": true
                    },
                    "iops": {
                      "type": "number",
                      "description_kind": "plain",
                      "optional": true,
                      "computed": true
                    },
                    "kms_key_id": {
                      "type": "string",
                      "description_kind": "plain",
                      "optional": true,
                      "computed": true
                    },
                    "tags": {
                      "type": [
                        "map",
                        "string"
                      ],
                      "description_kind": "plain",
                      "optional": true
                    },
                    "tags_all": {
                      "type": [
                        "map",
                        "string"
                      ],
                      "description_kind": "plain",
                      "optional": true,
                      "computed": true
                    },
                    "throughput": {
                      "type": "number",
                      "description_kind": "plain",
                      "optional": true,
                      "computed": true
                    },
                    "volume_id": {
                      "type": "string",
                      "description_kind": "plain",
                      "computed": true
                    },
                    "volume_size": {
                      "type": "number",
                      "description_kind": "plain",
                      "optional": true,
                      "computed": true
                    },
                    "volume_type": {
                      "type": "string",
                      "description_kind": "plain",
                      "optional": true,
                      "computed": true
                    }
                  },
                  "description_kind": "plain"
                },
                "max_items": 1
              },
              "timeouts": {
                "nesting_mode": "single",
                "block": {
                  "attributes": {
                    "create": {
                      "type": "string",
                      "description_kind": "plain",
                      "optional": true
                    },
                    "delete": {
                      "type": "string",
                      "description_kind": "plain",
                      "optional": true
                    },
                    "read": {
                      "type": "string",
                      "description_kind": "plain",
                      "optional": true
                    },
                    "update": {
                      "type": "string",
                      "description_kind": "plain",
                      "optional": true
                    }
                  },
                  "description_kind": "plain"
                }
              }
            },
            "description_kind": "plain"
          }
        },
        "aws_internet_gateway": {
          "version": 0,
          "block": {
            "attributes": {
              "arn": {
                "type": "string",
                "description_kind": "plain",
                "computed": true
              },
              "id": {
                "type": "string",
                "description_kind": "plain",
                "optional": true,
                "computed": true
              },
              "owner_id": {
                "type": "string",
                "description_kind": "plain",
                "computed": true
              },
              "tags": {
                "type": [
                  "map",
                  "string"
                ],
                "description_kind": "plain",
                "optional": true
              },
              "tags_all": {
                "type": [
                  "map",
                  "string"
                ],
                "description_kind": "plain",
                "optional": true,
                "computed": true
              },
              "vpc_id": {
                "type": "string",
                "description_kind": "plain",
                "optional": true,
                "computed": true
              }
            },
            "block_types": {
              "timeouts": {
                "nesting_mode": "single",
                "block": {
                  "attributes": {
                    "create": {
                      "type": "string",
                      "description_kind": "plain",
                      "optional": true
                    },
                    "delete": {
                      "type": "string",
                      "description_kind": "plain",
                      "optional": true
                    },
                    "update": {
                      "type": "string",
                      "description_kind": "plain",
                      "optional": true
                    }
                  },
                  "description_kind": "plain"
                }
              }
            },
            "description_kind": "plain"
          }
        },
        "aws_kinesis_stream": {
          "version": 1,
          "block": {
            "attributes": {
              "arn": {
                "type": "string",
                "description_kind": "plain",
                "optional": true,
                "computed": true
              },
              "encryption_type": {
                "type": "string",
                "description_kind": "plain",
                "optional": true
              },
              "enforce_consumer_deletion": {
                "type": "bool",
                "description_kind": "plain",
                "optional": true
              },
              "id": {
                "type": "string",
                "description_kind": "plain",
                "optional": true,
                "computed": true
              },
              "kms_key_id": {
                "type": "string",
                "description_kind": "plain",
                "optional": true
              },
              "name": {
                "type": "string",
                "description_kind": "plain",
                "required": true
              },
              "retention_period": {
                "type": "number",
                "description_kind": "plain",
                "optional": true
              },
              "shard_count": {
                "type": "number",
                "description_kind": "plain",
                "optional": true
              },
              "shard_level_metrics": {
                "type": [
                  "set",
                  "string"
                ],
                "description_kind": "plain",
                "optional": true
              },
              "tags": {
                "type": [
                  "map",
                  "string"
                ],
                "description_kind": "plain",
                "optional": true
              },
              "tags_all": {
                "type": [
                  "map",
                  "string"
                ],
                "description_kind": "plain",
                "optional": true,
                "computed": true
              }
            },
            "block_types": {
              "stream_mode_details": {
                "nesting_mode": "list",
                "block": {
                  "attributes": {
                    "stream_mode": {
                      "type": "string",
                      "description_kind": "plain",
                      "required": true
                    }
                  },
                  "description_kind": "plain"
                },
                "max_items": 1
              },
              "timeouts": {
                "nesting_mode": "single",
                "block": {
                  "attributes": {
                    "create": {
                      "type": "string",
                      "description_kind": "plain",
                      "optional": true
                    },
                    "delete": {
                      "type": "string",
                      "description_kind": "plain",
                      "optional": true
                    },
                    "update": {
                      "type": "string",
                      "description_kind": "plain",
                      "optional": true
                    }
                  },
                  "description_kind": "plain"
                }
              }
            },
            "description_kind": "plain"
          }
        },
        "aws_kms_key": {
          "version": 0,
          "block": {
            "attributes": {
              "arn": {
                "type": "string",
                "description_kind": "plain",
                "computed": true
              },
              "bypass_policy_lockout_safety_check": {
                "type": "bool",
                "description_kind": "plain",
                "optional": true
              },
              "custom_key_store_id": {
                "type": "string",
                "description_kind": "plain",
                "optional": true
              },
              "customer_master_key_spec": {
                "type": "string",
                "description_kind": "plain",
                "optional": true
              },
              "deletion_window_in_days": {
                "type": "number",
                "description_kind": "plain",
                "optional": true
              },
              "description": {
                "type": "string",
                "description_kind": "plain",
                "optional": true,
                "computed": true
              },
              "enable_key_rotation": {
                "type": "bool",
                "description_kind": "plain",
                "optional": true
              },
              "id": {
                "type": "string",
                "description_kind": "plain",
                "optional": true,
                "computed": true
              },
              "is_enabled": {
                "type": "bool",
                "description_kind": "plain",
                "optional": true
              },
              "key_id": {
                "type": "string",
                "description_kind": "plain",
                "computed": true
              },
              "key_usage": {
                "type": "string",
                "description_kind": "plain",
                "optional": true
              },
              "multi_region": {
                "type": "bool",
                "description_kind": "plain",
                "optional": true,
                "computed": true
              },
              "policy": {
                "type": "string",
                "description_kind": "plain",
                "optional": true,
                "computed": true
              },
              "rotation_period_in_days": {
                "type": "number",
                "description_kind": "plain",
                "optional": true,
                "computed": true
              },
              "tags": {
                "type": [
                  "map",
                  "string"
                ],
                "description_kind": "plain",
                "optional": true
              },
              "tags_all": {
                "type": [
                  "map",
                  "string"
                ],
                "description_kind": "plain",
                "optional": true,
                "computed": true
              },
              "xks_key_id": {
                "type": "string",
                "description_kind": "plain",
                "optional": true
              }
            },
            "block_types": {
              "timeouts": {
                "nesting_mode": "single",
                "block": {
                  "attributes": {
                    "create": {
                      "type": "string",
                      "description_kind": "plain",
                      "optional": true
                    }
                  },
                  "description_kind": "plain"
                }
              }
            },
            "description_kind": "plain"
          }
        },
        "aws_lambda_alias": {
          "version": 0,
          "block": {
            "attributes": {
              "arn": {
                "type": "string",
                "description_kind": "plain",
                "computed": true
              },
              "description": {
                "type": "string",
                "description_kind": "plain",
                "optional": true
              },
              "function_name": {
                "type": "string",
                "description_kind": "plain",
                "required": true
              },
              "function_version": {
                "type": "string",
                "description_kind": "plain",
                "required": true
              },
              "id": {
                "type": "string",
                "description_kind": "plain",
                "optional": true,
                "computed": true
              },
              "invoke_arn": {
                "type": "string",
                "description_kind": "plain",
                "computed": true
              },
              "name": {
                "type": "string",
                "description_kind": "plain",
                "required": true
              }
            },
            "block_types": {
              "routing_config": {
                "nesting_mode": "list",
                "block": {
                  "attributes": {
                    "additional_version_weights": {
                      "type": [
                        "map",
                        "number"
                      ],
                      "description_kind": "plain",
                      "optional": true
                    }
                  },
                  "description_kind": "plain"
                },
                "max_items": 1
              }
            },
            "description_kind": "plain"
          }
        },
        "aws_lambda_function": {
          "version": 0,
          "block": {
            "attributes": {
              "architectures": {
                "type": [
                  "list",
                  "string"
                ],
                "description_kind": "plain",
                "optional": true,
                "computed": true
              },
              "arn": {
                "type": "string",
                "description_kind": "plain",
                "computed": true
              },
              "code_sha256": {
                "type": "string",
                "description_kind": "plain",
                "computed": true
              },
              "code_signing_config_arn": {
                "type": "string",
                "description_kind": "plain",
                "optional": true
              },
              "description": {
                "type": "string",
                "description_kind": "plain",
                "optional": true
              },
              "filename": {
                "type": "string",
                "description_kind": "plain",
                "optional": true
              },
              "function_name": {
                "type": "string",
                "description_kind": "plain",
                "required": true
              },
              "handler": {
                "type": "string",
                "description_kind": "plain",
                "optional": true
              },
              "id": {
                "type": "string",
                "description_kind": "plain",
                "optional": true,
                "computed": true
              },
              "image_uri": {
                "type": "string",
                "description_kind": "plain",
                "optional": true
              },
              "invoke_arn": {
                "type": "string",
                "description_kind": "plain",
                "computed": true
              },
              "kms_key_arn": {
                "type": "string",
                "description_kind": "plain",
                "optional": true
              },
              "last_modified": {
                "type": "string",
                "description_kind": "plain",
                "computed": true
              },
              "layers": {
                "type": [
                  "list",
                  "string"
                ],
                "description_kind": "plain",
                "optional": true
              },
              "memory_size": {
                "type": "number",
                "description_kind": "plain",
                "optional": true
              },
              "package_type": {
                "type": "string",
                "description_kind": "plain",
                "optional": true
              },
              "publish": {
                "type": "bool",
                "description_kind": "plain",
                "optional": true
              },
              "qualified_arn": {
                "type": "string",
                "description_kind": "plain",
                "computed": true
              },
              "qualified_invoke_arn": {
                "type": "string",
                "description_kind": "plain",
                "computed": true
              },
              "replace_security_groups_on_destroy": {
                "type": "bool",
                "description_kind": "plain",
                "optional": true
              },
              "replacement_security_group_ids": {
                "type": [
                  "set",
                  "string"
                ],
                "description_kind": "plain",
                "optional": true
              },
              "reserved_concurrent_executions": {
                "type": "number",
                "description_kind": "plain",
                "optional": true
              },
              "role": {
                "type": "string",
                "description_kind": "plain",
                "required": true
              },
              "runtime": {
                "type": "string",
                "description_kind": "plain",
                "optional": true
              },
              "s3_bucket": {
                "type": "string",
                "description_kind": "plain",
                "optional": true
              },
              "s3_key": {
                "type": "string",
                "description_kind": "plain",
                "optional": true
              },
              "s3_object_version": {
                "type": "string",
                "description_kind": "plain",
                "optional": true
              },
              "signing_job_arn": {
                "type": "string",
                "description_kind": "plain",
                "computed": true
              },
              "signing_profile_version_arn": {
                "type": "string",
                "description_kind": "plain",
                "computed": true
              },
              "skip_destroy": {
                "type": "bool",
                "description_kind": "plain",
                "optional": true
              },
              "source_code_hash": {
                "type": "string",
                "description_kind": "plain",
                "optional": true,
                "computed": true
              },
              "source_code_size": {
                "type": "number",
                "description_kind": "plain",
                "computed": true
              },
              "tags": {
                "type": [
                  "map",
                  "string"
                ],
                "description_kind": "plain",
                "optional": true
              },
              "tags_all": {
                "type": [
                  "map",
                  "string"
                ],
                "description_kind": "plain",
                "optional": true,
                "computed": true
              },
              "timeout": {
                "type": "number",
                "description_kind": "plain",
                "optional": true
              },
              "version": {
                "type": "string",
                "description_kind": "plain",
                "computed": true
              }
            },
            "block_types": {
              "dead_letter_config": {
                "nesting_mode": "list",
                "block": {
                  "attributes": {
                    "target_arn": {
                      "type": "string",
                      "description_kind": "plain",
                      "required": true
                    }
                  },
                  "description_kind": "plain"
                },
                "max_items": 1
              },
              "environment": {
                "nesting_mode": "list",
                "block": {
                  "attributes": {
                    "variables": {
                      "type": [
                        "map",
                        "string"
                      ],
                      "description_kind": "plain",
                      "optional": true
                    }
                  },
                  "description_kind": "plain"
                },
                "max_items": 1
              },
              "ephemeral_storage": {
                "nesting_mode": "list",
                "block": {
                  "attributes": {
                    "size": {
                      "type": "number",
                      "description_kind": "plain",
                      "optional": true,
                      "computed": true
                    }
                  },
                  "description_kind": "plain"
                },
                "max_items": 1
              },
              "file_system_config": {
                "nesting_mode": "list",
                "block": {
                  "attributes": {
                    "arn": {
                      "type": "string",
                      "description_kind": "plain",
                      "required": true
                    },
                    "local_mount_path": {
                      "type": "string",
                      "description_kind": "plain",
                      "required": true
                    }
                  },
                  "description_kind": "plain"
                },
                "max_items": 1
              },
              "image_config": {
                "nesting_mode": "list",
                "block": {
                  "attributes": {
                    "command": {
                      "type": [
                        "list",
                        "string"
                      ],
                      "description_kind": "plain",
                      "optional": true
                    },
                    "entry_point": {
                      "type": [
                        "list",
                        "string"
                      ],
                      "description_kind": "plain",
                      "optional": true
                    },
                    "working_directory": {
                      "type": "string",
                      "description_kind": "plain",
                      "optional": true
                    }
                  },
                  "description_kind": "plain"
                },
                "max_items": 1
              },
              "logging_config": {
                "nesting_mode": "list",
                "block": {
                  "attributes": {
                    "application_log_level": {
                      "type": "string",
                      "description_kind": "plain",
                      "optional": true
                    },
                    "log_format": {
                      "type": "string",
                      "description_kind": "plain",
                      "required": true
                    },
                    "log_group": {
                      "type": "string",
                      "description_kind": "plain",
                      "optional": true,
                      "computed": true
                    },
                    "system_log_level": {
                      "type": "string",
                      "description_kind": "plain",
                      "optional": true
                    }
                  },
                  "description_kind": "plain"
                },
                "max_items": 1
              },
              "snap_start": {
                "nesting_mode": "list",
                "block": {
                  "attributes": {
                    "apply_on": {
                      "type": "string",
                      "description_kind": "plain",
                      "required": true
                    },
                    "optimization_status": {
                      "type": "string",
                      "description_kind": "plain",
                      "computed": true
                    }
                  },
                  "description_kind": "plain"
                },
                "max_items": 1
              },
              "timeouts": {
                "nesting_mode": "single",
                "block": {
                  "attributes": {
                    "create": {
                      "type": "string",
                      "description_kind": "plain",
                      "optional": true
                    },
                    "delete": {
                      "type": "string",
                      "description_kind": "plain",
                      "optional": true
                    },
                    "update": {
                      "type": "string",
                      "description_kind": "plain",
                      "optional": true
                    }
                  },
                  "description_kind": "plain"
                }
              },
              "tracing_config": {
                "nesting_mode": "list",
                "block": {
                  "attributes": {
                    "mode": {
                      "type": "string",
                      "description_kind": "plain",
                      "required": true
                    }
                  },
                  "description_kind": "plain"
                },
                "max_items": 1
              },
              "vpc_config": {
                "nesting_mode": "list",
                "block": {
                  "attributes": {
                    "ipv6_allowed_for_dual_stack": {
                      "type": "bool",
                      "description_kind": "plain",
                      "optional": true
                    },
                    "security_group_ids": {
                      "type": [
                        "set",
                        "string"
                      ],
                      "description_kind": "plain",
                      "required": true
                    },
                    "subnet_ids": {
                      "type": [
                        "set",
                        "string"
                      ],
                      "description_kind": "plain",
                      "required": true
                    },
                    "vpc_id": {
                      "type": "string",
                      "description_kind": "plain",
                      "computed": true
                    }
                  },
                  "description_kind": "plain"
                },
                "max_items": 1
              }
            },
            "description_kind": "plain"
          }
        },
        "aws_lambda_layer_version": {
          "version": 0,
          "block": {
            "attributes": {
              "arn": {
                "type": "string",
                "description_kind": "plain",
                "computed": true
              },
              "code_sha256": {
                "type": "string",
                "description_kind": "plain",
                "computed": true
              },
              "compatible_architectures": {
                "type": [
                  "set",
                  "string"
                ],
                "description_kind": "plain",
                "optional": true
              },
              "compatible_runtimes": {
                "type": [
                  "set",
                  "string"
                ],
                "description_kind": "plain",
                "optional": true
              },
              "created_date": {
                "type": "string",
                "description_kind": "plain",
                "computed": true
              },
              "description": {
                "type": "string",
                "description_kind": "plain",
                "optional": true
              },
              "filename": {
                "type": "string",
                "description_kind": "plain",
                "optional": true
              },
              "id": {
                "type": "string",
                "description_kind": "plain",
                "optional": true,
                "computed": true
              },
              "layer_arn": {
                "type": "string",
                "description_kind": "plain",
                "computed": true
              },
              "layer_name": {
                "type": "string",
                "description_kind": "plain",
                "required": true
              },
              "license_info": {
                "type": "string",
                "description_kind": "plain",
                "optional": true
              },
              "s3_bucket": {
                "type": "string",
                "description_kind": "plain",
                "optional": true
              },
              "s3_key": {
                "type": "string",
                "description_kind": "plain",
                "optional": true
              },
              "s3_object_version": {
                "type": "string",
                "description_kind": "plain",
                "optional": true
              },
              "signing_job_arn": {
                "type": "string",
                "description_kind": "plain",
                "computed": true
              },
              "signing_profile_version_arn": {
                "type": "string",
                "description_kind": "plain",
                "computed": true
              },
              "skip_destroy": {
                "type": "bool",
                "description_kind": "plain",
                "optional": true
              },
              "source_code_hash": {
                "type": "string",
                "description_kind": "plain",
                "optional": true,
                "computed": true
              },
              "source_code_size": {
                "type": "number",
                "description_kind": "plain",
                "computed": true
              },
              "version": {
                "type": "string",
                "description_kind": "plain",
                "computed": true
              }
            },
            "description_kind": "plain"
          }
        },
        "aws_lambda_permission": {
          "version": 0,
          "block": {
            "attributes": {
              "action": {
                "type": "string",
                "description_kind": "plain",
                "required": true
              },
              "event_source_token": {
                "type": "string",
                "description_kind": "plain",
                "optional": true
              },
              "function_name": {
                "type": "string",
                "description_kind": "plain",
                "required": true
              },
              "function_url_auth_type": {
                "type": "string",
                "description_kind": "plain",
                "optional": true
              },
              "id": {
                "type": "string",
                "description_kind": "plain",
                "optional": true,
                "computed": true
              },
              "principal": {
                "type": "string",
                "description_kind": "plain",
                "required": true
              },
              "principal_org_id": {
                "type": "string",
                "description_kind": "plain",
                "optional": true
              },
              "qualifier": {
                "type": "string",
                "description_kind": "plain",
                "optional": true
              },
              "source_account": {
                "type": "string",
                "description_kind": "plain",
                "optional": true
              },
              "source_arn": {
                "type": "string",
                "description_kind": "plain",
                "optional": true
              },
              "statement_id": {
                "type": "string",
                "description_kind": "plain",
                "optional": true,
                "computed": true
              },
              "statement_id_prefix": {
                "type": "string",
                "description_kind": "plain",
                "optional": true,
                "computed": true
              }
            },
            "description_kind": "plain"
          }
        },
        "aws_launch_template": {
          "version": 0,
          "block": {
            "attributes": {
              "arn": {
                "type": "string",
                "description_kind": "plain",
                "computed": true
              },
              "default_version": {
                "type": "number",
                "description_kind": "plain",
                "optional": true,
                "computed": true
              },
              "description": {
                "type": "string",
                "description_kind": "plain",
                "optional": true
              },
              "disable_api_stop": {
                "type": "bool",
                "description_kind": "plain",
                "optional": true
              },
              "disable_api_termination": {
                "type": "bool",
                "description_kind": "plain",
                "optional": true
              },
              "ebs_optimized": {
                "type": "string",
                "description_kind": "plain",
                "optional": true
              },
              "id": {
                "type": "string",
                "description_kind": "plain",
                "optional": true,
                "computed": true
              },
              "image_id": {
                "type": "string",
                "description_kind": "plain",
                "optional": true
              },
              "instance_initiated_shutdown_behavior": {
                "type": "string",
                "description_kind": "plain",
                "optional": true
              },
              "instance_type": {
                "type": "string",
                "description_kind": "plain",
                "optional": true
              },
              "kernel_id": {
                "type": "string",
                "description_kind": "plain",
                "optional": true
              },
              "key_name": {
                "type": "string",
                "description_kind": "plain",
                "optional": true
              },
              "latest_version": {
                "type": "number",
                "description_kind": "plain",
                "computed": true
              },
              "name": {
                "type": "string",
                "description_kind": "plain",
                "optional": true,
                "computed": true
              },
              "name_prefix": {
                "type": "string",
                "description_kind": "plain",
                "optional": true,
                "computed": true
              },
              "ram_disk_id": {
                "type": "string",
                "description_kind": "plain",
                "optional": true
              },
              "security_group_names": {
                "type": [
                  "set",
                  "string"
                ],
                "description_kind": "plain",
                "optional": true
              },
              "tags": {
                "type": [
                  "map",
                  "string"
                ],
                "description_kind": "plain",
                "optional": true
              },
              "tags_all": {
                "type": [
                  "map",
                  "string"
                ],
                "description_kind": "plain",
                "optional": true,
                "computed": true
              },
              "update_default_version": {
                "type": "bool",
                "description_kind": "plain",
                "optional": true
              },
              "user_data": {
                "type": "string",
                "description_kind": "plain",
                "optional": true
              },
              "vpc_security_group_ids": {
                "type": [
                  "set",
                  "string"
                ],
                "description_kind": "plain",
                "optional": true
              }
            },
            "block_types": {
              "block_device_mappings": {
                "nesting_mode": "list",
                "block": {
                  "attributes": {
                    "device_name": {
                      "type": "string",
                      "description_kind": "plain",
                      "optional": true
                    },
                    "no_device": {
                      "type": "string",
                      "description_kind": "plain",
                      "optional": true
                    },
                    "virtual_name": {
                      "type": "string",
                      "description_kind": "plain",
                      "optional": true
                    }
                  },
                  "block_types": {
                    "ebs": {
                      "nesting_mode": "list",
                      "block": {
                        "attributes": {
                          "delete_on_termination": {
                            "type": "string",
                            "description_kind": "plain",
                            "optional": true
                          },
                          "encrypted": {
                            "type": "string",
                            "description_kind": "plain",
                            "optional": true
                          },
                          "iops": {
                            "type": "number",
                            "description_kind": "plain",
                            "optional": true,
                            "computed": true
                          },
                          "kms_key_id": {
                            "type": "string",
                            "description_kind": "plain",
                            "optional": true
                          },
                          "snapshot_id": {
                            "type": "string",
                            "description_kind": "plain",
                            "optional": true
                          },
                          "throughput": {
                            "type": "number",
                            "description_kind": "plain",
                            "optional": true,
                            "computed": true
                          },
                          "volume_size": {
                            "type": "number",
                            "description_kind": "plain",
                            "optional": true,
                            "computed": true
                          },
                          "volume_type": {
                            "type": "string",
                            "description_kind": "plain",
                            "optional": true,
                            "computed": true
                          }
                        },
                        "description_kind": "plain"
                      },
                      "max_items": 1
                    }
                  },
                  "description_kind": "plain"
                }
              },
              "capacity_reservation_specification": {
                "nesting_mode": "list",
                "block": {
                  "attributes": {
                    "capacity_reservation_preference": {
                      "type": "string",
                      "description_kind": "plain",
                      "optional": true
                    }
                  },
                  "block_types": {
                    "capacity_reservation_target": {
                      "nesting_mode": "list",
                      "block": {
                        "attributes": {
                          "capacity_reservation_id": {
                            "type": "string",
                            "description_kind": "plain",
                            "optional": true
                          },
                          "capacity_reservation_resource_group_arn": {
                            "type": "string",
                            "description_kind": "plain",
                            "optional": true
                          }
                        },
                        "description_kind": "plain"
                      },
                      "max_items": 1
                    }
                  },
                  "description_kind": "plain"
                },
                "max_items": 1
              },
              "cpu_options": {
                "nesting_mode": "list",
                "block": {
                  "attributes": {
                    "amd_sev_snp": {
                      "type": "string",
                      "description_kind": "plain",
                      "optional": true
                    },
                    "core_count": {
                      "type": "number",
                      "description_kind": "plain",
                      "optional": true
                    },
                    "threads_per_core": {
                      "type": "number",
                      "description_kind": "plain",
                      "optional": true
                    }
                  },
                  "description_kind": "plain"
                },
                "max_items": 1
              },
              "credit_specification": {
                "nesting_mode": "list",
                "block": {
                  "attributes": {
                    "cpu_credits": {
                      "type": "string",
                      "description_kind": "plain",
                      "optional": true
                    }
                  },
                  "description_kind": "plain"
                },
                "max_items": 1
              },
              "elastic_gpu_specifications": {
                "nesting_mode": "list",
                "block": {
                  "attributes": {
                    "type": {
                      "type": "string",
                      "description_kind": "plain",
                      "required": true
                    }
                  },
                  "description_kind": "plain"
                }
              },
              "elastic_inference_accelerator": {
                "nesting_mode": "list",
                "block": {
                  "attributes": {
                    "type": {
                      "type": "string",
                      "description_kind": "plain",
                      "required": true
                    }
                  },
                  "description_kind": "plain"
                },
                "max_items": 1
              },
              "enclave_options": {
                "nesting_mode": "list",
                "block": {
                  "attributes": {
                    "enabled": {
                      "type": "bool",
                      "description_kind": "plain",
                      "optional": true
                    }
                  },
                  "description_kind": "plain"
                },
                "max_items": 1
              },
              "hibernation_options": {
                "nesting_mode": "list",
                "block": {
                  "attributes": {
                    "configured": {
                      "type": "bool",
                      "description_kind": "plain",
                      "required": true
                    }
                  },
                  "description_kind": "plain"
                },
                "max_items": 1
              },
              "iam_instance_profile": {
                "nesting_mode": "list",
                "block": {
                  "attributes": {
                    "arn": {
                      "type": "string",
                      "description_kind": "plain",
                      "optional": true
                    },
                    "name": {
                      "type": "string",
                      "description_kind": "plain",
                      "optional": true
                    }
                  },
                  "description_kind": "plain"
                },
                "max_items": 1
              },
              "instance_market_options": {
                "nesting_mode": "list",
                "block": {
                  "attributes": {
                    "market_type": {
                      "type": "string",
                      "description_kind": "plain",
                      "optional": true
                    }
                  },
                  "block_types": {
                    "spot_options": {
                      "nesting_mode": "list",
                      "block": {
                        "attributes": {
                          "block_duration_minutes": {
                            "type": "number",
                            "description_kind": "plain",
                            "optional": true
                          },
                          "instance_interruption_behavior": {
                            "type": "string",
                            "description_kind": "plain",
                            "optional": true
                          },
                          "max_price": {
                            "type": "string",
                            "description_kind": "plain",
                            "optional": true
                          },
                          "spot_instance_type": {
                            "type": "string",
                            "description_kind": "plain",
                            "optional": true
                          },
                          "valid_until": {
                            "type": "string",
                            "description_kind": "plain",
                            "optional": true,
                            "computed": true
                          }
                        },
                        "description_kind": "plain"
                      },
                      "max_items": 1
                    }
                  },
                  "description_kind": "plain"
                },
                "max_items": 1
              },
              "instance_requirements": {
                "nesting_mode": "list",
                "block": {
                  "attributes": {
                    "accelerator_manufacturers": {
                      "type": [
                        "set",
                        "string"
                      ],
                      "description_kind": "plain",
                      "optional": true
                    },
                    "accelerator_names": {
                      "type": [
                        "set",
                        "string"
                      ],
                      "description_kind": "plain",
                      "optional": true
                    },
                    "accelerator_types": {
                      "type": [
                        "set",
                        "string"
                      ],
                      "description_kind": "plain",
                      "optional": true
                    },
                    "allowed_instance_types": {
                      "type": [
                        "set",
                        "string"
                      ],
                      "description_kind": "plain",
                      "optional": true
                    },
                    "bare_metal": {
                      "type": "string",
                      "description_kind": "plain",
                      "optional": true
                    },
                    "burstable_performance": {
                      "type": "string",
                      "description_kind": "plain",
                      "optional": true
                    },
                    "cpu_manufacturers": {
                      "type": [
                        "set",
                        "string"
                      ],
                      "description_kind": "plain",
                      "optional": true
                    },
                    "excluded_instance_types": {
                      "type": [
                        "set",
                        "string"
                      ],
                      "description_kind": "plain",
                      "optional": true
                    },
                    "instance_generations": {
                      "type": [
                        "set",
                        "string"
                      ],
                      "description_kind": "plain",
                      "optional": true
                    },
                    "local_storage": {
                      "type": "string",
                      "description_kind": "plain",
                      "optional": true
                    },
                    "local_storage_types": {
                      "type": [
                        "set",
                        "string"
                      ],
                      "description_kind": "plain",
                      "optional": true
                    },
                    "max_spot_price_as_percentage_of_optimal_on_demand_price": {
                      "type": "number",
                      "description_kind": "plain",
                      "optional": true
                    },
                    "on_demand_max_price_percentage_over_lowest_price": {
                      "type": "number",
                      "description_kind": "plain",
                      "optional": true
                    },
                    "require_hibernate_support": {
                      "type": "bool",
                      "description_kind": "plain",
                      "optional": true
                    },
                    "spot_max_price_percentage_over_lowest_price": {
                      "type": "number",
                      "description_kind": "plain",
                      "optional": true
                    }
                  },
                  "block_types": {
                    "accelerator_count": {
                      "nesting_mode": "list",
                      "block": {
                        "attributes": {
                          "max": {
                            "type": "number",
                            "description_kind": "plain",
                            "optional": true
                          },
                          "min": {
                            "type": "number",
                            "description_kind": "plain",
                            "optional": true
                          }
                        },
                        "description_kind": "plain"
                      },
                      "max_items": 1
                    },
                    "accelerator_total_memory_mib": {
                      "nesting_mode": "list",
                      "block": {
                        "attributes": {
                          "max": {
                            "type": "number",
                            "description_kind": "plain",
                            "optional": true
                          },
                          "min": {
                            "type": "number",
                            "description_kind": "plain",
                            "optional": true
                          }
                        },
                        "description_kind": "plain"
                      },
                      "max_items": 1
                    },
                    "baseline_ebs_bandwidth_mbps": {
                      "nesting_mode": "list",
                      "block": {
                        "attributes": {
                          "max": {
                            "type": "number",
                            "description_kind": "plain",
                            "optional": true
                          },
                          "min": {
                            "type": "number",
                            "description_kind": "plain",
                            "optional": true
                          }
                        },
                        "description_kind": "plain"
                      },
                      "max_items": 1
                    },
                    "memory_gib_per_vcpu": {
                      "nesting_mode": "list",
                      "block": {
                        "attributes": {
                          "max": {
                            "type": "number",
                            "description_kind": "plain",
                            "optional": true
                          },
                          "min": {
                            "type": "number",
                            "description_kind": "plain",
                            "optional": true
                          }
                        },
                        "description_kind": "plain"
                      },
                      "max_items": 1
                    },
                    "memory_mib": {
                      "nesting_mode": "list",
                      "block": {
                        "attributes": {
                          "max": {
                            "type": "number",
                            "description_kind": "plain",
                            "optional": true
                          },
                          "min": {
                            "type": "number",
                            "description_kind": "plain",
                            "required": true
                          }
                        },
                        "description_kind": "plain"
                      },
                      "min_items": 1,
                      "max_items": 1
                    },
                    "network_bandwidth_gbps": {
                      "nesting_mode": "list",
                      "block": {
                        "attributes": {
                          "max": {
                            "type": "number",
                            "description_kind": "plain",
                            "optional": true
                          },
                          "min": {
                            "type": "number",
                            "description_kind": "plain",
                            "optional": true
                          }
                        },
                        "description_kind": "plain"
                      },
                      "max_items": 1
                    },
                    "network_interface_count": {
                      "nesting_mode": "list",
                      "block": {
                        "attributes": {
                          "max": {
                            "type": "number",
                            "description_kind": "plain",
                            "optional": true
                          },
                          "min": {
                            "type": "number",
                            "description_kind": "plain",
                            "optional": true
                          }
                        },
                        "description_kind": "plain"
                      },
                      "max_items": 1
                    },
                    "total_local_storage_gb": {
                      "nesting_mode": "list",
                      "block": {
                        "attributes": {
                          "max": {
                            "type": "number",
                            "description_kind": "plain",
                            "optional": true
                          },
                          "min": {
                            "type": "number",
                            "description_kind": "plain",
                            "optional": true
                          }
                        },
                        "description_kind": "plain"
                      },
                      "max_items": 1
                    },
                    "vcpu_count": {
                      "nesting_mode": "list",
                      "block": {
                        "attributes": {
                          "max": {
                            "type": "number",
                            "description_kind": "plain",
                            "optional": true
                          },
                          "min": {
                            "type": "number",
                            "description_kind": "plain",
                            "required": true
                          }
                        },
                        "description_kind": "plain"
                      },
                      "min_items": 1,
                      "max_items": 1
                    }
                  },
                  "description_kind": "plain"
                },
                "max_items": 1
              },
              "license_specification": {
                "nesting_mode": "set",
                "block": {
                  "attributes": {
                    "license_configuration_arn": {
                      "type": "string",
                      "description_kind": "plain",
                      "required": true
                    }
                  },
                  "description_kind": "plain"
                }
              },
              "maintenance_options": {
                "nesting_mode": "list",
                "block": {
                  "attributes": {
                    "auto_recovery": {
                      "type": "string",
                      "description_kind": "plain",
                      "optional": true
                    }
                  },
                  "description_kind": "plain"
                },
                "max_items": 1
              },
              "metadata_options": {
                "nesting_mode": "list",
                "block": {
                  "attributes": {
                    "http_endpoint": {
                      "type": "string",
                      "description_kind": "plain",
                      "optional": true,
                      "computed": true
                    },
                    "http_protocol_ipv6": {
                      "type": "string",
                      "description_kind": "plain",
                      "optional": true,
                      "computed": true
                    },
                    "http_put_response_hop_limit": {
                      "type": "number",
                      "description_kind": "plain",
                      "optional": true,
                      "computed": true
                    },
                    "http_tokens": {
                      "type": "string",
                      "description_kind": "plain",
                      "optional": true,
                      "computed": true
                    },
                    "instance_metadata_tags": {
                      "type": "string",
                      "description_kind": "plain",
                      "optional": true,
                      "computed": true
                    }
                  },
                  "description_kind": "plain"
                },
                "max_items": 1
              },
              "monitoring": {
                "nesting_mode": "list",
                "block": {
                  "attributes": {
                    "enabled": {
                      "type": "bool",
                      "description_kind": "plain",
                      "optional": true
                    }
                  },
                  "description_kind": "plain"
                },
                "max_items": 1
              },
              "network_interfaces": {
                "nesting_mode": "list",
                "block": {
                  "attributes": {
                    "associate_carrier_ip_address": {
                      "type": "string",
                      "description_kind": "plain",
                      "optional": true
                    },
                    "associate_public_ip_address": {
                      "type": "string",
                      "description_kind": "plain",
                      "optional": true
                    },
                    "delete_on_termination": {
                      "type": "string",
                      "description_kind": "plain",
                      "optional": true
                    },
                    "description": {
                      "type": "string",
                      "description_kind": "plain",
                      "optional": true
                    },
                    "device_index": {
                      "type": "number",
                      "description_kind": "plain",
                      "optional": true
                    },
                    "interface_type": {
                      "type": "string",
                      "description_kind": "plain",
                      "optional": true
                    },
                    "ipv4_address_count": {
                      "type": "number",
                      "description_kind": "plain",
                      "optional": true
                    },
                    "ipv4_addresses": {
                      "type": [
                        "set",
                        "string"
                      ],
                      "description_kind": "plain",
                      "optional": true
                    },
                    "ipv4_prefix_count": {
                      "type": "number",
                      "description_kind": "plain",
                      "optional": true
                    },
                    "ipv4_prefixes": {
                      "type": [
                        "set",
                        "string"
                      ],
                      "description_kind": "plain",
                      "optional": true
                    },
                    "ipv6_address_count": {
                      "type": "number",
                      "description_kind": "plain",
                      "optional": true
                    },
                    "ipv6_addresses": {
                      "type": [
                        "set",
                        "string"
                      ],
                      "description_kind": "plain",
                      "optional": true
                    },
                    "ipv6_prefix_count": {
                      "type": "number",
                      "description_kind": "plain",
                      "optional": true
                    },
                    "ipv6_prefixes": {
                      "type": [
                        "set",
                        "string"
                      ],
                      "description_kind": "plain",
                      "optional": true
                    },
                    "network_card_index": {
                      "type": "number",
                      "description_kind": "plain",
                      "optional": true
                    },
                    "network_interface_id": {
                      "type": "string",
                      "description_kind": "plain",
                      "optional": true
                    },
                    "primary_ipv6": {
                      "type": "string",
                      "description_kind": "plain",
                      "optional": true
                    },
                    "private_ip_address": {
                      "type": "string",
                      "description_kind": "plain",
                      "optional": true
                    },
                    "security_groups": {
                      "type": [
                        "set",
                        "string"
                      ],
                      "description_kind": "plain",
                      "optional": true
                    },
                    "subnet_id": {
                      "type": "string",
                      "description_kind": "plain",
                      "optional": true
                    }
                  },
                  "description_kind": "plain"
                }
              },
              "placement": {
                "nesting_mode": "list",
                "block": {
                  "attributes": {
                    "affinity": {
                      "type": "string",
                      "description_kind": "plain",
                      "optional": true
                    },
                    "availability_zone": {
                      "type": "string",
                      "description_kind": "plain",
                      "optional": true
                    },
                    "group_name": {
                      "type": "string",
                      "description_kind": "plain",
                      "optional": true
                    },
                    "host_id": {
                      "type": "string",
                      "description_kind": "plain",
                      "optional": true
                    },
                    "host_resource_group_arn": {
                      "type": "string",
                      "description_kind": "plain",
                      "optional": true
                    },
                    "partition_number": {
                      "type": "number",
                      "description_kind": "plain",
                      "optional": true
                    },
                    "spread_domain": {
                      "type": "string",
                      "description_kind": "plain",
                      "optional": true
                    },
                    "tenancy": {
                      "type": "string",
                      "description_kind": "plain",
                      "optional": true
                    }
                  },
                  "description_kind": "plain"
                },
                "max_items": 1
              },
              "private_dns_name_options": {
                "nesting_mode": "list",
                "block": {
                  "attributes": {
                    "enable_resource_name_dns_a_record": {
                      "type": "bool",
                      "description_kind": "plain",
                      "optional": true
                    },
                    "enable_resource_name_dns_aaaa_record": {
                      "type": "bool",
                      "description_kind": "plain",
                      "optional": true
                    },
                    "hostname_type": {
                      "type": "string",
                      "description_kind": "plain",
                      "optional": true
                    }
                  },
                  "description_kind": "plain"
                },
                "max_items": 1
              },
              "tag_specifications": {
                "nesting_mode": "list",
                "block": {
                  "attributes": {
                    "resource_type": {
                      "type": "string",
                      "description_kind": "plain",
                      "optional": true
                    },
                    "tags": {
                      "type": [
                        "map",
                        "string"
                      ],
                      "description_kind": "plain",
                      "optional": true
                    }
                  },
                  "description_kind": "plain"
                }
              }
            },
            "description_kind": "plain"
          }
        },
        "aws_lb": {
          "version": 0,
          "block": {
            "attributes": {
              "arn": {
                "type": "string",
                "description_kind": "plain",
                "computed": true
              },
              "arn_suffix": {
                "type": "string",
                "description_kind": "plain",
                "computed": true
              },
              "client_keep_alive": {
                "type": "number",
                "description_kind": "plain",
                "optional": true
              },
              "customer_owned_ipv4_pool": {
                "type": "string",
                "description_kind": "plain",
                "optional": true
              },
              "desync_mitigation_mode": {
                "type": "string",
                "description_kind": "plain",
                "optional": true
              },
              "dns_name": {
                "type": "string",
                "description_kind": "plain",
                "computed": true
              },
              "dns_record_client_routing_policy": {
                "type": "string",
                "description_kind": "plain",
                "optional": true
              },
              "drop_invalid_header_fields": {
                "type": "bool",
                "description_kind": "plain",
                "optional": true
              },
              "enable_cross_zone_load_balancing": {
                "type": "bool",
                "description_kind": "plain",
                "optional": true
              },
              "enable_deletion_protection": {
                "type": "bool",
                "description_kind": "plain",
                "optional": true
              },
              "enable_http2": {
                "type": "bool",
                "description_kind": "plain",
                "optional": true
              },
              "enable_tls_version_and_cipher_suite_headers": {
                "type": "bool",
                "description_kind": "plain",
                "optional": true
              },
              "enable_waf_fail_open": {
                "type": "bool",
                "description_kind": "plain",
                "optional": true
              },
              "enable_xff_client_port": {
                "type": "bool",
                "description_kind": "plain",
                "optional": true
              },
              "enforce_security_group_inbound_rules_on_private_link_traffic": {
                "type": "string",
                "description_kind": "plain",
                "optional": true,
                "computed": true
              },
              "id": {
                "type": "string",
                "description_kind": "plain",
                "optional": true,
                "computed": true
              },
              "idle_timeout": {
                "type": "number",
                "description_kind": "plain",
                "optional": true
              },
              "internal": {
                "type": "bool",
                "description_kind": "plain",
                "optional": true,
                "computed": true
              },
              "ip_address_type": {
                "type": "string",
                "description_kind": "plain",
                "optional": true,
                "computed": true
              },
              "load_balancer_type": {
                "type": "string",
                "description_kind": "plain",
                "optional": true
              },
              "name": {
                "type": "string",
                "description_kind": "plain",
                "optional": true,
                "computed": true
              },
              "name_prefix": {
                "type": "string",
                "description_kind": "plain",
                "optional": true,
                "computed": true
              },
              "preserve_host_header": {
                "type": "bool",
                "description_kind": "plain",
                "optional": true
              },
              "security_groups": {
                "type": [
                  "set",
                  "string"
                ],
                "description_kind": "plain",
                "optional": true,
                "computed": true
              },
              "subnets": {
                "type": [
                  "set",
                  "string"
                ],
                "description_kind": "plain",
                "optional": true,
                "computed": true
              },
              "tags": {
                "type": [
                  "map",
                  "string"
                ],
                "description_kind": "plain",
                "optional": true
              },
              "tags_all": {
                "type": [
                  "map",
                  "string"
                ],
                "description_kind": "plain",
                "optional": true,
                "computed": true
              },
              "vpc_id": {
                "type": "string",
                "description_kind": "plain",
                "computed": true
              },
              "xff_header_processing_mode": {
                "type": "string",
                "description_kind": "plain",
                "optional": true
              },
              "zone_id": {
                "type": "string",
                "description_kind": "plain",
                "computed": true
              }
            },
            "block_types": {
              "access_logs": {
                "nesting_mode": "list",
                "block": {
                  "attributes": {
                    "bucket": {
                      "type": "string",
                      "description_kind": "plain",
                      "required": true
                    },
                    "enabled": {
                      "type": "bool",
                      "description_kind": "plain",
                      "optional": true
                    },
                    "prefix": {
                      "type": "string",
                      "description_kind": "plain",
                      "optional": true
                    }
                  },
                  "description_kind": "plain"
                },
                "max_items": 1
              },
              "connection_logs": {
                "nesting_mode": "list",
                "block": {
                  "attributes": {
                    "bucket": {
                      "type": "string",
                      "description_kind": "plain",
                      "required": true
                    },
                    "enabled": {
                      "type": "bool",
                      "description_kind": "plain",
                      "optional": true
                    },
                    "prefix": {
                      "type": "string",
                      "description_kind": "plain",
                      "optional": true
                    }
                  },
                  "description_kind": "plain"
                },
                "max_items": 1
              },
              "subnet_mapping": {
                "nesting_mode": "set",
                "block": {
                  "attributes": {
                    "allocation_id": {
                      "type": "string",
                      "description_kind": "plain",
                      "optional": true
                    },
                    "ipv6_address": {
                      "type": "string",
                      "description_kind": "plain",
                      "optional": true
                    },
                    "outpost_id": {
                      "type": "string",
                      "description_kind": "plain",
                      "computed": true
                    },
                    "private_ipv4_address": {
                      "type": "string",
                      "description_kind": "plain",
                      "optional": true
                    },
                    "subnet_id": {
                      "type": "string",
                      "description_kind": "plain",
                      "required": true
                    }
                  },
                  "description_kind": "plain"
                }
              },
              "timeouts": {
                "nesting_mode": "single",
                "block": {
                  "attributes": {
                    "create": {
                      "type": "string",
                      "description_kind": "plain",
                      "optional": true
                    },
                    "delete": {
                      "type": "string",
                      "description_kind": "plain",
                      "optional": true
                    },
                    "update": {
                      "type": "string",
                      "description_kind": "plain",
                      "optional": true
                    }
                  },
                  "description_kind": "plain"
                }
              }
            },
            "description_kind": "plain"
          }
        },
        "aws_lb_listener": {
          "version": 0,
          "block": {
            "attributes": {
              "alpn_policy": {
                "type": "string",
                "description_kind": "plain",
                "optional": true
              },
              "arn": {
                "type": "string",
                "description_kind": "plain",
                "computed": true
              },
              "certificate_arn": {
                "type": "string",
                "description_kind": "plain",
                "optional": true
              },
              "id": {
                "type": "string",
                "description_kind": "plain",
                "optional": true,
                "computed": true
              },
              "load_balancer_arn": {
                "type": "string",
                "description_kind": "plain",
                "required": true
              },
              "port": {
                "type": "number",
                "description_kind": "plain",
                "optional": true
              },
              "protocol": {
                "type": "string",
                "description_kind": "plain",
                "optional": true,
                "computed": true
              },
              "ssl_policy": {
                "type": "string",
                "description_kind": "plain",
                "optional": true,
                "computed": true
              },
              "tags": {
                "type": [
                  "map",
                  "string"
                ],
                "description_kind": "plain",
                "optional": true
              },
              "tags_all": {
                "type": [
                  "map",
                  "string"
                ],
                "description_kind": "plain",
                "optional": true,
                "computed": true
              }
            },
            "block_types": {
              "default_action": {
                "nesting_mode": "list",
                "block": {
                  "attributes": {
                    "order": {
                      "type": "number",
                      "description_kind": "plain",
                      "optional": true,
                      "computed": true
                    },
                    "target_group_arn": {
                      "type": "string",
                      "description_kind": "plain",
                      "optional": true
                    },
                    "type": {
                      "type": "string",
                      "description_kind": "plain",
                      "required": true
                    }
                  },
                  "block_types": {
                    "authenticate_cognito": {
                      "nesting_mode": "list",
                      "block": {
                        "attributes": {
                          "authentication_request_extra_params": {
                            "type": [
                              "map",
                              "string"
                            ],
                            "description_kind": "plain",
                            "optional": true
                          },
                          "on_unauthenticated_request": {
                            "type": "string",
                            "description_kind": "plain",
                            "optional": true,
                            "computed": true
                          },
                          "scope": {
                            "type": "string",
                            "description_kind": "plain",
                            "optional": true,
                            "computed": true
                          },
                          "session_cookie_name": {
                            "type": "string",
                            "description_kind": "plain",
                            "optional": true,
                            "computed": true
                          },
                          "session_timeout": {
                            "type": "number",
                            "description_kind": "plain",
                            "optional": true,
                            "computed": true
                          },
                          "user_pool_arn": {
                            "type": "string",
                            "description_kind": "plain",
                            "required": true
                          },
                          "user_pool_client_id": {
                            "type": "string",
                            "description_kind": "plain",
                            "required": true
                          },
                          "user_pool_domain": {
                            "type": "string",
                            "description_kind": "plain",
                            "required": true
                          }
                        },
                        "description_kind": "plain"
                      },
                      "max_items": 1
                    },
                    "authenticate_oidc": {
                      "nesting_mode": "list",
                      "block": {
                        "attributes": {
                          "authentication_request_extra_params": {
                            "type": [
                              "map",
                              "string"
                            ],
                            "description_kind": "plain",
                            "optional": true
                          },
                          "authorization_endpoint": {
                            "type": "string",
                            "description_kind": "plain",
                            "required": true
                          },
                          "client_id": {
                            "type": "string",
                            "description_kind": "plain",
                            "required": true
                          },
                          "client_secret": {
                            "type": "string",
                            "description_kind": "plain",
                            "required": true,
                            "sensitive": true
                          },
                          "issuer": {
                            "type": "string",
                            "description_kind": "plain",
                            "required": true
                          },
                          "on_unauthenticated_request": {
                            "type": "string",
                            "description_kind": "plain",
                            "optional": true,
                            "computed": true
                          },
                          "scope": {
                            "type": "string",
                            "description_kind": "plain",
                            "optional": true,
                            "computed": true
                          },
                          "session_cookie_name": {
                            "type": "string",
                            "description_kind": "plain",
                            "optional": true,
                            "computed": true
                          },
                          "session_timeout": {
                            "type": "number",
                            "description_kind": "plain",
                            "optional": true,
                            "computed": true
                          },
                          "token_endpoint": {
                            "type": "string",
                            "description_kind": "plain",
                            "required": true
                          },
                          "user_info_endpoint": {
                            "type": "string",
                            "description_kind": "plain",
                            "required": true
                          }
                        },
                        "description_kind": "plain"
                      },
                      "max_items": 1
                    },
                    "fixed_response": {
                      "nesting_mode": "list",
                      "block": {
                        "attributes": {
                          "content_type": {
                            "type": "string",
                            "description_kind": "plain",
                            "required": true
                          },
                          "message_body": {
                            "type": "string",
                            "description_kind": "plain",
                            "optional": true
                          },
                          "status_code": {
                            "type": "string",
                            "description_kind": "plain",
                            "optional": true,
                            "computed": true
                          }
                        },
                        "description_kind": "plain"
                      },
                      "max_items": 1
                    },
                    "forward": {
                      "nesting_mode": "list",
                      "block": {
                        "block_types": {
                          "stickiness": {
                            "nesting_mode": "list",
                            "block": {
                              "attributes": {
                                "duration": {
                                  "type": "number",
                                  "description_kind": "plain",
                                  "required": true
                                },
                                "enabled": {
                                  "type": "bool",
                                  "description_kind": "plain",
                                  "optional": true
                                }
                              },
                              "description_kind": "plain"
                            },
                            "max_items": 1
                          },
                          "target_group": {
                            "nesting_mode": "set",
                            "block": {
                              "attributes": {
                                "arn": {
                                  "type": "string",
                                  "description_kind": "plain",
                                  "required": true
                                },
                                "weight": {
                                  "type": "number",
                                  "description_kind": "plain",
                                  "optional": true
                                }
                              },
                              "description_kind": "plain"
                            },
                            "min_items": 1,
                            "max_items": 5
                          }
                        },
                        "description_kind": "plain"
                      },
                      "max_items": 1
                    },
                    "redirect": {
                      "nesting_mode": "list",
                      "block": {
                        "attributes": {
                          "host": {
                            "type": "string",
                            "description_kind": "plain",
                            "optional": true
                          },
                          "path": {
                            "type": "string",
                            "description_kind": "plain",
                            "optional": true
                          },
                          "port": {
                            "type": "string",
                            "description_kind": "plain",
                            "optional": true
                          },
                          "protocol": {
                            "type": "string",
                            "description_kind": "plain",
                            "optional": true
                          },
                          "query": {
                            "type": "string",
                            "description_kind": "plain",
                            "optional": true
                          },
                          "status_code": {
                            "type": "string",
                            "description_kind": "plain",
                            "required": true
                          }
                        },
                        "description_kind": "plain"
                      },
                      "max_items": 1
                    }
                  },
                  "description_kind": "plain"
                },
                "min_items": 1
              },
              "mutual_authentication": {
                "nesting_mode": "list",
                "block": {
                  "attributes": {
                    "ignore_client_certificate_expiry": {
                      "type": "bool",
                      "description_kind": "plain",
                      "optional": true
                    },
                    "mode": {
                      "type": "string",
                      "description_kind": "plain",
                      "required": true
                    },
                    "trust_store_arn": {
                      "type": "string",
                      "description_kind": "plain",
                      "optional": true
                    }
                  },
                  "description_kind": "plain"
                },
                "max_items": 1
              },
              "timeouts": {
                "nesting_mode": "single",
                "block": {
                  "attributes": {
                    "create": {
                      "type": "string",
                      "description_kind": "plain",
                      "optional": true
                    },
                    "update": {
                      "type": "string",
                      "description_kind": "plain",
                      "optional": true
                    }
                  },
                  "description_kind": "plain"
                }
              }
            },
            "description_kind": "plain"
          }
        },
        "aws_lb_target_group": {
          "version": 0,
          "block": {
            "attributes": {
              "arn": {
                "type": "string",
                "description_kind": "plain",
                "computed": true
              },
              "arn_suffix": {
                "type": "string",
                "description_kind": "plain",
                "computed": true
              },
              "connection_termination": {
                "type": "bool",
                "description_kind": "plain",
                "optional": true,
                "computed": true
              },
              "deregistration_delay": {
                "type": "string",
                "description_kind": "plain",
                "optional": true
              },
              "id": {
                "type": "string",
                "description_kind": "plain",
                "optional": true,
                "computed": true
              },
              "ip_address_type": {
                "type": "string",
                "description_kind": "plain",
                "optional": true,
                "computed": true
              },
              "lambda_multi_value_headers_enabled": {
                "type": "bool",
                "description_kind": "plain",
                "optional": true
              },
              "load_balancer_arns": {
                "type": [
                  "set",
                  "string"
                ],
                "description_kind": "plain",
                "computed": true
              },
              "load_balancing_algorithm_type": {
                "type": "string",
                "description_kind": "plain",
                "optional": true,
                "computed": true
              },
              "load_balancing_anomaly_mitigation": {
                "type": "string",
                "description_kind": "plain",
                "optional": true,
                "computed": true
              },
              "load_balancing_cross_zone_enabled": {
                "type": "string",
                "description_kind": "plain",
                "optional": true,
                "computed": true
              },
              "name": {
                "type": "string",
                "description_kind": "plain",
                "optional": true,
                "computed": true
              },
              "name_prefix": {
                "type": "string",
                "description_kind": "plain",
                "optional": true,
                "computed": true
              },
              "port": {
                "type": "number",
                "description_kind": "plain",
                "optional": true
              },
              "preserve_client_ip": {
                "type": "string",
                "description_kind": "plain",
                "optional": true,
                "computed": true
              },
              "protocol": {
                "type": "string",
                "description_kind": "plain",
                "optional": true
              },
              "protocol_version": {
                "type": "string",
                "description_kind": "plain",
                "optional": true,
                "computed": true
              },
              "proxy_protocol_v2": {
                "type": "bool",
                "description_kind": "plain",
                "optional": true
              },
              "slow_start": {
                "type": "number",
                "description_kind": "plain",
                "optional": true
              },
              "tags": {
                "type": [
                  "map",
                  "string"
                ],
                "description_kind": "plain",
                "optional": true
              },
              "tags_all": {
                "type": [
                  "map",
                  "string"
                ],
                "description_kind": "plain",
                "optional": true,
                "computed": true
              },
              "target_type": {
                "type": "string",
                "description_kind": "plain",
                "optional": true
              },
              "vpc_id": {
                "type": "string",
                "description_kind": "plain",
                "optional": true
              }
            },
            "block_types": {
              "health_check": {
                "nesting_mode": "list",
                "block": {
                  "attributes": {
                    "enabled": {
                      "type": "bool",
                      "description_kind": "plain",
                      "optional": true
                    },
                    "healthy_threshold": {
                      "type": "number",
                      "description_kind": "plain",
                      "optional": true
                    },
                    "interval": {
                      "type": "number",
                      "description_kind": "plain",
                      "optional": true
                    },
                    "matcher": {
                      "type": "string",
                      "description_kind": "plain",
                      "optional": true,
                      "computed": true
                    },
                    "path": {
                      "type": "string",
                      "description_kind": "plain",
                      "optional": true,
                      "computed": true
                    },
                    "port": {
                      "type": "string",
                      "description_kind": "plain",
                      "optional": true
                    },
                    "protocol": {
                      "type": "string",
                      "description_kind": "plain",
                      "optional": true
                    },
                    "timeout": {
                      "type": "number",
                      "description_kind": "plain",
                      "optional": true,
                      "computed": true
                    },
                    "unhealthy_threshold": {
                      "type": "number",
                      "description_kind": "plain",
                      "optional": true
                    }
                  },
                  "description_kind": "plain"
                },
                "max_items": 1
              },
              "stickiness": {
                "nesting_mode": "list",
                "block": {
                  "attributes": {
                    "cookie_duration": {
                      "type": "number",
                      "description_kind": "plain",
                      "optional": true
                    },
                    "cookie_name": {
                      "type": "string",
                      "description_kind": "plain",
                      "optional": true
                    },
                    "enabled": {
                      "type": "bool",
                      "description_kind": "plain",
                      "optional": true
                    },
                    "type": {
                      "type": "string",
                      "description_kind": "plain",
                      "required": true
                    }
                  },
                  "description_kind": "plain"
                },
                "max_items": 1
              },
              "target_failover": {
                "nesting_mode": "list",
                "block": {
                  "attributes": {
                    "on_deregistration": {
                      "type": "string",
                      "description_kind": "plain",
                      "required": true
                    },
                    "on_unhealthy": {
                      "type": "string",
                      "description_kind": "plain",
                      "required": true
                    }
                  },
                  "description_kind": "plain"
                }
              },
              "target_group_health": {
                "nesting_mode": "list",
                "block": {
                  "block_types": {
                    "dns_failover": {
                      "nesting_mode": "list",
                      "block": {
                        "attributes": {
                          "minimum_healthy_targets_count": {
                            "type": "string",
                            "description_kind": "plain",
                            "optional": true
                          },
                          "minimum_healthy_targets_percentage": {
                            "type": "string",
                            "description_kind": "plain",
                            "optional": true
                          }
                        },
                        "description_kind": "plain"
                      },
                      "max_items": 1
                    },
                    "unhealthy_state_routing": {
                      "nesting_mode": "list",
                      "block": {
                        "attributes": {
                          "minimum_healthy_targets_count": {
                            "type": "number",
                            "description_kind": "plain",
                            "optional": true
                          },
                          "minimum_healthy_targets_percentage": {
                            "type": "string",
                            "description_kind": "plain",
                            "optional": true
                          }
                        },
                        "description_kind": "plain"
                      },
                      "max_items": 1
                    }
                  },
                  "description_kind": "plain"
                },
                "max_items": 1
              },
              "target_health_state": {
                "nesting_mode": "list",
                "block": {
                  "attributes": {
                    "enable_unhealthy_connection_termination": {
                      "type": "bool",
                      "description_kind": "plain",
                      "required": true
                    },
                    "unhealthy_draining_interval": {
                      "type": "number",
                      "description_kind": "plain",
                      "optional": true
                    }
                  },
                  "description_kind": "plain"
                }
              }
            },
            "description_kind": "plain"
          }
        },
        "aws_msk_cluster": {
          "version": 0,
          "block": {
            "attributes": {
              "arn": {
                "type": "string",
                "description_kind": "plain",
                "computed": true
              },
              "bootstrap_brokers": {
                "type": "string",
                "description_kind": "plain",
                "computed": true
              },
              "bootstrap_brokers_public_sasl_iam": {
                "type": "string",
                "description_kind": "plain",
                "computed": true
              },
              "bootstrap_brokers_public_sasl_scram": {
                "type": "string",
                "description_kind": "plain",
                "computed": true
              },
              "bootstrap_brokers_public_tls": {
                "type": "string",
                "description_kind": "plain",
                "computed": true
              },
              "bootstrap_brokers_sasl_iam": {
                "type": "string",
                "description_kind": "plain",
                "computed": true
              },
              "bootstrap_brokers_sasl_scram": {
                "type": "string",
                "description_kind": "plain",
                "computed": true
              },
              "bootstrap_brokers_tls": {
                "type": "string",
                "description_kind": "plain",
                "computed": true
              },
              "bootstrap_brokers_vpc_connectivity_sasl_iam": {
                "type": "string",
                "description_kind": "plain",
                "computed": true
              },
              "bootstrap_brokers_vpc_connectivity_sasl_scram": {
                "type": "string",
                "description_kind": "plain",
                "computed": true
              },
              "bootstrap_brokers_vpc_connectivity_tls": {
                "type": "string",
                "description_kind": "plain",
                "computed": true
              },
              "cluster_name": {
                "type": "string",
                "description_kind": "plain",
                "required": true
              },
              "cluster_uuid": {
                "type": "string",
                "description_kind": "plain",
                "computed": true
              },
              "current_version": {
                "type": "string",
                "description_kind": "plain",
                "computed": true
              },
              "enhanced_monitoring": {
                "type": "string",
                "description_kind": "plain",
                "optional": true
              },
              "id": {
                "type": "string",
                "description_kind": "plain",
                "optional": true,
                "computed": true
              },
              "kafka_version": {
                "type": "string",
                "description_kind": "plain",
                "required": true
              },
              "number_of_broker_nodes": {
                "type": "number",
                "description_kind": "plain",
                "required": true
              },
              "storage_mode": {
                "type": "string",
                "description_kind": "plain",
                "optional": true,
                "computed": true
              },
              "tags": {
                "type": [
                  "map",
                  "string"
                ],
                "description_kind": "plain",
                "optional": true
              },
              "tags_all": {
                "type": [
                  "map",
                  "string"
                ],
                "description_kind": "plain",
                "optional": true,
                "computed": true
              },
              "zookeeper_connect_string": {
                "type": "string",
                "description_kind": "plain",
                "computed": true
              },
              "zookeeper_connect_string_tls": {
                "type": "string",
                "description_kind": "plain",
                "computed": true
              }
            },
            "block_types": {
              "broker_node_group_info": {
                "nesting_mode": "list",
                "block": {
                  "attributes": {
                    "az_distribution": {
                      "type": "string",
                      "description_kind": "plain",
                      "optional": true
                    },
                    "client_subnets": {
                      "type": [
                        "set",
                        "string"
                      ],
                      "description_kind": "plain",
                      "required": true
                    },
                    "instance_type": {
                      "type": "string",
                      "description_kind": "plain",
                      "required": true
                    },
                    "security_groups": {
                      "type": [
                        "set",
                        "string"
                      ],
                      "description_kind": "plain",
                      "required": true
                    }
                  },
                  "block_types": {
                    "connectivity_info": {
                      "nesting_mode": "list",
                      "block": {
                        "block_types": {
                          "public_access": {
                            "nesting_mode": "list",
                            "block": {
                              "attributes": {
                                "type": {
                                  "type": "string",
                                  "description_kind": "plain",
                                  "optional": true,
                                  "computed": true
                                }
                              },
                              "description_kind": "plain"
                            },
                            "max_items": 1
                          },
                          "vpc_connectivity": {
                            "nesting_mode": "list",
                            "block": {
                              "block_types": {
                                "client_authentication": {
                                  "nesting_mode": "list",
                                  "block": {
                                    "attributes": {
                                      "tls": {
                                        "type": "bool",
                                        "description_kind": "plain",
                                        "optional": true,
                                        "computed": true
                                      }
                                    },
                                    "block_types": {
                                      "sasl": {
                                        "nesting_mode": "list",
                                        "block": {
                                          "attributes": {
                                            "iam": {
                                              "type": "bool",
                                              "description_kind": "plain",
                                              "optional": true,
                                              "computed": true
                                            },
                                            "scram": {
                                              "type": "bool",
                                              "description_kind": "plain",
                                              "optional": true,
                                              "computed": true
                                            }
                                          },
                                          "description_kind": "plain"
                                        },
                                        "max_items": 1
                                      }
                                    },
                                    "description_kind": "plain"
                                  },
                                  "max_items": 1
                                }
                              },
                              "description_kind": "plain"
                            },
                            "max_items": 1
                          }
                        },
                        "description_kind": "plain"
                      },
                      "max_items": 1
                    },
                    "storage_info": {
                      "nesting_mode": "list",
                      "block": {
                        "block_types": {
                          "ebs_storage_info": {
                            "nesting_mode": "list",
                            "block": {
                              "attributes": {
                                "volume_size": {
                                  "type": "number",
                                  "description_kind": "plain",
                                  "optional": true
                                }
                              },
                              "block_types": {
                                "provisioned_throughput": {
                                  "nesting_mode": "list",
                                  "block": {
                                    "attributes": {
                                      "enabled": {
                                        "type": "bool",
                                        "description_kind": "plain",
                                        "optional": true
                                      },
                                      "volume_throughput": {
                                        "type": "number",
                                        "description_kind": "plain",
                                        "optional": true
                                      }
                                    },
                                    "description_kind": "plain"
                                  },
                                  "max_items": 1
                                }
                              },
                              "description_kind": "plain"
                            },
                            "max_items": 1
                          }
                        },
                        "description_kind": "plain"
                      },
                      "max_items": 1
                    }
                  },
                  "description_kind": "plain"
                },
                "min_items": 1,
                "max_items": 1
              },
              "client_authentication": {
                "nesting_mode": "list",
                "block": {
                  "attributes": {
                    "unauthenticated": {
                      "type": "bool",
                      "description_kind": "plain",
                      "optional": true
                    }
                  },
                  "block_types": {
                    "sasl": {
                      "nesting_mode": "list",
                      "block": {
                        "attributes": {
                          "iam": {
                            "type": "bool",
                            "description_kind": "plain",
                            "optional": true
                          },
                          "scram": {
                            "type": "bool",
                            "description_kind": "plain",
                            "optional": true
                          }
                        },
                        "description_kind": "plain"
                      },
                      "max_items": 1
                    },
                    "tls": {
                      "nesting_mode": "list",
                      "block": {
                        "attributes": {
                          "certificate_authority_arns": {
                            "type": [
                              "set",
                              "string"
                            ],
                            "description_kind": "plain",
                            "optional": true
                          }
                        },
                        "description_kind": "plain"
                      },
                      "max_items": 1
                    }
                  },
                  "description_kind": "plain"
                },
                "max_items": 1
              },
              "configuration_info": {
                "nesting_mode": "list",
                "block": {
                  "attributes": {
                    "arn": {
                      "type": "string",
                      "description_kind": "plain",
                      "required": true
                    },
                    "revision": {
                      "type": "number",
                      "description_kind": "plain",
                      "required": true
                    }
                  },
                  "description_kind": "plain"
                },
                "max_items": 1
              },
              "encryption_info": {
                "nesting_mode": "list",
                "block": {
                  "attributes": {
                    "encryption_at_rest_kms_key_arn": {
                      "type": "string",
                      "description_kind": "plain",
                      "optional": true,
                      "computed": true
                    }
                  },
                  "block_types": {
                    "encryption_in_transit": {
                      "nesting_mode": "list",
                      "block": {
                        "attributes": {
                          "client_broker": {
                            "type": "string",
                            "description_kind": "plain",
                            "optional": true
                          },
                          "in_cluster": {
                            "type": "bool",
                            "description_kind": "plain",
                            "optional": true
                          }
                        },
                        "description_kind": "plain"
                      },
                      "max_items": 1
                    }
                  },
                  "description_kind": "plain"
                },
                "max_items": 1
              },
              "logging_info": {
                "nesting_mode": "list",
                "block": {
                  "block_types": {
                    "broker_logs": {
                      "nesting_mode": "list",
                      "block": {
                        "block_types": {
                          "cloudwatch_logs": {
                            "nesting_mode": "list",
                            "block": {
                              "attributes": {
                                "enabled": {
                                  "type": "bool",
                                  "description_kind": "plain",
                                  "required": true
                                },
                                "log_group": {
                                  "type": "string",
                                  "description_kind": "plain",
                                  "optional": true
                                }
                              },
                              "description_kind": "plain"
                            },
                            "max_items": 1
                          },
                          "firehose": {
                            "nesting_mode": "list",
                            "block": {
                              "attributes": {
                                "delivery_stream": {
                                  "type": "string",
                                  "description_kind": "plain",
                                  "optional": true
                                },
                                "enabled": {
                                  "type": "bool",
                                  "description_kind": "plain",
                                  "required": true
                                }
                              },
                              "description_kind": "plain"
                            },
                            "max_items": 1
                          },
                          "s3": {
                            "nesting_mode": "list",
                            "block": {
                              "attributes": {
                                "bucket": {
                                  "type": "string",
                                  "description_kind": "plain",
                                  "optional": true
                                },
                                "enabled": {
                                  "type": "bool",
                                  "description_kind": "plain",
                                  "required": true
                                },
                                "prefix": {
                                  "type": "string",
                                  "description_kind": "plain",
                                  "optional": true
                                }
                              },
                              "description_kind": "plain"
                            },
                            "max_items": 1
                          }
                        },
                        "description_kind": "plain"
                      },
                      "min_items": 1,
                      "max_items": 1
                    }
                  },
                  "description_kind": "plain"
                },
                "max_items": 1
              },
              "open_monitoring": {
                "nesting_mode": "list",
                "block": {
                  "block_types": {
                    "prometheus": {
                      "nesting_mode": "list",
                      "block": {
                        "block_types": {
                          "jmx_exporter": {
                            "nesting_mode": "list",
                            "block": {
                              "attributes": {
                                "enabled_in_broker": {
                                  "type": "bool",
                                  "description_kind": "plain",
                                  "required": true
                                }
                              },
                              "description_kind": "plain"
                            },
                            "max_items": 1
                          },
                          "node_exporter": {
                            "nesting_mode": "list",
                            "block": {
                              "attributes": {
                                "enabled_in_broker": {
                                  "type": "bool",
                                  "description_kind": "plain",
                                  "required": true
                                }
                              },
                              "description_kind": "plain"
                            },
                            "max_items": 1
                          }
                        },
                        "description_kind": "plain"
                      },
                      "min_items": 1,
                      "max_items": 1
                    }
                  },
                  "description_kind": "plain"
                },
                "max_items": 1
              },
              "timeouts": {
                "nesting_mode": "single",
                "block": {
                  "attributes": {
                    "create": {
                      "type": "string",
                      "description_kind": "plain",
                      "optional": true
                    },
                    "delete": {
                      "type": "string",
                      "description_kind": "plain",
                      "optional": true
                    },
                    "update": {
                      "type": "string",
                      "description_kind": "plain",
                      "optional": true
                    }
                  },
                  "description_kind": "plain"
                }
              }
            },
            "description_kind": "plain"
          }
        },
        "aws_msk_configuration": {
          "version": 0,
          "block": {
            "attributes": {
              "arn": {
                "type": "string",
                "description_kind": "plain",
                "computed": true
              },
              "description": {
                "type": "string",
                "description_kind": "plain",
                "optional": true
              },
              "id": {
                "type": "string",
                "description_kind": "plain",
                "optional": true,
                "computed": true
              },
              "kafka_versions": {
                "type": [
                  "set",
                  "string"
                ],
                "description_kind": "plain",
                "optional": true
              },
              "latest_revision": {
                "type": "number",
                "description_kind": "plain",
                "computed": true
              },
              "name": {
                "type": "string",
                "description_kind": "plain",
                "required": true
              },
              "server_properties": {
                "type": "string",
                "description_kind": "plain",
                "required": true
              }
            },
            "description_kind": "plain"
          }
        },
        "aws_nat_gateway": {
          "version": 0,
          "block": {
            "attributes": {
              "allocation_id": {
                "type": "string",
                "description_kind": "plain",
                "optional": true
              },
              "association_id": {
                "type": "string",
                "description_kind": "plain",
                "computed": true
              },
              "connectivity_type": {
                "type": "string",
                "description_kind": "plain",
                "optional": true
              },
              "id": {
                "type": "string",
                "description_kind": "plain",
                "optional": true,
                "computed": true
              },
              "network_interface_id": {
                "type": "string",
                "description_kind": "plain",
                "computed": true
              },
              "private_ip": {
                "type": "string",
                "description_kind": "plain",
                "optional": true,
                "computed": true
              },
              "public_ip": {
                "type": "string",
                "description_kind": "plain",
                "computed": true
              },
              "secondary_allocation_ids": {
                "type": [
                  "set",
                  "string"
                ],
                "description_kind": "plain",
                "optional": true
              },
              "secondary_private_ip_address_count": {
                "type": "number",
                "description_kind": "plain",
                "optional": true,
                "computed": true
              },
              "secondary_private_ip_addresses": {
                "type": [
                  "set",
                  "string"
                ],
                "description_kind": "plain",
                "optional": true,
                "computed": true
              },
              "subnet_id": {
                "type": "string",
                "description_kind": "plain",
                "required": true
              },
              "tags": {
                "type": [
                  "map",
                  "string"
                ],
                "description_kind": "plain",
                "optional": true
              },
              "tags_all": {
                "type": [
                  "map",
                  "string"
                ],
                "description_kind": "plain",
                "optional": true,
                "computed": true
              }
            },
            "block_types": {
              "timeouts": {
                "nesting_mode": "single",
                "block": {
                  "attributes": {
                    "create": {
                      "type": "string",
                      "description_kind": "plain",
                      "optional": true
                    },
                    "delete": {
                      "type": "string",
                      "description_kind": "plain",
                      "optional": true
                    },
                    "update": {
                      "type": "string",
                      "description_kind": "plain",
                      "optional": true
                    }
                  },
                  "description_kind": "plain"
                }
              }
            },
            "description_kind": "plain"
          }
        },
        "aws_network_interface": {
          "version": 0,
          "block": {
            "attributes": {
              "arn": {
                "type": "string",
                "description_kind": "plain",
                "computed": true
              },
              "description": {
                "type": "string",
                "description_kind": "plain",
                "optional": true
              },
              "id": {
                "type": "string",
                "description_kind": "plain",
                "optional": true,
                "computed": true
              },
              "interface_type": {
                "type": "string",
                "description_kind": "plain",
                "optional": true,
                "computed": true
              },
              "ipv4_prefix_count": {
                "type": "number",
                "description_kind": "plain",
                "optional": true,
                "computed": true
              },
              "ipv4_prefixes": {
                "type": [
                  "set",
                  "string"
                ],
                "description_kind": "plain",
                "optional": true,
                "computed": true
              },
              "ipv6_address_count": {
                "type": "number",
                "description_kind": "plain",
                "optional": true,
                "computed": true
              },
              "ipv6_address_list": {
                "type": [
                  "list",
                  "string"
                ],
                "description_kind": "plain",
                "optional": true,
                "computed": true
              },
              "ipv6_address_list_enabled": {
                "type": "bool",
                "description_kind": "plain",
                "optional": true
              },
              "ipv6_addresses": {
                "type": [
                  "set",
                  "string"
                ],
                "description_kind": "plain",
                "optional": true,
                "computed": true
              },
              "ipv6_prefix_count": {
                "type": "number",
                "description_kind": "plain",
                "optional": true,
                "computed": true
              },
              "ipv6_prefixes": {
                "type": [
                  "set",
                  "string"
                ],
                "description_kind": "plain",
                "optional": true,
                "computed": true
              },
              "mac_address": {
                "type": "string",
                "description_kind": "plain",
                "computed": true
              },
              "outpost_arn": {
                "type": "string",
                "description_kind": "plain",
                "computed": true
              },
              "owner_id": {
                "type": "string",
                "description_kind": "plain",
                "computed": true
              },
              "private_dns_name": {
                "type": "string",
                "description_kind": "plain",
                "computed": true
              },
              "private_ip": {
                "type": "string",
                "description_kind": "plain",
                "optional": true,
                "computed": true
              },
              "private_ip_list": {
                "type": [
                  "list",
                  "string"
                ],
                "description_kind": "plain",
                "optional": true,
                "computed": true
              },
              "private_ip_list_enabled": {
                "type": "bool",
                "description_kind": "plain",
                "optional": true
              },
              "private_ips": {
                "type": [
                  "set",
                  "string"
                ],
                "description_kind": "plain",
                "optional": true,
                "computed": true
              },
              "private_ips_count": {
                "type": "number",
                "description_kind": "plain",
                "optional": true,
                "computed": true
              },
              "security_groups": {
                "type": [
                  "set",
                  "string"
                ],
                "description_kind": "plain",
                "optional": true,
                "computed": true
              },
              "source_dest_check": {
                "type": "bool",
                "description_kind": "plain",
                "optional": true
              },
              "subnet_id": {
                "type": "string",
                "description_kind": "plain",
                "required": true
              },
              "tags": {
                "type": [
                  "map",
                  "string"
                ],
                "description_kind": "plain",
                "optional": true
              },
              "tags_all": {
                "type": [
                  "map",
                  "string"
                ],
                "description_kind": "plain",
                "optional": true,
                "computed": true
              }
            },
            "block_types": {
              "attachment": {
                "nesting_mode": "set",
                "block": {
                  "attributes": {
                    "attachment_id": {
                      "type": "string",
                      "description_kind": "plain",
                      "computed": true
                    },
                    "device_index": {
                      "type": "number",
                      "description_kind": "plain",
                      "required": true
                    },
                    "instance": {
                      "type": "string",
                      "description_kind": "plain",
                      "required": true
                    }
                  },
                  "description_kind": "plain"
                }
              }
            },
            "description_kind": "plain"
          }
        },
        "aws_opensearch_domain": {
          "version": 0,
          "block": {
            "attributes": {
              "access_policies": {
                "type": "string",
                "description_kind": "plain",
                "optional": true,
                "computed": true
              },
              "advanced_options": {
                "type": [
                  "map",
                  "string"
                ],
                "description_kind": "plain",
                "optional": true,
                "computed": true
              },
              "arn": {
                "type": "string",
                "description_kind": "plain",
                "computed": true
              },
              "dashboard_endpoint": {
                "type": "string",
                "description_kind": "plain",
                "computed": true
              },
              "dashboard_endpoint_v2": {
                "type": "string",
                "description_kind": "plain",
                "computed": true
              },
              "domain_endpoint_v2_hosted_zone_id": {
                "type": "string",
                "description_kind": "plain",
                "computed": true
              },
              "domain_id": {
                "type": "string",
                "description_kind": "plain",
                "computed": true
              },
              "domain_name": {
                "type": "string",
                "description_kind": "plain",
                "required": true
              },
              "endpoint": {
                "type": "string",
                "description_kind": "plain",
                "computed": true
              },
              "endpoint_v2": {
                "type": "string",
                "description_kind": "plain",
                "computed": true
              },
              "engine_version": {
                "type": "string",
                "description_kind": "plain",
                "optional": true,
                "computed": true
              },
              "id": {
                "type": "string",
                "description_kind": "plain",
                "optional": true,
                "computed": true
              },
              "ip_address_type": {
                "type": "string",
                "description_kind": "plain",
                "optional": true,
                "computed": true
              },
              "kibana_endpoint": {
                "type": "string",
                "description_kind": "plain",
                "deprecated": true,
                "computed": true
              },
              "tags": {
                "type": [
                  "map",
                  "string"
                ],
                "description_kind": "plain",
                "optional": true
              },
              "tags_all": {
                "type": [
                  "map",
                  "string"
                ],
                "description_kind": "plain",
                "optional": true,
                "computed": true
              }
            },
            "block_types": {
              "advanced_security_options": {
                "nesting_mode": "list",
                "block": {
                  "attributes": {
                    "anonymous_auth_enabled": {
                      "type": "bool",
                      "description_kind": "plain",
                      "optional": true,
                      "computed": true
                    },
                    "enabled": {
                      "type": "bool",
                      "description_kind": "plain",
                      "required": true
                    },
                    "internal_user_database_enabled": {
                      "type": "bool",
                      "description_kind": "plain",
                      "optional": true
                    }
                  },
                  "block_types": {
                    "master_user_options": {
                      "nesting_mode": "list",
                      "block": {
                        "attributes": {
                          "master_user_arn": {
                            "type": "string",
                            "description_kind": "plain",
                            "optional": true
                          },
                          "master_user_name": {
                            "type": "string",
                            "description_kind": "plain",
                            "optional": true
                          },
                          "master_user_password": {
                            "type": "string",
                            "description_kind": "plain",
                            "optional": true,
                            "sensitive": true
                          }
                        },
                        "description_kind": "plain"
                      },
                      "max_items": 1
                    }
                  },
                  "description_kind": "plain"
                },
                "max_items": 1
              },
              "auto_tune_options": {
                "nesting_mode": "list",
                "block": {
                  "attributes": {
                    "desired_state": {
                      "type": "string",
                      "description_kind": "plain",
                      "required": true
                    },
                    "rollback_on_disable": {
                      "type": "string",
                      "description_kind": "plain",
                      "optional": true,
                      "computed": true
                    },
                    "use_off_peak_window": {
                      "type": "bool",
                      "description_kind": "plain",
                      "optional": true
                    }
                  },
                  "block_types": {
                    "maintenance_schedule": {
                      "nesting_mode": "set",
                      "block": {
                        "attributes": {
                          "cron_expression_for_recurrence": {
                            "type": "string",
                            "description_kind": "plain",
                            "required": true
                          },
                          "start_at": {
                            "type": "string",
                            "description_kind": "plain",
                            "required": true
                          }
                        },
                        "block_types": {
                          "duration": {
                            "nesting_mode": "list",
                            "block": {
                              "attributes": {
                                "unit": {
                                  "type": "string",
                                  "description_kind": "plain",
                                  "required": true
                                },
                                "value": {
                                  "type": "number",
                                  "description_kind": "plain",
                                  "required": true
                                }
                              },
                              "description_kind": "plain"
                            },
                            "min_items": 1,
                            "max_items": 1
                          }
                        },
                        "description_kind": "plain"
                      }
                    }
                  },
                  "description_kind": "plain"
                },
                "max_items": 1
              },
              "cluster_config": {
                "nesting_mode": "list",
                "block": {
                  "attributes": {
                    "dedicated_master_count": {
                      "type": "number",
                      "description_kind": "plain",
                      "optional": true
                    },
                    "dedicated_master_enabled": {
                      "type": "bool",
                      "description_kind": "plain",
                      "optional": true
                    },
                    "dedicated_master_type": {
                      "type": "string",
                      "description_kind": "plain",
                      "optional": true
                    },
                    "instance_count": {
                      "type": "number",
                      "description_kind": "plain",
                      "optional": true
                    },
                    "instance_type": {
                      "type": "string",
                      "description_kind": "plain",
                      "optional": true
                    },
                    "multi_az_with_standby_enabled": {
                      "type": "bool",
                      "description_kind": "plain",
                      "optional": true
                    },
                    "warm_count": {
                      "type": "number",
                      "description_kind": "plain",
                      "optional": true
                    },
                    "warm_enabled": {
                      "type": "bool",
                      "description_kind": "plain",
                      "optional": true
                    },
                    "warm_type": {
                      "type": "string",
                      "description_kind": "plain",
                      "optional": true
                    },
                    "zone_awareness_enabled": {
                      "type": "bool",
                      "description_kind": "plain",
                      "optional": true
                    }
                  },
                  "block_types": {
                    "cold_storage_options": {
                      "nesting_mode": "list",
                      "block": {
                        "attributes": {
                          "enabled": {
                            "type": "bool",
                            "description_kind": "plain",
                            "optional": true,
                            "computed": true
                          }
                        },
                        "description_kind": "plain"
                      },
                      "max_items": 1
                    },
                    "zone_awareness_config": {
                      "nesting_mode": "list",
                      "block": {
                        "attributes": {
                          "availability_zone_count": {
                            "type": "number",
                            "description_kind": "plain",
                            "optional": true
                          }
                        },
                        "description_kind": "plain"
                      },
                      "max_items": 1
                    }
                  },
                  "description_kind": "plain"
                },
                "max_items": 1
              },
              "cognito_options": {
                "nesting_mode": "list",
                "block": {
                  "attributes": {
                    "enabled": {
                      "type": "bool",
                      "description_kind": "plain",
                      "optional": true
                    },
                    "identity_pool_id": {
                      "type": "string",
                      "description_kind": "plain",
                      "required": true
                    },
                    "role_arn": {
                      "type": "string",
                      "description_kind": "plain",
                      "required": true
                    },
                    "user_pool_id": {
                      "type": "string",
                      "description_kind": "plain",
                      "required": true
                    }
                  },
                  "description_kind": "plain"
                },
                "max_items": 1
              },
              "domain_endpoint_options": {
                "nesting_mode": "list",
                "block": {
                  "attributes": {
                    "custom_endpoint": {
                      "type": "string",
                      "description_kind": "plain",
                      "optional": true
                    },
                    "custom_endpoint_certificate_arn": {
                      "type": "string",
                      "description_kind": "plain",
                      "optional": true
                    },
                    "custom_endpoint_enabled": {
                      "type": "bool",
                      "description_kind": "plain",
                      "optional": true
                    },
                    "enforce_https": {
                      "type": "bool",
                      "description_kind": "plain",
                      "optional": true
                    },
                    "tls_security_policy": {
                      "type": "string",
                      "description_kind": "plain",
                      "optional": true,
                      "computed": true
                    }
                  },
                  "description_kind": "plain"
                },
                "max_items": 1
              },
              "ebs_options": {
                "nesting_mode": "list",
                "block": {
                  "attributes": {
                    "ebs_enabled": {
                      "type": "bool",
                      "description_kind": "plain",
                      "required": true
                    },
                    "iops": {
                      "type": "number",
                      "description_kind": "plain",
                      "optional": true,
                      "computed": true
                    },
                    "throughput": {
                      "type": "number",
                      "description_kind": "plain",
                      "optional": true,
                      "computed": true
                    },
                    "volume_size": {
                      "type": "number",
                      "description_kind": "plain",
                      "optional": true
                    },
                    "volume_type": {
                      "type": "string",
                      "description_kind": "plain",
                      "optional": true,
                      "computed": true
                    }
                  },
                  "description_kind": "plain"
                },
                "max_items": 1
              },
              "encrypt_at_rest": {
                "nesting_mode": "list",
                "block": {
                  "attributes": {
                    "enabled": {
                      "type": "bool",
                      "description_kind": "plain",
                      "required": true
                    },
                    "kms_key_id": {
                      "type": "string",
                      "description_kind": "plain",
                      "optional": true,
                      "computed": true
                    }
                  },
                  "description_kind": "plain"
                },
                "max_items": 1
              },
              "log_publishing_options": {
                "nesting_mode": "set",
                "block": {
                  "attributes": {
                    "cloudwatch_log_group_arn": {
                      "type": "string",
                      "description_kind": "plain",
                      "required": true
                    },
                    "enabled": {
                      "type": "bool",
                      "description_kind": "plain",
                      "optional": true
                    },
                    "log_type": {
                      "type": "string",
                      "description_kind": "plain",
                      "required": true
                    }
                  },
                  "description_kind": "plain"
                }
              },
              "node_to_node_encryption": {
                "nesting_mode": "list",
                "block": {
                  "attributes": {
                    "enabled": {
                      "type": "bool",
                      "description_kind": "plain",
                      "required": true
                    }
                  },
                  "description_kind": "plain"
                },
                "max_items": 1
              },
              "off_peak_window_options": {
                "nesting_mode": "list",
                "block": {
                  "attributes": {
                    "enabled": {
                      "type": "bool",
                      "description_kind": "plain",
                      "optional": true,
                      "computed": true
                    }
                  },
                  "block_types": {
                    "off_peak_window": {
                      "nesting_mode": "list",
                      "block": {
                        "block_types": {
                          "window_start_time": {
                            "nesting_mode": "list",
                            "block": {
                              "attributes": {
                                "hours": {
                                  "type": "number",
                                  "description_kind": "plain",
                                  "optional": true,
                                  "computed": true
                                },
                                "minutes": {
                                  "type": "number",
                                  "description_kind": "plain",
                                  "optional": true,
                                  "computed": true
                                }
                              },
                              "description_kind": "plain"
                            },
                            "max_items": 1
                          }
                        },
                        "description_kind": "plain"
                      },
                      "max_items": 1
                    }
                  },
                  "description_kind": "plain"
                },
                "max_items": 1
              },
              "snapshot_options": {
                "nesting_mode": "list",
                "block": {
                  "attributes": {
                    "automated_snapshot_start_hour": {
                      "type": "number",
                      "description_kind": "plain",
                      "required": true
                    }
                  },
                  "description_kind": "plain"
                },
                "max_items": 1
              },
              "software_update_options": {
                "nesting_mode": "list",
                "block": {
                  "attributes": {
                    "auto_software_update_enabled": {
                      "type": "bool",
                      "description_kind": "plain",
                      "optional": true,
                      "computed": true
                    }
                  },
                  "description_kind": "plain"
                },
                "max_items": 1
              },
              "timeouts": {
                "nesting_mode": "single",
                "block": {
                  "attributes": {
                    "create": {
                      "type": "string",
                      "description_kind": "plain",
                      "optional": true
                    },
                    "delete": {
                      "type": "string",
                      "description_kind": "plain",
                      "optional": true
                    },
                    "update": {
                      "type": "string",
                      "description_kind": "plain",
                      "optional": true
                    }
                  },
                  "description_kind": "plain"
                }
              },
              "vpc_options": {
                "nesting_mode": "list",
                "block": {
                  "attributes": {
                    "availability_zones": {
                      "type": [
                        "set",
                        "string"
                      ],
                      "description_kind": "plain",
                      "computed": true
                    },
                    "security_group_ids": {
                      "type": [
                        "set",
                        "string"
                      ],
                      "description_kind": "plain",
                      "optional": true
                    },
                    "subnet_ids": {
                      "type": [
                        "set",
                        "string"
                      ],
                      "description_kind": "plain",
                      "optional": true
                    },
                    "vpc_id": {
                      "type": "string",
                      "description_kind": "plain",
                      "computed": true
                    }
                  },
                  "description_kind": "plain"
                },
                "max_items": 1
              }
            },
            "description_kind": "plain"
          }
        },
        "aws_rds_cluster": {
          "version": 1,
          "block": {
            "attributes": {
              "allocated_storage": {
                "type": "number",
                "description_kind": "plain",
                "optional": true,
                "computed": true
              },
              "allow_major_version_upgrade": {
                "type": "bool",
                "description_kind": "plain",
                "optional": true
              },
              "apply_immediately": {
                "type": "bool",
                "description_kind": "plain",
                "optional": true,
                "computed": true
              },
              "arn": {
                "type": "string",
                "description_kind": "plain",
                "computed": true
              },
              "availability_zones": {
                "type": [
                  "set",
                  "string"
                ],
                "description_kind": "plain",
                "optional": true,
                "computed": true
              },
              "backtrack_window": {
                "type": "number",
                "description_kind": "plain",
                "optional": true
              },
              "backup_retention_period": {
                "type": "number",
                "description_kind": "plain",
                "optional": true,
                "computed": true
              },
              "ca_certificate_identifier": {
                "type": "string",
                "description_kind": "plain",
                "optional": true,
                "computed": true
              },
              "ca_certificate_valid_till": {
                "type": "string",
                "description_kind": "plain",
                "computed": true
              },
              "cluster_identifier": {
                "type": "string",
                "description_kind": "plain",
                "optional": true,
                "computed": true
              },
              "cluster_identifier_prefix": {
                "type": "string",
                "description_kind": "plain",
                "optional": true,
                "computed": true
              },
              "cluster_members": {
                "type": [
                  "set",
                  "string"
                ],
                "description_kind": "plain",
                "optional": true,
                "computed": true
              },
              "cluster_resource_id": {
                "type": "string",
                "description_kind": "plain",
                "computed": true
              },
              "copy_tags_to_snapshot": {
                "type": "bool",
                "description_kind": "plain",
                "optional": true
              },
              "database_name": {
                "type": "string",
                "description_kind": "plain",
                "optional": true,
                "computed": true
              },
              "db_cluster_instance_class": {
                "type": "string",
                "description_kind": "plain",
                "optional": true
              },
              "db_cluster_parameter_group_name": {
                "type": "string",
                "description_kind": "plain",
                "optional": true,
                "computed": true
              },
              "db_instance_parameter_group_name": {
                "type": "string",
                "description_kind": "plain",
                "optional": true
              },
              "db_subnet_group_name": {
                "type": "string",
                "description_kind": "plain",
                "optional": true,
                "computed": true
              },
              "db_system_id": {
                "type": "string",
                "description_kind": "plain",
                "optional": true,
                "computed": true
              },
              "delete_automated_backups": {
                "type": "bool",
                "description_kind": "plain",
                "optional": true
              },
              "deletion_protection": {
                "type": "bool",
                "description_kind": "plain",
                "optional": true
              },
              "domain": {
                "type": "string",
                "description_kind": "plain",
                "optional": true
              },
              "domain_iam_role_name": {
                "type": "string",
                "description_kind": "plain",
                "optional": true
              },
              "enable_global_write_forwarding": {
                "type": "bool",
                "description_kind": "plain",
                "optional": true
              },
              "enable_http_endpoint": {
                "type": "bool",
                "description_kind": "plain",
                "optional": true
              },
              "enable_local_write_forwarding": {
                "type": "bool",
                "description_kind": "plain",
                "optional": true
              },
              "enabled_cloudwatch_logs_exports": {
                "type": [
                  "set",
                  "string"
                ],
                "description_kind": "plain",
                "optional": true
              },
              "endpoint": {
                "type": "string",
                "description_kind": "plain",
                "computed": true
              },
              "engine": {
                "type": "string",
                "description_kind": "plain",
                "required": true
              },
              "engine_lifecycle_support": {
                "type": "string",
                "description_kind": "plain",
                "optional": true,
                "computed": true
              },
              "engine_mode": {
                "type": "string",
                "description_kind": "plain",
                "optional": true
              },
              "engine_version": {
                "type": "string",
                "description_kind": "plain",
                "optional": true,
                "computed": true
              },
              "engine_version_actual": {
                "type": "string",
                "description_kind": "plain",
                "computed": true
              },
              "final_snapshot_identifier": {
                "type": "string",
                "description_kind": "plain",
                "optional": true
              },
              "global_cluster_identifier": {
                "type": "string",
                "description_kind": "plain",
                "optional": true
              },
              "hosted_zone_id": {
                "type": "string",
                "description_kind": "plain",
                "computed": true
              },
              "iam_database_authentication_enabled": {
                "type": "bool",
                "description_kind": "plain",
                "optional": true
              },
              "iam_roles": {
                "type": [
                  "set",
                  "string"
                ],
                "description_kind": "plain",
                "optional": true,
                "computed": true
              },
              "id": {
                "type": "string",
                "description_kind": "plain",
                "optional": true,
                "computed": true
              },
              "iops": {
                "type": "number",
                "description_kind": "plain",
                "optional": true
              },
              "kms_key_id": {
                "type": "string",
                "description_kind": "plain",
                "optional": true,
                "computed": true
              },
              "manage_master_user_password": {
                "type": "bool",
                "description_kind": "plain",
                "optional": true
              },
              "master_password": {
                "type": "string",
                "description_kind": "plain",
                "optional": true,
                "sensitive": true
              },
              "master_user_secret": {
                "type": [
                  "list",
                  [
                    "object",
                    {
                      "kms_key_id": "string",
                      "secret_arn": "string",
                      "secret_status": "string"
                    }
                  ]
                ],
                "description_kind": "plain",
                "computed": true
              },
              "master_user_secret_kms_key_id": {
                "type": "string",
                "description_kind": "plain",
                "optional": true,
                "computed": true
              },
              "master_username": {
                "type": "string",
                "description_kind": "plain",
                "optional": true,
                "computed": true
              },
              "network_type": {
                "type": "string",
                "description_kind": "plain",
                "optional": true,
                "computed": true
              },
              "performance_insights_enabled": {
                "type": "bool",
                "description_kind": "plain",
                "optional": true
              },
              "performance_insights_kms_key_id": {
                "type": "string",
                "description_kind": "plain",
                "optional": true,
                "computed": true
              },
              "performance_insights_retention_period": {
                "type": "number",
                "description_kind": "plain",
                "optional": true,
                "computed": true
              },
              "port": {
                "type": "number",
                "description_kind": "plain",
                "optional": true,
                "computed": true
              },
              "preferred_backup_window": {
                "type": "string",
                "description_kind": "plain",
                "optional": true,
                "computed": true
              },
              "preferred_maintenance_window": {
                "type": "string",
                "description_kind": "plain",
                "optional": true,
                "computed": true
              },
              "reader_endpoint": {
                "type": "string",
                "description_kind": "plain",
                "computed": true
              },
              "replication_source_identifier": {
                "type": "string",
                "description_kind": "plain",
                "optional": true
              },
              "skip_final_snapshot": {
                "type": "bool",
                "description_kind": "plain",
                "optional": true
              },
              "snapshot_identifier": {
                "type": "string",
                "description_kind": "plain",
                "optional": true
              },
              "source_region": {
                "type": "string",
                "description_kind": "plain",
                "optional": true
              },
              "storage_encrypted": {
                "type": "bool",
                "description_kind": "plain",
                "optional": true,
                "computed": true
              },
              "storage_type": {
                "type": "string",
                "description_kind": "plain",
                "optional": true,
                "computed": true
              },
              "tags": {
                "type": [
                  "map",
                  "string"
                ],
                "description_kind": "plain",
                "optional": true
              },
              "tags_all": {
                "type": [
                  "map",
                  "string"
                ],
                "description_kind": "plain",
                "optional": true,
                "computed": true
              },
              "vpc_security_group_ids": {
                "type": [
                  "set",
                  "string"
                ],
                "description_kind": "plain",
                "optional": true,
                "computed": true
              }
            },
            "block_types": {
              "restore_to_point_in_time": {
                "nesting_mode": "list",
                "block": {
                  "attributes": {
                    "restore_to_time": {
                      "type": "string",
                      "description_kind": "plain",
                      "optional": true
                    },
                    "restore_type": {
                      "type": "string",
                      "description_kind": "plain",
                      "optional": true
                    },
                    "source_cluster_identifier": {
                      "type": "string",
                      "description_kind": "plain",
                      "optional": true
                    },
                    "source_cluster_resource_id": {
                      "type": "string",
                      "description_kind": "plain",
                      "optional": true
                    },
                    "use_latest_restorable_time": {
                      "type": "bool",
                      "description_kind": "plain",
                      "optional": true
                    }
                  },
                  "description_kind": "plain"
                },
                "max_items": 1
              },
              "s3_import": {
                "nesting_mode": "list",
                "block": {
                  "attributes": {
                    "bucket_name": {
                      "type": "string",
                      "description_kind": "plain",
                      "required": true
                    },
                    "bucket_prefix": {
                      "type": "string",
                      "description_kind": "plain",
                      "optional": true
                    },
                    "ingestion_role": {
                      "type": "string",
                      "description_kind": "plain",
                      "required": true
                    },
                    "source_engine": {
                      "type": "string",
                      "description_kind": "plain",
                      "required": true
                    },
                    "source_engine_version": {
                      "type": "string",
                      "description_kind": "plain",
                      "required": true
                    }
                  },
                  "description_kind": "plain"
                },
                "max_items": 1
              },
              "scaling_configuration": {
                "nesting_mode": "list",
                "block": {
                  "attributes": {
                    "auto_pause": {
                      "type": "bool",
                      "description_kind": "plain",
                      "optional": true
                    },
                    "max_capacity": {
                      "type": "number",
                      "description_kind": "plain",
                      "optional": true
                    },
                    "min_capacity": {
                      "type": "number",
                      "description_kind": "plain",
                      "optional": true
                    },
                    "seconds_before_timeout": {
                      "type": "number",
                      "description_kind": "plain",
                      "optional": true
                    },
                    "seconds_until_auto_pause": {
                      "type": "number",
                      "description_kind": "plain",
                      "optional": true
                    },
                    "timeout_action": {
                      "type": "string",
                      "description_kind": "plain",
                      "optional": true
                    }
                  },
                  "description_kind": "plain"
                },
                "max_items": 1
              },
              "serverlessv2_scaling_configuration": {
                "nesting_mode": "list",
                "block": {
                  "attributes": {
                    "max_capacity": {
                      "type": "number",
                      "description_kind": "plain",
                      "required": true
                    },
                    "min_capacity": {
                      "type": "number",
                      "description_kind": "plain",
                      "required": true
                    }
                  },
                  "description_kind": "plain"
                },
                "max_items": 1
              },
              "timeouts": {
                "nesting_mode": "single",
                "block": {
                  "attributes": {
                    "create": {
                      "type": "string",
                      "description_kind": "plain",
                      "optional": true
                    },
                    "delete": {
                      "type": "string",
                      "description_kind": "plain",
                      "optional": true
                    },
                    "update": {
                      "type": "string",
                      "description_kind": "plain",
                      "optional": true
                    }
                  },
                  "description_kind": "plain"
                }
              }
            },
            "description_kind": "plain"
          }
        },
        "aws_resourceexplorer2_index": {
          "version": 0,
          "block": {
            "attributes": {
              "arn": {
                "type": "string",
                "description_kind": "plain",
                "computed": true
              },
              "id": {
                "type": "string",
                "description_kind": "plain",
                "computed": true
              },
              "tags": {
                "type": [
                  "map",
                  "string"
                ],
                "description_kind": "plain",
                "optional": true
              },
              "tags_all": {
                "type": [
                  "map",
                  "string"
                ],
                "description_kind": "plain",
                "computed": true
              },
              "type": {
                "type": "string",
                "description_kind": "plain",
                "required": true
              }
            },
            "block_types": {
              "timeouts": {
                "nesting_mode": "single",
                "block": {
                  "attributes": {
                    "create": {
                      "type": "string",
                      "description": "A string that can be [parsed as a duration](https://pkg.go.dev/time#ParseDuration) consisting of numbers and unit suffixes, such as \"30s\" or \"2h45m\". Valid time units are \"s\" (seconds), \"m\" (minutes), \"h\" (hours).",
                      "description_kind": "plain",
                      "optional": true
                    },
                    "delete": {
                      "type": "string",
                      "description": "A string that can be [parsed as a duration](https://pkg.go.dev/time#ParseDuration) consisting of numbers and unit suffixes, such as \"30s\" or \"2h45m\". Valid time units are \"s\" (seconds), \"m\" (minutes), \"h\" (hours). Setting a timeout for a Delete operation is only applicable if changes are saved into state before the destroy operation occurs.",
                      "description_kind": "plain",
                      "optional": true
                    },
                    "update": {
                      "type": "string",
                      "description": "A string that can be [parsed as a duration](https://pkg.go.dev/time#ParseDuration) consisting of numbers and unit suffixes, such as \"30s\" or \"2h45m\". Valid time units are \"s\" (seconds), \"m\" (minutes), \"h\" (hours).",
                      "description_kind": "plain",
                      "optional": true
                    }
                  },
                  "description_kind": "plain"
                }
              }
            },
            "description_kind": "plain"
          }
        },
        "aws_resourceexplorer2_view": {
          "version": 0,
          "block": {
            "attributes": {
              "arn": {
                "type": "string",
                "description_kind": "plain",
                "computed": true
              },
              "default_view": {
                "type": "bool",
                "description_kind": "plain",
                "optional": true,
                "computed": true
              },
              "id": {
                "type": "string",
                "description_kind": "plain",
                "computed": true
              },
              "name": {
                "type": "string",
                "description_kind": "plain",
                "required": true
              },
              "tags": {
                "type": [
                  "map",
                  "string"
                ],
                "description_kind": "plain",
                "optional": true
              },
              "tags_all": {
                "type": [
                  "map",
                  "string"
                ],
                "description_kind": "plain",
                "computed": true
              }
            },
            "block_types": {
              "filters": {
                "nesting_mode": "list",
                "block": {
                  "attributes": {
                    "filter_string": {
                      "type": "string",
                      "description_kind": "plain",
                      "required": true
                    }
                  },
                  "description_kind": "plain"
                }
              },
              "included_property": {
                "nesting_mode": "list",
                "block": {
                  "attributes": {
                    "name": {
                      "type": "string",
                      "description_kind": "plain",
                      "required": true
                    }
                  },
                  "description_kind": "plain"
                }
              }
            },
            "description_kind": "plain"
          }
        },
        "aws_route53_zone": {
          "version": 0,
          "block": {
            "attributes": {
              "arn": {
                "type": "string",
                "description_kind": "plain",
                "computed": true
              },
              "comment": {
                "type": "string",
                "description_kind": "plain",
                "optional": true
              },
              "delegation_set_id": {
                "type": "string",
                "description_kind": "plain",
                "optional": true
              },
              "force_destroy": {
                "type": "bool",
                "description_kind": "plain",
                "optional": true
              },
              "id": {
                "type": "string",
                "description_kind": "plain",
                "optional": true,
                "computed": true
              },
              "name": {
                "type": "string",
                "description_kind": "plain",
                "required": true
              },
              "name_servers": {
                "type": [
                  "list",
                  "string"
                ],
                "description_kind": "plain",
                "computed": true
              },
              "primary_name_server": {
                "type": "string",
                "description_kind": "plain",
                "computed": true
              },
              "tags": {
                "type": [
                  "map",
                  "string"
                ],
                "description_kind": "plain",
                "optional": true
              },
              "tags_all": {
                "type": [
                  "map",
                  "string"
                ],
                "description_kind": "plain",
                "optional": true,
                "computed": true
              },
              "zone_id": {
                "type": "string",
                "description_kind": "plain",
                "computed": true
              }
            },
            "block_types": {
              "vpc": {
                "nesting_mode": "set",
                "block": {
                  "attributes": {
                    "vpc_id": {
                      "type": "string",
                      "description_kind": "plain",
                      "required": true
                    },
                    "vpc_region": {
                      "type": "string",
                      "description_kind": "plain",
                      "optional": true,
                      "computed": true
                    }
                  },
                  "description_kind": "plain"
                }
              }
            },
            "description_kind": "plain"
          }
        },
        "aws_route_table": {
          "version": 0,
          "block": {
            "attributes": {
              "arn": {
                "type": "string",
                "description_kind": "plain",
                "computed": true
              },
              "id": {
                "type": "string",
                "description_kind": "plain",
                "optional": true,
                "computed": true
              },
              "owner_id": {
                "type": "string",
                "description_kind": "plain",
                "computed": true
              },
              "propagating_vgws": {
                "type": [
                  "set",
                  "string"
                ],
                "description_kind": "plain",
                "optional": true,
                "computed": true
              },
              "route": {
                "type": [
                  "set",
                  [
                    "object",
                    {
                      "carrier_gateway_id": "string",
                      "cidr_block": "string",
                      "core_network_arn": "string",
                      "destination_prefix_list_id": "string",
                      "egress_only_gateway_id": "string",
                      "gateway_id": "string",
                      "ipv6_cidr_block": "string",
                      "local_gateway_id": "string",
                      "nat_gateway_id": "string",
                      "network_interface_id": "string",
                      "transit_gateway_id": "string",
                      "vpc_endpoint_id": "string",
                      "vpc_peering_connection_id": "string"
                    }
                  ]
                ],
                "description_kind": "plain",
                "optional": true,
                "computed": true
              },
              "tags": {
                "type": [
                  "map",
                  "string"
                ],
                "description_kind": "plain",
                "optional": true
              },
              "tags_all": {
                "type": [
                  "map",
                  "string"
                ],
                "description_kind": "plain",
                "optional": true,
                "computed": true
              },
              "vpc_id": {
                "type": "string",
                "description_kind": "plain",
                "required": true
              }
            },
            "block_types": {
              "timeouts": {
                "nesting_mode": "single",
                "block": {
                  "attributes": {
                    "create": {
                      "type": "string",
                      "description_kind": "plain",
                      "optional": true
                    },
                    "delete": {
                      "type": "string",
                      "description_kind": "plain",
                      "optional": true
                    },
                    "update": {
                      "type": "string",
                      "description_kind": "plain",
                      "optional": true
                    }
                  },
                  "description_kind": "plain"
                }
              }
            },
            "description_kind": "plain"
          }
        },
        "aws_s3_bucket": {
          "version": 0,
          "block": {
            "attributes": {
              "acceleration_status": {
                "type": "string",
                "description_kind": "plain",
                "deprecated": true,
                "optional": true,
                "computed": true
              },
              "acl": {
                "type": "string",
                "description_kind": "plain",
                "deprecated": true,
                "optional": true,
                "computed": true
              },
              "arn": {
                "type": "string",
                "description_kind": "plain",
                "computed": true
              },
              "bucket": {
                "type": "string",
                "description_kind": "plain",
                "optional": true,
                "computed": true
              },
              "bucket_domain_name": {
                "type": "string",
                "description_kind": "plain",
                "computed": true
              },
              "bucket_prefix": {
                "type": "string",
                "description_kind": "plain",
                "optional": true,
                "computed": true
              },
              "bucket_regional_domain_name": {
                "type": "string",
                "description_kind": "plain",
                "computed": true
              },
              "force_destroy": {
                "type": "bool",
                "description_kind": "plain",
                "optional": true
              },
              "hosted_zone_id": {
                "type": "string",
                "description_kind": "plain",
                "computed": true
              },
              "id": {
                "type": "string",
                "description_kind": "plain",
                "optional": true,
                "computed": true
              },
              "object_lock_enabled": {
                "type": "bool",
                "description_kind": "plain",
                "optional": true,
                "computed": true
              },
              "policy": {
                "type": "string",
                "description_kind": "plain",
                "deprecated": true,
                "optional": true,
                "computed": true
              },
              "region": {
                "type": "string",
                "description_kind": "plain",
                "computed": true
              },
              "request_payer": {
                "type": "string",
                "description_kind": "plain",
                "deprecated": true,
                "optional": true,
                "computed": true
              },
              "tags": {
                "type": [
                  "map",
                  "string"
                ],
                "description_kind": "plain",
                "optional": true
              },
              "tags_all": {
                "type": [
                  "map",
                  "string"
                ],
                "description_kind": "plain",
                "optional": true,
                "computed": true
              },
              "website_domain": {
                "type": "string",
                "description_kind": "plain",
                "deprecated": true,
                "computed": true
              },
              "website_endpoint": {
                "type": "string",
                "description_kind": "plain",
                "deprecated": true,
                "computed": true
              }
            },
            "block_types": {
              "cors_rule": {
                "nesting_mode": "list",
                "block": {
                  "attributes": {
                    "allowed_headers": {
                      "type": [
                        "list",
                        "string"
                      ],
                      "description_kind": "plain",
                      "optional": true
                    },
                    "allowed_methods": {
                      "type": [
                        "list",
                        "string"
                      ],
                      "description_kind": "plain",
                      "required": true
                    },
                    "allowed_origins": {
                      "type": [
                        "list",
                        "string"
                      ],
                      "description_kind": "plain",
                      "required": true
                    },
                    "expose_headers": {
                      "type": [
                        "list",
                        "string"
                      ],
                      "description_kind": "plain",
                      "optional": true
                    },
                    "max_age_seconds": {
                      "type": "number",
                      "description_kind": "plain",
                      "optional": true
                    }
                  },
                  "description_kind": "plain",
                  "deprecated": true
                }
              },
              "grant": {
                "nesting_mode": "set",
                "block": {
                  "attributes": {
                    "id": {
                      "type": "string",
                      "description_kind": "plain",
                      "optional": true
                    },
                    "permissions": {
                      "type": [
                        "set",
                        "string"
                      ],
                      "description_kind": "plain",
                      "required": true
                    },
                    "type": {
                      "type": "string",
                      "description_kind": "plain",
                      "required": true
                    },
                    "uri": {
                      "type": "string",
                      "description_kind": "plain",
                      "optional": true
                    }
                  },
                  "description_kind": "plain",
                  "deprecated": true
                }
              },
              "lifecycle_rule": {
                "nesting_mode": "list",
                "block": {
                  "attributes": {
                    "abort_incomplete_multipart_upload_days": {
                      "type": "number",
                      "description_kind": "plain",
                      "optional": true
                    },
                    "enabled": {
                      "type": "bool",
                      "description_kind": "plain",
                      "required": true
                    },
                    "id": {
                      "type": "string",
                      "description_kind": "plain",
                      "optional": true,
                      "computed": true
                    },
                    "prefix": {
                      "type": "string",
                      "description_kind": "plain",
                      "optional": true
                    },
                    "tags": {
                      "type": [
                        "map",
                        "string"
                      ],
                      "description_kind": "plain",
                      "optional": true
                    }
                  },
                  "block_types": {
                    "expiration": {
                      "nesting_mode": "list",
                      "block": {
                        "attributes": {
                          "date": {
                            "type": "string",
                            "description_kind": "plain",
                            "optional": true
                          },
                          "days": {
                            "type": "number",
                            "description_kind": "plain",
                            "optional": true
                          },
                          "expired_object_delete_marker": {
                            "type": "bool",
                            "description_kind": "plain",
                            "optional": true
                          }
                        },
                        "description_kind": "plain"
                      },
                      "max_items": 1
                    },
                    "noncurrent_version_expiration": {
                      "nesting_mode": "list",
                      "block": {
                        "attributes": {
                          "days": {
                            "type": "number",
                            "description_kind": "plain",
                            "optional": true
                          }
                        },
                        "description_kind": "plain"
                      },
                      "max_items": 1
                    },
                    "noncurrent_version_transition": {
                      "nesting_mode": "set",
                      "block": {
                        "attributes": {
                          "days": {
                            "type": "number",
                            "description_kind": "plain",
                            "optional": true
                          },
                          "storage_class": {
                            "type": "string",
                            "description_kind": "plain",
                            "required": true
                          }
                        },
                        "description_kind": "plain"
                      }
                    },
                    "transition": {
                      "nesting_mode": "set",
                      "block": {
                        "attributes": {
                          "date": {
                            "type": "string",
                            "description_kind": "plain",
                            "optional": true
                          },
                          "days": {
                            "type": "number",
                            "description_kind": "plain",
                            "optional": true
                          },
                          "storage_class": {
                            "type": "string",
                            "description_kind": "plain",
                            "required": true
                          }
                        },
                        "description_kind": "plain"
                      }
                    }
                  },
                  "description_kind": "plain",
                  "deprecated": true
                }
              },
              "logging": {
                "nesting_mode": "list",
                "block": {
                  "attributes": {
                    "target_bucket": {
                      "type": "string",
                      "description_kind": "plain",
                      "required": true
                    },
                    "target_prefix": {
                      "type": "string",
                      "description_kind": "plain",
                      "optional": true
                    }
                  },
                  "description_kind": "plain",
                  "deprecated": true
                },
                "max_items": 1
              },
              "object_lock_configuration": {
                "nesting_mode": "list",
                "block": {
                  "attributes": {
                    "object_lock_enabled": {
                      "type": "string",
                      "description_kind": "plain",
                      "deprecated": true,
                      "optional": true
                    }
                  },
                  "block_types": {
                    "rule": {
                      "nesting_mode": "list",
                      "block": {
                        "block_types": {
                          "default_retention": {
                            "nesting_mode": "list",
                            "block": {
                              "attributes": {
                                "days": {
                                  "type": "number",
                                  "description_kind": "plain",
                                  "optional": true
                                },
                                "mode": {
                                  "type": "string",
                                  "description_kind": "plain",
                                  "required": true
                                },
                                "years": {
                                  "type": "number",
                                  "description_kind": "plain",
                                  "optional": true
                                }
                              },
                              "description_kind": "plain"
                            },
                            "min_items": 1,
                            "max_items": 1
                          }
                        },
                        "description_kind": "plain",
                        "deprecated": true
                      },
                      "max_items": 1
                    }
                  },
                  "description_kind": "plain",
                  "deprecated": true
                },
                "max_items": 1
              },
              "replication_configuration": {
                "nesting_mode": "list",
                "block": {
                  "attributes": {
                    "role": {
                      "type": "string",
                      "description_kind": "plain",
                      "required": true
                    }
                  },
                  "block_types": {
                    "rules": {
                      "nesting_mode": "set",
                      "block": {
                        "attributes": {
                          "delete_marker_replication_status": {
                            "type": "string",
                            "description_kind": "plain",
                            "optional": true
                          },
                          "id": {
                            "type": "string",
                            "description_kind": "plain",
                            "optional": true
                          },
                          "prefix": {
                            "type": "string",
                            "description_kind": "plain",
                            "optional": true
                          },
                          "priority": {
                            "type": "number",
                            "description_kind": "plain",
                            "optional": true
                          },
                          "status": {
                            "type": "string",
                            "description_kind": "plain",
                            "required": true
                          }
                        },
                        "block_types": {
                          "destination": {
                            "nesting_mode": "list",
                            "block": {
                              "attributes": {
                                "account_id": {
                                  "type": "string",
                                  "description_kind": "plain",
                                  "optional": true
                                },
                                "bucket": {
                                  "type": "string",
                                  "description_kind": "plain",
                                  "required": true
                                },
                                "replica_kms_key_id": {
                                  "type": "string",
                                  "description_kind": "plain",
                                  "optional": true
                                },
                                "storage_class": {
                                  "type": "string",
                                  "description_kind": "plain",
                                  "optional": true
                                }
                              },
                              "block_types": {
                                "access_control_translation": {
                                  "nesting_mode": "list",
                                  "block": {
                                    "attributes": {
                                      "owner": {
                                        "type": "string",
                                        "description_kind": "plain",
                                        "required": true
                                      }
                                    },
                                    "description_kind": "plain"
                                  },
                                  "max_items": 1
                                },
                                "metrics": {
                                  "nesting_mode": "list",
                                  "block": {
                                    "attributes": {
                                      "minutes": {
                                        "type": "number",
                                        "description_kind": "plain",
                                        "optional": true
                                      },
                                      "status": {
                                        "type": "string",
                                        "description_kind": "plain",
                                        "optional": true
                                      }
                                    },
                                    "description_kind": "plain"
                                  },
                                  "max_items": 1
                                },
                                "replication_time": {
                                  "nesting_mode": "list",
                                  "block": {
                                    "attributes": {
                                      "minutes": {
                                        "type": "number",
                                        "description_kind": "plain",
                                        "optional": true
                                      },
                                      "status": {
                                        "type": "string",
                                        "description_kind": "plain",
                                        "optional": true
                                      }
                                    },
                                    "description_kind": "plain"
                                  },
                                  "max_items": 1
                                }
                              },
                              "description_kind": "plain"
                            },
                            "min_items": 1,
                            "max_items": 1
                          },
                          "filter": {
                            "nesting_mode": "list",
                            "block": {
                              "attributes": {
                                "prefix": {
                                  "type": "string",
                                  "description_kind": "plain",
                                  "optional": true
                                },
                                "tags": {
                                  "type": [
                                    "map",
                                    "string"
                                  ],
                                  "description_kind": "plain",
                                  "optional": true
                                }
                              },
                              "description_kind": "plain"
                            },
                            "max_items": 1
                          },
                          "source_selection_criteria": {
                            "nesting_mode": "list",
                            "block": {
                              "block_types": {
                                "sse_kms_encrypted_objects": {
                                  "nesting_mode": "list",
                                  "block": {
                                    "attributes": {
                                      "enabled": {
                                        "type": "bool",
                                        "description_kind": "plain",
                                        "required": true
                                      }
                                    },
                                    "description_kind": "plain"
                                  },
                                  "max_items": 1
                                }
                              },
                              "description_kind": "plain"
                            },
                            "max_items": 1
                          }
                        },
                        "description_kind": "plain"
                      },
                      "min_items": 1
                    }
                  },
                  "description_kind": "plain",
                  "deprecated": true
                },
                "max_items": 1
              },
              "server_side_encryption_configuration": {
                "nesting_mode": "list",
                "block": {
                  "block_types": {
                    "rule": {
                      "nesting_mode": "list",
                      "block": {
                        "attributes": {
                          "bucket_key_enabled": {
                            "type": "bool",
                            "description_kind": "plain",
                            "optional": true
                          }
                        },
                        "block_types": {
                          "apply_server_side_encryption_by_default": {
                            "nesting_mode": "list",
                            "block": {
                              "attributes": {
                                "kms_master_key_id": {
                                  "type": "string",
                                  "description_kind": "plain",
                                  "optional": true
                                },
                                "sse_algorithm": {
                                  "type": "string",
                                  "description_kind": "plain",
                                  "required": true
                                }
                              },
                              "description_kind": "plain"
                            },
                            "min_items": 1,
                            "max_items": 1
                          }
                        },
                        "description_kind": "plain"
                      },
                      "min_items": 1,
                      "max_items": 1
                    }
                  },
                  "description_kind": "plain",
                  "deprecated": true
                },
                "max_items": 1
              },
              "timeouts": {
                "nesting_mode": "single",
                "block": {
                  "attributes": {
                    "create": {
                      "type": "string",
                      "description_kind": "plain",
                      "optional": true
                    },
                    "delete": {
                      "type": "string",
                      "description_kind": "plain",
                      "optional": true
                    },
                    "read": {
                      "type": "string",
                      "description_kind": "plain",
                      "optional": true
                    },
                    "update": {
                      "type": "string",
                      "description_kind": "plain",
                      "optional": true
                    }
                  },
                  "description_kind": "plain"
                }
              },
              "versioning": {
                "nesting_mode": "list",
                "block": {
                  "attributes": {
                    "enabled": {
                      "type": "bool",
                      "description_kind": "plain",
                      "optional": true
                    },
                    "mfa_delete": {
                      "type": "bool",
                      "description_kind": "plain",
                      "optional": true
                    }
                  },
                  "description_kind": "plain",
                  "deprecated": true
                },
                "max_items": 1
              },
              "website": {
                "nesting_mode": "list",
                "block": {
                  "attributes": {
                    "error_document": {
                      "type": "string",
                      "description_kind": "plain",
                      "optional": true
                    },
                    "index_document": {
                      "type": "string",
                      "description_kind": "plain",
                      "optional": true
                    },
                    "redirect_all_requests_to": {
                      "type": "string",
                      "description_kind": "plain",
                      "optional": true
                    },
                    "routing_rules": {
                      "type": "string",
                      "description_kind": "plain",
                      "optional": true
                    }
                  },
                  "description_kind": "plain",
                  "deprecated": true
                },
                "max_items": 1
              }
            },
            "description_kind": "plain"
          }
        },
        "aws_s3_bucket_lifecycle_configuration": {
          "version": 0,
          "block": {
            "attributes": {
              "bucket": {
                "type": "string",
                "description_kind": "plain",
                "required": true
              },
              "expected_bucket_owner": {
                "type": "string",
                "description_kind": "plain",
                "optional": true
              },
              "id": {
                "type": "string",
                "description_kind": "plain",
                "optional": true,
                "computed": true
              },
              "transition_default_minimum_object_size": {
                "type": "string",
                "description_kind": "plain",
                "optional": true,
                "computed": true
              }
            },
            "block_types": {
              "rule": {
                "nesting_mode": "list",
                "block": {
                  "attributes": {
                    "id": {
                      "type": "string",
                      "description_kind": "plain",
                      "required": true
                    },
                    "prefix": {
                      "type": "string",
                      "description_kind": "plain",
                      "deprecated": true,
                      "optional": true
                    },
                    "status": {
                      "type": "string",
                      "description_kind": "plain",
                      "required": true
                    }
                  },
                  "block_types": {
                    "abort_incomplete_multipart_upload": {
                      "nesting_mode": "list",
                      "block": {
                        "attributes": {
                          "days_after_initiation": {
                            "type": "number",
                            "description_kind": "plain",
                            "optional": true
                          }
                        },
                        "description_kind": "plain"
                      },
                      "max_items": 1
                    },
                    "expiration": {
                      "nesting_mode": "list",
                      "block": {
                        "attributes": {
                          "date": {
                            "type": "string",
                            "description_kind": "plain",
                            "optional": true
                          },
                          "days": {
                            "type": "number",
                            "description_kind": "plain",
                            "optional": true
                          },
                          "expired_object_delete_marker": {
                            "type": "bool",
                            "description_kind": "plain",
                            "optional": true,
                            "computed": true
                          }
                        },
                        "description_kind": "plain"
                      },
                      "max_items": 1
                    },
                    "filter": {
                      "nesting_mode": "list",
                      "block": {
                        "attributes": {
                          "object_size_greater_than": {
                            "type": "string",
                            "description_kind": "plain",
                            "optional": true
                          },
                          "object_size_less_than": {
                            "type": "string",
                            "description_kind": "plain",
                            "optional": true
                          },
                          "prefix": {
                            "type": "string",
                            "description_kind": "plain",
                            "optional": true
                          }
                        },
                        "block_types": {
                          "and": {
                            "nesting_mode": "list",
                            "block": {
                              "attributes": {
                                "object_size_greater_than": {
                                  "type": "number",
                                  "description_kind": "plain",
                                  "optional": true
                                },
                                "object_size_less_than": {
                                  "type": "number",
                                  "description_kind": "plain",
                                  "optional": true
                                },
                                "prefix": {
                                  "type": "string",
                                  "description_kind": "plain",
                                  "optional": true
                                },
                                "tags": {
                                  "type": [
                                    "map",
                                    "string"
                                  ],
                                  "description_kind": "plain",
                                  "optional": true
                                }
                              },
                              "description_kind": "plain"
                            },
                            "max_items": 1
                          },
                          "tag": {
                            "nesting_mode": "list",
                            "block": {
                              "attributes": {
                                "key": {
                                  "type": "string",
                                  "description_kind": "plain",
                                  "required": true
                                },
                                "value": {
                                  "type": "string",
                                  "description_kind": "plain",
                                  "required": true
                                }
                              },
                              "description_kind": "plain"
                            },
                            "max_items": 1
                          }
                        },
                        "description_kind": "plain"
                      },
                      "max_items": 1
                    },
                    "noncurrent_version_expiration": {
                      "nesting_mode": "list",
                      "block": {
                        "attributes": {
                          "newer_noncurrent_versions": {
                            "type": "string",
                            "description_kind": "plain",
                            "optional": true
                          },
                          "noncurrent_days": {
                            "type": "number",
                            "description_kind": "plain",
                            "optional": true
                          }
                        },
                        "description_kind": "plain"
                      },
                      "max_items": 1
                    },
                    "noncurrent_version_transition": {
                      "nesting_mode": "set",
                      "block": {
                        "attributes": {
                          "newer_noncurrent_versions": {
                            "type": "string",
                            "description_kind": "plain",
                            "optional": true
                          },
                          "noncurrent_days": {
                            "type": "number",
                            "description_kind": "plain",
                            "optional": true
                          },
                          "storage_class": {
                            "type": "string",
                            "description_kind": "plain",
                            "required": true
                          }
                        },
                        "description_kind": "plain"
                      }
                    },
                    "transition": {
                      "nesting_mode": "set",
                      "block": {
                        "attributes": {
                          "date": {
                            "type": "string",
                            "description_kind": "plain",
                            "optional": true
                          },
                          "days": {
                            "type": "number",
                            "description_kind": "plain",
                            "optional": true
                          },
                          "storage_class": {
                            "type": "string",
                            "description_kind": "plain",
                            "required": true
                          }
                        },
                        "description_kind": "plain"
                      }
                    }
                  },
                  "description_kind": "plain"
                },
                "min_items": 1
              },
              "timeouts": {
                "nesting_mode": "single",
                "block": {
                  "attributes": {
                    "create": {
                      "type": "string",
                      "description_kind": "plain",
                      "optional": true
                    },
                    "update": {
                      "type": "string",
                      "description_kind": "plain",
                      "optional": true
                    }
                  },
                  "description_kind": "plain"
                }
              }
            },
            "description_kind": "plain"
          }
        },
        "aws_s3_bucket_ownership_controls": {
          "version": 0,
          "block": {
            "attributes": {
              "bucket": {
                "type": "string",
                "description_kind": "plain",
                "required": true
              },
              "id": {
                "type": "string",
                "description_kind": "plain",
                "optional": true,
                "computed": true
              }
            },
            "block_types": {
              "rule": {
                "nesting_mode": "list",
                "block": {
                  "attributes": {
                    "object_ownership": {
                      "type": "string",
                      "description_kind": "plain",
                      "required": true
                    }
                  },
                  "description_kind": "plain"
                },
                "min_items": 1,
                "max_items": 1
              }
            },
            "description_kind": "plain"
          }
        },
        "aws_s3_bucket_public_access_block": {
          "version": 0,
          "block": {
            "attributes": {
              "block_public_acls": {
                "type": "bool",
                "description_kind": "plain",
                "optional": true
              },
              "block_public_policy": {
                "type": "bool",
                "description_kind": "plain",
                "optional": true
              },
              "bucket": {
                "type": "string",
                "description_kind": "plain",
                "required": true
              },
              "id": {
                "type": "string",
                "description_kind": "plain",
                "optional": true,
                "computed": true
              },
              "ignore_public_acls": {
                "type": "bool",
                "description_kind": "plain",
                "optional": true
              },
              "restrict_public_buckets": {
                "type": "bool",
                "description_kind": "plain",
                "optional": true
              }
            },
            "description_kind": "plain"
          }
        },
        "aws_s3_bucket_server_side_encryption_configuration": {
          "version": 0,
          "block": {
            "attributes": {
              "bucket": {
                "type": "string",
                "description_kind": "plain",
                "required": true
              },
              "expected_bucket_owner": {
                "type": "string",
                "description_kind": "plain",
                "optional": true
              },
              "id": {
                "type": "string",
                "description_kind": "plain",
                "optional": true,
                "computed": true
              }
            },
            "block_types": {
              "rule": {
                "nesting_mode": "set",
                "block": {
                  "attributes": {
                    "bucket_key_enabled": {
                      "type": "bool",
                      "description_kind": "plain",
                      "optional": true
                    }
                  },
                  "block_types": {
                    "apply_server_side_encryption_by_default": {
                      "nesting_mode": "list",
                      "block": {
                        "attributes": {
                          "kms_master_key_id": {
                            "type": "string",
                            "description_kind": "plain",
                            "optional": true
                          },
                          "sse_algorithm": {
                            "type": "string",
                            "description_kind": "plain",
                            "required": true
                          }
                        },
                        "description_kind": "plain"
                      },
                      "max_items": 1
                    }
                  },
                  "description_kind": "plain"
                },
                "min_items": 1
              }
            },
            "description_kind": "plain"
          }
        },
        "aws_s3_bucket_versioning": {
          "version": 0,
          "block": {
            "attributes": {
              "bucket": {
                "type": "string",
                "description_kind": "plain",
                "required": true
              },
              "expected_bucket_owner": {
                "type": "string",
                "description_kind": "plain",
                "optional": true
              },
              "id": {
                "type": "string",
                "description_kind": "plain",
                "optional": true,
                "computed": true
              },
              "mfa": {
                "type": "string",
                "description_kind": "plain",
                "optional": true
              }
            },
            "block_types": {
              "versioning_configuration": {
                "nesting_mode": "list",
                "block": {
                  "attributes": {
                    "mfa_delete": {
                      "type": "string",
                      "description_kind": "plain",
                      "optional": true,
                      "computed": true
                    },
                    "status": {
                      "type": "string",
                      "description_kind": "plain",
                      "required": true
                    }
                  },
                  "description_kind": "plain"
                },
                "min_items": 1,
                "max_items": 1
              }
            },
            "description_kind": "plain"
          }
        },
        "aws_secretsmanager_secret": {
          "version": 0,
          "block": {
            "attributes": {
              "arn": {
                "type": "string",
                "description_kind": "plain",
                "computed": true
              },
              "description": {
                "type": "string",
                "description_kind": "plain",
                "optional": true
              },
              "force_overwrite_replica_secret": {
                "type": "bool",
                "description_kind": "plain",
                "optional": true
              },
              "id": {
                "type": "string",
                "description_kind": "plain",
                "optional": true,
                "computed": true
              },
              "kms_key_id": {
                "type": "string",
                "description_kind": "plain",
                "optional": true
              },
              "name": {
                "type": "string",
                "description_kind": "plain",
                "optional": true,
                "computed": true
              },
              "name_prefix": {
                "type": "string",
                "description_kind": "plain",
                "optional": true,
                "computed": true
              },
              "policy": {
                "type": "string",
                "description_kind": "plain",
                "optional": true,
                "computed": true
              },
              "recovery_window_in_days": {
                "type": "number",
                "description_kind": "plain",
                "optional": true
              },
              "tags": {
                "type": [
                  "map",
                  "string"
                ],
                "description_kind": "plain",
                "optional": true
              },
              "tags_all": {
                "type": [
                  "map",
                  "string"
                ],
                "description_kind": "plain",
                "optional": true,
                "computed": true
              }
            },
            "block_types": {
              "replica": {
                "nesting_mode": "set",
                "block": {
                  "attributes": {
                    "kms_key_id": {
                      "type": "string",
                      "description_kind": "plain",
                      "optional": true,
                      "computed": true
                    },
                    "last_accessed_date": {
                      "type": "string",
                      "description_kind": "plain",
                      "computed": true
                    },
                    "region": {
                      "type": "string",
                      "description_kind": "plain",
                      "required": true
                    },
                    "status": {
                      "type": "string",
                      "description_kind": "plain",
                      "computed": true
                    },
                    "status_message": {
                      "type": "string",
                      "description_kind": "plain",
                      "computed": true
                    }
                  },
                  "description_kind": "plain"
                }
              }
            },
            "description_kind": "plain"
          }
        },
        "aws_secretsmanager_secret_rotation": {
          "version": 1,
          "block": {
            "attributes": {
              "id": {
                "type": "string",
                "description_kind": "plain",
                "optional": true,
                "computed": true
              },
              "rotate_immediately": {
                "type": "bool",
                "description_kind": "plain",
                "optional": true
              },
              "rotation_enabled": {
                "type": "bool",
                "description_kind": "plain",
                "computed": true
              },
              "rotation_lambda_arn": {
                "type": "string",
                "description_kind": "plain",
                "optional": true
              },
              "secret_id": {
                "type": "string",
                "description_kind": "plain",
                "required": true
              }
            },
            "block_types": {
              "rotation_rules": {
                "nesting_mode": "list",
                "block": {
                  "attributes": {
                    "automatically_after_days": {
                      "type": "number",
                      "description_kind": "plain",
                      "optional": true
                    },
                    "duration": {
                      "type": "string",
                      "description_kind": "plain",
                      "optional": true
                    },
                    "schedule_expression": {
                      "type": "string",
                      "description_kind": "plain",
                      "optional": true
                    }
                  },
                  "description_kind": "plain"
                },
                "min_items": 1,
                "max_items": 1
              }
            },
            "description_kind": "plain"
          }
        },
        "aws_security_group": {
          "version": 1,
          "block": {
            "attributes": {
              "arn": {
                "type": "string",
                "description_kind": "plain",
                "computed": true
              },
              "description": {
                "type": "string",
                "description_kind": "plain",
                "optional": true
              },
              "egress": {
                "type": [
                  "set",
                  [
                    "object",
                    {
                      "cidr_blocks": [
                        "list",
                        "string"
                      ],
                      "description": "string",
                      "from_port": "number",
                      "ipv6_cidr_blocks": [
                        "list",
                        "string"
                      ],
                      "prefix_list_ids": [
                        "list",
                        "string"
                      ],
                      "protocol": "string",
                      "security_groups": [
                        "set",
                        "string"
                      ],
                      "self": "bool",
                      "to_port": "number"
                    }
                  ]
                ],
                "description_kind": "plain",
                "optional": true,
                "computed": true
              },
              "id": {
                "type": "string",
                "description_kind": "plain",
                "optional": true,
                "computed": true
              },
              "ingress": {
                "type": [
                  "set",
                  [
                    "object",
                    {
                      "cidr_blocks": [
                        "list",
                        "string"
                      ],
                      "description": "string",
                      "from_port": "number",
                      "ipv6_cidr_blocks": [
                        "list",
                        "string"
                      ],
                      "prefix_list_ids": [
                        "list",
                        "string"
                      ],
                      "protocol": "string",
                      "security_groups": [
                        "set",
                        "string"
                      ],
                      "self": "bool",
                      "to_port": "number"
                    }
                  ]
                ],
                "description_kind": "plain",
                "optional": true,
                "computed": true
              },
              "name": {
                "type": "string",
                "description_kind": "plain",
                "optional": true,
                "computed": true
              },
              "name_prefix": {
                "type": "string",
                "description_kind": "plain",
                "optional": true,
                "computed": true
              },
              "owner_id": {
                "type": "string",
                "description_kind": "plain",
                "computed": true
              },
              "revoke_rules_on_delete": {
                "type": "bool",
                "description_kind": "plain",
                "optional": true
              },
              "tags": {
                "type": [
                  "map",
                  "string"
                ],
                "description_kind": "plain",
                "optional": true
              },
              "tags_all": {
                "type": [
                  "map",
                  "string"
                ],
                "description_kind": "plain",
                "optional": true,
                "computed": true
              },
              "vpc_id": {
                "type": "string",
                "description_kind": "plain",
                "optional": true,
                "computed": true
              }
            },
            "block_types": {
              "timeouts": {
                "nesting_mode": "single",
                "block": {
                  "attributes": {
                    "create": {
                      "type": "string",
                      "description_kind": "plain",
                      "optional": true
                    },
                    "delete": {
                      "type": "string",
                      "description_kind": "plain",
                      "optional": true
                    }
                  },
                  "description_kind": "plain"
                }
              }
            },
            "description_kind": "plain"
          }
        },
        "aws_service_discovery_private_dns_namespace": {
          "version": 0,
          "block": {
            "attributes": {
              "arn": {
                "type": "string",
                "description_kind": "plain",
                "computed": true
              },
              "description": {
                "type": "string",
                "description_kind": "plain",
                "optional": true
              },
              "hosted_zone": {
                "type": "string",
                "description_kind": "plain",
                "computed": true
              },
              "id": {
                "type": "string",
                "description_kind": "plain",
                "optional": true,
                "computed": true
              },
              "name": {
                "type": "string",
                "description_kind": "plain",
                "required": true
              },
              "tags": {
                "type": [
                  "map",
                  "string"
                ],
                "description_kind": "plain",
                "optional": true
              },
              "tags_all": {
                "type": [
                  "map",
                  "string"
                ],
                "description_kind": "plain",
                "optional": true,
                "computed": true
              },
              "vpc": {
                "type": "string",
                "description_kind": "plain",
                "required": true
              }
            },
            "description_kind": "plain"
          }
        },
        "aws_sfn_state_machine": {
          "version": 0,
          "block": {
            "attributes": {
              "arn": {
                "type": "string",
                "description_kind": "plain",
                "computed": true
              },
              "creation_date": {
                "type": "string",
                "description_kind": "plain",
                "computed": true
              },
              "definition": {
                "type": "string",
                "description_kind": "plain",
                "required": true
              },
              "description": {
                "type": "string",
                "description_kind": "plain",
                "computed": true
              },
              "id": {
                "type": "string",
                "description_kind": "plain",
                "optional": true,
                "computed": true
              },
              "name": {
                "type": "string",
                "description_kind": "plain",
                "optional": true,
                "computed": true
              },
              "name_prefix": {
                "type": "string",
                "description_kind": "plain",
                "optional": true,
                "computed": true
              },
              "publish": {
                "type": "bool",
                "description_kind": "plain",
                "optional": true
              },
              "revision_id": {
                "type": "string",
                "description_kind": "plain",
                "computed": true
              },
              "role_arn": {
                "type": "string",
                "description_kind": "plain",
                "required": true
              },
              "state_machine_version_arn": {
                "type": "string",
                "description_kind": "plain",
                "computed": true
              },
              "status": {
                "type": "string",
                "description_kind": "plain",
                "computed": true
              },
              "tags": {
                "type": [
                  "map",
                  "string"
                ],
                "description_kind": "plain",
                "optional": true
              },
              "tags_all": {
                "type": [
                  "map",
                  "string"
                ],
                "description_kind": "plain",
                "optional": true,
                "computed": true
              },
              "type": {
                "type": "string",
                "description_kind": "plain",
                "optional": true
              },
              "version_description": {
                "type": "string",
                "description_kind": "plain",
                "computed": true
              }
            },
            "block_types": {
              "encryption_configuration": {
                "nesting_mode": "list",
                "block": {
                  "attributes": {
                    "kms_data_key_reuse_period_seconds": {
                      "type": "number",
                      "description_kind": "plain",
                      "optional": true
                    },
                    "kms_key_id": {
                      "type": "string",
                      "description_kind": "plain",
                      "optional": true
                    },
                    "type": {
                      "type": "string",
                      "description_kind": "plain",
                      "optional": true
                    }
                  },
                  "description_kind": "plain"
                },
                "max_items": 1
              },
              "logging_configuration": {
                "nesting_mode": "list",
                "block": {
                  "attributes": {
                    "include_execution_data": {
                      "type": "bool",
                      "description_kind": "plain",
                      "optional": true
                    },
                    "level": {
                      "type": "string",
                      "description_kind": "plain",
                      "optional": true
                    },
                    "log_destination": {
                      "type": "string",
                      "description_kind": "plain",
                      "optional": true
                    }
                  },
                  "description_kind": "plain"
                },
                "max_items": 1
              },
              "timeouts": {
                "nesting_mode": "single",
                "block": {
                  "attributes": {
                    "create": {
                      "type": "string",
                      "description_kind": "plain",
                      "optional": true
                    },
                    "delete": {
                      "type": "string",
                      "description_kind": "plain",
                      "optional": true
                    },
                    "update": {
                      "type": "string",
                      "description_kind": "plain",
                      "optional": true
                    }
                  },
                  "description_kind": "plain"
                }
              },
              "tracing_configuration": {
                "nesting_mode": "list",
                "block": {
                  "attributes": {
                    "enabled": {
                      "type": "bool",
                      "description_kind": "plain",
                      "optional": true
                    }
                  },
                  "description_kind": "plain"
                },
                "max_items": 1
              }
            },
            "description_kind": "plain"
          }
        },
        "aws_sns_topic": {
          "version": 0,
          "block": {
            "attributes": {
              "application_failure_feedback_role_arn": {
                "type": "string",
                "description_kind": "plain",
                "optional": true
              },
              "application_success_feedback_role_arn": {
                "type": "string",
                "description_kind": "plain",
                "optional": true
              },
              "application_success_feedback_sample_rate": {
                "type": "number",
                "description_kind": "plain",
                "optional": true
              },
              "archive_policy": {
                "type": "string",
                "description_kind": "plain",
                "optional": true
              },
              "arn": {
                "type": "string",
                "description_kind": "plain",
                "computed": true
              },
              "beginning_archive_time": {
                "type": "string",
                "description_kind": "plain",
                "computed": true
              },
              "content_based_deduplication": {
                "type": "bool",
                "description_kind": "plain",
                "optional": true
              },
              "delivery_policy": {
                "type": "string",
                "description_kind": "plain",
                "optional": true
              },
              "display_name": {
                "type": "string",
                "description_kind": "plain",
                "optional": true
              },
              "fifo_topic": {
                "type": "bool",
                "description_kind": "plain",
                "optional": true
              },
              "firehose_failure_feedback_role_arn": {
                "type": "string",
                "description_kind": "plain",
                "optional": true
              },
              "firehose_success_feedback_role_arn": {
                "type": "string",
                "description_kind": "plain",
                "optional": true
              },
              "firehose_success_feedback_sample_rate": {
                "type": "number",
                "description_kind": "plain",
                "optional": true
              },
              "http_failure_feedback_role_arn": {
                "type": "string",
                "description_kind": "plain",
                "optional": true
              },
              "http_success_feedback_role_arn": {
                "type": "string",
                "description_kind": "plain",
                "optional": true
              },
              "http_success_feedback_sample_rate": {
                "type": "number",
                "description_kind": "plain",
                "optional": true
              },
              "id": {
                "type": "string",
                "description_kind": "plain",
                "optional": true,
                "computed": true
              },
              "kms_master_key_id": {
                "type": "string",
                "description_kind": "plain",
                "optional": true
              },
              "lambda_failure_feedback_role_arn": {
                "type": "string",
                "description_kind": "plain",
                "optional": true
              },
              "lambda_success_feedback_role_arn": {
                "type": "string",
                "description_kind": "plain",
                "optional": true
              },
              "lambda_success_feedback_sample_rate": {
                "type": "number",
                "description_kind": "plain",
                "optional": true
              },
              "name": {
                "type": "string",
                "description_kind": "plain",
                "optional": true,
                "computed": true
              },
              "name_prefix": {
                "type": "string",
                "description_kind": "plain",
                "optional": true,
                "computed": true
              },
              "owner": {
                "type": "string",
                "description_kind": "plain",
                "computed": true
              },
              "policy": {
                "type": "string",
                "description_kind": "plain",
                "optional": true,
                "computed": true
              },
              "signature_version": {
                "type": "number",
                "description_kind": "plain",
                "optional": true,
                "computed": true
              },
              "sqs_failure_feedback_role_arn": {
                "type": "string",
                "description_kind": "plain",
                "optional": true
              },
              "sqs_success_feedback_role_arn": {
                "type": "string",
                "description_kind": "plain",
                "optional": true
              },
              "sqs_success_feedback_sample_rate": {
                "type": "number",
                "description_kind": "plain",
                "optional": true
              },
              "tags": {
                "type": [
                  "map",
                  "string"
                ],
                "description_kind": "plain",
                "optional": true
              },
              "tags_all": {
                "type": [
                  "map",
                  "string"
                ],
                "description_kind": "plain",
                "optional": true,
                "computed": true
              },
              "tracing_config": {
                "type": "string",
                "description_kind": "plain",
                "optional": true,
                "computed": true
              }
            },
            "description_kind": "plain"
          }
        },
        "aws_sqs_queue": {
          "version": 0,
          "block": {
            "attributes": {
              "arn": {
                "type": "string",
                "description_kind": "plain",
                "computed": true
              },
              "content_based_deduplication": {
                "type": "bool",
                "description_kind": "plain",
                "optional": true
              },
              "deduplication_scope": {
                "type": "string",
                "description_kind": "plain",
                "optional": true,
                "computed": true
              },
              "delay_seconds": {
                "type": "number",
                "description_kind": "plain",
                "optional": true
              },
              "fifo_queue": {
                "type": "bool",
                "description_kind": "plain",
                "optional": true
              },
              "fifo_throughput_limit": {
                "type": "string",
                "description_kind": "plain",
                "optional": true,
                "computed": true
              },
              "id": {
                "type": "string",
                "description_kind": "plain",
                "optional": true,
                "computed": true
              },
              "kms_data_key_reuse_period_seconds": {
                "type": "number",
                "description_kind": "plain",
                "optional": true,
                "computed": true
              },
              "kms_master_key_id": {
                "type": "string",
                "description_kind": "plain",
                "optional": true
              },
              "max_message_size": {
                "type": "number",
                "description_kind": "plain",
                "optional": true
              },
              "message_retention_seconds": {
                "type": "number",
                "description_kind": "plain",
                "optional": true
              },
              "name": {
                "type": "string",
                "description_kind": "plain",
                "optional": true,
                "computed": true
              },
              "name_prefix": {
                "type": "string",
                "description_kind": "plain",
                "optional": true,
                "computed": true
              },
              "policy": {
                "type": "string",
                "description_kind": "plain",
                "optional": true,
                "computed": true
              },
              "receive_wait_time_seconds": {
                "type": "number",
                "description_kind": "plain",
                "optional": true
              },
              "redrive_allow_policy": {
                "type": "string",
                "description_kind": "plain",
                "optional": true,
                "computed": true
              },
              "redrive_policy": {
                "type": "string",
                "description_kind": "plain",
                "optional": true,
                "computed": true
              },
              "sqs_managed_sse_enabled": {
                "type": "bool",
                "description_kind": "plain",
                "optional": true,
                "computed": true
              },
              "tags": {
                "type": [
                  "map",
                  "string"
                ],
                "description_kind": "plain",
                "optional": true
              },
              "tags_all": {
                "type": [
                  "map",
                  "string"
                ],
                "description_kind": "plain",
                "optional": true,
                "computed": true
              },
              "url": {
                "type": "string",
                "description_kind": "plain",
                "computed": true
              },
              "visibility_timeout_seconds": {
                "type": "number",
                "description_kind": "plain",
                "optional": true
              }
            },
            "description_kind": "plain"
          }
        },
        "aws_subnet": {
          "version": 1,
          "block": {
            "attributes": {
              "arn": {
                "type": "string",
                "description_kind": "plain",
                "computed": true
              },
              "assign_ipv6_address_on_creation": {
                "type": "bool",
                "description_kind": "plain",
                "optional": true
              },
              "availability_zone": {
                "type": "string",
                "description_kind": "plain",
                "optional": true,
                "computed": true
              },
              "availability_zone_id": {
                "type": "string",
                "description_kind": "plain",
                "optional": true,
                "computed": true
              },
              "cidr_block": {
                "type": "string",
                "description_kind": "plain",
                "optional": true
              },
              "customer_owned_ipv4_pool": {
                "type": "string",
                "description_kind": "plain",
                "optional": true
              },
              "enable_dns64": {
                "type": "bool",
                "description_kind": "plain",
                "optional": true
              },
              "enable_lni_at_device_index": {
                "type": "number",
                "description_kind": "plain",
                "optional": true
              },
              "enable_resource_name_dns_a_record_on_launch": {
                "type": "bool",
                "description_kind": "plain",
                "optional": true
              },
              "enable_resource_name_dns_aaaa_record_on_launch": {
                "type": "bool",
                "description_kind": "plain",
                "optional": true
              },
              "id": {
                "type": "string",
                "description_kind": "plain",
                "optional": true,
                "computed": true
              },
              "ipv6_cidr_block": {
                "type": "string",
                "description_kind": "plain",
                "optional": true
              },
              "ipv6_cidr_block_association_id": {
                "type": "string",
                "description_kind": "plain",
                "computed": true
              },
              "ipv6_native": {
                "type": "bool",
                "description_kind": "plain",
                "optional": true
              },
              "map_customer_owned_ip_on_launch": {
                "type": "bool",
                "description_kind": "plain",
                "optional": true
              },
              "map_public_ip_on_launch": {
                "type": "bool",
                "description_kind": "plain",
                "optional": true
              },
              "outpost_arn": {
                "type": "string",
                "description_kind": "plain",
                "optional": true
              },
              "owner_id": {
                "type": "string",
                "description_kind": "plain",
                "computed": true
              },
              "private_dns_hostname_type_on_launch": {
                "type": "string",
                "description_kind": "plain",
                "optional": true,
                "computed": true
              },
              "tags": {
                "type": [
                  "map",
                  "string"
                ],
                "description_kind": "plain",
                "optional": true
              },
              "tags_all": {
                "type": [
                  "map",
                  "string"
                ],
                "description_kind": "plain",
                "optional": true,
                "computed": true
              },
              "vpc_id": {
                "type": "string",
                "description_kind": "plain",
                "required": true
              }
            },
            "block_types": {
              "timeouts": {
                "nesting_mode": "single",
                "block": {
                  "attributes": {
                    "create": {
                      "type": "string",
                      "description_kind": "plain",
                      "optional": true
                    },
                    "delete": {
                      "type": "string",
                      "description_kind": "plain",
                      "optional": true
                    }
                  },
                  "description_kind": "plain"
                }
              }
            },
            "description_kind": "plain"
          }
        },
        "aws_vpc": {
          "version": 1,
          "block": {
            "attributes": {
              "arn": {
                "type": "string",
                "description_kind": "plain",
                "computed": true
              },
              "assign_generated_ipv6_cidr_block": {
                "type": "bool",
                "description_kind": "plain",
                "optional": true
              },
              "cidr_block": {
                "type": "string",
                "description_kind": "plain",
                "optional": true,
                "computed": true
              },
              "default_network_acl_id": {
                "type": "string",
                "description_kind": "plain",
                "computed": true
              },
              "default_route_table_id": {
                "type": "string",
                "description_kind": "plain",
                "computed": true
              },
              "default_security_group_id": {
                "type": "string",
                "description_kind": "plain",
                "computed": true
              },
              "dhcp_options_id": {
                "type": "string",
                "description_kind": "plain",
                "computed": true
              },
              "enable_dns_hostnames": {
                "type": "bool",
                "description_kind": "plain",
                "optional": true,
                "computed": true
              },
              "enable_dns_support": {
                "type": "bool",
                "description_kind": "plain",
                "optional": true
              },
              "enable_network_address_usage_metrics": {
                "type": "bool",
                "description_kind": "plain",
                "optional": true,
                "computed": true
              },
              "id": {
                "type": "string",
                "description_kind": "plain",
                "optional": true,
                "computed": true
              },
              "instance_tenancy": {
                "type": "string",
                "description_kind": "plain",
                "optional": true
              },
              "ipv4_ipam_pool_id": {
                "type": "string",
                "description_kind": "plain",
                "optional": true
              },
              "ipv4_netmask_length": {
                "type": "number",
                "description_kind": "plain",
                "optional": true
              },
              "ipv6_association_id": {
                "type": "string",
                "description_kind": "plain",
                "computed": true
              },
              "ipv6_cidr_block": {
                "type": "string",
                "description_kind": "plain",
                "optional": true,
                "computed": true
              },
              "ipv6_cidr_block_network_border_group": {
                "type": "string",
                "description_kind": "plain",
                "optional": true,
                "computed": true
              },
              "ipv6_ipam_pool_id": {
                "type": "string",
                "description_kind": "plain",
                "optional": true
              },
              "ipv6_netmask_length": {
                "type": "number",
                "description_kind": "plain",
                "optional": true
              },
              "main_route_table_id": {
                "type": "string",
                "description_kind": "plain",
                "computed": true
              },
              "owner_id": {
                "type": "string",
                "description_kind": "plain",
                "computed": true
              },
              "tags": {
                "type": [
                  "map",
                  "string"
                ],
                "description_kind": "plain",
                "optional": true
              },
              "tags_all": {
                "type": [
                  "map",
                  "string"
                ],
                "description_kind": "plain",
                "optional": true,
                "computed": true
              }
            },
            "description_kind": "plain"
          }
        },
        "aws_vpc_endpoint": {
          "version": 0,
          "block": {
            "attributes": {
              "arn": {
                "type": "string",
                "description_kind": "plain",
                "computed": true
              },
              "auto_accept": {
                "type": "bool",
                "description_kind": "plain",
                "optional": true
              },
              "cidr_blocks": {
                "type": [
                  "list",
                  "string"
                ],
                "description_kind": "plain",
                "computed": true
              },
              "dns_entry": {
                "type": [
                  "list",
                  [
                    "object",
                    {
                      "dns_name": "string",
                      "hosted_zone_id": "string"
                    }
                  ]
                ],
                "description_kind": "plain",
                "computed": true
              },
              "id": {
                "type": "string",
                "description_kind": "plain",
                "optional": true,
                "computed": true
              },
              "ip_address_type": {
                "type": "string",
                "description_kind": "plain",
                "optional": true,
                "computed": true
              },
              "network_interface_ids": {
                "type": [
                  "set",
                  "string"
                ],
                "description_kind": "plain",
                "computed": true
              },
              "owner_id": {
                "type": "string",
                "description_kind": "plain",
                "computed": true
              },
              "policy": {
                "type": "string",
                "description_kind": "plain",
                "optional": true,
                "computed": true
              },
              "prefix_list_id": {
                "type": "string",
                "description_kind": "plain",
                "computed": true
              },
              "private_dns_enabled": {
                "type": "bool",
                "description_kind": "plain",
                "optional": true,
                "computed": true
              },
              "requester_managed": {
                "type": "bool",
                "description_kind": "plain",
                "computed": true
              },
              "route_table_ids": {
                "type": [
                  "set",
                  "string"
                ],
                "description_kind": "plain",
                "optional": true,
                "computed": true
              },
              "security_group_ids": {
                "type": [
                  "set",
                  "string"
                ],
                "description_kind": "plain",
                "optional": true,
                "computed": true
              },
              "service_name": {
                "type": "string",
                "description_kind": "plain",
                "required": true
              },
              "state": {
                "type": "string",
                "description_kind": "plain",
                "computed": true
              },
              "subnet_ids": {
                "type": [
                  "set",
                  "string"
                ],
                "description_kind": "plain",
                "optional": true,
                "computed": true
              },
              "tags": {
                "type": [
                  "map",
                  "string"
                ],
                "description_kind": "plain",
                "optional": true
              },
              "tags_all": {
                "type": [
                  "map",
                  "string"
                ],
                "description_kind": "plain",
                "optional": true,
                "computed": true
              },
              "vpc_endpoint_type": {
                "type": "string",
                "description_kind": "plain",
                "optional": true
              },
              "vpc_id": {
                "type": "string",
                "description_kind": "plain",
                "required": true
              }
            },
            "block_types": {
              "dns_options": {
                "nesting_mode": "list",
                "block": {
                  "attributes": {
                    "dns_record_ip_type": {
                      "type": "string",
                      "description_kind": "plain",
                      "optional": true,
                      "computed": true
                    },
                    "private_dns_only_for_inbound_resolver_endpoint": {
                      "type": "bool",
                      "description_kind": "plain",
                      "optional": true
                    }
                  },
                  "description_kind": "plain"
                },
                "max_items": 1
              },
              "subnet_configuration": {
                "nesting_mode": "set",
                "block": {
                  "attributes": {
                    "ipv4": {
                      "type": "string",
                      "description_kind": "plain",
                      "optional": true
                    },
                    "ipv6": {
                      "type": "string",
                      "description_kind": "plain",
                      "optional": true
                    },
                    "subnet_id": {
                      "type": "string",
                      "description_kind": "plain",
                      "optional": true
                    }
                  },
                  "description_kind": "plain"
                }
              },
              "timeouts": {
                "nesting_mode": "single",
                "block": {
                  "attributes": {
                    "create": {
                      "type": "string",
                      "description_kind": "plain",
                      "optional": true
                    },
                    "delete": {
                      "type": "string",
                      "description_kind": "plain",
                      "optional": true
                    },
                    "update": {
                      "type": "string",
                      "description_kind": "plain",
                      "optional": true
                    }
                  },
                  "description_kind": "plain"
                }
              }
            },
            "description_kind": "plain"
          }
        },
        "aws_wafv2_web_acl_association": {
          "version": 0,
          "block": {
            "attributes": {
              "id": {
                "type": "string",
                "description_kind": "plain",
                "optional": true,
                "computed": true
              },
              "resource_arn": {
                "type": "string",
                "description_kind": "plain",
                "required": true
              },
              "web_acl_arn": {
                "type": "string",
                "description_kind": "plain",
                "required": true
              }
            },
            "block_types": {
              "timeouts": {
                "nesting_mode": "single",
                "block": {
                  "attributes": {
                    "create": {
                      "type": "string",
                      "description_kind": "plain",
                      "optional": true
                    }
                  },
                  "description_kind": "plain"
                }
              }
            },
            "description_kind": "plain"
          }
        }
      }
    }
  }
}
