{
  "format_version": "1.0",
  "provider_schemas": {
    "registry.terraform.io/hashicorp/google": {
      "provider": {
        "version": 0,
        "block": {
          "attributes": {
            "access_approval_custom_endpoint": {
              "type": "string",
              "description_kind": "plain",
              "optional": true
            },
            "access_context_manager_custom_endpoint": {
              "type": "string",
              "description_kind": "plain",
              "optional": true
            },
            "access_token": {
              "type": "string",
              "description_kind": "plain",
              "optional": true
            },
            "active_directory_custom_endpoint": {
              "type": "string",
              "description_kind": "plain",
              "optional": true
            },
            "add_terraform_attribution_label": {
              "type": "bool",
              "description_kind": "plain",
              "optional": true
            },
            "alloydb_custom_endpoint": {
              "type": "string",
              "description_kind": "plain",
              "optional": true
            },
            "apigee_custom_endpoint": {
              "type": "string",
              "description_kind": "plain",
              "optional": true
            },
            "apikeys_custom_endpoint": {
              "type": "string",
              "description_kind": "plain",
              "optional": true
            },
            "app_engine_custom_endpoint": {
              "type": "string",
              "description_kind": "plain",
              "optional": true
            },
            "apphub_custom_endpoint": {
              "type": "string",
              "description_kind": "plain",
              "optional": true
            },
            "artifact_registry_custom_endpoint": {
              "type": "string",
              "description_kind": "plain",
              "optional": true
            },
            "assured_workloads_custom_endpoint": {
              "type": "string",
              "description_kind": "plain",
              "optional": true
            },
            "beyondcorp_custom_endpoint": {
              "type": "string",
              "description_kind": "plain",
              "optional": true
            },
            "big_query_custom_endpoint": {
              "type": "string",
              "description_kind": "plain",
              "optional": true
            },
            "biglake_custom_endpoint": {
              "type": "string",
              "description_kind": "plain",
              "optional": true
            },
            "bigquery_analytics_hub_custom_endpoint": {
              "type": "string",
              "description_kind": "plain",
              "optional": true
            },
            "bigquery_connection_custom_endpoint": {
              "type": "string",
              "description_kind": "plain",
              "optional": true
            },
            "bigquery_data_transfer_custom_endpoint": {
              "type": "string",
              "description_kind": "plain",
              "optional": true
            },
            "bigquery_datapolicy_custom_endpoint": {
              "type": "string",
              "description_kind": "plain",
              "optional": true
            },
            "bigquery_reservation_custom_endpoint": {
              "type": "string",
              "description_kind": "plain",
              "optional": true
            },
            "bigtable_custom_endpoint": {
              "type": "string",
              "description_kind": "plain",
              "optional": true
            },
            "billing_custom_endpoint": {
              "type": "string",
              "description_kind": "plain",
              "optional": true
            },
            "billing_project": {
              "type": "string",
              "description_kind": "plain",
              "optional": true
            },
            "binary_authorization_custom_endpoint": {
              "type": "string",
              "description_kind": "plain",
              "optional": true
            },
            "blockchain_node_engine_custom_endpoint": {
              "type": "string",
              "description_kind": "plain",
              "optional": true
            },
            "certificate_manager_custom_endpoint": {
              "type": "string",
              "description_kind": "plain",
              "optional": true
            },
            "cloud_asset_custom_endpoint": {
              "type": "string",
              "description_kind": "plain",
              "optional": true
            },
            "cloud_billing_custom_endpoint": {
              "type": "string",
              "description_kind": "plain",
              "optional": true
            },
            "cloud_build_custom_endpoint": {
              "type": "string",
              "description_kind": "plain",
              "optional": true
            },
            "cloud_build_worker_pool_custom_endpoint": {
              "type": "string",
              "description_kind": "plain",
              "optional": true
            },
            "cloud_functions_custom_endpoint": {
              "type": "string",
              "description_kind": "plain",
              "optional": true
            },
            "cloud_identity_custom_endpoint": {
              "type": "string",
              "description_kind": "plain",
              "optional": true
            },
            "cloud_ids_custom_endpoint": {
              "type": "string",
              "description_kind": "plain",
              "optional": true
            },
            "cloud_quotas_custom_endpoint": {
              "type": "string",
              "description_kind": "plain",
              "optional": true
            },
            "cloud_resource_manager_custom_endpoint": {
              "type": "string",
              "description_kind": "plain",
              "optional": true
            },
            "cloud_run_custom_endpoint": {
              "type": "string",
              "description_kind": "plain",
              "optional": true
            },
            "cloud_run_v2_custom_endpoint": {
              "type": "string",
              "description_kind": "plain",
              "optional": true
            },
            "cloud_scheduler_custom_endpoint": {
              "type": "string",
              "description_kind": "plain",
              "optional": true
            },
            "cloud_tasks_custom_endpoint": {
              "type": "string",
              "description_kind": "plain",
              "optional": true
            },
            "cloudbuildv2_custom_endpoint": {
              "type": "string",
              "description_kind": "plain",
              "optional": true
            },
            "clouddeploy_custom_endpoint": {
              "type": "string",
              "description_kind": "plain",
              "optional": true
            },
            "clouddomains_custom_endpoint": {
              "type": "string",
              "description_kind": "plain",
              "optional": true
            },
            "cloudfunctions2_custom_endpoint": {
              "type": "string",
              "description_kind": "plain",
              "optional": true
            },
            "composer_custom_endpoint": {
              "type": "string",
              "description_kind": "plain",
              "optional": true
            },
            "compute_custom_endpoint": {
              "type": "string",
              "description_kind": "plain",
              "optional": true
            },
            "container_analysis_custom_endpoint": {
              "type": "string",
              "description_kind": "plain",
              "optional": true
            },
            "container_attached_custom_endpoint": {
              "type": "string",
              "description_kind": "plain",
              "optional": true
            },
            "container_aws_custom_endpoint": {
              "type": "string",
              "description_kind": "plain",
              "optional": true
            },
            "container_azure_custom_endpoint": {
              "type": "string",
              "description_kind": "plain",
              "optional": true
            },
            "container_custom_endpoint": {
              "type": "string",
              "description_kind": "plain",
              "optional": true
            },
            "core_billing_custom_endpoint": {
              "type": "string",
              "description_kind": "plain",
              "optional": true
            },
            "credentials": {
              "type": "string",
              "description_kind": "plain",
              "optional": true
            },
            "data_catalog_custom_endpoint": {
              "type": "string",
              "description_kind": "plain",
              "optional": true
            },
            "data_fusion_custom_endpoint": {
              "type": "string",
              "description_kind": "plain",
              "optional": true
            },
            "data_loss_prevention_custom_endpoint": {
              "type": "string",
              "description_kind": "plain",
              "optional": true
            },
            "data_pipeline_custom_endpoint": {
              "type": "string",
              "description_kind": "plain",
              "optional": true
            },
            "database_migration_service_custom_endpoint": {
              "type": "string",
              "description_kind": "plain",
              "optional": true
            },
            "dataflow_custom_endpoint": {
              "type": "string",
              "description_kind": "plain",
              "optional": true
            },
            "dataplex_custom_endpoint": {
              "type": "string",
              "description_kind": "plain",
              "optional": true
            },
            "dataproc_custom_endpoint": {
              "type": "string",
              "description_kind": "plain",
              "optional": true
            },
            "dataproc_metastore_custom_endpoint": {
              "type": "string",
              "description_kind": "plain",
              "optional": true
            },
            "datastream_custom_endpoint": {
              "type": "string",
              "description_kind": "plain",
              "optional": true
            },
            "default_labels": {
              "type": [
                "map",
                "string"
              ],
              "description_kind": "plain",
              "optional": true
            },
            "deployment_manager_custom_endpoint": {
              "type": "string",
              "description_kind": "plain",
              "optional": true
            },
            "dialogflow_custom_endpoint": {
              "type": "string",
              "description_kind": "plain",
              "optional": true
            },
            "dialogflow_cx_custom_endpoint": {
              "type": "string",
              "description_kind": "plain",
              "optional": true
            },
            "discovery_engine_custom_endpoint": {
              "type": "string",
              "description_kind": "plain",
              "optional": true
            },
            "dns_custom_endpoint": {
              "type": "string",
              "description_kind": "plain",
              "optional": true
            },
            "document_ai_custom_endpoint": {
              "type": "string",
              "description_kind": "plain",
              "optional": true
            },
            "document_ai_warehouse_custom_endpoint": {
              "type": "string",
              "description_kind": "plain",
              "optional": true
            },
            "edgecontainer_custom_endpoint": {
              "type": "string",
              "description_kind": "plain",
              "optional": true
            },
            "edgenetwork_custom_endpoint": {
              "type": "string",
              "description_kind": "plain",
              "optional": true
            },
            "essential_contacts_custom_endpoint": {
              "type": "string",
              "description_kind": "plain",
              "optional": true
            },
            "eventarc_custom_endpoint": {
              "type": "string",
              "description_kind": "plain",
              "optional": true
            },
            "filestore_custom_endpoint": {
              "type": "string",
              "description_kind": "plain",
              "optional": true
            },
            "firebase_app_check_custom_endpoint": {
              "type": "string",
              "description_kind": "plain",
              "optional": true
            },
            "firebaserules_custom_endpoint": {
              "type": "string",
              "description_kind": "plain",
              "optional": true
            },
            "firestore_custom_endpoint": {
              "type": "string",
              "description_kind": "plain",
              "optional": true
            },
            "gke_backup_custom_endpoint": {
              "type": "string",
              "description_kind": "plain",
              "optional": true
            },
            "gke_hub2_custom_endpoint": {
              "type": "string",
              "description_kind": "plain",
              "optional": true
            },
            "gke_hub_custom_endpoint": {
              "type": "string",
              "description_kind": "plain",
              "optional": true
            },
            "gkehub_feature_custom_endpoint": {
              "type": "string",
              "description_kind": "plain",
              "optional": true
            },
            "gkeonprem_custom_endpoint": {
              "type": "string",
              "description_kind": "plain",
              "optional": true
            },
            "healthcare_custom_endpoint": {
              "type": "string",
              "description_kind": "plain",
              "optional": true
            },
            "iam2_custom_endpoint": {
              "type": "string",
              "description_kind": "plain",
              "optional": true
            },
            "iam_beta_custom_endpoint": {
              "type": "string",
              "description_kind": "plain",
              "optional": true
            },
            "iam_credentials_custom_endpoint": {
              "type": "string",
              "description_kind": "plain",
              "optional": true
            },
            "iam_custom_endpoint": {
              "type": "string",
              "description_kind": "plain",
              "optional": true
            },
            "iam_workforce_pool_custom_endpoint": {
              "type": "string",
              "description_kind": "plain",
              "optional": true
            },
            "iap_custom_endpoint": {
              "type": "string",
              "description_kind": "plain",
              "optional": true
            },
            "identity_platform_custom_endpoint": {
              "type": "string",
              "description_kind": "plain",
              "optional": true
            },
            "impersonate_service_account": {
              "type": "string",
              "description_kind": "plain",
              "optional": true
            },
            "impersonate_service_account_delegates": {
              "type": [
                "list",
                "string"
              ],
              "description_kind": "plain",
              "optional": true
            },
            "integration_connectors_custom_endpoint": {
              "type": "string",
              "description_kind": "plain",
              "optional": true
            },
            "integrations_custom_endpoint": {
              "type": "string",
              "description_kind": "plain",
              "optional": true
            },
            "kms_custom_endpoint": {
              "type": "string",
              "description_kind": "plain",
              "optional": true
            },
            "logging_custom_endpoint": {
              "type": "string",
              "description_kind": "plain",
              "optional": true
            },
            "looker_custom_endpoint": {
              "type": "string",
              "description_kind": "plain",
              "optional": true
            },
            "memcache_custom_endpoint": {
              "type": "string",
              "description_kind": "plain",
              "optional": true
            },
            "migration_center_custom_endpoint": {
              "type": "string",
              "description_kind": "plain",
              "optional": true
            },
            "ml_engine_custom_endpoint": {
              "type": "string",
              "description_kind": "plain",
              "optional": true
            },
            "monitoring_custom_endpoint": {
              "type": "string",
              "description_kind": "plain",
              "optional": true
            },
            "netapp_custom_endpoint": {
              "type": "string",
              "description_kind": "plain",
              "optional": true
            },
            "network_connectivity_custom_endpoint": {
              "type": "string",
              "description_kind": "plain",
              "optional": true
            },
            "network_management_custom_endpoint": {
              "type": "string",
              "description_kind": "plain",
              "optional": true
            },
            "network_security_custom_endpoint": {
              "type": "string",
              "description_kind": "plain",
              "optional": true
            },
            "network_services_custom_endpoint": {
              "type": "string",
              "description_kind": "plain",
              "optional": true
            },
            "notebooks_custom_endpoint": {
              "type": "string",
              "description_kind": "plain",
              "optional": true
            },
            "oracle_database_custom_endpoint": {
              "type": "string",
              "description_kind": "plain",
              "optional": true
            },
            "org_policy_custom_endpoint": {
              "type": "string",
              "description_kind": "plain",
              "optional": true
            },
            "os_config_custom_endpoint": {
              "type": "string",
              "description_kind": "plain",
              "optional": true
            },
            "os_login_custom_endpoint": {
              "type": "string",
              "description_kind": "plain",
              "optional": true
            },
            "privateca_custom_endpoint": {
              "type": "string",
              "description_kind": "plain",
              "optional": true
            },
            "privileged_access_manager_custom_endpoint": {
              "type": "string",
              "description_kind": "plain",
              "optional": true
            },
            "project": {
              "type": "string",
              "description_kind": "plain",
              "optional": true
            },
            "public_ca_custom_endpoint": {
              "type": "string",
              "description_kind": "plain",
              "optional": true
            },
            "pubsub_custom_endpoint": {
              "type": "string",
              "description_kind": "plain",
              "optional": true
            },
            "pubsub_lite_custom_endpoint": {
              "type": "string",
              "description_kind": "plain",
              "optional": true
            },
            "recaptcha_enterprise_custom_endpoint": {
              "type": "string",
              "description_kind": "plain",
              "optional": true
            },
            "redis_custom_endpoint": {
              "type": "string",
              "description_kind": "plain",
              "optional": true
            },
            "region": {
              "type": "string",
              "description_kind": "plain",
              "optional": true
            },
            "request_reason": {
              "type": "string",
              "description_kind": "plain",
              "optional": true
            },
            "request_timeout": {
              "type": "string",
              "description_kind": "plain",
              "optional": true
            },
            "resource_manager_custom_endpoint": {
              "type": "string",
              "description_kind": "plain",
              "optional": true
            },
            "resource_manager_v3_custom_endpoint": {
              "type": "string",
              "description_kind": "plain",
              "optional": true
            },
            "scopes": {
              "type": [
                "list",
                "string"
              ],
              "description_kind": "plain",
              "optional": true
            },
            "secret_manager_custom_endpoint": {
              "type": "string",
              "description_kind": "plain",
              "optional": true
            },
            "secret_manager_regional_custom_endpoint": {
              "type": "string",
              "description_kind": "plain",
              "optional": true
            },
            "secure_source_manager_custom_endpoint": {
              "type": "string",
              "description_kind": "plain",
              "optional": true
            },
            "security_center_custom_endpoint": {
              "type": "string",
              "description_kind": "plain",
              "optional": true
            },
            "security_center_management_custom_endpoint": {
              "type": "string",
              "description_kind": "plain",
              "optional": true
            },
            "security_center_v2_custom_endpoint": {
              "type": "string",
              "description_kind": "plain",
              "optional": true
            },
            "securityposture_custom_endpoint": {
              "type": "string",
              "description_kind": "plain",
              "optional": true
            },
            "service_management_custom_endpoint": {
              "type": "string",
              "description_kind": "plain",
              "optional": true
            },
            "service_networking_custom_endpoint": {
              "type": "string",
              "description_kind": "plain",
              "optional": true
            },
            "service_usage_custom_endpoint": {
              "type": "string",
              "description_kind": "plain",
              "optional": true
            },
            "site_verification_custom_endpoint": {
              "type": "string",
              "description_kind": "plain",
              "optional": true
            },
            "source_repo_custom_endpoint": {
              "type": "string",
              "description_kind": "plain",
              "optional": true
            },
            "spanner_custom_endpoint": {
              "type": "string",
              "description_kind": "plain",
              "optional": true
            },
            "sql_custom_endpoint": {
              "type": "string",
              "description_kind": "plain",
              "optional": true
            },
            "storage_custom_endpoint": {
              "type": "string",
              "description_kind": "plain",
              "optional": true
            },
            "storage_insights_custom_endpoint": {
              "type": "string",
              "description_kind": "plain",
              "optional": true
            },
            "storage_transfer_custom_endpoint": {
              "type": "string",
              "description_kind": "plain",
              "optional": true
            },
            "tags_custom_endpoint": {
              "type": "string",
              "description_kind": "plain",
              "optional": true
            },
            "tags_location_custom_endpoint": {
              "type": "string",
              "description_kind": "plain",
              "optional": true
            },
            "terraform_attribution_label_addition_strategy": {
              "type": "string",
              "description_kind": "plain",
              "optional": true
            },
            "tpu_custom_endpoint": {
              "type": "string",
              "description_kind": "plain",
              "optional": true
            },
            "transcoder_custom_endpoint": {
              "type": "string",
              "description_kind": "plain",
              "optional": true
            },
            "universe_domain": {
              "type": "string",
              "description_kind": "plain",
              "optional": true
            },
            "user_project_override": {
              "type": "bool",
              "description_kind": "plain",
              "optional": true
            },
            "vertex_ai_custom_endpoint": {
              "type": "string",
              "description_kind": "plain",
              "optional": true
            },
            "vmwareengine_custom_endpoint": {
              "type": "string",
              "description_kind": "plain",
              "optional": true
            },
            "vpc_access_custom_endpoint": {
              "type": "string",
              "description_kind": "plain",
              "optional": true
            },
            "workbench_custom_endpoint": {
              "type": "string",
              "description_kind": "plain",
              "optional": true
            },
            "workflows_custom_endpoint": {
              "type": "string",
              "description_kind": "plain",
              "optional": true
            },
            "zone": {
              "type": "string",
              "description_kind": "plain",
              "optional": true
            }
          },
          "block_types": {
            "batching": {
              "nesting_mode": "list",
              "block": {
                "attributes": {
                  "enable_batching": {
                    "type": "bool",
                    "description_kind": "plain",
                    "optional": true
                  },
                  "send_after": {
                    "type": "string",
                    "description_kind": "plain",
                    "optional": true
                  }
                },
                "description_kind": "plain"
              },
              "max_items": 1
            }
          },
          "description_kind": "plain"
        }
      },
      "resource_schemas": {
        "google_compute_network": {
          "version": 0,
          "block": {
            "attributes": {
              "auto_create_subnetworks": {
                "type": "bool",
                "description": "When set to 'true', the network is created in \"auto subnet mode\" and\nit will create a subnet for each region automatically across the\n'10.128.0.0/9' address range.\n\nWhen set to 'false', the network is created in \"custom subnet mode\" so\nthe user can explicitly connect subnetwork resources.",
                "description_kind": "plain",
                "optional": true
              },
              "delete_default_routes_on_create": {
                "type": "bool",
                "description": "If set to 'true', default routes ('0.0.0.0/0') will be deleted\nimmediately after network creation. Defaults to 'false'.",
                "description_kind": "plain",
                "optional": true
              },
              "description": {
                "type": "string",
                "description": "An optional description of this resource. The resource must be\nrecreated to modify this field.",
                "description_kind": "plain",
                "optional": true
              },
              "enable_ula_internal_ipv6": {
                "type": "bool",
                "description": "Enable ULA internal ipv6 on this network. Enabling this feature will assign\na /48 from google defined ULA prefix fd20::/20.",
                "description_kind": "plain",
                "optional": true
              },
              "gateway_ipv4": {
                "type": "string",
                "description": "The gateway address for default routing out of the network. This value\nis selected by GCP.",
                "description_kind": "plain",
                "computed": true
              },
              "id": {
                "type": "string",
                "description_kind": "plain",
                "optional": true,
                "computed": true
              },
              "internal_ipv6_range": {
                "type": "string",
                "description": "When enabling ula internal ipv6, caller optionally can specify the /48 range\nthey want from the google defined ULA prefix fd20::/20. The input must be a\nvalid /48 ULA IPv6 address and must be within the fd20::/20. Operation will\nfail if the speficied /48 is already in used by another resource.\nIf the field is not speficied, then a /48 range will be randomly allocated from fd20::/20 and returned via this field.",
                "description_kind": "plain",
                "optional": true,
                "computed": true
              },
              "mtu": {
                "type": "number",
                "description": "Maximum Transmission Unit in bytes. The default value is 1460 bytes.\nThe minimum value for this field is 1300 and the maximum value is 8896 bytes (jumbo frames).\nNote that packets larger than 1500 bytes (standard Ethernet) can be subject to TCP-MSS clamping or dropped\nwith an ICMP 'Fragmentation-Needed' message if the packets are routed to the Internet or other VPCs\nwith varying MTUs.",
                "description_kind": "plain",
                "optional": true,
                "computed": true
              },
              "name": {
                "type": "string",
                "description": "Name of the resource. Provided by the client when the resource is\ncreated. The name must be 1-63 characters long, and comply with\nRFC1035. Specifically, the name must be 1-63 characters long and match\nthe regular expression '[a-z]([-a-z0-9]*[a-z0-9])?' which means the\nfirst character must be a lowercase letter, and all following\ncharacters must be a dash, lowercase letter, or digit, except the last\ncharacter, which cannot be a dash.",
                "description_kind": "plain",
                "required": true
              },
              "network_firewall_policy_enforcement_order": {
                "type": "string",
                "description": "Set the order that Firewall Rules and Firewall Policies are evaluated. Default value: \"AFTER_CLASSIC_FIREWALL\" Possible values: [\"BEFORE_CLASSIC_FIREWALL\", \"AFTER_CLASSIC_FIREWALL\"]",
                "description_kind": "plain",
                "optional": true
              },
              "numeric_id": {
                "type": "string",
                "description": "The unique identifier for the resource. This identifier is defined by the server.",
                "description_kind": "plain",
                "computed": true
              },
              "project": {
                "type": "string",
                "description_kind": "plain",
                "optional": true,
                "computed": true
              },
              "routing_mode": {
                "type": "string",
                "description": "The network-wide routing mode to use. If set to 'REGIONAL', this\nnetwork's cloud routers will only advertise routes with subnetworks\nof this network in the same region as the router. If set to 'GLOBAL',\nthis network's cloud routers will advertise routes with all\nsubnetworks of this network, across regions. Possible values: [\"REGIONAL\", \"GLOBAL\"]",
                "description_kind": "plain",
                "optional": true,
                "computed": true
              },
              "self_link": {
                "type": "string",
                "description_kind": "plain",
                "computed": true
              }
            },
            "block_types": {
              "timeouts": {
                "nesting_mode": "single",
                "block": {
                  "attributes": {
                    "create": {
                      "type": "string",
                      "description_kind": "plain",
                      "optional": true
                    },
                    "delete": {
                      "type": "string",
                      "description_kind": "plain",
                      "optional": true
                    },
                    "update": {
                      "type": "string",
                      "description_kind": "plain",
                      "optional": true
                    }
                  },
                  "description_kind": "plain"
                }
              }
            },
            "description_kind": "plain"
          }
        },
        "google_pubsub_subscription": {
          "version": 0,
          "block": {
            "attributes": {
              "ack_deadline_seconds": {
                "type": "number",
                "description": "This value is the maximum time after a subscriber receives a message\nbefore the subscriber should acknowledge the message. After message\ndelivery but before the ack deadline expires and before the message is\nacknowledged, it is an outstanding message and will not be delivered\nagain during that time (on a best-effort basis).\n\nFor pull subscriptions, this value is used as the initial value for\nthe ack deadline. To override this value for a given message, call\nsubscriptions.modifyAckDeadline with the corresponding ackId if using\npull. The minimum custom deadline you can specify is 10 seconds. The\nmaximum custom deadline you can specify is 600 seconds (10 minutes).\nIf this parameter is 0, a default value of 10 seconds is used.\n\nFor push delivery, this value is also used to set the request timeout\nfor the call to the push endpoint.\n\nIf the subscriber never acknowledges the message, the Pub/Sub system\nwill eventually redeliver the message.",
                "description_kind": "plain",
                "optional": true,
                "computed": true
              },
              "effective_labels": {
                "type": [
                  "map",
                  "string"
                ],
                "description": "All of labels (key/value pairs) present on the resource in GCP, including the labels configured through Terraform, other clients and services.",
                "description_kind": "plain",
                "computed": true
              },
              "enable_exactly_once_delivery": {
                "type": "bool",
                "description": "If 'true', Pub/Sub provides the following guarantees for the delivery\nof a message with a given value of messageId on this Subscriptions':\n\n- The message sent to a subscriber is guaranteed not to be resent before the message's acknowledgement deadline expires.\n\n- An acknowledged message will not be resent to a subscriber.\n\nNote that subscribers may still receive multiple copies of a message when 'enable_exactly_once_delivery'\nis true if the message was published multiple times by a publisher client. These copies are considered distinct by Pub/Sub and have distinct messageId values",
                "description_kind": "plain",
                "optional": true
              },
              "enable_message_ordering": {
                "type": "bool",
                "description": "If 'true', messages published with the same orderingKey in PubsubMessage will be delivered to\nthe subscribers in the order in which they are received by the Pub/Sub system. Otherwise, they\nmay be delivered in any order.",
                "description_kind": "plain",
                "optional": true
              },
              "filter": {
                "type": "string",
                "description": "The subscription only delivers the messages that match the filter.\nPub/Sub automatically acknowledges the messages that don't match the filter. You can filter messages\nby their attributes. The maximum length of a filter is 256 bytes. After creating the subscription,\nyou can't modify the filter.",
                "description_kind": "plain",
                "optional": true
              },
              "id": {
                "type": "string",
                "description_kind": "plain",
                "optional": true,
                "computed": true
              },
              "labels": {
                "type": [
                  "map",
                  "string"
                ],
                "description": "A set of key/value label pairs to assign to this Subscription.\n\n\n**Note**: This field is non-authoritative, and will only manage the labels present in your configuration.\nPlease refer to the field 'effective_labels' for all of the labels present on the resource.",
                "description_kind": "plain",
                "optional": true
              },
              "message_retention_duration": {
                "type": "string",
                "description": "How long to retain unacknowledged messages in the subscription's\nbacklog, from the moment a message is published. If\nretain_acked_messages is true, then this also configures the retention\nof acknowledged messages, and thus configures how far back in time a\nsubscriptions.seek can be done. Defaults to 7 days. Cannot be more\nthan 31 days ('\"2678400s\"') or less than 10 minutes ('\"600s\"').\n\nA duration in seconds with up to nine fractional digits, terminated\nby 's'. Example: '\"600.5s\"'.",
                "description_kind": "plain",
                "optional": true
              },
              "name": {
                "type": "string",
                "description": "Name of the subscription.",
                "description_kind": "plain",
                "required": true
              },
              "project": {
                "type": "string",
                "description_kind": "plain",
                "optional": true,
                "computed": true
              },
              "retain_acked_messages": {
                "type": "bool",
                "description": "Indicates whether to retain acknowledged messages. If 'true', then\nmessages are not expunged from the subscription's backlog, even if\nthey are acknowledged, until they fall out of the\nmessageRetentionDuration window.",
                "description_kind": "plain",
                "optional": true
              },
              "terraform_labels": {
                "type": [
                  "map",
                  "string"
                ],
                "description": "The combination of labels configured directly on the resource\n and default labels configured on the provider.",
                "description_kind": "plain",
                "computed": true
              },
              "topic": {
                "type": "string",
                "description": "A reference to a Topic resource, of the form projects/{project}/topics/{{name}}\n(as in the id property of a google_pubsub_topic), or just a topic name if\nthe topic is in the same project as the subscription.",
                "description_kind": "plain",
                "required": true
              }
            },
            "block_types": {
              "bigquery_config": {
                "nesting_mode": "list",
                "block": {
                  "attributes": {
                    "drop_unknown_fields": {
                      "type": "bool",
                      "description": "When true and use_topic_schema or use_table_schema is true, any fields that are a part of the topic schema or message schema that\nare not part of the BigQuery table schema are dropped when writing to BigQuery. Otherwise, the schemas must be kept in sync\nand any messages with extra fields are not written and remain in the subscription's backlog.",
                      "description_kind": "plain",
                      "optional": true
                    },
                    "service_account_email": {
                      "type": "string",
                      "description": "The service account to use to write to BigQuery. If not specified, the Pub/Sub\n[service agent](https://cloud.google.com/iam/docs/service-agents),\nservice-{project_number}@gcp-sa-pubsub.iam.gserviceaccount.com, is used.",
                      "description_kind": "plain",
                      "optional": true
                    },
                    "table": {
                      "type": "string",
                      "description": "The name of the table to which to write data, of the form {projectId}.{datasetId}.{tableId}",
                      "description_kind": "plain",
                      "required": true
                    },
                    "use_table_schema": {
                      "type": "bool",
                      "description": "When true, use the BigQuery table's schema as the columns to write to in BigQuery. Messages\nmust be published in JSON format. Only one of use_topic_schema and use_table_schema can be set.",
                      "description_kind": "plain",
                      "optional": true
                    },
                    "use_topic_schema": {
                      "type": "bool",
                      "description": "When true, use the topic's schema as the columns to write to in BigQuery, if it exists.\nOnly one of use_topic_schema and use_table_schema can be set.",
                      "description_kind": "plain",
                      "optional": true
                    },
                    "write_metadata": {
                      "type": "bool",
                      "description": "When true, write the subscription name, messageId, publishTime, attributes, and orderingKey to additional columns in the table.\nThe subscription name, messageId, and publishTime fields are put in their own columns while all other message properties (other than data) are written to a JSON object in the attributes column.",
                      "description_kind": "plain",
                      "optional": true
                    }
                  },
                  "description": "If delivery to BigQuery is used with this subscription, this field is used to configure it.\nEither pushConfig, bigQueryConfig or cloudStorageConfig can be set, but not combined.\nIf all three are empty, then the subscriber will pull and ack messages using API methods.",
                  "description_kind": "plain"
                },
                "max_items": 1
              },
              "cloud_storage_config": {
                "nesting_mode": "list",
                "block": {
                  "attributes": {
                    "bucket": {
                      "type": "string",
                      "description": "User-provided name for the Cloud Storage bucket. The bucket must be created by the user. The bucket name must be without any prefix like \"gs://\".",
                      "description_kind": "plain",
                      "required": true
                    },
                    "filename_datetime_format": {
                      "type": "string",
                      "description": "User-provided format string specifying how to represent datetimes in Cloud Storage filenames.",
                      "description_kind": "plain",
                      "optional": true
                    },
                    "filename_prefix": {
                      "type": "string",
                      "description": "User-provided prefix for Cloud Storage filename.",
                      "description_kind": "plain",
                      "optional": true
                    },
                    "filename_suffix": {
                      "type": "string",
                      "description": "User-provided suffix for Cloud Storage filename. Must not end in \"/\".",
                      "description_kind": "plain",
                      "optional": true
                    },
                    "max_bytes": {
                      "type": "number",
                      "description": "The maximum bytes that can be written to a Cloud Storage file before a new file is created. Min 1 KB, max 10 GiB.\nThe maxBytes limit may be exceeded in cases where messages are larger than the limit.",
                      "description_kind": "plain",
                      "optional": true
                    },
                    "max_duration": {
                      "type": "string",
                      "description": "The maximum duration that can elapse before a new Cloud Storage file is created. Min 1 minute, max 10 minutes, default 5 minutes.\nMay not exceed the subscription's acknowledgement deadline.\nA duration in seconds with up to nine fractional digits, ending with 's'. Example: \"3.5s\".",
                      "description_kind": "plain",
                      "optional": true
                    },
                    "max_messages": {
                      "type": "number",
                      "description": "The maximum messages that can be written to a Cloud Storage file before a new file is created. Min 1000 messages.",
                      "description_kind": "plain",
                      "optional": true
                    },
                    "service_account_email": {
                      "type": "string",
                      "description": "The service account to use to write to Cloud Storage. If not specified, the Pub/Sub\n[service agent](https://cloud.google.com/iam/docs/service-agents),\nservice-{project_number}@gcp-sa-pubsub.iam.gserviceaccount.com, is used.",
                      "description_kind": "plain",
                      "optional": true
                    },
                    "state": {
                      "type": "string",
                      "description": "An output-only field that indicates whether or not the subscription can receive messages.",
                      "description_kind": "plain",
                      "computed": true
                    }
                  },
                  "block_types": {
                    "avro_config": {
                      "nesting_mode": "list",
                      "block": {
                        "attributes": {
                          "use_topic_schema": {
                            "type": "bool",
                            "description": "When true, the output Cloud Storage file will be serialized using the topic schema, if it exists.",
                            "description_kind": "plain",
                            "optional": true
                          },
                          "write_metadata": {
                            "type": "bool",
                            "description": "When true, write the subscription name, messageId, publishTime, attributes, and orderingKey as additional fields in the output.",
                            "description_kind": "plain",
                            "optional": true
                          }
                        },
                        "description": "If set, message data will be written to Cloud Storage in Avro format.",
                        "description_kind": "plain"
                      },
                      "max_items": 1
                    }
                  },
                  "description": "If delivery to Cloud Storage is used with this subscription, this field is used to configure it.\nEither pushConfig, bigQueryConfig or cloudStorageConfig can be set, but not combined.\nIf all three are empty, then the subscriber will pull and ack messages using API methods.",
                  "description_kind": "plain"
                },
                "max_items": 1
              },
              "dead_letter_policy": {
                "nesting_mode": "list",
                "block": {
                  "attributes": {
                    "dead_letter_topic": {
                      "type": "string",
                      "description": "The name of the topic to which dead letter messages should be published.\nFormat is 'projects/{project}/topics/{topic}'.\n\nThe Cloud Pub/Sub service account associated with the enclosing subscription's\nparent project (i.e.,\nservice-{project_number}@gcp-sa-pubsub.iam.gserviceaccount.com) must have\npermission to Publish() to this topic.\n\nThe operation will fail if the topic does not exist.\nUsers should ensure that there is a subscription attached to this topic\nsince messages published to a topic with no subscriptions are lost.",
                      "description_kind": "plain",
                      "optional": true
                    },
                    "max_delivery_attempts": {
                      "type": "number",
                      "description": "The maximum number of delivery attempts for any message. The value must be\nbetween 5 and 100.\n\nThe number of delivery attempts is defined as 1 + (the sum of number of\nNACKs and number of times the acknowledgement deadline has been exceeded for the message).\n\nA NACK is any call to ModifyAckDeadline with a 0 deadline. Note that\nclient libraries may automatically extend ack_deadlines.\n\nThis field will be honored on a best effort basis.\n\nIf this parameter is 0, a default value of 5 is used.",
                      "description_kind": "plain",
                      "optional": true
                    }
                  },
                  "description": "A policy that specifies the conditions for dead lettering messages in\nthis subscription. If dead_letter_policy is not set, dead lettering\nis disabled.\n\nThe Cloud Pub/Sub service account associated with this subscription's\nparent project (i.e.,\nservice-{project_number}@gcp-sa-pubsub.iam.gserviceaccount.com) must have\npermission to Acknowledge() messages on this subscription.",
                  "description_kind": "plain"
                },
                "max_items": 1
              },
              "expiration_policy": {
                "nesting_mode": "list",
                "block": {
                  "attributes": {
                    "ttl": {
                      "type": "string",
                      "description": "Specifies the \"time-to-live\" duration for an associated resource. The\nresource expires if it is not active for a period of ttl.\nIf ttl is set to \"\", the associated resource never expires.\nA duration in seconds with up to nine fractional digits, terminated by 's'.\nExample - \"3.5s\".",
                      "description_kind": "plain",
                      "required": true
                    }
                  },
                  "description": "A policy that specifies the conditions for this subscription's expiration.\nA subscription is considered active as long as any connected subscriber\nis successfully consuming messages from the subscription or is issuing\noperations on the subscription. If expirationPolicy is not set, a default\npolicy with ttl of 31 days will be used.  If it is set but ttl is \"\", the\nresource never expires.  The minimum allowed value for expirationPolicy.ttl\nis 1 day.",
                  "description_kind": "plain"
                },
                "max_items": 1
              },
              "push_config": {
                "nesting_mode": "list",
                "block": {
                  "attributes": {
                    "attributes": {
                      "type": [
                        "map",
                        "string"
                      ],
                      "description": "Endpoint configuration attributes.\n\nEvery endpoint has a set of API supported attributes that can\nbe used to control different aspects of the message delivery.\n\nThe currently supported attribute is x-goog-version, which you\ncan use to change the format of the pushed message. This\nattribute indicates the version of the data expected by\nthe endpoint. This controls the shape of the pushed message\n(i.e., its fields and metadata). The endpoint version is\nbased on the version of the Pub/Sub API.\n\nIf not present during the subscriptions.create call,\nit will default to the version of the API used to make\nsuch call. If not present during a subscriptions.modifyPushConfig\ncall, its value will not be changed. subscriptions.get\ncalls will always return a valid version, even if the\nsubscription was created without this attribute.\n\nThe possible values for this attribute are:\n\n- v1beta1: uses the push format defined in the v1beta1 Pub/Sub API.\n- v1 or v1beta2: uses the push format defined in the v1 Pub/Sub API.",
                      "description_kind": "plain",
                      "optional": true
                    },
                    "push_endpoint": {
                      "type": "string",
                      "description": "A URL locating the endpoint to which messages should be pushed.\nFor example, a Webhook endpoint might use\n\"https://example.com/push\".",
                      "description_kind": "plain",
                      "required": true
                    }
                  },
                  "block_types": {
                    "no_wrapper": {
                      "nesting_mode": "list",
                      "block": {
                        "attributes": {
                          "write_metadata": {
                            "type": "bool",
                            "description": "When true, writes the Pub/Sub message metadata to\n'x-goog-pubsub-\u003cKEY\u003e:\u003cVAL\u003e' headers of the HTTP request. Writes the\nPub/Sub message attributes to '\u003cKEY\u003e:\u003cVAL\u003e' headers of the HTTP request.",
                            "description_kind": "plain",
                            "required": true
                          }
                        },
                        "description": "When set, the payload to the push endpoint is not wrapped.Sets the\n'data' field as the HTTP body for delivery.",
                        "description_kind": "plain"
                      },
                      "max_items": 1
                    },
                    "oidc_token": {
                      "nesting_mode": "list",
                      "block": {
                        "attributes": {
                          "audience": {
                            "type": "string",
                            "description": "Audience to be used when generating OIDC token. The audience claim\nidentifies the recipients that the JWT is intended for. The audience\nvalue is a single case-sensitive string. Having multiple values (array)\nfor the audience field is not supported. More info about the OIDC JWT\ntoken audience here: https://tools.ietf.org/html/rfc7519#section-4.1.3\nNote: if not specified, the Push endpoint URL will be used.",
                            "description_kind": "plain",
                            "optional": true
                          },
                          "service_account_email": {
                            "type": "string",
                            "description": "Service account email to be used for generating the OIDC token.\nThe caller (for subscriptions.create, subscriptions.patch, and\nsubscriptions.modifyPushConfig RPCs) must have the\niam.serviceAccounts.actAs permission for the service account.",
                            "description_kind": "plain",
                            "required": true
                          }
                        },
                        "description": "If specified, Pub/Sub will generate and attach an OIDC JWT token as\nan Authorization header in the HTTP request for every pushed message.",
                        "description_kind": "plain"
                      },
                      "max_items": 1
                    }
                  },
                  "description": "If push delivery is used with this subscription, this field is used to\nconfigure it. An empty pushConfig signifies that the subscriber will\npull and ack messages using API methods.",
                  "description_kind": "plain"
                },
                "max_items": 1
              },
              "retry_policy": {
                "nesting_mode": "list",
                "block": {
                  "attributes": {
                    "maximum_backoff": {
                      "type": "string",
                      "description": "The maximum delay between consecutive deliveries of a given message. Value should be between 0 and 600 seconds. Defaults to 600 seconds.\nA duration in seconds with up to nine fractional digits, terminated by 's'. Example: \"3.5s\".",
                      "description_kind": "plain",
                      "optional": true,
                      "computed": true
                    },
                    "minimum_backoff": {
                      "type": "string",
                      "description": "The minimum delay between consecutive deliveries of a given message. Value should be between 0 and 600 seconds. Defaults to 10 seconds.\nA duration in seconds with up to nine fractional digits, terminated by 's'. Example: \"3.5s\".",
                      "description_kind": "plain",
                      "optional": true,
                      "computed": true
                    }
                  },
                  "description": "A policy that specifies how Pub/Sub retries message delivery for this subscription.\n\nIf not set, the default retry policy is applied. This generally implies that messages will be retried as soon as possible for healthy subscribers.\nRetryPolicy will be triggered on NACKs or acknowledgement deadline exceeded events for a given message",
                  "description_kind": "plain"
                },
                "max_items": 1
              },
              "timeouts": {
                "nesting_mode": "single",
                "block": {
                  "attributes": {
                    "create": {
                      "type": "string",
                      "description_kind": "plain",
                      "optional": true
                    },
                    "delete": {
                      "type": "string",
                      "description_kind": "plain",
                      "optional": true
                    },
                    "update": {
                      "type": "string",
                      "description_kind": "plain",
                      "optional": true
                    }
                  },
                  "description_kind": "plain"
                }
              }
            },
            "description_kind": "plain"
          }
        },
        "google_pubsub_topic": {
          "version": 0,
          "block": {
            "attributes": {
              "effective_labels": {
                "type": [
                  "map",
                  "string"
                ],
                "description": "All of labels (key/value pairs) present on the resource in GCP, including the labels configured through Terraform, other clients and services.",
                "description_kind": "plain",
                "computed": true
              },
              "id": {
                "type": "string",
                "description_kind": "plain",
                "optional": true,
                "computed": true
              },
              "kms_key_name": {
                "type": "string",
                "description": "The resource name of the Cloud KMS CryptoKey to be used to protect access\nto messages published on this topic. Your project's PubSub service account\n('service-{{PROJECT_NUMBER}}@gcp-sa-pubsub.iam.gserviceaccount.com') must have\n'roles/cloudkms.cryptoKeyEncrypterDecrypter' to use this feature.\nThe expected format is 'projects/*/locations/*/keyRings/*/cryptoKeys/*'",
                "description_kind": "plain",
                "optional": true
              },
              "labels": {
                "type": [
                  "map",
                  "string"
                ],
                "description": "A set of key/value label pairs to assign to this Topic.\n\n\n**Note**: This field is non-authoritative, and will only manage the labels present in your configuration.\nPlease refer to the field 'effective_labels' for all of the labels present on the resource.",
                "description_kind": "plain",
                "optional": true
              },
              "message_retention_duration": {
                "type": "string",
                "description": "Indicates the minimum duration to retain a message after it is published\nto the topic. If this field is set, messages published to the topic in\nthe last messageRetentionDuration are always available to subscribers.\nFor instance, it allows any attached subscription to seek to a timestamp\nthat is up to messageRetentionDuration in the past. If this field is not\nset, message retention is controlled by settings on individual subscriptions.\nThe rotation period has the format of a decimal number, followed by the\nletter 's' (seconds). Cannot be more than 31 days or less than 10 minutes.",
                "description_kind": "plain",
                "optional": true
              },
              "name": {
                "type": "string",
                "description": "Name of the topic.",
                "description_kind": "plain",
                "required": true
              },
              "project": {
                "type": "string",
                "description_kind": "plain",
                "optional": true,
                "computed": true
              },
              "terraform_labels": {
                "type": [
                  "map",
                  "string"
                ],
                "description": "The combination of labels configured directly on the resource\n and default labels configured on the provider.",
                "description_kind": "plain",
                "computed": true
              }
            },
            "block_types": {
              "ingestion_data_source_settings": {
                "nesting_mode": "list",
                "block": {
                  "block_types": {
                    "aws_kinesis": {
                      "nesting_mode": "list",
                      "block": {
                        "attributes": {
                          "aws_role_arn": {
                            "type": "string",
                            "description": "AWS role ARN to be used for Federated Identity authentication with\nKinesis. Check the Pub/Sub docs for how to set up this role and the\nrequired permissions that need to be attached to it.",
                            "description_kind": "plain",
                            "required": true
                          },
                          "consumer_arn": {
                            "type": "string",
                            "description": "The Kinesis consumer ARN to used for ingestion in\nEnhanced Fan-Out mode. The consumer must be already\ncreated and ready to be used.",
                            "description_kind": "plain",
                            "required": true
                          },
                          "gcp_service_account": {
                            "type": "string",
                            "description": "The GCP service account to be used for Federated Identity authentication\nwith Kinesis (via a 'AssumeRoleWithWebIdentity' call for the provided\nrole). The 'awsRoleArn' must be set up with 'accounts.google.com:sub'\nequals to this service account number.",
                            "description_kind": "plain",
                            "required": true
                          },
                          "stream_arn": {
                            "type": "string",
                            "description": "The Kinesis stream ARN to ingest data from.",
                            "description_kind": "plain",
                            "required": true
                          }
                        },
                        "description": "Settings for ingestion from Amazon Kinesis Data Streams.",
                        "description_kind": "plain"
                      },
                      "max_items": 1
                    },
                    "cloud_storage": {
                      "nesting_mode": "list",
                      "block": {
                        "attributes": {
                          "bucket": {
                            "type": "string",
                            "description": "Cloud Storage bucket. The bucket name must be without any\nprefix like \"gs://\". See the bucket naming requirements:\nhttps://cloud.google.com/storage/docs/buckets#naming.",
                            "description_kind": "plain",
                            "required": true
                          },
                          "match_glob": {
                            "type": "string",
                            "description": "Glob pattern used to match objects that will be ingested. If unset, all\nobjects will be ingested. See the supported patterns:\nhttps://cloud.google.com/storage/docs/json_api/v1/objects/list#list-objects-and-prefixes-using-glob",
                            "description_kind": "plain",
                            "optional": true
                          },
                          "minimum_object_create_time": {
                            "type": "string",
                            "description": "The timestamp set in RFC3339 text format. If set, only objects with a\nlarger or equal timestamp will be ingested. Unset by default, meaning\nall objects will be ingested.",
                            "description_kind": "plain",
                            "optional": true
                          }
                        },
                        "block_types": {
                          "avro_format": {
                            "nesting_mode": "list",
                            "block": {
                              "description": "Configuration for reading Cloud Storage data in Avro binary format. The\nbytes of each object will be set to the 'data' field of a Pub/Sub message.",
                              "description_kind": "plain"
                            },
                            "max_items": 1
                          },
                          "pubsub_avro_format": {
                            "nesting_mode": "list",
                            "block": {
                              "description": "Configuration for reading Cloud Storage data written via Cloud Storage\nsubscriptions(See https://cloud.google.com/pubsub/docs/cloudstorage). The\ndata and attributes fields of the originally exported Pub/Sub message\nwill be restored when publishing.",
                              "description_kind": "plain"
                            },
                            "max_items": 1
                          },
                          "text_format": {
                            "nesting_mode": "list",
                            "block": {
                              "attributes": {
                                "delimiter": {
                                  "type": "string",
                                  "description": "The delimiter to use when using the 'text' format. Each line of text as\nspecified by the delimiter will be set to the 'data' field of a Pub/Sub\nmessage. When unset, '\\n' is used.",
                                  "description_kind": "plain",
                                  "optional": true
                                }
                              },
                              "description": "Configuration for reading Cloud Storage data in text format. Each line of\ntext as specified by the delimiter will be set to the 'data' field of a\nPub/Sub message.",
                              "description_kind": "plain"
                            },
                            "max_items": 1
                          }
                        },
                        "description": "Settings for ingestion from Cloud Storage.",
                        "description_kind": "plain"
                      },
                      "max_items": 1
                    },
                    "platform_logs_settings": {
                      "nesting_mode": "list",
                      "block": {
                        "attributes": {
                          "severity": {
                            "type": "string",
                            "description": "The minimum severity level of Platform Logs that will be written. If unspecified,\nno Platform Logs will be written. Default value: \"SEVERITY_UNSPECIFIED\" Possible values: [\"SEVERITY_UNSPECIFIED\", \"DISABLED\", \"DEBUG\", \"INFO\", \"WARNING\", \"ERROR\"]",
                            "description_kind": "plain",
                            "optional": true
                          }
                        },
                        "description": "Settings for Platform Logs regarding ingestion to Pub/Sub. If unset,\nno Platform Logs will be generated.'",
                        "description_kind": "plain"
                      },
                      "max_items": 1
                    }
                  },
                  "description": "Settings for ingestion from a data source into this topic.",
                  "description_kind": "plain"
                },
                "max_items": 1
              },
              "message_storage_policy": {
                "nesting_mode": "list",
                "block": {
                  "attributes": {
                    "allowed_persistence_regions": {
                      "type": [
                        "list",
                        "string"
                      ],
                      "description": "A list of IDs of GCP regions where messages that are published to\nthe topic may be persisted in storage. Messages published by\npublishers running in non-allowed GCP regions (or running outside\nof GCP altogether) will be routed for storage in one of the\nallowed regions. An empty list means that no regions are allowed,\nand is not a valid configuration.",
                      "description_kind": "plain",
                      "required": true
                    }
                  },
                  "description": "Policy constraining the set of Google Cloud Platform regions where\nmessages published to the topic may be stored. If not present, then no\nconstraints are in effect.",
                  "description_kind": "plain"
                },
                "max_items": 1
              },
              "schema_settings": {
                "nesting_mode": "list",
                "block": {
                  "attributes": {
                    "encoding": {
                      "type": "string",
                      "description": "The encoding of messages validated against schema. Default value: \"ENCODING_UNSPECIFIED\" Possible values: [\"ENCODING_UNSPECIFIED\", \"JSON\", \"BINARY\"]",
                      "description_kind": "plain",
                      "optional": true
                    },
                    "schema": {
                      "type": "string",
                      "description": "The name of the schema that messages published should be\nvalidated against. Format is projects/{project}/schemas/{schema}.\nThe value of this field will be _deleted-schema_\nif the schema has been deleted.",
                      "description_kind": "plain",
                      "required": true
                    }
                  },
                  "description": "Settings for validating messages published against a schema.",
                  "description_kind": "plain"
                },
                "max_items": 1
              },
              "timeouts": {
                "nesting_mode": "single",
                "block": {
                  "attributes": {
                    "create": {
                      "type": "string",
                      "description_kind": "plain",
                      "optional": true
                    },
                    "delete": {
                      "type": "string",
                      "description_kind": "plain",
                      "optional": true
                    },
                    "update": {
                      "type": "string",
                      "description_kind": "plain",
                      "optional": true
                    }
                  },
                  "description_kind": "plain"
                }
              }
            },
            "description_kind": "plain"
          }
        },
        "google_secret_manager_secret": {
          "version": 0,
          "block": {
            "attributes": {
              "annotations": {
                "type": [
                  "map",
                  "string"
                ],
                "description": "Custom metadata about the secret.\n\nAnnotations are distinct from various forms of labels. Annotations exist to allow\nclient tools to store their own state information without requiring a database.\n\nAnnotation keys must be between 1 and 63 characters long, have a UTF-8 encoding of\nmaximum 128 bytes, begin and end with an alphanumeric character ([a-z0-9A-Z]), and\nmay have dashes (-), underscores (_), dots (.), and alphanumerics in between these\nsymbols.\n\nThe total size of annotation keys and values must be less than 16KiB.\n\nAn object containing a list of \"key\": value pairs. Example:\n{ \"name\": \"wrench\", \"mass\": \"1.3kg\", \"count\": \"3\" }.\n\n\n**Note**: This field is non-authoritative, and will only manage the annotations present in your configuration.\nPlease refer to the field 'effective_annotations' for all of the annotations present on the resource.",
                "description_kind": "plain",
                "optional": true
              },
              "create_time": {
                "type": "string",
                "description": "The time at which the Secret was created.",
                "description_kind": "plain",
                "computed": true
              },
              "effective_annotations": {
                "type": [
                  "map",
                  "string"
                ],
                "description": "All of annotations (key/value pairs) present on the resource in GCP, including the annotations configured through Terraform, other clients and services.",
                "description_kind": "plain",
                "computed": true
              },
              "effective_labels": {
                "type": [
                  "map",
                  "string"
                ],
                "description": "All of labels (key/value pairs) present on the resource in GCP, including the labels configured through Terraform, other clients and services.",
                "description_kind": "plain",
                "computed": true
              },
              "expire_time": {
                "type": "string",
                "description": "Timestamp in UTC when the Secret is scheduled to expire. This is always provided on output, regardless of what was sent on input.\nA timestamp in RFC3339 UTC \"Zulu\" format, with nanosecond resolution and up to nine fractional digits. Examples: \"2014-10-02T15:01:23Z\" and \"2014-10-02T15:01:23.045123456Z\".\nOnly one of 'expire_time' or 'ttl' can be provided.",
                "description_kind": "plain",
                "optional": true,
                "computed": true
              },
              "id": {
                "type": "string",
                "description_kind": "plain",
                "optional": true,
                "computed": true
              },
              "labels": {
                "type": [
                  "map",
                  "string"
                ],
                "description": "The labels assigned to this Secret.\n\nLabel keys must be between 1 and 63 characters long, have a UTF-8 encoding of maximum 128 bytes,\nand must conform to the following PCRE regular expression: [\\p{Ll}\\p{Lo}][\\p{Ll}\\p{Lo}\\p{N}_-]{0,62}\n\nLabel values must be between 0 and 63 characters long, have a UTF-8 encoding of maximum 128 bytes,\nand must conform to the following PCRE regular expression: [\\p{Ll}\\p{Lo}\\p{N}_-]{0,63}\n\nNo more than 64 labels can be assigned to a given resource.\n\nAn object containing a list of \"key\": value pairs. Example:\n{ \"name\": \"wrench\", \"mass\": \"1.3kg\", \"count\": \"3\" }.\n\n\n**Note**: This field is non-authoritative, and will only manage the labels present in your configuration.\nPlease refer to the field 'effective_labels' for all of the labels present on the resource.",
                "description_kind": "plain",
                "optional": true
              },
              "name": {
                "type": "string",
                "description": "The resource name of the Secret. Format:\n'projects/{{project}}/secrets/{{secret_id}}'",
                "description_kind": "plain",
                "computed": true
              },
              "project": {
                "type": "string",
                "description_kind": "plain",
                "optional": true,
                "computed": true
              },
              "secret_id": {
                "type": "string",
                "description": "This must be unique within the project.",
                "description_kind": "plain",
                "required": true
              },
              "terraform_labels": {
                "type": [
                  "map",
                  "string"
                ],
                "description": "The combination of labels configured directly on the resource\n and default labels configured on the provider.",
                "description_kind": "plain",
                "computed": true
              },
              "ttl": {
                "type": "string",
                "description": "The TTL for the Secret.\nA duration in seconds with up to nine fractional digits, terminated by 's'. Example: \"3.5s\".\nOnly one of 'ttl' or 'expire_time' can be provided.",
                "description_kind": "plain",
                "optional": true
              },
              "version_aliases": {
                "type": [
                  "map",
                  "string"
                ],
                "description": "Mapping from version alias to version name.\n\nA version alias is a string with a maximum length of 63 characters and can contain\nuppercase and lowercase letters, numerals, and the hyphen (-) and underscore ('_')\ncharacters. An alias string must start with a letter and cannot be the string\n'latest' or 'NEW'. No more than 50 aliases can be assigned to a given secret.\n\nAn object containing a list of \"key\": value pairs. Example:\n{ \"name\": \"wrench\", \"mass\": \"1.3kg\", \"count\": \"3\" }.",
                "description_kind": "plain",
                "optional": true
              },
              "version_destroy_ttl": {
                "type": "string",
                "description": "Secret Version TTL after destruction request.\nThis is a part of the delayed delete feature on Secret Version.\nFor secret with versionDestroyTtl\u003e0, version destruction doesn't happen immediately\non calling destroy instead the version goes to a disabled state and\nthe actual destruction happens after this TTL expires.",
                "description_kind": "plain",
                "optional": true
              }
            },
            "block_types": {
              "replication": {
                "nesting_mode": "list",
                "block": {
                  "block_types": {
                    "auto": {
                      "nesting_mode": "list",
                      "block": {
                        "block_types": {
                          "customer_managed_encryption": {
                            "nesting_mode": "list",
                            "block": {
                              "attributes": {
                                "kms_key_name": {
                                  "type": "string",
                                  "description": "The resource name of the Cloud KMS CryptoKey used to encrypt secret payloads.",
                                  "description_kind": "plain",
                                  "required": true
                                }
                              },
                              "description": "The customer-managed encryption configuration of the Secret.\nIf no configuration is provided, Google-managed default\nencryption is used.",
                              "description_kind": "plain"
                            },
                            "max_items": 1
                          }
                        },
                        "description": "The Secret will automatically be replicated without any restrictions.",
                        "description_kind": "plain"
                      },
                      "max_items": 1
                    },
                    "user_managed": {
                      "nesting_mode": "list",
                      "block": {
                        "block_types": {
                          "replicas": {
                            "nesting_mode": "list",
                            "block": {
                              "attributes": {
                                "location": {
                                  "type": "string",
                                  "description": "The canonical IDs of the location to replicate data. For example: \"us-east1\".",
                                  "description_kind": "plain",
                                  "required": true
                                }
                              },
                              "block_types": {
                                "customer_managed_encryption": {
                                  "nesting_mode": "list",
                                  "block": {
                                    "attributes": {
                                      "kms_key_name": {
                                        "type": "string",
                                        "description": "Describes the Cloud KMS encryption key that will be used to protect destination secret.",
                                        "description_kind": "plain",
                                        "required": true
                                      }
                                    },
                                    "description": "Customer Managed Encryption for the secret.",
                                    "description_kind": "plain"
                                  },
                                  "max_items": 1
                                }
                              },
                              "description": "The list of Replicas for this Secret. Cannot be empty.",
                              "description_kind": "plain"
                            },
                            "min_items": 1
                          }
                        },
                        "description": "The Secret will be replicated to the regions specified by the user.",
                        "description_kind": "plain"
                      },
                      "max_items": 1
                    }
                  },
                  "description": "The replication policy of the secret data attached to the Secret. It cannot be changed\nafter the Secret has been created.",
                  "description_kind": "plain"
                },
                "min_items": 1,
                "max_items": 1
              },
              "rotation": {
                "nesting_mode": "list",
                "block": {
                  "attributes": {
                    "next_rotation_time": {
                      "type": "string",
                      "description": "Timestamp in UTC at which the Secret is scheduled to rotate.\nA timestamp in RFC3339 UTC \"Zulu\" format, with nanosecond resolution and up to nine fractional digits. Examples: \"2014-10-02T15:01:23Z\" and \"2014-10-02T15:01:23.045123456Z\".",
                      "description_kind": "plain",
                      "optional": true
                    },
                    "rotation_period": {
                      "type": "string",
                      "description": "The Duration between rotation notifications. Must be in seconds and at least 3600s (1h) and at most 3153600000s (100 years).\nIf rotationPeriod is set, 'next_rotation_time' must be set. 'next_rotation_time' will be advanced by this period when the service automatically sends rotation notifications.",
                      "description_kind": "plain",
                      "optional": true
                    }
                  },
                  "description": "The rotation time and period for a Secret. At 'next_rotation_time', Secret Manager will send a Pub/Sub notification to the topics configured on the Secret. 'topics' must be set to configure rotation.",
                  "description_kind": "plain"
                },
                "max_items": 1
              },
              "timeouts": {
                "nesting_mode": "single",
                "block": {
                  "attributes": {
                    "create": {
                      "type": "string",
                      "description_kind": "plain",
                      "optional": true
                    },
                    "delete": {
                      "type": "string",
                      "description_kind": "plain",
                      "optional": true
                    },
                    "update": {
                      "type": "string",
                      "description_kind": "plain",
                      "optional": true
                    }
                  },
                  "description_kind": "plain"
                }
              },
              "topics": {
                "nesting_mode": "list",
                "block": {
                  "attributes": {
                    "name": {
                      "type": "string",
                      "description": "The resource name of the Pub/Sub topic that will be published to, in the following format: projects/*/topics/*.\nFor publication to succeed, the Secret Manager Service Agent service account must have pubsub.publisher permissions on the topic.",
                      "description_kind": "plain",
                      "required": true
                    }
                  },
                  "description": "A list of up to 10 Pub/Sub topics to which messages are published when control plane operations are called on the secret or its versions.",
                  "description_kind": "plain"
                }
              }
            },
            "description_kind": "plain"
          }
        },
        "google_storage_bucket": {
          "version": 3,
          "block": {
            "attributes": {
              "default_event_based_hold": {
                "type": "bool",
                "description": "Whether or not to automatically apply an eventBasedHold to new objects added to the bucket.",
                "description_kind": "plain",
                "optional": true
              },
              "effective_labels": {
                "type": [
                  "map",
                  "string"
                ],
                "description": "All of labels (key/value pairs) present on the resource in GCP, including the labels configured through Terraform, other clients and services.",
                "description_kind": "plain",
                "computed": true
              },
              "enable_object_retention": {
                "type": "bool",
                "description": "Enables each object in the bucket to have its own retention policy, which prevents deletion until stored for a specific length of time.",
                "description_kind": "plain",
                "optional": true
              },
              "force_destroy": {
                "type": "bool",
                "description": "When deleting a bucket, this boolean option will delete all contained objects. If you try to delete a bucket that contains objects, Terraform will fail that run.",
                "description_kind": "plain",
                "optional": true
              },
              "id": {
                "type": "string",
                "description_kind": "plain",
                "optional": true,
                "computed": true
              },
              "labels": {
                "type": [
                  "map",
                  "string"
                ],
                "description": "A set of key/value label pairs to assign to the bucket.",
                "description_kind": "plain",
                "optional": true
              },
              "location": {
                "type": "string",
                "description": "The Google Cloud Storage location",
                "description_kind": "plain",
                "required": true
              },
              "name": {
                "type": "string",
                "description": "The name of the bucket.",
                "description_kind": "plain",
                "required": true
              },
              "project": {
                "type": "string",
                "description": "The ID of the project in which the resource belongs. If it is not provided, the provider project is used.",
                "description_kind": "plain",
                "optional": true,
                "computed": true
              },
              "project_number": {
                "type": "number",
                "description": "The project number of the project in which the resource belongs.",
                "description_kind": "plain",
                "computed": true
              },
              "public_access_prevention": {
                "type": "string",
                "description": "Prevents public access to a bucket.",
                "description_kind": "plain",
                "optional": true,
                "computed": true
              },
              "requester_pays": {
                "type": "bool",
                "description": "Enables Requester Pays on a storage bucket.",
                "description_kind": "plain",
                "optional": true
              },
              "rpo": {
                "type": "string",
                "description": "Specifies the RPO setting of bucket. If set 'ASYNC_TURBO', The Turbo Replication will be enabled for the dual-region bucket. Value 'DEFAULT' will set RPO setting to default. Turbo Replication is only for buckets in dual-regions.See the docs for more details.",
                "description_kind": "plain",
                "optional": true,
                "computed": true
              },
              "self_link": {
                "type": "string",
                "description": "The URI of the created resource.",
                "description_kind": "plain",
                "computed": true
              },
              "storage_class": {
                "type": "string",
                "description": "The Storage Class of the new bucket. Supported values include: STANDARD, MULTI_REGIONAL, REGIONAL, NEARLINE, COLDLINE, ARCHIVE.",
                "description_kind": "plain",
                "optional": true
              },
              "terraform_labels": {
                "type": [
                  "map",
                  "string"
                ],
                "description": "The combination of labels configured directly on the resource and default labels configured on the provider.",
                "description_kind": "plain",
                "computed": true
              },
              "uniform_bucket_level_access": {
                "type": "bool",
                "description": "Enables uniform bucket-level access on a bucket.",
                "description_kind": "plain",
                "optional": true,
                "computed": true
              },
              "url": {
                "type": "string",
                "description": "The base URL of the bucket, in the format gs://\u003cbucket-name\u003e.",
                "description_kind": "plain",
                "computed": true
              }
            },
            "block_types": {
              "autoclass": {
                "nesting_mode": "list",
                "block": {
                  "attributes": {
                    "enabled": {
                      "type": "bool",
                      "description": "While set to true, autoclass automatically transitions objects in your bucket to appropriate storage classes based on each object's access pattern.",
                      "description_kind": "plain",
                      "required": true
                    },
                    "terminal_storage_class": {
                      "type": "string",
                      "description": "The storage class that objects in the bucket eventually transition to if they are not read for a certain length of time. Supported values include: NEARLINE, ARCHIVE.",
                      "description_kind": "plain",
                      "optional": true,
                      "computed": true
                    }
                  },
                  "description": "The bucket's autoclass configuration.",
                  "description_kind": "plain"
                },
                "max_items": 1
              },
              "cors": {
                "nesting_mode": "list",
                "block": {
                  "attributes": {
                    "max_age_seconds": {
                      "type": "number",
                      "description": "The value, in seconds, to return in the Access-Control-Max-Age header used in preflight responses.",
                      "description_kind": "plain",
                      "optional": true
                    },
                    "method": {
                      "type": [
                        "list",
                        "string"
                      ],
                      "description": "The list of HTTP methods on which to include CORS response headers, (GET, OPTIONS, POST, etc) Note: \"*\" is permitted in the list of methods, and means \"any method\".",
                      "description_kind": "plain",
                      "optional": true
                    },
                    "origin": {
                      "type": [
                        "list",
                        "string"
                      ],
                      "description": "The list of Origins eligible to receive CORS response headers. Note: \"*\" is permitted in the list of origins, and means \"any Origin\".",
                      "description_kind": "plain",
                      "optional": true
                    },
                    "response_header": {
                      "type": [
                        "list",
                        "string"
                      ],
                      "description": "The list of HTTP headers other than the simple response headers to give permission for the user-agent to share across domains.",
                      "description_kind": "plain",
                      "optional": true
                    }
                  },
                  "description": "The bucket's Cross-Origin Resource Sharing (CORS) configuration.",
                  "description_kind": "plain"
                }
              },
              "custom_placement_config": {
                "nesting_mode": "list",
                "block": {
                  "attributes": {
                    "data_locations": {
                      "type": [
                        "set",
                        "string"
                      ],
                      "description": "The list of individual regions that comprise a dual-region bucket. See the docs for a list of acceptable regions. Note: If any of the data_locations changes, it will recreate the bucket.",
                      "description_kind": "plain",
                      "required": true
                    }
                  },
                  "description": "The bucket's custom location configuration, which specifies the individual regions that comprise a dual-region bucket. If the bucket is designated a single or multi-region, the parameters are empty.",
                  "description_kind": "plain"
                },
                "max_items": 1
              },
              "encryption": {
                "nesting_mode": "list",
                "block": {
                  "attributes": {
                    "default_kms_key_name": {
                      "type": "string",
                      "description": "A Cloud KMS key that will be used to encrypt objects inserted into this bucket, if no encryption method is specified. You must pay attention to whether the crypto key is available in the location that this bucket is created in. See the docs for more details.",
                      "description_kind": "plain",
                      "required": true
                    }
                  },
                  "description": "The bucket's encryption configuration.",
                  "description_kind": "plain"
                },
                "max_items": 1
              },
              "hierarchical_namespace": {
                "nesting_mode": "list",
                "block": {
                  "attributes": {
                    "enabled": {
                      "type": "bool",
                      "description": "Set this field true to organize bucket with logical file system structure.",
                      "description_kind": "plain",
                      "required": true
                    }
                  },
                  "description": "The bucket's HNS configuration, which defines bucket can organize folders in logical file system structure.",
                  "description_kind": "plain"
                },
                "max_items": 1
              },
              "lifecycle_rule": {
                "nesting_mode": "list",
                "block": {
                  "block_types": {
                    "action": {
                      "nesting_mode": "set",
                      "block": {
                        "attributes": {
                          "storage_class": {
                            "type": "string",
                            "description": "The target Storage Class of objects affected by this Lifecycle Rule. Supported values include: MULTI_REGIONAL, REGIONAL, NEARLINE, COLDLINE, ARCHIVE.",
                            "description_kind": "plain",
                            "optional": true
                          },
                          "type": {
                            "type": "string",
                            "description": "The type of the action of this Lifecycle Rule. Supported values include: Delete, SetStorageClass and AbortIncompleteMultipartUpload.",
                            "description_kind": "plain",
                            "required": true
                          }
                        },
                        "description": "The Lifecycle Rule's action configuration. A single block of this type is supported.",
                        "description_kind": "plain"
                      },
                      "min_items": 1,
                      "max_items": 1
                    },
                    "condition": {
                      "nesting_mode": "set",
                      "block": {
                        "attributes": {
                          "age": {
                            "type": "number",
                            "description": "Minimum age of an object in days to satisfy this condition.",
                            "description_kind": "plain",
                            "optional": true
                          },
                          "created_before": {
                            "type": "string",
                            "description": "Creation date of an object in RFC 3339 (e.g. 2017-06-13) to satisfy this condition.",
                            "description_kind": "plain",
                            "optional": true
                          },
                          "custom_time_before": {
                            "type": "string",
                            "description": "Creation date of an object in RFC 3339 (e.g. 2017-06-13) to satisfy this condition.",
                            "description_kind": "plain",
                            "optional": true
                          },
                          "days_since_custom_time": {
                            "type": "number",
                            "description": "Number of days elapsed since the user-specified timestamp set on an object.",
                            "description_kind": "plain",
                            "optional": true
                          },
                          "days_since_noncurrent_time": {
                            "type": "number",
                            "description": "Number of days elapsed since the noncurrent timestamp of an object. This\n\t\t\t\t\t\t\t\t\t\tcondition is relevant only for versioned objects.",
                            "description_kind": "plain",
                            "optional": true
                          },
                          "matches_prefix": {
                            "type": [
                              "list",
                              "string"
                            ],
                            "description": "One or more matching name prefixes to satisfy this condition.",
                            "description_kind": "plain",
                            "optional": true
                          },
                          "matches_storage_class": {
                            "type": [
                              "list",
                              "string"
                            ],
                            "description": "Storage Class of objects to satisfy this condition. Supported values include: MULTI_REGIONAL, REGIONAL, NEARLINE, COLDLINE, ARCHIVE, STANDARD, DURABLE_REDUCED_AVAILABILITY.",
                            "description_kind": "plain",
                            "optional": true
                          },
                          "matches_suffix": {
                            "type": [
                              "list",
                              "string"
                            ],
                            "description": "One or more matching name suffixes to satisfy this condition.",
                            "description_kind": "plain",
                            "optional": true
                          },
                          "noncurrent_time_before": {
                            "type": "string",
                            "description": "Creation date of an object in RFC 3339 (e.g. 2017-06-13) to satisfy this condition.",
                            "description_kind": "plain",
                            "optional": true
                          },
                          "num_newer_versions": {
                            "type": "number",
                            "description": "Relevant only for versioned objects. The number of newer versions of an object to satisfy this condition.",
                            "description_kind": "plain",
                            "optional": true
                          },
                          "send_age_if_zero": {
                            "type": "bool",
                            "description": "While set true, age value will be sent in the request even for zero value of the field. This field is only useful for setting 0 value to the age field. It can be used alone or together with age.",
                            "description_kind": "plain",
                            "optional": true
                          },
                          "send_days_since_custom_time_if_zero": {
                            "type": "bool",
                            "description": "While set true, days_since_custom_time value will be sent in the request even for zero value of the field. This field is only useful for setting 0 value to the days_since_custom_time field. It can be used alone or together with days_since_custom_time.",
                            "description_kind": "plain",
                            "optional": true
                          },
                          "send_days_since_noncurrent_time_if_zero": {
                            "type": "bool",
                            "description": "While set true, days_since_noncurrent_time value will be sent in the request even for zero value of the field. This field is only useful for setting 0 value to the days_since_noncurrent_time field. It can be used alone or together with days_since_noncurrent_time.",
                            "description_kind": "plain",
                            "optional": true
                          },
                          "send_num_newer_versions_if_zero": {
                            "type": "bool",
                            "description": "While set true, num_newer_versions value will be sent in the request even for zero value of the field. This field is only useful for setting 0 value to the num_newer_versions field. It can be used alone or together with num_newer_versions.",
                            "description_kind": "plain",
                            "optional": true
                          },
                          "with_state": {
                            "type": "string",
                            "description": "Match to live and/or archived objects. Unversioned buckets have only live objects. Supported values include: \"LIVE\", \"ARCHIVED\", \"ANY\".",
                            "description_kind": "plain",
                            "optional": true,
                            "computed": true
                          }
                        },
                        "description": "The Lifecycle Rule's condition configuration.",
                        "description_kind": "plain"
                      },
                      "min_items": 1,
                      "max_items": 1
                    }
                  },
                  "description": "The bucket's Lifecycle Rules configuration.",
                  "description_kind": "plain"
                },
                "max_items": 100
              },
              "logging": {
                "nesting_mode": "list",
                "block": {
                  "attributes": {
                    "log_bucket": {
                      "type": "string",
                      "description": "The bucket that will receive log objects.",
                      "description_kind": "plain",
                      "required": true
                    },
                    "log_object_prefix": {
                      "type": "string",
                      "description": "The object prefix for log objects. If it's not provided, by default Google Cloud Storage sets this to this bucket's name.",
                      "description_kind": "plain",
                      "optional": true,
                      "computed": true
                    }
                  },
                  "description": "The bucket's Access \u0026 Storage Logs configuration.",
                  "description_kind": "plain"
                },
                "max_items": 1
              },
              "retention_policy": {
                "nesting_mode": "list",
                "block": {
                  "attributes": {
                    "is_locked": {
                      "type": "bool",
                      "description": "If set to true, the bucket will be locked and permanently restrict edits to the bucket's retention policy.  Caution: Locking a bucket is an irreversible action.",
                      "description_kind": "plain",
                      "optional": true
                    },
                    "retention_period": {
                      "type": "number",
                      "description": "The period of time, in seconds, that objects in the bucket must be retained and cannot be deleted, overwritten, or archived. The value must be less than 3,155,760,000 seconds.",
                      "description_kind": "plain",
                      "required": true
                    }
                  },
                  "description": "Configuration of the bucket's data retention policy for how long objects in the bucket should be retained.",
                  "description_kind": "plain"
                },
                "max_items": 1
              },
              "soft_delete_policy": {
                "nesting_mode": "list",
                "block": {
                  "attributes": {
                    "effective_time": {
                      "type": "string",
                      "description": "Server-determined value that indicates the time from which the policy, or one with a greater retention, was effective. This value is in RFC 3339 format.",
                      "description_kind": "plain",
                      "computed": true
                    },
                    "retention_duration_seconds": {
                      "type": "number",
                      "description": "The duration in seconds that soft-deleted objects in the bucket will be retained and cannot be permanently deleted. Default value is 604800.",
                      "description_kind": "plain",
                      "optional": true
                    }
                  },
                  "description": "The bucket's soft delete policy, which defines the period of time that soft-deleted objects will be retained, and cannot be permanently deleted. If it is not provided, by default Google Cloud Storage sets this to default soft delete policy",
                  "description_kind": "plain"
                },
                "max_items": 1
              },
              "timeouts": {
                "nesting_mode": "single",
                "block": {
                  "attributes": {
                    "create": {
                      "type": "string",
                      "description_kind": "plain",
                      "optional": true
                    },
                    "read": {
                      "type": "string",
                      "description_kind": "plain",
                      "optional": true
                    },
                    "update": {
                      "type": "string",
                      "description_kind": "plain",
                      "optional": true
                    }
                  },
                  "description_kind": "plain"
                }
              },
              "versioning": {
                "nesting_mode": "list",
                "block": {
                  "attributes": {
                    "enabled": {
                      "type": "bool",
                      "description": "While set to true, versioning is fully enabled for this bucket.",
                      "description_kind": "plain",
                      "required": true
                    }
                  },
                  "description": "The bucket's Versioning configuration.",
                  "description_kind": "plain"
                },
                "max_items": 1
              },
              "website": {
                "nesting_mode": "list",
                "block": {
                  "attributes": {
                    "main_page_suffix": {
                      "type": "string",
                      "description": "Behaves as the bucket's directory index where missing objects are treated as potential directories.",
                      "description_kind": "plain",
                      "optional": true
                    },
                    "not_found_page": {
                      "type": "string",
                      "description": "The custom object to return when a requested resource is not found.",
                      "description_kind": "plain",
                      "optional": true
                    }
                  },
                  "description": "Configuration if the bucket acts as a website.",
                  "description_kind": "plain"
                },
                "max_items": 1
              }
            },
            "description_kind": "plain"
          }
        }
      }
    }
  }
}
