{
  "format_version": "1.0",
  "provider_schemas": {
    "registry.terraform.io/hashicorp/google-beta": {
      "provider": {
        "version": 0,
        "block": {
          "attributes": {
            "access_approval_custom_endpoint": {
              "type": "string",
              "description_kind": "plain",
              "optional": true
            },
            "access_context_manager_custom_endpoint": {
              "type": "string",
              "description_kind": "plain",
              "optional": true
            },
            "access_token": {
              "type": "string",
              "description_kind": "plain",
              "optional": true
            },
            "active_directory_custom_endpoint": {
              "type": "string",
              "description_kind": "plain",
              "optional": true
            },
            "add_terraform_attribution_label": {
              "type": "bool",
              "description_kind": "plain",
              "optional": true
            },
            "alloydb_custom_endpoint": {
              "type": "string",
              "description_kind": "plain",
              "optional": true
            },
            "api_gateway_custom_endpoint": {
              "type": "string",
              "description_kind": "plain",
              "optional": true
            },
            "apigee_custom_endpoint": {
              "type": "string",
              "description_kind": "plain",
              "optional": true
            },
            "apikeys_custom_endpoint": {
              "type": "string",
              "description_kind": "plain",
              "optional": true
            },
            "app_engine_custom_endpoint": {
              "type": "string",
              "description_kind": "plain",
              "optional": true
            },
            "apphub_custom_endpoint": {
              "type": "string",
              "description_kind": "plain",
              "optional": true
            },
            "artifact_registry_custom_endpoint": {
              "type": "string",
              "description_kind": "plain",
              "optional": true
            },
            "assured_workloads_custom_endpoint": {
              "type": "string",
              "description_kind": "plain",
              "optional": true
            },
            "backup_dr_custom_endpoint": {
              "type": "string",
              "description_kind": "plain",
              "optional": true
            },
            "beyondcorp_custom_endpoint": {
              "type": "string",
              "description_kind": "plain",
              "optional": true
            },
            "big_query_custom_endpoint": {
              "type": "string",
              "description_kind": "plain",
              "optional": true
            },
            "biglake_custom_endpoint": {
              "type": "string",
              "description_kind": "plain",
              "optional": true
            },
            "bigquery_analytics_hub_custom_endpoint": {
              "type": "string",
              "description_kind": "plain",
              "optional": true
            },
            "bigquery_connection_custom_endpoint": {
              "type": "string",
              "description_kind": "plain",
              "optional": true
            },
            "bigquery_data_transfer_custom_endpoint": {
              "type": "string",
              "description_kind": "plain",
              "optional": true
            },
            "bigquery_datapolicy_custom_endpoint": {
              "type": "string",
              "description_kind": "plain",
              "optional": true
            },
            "bigquery_reservation_custom_endpoint": {
              "type": "string",
              "description_kind": "plain",
              "optional": true
            },
            "bigtable_custom_endpoint": {
              "type": "string",
              "description_kind": "plain",
              "optional": true
            },
            "billing_custom_endpoint": {
              "type": "string",
              "description_kind": "plain",
              "optional": true
            },
            "billing_project": {
              "type": "string",
              "description_kind": "plain",
              "optional": true
            },
            "binary_authorization_custom_endpoint": {
              "type": "string",
              "description_kind": "plain",
              "optional": true
            },
            "blockchain_node_engine_custom_endpoint": {
              "type": "string",
              "description_kind": "plain",
              "optional": true
            },
            "certificate_manager_custom_endpoint": {
              "type": "string",
              "description_kind": "plain",
              "optional": true
            },
            "cloud_asset_custom_endpoint": {
              "type": "string",
              "description_kind": "plain",
              "optional": true
            },
            "cloud_billing_custom_endpoint": {
              "type": "string",
              "description_kind": "plain",
              "optional": true
            },
            "cloud_build_custom_endpoint": {
              "type": "string",
              "description_kind": "plain",
              "optional": true
            },
            "cloud_build_worker_pool_custom_endpoint": {
              "type": "string",
              "description_kind": "plain",
              "optional": true
            },
            "cloud_functions_custom_endpoint": {
              "type": "string",
              "description_kind": "plain",
              "optional": true
            },
            "cloud_identity_custom_endpoint": {
              "type": "string",
              "description_kind": "plain",
              "optional": true
            },
            "cloud_ids_custom_endpoint": {
              "type": "string",
              "description_kind": "plain",
              "optional": true
            },
            "cloud_quotas_custom_endpoint": {
              "type": "string",
              "description_kind": "plain",
              "optional": true
            },
            "cloud_resource_manager_custom_endpoint": {
              "type": "string",
              "description_kind": "plain",
              "optional": true
            },
            "cloud_run_custom_endpoint": {
              "type": "string",
              "description_kind": "plain",
              "optional": true
            },
            "cloud_run_v2_custom_endpoint": {
              "type": "string",
              "description_kind": "plain",
              "optional": true
            },
            "cloud_scheduler_custom_endpoint": {
              "type": "string",
              "description_kind": "plain",
              "optional": true
            },
            "cloud_tasks_custom_endpoint": {
              "type": "string",
              "description_kind": "plain",
              "optional": true
            },
            "cloudbuildv2_custom_endpoint": {
              "type": "string",
              "description_kind": "plain",
              "optional": true
            },
            "clouddeploy_custom_endpoint": {
              "type": "string",
              "description_kind": "plain",
              "optional": true
            },
            "clouddomains_custom_endpoint": {
              "type": "string",
              "description_kind": "plain",
              "optional": true
            },
            "cloudfunctions2_custom_endpoint": {
              "type": "string",
              "description_kind": "plain",
              "optional": true
            },
            "composer_custom_endpoint": {
              "type": "string",
              "description_kind": "plain",
              "optional": true
            },
            "compute_custom_endpoint": {
              "type": "string",
              "description_kind": "plain",
              "optional": true
            },
            "container_analysis_custom_endpoint": {
              "type": "string",
              "description_kind": "plain",
              "optional": true
            },
            "container_attached_custom_endpoint": {
              "type": "string",
              "description_kind": "plain",
              "optional": true
            },
            "container_aws_custom_endpoint": {
              "type": "string",
              "description_kind": "plain",
              "optional": true
            },
            "container_azure_custom_endpoint": {
              "type": "string",
              "description_kind": "plain",
              "optional": true
            },
            "container_custom_endpoint": {
              "type": "string",
              "description_kind": "plain",
              "optional": true
            },
            "core_billing_custom_endpoint": {
              "type": "string",
              "description_kind": "plain",
              "optional": true
            },
            "credentials": {
              "type": "string",
              "description_kind": "plain",
              "optional": true
            },
            "data_catalog_custom_endpoint": {
              "type": "string",
              "description_kind": "plain",
              "optional": true
            },
            "data_fusion_custom_endpoint": {
              "type": "string",
              "description_kind": "plain",
              "optional": true
            },
            "data_loss_prevention_custom_endpoint": {
              "type": "string",
              "description_kind": "plain",
              "optional": true
            },
            "data_pipeline_custom_endpoint": {
              "type": "string",
              "description_kind": "plain",
              "optional": true
            },
            "database_migration_service_custom_endpoint": {
              "type": "string",
              "description_kind": "plain",
              "optional": true
            },
            "dataflow_custom_endpoint": {
              "type": "string",
              "description_kind": "plain",
              "optional": true
            },
            "dataform_custom_endpoint": {
              "type": "string",
              "description_kind": "plain",
              "optional": true
            },
            "dataplex_custom_endpoint": {
              "type": "string",
              "description_kind": "plain",
              "optional": true
            },
            "dataproc_custom_endpoint": {
              "type": "string",
              "description_kind": "plain",
              "optional": true
            },
            "dataproc_metastore_custom_endpoint": {
              "type": "string",
              "description_kind": "plain",
              "optional": true
            },
            "datastream_custom_endpoint": {
              "type": "string",
              "description_kind": "plain",
              "optional": true
            },
            "default_labels": {
              "type": [
                "map",
                "string"
              ],
              "description_kind": "plain",
              "optional": true
            },
            "deployment_manager_custom_endpoint": {
              "type": "string",
              "description_kind": "plain",
              "optional": true
            },
            "developer_connect_custom_endpoint": {
              "type": "string",
              "description_kind": "plain",
              "optional": true
            },
            "dialogflow_custom_endpoint": {
              "type": "string",
              "description_kind": "plain",
              "optional": true
            },
            "dialogflow_cx_custom_endpoint": {
              "type": "string",
              "description_kind": "plain",
              "optional": true
            },
            "discovery_engine_custom_endpoint": {
              "type": "string",
              "description_kind": "plain",
              "optional": true
            },
            "dns_custom_endpoint": {
              "type": "string",
              "description_kind": "plain",
              "optional": true
            },
            "document_ai_custom_endpoint": {
              "type": "string",
              "description_kind": "plain",
              "optional": true
            },
            "document_ai_warehouse_custom_endpoint": {
              "type": "string",
              "description_kind": "plain",
              "optional": true
            },
            "edgecontainer_custom_endpoint": {
              "type": "string",
              "description_kind": "plain",
              "optional": true
            },
            "edgenetwork_custom_endpoint": {
              "type": "string",
              "description_kind": "plain",
              "optional": true
            },
            "essential_contacts_custom_endpoint": {
              "type": "string",
              "description_kind": "plain",
              "optional": true
            },
            "eventarc_custom_endpoint": {
              "type": "string",
              "description_kind": "plain",
              "optional": true
            },
            "filestore_custom_endpoint": {
              "type": "string",
              "description_kind": "plain",
              "optional": true
            },
            "firebase_app_check_custom_endpoint": {
              "type": "string",
              "description_kind": "plain",
              "optional": true
            },
            "firebase_custom_endpoint": {
              "type": "string",
              "description_kind": "plain",
              "optional": true
            },
            "firebase_database_custom_endpoint": {
              "type": "string",
              "description_kind": "plain",
              "optional": true
            },
            "firebase_extensions_custom_endpoint": {
              "type": "string",
              "description_kind": "plain",
              "optional": true
            },
            "firebase_hosting_custom_endpoint": {
              "type": "string",
              "description_kind": "plain",
              "optional": true
            },
            "firebase_storage_custom_endpoint": {
              "type": "string",
              "description_kind": "plain",
              "optional": true
            },
            "firebaserules_custom_endpoint": {
              "type": "string",
              "description_kind": "plain",
              "optional": true
            },
            "firestore_custom_endpoint": {
              "type": "string",
              "description_kind": "plain",
              "optional": true
            },
            "gke_backup_custom_endpoint": {
              "type": "string",
              "description_kind": "plain",
              "optional": true
            },
            "gke_hub2_custom_endpoint": {
              "type": "string",
              "description_kind": "plain",
              "optional": true
            },
            "gke_hub_custom_endpoint": {
              "type": "string",
              "description_kind": "plain",
              "optional": true
            },
            "gkehub_feature_custom_endpoint": {
              "type": "string",
              "description_kind": "plain",
              "optional": true
            },
            "gkeonprem_custom_endpoint": {
              "type": "string",
              "description_kind": "plain",
              "optional": true
            },
            "healthcare_custom_endpoint": {
              "type": "string",
              "description_kind": "plain",
              "optional": true
            },
            "iam2_custom_endpoint": {
              "type": "string",
              "description_kind": "plain",
              "optional": true
            },
            "iam_beta_custom_endpoint": {
              "type": "string",
              "description_kind": "plain",
              "optional": true
            },
            "iam_credentials_custom_endpoint": {
              "type": "string",
              "description_kind": "plain",
              "optional": true
            },
            "iam_custom_endpoint": {
              "type": "string",
              "description_kind": "plain",
              "optional": true
            },
            "iam_workforce_pool_custom_endpoint": {
              "type": "string",
              "description_kind": "plain",
              "optional": true
            },
            "iap_custom_endpoint": {
              "type": "string",
              "description_kind": "plain",
              "optional": true
            },
            "identity_platform_custom_endpoint": {
              "type": "string",
              "description_kind": "plain",
              "optional": true
            },
            "impersonate_service_account": {
              "type": "string",
              "description_kind": "plain",
              "optional": true
            },
            "impersonate_service_account_delegates": {
              "type": [
                "list",
                "string"
              ],
              "description_kind": "plain",
              "optional": true
            },
            "integration_connectors_custom_endpoint": {
              "type": "string",
              "description_kind": "plain",
              "optional": true
            },
            "integrations_custom_endpoint": {
              "type": "string",
              "description_kind": "plain",
              "optional": true
            },
            "kms_custom_endpoint": {
              "type": "string",
              "description_kind": "plain",
              "optional": true
            },
            "logging_custom_endpoint": {
              "type": "string",
              "description_kind": "plain",
              "optional": true
            },
            "looker_custom_endpoint": {
              "type": "string",
              "description_kind": "plain",
              "optional": true
            },
            "managed_kafka_custom_endpoint": {
              "type": "string",
              "description_kind": "plain",
              "optional": true
            },
            "memcache_custom_endpoint": {
              "type": "string",
              "description_kind": "plain",
              "optional": true
            },
            "memorystore_custom_endpoint": {
              "type": "string",
              "description_kind": "plain",
              "optional": true
            },
            "migration_center_custom_endpoint": {
              "type": "string",
              "description_kind": "plain",
              "optional": true
            },
            "ml_engine_custom_endpoint": {
              "type": "string",
              "description_kind": "plain",
              "optional": true
            },
            "monitoring_custom_endpoint": {
              "type": "string",
              "description_kind": "plain",
              "optional": true
            },
            "netapp_custom_endpoint": {
              "type": "string",
              "description_kind": "plain",
              "optional": true
            },
            "network_connectivity_custom_endpoint": {
              "type": "string",
              "description_kind": "plain",
              "optional": true
            },
            "network_management_custom_endpoint": {
              "type": "string",
              "description_kind": "plain",
              "optional": true
            },
            "network_security_custom_endpoint": {
              "type": "string",
              "description_kind": "plain",
              "optional": true
            },
            "network_services_custom_endpoint": {
              "type": "string",
              "description_kind": "plain",
              "optional": true
            },
            "notebooks_custom_endpoint": {
              "type": "string",
              "description_kind": "plain",
              "optional": true
            },
            "oracle_database_custom_endpoint": {
              "type": "string",
              "description_kind": "plain",
              "optional": true
            },
            "org_policy_custom_endpoint": {
              "type": "string",
              "description_kind": "plain",
              "optional": true
            },
            "os_config_custom_endpoint": {
              "type": "string",
              "description_kind": "plain",
              "optional": true
            },
            "os_login_custom_endpoint": {
              "type": "string",
              "description_kind": "plain",
              "optional": true
            },
            "parallelstore_custom_endpoint": {
              "type": "string",
              "description_kind": "plain",
              "optional": true
            },
            "privateca_custom_endpoint": {
              "type": "string",
              "description_kind": "plain",
              "optional": true
            },
            "privileged_access_manager_custom_endpoint": {
              "type": "string",
              "description_kind": "plain",
              "optional": true
            },
            "project": {
              "type": "string",
              "description_kind": "plain",
              "optional": true
            },
            "public_ca_custom_endpoint": {
              "type": "string",
              "description_kind": "plain",
              "optional": true
            },
            "pubsub_custom_endpoint": {
              "type": "string",
              "description_kind": "plain",
              "optional": true
            },
            "pubsub_lite_custom_endpoint": {
              "type": "string",
              "description_kind": "plain",
              "optional": true
            },
            "recaptcha_enterprise_custom_endpoint": {
              "type": "string",
              "description_kind": "plain",
              "optional": true
            },
            "redis_custom_endpoint": {
              "type": "string",
              "description_kind": "plain",
              "optional": true
            },
            "region": {
              "type": "string",
              "description_kind": "plain",
              "optional": true
            },
            "request_reason": {
              "type": "string",
              "description_kind": "plain",
              "optional": true
            },
            "request_timeout": {
              "type": "string",
              "description_kind": "plain",
              "optional": true
            },
            "resource_manager_custom_endpoint": {
              "type": "string",
              "description_kind": "plain",
              "optional": true
            },
            "resource_manager_v3_custom_endpoint": {
              "type": "string",
              "description_kind": "plain",
              "optional": true
            },
            "runtime_config_custom_endpoint": {
              "type": "string",
              "description_kind": "plain",
              "optional": true
            },
            "runtimeconfig_custom_endpoint": {
              "type": "string",
              "description_kind": "plain",
              "optional": true
            },
            "scopes": {
              "type": [
                "list",
                "string"
              ],
              "description_kind": "plain",
              "optional": true
            },
            "secret_manager_custom_endpoint": {
              "type": "string",
              "description_kind": "plain",
              "optional": true
            },
            "secret_manager_regional_custom_endpoint": {
              "type": "string",
              "description_kind": "plain",
              "optional": true
            },
            "secure_source_manager_custom_endpoint": {
              "type": "string",
              "description_kind": "plain",
              "optional": true
            },
            "security_center_custom_endpoint": {
              "type": "string",
              "description_kind": "plain",
              "optional": true
            },
            "security_center_management_custom_endpoint": {
              "type": "string",
              "description_kind": "plain",
              "optional": true
            },
            "security_center_v2_custom_endpoint": {
              "type": "string",
              "description_kind": "plain",
              "optional": true
            },
            "security_scanner_custom_endpoint": {
              "type": "string",
              "description_kind": "plain",
              "optional": true
            },
            "securityposture_custom_endpoint": {
              "type": "string",
              "description_kind": "plain",
              "optional": true
            },
            "service_directory_custom_endpoint": {
              "type": "string",
              "description_kind": "plain",
              "optional": true
            },
            "service_management_custom_endpoint": {
              "type": "string",
              "description_kind": "plain",
              "optional": true
            },
            "service_networking_custom_endpoint": {
              "type": "string",
              "description_kind": "plain",
              "optional": true
            },
            "service_usage_custom_endpoint": {
              "type": "string",
              "description_kind": "plain",
              "optional": true
            },
            "site_verification_custom_endpoint": {
              "type": "string",
              "description_kind": "plain",
              "optional": true
            },
            "source_repo_custom_endpoint": {
              "type": "string",
              "description_kind": "plain",
              "optional": true
            },
            "spanner_custom_endpoint": {
              "type": "string",
              "description_kind": "plain",
              "optional": true
            },
            "sql_custom_endpoint": {
              "type": "string",
              "description_kind": "plain",
              "optional": true
            },
            "storage_custom_endpoint": {
              "type": "string",
              "description_kind": "plain",
              "optional": true
            },
            "storage_insights_custom_endpoint": {
              "type": "string",
              "description_kind": "plain",
              "optional": true
            },
            "storage_transfer_custom_endpoint": {
              "type": "string",
              "description_kind": "plain",
              "optional": true
            },
            "tags_custom_endpoint": {
              "type": "string",
              "description_kind": "plain",
              "optional": true
            },
            "tags_location_custom_endpoint": {
              "type": "string",
              "description_kind": "plain",
              "optional": true
            },
            "terraform_attribution_label_addition_strategy": {
              "type": "string",
              "description_kind": "plain",
              "optional": true
            },
            "tpu_custom_endpoint": {
              "type": "string",
              "description_kind": "plain",
              "optional": true
            },
            "tpu_v2_custom_endpoint": {
              "type": "string",
              "description_kind": "plain",
              "optional": true
            },
            "transcoder_custom_endpoint": {
              "type": "string",
              "description_kind": "plain",
              "optional": true
            },
            "universe_domain": {
              "type": "string",
              "description_kind": "plain",
              "optional": true
            },
            "user_project_override": {
              "type": "bool",
              "description_kind": "plain",
              "optional": true
            },
            "vertex_ai_custom_endpoint": {
              "type": "string",
              "description_kind": "plain",
              "optional": true
            },
            "vmwareengine_custom_endpoint": {
              "type": "string",
              "description_kind": "plain",
              "optional": true
            },
            "vpc_access_custom_endpoint": {
              "type": "string",
              "description_kind": "plain",
              "optional": true
            },
            "workbench_custom_endpoint": {
              "type": "string",
              "description_kind": "plain",
              "optional": true
            },
            "workflows_custom_endpoint": {
              "type": "string",
              "description_kind": "plain",
              "optional": true
            },
            "workstations_custom_endpoint": {
              "type": "string",
              "description_kind": "plain",
              "optional": true
            },
            "zone": {
              "type": "string",
              "description_kind": "plain",
              "optional": true
            }
          },
          "block_types": {
            "batching": {
              "nesting_mode": "list",
              "block": {
                "attributes": {
                  "enable_batching": {
                    "type": "bool",
                    "description_kind": "plain",
                    "optional": true
                  },
                  "send_after": {
                    "type": "string",
                    "description_kind": "plain",
                    "optional": true
                  }
                },
                "description_kind": "plain"
              },
              "max_items": 1
            }
          },
          "description_kind": "plain"
        }
      },
      "resource_schemas": {
        "google_api_gateway_api": {
          "version": 0,
          "block": {
            "attributes": {
              "api_id": {
                "type": "string",
                "description": "Identifier to assign to the API. Must be unique within scope of the parent resource(project)",
                "description_kind": "plain",
                "required": true
              },
              "create_time": {
                "type": "string",
                "description": "Creation timestamp in RFC3339 text format.",
                "description_kind": "plain",
                "computed": true
              },
              "display_name": {
                "type": "string",
                "description": "A user-visible name for the API.",
                "description_kind": "plain",
                "optional": true,
                "computed": true
              },
              "effective_labels": {
                "type": [
                  "map",
                  "string"
                ],
                "description": "All of labels (key/value pairs) present on the resource in GCP, including the labels configured through Terraform, other clients and services.",
                "description_kind": "plain",
                "computed": true
              },
              "id": {
                "type": "string",
                "description_kind": "plain",
                "optional": true,
                "computed": true
              },
              "labels": {
                "type": [
                  "map",
                  "string"
                ],
                "description": "Resource labels to represent user-provided metadata.\n\n\n**Note**: This field is non-authoritative, and will only manage the labels present in your configuration.\nPlease refer to the field 'effective_labels' for all of the labels present on the resource.",
                "description_kind": "plain",
                "optional": true
              },
              "managed_service": {
                "type": "string",
                "description": "Immutable. The name of a Google Managed Service ( https://cloud.google.com/service-infrastructure/docs/glossary#managed).\nIf not specified, a new Service will automatically be created in the same project as this API.",
                "description_kind": "plain",
                "optional": true,
                "computed": true
              },
              "name": {
                "type": "string",
                "description": "The resource name of the API. Format 'projects/{{project}}/locations/global/apis/{{apiId}}'",
                "description_kind": "plain",
                "computed": true
              },
              "project": {
                "type": "string",
                "description_kind": "plain",
                "optional": true,
                "computed": true
              },
              "terraform_labels": {
                "type": [
                  "map",
                  "string"
                ],
                "description": "The combination of labels configured directly on the resource\n and default labels configured on the provider.",
                "description_kind": "plain",
                "computed": true
              }
            },
            "block_types": {
              "timeouts": {
                "nesting_mode": "single",
                "block": {
                  "attributes": {
                    "create": {
                      "type": "string",
                      "description_kind": "plain",
                      "optional": true
                    },
                    "delete": {
                      "type": "string",
                      "description_kind": "plain",
                      "optional": true
                    },
                    "update": {
                      "type": "string",
                      "description_kind": "plain",
                      "optional": true
                    }
                  },
                  "description_kind": "plain"
                }
              }
            },
            "description_kind": "plain"
          }
        },
        "google_api_gateway_api_config": {
          "version": 0,
          "block": {
            "attributes": {
              "api": {
                "type": "string",
                "description": "The API to attach the config to.",
                "description_kind": "plain",
                "required": true
              },
              "api_config_id": {
                "type": "string",
                "description": "Identifier to assign to the API Config. Must be unique within scope of the parent resource(api).",
                "description_kind": "plain",
                "optional": true,
                "computed": true
              },
              "api_config_id_prefix": {
                "type": "string",
                "description": "Creates a unique name beginning with the specified prefix. If this and api_config_id are unspecified, a random value is chosen for the name.",
                "description_kind": "plain",
                "optional": true,
                "computed": true
              },
              "display_name": {
                "type": "string",
                "description": "A user-visible name for the API.",
                "description_kind": "plain",
                "optional": true,
                "computed": true
              },
              "effective_labels": {
                "type": [
                  "map",
                  "string"
                ],
                "description": "All of labels (key/value pairs) present on the resource in GCP, including the labels configured through Terraform, other clients and services.",
                "description_kind": "plain",
                "computed": true
              },
              "id": {
                "type": "string",
                "description_kind": "plain",
                "optional": true,
                "computed": true
              },
              "labels": {
                "type": [
                  "map",
                  "string"
                ],
                "description": "Resource labels to represent user-provided metadata.\n\n\n**Note**: This field is non-authoritative, and will only manage the labels present in your configuration.\nPlease refer to the field 'effective_labels' for all of the labels present on the resource.",
                "description_kind": "plain",
                "optional": true
              },
              "name": {
                "type": "string",
                "description": "The resource name of the API Config.",
                "description_kind": "plain",
                "computed": true
              },
              "project": {
                "type": "string",
                "description_kind": "plain",
                "optional": true,
                "computed": true
              },
              "service_config_id": {
                "type": "string",
                "description": "The ID of the associated Service Config (https://cloud.google.com/service-infrastructure/docs/glossary#config).",
                "description_kind": "plain",
                "computed": true
              },
              "terraform_labels": {
                "type": [
                  "map",
                  "string"
                ],
                "description": "The combination of labels configured directly on the resource\n and default labels configured on the provider.",
                "description_kind": "plain",
                "computed": true
              }
            },
            "block_types": {
              "gateway_config": {
                "nesting_mode": "list",
                "block": {
                  "block_types": {
                    "backend_config": {
                      "nesting_mode": "list",
                      "block": {
                        "attributes": {
                          "google_service_account": {
                            "type": "string",
                            "description": "Google Cloud IAM service account used to sign OIDC tokens for backends that have authentication configured\n(https://cloud.google.com/service-infrastructure/docs/service-management/reference/rest/v1/services.configs#backend).",
                            "description_kind": "plain",
                            "required": true
                          }
                        },
                        "description": "Backend settings that are applied to all backends of the Gateway.",
                        "description_kind": "plain"
                      },
                      "min_items": 1,
                      "max_items": 1
                    }
                  },
                  "description": "Immutable. Gateway specific configuration.\nIf not specified, backend authentication will be set to use OIDC authentication using the default compute service account",
                  "description_kind": "plain"
                },
                "max_items": 1
              },
              "grpc_services": {
                "nesting_mode": "list",
                "block": {
                  "block_types": {
                    "file_descriptor_set": {
                      "nesting_mode": "list",
                      "block": {
                        "attributes": {
                          "contents": {
                            "type": "string",
                            "description": "Base64 encoded content of the file.",
                            "description_kind": "plain",
                            "required": true
                          },
                          "path": {
                            "type": "string",
                            "description": "The file path (full or relative path). This is typically the path of the file when it is uploaded.",
                            "description_kind": "plain",
                            "required": true
                          }
                        },
                        "description": "Input only. File descriptor set, generated by protoc.\nTo generate, use protoc with imports and source info included. For an example test.proto file, the following command would put the value in a new file named out.pb.\n\n$ protoc --include_imports --include_source_info test.proto -o out.pb",
                        "description_kind": "plain"
                      },
                      "min_items": 1,
                      "max_items": 1
                    },
                    "source": {
                      "nesting_mode": "list",
                      "block": {
                        "attributes": {
                          "contents": {
                            "type": "string",
                            "description": "Base64 encoded content of the file.",
                            "description_kind": "plain",
                            "required": true
                          },
                          "path": {
                            "type": "string",
                            "description": "The file path (full or relative path). This is typically the path of the file when it is uploaded.",
                            "description_kind": "plain",
                            "required": true
                          }
                        },
                        "description": "Uncompiled proto files associated with the descriptor set, used for display purposes (server-side compilation is not supported). These should match the inputs to 'protoc' command used to generate fileDescriptorSet.",
                        "description_kind": "plain"
                      }
                    }
                  },
                  "description": "gRPC service definition files. If specified, openapiDocuments must not be included.",
                  "description_kind": "plain"
                }
              },
              "managed_service_configs": {
                "nesting_mode": "list",
                "block": {
                  "attributes": {
                    "contents": {
                      "type": "string",
                      "description": "Base64 encoded content of the file.",
                      "description_kind": "plain",
                      "required": true
                    },
                    "path": {
                      "type": "string",
                      "description": "The file path (full or relative path). This is typically the path of the file when it is uploaded.",
                      "description_kind": "plain",
                      "required": true
                    }
                  },
                  "description": "Optional. Service Configuration files. At least one must be included when using gRPC service definitions. See https://cloud.google.com/endpoints/docs/grpc/grpc-service-config#service_configuration_overview for the expected file contents.\nIf multiple files are specified, the files are merged with the following rules: * All singular scalar fields are merged using \"last one wins\" semantics in the order of the files uploaded. * Repeated fields are concatenated. * Singular embedded messages are merged using these rules for nested fields.",
                  "description_kind": "plain"
                }
              },
              "openapi_documents": {
                "nesting_mode": "list",
                "block": {
                  "block_types": {
                    "document": {
                      "nesting_mode": "list",
                      "block": {
                        "attributes": {
                          "contents": {
                            "type": "string",
                            "description": "Base64 encoded content of the file.",
                            "description_kind": "plain",
                            "required": true
                          },
                          "path": {
                            "type": "string",
                            "description": "The file path (full or relative path). This is typically the path of the file when it is uploaded.",
                            "description_kind": "plain",
                            "required": true
                          }
                        },
                        "description": "The OpenAPI Specification document file.",
                        "description_kind": "plain"
                      },
                      "min_items": 1,
                      "max_items": 1
                    }
                  },
                  "description": "OpenAPI specification documents. If specified, grpcServices and managedServiceConfigs must not be included.",
                  "description_kind": "plain"
                }
              },
              "timeouts": {
                "nesting_mode": "single",
                "block": {
                  "attributes": {
                    "create": {
                      "type": "string",
                      "description_kind": "plain",
                      "optional": true
                    },
                    "delete": {
                      "type": "string",
                      "description_kind": "plain",
                      "optional": true
                    },
                    "update": {
                      "type": "string",
                      "description_kind": "plain",
                      "optional": true
                    }
                  },
                  "description_kind": "plain"
                }
              }
            },
            "description_kind": "plain"
          }
        },
        "google_api_gateway_gateway": {
          "version": 0,
          "block": {
            "attributes": {
              "api_config": {
                "type": "string",
                "description": "Resource name of the API Config for this Gateway. Format: projects/{project}/locations/global/apis/{api}/configs/{apiConfig}.\nWhen changing api configs please ensure the new config is a new resource and the\n[lifecycle](https://developer.hashicorp.com/terraform/language/meta-arguments/lifecycle) rule 'create_before_destroy' is set.",
                "description_kind": "plain",
                "required": true
              },
              "default_hostname": {
                "type": "string",
                "description": "The default API Gateway host name of the form {gatewayId}-{hash}.{region_code}.gateway.dev.",
                "description_kind": "plain",
                "computed": true
              },
              "display_name": {
                "type": "string",
                "description": "A user-visible name for the API.",
                "description_kind": "plain",
                "optional": true,
                "computed": true
              },
              "effective_labels": {
                "type": [
                  "map",
                  "string"
                ],
                "description": "All of labels (key/value pairs) present on the resource in GCP, including the labels configured through Terraform, other clients and services.",
                "description_kind": "plain",
                "computed": true
              },
              "gateway_id": {
                "type": "string",
                "description": "Identifier to assign to the Gateway. Must be unique within scope of the parent resource(project).",
                "description_kind": "plain",
                "required": true
              },
              "id": {
                "type": "string",
                "description_kind": "plain",
                "optional": true,
                "computed": true
              },
              "labels": {
                "type": [
                  "map",
                  "string"
                ],
                "description": "Resource labels to represent user-provided metadata.\n\n\n**Note**: This field is non-authoritative, and will only manage the labels present in your configuration.\nPlease refer to the field 'effective_labels' for all of the labels present on the resource.",
                "description_kind": "plain",
                "optional": true
              },
              "name": {
                "type": "string",
                "description": "Resource name of the Gateway. Format: projects/{project}/locations/{region}/gateways/{gateway}",
                "description_kind": "plain",
                "computed": true
              },
              "project": {
                "type": "string",
                "description_kind": "plain",
                "optional": true,
                "computed": true
              },
              "region": {
                "type": "string",
                "description": "The region of the gateway for the API.",
                "description_kind": "plain",
                "optional": true,
                "computed": true
              },
              "terraform_labels": {
                "type": [
                  "map",
                  "string"
                ],
                "description": "The combination of labels configured directly on the resource\n and default labels configured on the provider.",
                "description_kind": "plain",
                "computed": true
              }
            },
            "block_types": {
              "timeouts": {
                "nesting_mode": "single",
                "block": {
                  "attributes": {
                    "create": {
                      "type": "string",
                      "description_kind": "plain",
                      "optional": true
                    },
                    "delete": {
                      "type": "string",
                      "description_kind": "plain",
                      "optional": true
                    },
                    "update": {
                      "type": "string",
                      "description_kind": "plain",
                      "optional": true
                    }
                  },
                  "description_kind": "plain"
                }
              }
            },
            "description_kind": "plain"
          }
        }
      }
    }
  }
}
