{
  "format_version": "1.0",
  "provider_schemas": {
    "registry.terraform.io/hashicorp/google": {
      "provider": {
        "version": 0,
        "block": {
          "attributes": {
            "access_approval_custom_endpoint": {
              "type": "string",
              "description_kind": "plain",
              "optional": true
            },
            "access_context_manager_custom_endpoint": {
              "type": "string",
              "description_kind": "plain",
              "optional": true
            },
            "access_token": {
              "type": "string",
              "description_kind": "plain",
              "optional": true
            },
            "active_directory_custom_endpoint": {
              "type": "string",
              "description_kind": "plain",
              "optional": true
            },
            "add_terraform_attribution_label": {
              "type": "bool",
              "description_kind": "plain",
              "optional": true
            },
            "alloydb_custom_endpoint": {
              "type": "string",
              "description_kind": "plain",
              "optional": true
            },
            "apigee_custom_endpoint": {
              "type": "string",
              "description_kind": "plain",
              "optional": true
            },
            "apikeys_custom_endpoint": {
              "type": "string",
              "description_kind": "plain",
              "optional": true
            },
            "app_engine_custom_endpoint": {
              "type": "string",
              "description_kind": "plain",
              "optional": true
            },
            "apphub_custom_endpoint": {
              "type": "string",
              "description_kind": "plain",
              "optional": true
            },
            "artifact_registry_custom_endpoint": {
              "type": "string",
              "description_kind": "plain",
              "optional": true
            },
            "assured_workloads_custom_endpoint": {
              "type": "string",
              "description_kind": "plain",
              "optional": true
            },
            "beyondcorp_custom_endpoint": {
              "type": "string",
              "description_kind": "plain",
              "optional": true
            },
            "big_query_custom_endpoint": {
              "type": "string",
              "description_kind": "plain",
              "optional": true
            },
            "biglake_custom_endpoint": {
              "type": "string",
              "description_kind": "plain",
              "optional": true
            },
            "bigquery_analytics_hub_custom_endpoint": {
              "type": "string",
              "description_kind": "plain",
              "optional": true
            },
            "bigquery_connection_custom_endpoint": {
              "type": "string",
              "description_kind": "plain",
              "optional": true
            },
            "bigquery_data_transfer_custom_endpoint": {
              "type": "string",
              "description_kind": "plain",
              "optional": true
            },
            "bigquery_datapolicy_custom_endpoint": {
              "type": "string",
              "description_kind": "plain",
              "optional": true
            },
            "bigquery_reservation_custom_endpoint": {
              "type": "string",
              "description_kind": "plain",
              "optional": true
            },
            "bigtable_custom_endpoint": {
              "type": "string",
              "description_kind": "plain",
              "optional": true
            },
            "billing_custom_endpoint": {
              "type": "string",
              "description_kind": "plain",
              "optional": true
            },
            "billing_project": {
              "type": "string",
              "description_kind": "plain",
              "optional": true
            },
            "binary_authorization_custom_endpoint": {
              "type": "string",
              "description_kind": "plain",
              "optional": true
            },
            "blockchain_node_engine_custom_endpoint": {
              "type": "string",
              "description_kind": "plain",
              "optional": true
            },
            "certificate_manager_custom_endpoint": {
              "type": "string",
              "description_kind": "plain",
              "optional": true
            },
            "cloud_asset_custom_endpoint": {
              "type": "string",
              "description_kind": "plain",
              "optional": true
            },
            "cloud_billing_custom_endpoint": {
              "type": "string",
              "description_kind": "plain",
              "optional": true
            },
            "cloud_build_custom_endpoint": {
              "type": "string",
              "description_kind": "plain",
              "optional": true
            },
            "cloud_build_worker_pool_custom_endpoint": {
              "type": "string",
              "description_kind": "plain",
              "optional": true
            },
            "cloud_functions_custom_endpoint": {
              "type": "string",
              "description_kind": "plain",
              "optional": true
            },
            "cloud_identity_custom_endpoint": {
              "type": "string",
              "description_kind": "plain",
              "optional": true
            },
            "cloud_ids_custom_endpoint": {
              "type": "string",
              "description_kind": "plain",
              "optional": true
            },
            "cloud_quotas_custom_endpoint": {
              "type": "string",
              "description_kind": "plain",
              "optional": true
            },
            "cloud_resource_manager_custom_endpoint": {
              "type": "string",
              "description_kind": "plain",
              "optional": true
            },
            "cloud_run_custom_endpoint": {
              "type": "string",
              "description_kind": "plain",
              "optional": true
            },
            "cloud_run_v2_custom_endpoint": {
              "type": "string",
              "description_kind": "plain",
              "optional": true
            },
            "cloud_scheduler_custom_endpoint": {
              "type": "string",
              "description_kind": "plain",
              "optional": true
            },
            "cloud_tasks_custom_endpoint": {
              "type": "string",
              "description_kind": "plain",
              "optional": true
            },
            "cloudbuildv2_custom_endpoint": {
              "type": "string",
              "description_kind": "plain",
              "optional": true
            },
            "clouddeploy_custom_endpoint": {
              "type": "string",
              "description_kind": "plain",
              "optional": true
            },
            "clouddomains_custom_endpoint": {
              "type": "string",
              "description_kind": "plain",
              "optional": true
            },
            "cloudfunctions2_custom_endpoint": {
              "type": "string",
              "description_kind": "plain",
              "optional": true
            },
            "composer_custom_endpoint": {
              "type": "string",
              "description_kind": "plain",
              "optional": true
            },
            "compute_custom_endpoint": {
              "type": "string",
              "description_kind": "plain",
              "optional": true
            },
            "container_analysis_custom_endpoint": {
              "type": "string",
              "description_kind": "plain",
              "optional": true
            },
            "container_attached_custom_endpoint": {
              "type": "string",
              "description_kind": "plain",
              "optional": true
            },
            "container_aws_custom_endpoint": {
              "type": "string",
              "description_kind": "plain",
              "optional": true
            },
            "container_azure_custom_endpoint": {
              "type": "string",
              "description_kind": "plain",
              "optional": true
            },
            "container_custom_endpoint": {
              "type": "string",
              "description_kind": "plain",
              "optional": true
            },
            "core_billing_custom_endpoint": {
              "type": "string",
              "description_kind": "plain",
              "optional": true
            },
            "credentials": {
              "type": "string",
              "description_kind": "plain",
              "optional": true
            },
            "data_catalog_custom_endpoint": {
              "type": "string",
              "description_kind": "plain",
              "optional": true
            },
            "data_fusion_custom_endpoint": {
              "type": "string",
              "description_kind": "plain",
              "optional": true
            },
            "data_loss_prevention_custom_endpoint": {
              "type": "string",
              "description_kind": "plain",
              "optional": true
            },
            "data_pipeline_custom_endpoint": {
              "type": "string",
              "description_kind": "plain",
              "optional": true
            },
            "database_migration_service_custom_endpoint": {
              "type": "string",
              "description_kind": "plain",
              "optional": true
            },
            "dataflow_custom_endpoint": {
              "type": "string",
              "description_kind": "plain",
              "optional": true
            },
            "dataplex_custom_endpoint": {
              "type": "string",
              "description_kind": "plain",
              "optional": true
            },
            "dataproc_custom_endpoint": {
              "type": "string",
              "description_kind": "plain",
              "optional": true
            },
            "dataproc_metastore_custom_endpoint": {
              "type": "string",
              "description_kind": "plain",
              "optional": true
            },
            "datastream_custom_endpoint": {
              "type": "string",
              "description_kind": "plain",
              "optional": true
            },
            "default_labels": {
              "type": [
                "map",
                "string"
              ],
              "description_kind": "plain",
              "optional": true
            },
            "deployment_manager_custom_endpoint": {
              "type": "string",
              "description_kind": "plain",
              "optional": true
            },
            "dialogflow_custom_endpoint": {
              "type": "string",
              "description_kind": "plain",
              "optional": true
            },
            "dialogflow_cx_custom_endpoint": {
              "type": "string",
              "description_kind": "plain",
              "optional": true
            },
            "discovery_engine_custom_endpoint": {
              "type": "string",
              "description_kind": "plain",
              "optional": true
            },
            "dns_custom_endpoint": {
              "type": "string",
              "description_kind": "plain",
              "optional": true
            },
            "document_ai_custom_endpoint": {
              "type": "string",
              "description_kind": "plain",
              "optional": true
            },
            "document_ai_warehouse_custom_endpoint": {
              "type": "string",
              "description_kind": "plain",
              "optional": true
            },
            "edgecontainer_custom_endpoint": {
              "type": "string",
              "description_kind": "plain",
              "optional": true
            },
            "edgenetwork_custom_endpoint": {
              "type": "string",
              "description_kind": "plain",
              "optional": true
            },
            "essential_contacts_custom_endpoint": {
              "type": "string",
              "description_kind": "plain",
              "optional": true
            },
            "eventarc_custom_endpoint": {
              "type": "string",
              "description_kind": "plain",
              "optional": true
            },
            "filestore_custom_endpoint": {
              "type": "string",
              "description_kind": "plain",
              "optional": true
            },
            "firebase_app_check_custom_endpoint": {
              "type": "string",
              "description_kind": "plain",
              "optional": true
            },
            "firebaserules_custom_endpoint": {
              "type": "string",
              "description_kind": "plain",
              "optional": true
            },
            "firestore_custom_endpoint": {
              "type": "string",
              "description_kind": "plain",
              "optional": true
            },
            "gke_backup_custom_endpoint": {
              "type": "string",
              "description_kind": "plain",
              "optional": true
            },
            "gke_hub2_custom_endpoint": {
              "type": "string",
              "description_kind": "plain",
              "optional": true
            },
            "gke_hub_custom_endpoint": {
              "type": "string",
              "description_kind": "plain",
              "optional": true
            },
            "gkehub_feature_custom_endpoint": {
              "type": "string",
              "description_kind": "plain",
              "optional": true
            },
            "gkeonprem_custom_endpoint": {
              "type": "string",
              "description_kind": "plain",
              "optional": true
            },
            "healthcare_custom_endpoint": {
              "type": "string",
              "description_kind": "plain",
              "optional": true
            },
            "iam2_custom_endpoint": {
              "type": "string",
              "description_kind": "plain",
              "optional": true
            },
            "iam_beta_custom_endpoint": {
              "type": "string",
              "description_kind": "plain",
              "optional": true
            },
            "iam_credentials_custom_endpoint": {
              "type": "string",
              "description_kind": "plain",
              "optional": true
            },
            "iam_custom_endpoint": {
              "type": "string",
              "description_kind": "plain",
              "optional": true
            },
            "iam_workforce_pool_custom_endpoint": {
              "type": "string",
              "description_kind": "plain",
              "optional": true
            },
            "iap_custom_endpoint": {
              "type": "string",
              "description_kind": "plain",
              "optional": true
            },
            "identity_platform_custom_endpoint": {
              "type": "string",
              "description_kind": "plain",
              "optional": true
            },
            "impersonate_service_account": {
              "type": "string",
              "description_kind": "plain",
              "optional": true
            },
            "impersonate_service_account_delegates": {
              "type": [
                "list",
                "string"
              ],
              "description_kind": "plain",
              "optional": true
            },
            "integration_connectors_custom_endpoint": {
              "type": "string",
              "description_kind": "plain",
              "optional": true
            },
            "integrations_custom_endpoint": {
              "type": "string",
              "description_kind": "plain",
              "optional": true
            },
            "kms_custom_endpoint": {
              "type": "string",
              "description_kind": "plain",
              "optional": true
            },
            "logging_custom_endpoint": {
              "type": "string",
              "description_kind": "plain",
              "optional": true
            },
            "looker_custom_endpoint": {
              "type": "string",
              "description_kind": "plain",
              "optional": true
            },
            "memcache_custom_endpoint": {
              "type": "string",
              "description_kind": "plain",
              "optional": true
            },
            "migration_center_custom_endpoint": {
              "type": "string",
              "description_kind": "plain",
              "optional": true
            },
            "ml_engine_custom_endpoint": {
              "type": "string",
              "description_kind": "plain",
              "optional": true
            },
            "monitoring_custom_endpoint": {
              "type": "string",
              "description_kind": "plain",
              "optional": true
            },
            "netapp_custom_endpoint": {
              "type": "string",
              "description_kind": "plain",
              "optional": true
            },
            "network_connectivity_custom_endpoint": {
              "type": "string",
              "description_kind": "plain",
              "optional": true
            },
            "network_management_custom_endpoint": {
              "type": "string",
              "description_kind": "plain",
              "optional": true
            },
            "network_security_custom_endpoint": {
              "type": "string",
              "description_kind": "plain",
              "optional": true
            },
            "network_services_custom_endpoint": {
              "type": "string",
              "description_kind": "plain",
              "optional": true
            },
            "notebooks_custom_endpoint": {
              "type": "string",
              "description_kind": "plain",
              "optional": true
            },
            "oracle_database_custom_endpoint": {
              "type": "string",
              "description_kind": "plain",
              "optional": true
            },
            "org_policy_custom_endpoint": {
              "type": "string",
              "description_kind": "plain",
              "optional": true
            },
            "os_config_custom_endpoint": {
              "type": "string",
              "description_kind": "plain",
              "optional": true
            },
            "os_login_custom_endpoint": {
              "type": "string",
              "description_kind": "plain",
              "optional": true
            },
            "privateca_custom_endpoint": {
              "type": "string",
              "description_kind": "plain",
              "optional": true
            },
            "privileged_access_manager_custom_endpoint": {
              "type": "string",
              "description_kind": "plain",
              "optional": true
            },
            "project": {
              "type": "string",
              "description_kind": "plain",
              "optional": true
            },
            "public_ca_custom_endpoint": {
              "type": "string",
              "description_kind": "plain",
              "optional": true
            },
            "pubsub_custom_endpoint": {
              "type": "string",
              "description_kind": "plain",
              "optional": true
            },
            "pubsub_lite_custom_endpoint": {
              "type": "string",
              "description_kind": "plain",
              "optional": true
            },
            "recaptcha_enterprise_custom_endpoint": {
              "type": "string",
              "description_kind": "plain",
              "optional": true
            },
            "redis_custom_endpoint": {
              "type": "string",
              "description_kind": "plain",
              "optional": true
            },
            "region": {
              "type": "string",
              "description_kind": "plain",
              "optional": true
            },
            "request_reason": {
              "type": "string",
              "description_kind": "plain",
              "optional": true
            },
            "request_timeout": {
              "type": "string",
              "description_kind": "plain",
              "optional": true
            },
            "resource_manager_custom_endpoint": {
              "type": "string",
              "description_kind": "plain",
              "optional": true
            },
            "resource_manager_v3_custom_endpoint": {
              "type": "string",
              "description_kind": "plain",
              "optional": true
            },
            "scopes": {
              "type": [
                "list",
                "string"
              ],
              "description_kind": "plain",
              "optional": true
            },
            "secret_manager_custom_endpoint": {
              "type": "string",
              "description_kind": "plain",
              "optional": true
            },
            "secret_manager_regional_custom_endpoint": {
              "type": "string",
              "description_kind": "plain",
              "optional": true
            },
            "secure_source_manager_custom_endpoint": {
              "type": "string",
              "description_kind": "plain",
              "optional": true
            },
            "security_center_custom_endpoint": {
              "type": "string",
              "description_kind": "plain",
              "optional": true
            },
            "security_center_management_custom_endpoint": {
              "type": "string",
              "description_kind": "plain",
              "optional": true
            },
            "security_center_v2_custom_endpoint": {
              "type": "string",
              "description_kind": "plain",
              "optional": true
            },
            "securityposture_custom_endpoint": {
              "type": "string",
              "description_kind": "plain",
              "optional": true
            },
            "service_management_custom_endpoint": {
              "type": "string",
              "description_kind": "plain",
              "optional": true
            },
            "service_networking_custom_endpoint": {
              "type": "string",
              "description_kind": "plain",
              "optional": true
            },
            "service_usage_custom_endpoint": {
              "type": "string",
              "description_kind": "plain",
              "optional": true
            },
            "site_verification_custom_endpoint": {
              "type": "string",
              "description_kind": "plain",
              "optional": true
            },
            "source_repo_custom_endpoint": {
              "type": "string",
              "description_kind": "plain",
              "optional": true
            },
            "spanner_custom_endpoint": {
              "type": "string",
              "description_kind": "plain",
              "optional": true
            },
            "sql_custom_endpoint": {
              "type": "string",
              "description_kind": "plain",
              "optional": true
            },
            "storage_custom_endpoint": {
              "type": "string",
              "description_kind": "plain",
              "optional": true
            },
            "storage_insights_custom_endpoint": {
              "type": "string",
              "description_kind": "plain",
              "optional": true
            },
            "storage_transfer_custom_endpoint": {
              "type": "string",
              "description_kind": "plain",
              "optional": true
            },
            "tags_custom_endpoint": {
              "type": "string",
              "description_kind": "plain",
              "optional": true
            },
            "tags_location_custom_endpoint": {
              "type": "string",
              "description_kind": "plain",
              "optional": true
            },
            "terraform_attribution_label_addition_strategy": {
              "type": "string",
              "description_kind": "plain",
              "optional": true
            },
            "tpu_custom_endpoint": {
              "type": "string",
              "description_kind": "plain",
              "optional": true
            },
            "transcoder_custom_endpoint": {
              "type": "string",
              "description_kind": "plain",
              "optional": true
            },
            "universe_domain": {
              "type": "string",
              "description_kind": "plain",
              "optional": true
            },
            "user_project_override": {
              "type": "bool",
              "description_kind": "plain",
              "optional": true
            },
            "vertex_ai_custom_endpoint": {
              "type": "string",
              "description_kind": "plain",
              "optional": true
            },
            "vmwareengine_custom_endpoint": {
              "type": "string",
              "description_kind": "plain",
              "optional": true
            },
            "vpc_access_custom_endpoint": {
              "type": "string",
              "description_kind": "plain",
              "optional": true
            },
            "workbench_custom_endpoint": {
              "type": "string",
              "description_kind": "plain",
              "optional": true
            },
            "workflows_custom_endpoint": {
              "type": "string",
              "description_kind": "plain",
              "optional": true
            },
            "zone": {
              "type": "string",
              "description_kind": "plain",
              "optional": true
            }
          },
          "block_types": {
            "batching": {
              "nesting_mode": "list",
              "block": {
                "attributes": {
                  "enable_batching": {
                    "type": "bool",
                    "description_kind": "plain",
                    "optional": true
                  },
                  "send_after": {
                    "type": "string",
                    "description_kind": "plain",
                    "optional": true
                  }
                },
                "description_kind": "plain"
              },
              "max_items": 1
            }
          },
          "description_kind": "plain"
        }
      },
      "resource_schemas": {
        "google_cloud_run_v2_service": {
          "version": 0,
          "block": {
            "attributes": {
              "annotations": {
                "type": [
                  "map",
                  "string"
                ],
                "description": "Unstructured key value map that may be set by external tools to store and arbitrary metadata. They are not queryable and should be preserved when modifying objects.\n\nCloud Run API v2 does not support annotations with 'run.googleapis.com', 'cloud.googleapis.com', 'serving.knative.dev', or 'autoscaling.knative.dev' namespaces, and they will be rejected in new resources.\nAll system annotations in v1 now have a corresponding field in v2 Service.\n\nThis field follows Kubernetes annotations' namespacing, limits, and rules.\n\n**Note**: This field is non-authoritative, and will only manage the annotations present in your configuration.\nPlease refer to the field 'effective_annotations' for all of the annotations present on the resource.",
                "description_kind": "plain",
                "optional": true
              },
              "client": {
                "type": "string",
                "description": "Arbitrary identifier for the API client.",
                "description_kind": "plain",
                "optional": true
              },
              "client_version": {
                "type": "string",
                "description": "Arbitrary version identifier for the API client.",
                "description_kind": "plain",
                "optional": true
              },
              "conditions": {
                "type": [
                  "list",
                  [
                    "object",
                    {
                      "execution_reason": "string",
                      "last_transition_time": "string",
                      "message": "string",
                      "reason": "string",
                      "revision_reason": "string",
                      "severity": "string",
                      "state": "string",
                      "type": "string"
                    }
                  ]
                ],
                "description": "The Conditions of all other associated sub-resources. They contain additional diagnostics information in case the Service does not reach its Serving state. See comments in reconciling for additional information on reconciliation process in Cloud Run.",
                "description_kind": "plain",
                "computed": true
              },
              "create_time": {
                "type": "string",
                "description": "The creation time.",
                "description_kind": "plain",
                "computed": true
              },
              "creator": {
                "type": "string",
                "description": "Email address of the authenticated creator.",
                "description_kind": "plain",
                "computed": true
              },
              "custom_audiences": {
                "type": [
                  "list",
                  "string"
                ],
                "description": "One or more custom audiences that you want this service to support. Specify each custom audience as the full URL in a string. The custom audiences are encoded in the token and used to authenticate requests.\nFor more information, see https://cloud.google.com/run/docs/configuring/custom-audiences.",
                "description_kind": "plain",
                "optional": true
              },
              "delete_time": {
                "type": "string",
                "description": "The deletion time.",
                "description_kind": "plain",
                "computed": true
              },
              "deletion_protection": {
                "type": "bool",
                "description": "Whether Terraform will be prevented from destroying the service. Defaults to true.\nWhen a'terraform destroy' or 'terraform apply' would delete the service,\nthe command will fail if this field is not set to false in Terraform state.\nWhen the field is set to true or unset in Terraform state, a 'terraform apply'\nor 'terraform destroy' that would delete the service will fail.\nWhen the field is set to false, deleting the service is allowed.",
                "description_kind": "plain",
                "optional": true
              },
              "description": {
                "type": "string",
                "description": "User-provided description of the Service. This field currently has a 512-character limit.",
                "description_kind": "plain",
                "optional": true
              },
              "effective_annotations": {
                "type": [
                  "map",
                  "string"
                ],
                "description": "All of annotations (key/value pairs) present on the resource in GCP, including the annotations configured through Terraform, other clients and services.",
                "description_kind": "plain",
                "computed": true
              },
              "effective_labels": {
                "type": [
                  "map",
                  "string"
                ],
                "description": "All of labels (key/value pairs) present on the resource in GCP, including the labels configured through Terraform, other clients and services.",
                "description_kind": "plain",
                "computed": true
              },
              "etag": {
                "type": "string",
                "description": "A system-generated fingerprint for this version of the resource. May be used to detect modification conflict during updates.",
                "description_kind": "plain",
                "computed": true
              },
              "expire_time": {
                "type": "string",
                "description": "For a deleted resource, the time after which it will be permamently deleted.",
                "description_kind": "plain",
                "computed": true
              },
              "generation": {
                "type": "string",
                "description": "A number that monotonically increases every time the user modifies the desired state. Please note that unlike v1, this is an int64 value. As with most Google APIs, its JSON representation will be a string instead of an integer.",
                "description_kind": "plain",
                "computed": true
              },
              "id": {
                "type": "string",
                "description_kind": "plain",
                "optional": true,
                "computed": true
              },
              "ingress": {
                "type": "string",
                "description": "Provides the ingress settings for this Service. On output, returns the currently observed ingress settings, or INGRESS_TRAFFIC_UNSPECIFIED if no revision is active. Possible values: [\"INGRESS_TRAFFIC_ALL\", \"INGRESS_TRAFFIC_INTERNAL_ONLY\", \"INGRESS_TRAFFIC_INTERNAL_LOAD_BALANCER\"]",
                "description_kind": "plain",
                "optional": true,
                "computed": true
              },
              "invoker_iam_disabled": {
                "type": "bool",
                "description": "Disables IAM permission check for run.routes.invoke for callers of this service. This feature is available by invitation only. For more information, visit https://cloud.google.com/run/docs/securing/managing-access#invoker_check.",
                "description_kind": "plain",
                "optional": true
              },
              "labels": {
                "type": [
                  "map",
                  "string"
                ],
                "description": "Unstructured key value map that can be used to organize and categorize objects. User-provided labels are shared with Google's billing system, so they can be used to filter, or break down billing charges by team, component,\nenvironment, state, etc. For more information, visit https://cloud.google.com/resource-manager/docs/creating-managing-labels or https://cloud.google.com/run/docs/configuring/labels.\n\nCloud Run API v2 does not support labels with  'run.googleapis.com', 'cloud.googleapis.com', 'serving.knative.dev', or 'autoscaling.knative.dev' namespaces, and they will be rejected.\nAll system labels in v1 now have a corresponding field in v2 Service.\n\n**Note**: This field is non-authoritative, and will only manage the labels present in your configuration.\nPlease refer to the field 'effective_labels' for all of the labels present on the resource.",
                "description_kind": "plain",
                "optional": true
              },
              "last_modifier": {
                "type": "string",
                "description": "Email address of the last authenticated modifier.",
                "description_kind": "plain",
                "computed": true
              },
              "latest_created_revision": {
                "type": "string",
                "description": "Name of the last created revision. See comments in reconciling for additional information on reconciliation process in Cloud Run.",
                "description_kind": "plain",
                "computed": true
              },
              "latest_ready_revision": {
                "type": "string",
                "description": "Name of the latest revision that is serving traffic. See comments in reconciling for additional information on reconciliation process in Cloud Run.",
                "description_kind": "plain",
                "computed": true
              },
              "launch_stage": {
                "type": "string",
                "description": "The launch stage as defined by [Google Cloud Platform Launch Stages](https://cloud.google.com/products#product-launch-stages). Cloud Run supports ALPHA, BETA, and GA.\nIf no value is specified, GA is assumed. Set the launch stage to a preview stage on input to allow use of preview features in that stage. On read (or output), describes whether the resource uses preview features.\n\nFor example, if ALPHA is provided as input, but only BETA and GA-level features are used, this field will be BETA on output. Possible values: [\"UNIMPLEMENTED\", \"PRELAUNCH\", \"EARLY_ACCESS\", \"ALPHA\", \"BETA\", \"GA\", \"DEPRECATED\"]",
                "description_kind": "plain",
                "optional": true,
                "computed": true
              },
              "location": {
                "type": "string",
                "description": "The location of the cloud run service",
                "description_kind": "plain",
                "required": true
              },
              "name": {
                "type": "string",
                "description": "Name of the Service.",
                "description_kind": "plain",
                "required": true
              },
              "observed_generation": {
                "type": "string",
                "description": "The generation of this Service currently serving traffic. See comments in reconciling for additional information on reconciliation process in Cloud Run. Please note that unlike v1, this is an int64 value. As with most Google APIs, its JSON representation will be a string instead of an integer.",
                "description_kind": "plain",
                "computed": true
              },
              "project": {
                "type": "string",
                "description_kind": "plain",
                "optional": true,
                "computed": true
              },
              "reconciling": {
                "type": "bool",
                "description": "Returns true if the Service is currently being acted upon by the system to bring it into the desired state.\n\nWhen a new Service is created, or an existing one is updated, Cloud Run will asynchronously perform all necessary steps to bring the Service to the desired serving state. This process is called reconciliation. While reconciliation is in process, observedGeneration, latest_ready_revison, trafficStatuses, and uri will have transient values that might mismatch the intended state: Once reconciliation is over (and this field is false), there are two possible outcomes: reconciliation succeeded and the serving state matches the Service, or there was an error, and reconciliation failed. This state can be found in terminalCondition.state.\n\nIf reconciliation succeeded, the following fields will match: traffic and trafficStatuses, observedGeneration and generation, latestReadyRevision and latestCreatedRevision.\n\nIf reconciliation failed, trafficStatuses, observedGeneration, and latestReadyRevision will have the state of the last serving revision, or empty for newly created Services. Additional information on the failure can be found in terminalCondition and conditions.",
                "description_kind": "plain",
                "computed": true
              },
              "terminal_condition": {
                "type": [
                  "list",
                  [
                    "object",
                    {
                      "execution_reason": "string",
                      "last_transition_time": "string",
                      "message": "string",
                      "reason": "string",
                      "revision_reason": "string",
                      "severity": "string",
                      "state": "string",
                      "type": "string"
                    }
                  ]
                ],
                "description": "The Condition of this Service, containing its readiness status, and detailed error information in case it did not reach a serving state. See comments in reconciling for additional information on reconciliation process in Cloud Run.",
                "description_kind": "plain",
                "computed": true
              },
              "terraform_labels": {
                "type": [
                  "map",
                  "string"
                ],
                "description": "The combination of labels configured directly on the resource\n and default labels configured on the provider.",
                "description_kind": "plain",
                "computed": true
              },
              "traffic_statuses": {
                "type": [
                  "list",
                  [
                    "object",
                    {
                      "percent": "number",
                      "revision": "string",
                      "tag": "string",
                      "type": "string",
                      "uri": "string"
                    }
                  ]
                ],
                "description": "Detailed status information for corresponding traffic targets. See comments in reconciling for additional information on reconciliation process in Cloud Run.",
                "description_kind": "plain",
                "computed": true
              },
              "uid": {
                "type": "string",
                "description": "Server assigned unique identifier for the trigger. The value is a UUID4 string and guaranteed to remain unchanged until the resource is deleted.",
                "description_kind": "plain",
                "computed": true
              },
              "update_time": {
                "type": "string",
                "description": "The last-modified time.",
                "description_kind": "plain",
                "computed": true
              },
              "uri": {
                "type": "string",
                "description": "The main URI in which this Service is serving traffic.",
                "description_kind": "plain",
                "computed": true
              }
            },
            "block_types": {
              "binary_authorization": {
                "nesting_mode": "list",
                "block": {
                  "attributes": {
                    "breakglass_justification": {
                      "type": "string",
                      "description": "If present, indicates to use Breakglass using this justification. If useDefault is False, then it must be empty. For more information on breakglass, see https://cloud.google.com/binary-authorization/docs/using-breakglass",
                      "description_kind": "plain",
                      "optional": true
                    },
                    "policy": {
                      "type": "string",
                      "description": "The path to a binary authorization policy. Format: projects/{project}/platforms/cloudRun/{policy-name}",
                      "description_kind": "plain",
                      "optional": true
                    },
                    "use_default": {
                      "type": "bool",
                      "description": "If True, indicates to use the default project's binary authorization policy. If False, binary authorization will be disabled.",
                      "description_kind": "plain",
                      "optional": true
                    }
                  },
                  "description": "Settings for the Binary Authorization feature.",
                  "description_kind": "plain"
                },
                "max_items": 1
              },
              "scaling": {
                "nesting_mode": "list",
                "block": {
                  "attributes": {
                    "min_instance_count": {
                      "type": "number",
                      "description": "Minimum number of instances for the service, to be divided among all revisions receiving traffic.",
                      "description_kind": "plain",
                      "optional": true
                    }
                  },
                  "description": "Scaling settings that apply to the whole service",
                  "description_kind": "plain"
                },
                "max_items": 1
              },
              "template": {
                "nesting_mode": "list",
                "block": {
                  "attributes": {
                    "annotations": {
                      "type": [
                        "map",
                        "string"
                      ],
                      "description": "Unstructured key value map that may be set by external tools to store and arbitrary metadata. They are not queryable and should be preserved when modifying objects.\n\nCloud Run API v2 does not support annotations with 'run.googleapis.com', 'cloud.googleapis.com', 'serving.knative.dev', or 'autoscaling.knative.dev' namespaces, and they will be rejected.\nAll system annotations in v1 now have a corresponding field in v2 RevisionTemplate.\n\nThis field follows Kubernetes annotations' namespacing, limits, and rules.",
                      "description_kind": "plain",
                      "optional": true
                    },
                    "encryption_key": {
                      "type": "string",
                      "description": "A reference to a customer managed encryption key (CMEK) to use to encrypt this container image. For more information, go to https://cloud.google.com/run/docs/securing/using-cmek",
                      "description_kind": "plain",
                      "optional": true
                    },
                    "execution_environment": {
                      "type": "string",
                      "description": "The sandbox environment to host this Revision. Possible values: [\"EXECUTION_ENVIRONMENT_GEN1\", \"EXECUTION_ENVIRONMENT_GEN2\"]",
                      "description_kind": "plain",
                      "optional": true
                    },
                    "labels": {
                      "type": [
                        "map",
                        "string"
                      ],
                      "description": "Unstructured key value map that can be used to organize and categorize objects. User-provided labels are shared with Google's billing system, so they can be used to filter, or break down billing charges by team, component, environment, state, etc.\nFor more information, visit https://cloud.google.com/resource-manager/docs/creating-managing-labels or https://cloud.google.com/run/docs/configuring/labels.\n\nCloud Run API v2 does not support labels with 'run.googleapis.com', 'cloud.googleapis.com', 'serving.knative.dev', or 'autoscaling.knative.dev' namespaces, and they will be rejected.\nAll system labels in v1 now have a corresponding field in v2 RevisionTemplate.",
                      "description_kind": "plain",
                      "optional": true
                    },
                    "max_instance_request_concurrency": {
                      "type": "number",
                      "description": "Sets the maximum number of requests that each serving instance can receive.\nIf not specified or 0, defaults to 80 when requested CPU \u003e= 1 and defaults to 1 when requested CPU \u003c 1.",
                      "description_kind": "plain",
                      "optional": true,
                      "computed": true
                    },
                    "revision": {
                      "type": "string",
                      "description": "The unique name for the revision. If this field is omitted, it will be automatically generated based on the Service name.",
                      "description_kind": "plain",
                      "optional": true
                    },
                    "service_account": {
                      "type": "string",
                      "description": "Email address of the IAM service account associated with the revision of the service. The service account represents the identity of the running revision, and determines what permissions the revision has. If not provided, the revision will use the project's default service account.",
                      "description_kind": "plain",
                      "optional": true,
                      "computed": true
                    },
                    "session_affinity": {
                      "type": "bool",
                      "description": "Enables session affinity. For more information, go to https://cloud.google.com/run/docs/configuring/session-affinity",
                      "description_kind": "plain",
                      "optional": true
                    },
                    "timeout": {
                      "type": "string",
                      "description": "Max allowed time for an instance to respond to a request.\n\nA duration in seconds with up to nine fractional digits, ending with 's'. Example: \"3.5s\".",
                      "description_kind": "plain",
                      "optional": true,
                      "computed": true
                    }
                  },
                  "block_types": {
                    "containers": {
                      "nesting_mode": "list",
                      "block": {
                        "attributes": {
                          "args": {
                            "type": [
                              "list",
                              "string"
                            ],
                            "description": "Arguments to the entrypoint. The docker image's CMD is used if this is not provided. Variable references are not supported in Cloud Run.",
                            "description_kind": "plain",
                            "optional": true
                          },
                          "command": {
                            "type": [
                              "list",
                              "string"
                            ],
                            "description": "Entrypoint array. Not executed within a shell. The docker image's ENTRYPOINT is used if this is not provided. Variable references $(VAR_NAME) are expanded using the container's environment. If a variable cannot be resolved, the reference in the input string will be unchanged. The $(VAR_NAME) syntax can be escaped with a double $$, ie: $$(VAR_NAME). Escaped references will never be expanded, regardless of whether the variable exists or not. More info: https://kubernetes.io/docs/tasks/inject-data-application/define-command-argument-container/#running-a-command-in-a-shell",
                            "description_kind": "plain",
                            "optional": true
                          },
                          "depends_on": {
                            "type": [
                              "list",
                              "string"
                            ],
                            "description": "Containers which should be started before this container. If specified the container will wait to start until all containers with the listed names are healthy.",
                            "description_kind": "plain",
                            "optional": true
                          },
                          "image": {
                            "type": "string",
                            "description": "URL of the Container image in Google Container Registry or Google Artifact Registry. More info: https://kubernetes.io/docs/concepts/containers/images",
                            "description_kind": "plain",
                            "required": true
                          },
                          "name": {
                            "type": "string",
                            "description": "Name of the container specified as a DNS_LABEL.",
                            "description_kind": "plain",
                            "optional": true
                          },
                          "working_dir": {
                            "type": "string",
                            "description": "Container's working directory. If not specified, the container runtime's default will be used, which might be configured in the container image.",
                            "description_kind": "plain",
                            "optional": true
                          }
                        },
                        "block_types": {
                          "env": {
                            "nesting_mode": "set",
                            "block": {
                              "attributes": {
                                "name": {
                                  "type": "string",
                                  "description": "Name of the environment variable. Must be a C_IDENTIFIER, and may not exceed 32768 characters.",
                                  "description_kind": "plain",
                                  "required": true
                                },
                                "value": {
                                  "type": "string",
                                  "description": "Literal value of the environment variable. Defaults to \"\" and the maximum allowed length is 32768 characters. Variable references are not supported in Cloud Run.",
                                  "description_kind": "plain",
                                  "optional": true
                                }
                              },
                              "block_types": {
                                "value_source": {
                                  "nesting_mode": "list",
                                  "block": {
                                    "block_types": {
                                      "secret_key_ref": {
                                        "nesting_mode": "list",
                                        "block": {
                                          "attributes": {
                                            "secret": {
                                              "type": "string",
                                              "description": "The name of the secret in Cloud Secret Manager. Format: {secretName} if the secret is in the same project. projects/{project}/secrets/{secretName} if the secret is in a different project.",
                                              "description_kind": "plain",
                                              "required": true
                                            },
                                            "version": {
                                              "type": "string",
                                              "description": "The Cloud Secret Manager secret version. Can be 'latest' for the latest value or an integer for a specific version.",
                                              "description_kind": "plain",
                                              "optional": true
                                            }
                                          },
                                          "description": "Selects a secret and a specific version from Cloud Secret Manager.",
                                          "description_kind": "plain"
                                        },
                                        "max_items": 1
                                      }
                                    },
                                    "description": "Source for the environment variable's value.",
                                    "description_kind": "plain"
                                  },
                                  "max_items": 1
                                }
                              },
                              "description": "List of environment variables to set in the container.",
                              "description_kind": "plain"
                            }
                          },
                          "liveness_probe": {
                            "nesting_mode": "list",
                            "block": {
                              "attributes": {
                                "failure_threshold": {
                                  "type": "number",
                                  "description": "Minimum consecutive failures for the probe to be considered failed after having succeeded. Defaults to 3. Minimum value is 1.",
                                  "description_kind": "plain",
                                  "optional": true
                                },
                                "initial_delay_seconds": {
                                  "type": "number",
                                  "description": "Number of seconds after the container has started before the probe is initiated. Defaults to 0 seconds. Minimum value is 0. Maximum value for liveness probe is 3600. Maximum value for startup probe is 240. More info: https://kubernetes.io/docs/concepts/workloads/pods/pod-lifecycle#container-probes",
                                  "description_kind": "plain",
                                  "optional": true
                                },
                                "period_seconds": {
                                  "type": "number",
                                  "description": "How often (in seconds) to perform the probe. Default to 10 seconds. Minimum value is 1. Maximum value for liveness probe is 3600. Maximum value for startup probe is 240. Must be greater or equal than timeoutSeconds",
                                  "description_kind": "plain",
                                  "optional": true
                                },
                                "timeout_seconds": {
                                  "type": "number",
                                  "description": "Number of seconds after which the probe times out. Defaults to 1 second. Minimum value is 1. Maximum value is 3600. Must be smaller than periodSeconds. More info: https://kubernetes.io/docs/concepts/workloads/pods/pod-lifecycle#container-probes",
                                  "description_kind": "plain",
                                  "optional": true
                                }
                              },
                              "block_types": {
                                "grpc": {
                                  "nesting_mode": "list",
                                  "block": {
                                    "attributes": {
                                      "port": {
                                        "type": "number",
                                        "description": "Port number to access on the container. Number must be in the range 1 to 65535.\nIf not specified, defaults to the same value as container.ports[0].containerPort.",
                                        "description_kind": "plain",
                                        "optional": true,
                                        "computed": true
                                      },
                                      "service": {
                                        "type": "string",
                                        "description": "The name of the service to place in the gRPC HealthCheckRequest\n(see https://github.com/grpc/grpc/blob/master/doc/health-checking.md).\nIf this is not specified, the default behavior is defined by gRPC.",
                                        "description_kind": "plain",
                                        "optional": true
                                      }
                                    },
                                    "description": "GRPC specifies an action involving a GRPC port.",
                                    "description_kind": "plain"
                                  },
                                  "max_items": 1
                                },
                                "http_get": {
                                  "nesting_mode": "list",
                                  "block": {
                                    "attributes": {
                                      "path": {
                                        "type": "string",
                                        "description": "Path to access on the HTTP server. Defaults to '/'.",
                                        "description_kind": "plain",
                                        "optional": true
                                      },
                                      "port": {
                                        "type": "number",
                                        "description": "Port number to access on the container. Number must be in the range 1 to 65535.\nIf not specified, defaults to the same value as container.ports[0].containerPort.",
                                        "description_kind": "plain",
                                        "optional": true,
                                        "computed": true
                                      }
                                    },
                                    "block_types": {
                                      "http_headers": {
                                        "nesting_mode": "list",
                                        "block": {
                                          "attributes": {
                                            "name": {
                                              "type": "string",
                                              "description": "The header field name",
                                              "description_kind": "plain",
                                              "required": true
                                            },
                                            "value": {
                                              "type": "string",
                                              "description": "The header field value",
                                              "description_kind": "plain",
                                              "optional": true
                                            }
                                          },
                                          "description": "Custom headers to set in the request. HTTP allows repeated headers.",
                                          "description_kind": "plain"
                                        }
                                      }
                                    },
                                    "description": "HTTPGet specifies the http request to perform.",
                                    "description_kind": "plain"
                                  },
                                  "max_items": 1
                                },
                                "tcp_socket": {
                                  "nesting_mode": "list",
                                  "block": {
                                    "attributes": {
                                      "port": {
                                        "type": "number",
                                        "description": "Port number to access on the container. Must be in the range 1 to 65535.\nIf not specified, defaults to the exposed port of the container, which\nis the value of container.ports[0].containerPort.",
                                        "description_kind": "plain",
                                        "required": true
                                      }
                                    },
                                    "description": "TCPSocketAction describes an action based on opening a socket",
                                    "description_kind": "plain"
                                  },
                                  "max_items": 1
                                }
                              },
                              "description": "Periodic probe of container liveness. Container will be restarted if the probe fails. More info: https://kubernetes.io/docs/concepts/workloads/pods/pod-lifecycle#container-probes",
                              "description_kind": "plain"
                            },
                            "max_items": 1
                          },
                          "ports": {
                            "nesting_mode": "list",
                            "block": {
                              "attributes": {
                                "container_port": {
                                  "type": "number",
                                  "description": "Port number the container listens on. This must be a valid TCP port number, 0 \u003c containerPort \u003c 65536.",
                                  "description_kind": "plain",
                                  "optional": true
                                },
                                "name": {
                                  "type": "string",
                                  "description": "If specified, used to specify which protocol to use. Allowed values are \"http1\" and \"h2c\".",
                                  "description_kind": "plain",
                                  "optional": true,
                                  "computed": true
                                }
                              },
                              "description": "List of ports to expose from the container. Only a single port can be specified. The specified ports must be listening on all interfaces (0.0.0.0) within the container to be accessible.\n\nIf omitted, a port number will be chosen and passed to the container through the PORT environment variable for the container to listen on",
                              "description_kind": "plain"
                            },
                            "max_items": 1
                          },
                          "resources": {
                            "nesting_mode": "list",
                            "block": {
                              "attributes": {
                                "cpu_idle": {
                                  "type": "bool",
                                  "description": "Determines whether CPU is only allocated during requests. True by default if the parent 'resources' field is not set. However, if\n'resources' is set, this field must be explicitly set to true to preserve the default behavior.",
                                  "description_kind": "plain",
                                  "optional": true
                                },
                                "limits": {
                                  "type": [
                                    "map",
                                    "string"
                                  ],
                                  "description": "Only memory, CPU, and nvidia.com/gpu are supported. Use key 'cpu' for CPU limit, 'memory' for memory limit, 'nvidia.com/gpu' for gpu limit. Note: The only supported values for CPU are '1', '2', '4', and '8'. Setting 4 CPU requires at least 2Gi of memory. The values of the map is string form of the 'quantity' k8s type: https://github.com/kubernetes/kubernetes/blob/master/staging/src/k8s.io/apimachinery/pkg/api/resource/quantity.go",
                                  "description_kind": "plain",
                                  "optional": true,
                                  "computed": true
                                },
                                "startup_cpu_boost": {
                                  "type": "bool",
                                  "description": "Determines whether CPU should be boosted on startup of a new container instance above the requested CPU threshold, this can help reduce cold-start latency.",
                                  "description_kind": "plain",
                                  "optional": true
                                }
                              },
                              "description": "Compute Resource requirements by this container. More info: https://kubernetes.io/docs/concepts/storage/persistent-volumes#resources",
                              "description_kind": "plain"
                            },
                            "max_items": 1
                          },
                          "startup_probe": {
                            "nesting_mode": "list",
                            "block": {
                              "attributes": {
                                "failure_threshold": {
                                  "type": "number",
                                  "description": "Minimum consecutive failures for the probe to be considered failed after having succeeded. Defaults to 3. Minimum value is 1.",
                                  "description_kind": "plain",
                                  "optional": true
                                },
                                "initial_delay_seconds": {
                                  "type": "number",
                                  "description": "Number of seconds after the container has started before the probe is initiated. Defaults to 0 seconds. Minimum value is 0. Maximum value for liveness probe is 3600. Maximum value for startup probe is 240. More info: https://kubernetes.io/docs/concepts/workloads/pods/pod-lifecycle#container-probes",
                                  "description_kind": "plain",
                                  "optional": true
                                },
                                "period_seconds": {
                                  "type": "number",
                                  "description": "How often (in seconds) to perform the probe. Default to 10 seconds. Minimum value is 1. Maximum value for liveness probe is 3600. Maximum value for startup probe is 240. Must be greater or equal than timeoutSeconds",
                                  "description_kind": "plain",
                                  "optional": true
                                },
                                "timeout_seconds": {
                                  "type": "number",
                                  "description": "Number of seconds after which the probe times out. Defaults to 1 second. Minimum value is 1. Maximum value is 3600. Must be smaller than periodSeconds. More info: https://kubernetes.io/docs/concepts/workloads/pods/pod-lifecycle#container-probes",
                                  "description_kind": "plain",
                                  "optional": true
                                }
                              },
                              "block_types": {
                                "grpc": {
                                  "nesting_mode": "list",
                                  "block": {
                                    "attributes": {
                                      "port": {
                                        "type": "number",
                                        "description": "Port number to access on the container. Number must be in the range 1 to 65535.\nIf not specified, defaults to the same value as container.ports[0].containerPort.",
                                        "description_kind": "plain",
                                        "optional": true,
                                        "computed": true
                                      },
                                      "service": {
                                        "type": "string",
                                        "description": "The name of the service to place in the gRPC HealthCheckRequest\n(see https://github.com/grpc/grpc/blob/master/doc/health-checking.md).\nIf this is not specified, the default behavior is defined by gRPC.",
                                        "description_kind": "plain",
                                        "optional": true
                                      }
                                    },
                                    "description": "GRPC specifies an action involving a GRPC port.",
                                    "description_kind": "plain"
                                  },
                                  "max_items": 1
                                },
                                "http_get": {
                                  "nesting_mode": "list",
                                  "block": {
                                    "attributes": {
                                      "path": {
                                        "type": "string",
                                        "description": "Path to access on the HTTP server. Defaults to '/'.",
                                        "description_kind": "plain",
                                        "optional": true
                                      },
                                      "port": {
                                        "type": "number",
                                        "description": "Port number to access on the container. Must be in the range 1 to 65535.\nIf not specified, defaults to the same value as container.ports[0].containerPort.",
                                        "description_kind": "plain",
                                        "optional": true,
                                        "computed": true
                                      }
                                    },
                                    "block_types": {
                                      "http_headers": {
                                        "nesting_mode": "list",
                                        "block": {
                                          "attributes": {
                                            "name": {
                                              "type": "string",
                                              "description": "The header field name",
                                              "description_kind": "plain",
                                              "required": true
                                            },
                                            "value": {
                                              "type": "string",
                                              "description": "The header field value",
                                              "description_kind": "plain",
                                              "optional": true
                                            }
                                          },
                                          "description": "Custom headers to set in the request. HTTP allows repeated headers.",
                                          "description_kind": "plain"
                                        }
                                      }
                                    },
                                    "description": "HTTPGet specifies the http request to perform. Exactly one of HTTPGet or TCPSocket must be specified.",
                                    "description_kind": "plain"
                                  },
                                  "max_items": 1
                                },
                                "tcp_socket": {
                                  "nesting_mode": "list",
                                  "block": {
                                    "attributes": {
                                      "port": {
                                        "type": "number",
                                        "description": "Port number to access on the container. Must be in the range 1 to 65535.\nIf not specified, defaults to the same value as container.ports[0].containerPort.",
                                        "description_kind": "plain",
                                        "optional": true,
                                        "computed": true
                                      }
                                    },
                                    "description": "TCPSocket specifies an action involving a TCP port. Exactly one of HTTPGet or TCPSocket must be specified.",
                                    "description_kind": "plain"
                                  },
                                  "max_items": 1
                                }
                              },
                              "description": "Startup probe of application within the container. All other probes are disabled if a startup probe is provided, until it succeeds. Container will not be added to service endpoints if the probe fails. More info: https://kubernetes.io/docs/concepts/workloads/pods/pod-lifecycle#container-probes",
                              "description_kind": "plain"
                            },
                            "max_items": 1
                          },
                          "volume_mounts": {
                            "nesting_mode": "list",
                            "block": {
                              "attributes": {
                                "mount_path": {
                                  "type": "string",
                                  "description": "Path within the container at which the volume should be mounted. Must not contain ':'. For Cloud SQL volumes, it can be left empty, or must otherwise be /cloudsql. All instances defined in the Volume will be available as /cloudsql/[instance]. For more information on Cloud SQL volumes, visit https://cloud.google.com/sql/docs/mysql/connect-run",
                                  "description_kind": "plain",
                                  "required": true
                                },
                                "name": {
                                  "type": "string",
                                  "description": "This must match the Name of a Volume.",
                                  "description_kind": "plain",
                                  "required": true
                                }
                              },
                              "description": "Volume to mount into the container's filesystem.",
                              "description_kind": "plain"
                            }
                          }
                        },
                        "description": "Holds the containers that define the unit of execution for this Service.",
                        "description_kind": "plain"
                      }
                    },
                    "scaling": {
                      "nesting_mode": "list",
                      "block": {
                        "attributes": {
                          "max_instance_count": {
                            "type": "number",
                            "description": "Maximum number of serving instances that this resource should have.",
                            "description_kind": "plain",
                            "optional": true
                          },
                          "min_instance_count": {
                            "type": "number",
                            "description": "Minimum number of serving instances that this resource should have.",
                            "description_kind": "plain",
                            "optional": true
                          }
                        },
                        "description": "Scaling settings for this Revision.",
                        "description_kind": "plain"
                      },
                      "max_items": 1
                    },
                    "volumes": {
                      "nesting_mode": "list",
                      "block": {
                        "attributes": {
                          "name": {
                            "type": "string",
                            "description": "Volume's name.",
                            "description_kind": "plain",
                            "required": true
                          }
                        },
                        "block_types": {
                          "cloud_sql_instance": {
                            "nesting_mode": "list",
                            "block": {
                              "attributes": {
                                "instances": {
                                  "type": [
                                    "set",
                                    "string"
                                  ],
                                  "description": "The Cloud SQL instance connection names, as can be found in https://console.cloud.google.com/sql/instances. Visit https://cloud.google.com/sql/docs/mysql/connect-run for more information on how to connect Cloud SQL and Cloud Run. Format: {project}:{location}:{instance}",
                                  "description_kind": "plain",
                                  "optional": true
                                }
                              },
                              "description": "For Cloud SQL volumes, contains the specific instances that should be mounted. Visit https://cloud.google.com/sql/docs/mysql/connect-run for more information on how to connect Cloud SQL and Cloud Run.",
                              "description_kind": "plain"
                            },
                            "max_items": 1
                          },
                          "gcs": {
                            "nesting_mode": "list",
                            "block": {
                              "attributes": {
                                "bucket": {
                                  "type": "string",
                                  "description": "GCS Bucket name",
                                  "description_kind": "plain",
                                  "required": true
                                },
                                "read_only": {
                                  "type": "bool",
                                  "description": "If true, mount the GCS bucket as read-only",
                                  "description_kind": "plain",
                                  "optional": true
                                }
                              },
                              "description": "Cloud Storage bucket mounted as a volume using GCSFuse. This feature is only supported in the gen2 execution environment.",
                              "description_kind": "plain"
                            },
                            "max_items": 1
                          },
                          "nfs": {
                            "nesting_mode": "list",
                            "block": {
                              "attributes": {
                                "path": {
                                  "type": "string",
                                  "description": "Path that is exported by the NFS server.",
                                  "description_kind": "plain",
                                  "required": true
                                },
                                "read_only": {
                                  "type": "bool",
                                  "description": "If true, mount the NFS volume as read only",
                                  "description_kind": "plain",
                                  "optional": true
                                },
                                "server": {
                                  "type": "string",
                                  "description": "Hostname or IP address of the NFS server",
                                  "description_kind": "plain",
                                  "required": true
                                }
                              },
                              "description": "Represents an NFS mount.",
                              "description_kind": "plain"
                            },
                            "max_items": 1
                          },
                          "secret": {
                            "nesting_mode": "list",
                            "block": {
                              "attributes": {
                                "default_mode": {
                                  "type": "number",
                                  "description": "Integer representation of mode bits to use on created files by default. Must be a value between 0000 and 0777 (octal), defaulting to 0444. Directories within the path are not affected by this setting.",
                                  "description_kind": "plain",
                                  "optional": true
                                },
                                "secret": {
                                  "type": "string",
                                  "description": "The name of the secret in Cloud Secret Manager. Format: {secret} if the secret is in the same project. projects/{project}/secrets/{secret} if the secret is in a different project.",
                                  "description_kind": "plain",
                                  "required": true
                                }
                              },
                              "block_types": {
                                "items": {
                                  "nesting_mode": "list",
                                  "block": {
                                    "attributes": {
                                      "mode": {
                                        "type": "number",
                                        "description": "Integer octal mode bits to use on this file, must be a value between 01 and 0777 (octal). If 0 or not set, the Volume's default mode will be used.",
                                        "description_kind": "plain",
                                        "optional": true
                                      },
                                      "path": {
                                        "type": "string",
                                        "description": "The relative path of the secret in the container.",
                                        "description_kind": "plain",
                                        "required": true
                                      },
                                      "version": {
                                        "type": "string",
                                        "description": "The Cloud Secret Manager secret version. Can be 'latest' for the latest value or an integer for a specific version",
                                        "description_kind": "plain",
                                        "optional": true
                                      }
                                    },
                                    "description": "If unspecified, the volume will expose a file whose name is the secret, relative to VolumeMount.mount_path. If specified, the key will be used as the version to fetch from Cloud Secret Manager and the path will be the name of the file exposed in the volume. When items are defined, they must specify a path and a version.",
                                    "description_kind": "plain"
                                  }
                                }
                              },
                              "description": "Secret represents a secret that should populate this volume. More info: https://kubernetes.io/docs/concepts/storage/volumes#secret",
                              "description_kind": "plain"
                            },
                            "max_items": 1
                          }
                        },
                        "description": "A list of Volumes to make available to containers.",
                        "description_kind": "plain"
                      }
                    },
                    "vpc_access": {
                      "nesting_mode": "list",
                      "block": {
                        "attributes": {
                          "connector": {
                            "type": "string",
                            "description": "VPC Access connector name. Format: projects/{project}/locations/{location}/connectors/{connector}, where {project} can be project id or number.",
                            "description_kind": "plain",
                            "optional": true
                          },
                          "egress": {
                            "type": "string",
                            "description": "Traffic VPC egress settings. Possible values: [\"ALL_TRAFFIC\", \"PRIVATE_RANGES_ONLY\"]",
                            "description_kind": "plain",
                            "optional": true,
                            "computed": true
                          }
                        },
                        "block_types": {
                          "network_interfaces": {
                            "nesting_mode": "list",
                            "block": {
                              "attributes": {
                                "network": {
                                  "type": "string",
                                  "description": "The VPC network that the Cloud Run resource will be able to send traffic to. At least one of network or subnetwork must be specified. If both\nnetwork and subnetwork are specified, the given VPC subnetwork must belong to the given VPC network. If network is not specified, it will be\nlooked up from the subnetwork.",
                                  "description_kind": "plain",
                                  "optional": true,
                                  "computed": true
                                },
                                "subnetwork": {
                                  "type": "string",
                                  "description": "The VPC subnetwork that the Cloud Run resource will get IPs from. At least one of network or subnetwork must be specified. If both\nnetwork and subnetwork are specified, the given VPC subnetwork must belong to the given VPC network. If subnetwork is not specified, the\nsubnetwork with the same name with the network will be used.",
                                  "description_kind": "plain",
                                  "optional": true,
                                  "computed": true
                                },
                                "tags": {
                                  "type": [
                                    "list",
                                    "string"
                                  ],
                                  "description": "Network tags applied to this Cloud Run service.",
                                  "description_kind": "plain",
                                  "optional": true
                                }
                              },
                              "description": "Direct VPC egress settings. Currently only single network interface is supported.",
                              "description_kind": "plain"
                            }
                          }
                        },
                        "description": "VPC Access configuration to use for this Task. For more information, visit https://cloud.google.com/run/docs/configuring/connecting-vpc.",
                        "description_kind": "plain"
                      },
                      "max_items": 1
                    }
                  },
                  "description": "The template used to create revisions for this Service.",
                  "description_kind": "plain"
                },
                "min_items": 1,
                "max_items": 1
              },
              "timeouts": {
                "nesting_mode": "single",
                "block": {
                  "attributes": {
                    "create": {
                      "type": "string",
                      "description_kind": "plain",
                      "optional": true
                    },
                    "delete": {
                      "type": "string",
                      "description_kind": "plain",
                      "optional": true
                    },
                    "update": {
                      "type": "string",
                      "description_kind": "plain",
                      "optional": true
                    }
                  },
                  "description_kind": "plain"
                }
              },
              "traffic": {
                "nesting_mode": "list",
                "block": {
                  "attributes": {
                    "percent": {
                      "type": "number",
                      "description": "Specifies percent of the traffic to this Revision. This defaults to zero if unspecified.",
                      "description_kind": "plain",
                      "optional": true,
                      "computed": true
                    },
                    "revision": {
                      "type": "string",
                      "description": "Revision to which to send this portion of traffic, if traffic allocation is by revision.",
                      "description_kind": "plain",
                      "optional": true
                    },
                    "tag": {
                      "type": "string",
                      "description": "Indicates a string to be part of the URI to exclusively reference this target.",
                      "description_kind": "plain",
                      "optional": true
                    },
                    "type": {
                      "type": "string",
                      "description": "The allocation type for this traffic target. Possible values: [\"TRAFFIC_TARGET_ALLOCATION_TYPE_LATEST\", \"TRAFFIC_TARGET_ALLOCATION_TYPE_REVISION\"]",
                      "description_kind": "plain",
                      "optional": true
                    }
                  },
                  "description": "Specifies how to distribute traffic over a collection of Revisions belonging to the Service. If traffic is empty or not provided, defaults to 100% traffic to the latest Ready Revision.",
                  "description_kind": "plain"
                }
              }
            },
            "description_kind": "plain"
          }
        },
        "google_cloudfunctions2_function": {
          "version": 0,
          "block": {
            "attributes": {
              "description": {
                "type": "string",
                "description": "User-provided description of a function.",
                "description_kind": "plain",
                "optional": true
              },
              "effective_labels": {
                "type": [
                  "map",
                  "string"
                ],
                "description": "All of labels (key/value pairs) present on the resource in GCP, including the labels configured through Terraform, other clients and services.",
                "description_kind": "plain",
                "computed": true
              },
              "environment": {
                "type": "string",
                "description": "The environment the function is hosted on.",
                "description_kind": "plain",
                "computed": true
              },
              "id": {
                "type": "string",
                "description_kind": "plain",
                "optional": true,
                "computed": true
              },
              "kms_key_name": {
                "type": "string",
                "description": "Resource name of a KMS crypto key (managed by the user) used to encrypt/decrypt function resources.\nIt must match the pattern projects/{project}/locations/{location}/keyRings/{key_ring}/cryptoKeys/{crypto_key}.",
                "description_kind": "plain",
                "optional": true
              },
              "labels": {
                "type": [
                  "map",
                  "string"
                ],
                "description": "A set of key/value label pairs associated with this Cloud Function.\n\n\n**Note**: This field is non-authoritative, and will only manage the labels present in your configuration.\nPlease refer to the field 'effective_labels' for all of the labels present on the resource.",
                "description_kind": "plain",
                "optional": true
              },
              "location": {
                "type": "string",
                "description": "The location of this cloud function.",
                "description_kind": "plain",
                "required": true
              },
              "name": {
                "type": "string",
                "description": "A user-defined name of the function. Function names must\nbe unique globally and match pattern 'projects/*/locations/*/functions/*'.",
                "description_kind": "plain",
                "required": true
              },
              "project": {
                "type": "string",
                "description_kind": "plain",
                "optional": true,
                "computed": true
              },
              "state": {
                "type": "string",
                "description": "Describes the current state of the function.",
                "description_kind": "plain",
                "computed": true
              },
              "terraform_labels": {
                "type": [
                  "map",
                  "string"
                ],
                "description": "The combination of labels configured directly on the resource\n and default labels configured on the provider.",
                "description_kind": "plain",
                "computed": true
              },
              "update_time": {
                "type": "string",
                "description": "The last update timestamp of a Cloud Function.",
                "description_kind": "plain",
                "computed": true
              },
              "url": {
                "type": "string",
                "description": "Output only. The deployed url for the function.",
                "description_kind": "plain",
                "computed": true
              }
            },
            "block_types": {
              "build_config": {
                "nesting_mode": "list",
                "block": {
                  "attributes": {
                    "build": {
                      "type": "string",
                      "description": "The Cloud Build name of the latest successful\ndeployment of the function.",
                      "description_kind": "plain",
                      "computed": true
                    },
                    "docker_repository": {
                      "type": "string",
                      "description": "User managed repository created in Artifact Registry optionally with a customer managed encryption key.",
                      "description_kind": "plain",
                      "optional": true,
                      "computed": true
                    },
                    "entry_point": {
                      "type": "string",
                      "description": "The name of the function (as defined in source code) that will be executed.\nDefaults to the resource name suffix, if not specified. For backward\ncompatibility, if function with given name is not found, then the system\nwill try to use function named \"function\". For Node.js this is name of a\nfunction exported by the module specified in source_location.",
                      "description_kind": "plain",
                      "optional": true
                    },
                    "environment_variables": {
                      "type": [
                        "map",
                        "string"
                      ],
                      "description": "User-provided build-time environment variables for the function.",
                      "description_kind": "plain",
                      "optional": true,
                      "computed": true
                    },
                    "runtime": {
                      "type": "string",
                      "description": "The runtime in which to run the function. Required when deploying a new\nfunction, optional when updating an existing function.",
                      "description_kind": "plain",
                      "optional": true
                    },
                    "service_account": {
                      "type": "string",
                      "description": "The fully-qualified name of the service account to be used for building the container.",
                      "description_kind": "plain",
                      "optional": true,
                      "computed": true
                    },
                    "worker_pool": {
                      "type": "string",
                      "description": "Name of the Cloud Build Custom Worker Pool that should be used to build the function.",
                      "description_kind": "plain",
                      "optional": true
                    }
                  },
                  "block_types": {
                    "automatic_update_policy": {
                      "nesting_mode": "list",
                      "block": {
                        "description": "Security patches are applied automatically to the runtime without requiring\nthe function to be redeployed.",
                        "description_kind": "plain"
                      },
                      "max_items": 1
                    },
                    "on_deploy_update_policy": {
                      "nesting_mode": "list",
                      "block": {
                        "attributes": {
                          "runtime_version": {
                            "type": "string",
                            "description": "The runtime version which was used during latest function deployment.",
                            "description_kind": "plain",
                            "computed": true
                          }
                        },
                        "description": "Security patches are only applied when a function is redeployed.",
                        "description_kind": "plain"
                      },
                      "max_items": 1
                    },
                    "source": {
                      "nesting_mode": "list",
                      "block": {
                        "block_types": {
                          "repo_source": {
                            "nesting_mode": "list",
                            "block": {
                              "attributes": {
                                "branch_name": {
                                  "type": "string",
                                  "description": "Regex matching branches to build.",
                                  "description_kind": "plain",
                                  "optional": true
                                },
                                "commit_sha": {
                                  "type": "string",
                                  "description": "Regex matching tags to build.",
                                  "description_kind": "plain",
                                  "optional": true
                                },
                                "dir": {
                                  "type": "string",
                                  "description": "Directory, relative to the source root, in which to run the build.",
                                  "description_kind": "plain",
                                  "optional": true
                                },
                                "invert_regex": {
                                  "type": "bool",
                                  "description": "Only trigger a build if the revision regex does\nNOT match the revision regex.",
                                  "description_kind": "plain",
                                  "optional": true
                                },
                                "project_id": {
                                  "type": "string",
                                  "description": "ID of the project that owns the Cloud Source Repository. If omitted, the\nproject ID requesting the build is assumed.",
                                  "description_kind": "plain",
                                  "optional": true
                                },
                                "repo_name": {
                                  "type": "string",
                                  "description": "Name of the Cloud Source Repository.",
                                  "description_kind": "plain",
                                  "optional": true
                                },
                                "tag_name": {
                                  "type": "string",
                                  "description": "Regex matching tags to build.",
                                  "description_kind": "plain",
                                  "optional": true
                                }
                              },
                              "description": "If provided, get the source from this location in a Cloud Source Repository.",
                              "description_kind": "plain"
                            },
                            "max_items": 1
                          },
                          "storage_source": {
                            "nesting_mode": "list",
                            "block": {
                              "attributes": {
                                "bucket": {
                                  "type": "string",
                                  "description": "Google Cloud Storage bucket containing the source",
                                  "description_kind": "plain",
                                  "optional": true
                                },
                                "generation": {
                                  "type": "number",
                                  "description": "Google Cloud Storage generation for the object. If the generation\nis omitted, the latest generation will be used.",
                                  "description_kind": "plain",
                                  "optional": true,
                                  "computed": true
                                },
                                "object": {
                                  "type": "string",
                                  "description": "Google Cloud Storage object containing the source.",
                                  "description_kind": "plain",
                                  "optional": true
                                }
                              },
                              "description": "If provided, get the source from this location in Google Cloud Storage.",
                              "description_kind": "plain"
                            },
                            "max_items": 1
                          }
                        },
                        "description": "The location of the function source code.",
                        "description_kind": "plain"
                      },
                      "max_items": 1
                    }
                  },
                  "description": "Describes the Build step of the function that builds a container\nfrom the given source.",
                  "description_kind": "plain"
                },
                "max_items": 1
              },
              "event_trigger": {
                "nesting_mode": "list",
                "block": {
                  "attributes": {
                    "event_type": {
                      "type": "string",
                      "description": "Required. The type of event to observe.",
                      "description_kind": "plain",
                      "optional": true
                    },
                    "pubsub_topic": {
                      "type": "string",
                      "description": "The name of a Pub/Sub topic in the same project that will be used\nas the transport topic for the event delivery.",
                      "description_kind": "plain",
                      "optional": true,
                      "computed": true
                    },
                    "retry_policy": {
                      "type": "string",
                      "description": "Describes the retry policy in case of function's execution failure.\nRetried execution is charged as any other execution. Possible values: [\"RETRY_POLICY_UNSPECIFIED\", \"RETRY_POLICY_DO_NOT_RETRY\", \"RETRY_POLICY_RETRY\"]",
                      "description_kind": "plain",
                      "optional": true
                    },
                    "service_account_email": {
                      "type": "string",
                      "description": "Optional. The email of the trigger's service account. The service account\nmust have permission to invoke Cloud Run services. If empty, defaults to the\nCompute Engine default service account: {project_number}-compute@developer.gserviceaccount.com.",
                      "description_kind": "plain",
                      "optional": true,
                      "computed": true
                    },
                    "trigger": {
                      "type": "string",
                      "description": "Output only. The resource name of the Eventarc trigger.",
                      "description_kind": "plain",
                      "computed": true
                    },
                    "trigger_region": {
                      "type": "string",
                      "description": "The region that the trigger will be in. The trigger will only receive\nevents originating in this region. It can be the same\nregion as the function, a different region or multi-region, or the global\nregion. If not provided, defaults to the same region as the function.",
                      "description_kind": "plain",
                      "optional": true,
                      "computed": true
                    }
                  },
                  "block_types": {
                    "event_filters": {
                      "nesting_mode": "set",
                      "block": {
                        "attributes": {
                          "attribute": {
                            "type": "string",
                            "description": "'Required. The name of a CloudEvents attribute.\nCurrently, only a subset of attributes are supported for filtering. Use the 'gcloud eventarc providers describe' command to learn more about events and their attributes.\nDo not filter for the 'type' attribute here, as this is already achieved by the resource's 'event_type' attribute.",
                            "description_kind": "plain",
                            "required": true
                          },
                          "operator": {
                            "type": "string",
                            "description": "Optional. The operator used for matching the events with the value of\nthe filter. If not specified, only events that have an exact key-value\npair specified in the filter are matched.\nThe only allowed value is 'match-path-pattern'.\n[See documentation on path patterns here](https://cloud.google.com/eventarc/docs/path-patterns)'",
                            "description_kind": "plain",
                            "optional": true
                          },
                          "value": {
                            "type": "string",
                            "description": "Required. The value for the attribute.\nIf the operator field is set as 'match-path-pattern', this value can be a path pattern instead of an exact value.",
                            "description_kind": "plain",
                            "required": true
                          }
                        },
                        "description": "Criteria used to filter events.",
                        "description_kind": "plain"
                      }
                    }
                  },
                  "description": "An Eventarc trigger managed by Google Cloud Functions that fires events in\nresponse to a condition in another service.",
                  "description_kind": "plain"
                },
                "max_items": 1
              },
              "service_config": {
                "nesting_mode": "list",
                "block": {
                  "attributes": {
                    "all_traffic_on_latest_revision": {
                      "type": "bool",
                      "description": "Whether 100% of traffic is routed to the latest revision. Defaults to true.",
                      "description_kind": "plain",
                      "optional": true
                    },
                    "available_cpu": {
                      "type": "string",
                      "description": "The number of CPUs used in a single container instance. Default value is calculated from available memory.",
                      "description_kind": "plain",
                      "optional": true,
                      "computed": true
                    },
                    "available_memory": {
                      "type": "string",
                      "description": "The amount of memory available for a function.\nDefaults to 256M. Supported units are k, M, G, Mi, Gi. If no unit is\nsupplied the value is interpreted as bytes.",
                      "description_kind": "plain",
                      "optional": true,
                      "computed": true
                    },
                    "environment_variables": {
                      "type": [
                        "map",
                        "string"
                      ],
                      "description": "Environment variables that shall be available during function execution.",
                      "description_kind": "plain",
                      "optional": true,
                      "computed": true
                    },
                    "gcf_uri": {
                      "type": "string",
                      "description": "URIs of the Service deployed",
                      "description_kind": "plain",
                      "computed": true
                    },
                    "ingress_settings": {
                      "type": "string",
                      "description": "Available ingress settings. Defaults to \"ALLOW_ALL\" if unspecified. Default value: \"ALLOW_ALL\" Possible values: [\"ALLOW_ALL\", \"ALLOW_INTERNAL_ONLY\", \"ALLOW_INTERNAL_AND_GCLB\"]",
                      "description_kind": "plain",
                      "optional": true
                    },
                    "max_instance_count": {
                      "type": "number",
                      "description": "The limit on the maximum number of function instances that may coexist at a\ngiven time.",
                      "description_kind": "plain",
                      "optional": true,
                      "computed": true
                    },
                    "max_instance_request_concurrency": {
                      "type": "number",
                      "description": "Sets the maximum number of concurrent requests that each instance can receive. Defaults to 1.",
                      "description_kind": "plain",
                      "optional": true,
                      "computed": true
                    },
                    "min_instance_count": {
                      "type": "number",
                      "description": "The limit on the minimum number of function instances that may coexist at a\ngiven time.",
                      "description_kind": "plain",
                      "optional": true
                    },
                    "service": {
                      "type": "string",
                      "description": "Name of the service associated with a Function.",
                      "description_kind": "plain",
                      "optional": true,
                      "computed": true
                    },
                    "service_account_email": {
                      "type": "string",
                      "description": "The email of the service account for this function.",
                      "description_kind": "plain",
                      "optional": true,
                      "computed": true
                    },
                    "timeout_seconds": {
                      "type": "number",
                      "description": "The function execution timeout. Execution is considered failed and\ncan be terminated if the function is not completed at the end of the\ntimeout period. Defaults to 60 seconds.",
                      "description_kind": "plain",
                      "optional": true,
                      "computed": true
                    },
                    "uri": {
                      "type": "string",
                      "description": "URI of the Service deployed.",
                      "description_kind": "plain",
                      "computed": true
                    },
                    "vpc_connector": {
                      "type": "string",
                      "description": "The Serverless VPC Access connector that this cloud function can connect to.",
                      "description_kind": "plain",
                      "optional": true
                    },
                    "vpc_connector_egress_settings": {
                      "type": "string",
                      "description": "Available egress settings. Possible values: [\"VPC_CONNECTOR_EGRESS_SETTINGS_UNSPECIFIED\", \"PRIVATE_RANGES_ONLY\", \"ALL_TRAFFIC\"]",
                      "description_kind": "plain",
                      "optional": true
                    }
                  },
                  "block_types": {
                    "secret_environment_variables": {
                      "nesting_mode": "list",
                      "block": {
                        "attributes": {
                          "key": {
                            "type": "string",
                            "description": "Name of the environment variable.",
                            "description_kind": "plain",
                            "required": true
                          },
                          "project_id": {
                            "type": "string",
                            "description": "Project identifier (preferrably project number but can also be the project ID) of the project that contains the secret. If not set, it will be populated with the function's project assuming that the secret exists in the same project as of the function.",
                            "description_kind": "plain",
                            "required": true
                          },
                          "secret": {
                            "type": "string",
                            "description": "Name of the secret in secret manager (not the full resource name).",
                            "description_kind": "plain",
                            "required": true
                          },
                          "version": {
                            "type": "string",
                            "description": "Version of the secret (version number or the string 'latest'). It is recommended to use a numeric version for secret environment variables as any updates to the secret value is not reflected until new instances start.",
                            "description_kind": "plain",
                            "required": true
                          }
                        },
                        "description": "Secret environment variables configuration.",
                        "description_kind": "plain"
                      }
                    },
                    "secret_volumes": {
                      "nesting_mode": "list",
                      "block": {
                        "attributes": {
                          "mount_path": {
                            "type": "string",
                            "description": "The path within the container to mount the secret volume. For example, setting the mountPath as /etc/secrets would mount the secret value files under the /etc/secrets directory. This directory will also be completely shadowed and unavailable to mount any other secrets. Recommended mount path: /etc/secrets",
                            "description_kind": "plain",
                            "required": true
                          },
                          "project_id": {
                            "type": "string",
                            "description": "Project identifier (preferrably project number but can also be the project ID) of the project that contains the secret. If not set, it will be populated with the function's project assuming that the secret exists in the same project as of the function.",
                            "description_kind": "plain",
                            "required": true
                          },
                          "secret": {
                            "type": "string",
                            "description": "Name of the secret in secret manager (not the full resource name).",
                            "description_kind": "plain",
                            "required": true
                          }
                        },
                        "block_types": {
                          "versions": {
                            "nesting_mode": "list",
                            "block": {
                              "attributes": {
                                "path": {
                                  "type": "string",
                                  "description": "Relative path of the file under the mount path where the secret value for this version will be fetched and made available. For example, setting the mountPath as '/etc/secrets' and path as secret_foo would mount the secret value file at /etc/secrets/secret_foo.",
                                  "description_kind": "plain",
                                  "required": true
                                },
                                "version": {
                                  "type": "string",
                                  "description": "Version of the secret (version number or the string 'latest'). It is preferable to use latest version with secret volumes as secret value changes are reflected immediately.",
                                  "description_kind": "plain",
                                  "required": true
                                }
                              },
                              "description": "List of secret versions to mount for this secret. If empty, the latest version of the secret will be made available in a file named after the secret under the mount point.'",
                              "description_kind": "plain"
                            }
                          }
                        },
                        "description": "Secret volumes configuration.",
                        "description_kind": "plain"
                      }
                    }
                  },
                  "description": "Describes the Service being deployed.",
                  "description_kind": "plain"
                },
                "max_items": 1
              },
              "timeouts": {
                "nesting_mode": "single",
                "block": {
                  "attributes": {
                    "create": {
                      "type": "string",
                      "description_kind": "plain",
                      "optional": true
                    },
                    "delete": {
                      "type": "string",
                      "description_kind": "plain",
                      "optional": true
                    },
                    "update": {
                      "type": "string",
                      "description_kind": "plain",
                      "optional": true
                    }
                  },
                  "description_kind": "plain"
                }
              }
            },
            "description_kind": "plain"
          }
        },
        "google_compute_address": {
          "version": 0,
          "block": {
            "attributes": {
              "address": {
                "type": "string",
                "description": "The static external IP address represented by this resource.\nThe IP address must be inside the specified subnetwork,\nif any. Set by the API if undefined.",
                "description_kind": "plain",
                "optional": true,
                "computed": true
              },
              "address_type": {
                "type": "string",
                "description": "The type of address to reserve.\nNote: if you set this argument's value as 'INTERNAL' you need to leave the 'network_tier' argument unset in that resource block. Default value: \"EXTERNAL\" Possible values: [\"INTERNAL\", \"EXTERNAL\"]",
                "description_kind": "plain",
                "optional": true
              },
              "creation_timestamp": {
                "type": "string",
                "description": "Creation timestamp in RFC3339 text format.",
                "description_kind": "plain",
                "computed": true
              },
              "description": {
                "type": "string",
                "description": "An optional description of this resource.",
                "description_kind": "plain",
                "optional": true
              },
              "effective_labels": {
                "type": [
                  "map",
                  "string"
                ],
                "description": "All of labels (key/value pairs) present on the resource in GCP, including the labels configured through Terraform, other clients and services.",
                "description_kind": "plain",
                "computed": true
              },
              "id": {
                "type": "string",
                "description_kind": "plain",
                "optional": true,
                "computed": true
              },
              "ip_version": {
                "type": "string",
                "description": "The IP Version that will be used by this address. The default value is 'IPV4'. Possible values: [\"IPV4\", \"IPV6\"]",
                "description_kind": "plain",
                "optional": true
              },
              "ipv6_endpoint_type": {
                "type": "string",
                "description": "The endpoint type of this address, which should be VM or NETLB. This is\nused for deciding which type of endpoint this address can be used after\nthe external IPv6 address reservation. Possible values: [\"VM\", \"NETLB\"]",
                "description_kind": "plain",
                "optional": true
              },
              "label_fingerprint": {
                "type": "string",
                "description": "The fingerprint used for optimistic locking of this resource.  Used\ninternally during updates.",
                "description_kind": "plain",
                "computed": true
              },
              "labels": {
                "type": [
                  "map",
                  "string"
                ],
                "description": "Labels to apply to this address.  A list of key-\u003evalue pairs.\n\n\n**Note**: This field is non-authoritative, and will only manage the labels present in your configuration.\nPlease refer to the field 'effective_labels' for all of the labels present on the resource.",
                "description_kind": "plain",
                "optional": true
              },
              "name": {
                "type": "string",
                "description": "Name of the resource. The name must be 1-63 characters long, and\ncomply with RFC1035. Specifically, the name must be 1-63 characters\nlong and match the regular expression '[a-z]([-a-z0-9]*[a-z0-9])?'\nwhich means the first character must be a lowercase letter, and all\nfollowing characters must be a dash, lowercase letter, or digit,\nexcept the last character, which cannot be a dash.",
                "description_kind": "plain",
                "required": true
              },
              "network": {
                "type": "string",
                "description": "The URL of the network in which to reserve the address. This field\ncan only be used with INTERNAL type with the VPC_PEERING and\nIPSEC_INTERCONNECT purposes.",
                "description_kind": "plain",
                "optional": true
              },
              "network_tier": {
                "type": "string",
                "description": "The networking tier used for configuring this address. If this field is not\nspecified, it is assumed to be PREMIUM.\nThis argument should not be used when configuring Internal addresses, because [network tier cannot be set for internal traffic; it's always Premium](https://cloud.google.com/network-tiers/docs/overview). Possible values: [\"PREMIUM\", \"STANDARD\"]",
                "description_kind": "plain",
                "optional": true,
                "computed": true
              },
              "prefix_length": {
                "type": "number",
                "description": "The prefix length if the resource represents an IP range.",
                "description_kind": "plain",
                "optional": true,
                "computed": true
              },
              "project": {
                "type": "string",
                "description_kind": "plain",
                "optional": true,
                "computed": true
              },
              "purpose": {
                "type": "string",
                "description": "The purpose of this resource, which can be one of the following values.\n\n* GCE_ENDPOINT for addresses that are used by VM instances, alias IP\nranges, load balancers, and similar resources.\n\n* SHARED_LOADBALANCER_VIP for an address that can be used by multiple\ninternal load balancers.\n\n* VPC_PEERING for addresses that are reserved for VPC peer networks.\n\n* IPSEC_INTERCONNECT for addresses created from a private IP range that\nare reserved for a VLAN attachment in an HA VPN over Cloud Interconnect\nconfiguration. These addresses are regional resources.\n\n* PRIVATE_SERVICE_CONNECT for a private network address that is used to\nconfigure Private Service Connect. Only global internal addresses can use\nthis purpose.\n\nThis should only be set when using an Internal address.",
                "description_kind": "plain",
                "optional": true,
                "computed": true
              },
              "region": {
                "type": "string",
                "description": "The Region in which the created address should reside.\nIf it is not provided, the provider region is used.",
                "description_kind": "plain",
                "optional": true,
                "computed": true
              },
              "self_link": {
                "type": "string",
                "description_kind": "plain",
                "computed": true
              },
              "subnetwork": {
                "type": "string",
                "description": "The URL of the subnetwork in which to reserve the address. If an IP\naddress is specified, it must be within the subnetwork's IP range.\nThis field can only be used with INTERNAL type with\nGCE_ENDPOINT/DNS_RESOLVER purposes.",
                "description_kind": "plain",
                "optional": true,
                "computed": true
              },
              "terraform_labels": {
                "type": [
                  "map",
                  "string"
                ],
                "description": "The combination of labels configured directly on the resource\n and default labels configured on the provider.",
                "description_kind": "plain",
                "computed": true
              },
              "users": {
                "type": [
                  "list",
                  "string"
                ],
                "description": "The URLs of the resources that are using this address.",
                "description_kind": "plain",
                "computed": true
              }
            },
            "block_types": {
              "timeouts": {
                "nesting_mode": "single",
                "block": {
                  "attributes": {
                    "create": {
                      "type": "string",
                      "description_kind": "plain",
                      "optional": true
                    },
                    "delete": {
                      "type": "string",
                      "description_kind": "plain",
                      "optional": true
                    },
                    "update": {
                      "type": "string",
                      "description_kind": "plain",
                      "optional": true
                    }
                  },
                  "description_kind": "plain"
                }
              }
            },
            "description_kind": "plain"
          }
        },
        "google_compute_firewall": {
          "version": 1,
          "block": {
            "attributes": {
              "creation_timestamp": {
                "type": "string",
                "description": "Creation timestamp in RFC3339 text format.",
                "description_kind": "plain",
                "computed": true
              },
              "description": {
                "type": "string",
                "description": "An optional description of this resource. Provide this property when\nyou create the resource.",
                "description_kind": "plain",
                "optional": true
              },
              "destination_ranges": {
                "type": [
                  "set",
                  "string"
                ],
                "description": "If destination ranges are specified, the firewall will apply only to\ntraffic that has destination IP address in these ranges. These ranges\nmust be expressed in CIDR format. IPv4 or IPv6 ranges are supported.",
                "description_kind": "plain",
                "optional": true,
                "computed": true
              },
              "direction": {
                "type": "string",
                "description": "Direction of traffic to which this firewall applies; default is\nINGRESS. Note: For INGRESS traffic, one of 'source_ranges',\n'source_tags' or 'source_service_accounts' is required. Possible values: [\"INGRESS\", \"EGRESS\"]",
                "description_kind": "plain",
                "optional": true,
                "computed": true
              },
              "disabled": {
                "type": "bool",
                "description": "Denotes whether the firewall rule is disabled, i.e not applied to the\nnetwork it is associated with. When set to true, the firewall rule is\nnot enforced and the network behaves as if it did not exist. If this\nis unspecified, the firewall rule will be enabled.",
                "description_kind": "plain",
                "optional": true
              },
              "enable_logging": {
                "type": "bool",
                "description": "This field denotes whether to enable logging for a particular firewall rule. If logging is enabled, logs will be exported to Stackdriver.",
                "description_kind": "plain",
                "deprecated": true,
                "optional": true,
                "computed": true
              },
              "id": {
                "type": "string",
                "description_kind": "plain",
                "optional": true,
                "computed": true
              },
              "name": {
                "type": "string",
                "description": "Name of the resource. Provided by the client when the resource is\ncreated. The name must be 1-63 characters long, and comply with\nRFC1035. Specifically, the name must be 1-63 characters long and match\nthe regular expression '[a-z]([-a-z0-9]*[a-z0-9])?' which means the\nfirst character must be a lowercase letter, and all following\ncharacters must be a dash, lowercase letter, or digit, except the last\ncharacter, which cannot be a dash.",
                "description_kind": "plain",
                "required": true
              },
              "network": {
                "type": "string",
                "description": "The name or self_link of the network to attach this firewall to.",
                "description_kind": "plain",
                "required": true
              },
              "priority": {
                "type": "number",
                "description": "Priority for this rule. This is an integer between 0 and 65535, both\ninclusive. When not specified, the value assumed is 1000. Relative\npriorities determine precedence of conflicting rules. Lower value of\npriority implies higher precedence (eg, a rule with priority 0 has\nhigher precedence than a rule with priority 1). DENY rules take\nprecedence over ALLOW rules having equal priority.",
                "description_kind": "plain",
                "optional": true
              },
              "project": {
                "type": "string",
                "description_kind": "plain",
                "optional": true,
                "computed": true
              },
              "self_link": {
                "type": "string",
                "description_kind": "plain",
                "computed": true
              },
              "source_ranges": {
                "type": [
                  "set",
                  "string"
                ],
                "description": "If source ranges are specified, the firewall will apply only to\ntraffic that has source IP address in these ranges. These ranges must\nbe expressed in CIDR format. One or both of sourceRanges and\nsourceTags may be set. If both properties are set, the firewall will\napply to traffic that has source IP address within sourceRanges OR the\nsource IP that belongs to a tag listed in the sourceTags property. The\nconnection does not need to match both properties for the firewall to\napply. IPv4 or IPv6 ranges are supported. For INGRESS traffic, one of\n'source_ranges', 'source_tags' or 'source_service_accounts' is required.",
                "description_kind": "plain",
                "optional": true
              },
              "source_service_accounts": {
                "type": [
                  "set",
                  "string"
                ],
                "description": "If source service accounts are specified, the firewall will apply only\nto traffic originating from an instance with a service account in this\nlist. Source service accounts cannot be used to control traffic to an\ninstance's external IP address because service accounts are associated\nwith an instance, not an IP address. sourceRanges can be set at the\nsame time as sourceServiceAccounts. If both are set, the firewall will\napply to traffic that has source IP address within sourceRanges OR the\nsource IP belongs to an instance with service account listed in\nsourceServiceAccount. The connection does not need to match both\nproperties for the firewall to apply. sourceServiceAccounts cannot be\nused at the same time as sourceTags or targetTags. For INGRESS traffic,\none of 'source_ranges', 'source_tags' or 'source_service_accounts' is required.",
                "description_kind": "plain",
                "optional": true
              },
              "source_tags": {
                "type": [
                  "set",
                  "string"
                ],
                "description": "If source tags are specified, the firewall will apply only to traffic\nwith source IP that belongs to a tag listed in source tags. Source\ntags cannot be used to control traffic to an instance's external IP\naddress. Because tags are associated with an instance, not an IP\naddress. One or both of sourceRanges and sourceTags may be set. If\nboth properties are set, the firewall will apply to traffic that has\nsource IP address within sourceRanges OR the source IP that belongs to\na tag listed in the sourceTags property. The connection does not need\nto match both properties for the firewall to apply. For INGRESS traffic,\none of 'source_ranges', 'source_tags' or 'source_service_accounts' is required.",
                "description_kind": "plain",
                "optional": true
              },
              "target_service_accounts": {
                "type": [
                  "set",
                  "string"
                ],
                "description": "A list of service accounts indicating sets of instances located in the\nnetwork that may make network connections as specified in allowed[].\ntargetServiceAccounts cannot be used at the same time as targetTags or\nsourceTags. If neither targetServiceAccounts nor targetTags are\nspecified, the firewall rule applies to all instances on the specified\nnetwork.",
                "description_kind": "plain",
                "optional": true
              },
              "target_tags": {
                "type": [
                  "set",
                  "string"
                ],
                "description": "A list of instance tags indicating sets of instances located in the\nnetwork that may make network connections as specified in allowed[].\nIf no targetTags are specified, the firewall rule applies to all\ninstances on the specified network.",
                "description_kind": "plain",
                "optional": true
              }
            },
            "block_types": {
              "allow": {
                "nesting_mode": "set",
                "block": {
                  "attributes": {
                    "ports": {
                      "type": [
                        "list",
                        "string"
                      ],
                      "description": "An optional list of ports to which this rule applies. This field\nis only applicable for UDP or TCP protocol. Each entry must be\neither an integer or a range. If not specified, this rule\napplies to connections through any port.\n\nExample inputs include: [22], [80, 443], and\n[\"12345-12349\"].",
                      "description_kind": "plain",
                      "optional": true
                    },
                    "protocol": {
                      "type": "string",
                      "description": "The IP protocol to which this rule applies. The protocol type is\nrequired when creating a firewall rule. This value can either be\none of the following well known protocol strings (tcp, udp,\nicmp, esp, ah, sctp, ipip, all), or the IP protocol number.",
                      "description_kind": "plain",
                      "required": true
                    }
                  },
                  "description": "The list of ALLOW rules specified by this firewall. Each rule\nspecifies a protocol and port-range tuple that describes a permitted\nconnection.",
                  "description_kind": "plain"
                }
              },
              "deny": {
                "nesting_mode": "set",
                "block": {
                  "attributes": {
                    "ports": {
                      "type": [
                        "list",
                        "string"
                      ],
                      "description": "An optional list of ports to which this rule applies. This field\nis only applicable for UDP or TCP protocol. Each entry must be\neither an integer or a range. If not specified, this rule\napplies to connections through any port.\n\nExample inputs include: [22], [80, 443], and\n[\"12345-12349\"].",
                      "description_kind": "plain",
                      "optional": true
                    },
                    "protocol": {
                      "type": "string",
                      "description": "The IP protocol to which this rule applies. The protocol type is\nrequired when creating a firewall rule. This value can either be\none of the following well known protocol strings (tcp, udp,\nicmp, esp, ah, sctp, ipip, all), or the IP protocol number.",
                      "description_kind": "plain",
                      "required": true
                    }
                  },
                  "description": "The list of DENY rules specified by this firewall. Each rule specifies\na protocol and port-range tuple that describes a denied connection.",
                  "description_kind": "plain"
                }
              },
              "log_config": {
                "nesting_mode": "list",
                "block": {
                  "attributes": {
                    "metadata": {
                      "type": "string",
                      "description": "This field denotes whether to include or exclude metadata for firewall logs. Possible values: [\"EXCLUDE_ALL_METADATA\", \"INCLUDE_ALL_METADATA\"]",
                      "description_kind": "plain",
                      "required": true
                    }
                  },
                  "description": "This field denotes the logging options for a particular firewall rule.\nIf defined, logging is enabled, and logs will be exported to Cloud Logging.",
                  "description_kind": "plain"
                },
                "max_items": 1
              },
              "timeouts": {
                "nesting_mode": "single",
                "block": {
                  "attributes": {
                    "create": {
                      "type": "string",
                      "description_kind": "plain",
                      "optional": true
                    },
                    "delete": {
                      "type": "string",
                      "description_kind": "plain",
                      "optional": true
                    },
                    "update": {
                      "type": "string",
                      "description_kind": "plain",
                      "optional": true
                    }
                  },
                  "description_kind": "plain"
                }
              }
            },
            "description_kind": "plain"
          }
        },
        "google_compute_forwarding_rule": {
          "version": 0,
          "block": {
            "attributes": {
              "all_ports": {
                "type": "bool",
                "description": "The 'ports', 'portRange', and 'allPorts' fields are mutually exclusive.\nOnly packets addressed to ports in the specified range will be forwarded\nto the backends configured with this forwarding rule.\n\nThe 'allPorts' field has the following limitations:\n* It requires that the forwarding rule 'IPProtocol' be TCP, UDP, SCTP, or\nL3_DEFAULT.\n* It's applicable only to the following products: internal passthrough\nNetwork Load Balancers, backend service-based external passthrough Network\nLoad Balancers, and internal and external protocol forwarding.\n* Set this field to true to allow packets addressed to any port or packets\nlacking destination port information (for example, UDP fragments after the\nfirst fragment) to be forwarded to the backends configured with this\nforwarding rule. The L3_DEFAULT protocol requires 'allPorts' be set to\ntrue.",
                "description_kind": "plain",
                "optional": true
              },
              "allow_global_access": {
                "type": "bool",
                "description": "This field is used along with the 'backend_service' field for\ninternal load balancing or with the 'target' field for internal\nTargetInstance.\n\nIf the field is set to 'TRUE', clients can access ILB from all\nregions.\n\nOtherwise only allows access from clients in the same region as the\ninternal load balancer.",
                "description_kind": "plain",
                "optional": true
              },
              "allow_psc_global_access": {
                "type": "bool",
                "description": "This is used in PSC consumer ForwardingRule to control whether the PSC endpoint can be accessed from another region.",
                "description_kind": "plain",
                "optional": true
              },
              "backend_service": {
                "type": "string",
                "description": "Identifies the backend service to which the forwarding rule sends traffic.\n\nRequired for Internal TCP/UDP Load Balancing and Network Load Balancing;\nmust be omitted for all other load balancer types.",
                "description_kind": "plain",
                "optional": true
              },
              "base_forwarding_rule": {
                "type": "string",
                "description": "[Output Only] The URL for the corresponding base Forwarding Rule. By base Forwarding Rule, we mean the Forwarding Rule that has the same IP address, protocol, and port settings with the current Forwarding Rule, but without sourceIPRanges specified. Always empty if the current Forwarding Rule does not have sourceIPRanges specified.",
                "description_kind": "plain",
                "computed": true
              },
              "creation_timestamp": {
                "type": "string",
                "description": "Creation timestamp in RFC3339 text format.",
                "description_kind": "plain",
                "computed": true
              },
              "description": {
                "type": "string",
                "description": "An optional description of this resource. Provide this property when\nyou create the resource.",
                "description_kind": "plain",
                "optional": true
              },
              "effective_labels": {
                "type": [
                  "map",
                  "string"
                ],
                "description": "All of labels (key/value pairs) present on the resource in GCP, including the labels configured through Terraform, other clients and services.",
                "description_kind": "plain",
                "computed": true
              },
              "forwarding_rule_id": {
                "type": "number",
                "description": "The unique identifier number for the resource. This identifier is defined by the server.",
                "description_kind": "plain",
                "computed": true
              },
              "id": {
                "type": "string",
                "description_kind": "plain",
                "optional": true,
                "computed": true
              },
              "ip_address": {
                "type": "string",
                "description": "IP address for which this forwarding rule accepts traffic. When a client\nsends traffic to this IP address, the forwarding rule directs the traffic\nto the referenced 'target' or 'backendService'.\n\nWhile creating a forwarding rule, specifying an 'IPAddress' is\nrequired under the following circumstances:\n\n* When the 'target' is set to 'targetGrpcProxy' and\n'validateForProxyless' is set to 'true', the\n'IPAddress' should be set to '0.0.0.0'.\n* When the 'target' is a Private Service Connect Google APIs\nbundle, you must specify an 'IPAddress'.\n\nOtherwise, you can optionally specify an IP address that references an\nexisting static (reserved) IP address resource. When omitted, Google Cloud\nassigns an ephemeral IP address.\n\nUse one of the following formats to specify an IP address while creating a\nforwarding rule:\n\n* IP address number, as in '100.1.2.3'\n* IPv6 address range, as in '2600:1234::/96'\n* Full resource URL, as in\n'https://www.googleapis.com/compute/v1/projects/project_id/regions/region/addresses/address-name'\n* Partial URL or by name, as in:\n  * 'projects/project_id/regions/region/addresses/address-name'\n  * 'regions/region/addresses/address-name'\n  * 'global/addresses/address-name'\n  * 'address-name'\n\nThe forwarding rule's 'target' or 'backendService',\nand in most cases, also the 'loadBalancingScheme', determine the\ntype of IP address that you can use. For detailed information, see\n[IP address\nspecifications](https://cloud.google.com/load-balancing/docs/forwarding-rule-concepts#ip_address_specifications).\n\nWhen reading an 'IPAddress', the API always returns the IP\naddress number.",
                "description_kind": "plain",
                "optional": true,
                "computed": true
              },
              "ip_protocol": {
                "type": "string",
                "description": "The IP protocol to which this rule applies.\n\nFor protocol forwarding, valid\noptions are 'TCP', 'UDP', 'ESP',\n'AH', 'SCTP', 'ICMP' and\n'L3_DEFAULT'.\n\nThe valid IP protocols are different for different load balancing products\nas described in [Load balancing\nfeatures](https://cloud.google.com/load-balancing/docs/features#protocols_from_the_load_balancer_to_the_backends).\n\nA Forwarding Rule with protocol L3_DEFAULT can attach with target instance or\nbackend service with UNSPECIFIED protocol.\nA forwarding rule with \"L3_DEFAULT\" IPProtocal cannot be attached to a backend service with TCP or UDP. Possible values: [\"TCP\", \"UDP\", \"ESP\", \"AH\", \"SCTP\", \"ICMP\", \"L3_DEFAULT\"]",
                "description_kind": "plain",
                "optional": true,
                "computed": true
              },
              "ip_version": {
                "type": "string",
                "description": "The IP address version that will be used by this forwarding rule.\nValid options are IPV4 and IPV6.\n\nIf not set, the IPv4 address will be used by default. Possible values: [\"IPV4\", \"IPV6\"]",
                "description_kind": "plain",
                "optional": true,
                "computed": true
              },
              "is_mirroring_collector": {
                "type": "bool",
                "description": "Indicates whether or not this load balancer can be used as a collector for\npacket mirroring. To prevent mirroring loops, instances behind this\nload balancer will not have their traffic mirrored even if a\n'PacketMirroring' rule applies to them.\n\nThis can only be set to true for load balancers that have their\n'loadBalancingScheme' set to 'INTERNAL'.",
                "description_kind": "plain",
                "optional": true
              },
              "label_fingerprint": {
                "type": "string",
                "description": "The fingerprint used for optimistic locking of this resource.  Used\ninternally during updates.",
                "description_kind": "plain",
                "computed": true
              },
              "labels": {
                "type": [
                  "map",
                  "string"
                ],
                "description": "Labels to apply to this forwarding rule.  A list of key-\u003evalue pairs.\n\n\n**Note**: This field is non-authoritative, and will only manage the labels present in your configuration.\nPlease refer to the field 'effective_labels' for all of the labels present on the resource.",
                "description_kind": "plain",
                "optional": true
              },
              "load_balancing_scheme": {
                "type": "string",
                "description": "Specifies the forwarding rule type.\n\nFor more information about forwarding rules, refer to\n[Forwarding rule concepts](https://cloud.google.com/load-balancing/docs/forwarding-rule-concepts). Default value: \"EXTERNAL\" Possible values: [\"EXTERNAL\", \"EXTERNAL_MANAGED\", \"INTERNAL\", \"INTERNAL_MANAGED\"]",
                "description_kind": "plain",
                "optional": true
              },
              "name": {
                "type": "string",
                "description": "Name of the resource; provided by the client when the resource is created.\nThe name must be 1-63 characters long, and comply with\n[RFC1035](https://www.ietf.org/rfc/rfc1035.txt).\n\nSpecifically, the name must be 1-63 characters long and match the regular\nexpression '[a-z]([-a-z0-9]*[a-z0-9])?' which means the first\ncharacter must be a lowercase letter, and all following characters must\nbe a dash, lowercase letter, or digit, except the last character, which\ncannot be a dash.\n\nFor Private Service Connect forwarding rules that forward traffic to Google\nAPIs, the forwarding rule name must be a 1-20 characters string with\nlowercase letters and numbers and must start with a letter.",
                "description_kind": "plain",
                "required": true
              },
              "network": {
                "type": "string",
                "description": "This field is not used for external load balancing.\n\nFor Internal TCP/UDP Load Balancing, this field identifies the network that\nthe load balanced IP should belong to for this Forwarding Rule.\nIf the subnetwork is specified, the network of the subnetwork will be used.\nIf neither subnetwork nor this field is specified, the default network will\nbe used.\n\nFor Private Service Connect forwarding rules that forward traffic to Google\nAPIs, a network must be provided.",
                "description_kind": "plain",
                "optional": true,
                "computed": true
              },
              "network_tier": {
                "type": "string",
                "description": "This signifies the networking tier used for configuring\nthis load balancer and can only take the following values:\n'PREMIUM', 'STANDARD'.\n\nFor regional ForwardingRule, the valid values are 'PREMIUM' and\n'STANDARD'. For GlobalForwardingRule, the valid value is\n'PREMIUM'.\n\nIf this field is not specified, it is assumed to be 'PREMIUM'.\nIf 'IPAddress' is specified, this value must be equal to the\nnetworkTier of the Address. Possible values: [\"PREMIUM\", \"STANDARD\"]",
                "description_kind": "plain",
                "optional": true,
                "computed": true
              },
              "no_automate_dns_zone": {
                "type": "bool",
                "description": "This is used in PSC consumer ForwardingRule to control whether it should try to auto-generate a DNS zone or not. Non-PSC forwarding rules do not use this field.",
                "description_kind": "plain",
                "optional": true
              },
              "port_range": {
                "type": "string",
                "description": "The 'ports', 'portRange', and 'allPorts' fields are mutually exclusive.\nOnly packets addressed to ports in the specified range will be forwarded\nto the backends configured with this forwarding rule.\n\nThe 'portRange' field has the following limitations:\n* It requires that the forwarding rule 'IPProtocol' be TCP, UDP, or SCTP,\nand\n* It's applicable only to the following products: external passthrough\nNetwork Load Balancers, internal and external proxy Network Load\nBalancers, internal and external Application Load Balancers, external\nprotocol forwarding, and Classic VPN.\n* Some products have restrictions on what ports can be used. See\n[port specifications](https://cloud.google.com/load-balancing/docs/forwarding-rule-concepts#port_specifications)\nfor details.\n\nFor external forwarding rules, two or more forwarding rules cannot use the\nsame '[IPAddress, IPProtocol]' pair, and cannot have overlapping\n'portRange's.\n\nFor internal forwarding rules within the same VPC network, two or more\nforwarding rules cannot use the same '[IPAddress, IPProtocol]' pair, and\ncannot have overlapping 'portRange's.\n\n@pattern: \\d+(?:-\\d+)?",
                "description_kind": "plain",
                "optional": true,
                "computed": true
              },
              "ports": {
                "type": [
                  "set",
                  "string"
                ],
                "description": "The 'ports', 'portRange', and 'allPorts' fields are mutually exclusive.\nOnly packets addressed to ports in the specified range will be forwarded\nto the backends configured with this forwarding rule.\n\nThe 'ports' field has the following limitations:\n* It requires that the forwarding rule 'IPProtocol' be TCP, UDP, or SCTP,\nand\n* It's applicable only to the following products: internal passthrough\nNetwork Load Balancers, backend service-based external passthrough Network\nLoad Balancers, and internal protocol forwarding.\n* You can specify a list of up to five ports by number, separated by\ncommas. The ports can be contiguous or discontiguous.\n\nFor external forwarding rules, two or more forwarding rules cannot use the\nsame '[IPAddress, IPProtocol]' pair if they share at least one port\nnumber.\n\nFor internal forwarding rules within the same VPC network, two or more\nforwarding rules cannot use the same '[IPAddress, IPProtocol]' pair if\nthey share at least one port number.\n\n@pattern: \\d+(?:-\\d+)?",
                "description_kind": "plain",
                "optional": true
              },
              "project": {
                "type": "string",
                "description_kind": "plain",
                "optional": true,
                "computed": true
              },
              "psc_connection_id": {
                "type": "string",
                "description": "The PSC connection id of the PSC Forwarding Rule.",
                "description_kind": "plain",
                "computed": true
              },
              "psc_connection_status": {
                "type": "string",
                "description": "The PSC connection status of the PSC Forwarding Rule. Possible values: 'STATUS_UNSPECIFIED', 'PENDING', 'ACCEPTED', 'REJECTED', 'CLOSED'",
                "description_kind": "plain",
                "computed": true
              },
              "recreate_closed_psc": {
                "type": "bool",
                "description": "This is used in PSC consumer ForwardingRule to make terraform recreate the ForwardingRule when the status is closed",
                "description_kind": "plain",
                "optional": true
              },
              "region": {
                "type": "string",
                "description": "A reference to the region where the regional forwarding rule resides.\n\nThis field is not applicable to global forwarding rules.",
                "description_kind": "plain",
                "optional": true,
                "computed": true
              },
              "self_link": {
                "type": "string",
                "description_kind": "plain",
                "computed": true
              },
              "service_label": {
                "type": "string",
                "description": "An optional prefix to the service name for this Forwarding Rule.\nIf specified, will be the first label of the fully qualified service\nname.\n\nThe label must be 1-63 characters long, and comply with RFC1035.\nSpecifically, the label must be 1-63 characters long and match the\nregular expression '[a-z]([-a-z0-9]*[a-z0-9])?' which means the first\ncharacter must be a lowercase letter, and all following characters\nmust be a dash, lowercase letter, or digit, except the last\ncharacter, which cannot be a dash.\n\nThis field is only used for INTERNAL load balancing.",
                "description_kind": "plain",
                "optional": true
              },
              "service_name": {
                "type": "string",
                "description": "The internal fully qualified service name for this Forwarding Rule.\n\nThis field is only used for INTERNAL load balancing.",
                "description_kind": "plain",
                "computed": true
              },
              "source_ip_ranges": {
                "type": [
                  "list",
                  "string"
                ],
                "description": "If not empty, this Forwarding Rule will only forward the traffic when the source IP address matches one of the IP addresses or CIDR ranges set here. Note that a Forwarding Rule can only have up to 64 source IP ranges, and this field can only be used with a regional Forwarding Rule whose scheme is EXTERNAL. Each sourceIpRange entry should be either an IP address (for example, 1.2.3.4) or a CIDR range (for example, 1.2.3.0/24).",
                "description_kind": "plain",
                "optional": true
              },
              "subnetwork": {
                "type": "string",
                "description": "This field identifies the subnetwork that the load balanced IP should\nbelong to for this Forwarding Rule, used in internal load balancing and\nnetwork load balancing with IPv6.\n\nIf the network specified is in auto subnet mode, this field is optional.\nHowever, a subnetwork must be specified if the network is in custom subnet\nmode or when creating external forwarding rule with IPv6.",
                "description_kind": "plain",
                "optional": true,
                "computed": true
              },
              "target": {
                "type": "string",
                "description": "The URL of the target resource to receive the matched traffic.  For\nregional forwarding rules, this target must be in the same region as the\nforwarding rule. For global forwarding rules, this target must be a global\nload balancing resource.\n\nThe forwarded traffic must be of a type appropriate to the target object.\n*  For load balancers, see the \"Target\" column in [Port specifications](https://cloud.google.com/load-balancing/docs/forwarding-rule-concepts#ip_address_specifications).\n*  For Private Service Connect forwarding rules that forward traffic to Google APIs, provide the name of a supported Google API bundle:\n  *  'vpc-sc' - [ APIs that support VPC Service Controls](https://cloud.google.com/vpc-service-controls/docs/supported-products).\n  *  'all-apis' - [All supported Google APIs](https://cloud.google.com/vpc/docs/private-service-connect#supported-apis).\n\nFor Private Service Connect forwarding rules that forward traffic to managed services, the target must be a service attachment.",
                "description_kind": "plain",
                "optional": true
              },
              "terraform_labels": {
                "type": [
                  "map",
                  "string"
                ],
                "description": "The combination of labels configured directly on the resource\n and default labels configured on the provider.",
                "description_kind": "plain",
                "computed": true
              }
            },
            "block_types": {
              "service_directory_registrations": {
                "nesting_mode": "list",
                "block": {
                  "attributes": {
                    "namespace": {
                      "type": "string",
                      "description": "Service Directory namespace to register the forwarding rule under.",
                      "description_kind": "plain",
                      "optional": true,
                      "computed": true
                    },
                    "service": {
                      "type": "string",
                      "description": "Service Directory service to register the forwarding rule under.",
                      "description_kind": "plain",
                      "optional": true
                    }
                  },
                  "description": "Service Directory resources to register this forwarding rule with.\n\nCurrently, only supports a single Service Directory resource.",
                  "description_kind": "plain"
                },
                "max_items": 1
              },
              "timeouts": {
                "nesting_mode": "single",
                "block": {
                  "attributes": {
                    "create": {
                      "type": "string",
                      "description_kind": "plain",
                      "optional": true
                    },
                    "delete": {
                      "type": "string",
                      "description_kind": "plain",
                      "optional": true
                    },
                    "update": {
                      "type": "string",
                      "description_kind": "plain",
                      "optional": true
                    }
                  },
                  "description_kind": "plain"
                }
              }
            },
            "description_kind": "plain"
          }
        },
        "google_compute_global_address": {
          "version": 0,
          "block": {
            "attributes": {
              "address": {
                "type": "string",
                "description": "The IP address or beginning of the address range represented by this\nresource. This can be supplied as an input to reserve a specific\naddress or omitted to allow GCP to choose a valid one for you.",
                "description_kind": "plain",
                "optional": true,
                "computed": true
              },
              "address_type": {
                "type": "string",
                "description": "The type of the address to reserve.\n\n* EXTERNAL indicates public/external single IP address.\n* INTERNAL indicates internal IP ranges belonging to some network. Default value: \"EXTERNAL\" Possible values: [\"EXTERNAL\", \"INTERNAL\"]",
                "description_kind": "plain",
                "optional": true
              },
              "creation_timestamp": {
                "type": "string",
                "description": "Creation timestamp in RFC3339 text format.",
                "description_kind": "plain",
                "computed": true
              },
              "description": {
                "type": "string",
                "description": "An optional description of this resource.",
                "description_kind": "plain",
                "optional": true
              },
              "effective_labels": {
                "type": [
                  "map",
                  "string"
                ],
                "description": "All of labels (key/value pairs) present on the resource in GCP, including the labels configured through Terraform, other clients and services.",
                "description_kind": "plain",
                "computed": true
              },
              "id": {
                "type": "string",
                "description_kind": "plain",
                "optional": true,
                "computed": true
              },
              "ip_version": {
                "type": "string",
                "description": "The IP Version that will be used by this address. The default value is 'IPV4'. Possible values: [\"IPV4\", \"IPV6\"]",
                "description_kind": "plain",
                "optional": true
              },
              "label_fingerprint": {
                "type": "string",
                "description": "The fingerprint used for optimistic locking of this resource.  Used\ninternally during updates.",
                "description_kind": "plain",
                "computed": true
              },
              "labels": {
                "type": [
                  "map",
                  "string"
                ],
                "description": "Labels to apply to this address.  A list of key-\u003evalue pairs.\n\n\n**Note**: This field is non-authoritative, and will only manage the labels present in your configuration.\nPlease refer to the field 'effective_labels' for all of the labels present on the resource.",
                "description_kind": "plain",
                "optional": true
              },
              "name": {
                "type": "string",
                "description": "Name of the resource. Provided by the client when the resource is\ncreated. The name must be 1-63 characters long, and comply with\nRFC1035.  Specifically, the name must be 1-63 characters long and\nmatch the regular expression '[a-z]([-a-z0-9]*[a-z0-9])?' which means\nthe first character must be a lowercase letter, and all following\ncharacters must be a dash, lowercase letter, or digit, except the last\ncharacter, which cannot be a dash.",
                "description_kind": "plain",
                "required": true
              },
              "network": {
                "type": "string",
                "description": "The URL of the network in which to reserve the IP range. The IP range\nmust be in RFC1918 space. The network cannot be deleted if there are\nany reserved IP ranges referring to it.\n\nThis should only be set when using an Internal address.",
                "description_kind": "plain",
                "optional": true
              },
              "prefix_length": {
                "type": "number",
                "description": "The prefix length of the IP range. If not present, it means the\naddress field is a single IP address.\n\nThis field is not applicable to addresses with addressType=INTERNAL\nwhen purpose=PRIVATE_SERVICE_CONNECT",
                "description_kind": "plain",
                "optional": true,
                "computed": true
              },
              "project": {
                "type": "string",
                "description_kind": "plain",
                "optional": true,
                "computed": true
              },
              "purpose": {
                "type": "string",
                "description": "The purpose of the resource. Possible values include:\n\n* VPC_PEERING - for peer networks\n\n* PRIVATE_SERVICE_CONNECT - for ([Beta](https://terraform.io/docs/providers/google/guides/provider_versions.html) only) Private Service Connect networks",
                "description_kind": "plain",
                "optional": true
              },
              "self_link": {
                "type": "string",
                "description_kind": "plain",
                "computed": true
              },
              "terraform_labels": {
                "type": [
                  "map",
                  "string"
                ],
                "description": "The combination of labels configured directly on the resource\n and default labels configured on the provider.",
                "description_kind": "plain",
                "computed": true
              }
            },
            "block_types": {
              "timeouts": {
                "nesting_mode": "single",
                "block": {
                  "attributes": {
                    "create": {
                      "type": "string",
                      "description_kind": "plain",
                      "optional": true
                    },
                    "delete": {
                      "type": "string",
                      "description_kind": "plain",
                      "optional": true
                    },
                    "update": {
                      "type": "string",
                      "description_kind": "plain",
                      "optional": true
                    }
                  },
                  "description_kind": "plain"
                }
              }
            },
            "description_kind": "plain"
          }
        },
        "google_compute_global_forwarding_rule": {
          "version": 0,
          "block": {
            "attributes": {
              "base_forwarding_rule": {
                "type": "string",
                "description": "[Output Only] The URL for the corresponding base Forwarding Rule. By base Forwarding Rule, we mean the Forwarding Rule that has the same IP address, protocol, and port settings with the current Forwarding Rule, but without sourceIPRanges specified. Always empty if the current Forwarding Rule does not have sourceIPRanges specified.",
                "description_kind": "plain",
                "computed": true
              },
              "description": {
                "type": "string",
                "description": "An optional description of this resource. Provide this property when\nyou create the resource.",
                "description_kind": "plain",
                "optional": true
              },
              "effective_labels": {
                "type": [
                  "map",
                  "string"
                ],
                "description": "All of labels (key/value pairs) present on the resource in GCP, including the labels configured through Terraform, other clients and services.",
                "description_kind": "plain",
                "computed": true
              },
              "id": {
                "type": "string",
                "description_kind": "plain",
                "optional": true,
                "computed": true
              },
              "ip_address": {
                "type": "string",
                "description": "IP address for which this forwarding rule accepts traffic. When a client\nsends traffic to this IP address, the forwarding rule directs the traffic\nto the referenced 'target'.\n\nWhile creating a forwarding rule, specifying an 'IPAddress' is\nrequired under the following circumstances:\n\n* When the 'target' is set to 'targetGrpcProxy' and\n'validateForProxyless' is set to 'true', the\n'IPAddress' should be set to '0.0.0.0'.\n* When the 'target' is a Private Service Connect Google APIs\nbundle, you must specify an 'IPAddress'.\n\nOtherwise, you can optionally specify an IP address that references an\nexisting static (reserved) IP address resource. When omitted, Google Cloud\nassigns an ephemeral IP address.\n\nUse one of the following formats to specify an IP address while creating a\nforwarding rule:\n\n* IP address number, as in '100.1.2.3'\n* IPv6 address range, as in '2600:1234::/96'\n* Full resource URL, as in\n'https://www.googleapis.com/compute/v1/projects/project_id/regions/region/addresses/address-name'\n* Partial URL or by name, as in:\n  * 'projects/project_id/regions/region/addresses/address-name'\n  * 'regions/region/addresses/address-name'\n  * 'global/addresses/address-name'\n  * 'address-name'\n\nThe forwarding rule's 'target',\nand in most cases, also the 'loadBalancingScheme', determine the\ntype of IP address that you can use. For detailed information, see\n[IP address\nspecifications](https://cloud.google.com/load-balancing/docs/forwarding-rule-concepts#ip_address_specifications).\n\nWhen reading an 'IPAddress', the API always returns the IP\naddress number.",
                "description_kind": "plain",
                "optional": true,
                "computed": true
              },
              "ip_protocol": {
                "type": "string",
                "description": "The IP protocol to which this rule applies.\n\nFor protocol forwarding, valid\noptions are 'TCP', 'UDP', 'ESP',\n'AH', 'SCTP', 'ICMP' and\n'L3_DEFAULT'.\n\nThe valid IP protocols are different for different load balancing products\nas described in [Load balancing\nfeatures](https://cloud.google.com/load-balancing/docs/features#protocols_from_the_load_balancer_to_the_backends). Possible values: [\"TCP\", \"UDP\", \"ESP\", \"AH\", \"SCTP\", \"ICMP\"]",
                "description_kind": "plain",
                "optional": true,
                "computed": true
              },
              "ip_version": {
                "type": "string",
                "description": "The IP Version that will be used by this global forwarding rule. Possible values: [\"IPV4\", \"IPV6\"]",
                "description_kind": "plain",
                "optional": true
              },
              "label_fingerprint": {
                "type": "string",
                "description": "The fingerprint used for optimistic locking of this resource.  Used\ninternally during updates.",
                "description_kind": "plain",
                "computed": true
              },
              "labels": {
                "type": [
                  "map",
                  "string"
                ],
                "description": "Labels to apply to this forwarding rule.  A list of key-\u003evalue pairs.\n\n\n**Note**: This field is non-authoritative, and will only manage the labels present in your configuration.\nPlease refer to the field 'effective_labels' for all of the labels present on the resource.",
                "description_kind": "plain",
                "optional": true
              },
              "load_balancing_scheme": {
                "type": "string",
                "description": "Specifies the forwarding rule type.\n\nFor more information about forwarding rules, refer to\n[Forwarding rule concepts](https://cloud.google.com/load-balancing/docs/forwarding-rule-concepts). Default value: \"EXTERNAL\" Possible values: [\"EXTERNAL\", \"EXTERNAL_MANAGED\", \"INTERNAL_MANAGED\", \"INTERNAL_SELF_MANAGED\"]",
                "description_kind": "plain",
                "optional": true
              },
              "name": {
                "type": "string",
                "description": "Name of the resource; provided by the client when the resource is created.\nThe name must be 1-63 characters long, and comply with\n[RFC1035](https://www.ietf.org/rfc/rfc1035.txt).\n\nSpecifically, the name must be 1-63 characters long and match the regular\nexpression '[a-z]([-a-z0-9]*[a-z0-9])?' which means the first\ncharacter must be a lowercase letter, and all following characters must\nbe a dash, lowercase letter, or digit, except the last character, which\ncannot be a dash.\n\nFor Private Service Connect forwarding rules that forward traffic to Google\nAPIs, the forwarding rule name must be a 1-20 characters string with\nlowercase letters and numbers and must start with a letter.",
                "description_kind": "plain",
                "required": true
              },
              "network": {
                "type": "string",
                "description": "This field is not used for external load balancing.\n\nFor Internal TCP/UDP Load Balancing, this field identifies the network that\nthe load balanced IP should belong to for this Forwarding Rule.\nIf the subnetwork is specified, the network of the subnetwork will be used.\nIf neither subnetwork nor this field is specified, the default network will\nbe used.\n\nFor Private Service Connect forwarding rules that forward traffic to Google\nAPIs, a network must be provided.",
                "description_kind": "plain",
                "optional": true,
                "computed": true
              },
              "no_automate_dns_zone": {
                "type": "bool",
                "description": "This is used in PSC consumer ForwardingRule to control whether it should try to auto-generate a DNS zone or not. Non-PSC forwarding rules do not use this field.",
                "description_kind": "plain",
                "optional": true
              },
              "port_range": {
                "type": "string",
                "description": "The 'portRange' field has the following limitations:\n* It requires that the forwarding rule 'IPProtocol' be TCP, UDP, or SCTP,\nand\n* It's applicable only to the following products: external passthrough\nNetwork Load Balancers, internal and external proxy Network Load\nBalancers, internal and external Application Load Balancers, external\nprotocol forwarding, and Classic VPN.\n* Some products have restrictions on what ports can be used. See\n[port specifications](https://cloud.google.com/load-balancing/docs/forwarding-rule-concepts#port_specifications)\nfor details.\n\nFor external forwarding rules, two or more forwarding rules cannot use the\nsame '[IPAddress, IPProtocol]' pair, and cannot have overlapping\n'portRange's.\n\nFor internal forwarding rules within the same VPC network, two or more\nforwarding rules cannot use the same '[IPAddress, IPProtocol]' pair, and\ncannot have overlapping 'portRange's.\n\n@pattern: \\d+(?:-\\d+)?",
                "description_kind": "plain",
                "optional": true
              },
              "project": {
                "type": "string",
                "description_kind": "plain",
                "optional": true,
                "computed": true
              },
              "psc_connection_id": {
                "type": "string",
                "description": "The PSC connection id of the PSC Forwarding Rule.",
                "description_kind": "plain",
                "computed": true
              },
              "psc_connection_status": {
                "type": "string",
                "description": "The PSC connection status of the PSC Forwarding Rule. Possible values: 'STATUS_UNSPECIFIED', 'PENDING', 'ACCEPTED', 'REJECTED', 'CLOSED'",
                "description_kind": "plain",
                "computed": true
              },
              "self_link": {
                "type": "string",
                "description_kind": "plain",
                "computed": true
              },
              "source_ip_ranges": {
                "type": [
                  "list",
                  "string"
                ],
                "description": "If not empty, this Forwarding Rule will only forward the traffic when the source IP address matches one of the IP addresses or CIDR ranges set here. Note that a Forwarding Rule can only have up to 64 source IP ranges, and this field can only be used with a regional Forwarding Rule whose scheme is EXTERNAL. Each sourceIpRange entry should be either an IP address (for example, 1.2.3.4) or a CIDR range (for example, 1.2.3.0/24).",
                "description_kind": "plain",
                "optional": true
              },
              "subnetwork": {
                "type": "string",
                "description": "This field identifies the subnetwork that the load balanced IP should\nbelong to for this Forwarding Rule, used in internal load balancing and\nnetwork load balancing with IPv6.\n\nIf the network specified is in auto subnet mode, this field is optional.\nHowever, a subnetwork must be specified if the network is in custom subnet\nmode or when creating external forwarding rule with IPv6.",
                "description_kind": "plain",
                "optional": true,
                "computed": true
              },
              "target": {
                "type": "string",
                "description": "The URL of the target resource to receive the matched traffic.  For\nregional forwarding rules, this target must be in the same region as the\nforwarding rule. For global forwarding rules, this target must be a global\nload balancing resource.\n\nThe forwarded traffic must be of a type appropriate to the target object.\n*  For load balancers, see the \"Target\" column in [Port specifications](https://cloud.google.com/load-balancing/docs/forwarding-rule-concepts#ip_address_specifications).\n*  For Private Service Connect forwarding rules that forward traffic to Google APIs, provide the name of a supported Google API bundle:\n  *  'vpc-sc' - [ APIs that support VPC Service Controls](https://cloud.google.com/vpc-service-controls/docs/supported-products).\n  *  'all-apis' - [All supported Google APIs](https://cloud.google.com/vpc/docs/private-service-connect#supported-apis).\n\nFor Private Service Connect forwarding rules that forward traffic to managed services, the target must be a service attachment.",
                "description_kind": "plain",
                "required": true
              },
              "terraform_labels": {
                "type": [
                  "map",
                  "string"
                ],
                "description": "The combination of labels configured directly on the resource\n and default labels configured on the provider.",
                "description_kind": "plain",
                "computed": true
              }
            },
            "block_types": {
              "metadata_filters": {
                "nesting_mode": "list",
                "block": {
                  "attributes": {
                    "filter_match_criteria": {
                      "type": "string",
                      "description": "Specifies how individual filterLabel matches within the list of\nfilterLabels contribute towards the overall metadataFilter match.\n\nMATCH_ANY - At least one of the filterLabels must have a matching\nlabel in the provided metadata.\nMATCH_ALL - All filterLabels must have matching labels in the\nprovided metadata. Possible values: [\"MATCH_ANY\", \"MATCH_ALL\"]",
                      "description_kind": "plain",
                      "required": true
                    }
                  },
                  "block_types": {
                    "filter_labels": {
                      "nesting_mode": "list",
                      "block": {
                        "attributes": {
                          "name": {
                            "type": "string",
                            "description": "Name of the metadata label. The length must be between\n1 and 1024 characters, inclusive.",
                            "description_kind": "plain",
                            "required": true
                          },
                          "value": {
                            "type": "string",
                            "description": "The value that the label must match. The value has a maximum\nlength of 1024 characters.",
                            "description_kind": "plain",
                            "required": true
                          }
                        },
                        "description": "The list of label value pairs that must match labels in the\nprovided metadata based on filterMatchCriteria\n\nThis list must not be empty and can have at the most 64 entries.",
                        "description_kind": "plain"
                      },
                      "min_items": 1,
                      "max_items": 64
                    }
                  },
                  "description": "Opaque filter criteria used by Loadbalancer to restrict routing\nconfiguration to a limited set xDS compliant clients. In their xDS\nrequests to Loadbalancer, xDS clients present node metadata. If a\nmatch takes place, the relevant routing configuration is made available\nto those proxies.\n\nFor each metadataFilter in this list, if its filterMatchCriteria is set\nto MATCH_ANY, at least one of the filterLabels must match the\ncorresponding label provided in the metadata. If its filterMatchCriteria\nis set to MATCH_ALL, then all of its filterLabels must match with\ncorresponding labels in the provided metadata.\n\nmetadataFilters specified here can be overridden by those specified in\nthe UrlMap that this ForwardingRule references.\n\nmetadataFilters only applies to Loadbalancers that have their\nloadBalancingScheme set to INTERNAL_SELF_MANAGED.",
                  "description_kind": "plain"
                }
              },
              "service_directory_registrations": {
                "nesting_mode": "list",
                "block": {
                  "attributes": {
                    "namespace": {
                      "type": "string",
                      "description": "Service Directory namespace to register the forwarding rule under.",
                      "description_kind": "plain",
                      "optional": true,
                      "computed": true
                    },
                    "service_directory_region": {
                      "type": "string",
                      "description": "[Optional] Service Directory region to register this global forwarding rule under.\nDefault to \"us-central1\". Only used for PSC for Google APIs. All PSC for\nGoogle APIs Forwarding Rules on the same network should use the same Service\nDirectory region.",
                      "description_kind": "plain",
                      "optional": true
                    }
                  },
                  "description": "Service Directory resources to register this forwarding rule with.\n\nCurrently, only supports a single Service Directory resource.",
                  "description_kind": "plain"
                },
                "max_items": 1
              },
              "timeouts": {
                "nesting_mode": "single",
                "block": {
                  "attributes": {
                    "create": {
                      "type": "string",
                      "description_kind": "plain",
                      "optional": true
                    },
                    "delete": {
                      "type": "string",
                      "description_kind": "plain",
                      "optional": true
                    },
                    "update": {
                      "type": "string",
                      "description_kind": "plain",
                      "optional": true
                    }
                  },
                  "description_kind": "plain"
                }
              }
            },
            "description_kind": "plain"
          }
        },
        "google_compute_instance": {
          "version": 6,
          "block": {
            "attributes": {
              "allow_stopping_for_update": {
                "type": "bool",
                "description": "If true, allows Terraform to stop the instance to update its properties. If you try to update a property that requires stopping the instance without setting this field, the update will fail.",
                "description_kind": "plain",
                "optional": true
              },
              "can_ip_forward": {
                "type": "bool",
                "description": "Whether sending and receiving of packets with non-matching source or destination IPs is allowed.",
                "description_kind": "plain",
                "optional": true
              },
              "cpu_platform": {
                "type": "string",
                "description": "The CPU platform used by this instance.",
                "description_kind": "plain",
                "computed": true
              },
              "creation_timestamp": {
                "type": "string",
                "description": "Creation timestamp in RFC3339 text format.",
                "description_kind": "plain",
                "computed": true
              },
              "current_status": {
                "type": "string",
                "description": "\n\t\t\t\t\tCurrent status of the instance.\n\t\t\t\t\tThis could be one of the following values: PROVISIONING, STAGING, RUNNING, STOPPING, SUSPENDING, SUSPENDED, REPAIRING, and TERMINATED.\n\t\t\t\t\tFor more information about the status of the instance, see [Instance life cycle](https://cloud.google.com/compute/docs/instances/instance-life-cycle).",
                "description_kind": "plain",
                "computed": true
              },
              "deletion_protection": {
                "type": "bool",
                "description": "Whether deletion protection is enabled on this instance.",
                "description_kind": "plain",
                "optional": true
              },
              "description": {
                "type": "string",
                "description": "A brief description of the resource.",
                "description_kind": "plain",
                "optional": true
              },
              "desired_status": {
                "type": "string",
                "description": "Desired status of the instance. Either \"RUNNING\", \"SUSPENDED\" or \"TERMINATED\".",
                "description_kind": "plain",
                "optional": true
              },
              "effective_labels": {
                "type": [
                  "map",
                  "string"
                ],
                "description": "All of labels (key/value pairs) present on the resource in GCP, including the labels configured through Terraform, other clients and services.",
                "description_kind": "plain",
                "computed": true
              },
              "enable_display": {
                "type": "bool",
                "description": "Whether the instance has virtual displays enabled.",
                "description_kind": "plain",
                "optional": true
              },
              "hostname": {
                "type": "string",
                "description": "A custom hostname for the instance. Must be a fully qualified DNS name and RFC-1035-valid. Valid format is a series of labels 1-63 characters long matching the regular expression [a-z]([-a-z0-9]*[a-z0-9]), concatenated with periods. The entire hostname must not exceed 253 characters. Changing this forces a new resource to be created.",
                "description_kind": "plain",
                "optional": true
              },
              "id": {
                "type": "string",
                "description_kind": "plain",
                "optional": true,
                "computed": true
              },
              "instance_id": {
                "type": "string",
                "description": "The server-assigned unique identifier of this instance.",
                "description_kind": "plain",
                "computed": true
              },
              "key_revocation_action_type": {
                "type": "string",
                "description": "Action to be taken when a customer's encryption key is revoked. Supports \"STOP\" and \"NONE\", with \"NONE\" being the default.",
                "description_kind": "plain",
                "optional": true
              },
              "label_fingerprint": {
                "type": "string",
                "description": "The unique fingerprint of the labels.",
                "description_kind": "plain",
                "computed": true
              },
              "labels": {
                "type": [
                  "map",
                  "string"
                ],
                "description": "A set of key/value label pairs assigned to the instance.\n\n\t\t\t\t**Note**: This field is non-authoritative, and will only manage the labels present in your configuration.\n\t\t\t\tPlease refer to the field 'effective_labels' for all of the labels present on the resource.",
                "description_kind": "plain",
                "optional": true
              },
              "machine_type": {
                "type": "string",
                "description": "The machine type to create.",
                "description_kind": "plain",
                "required": true
              },
              "metadata": {
                "type": [
                  "map",
                  "string"
                ],
                "description": "Metadata key/value pairs made available within the instance.",
                "description_kind": "plain",
                "optional": true
              },
              "metadata_fingerprint": {
                "type": "string",
                "description": "The unique fingerprint of the metadata.",
                "description_kind": "plain",
                "computed": true
              },
              "metadata_startup_script": {
                "type": "string",
                "description": "Metadata startup scripts made available within the instance.",
                "description_kind": "plain",
                "optional": true
              },
              "min_cpu_platform": {
                "type": "string",
                "description": "The minimum CPU platform specified for the VM instance.",
                "description_kind": "plain",
                "optional": true,
                "computed": true
              },
              "name": {
                "type": "string",
                "description": "The name of the instance. One of name or self_link must be provided.",
                "description_kind": "plain",
                "required": true
              },
              "project": {
                "type": "string",
                "description": "The ID of the project in which the resource belongs. If self_link is provided, this value is ignored. If neither self_link nor project are provided, the provider project is used.",
                "description_kind": "plain",
                "optional": true,
                "computed": true
              },
              "resource_policies": {
                "type": [
                  "list",
                  "string"
                ],
                "description": "A list of self_links of resource policies to attach to the instance. Currently a max of 1 resource policy is supported.",
                "description_kind": "plain",
                "optional": true
              },
              "self_link": {
                "type": "string",
                "description": "The URI of the created resource.",
                "description_kind": "plain",
                "computed": true
              },
              "tags": {
                "type": [
                  "set",
                  "string"
                ],
                "description": "The list of tags attached to the instance.",
                "description_kind": "plain",
                "optional": true
              },
              "tags_fingerprint": {
                "type": "string",
                "description": "The unique fingerprint of the tags.",
                "description_kind": "plain",
                "computed": true
              },
              "terraform_labels": {
                "type": [
                  "map",
                  "string"
                ],
                "description": "The combination of labels configured directly on the resource and default labels configured on the provider.",
                "description_kind": "plain",
                "computed": true
              },
              "zone": {
                "type": "string",
                "description": "The zone of the instance. If self_link is provided, this value is ignored. If neither self_link nor zone are provided, the provider zone is used.",
                "description_kind": "plain",
                "optional": true,
                "computed": true
              }
            },
            "block_types": {
              "advanced_machine_features": {
                "nesting_mode": "list",
                "block": {
                  "attributes": {
                    "enable_nested_virtualization": {
                      "type": "bool",
                      "description": "Whether to enable nested virtualization or not.",
                      "description_kind": "plain",
                      "optional": true
                    },
                    "threads_per_core": {
                      "type": "number",
                      "description": "The number of threads per physical core. To disable simultaneous multithreading (SMT) set this to 1. If unset, the maximum number of threads supported per core by the underlying processor is assumed.",
                      "description_kind": "plain",
                      "optional": true
                    },
                    "turbo_mode": {
                      "type": "string",
                      "description": "Turbo frequency mode to use for the instance. Currently supported modes is \"ALL_CORE_MAX\".",
                      "description_kind": "plain",
                      "optional": true
                    },
                    "visible_core_count": {
                      "type": "number",
                      "description": "The number of physical cores to expose to an instance. Multiply by the number of threads per core to compute the total number of virtual CPUs to expose to the instance. If unset, the number of cores is inferred from the instance\\'s nominal CPU count and the underlying platform\\'s SMT width.",
                      "description_kind": "plain",
                      "optional": true
                    }
                  },
                  "description": "Controls for advanced machine-related behavior features.",
                  "description_kind": "plain"
                },
                "max_items": 1
              },
              "attached_disk": {
                "nesting_mode": "list",
                "block": {
                  "attributes": {
                    "device_name": {
                      "type": "string",
                      "description": "Name with which the attached disk is accessible under /dev/disk/by-id/",
                      "description_kind": "plain",
                      "optional": true,
                      "computed": true
                    },
                    "disk_encryption_key_raw": {
                      "type": "string",
                      "description": "A 256-bit customer-supplied encryption key, encoded in RFC 4648 base64 to encrypt this disk. Only one of kms_key_self_link and disk_encryption_key_raw may be set.",
                      "description_kind": "plain",
                      "optional": true,
                      "sensitive": true
                    },
                    "disk_encryption_key_sha256": {
                      "type": "string",
                      "description": "The RFC 4648 base64 encoded SHA-256 hash of the customer-supplied encryption key that protects this resource.",
                      "description_kind": "plain",
                      "computed": true
                    },
                    "kms_key_self_link": {
                      "type": "string",
                      "description": "The self_link of the encryption key that is stored in Google Cloud KMS to encrypt this disk. Only one of kms_key_self_link and disk_encryption_key_raw may be set.",
                      "description_kind": "plain",
                      "optional": true,
                      "computed": true
                    },
                    "mode": {
                      "type": "string",
                      "description": "Read/write mode for the disk. One of \"READ_ONLY\" or \"READ_WRITE\".",
                      "description_kind": "plain",
                      "optional": true
                    },
                    "source": {
                      "type": "string",
                      "description": "The name or self_link of the disk attached to this instance.",
                      "description_kind": "plain",
                      "required": true
                    }
                  },
                  "description": "List of disks attached to the instance",
                  "description_kind": "plain"
                }
              },
              "boot_disk": {
                "nesting_mode": "list",
                "block": {
                  "attributes": {
                    "auto_delete": {
                      "type": "bool",
                      "description": "Whether the disk will be auto-deleted when the instance is deleted.",
                      "description_kind": "plain",
                      "optional": true
                    },
                    "device_name": {
                      "type": "string",
                      "description": "Name with which attached disk will be accessible under /dev/disk/by-id/",
                      "description_kind": "plain",
                      "optional": true,
                      "computed": true
                    },
                    "disk_encryption_key_raw": {
                      "type": "string",
                      "description": "A 256-bit customer-supplied encryption key, encoded in RFC 4648 base64 to encrypt this disk. Only one of kms_key_self_link and disk_encryption_key_raw may be set.",
                      "description_kind": "plain",
                      "optional": true,
                      "sensitive": true
                    },
                    "disk_encryption_key_sha256": {
                      "type": "string",
                      "description": "The RFC 4648 base64 encoded SHA-256 hash of the customer-supplied encryption key that protects this resource.",
                      "description_kind": "plain",
                      "computed": true
                    },
                    "interface": {
                      "type": "string",
                      "description": "The disk interface used for attaching this disk. One of SCSI or NVME. (This field is shared with attached_disk and only used for specific cases, please don't specify this field without advice from Google.)",
                      "description_kind": "plain",
                      "optional": true
                    },
                    "kms_key_self_link": {
                      "type": "string",
                      "description": "The self_link of the encryption key that is stored in Google Cloud KMS to encrypt this disk. Only one of kms_key_self_link and disk_encryption_key_raw may be set.",
                      "description_kind": "plain",
                      "optional": true,
                      "computed": true
                    },
                    "mode": {
                      "type": "string",
                      "description": "Read/write mode for the disk. One of \"READ_ONLY\" or \"READ_WRITE\".",
                      "description_kind": "plain",
                      "optional": true
                    },
                    "source": {
                      "type": "string",
                      "description": "The name or self_link of the disk attached to this instance.",
                      "description_kind": "plain",
                      "optional": true,
                      "computed": true
                    }
                  },
                  "block_types": {
                    "initialize_params": {
                      "nesting_mode": "list",
                      "block": {
                        "attributes": {
                          "enable_confidential_compute": {
                            "type": "bool",
                            "description": "A flag to enable confidential compute mode on boot disk",
                            "description_kind": "plain",
                            "optional": true
                          },
                          "image": {
                            "type": "string",
                            "description": "The image from which this disk was initialised.",
                            "description_kind": "plain",
                            "optional": true,
                            "computed": true
                          },
                          "labels": {
                            "type": [
                              "map",
                              "string"
                            ],
                            "description": "A set of key/value label pairs assigned to the disk.",
                            "description_kind": "plain",
                            "optional": true,
                            "computed": true
                          },
                          "provisioned_iops": {
                            "type": "number",
                            "description": "Indicates how many IOPS to provision for the disk. This sets the number of I/O operations per second that the disk can handle.",
                            "description_kind": "plain",
                            "optional": true,
                            "computed": true
                          },
                          "provisioned_throughput": {
                            "type": "number",
                            "description": "Indicates how much throughput to provision for the disk. This sets the number of throughput mb per second that the disk can handle.",
                            "description_kind": "plain",
                            "optional": true,
                            "computed": true
                          },
                          "resource_manager_tags": {
                            "type": [
                              "map",
                              "string"
                            ],
                            "description": "A map of resource manager tags. Resource manager tag keys and values have the same definition as resource manager tags. Keys must be in the format tagKeys/{tag_key_id}, and values are in the format tagValues/456. The field is ignored (both PUT \u0026 PATCH) when empty.",
                            "description_kind": "plain",
                            "optional": true
                          },
                          "resource_policies": {
                            "type": [
                              "list",
                              "string"
                            ],
                            "description": "A list of self_links of resource policies to attach to the instance's boot disk. Modifying this list will cause the instance to recreate. Currently a max of 1 resource policy is supported.",
                            "description_kind": "plain",
                            "optional": true,
                            "computed": true
                          },
                          "size": {
                            "type": "number",
                            "description": "The size of the image in gigabytes.",
                            "description_kind": "plain",
                            "optional": true,
                            "computed": true
                          },
                          "storage_pool": {
                            "type": "string",
                            "description": "The URL of the storage pool in which the new disk is created",
                            "description_kind": "plain",
                            "optional": true
                          },
                          "type": {
                            "type": "string",
                            "description": "The Google Compute Engine disk type. Such as pd-standard, pd-ssd or pd-balanced.",
                            "description_kind": "plain",
                            "optional": true,
                            "computed": true
                          }
                        },
                        "description": "Parameters with which a disk was created alongside the instance.",
                        "description_kind": "plain"
                      },
                      "max_items": 1
                    }
                  },
                  "description": "The boot disk for the instance.",
                  "description_kind": "plain"
                },
                "min_items": 1,
                "max_items": 1
              },
              "confidential_instance_config": {
                "nesting_mode": "list",
                "block": {
                  "attributes": {
                    "confidential_instance_type": {
                      "type": "string",
                      "description": "\n\t\t\t\t\t\t\t\tThe confidential computing technology the instance uses.\n\t\t\t\t\t\t\t\tSEV is an AMD feature. TDX is an Intel feature. One of the following\n\t\t\t\t\t\t\t\tvalues is required: SEV, SEV_SNP, TDX. If SEV_SNP, min_cpu_platform =\n\t\t\t\t\t\t\t\t\"AMD Milan\" is currently required.",
                      "description_kind": "plain",
                      "optional": true
                    },
                    "enable_confidential_compute": {
                      "type": "bool",
                      "description": "Defines whether the instance should have confidential compute enabled. Field will be deprecated in a future release",
                      "description_kind": "plain",
                      "optional": true
                    }
                  },
                  "description": "The Confidential VM config being used by the instance.  on_host_maintenance has to be set to TERMINATE or this will fail to create.",
                  "description_kind": "plain"
                },
                "max_items": 1
              },
              "guest_accelerator": {
                "nesting_mode": "list",
                "block": {
                  "attributes": {
                    "count": {
                      "type": "number",
                      "description": "The number of the guest accelerator cards exposed to this instance.",
                      "description_kind": "plain",
                      "required": true
                    },
                    "type": {
                      "type": "string",
                      "description": "The accelerator type resource exposed to this instance. E.g. nvidia-tesla-k80.",
                      "description_kind": "plain",
                      "required": true
                    }
                  },
                  "description": "List of the type and count of accelerator cards attached to the instance.",
                  "description_kind": "plain"
                }
              },
              "network_interface": {
                "nesting_mode": "list",
                "block": {
                  "attributes": {
                    "internal_ipv6_prefix_length": {
                      "type": "number",
                      "description": "The prefix length of the primary internal IPv6 range.",
                      "description_kind": "plain",
                      "optional": true,
                      "computed": true
                    },
                    "ipv6_access_type": {
                      "type": "string",
                      "description": "One of EXTERNAL, INTERNAL to indicate whether the IP can be accessed from the Internet. This field is always inherited from its subnetwork.",
                      "description_kind": "plain",
                      "computed": true
                    },
                    "ipv6_address": {
                      "type": "string",
                      "description": "An IPv6 internal network address for this network interface. If not specified, Google Cloud will automatically assign an internal IPv6 address from the instance's subnetwork.",
                      "description_kind": "plain",
                      "optional": true,
                      "computed": true
                    },
                    "name": {
                      "type": "string",
                      "description": "The name of the interface",
                      "description_kind": "plain",
                      "computed": true
                    },
                    "network": {
                      "type": "string",
                      "description": "The name or self_link of the network attached to this interface.",
                      "description_kind": "plain",
                      "optional": true,
                      "computed": true
                    },
                    "network_ip": {
                      "type": "string",
                      "description": "The private IP address assigned to the instance.",
                      "description_kind": "plain",
                      "optional": true,
                      "computed": true
                    },
                    "nic_type": {
                      "type": "string",
                      "description": "The type of vNIC to be used on this interface. Possible values:GVNIC, VIRTIO_NET",
                      "description_kind": "plain",
                      "optional": true
                    },
                    "queue_count": {
                      "type": "number",
                      "description": "The networking queue count that's specified by users for the network interface. Both Rx and Tx queues will be set to this number. It will be empty if not specified.",
                      "description_kind": "plain",
                      "optional": true
                    },
                    "stack_type": {
                      "type": "string",
                      "description": "The stack type for this network interface to identify whether the IPv6 feature is enabled or not. If not specified, IPV4_ONLY will be used.",
                      "description_kind": "plain",
                      "optional": true,
                      "computed": true
                    },
                    "subnetwork": {
                      "type": "string",
                      "description": "The name or self_link of the subnetwork attached to this interface.",
                      "description_kind": "plain",
                      "optional": true,
                      "computed": true
                    },
                    "subnetwork_project": {
                      "type": "string",
                      "description": "The project in which the subnetwork belongs.",
                      "description_kind": "plain",
                      "optional": true,
                      "computed": true
                    }
                  },
                  "block_types": {
                    "access_config": {
                      "nesting_mode": "list",
                      "block": {
                        "attributes": {
                          "nat_ip": {
                            "type": "string",
                            "description": "The IP address that is be 1:1 mapped to the instance's network ip.",
                            "description_kind": "plain",
                            "optional": true,
                            "computed": true
                          },
                          "network_tier": {
                            "type": "string",
                            "description": "The networking tier used for configuring this instance. One of PREMIUM or STANDARD.",
                            "description_kind": "plain",
                            "optional": true,
                            "computed": true
                          },
                          "public_ptr_domain_name": {
                            "type": "string",
                            "description": "The DNS domain name for the public PTR record.",
                            "description_kind": "plain",
                            "optional": true
                          }
                        },
                        "description": "Access configurations, i.e. IPs via which this instance can be accessed via the Internet.",
                        "description_kind": "plain"
                      }
                    },
                    "alias_ip_range": {
                      "nesting_mode": "list",
                      "block": {
                        "attributes": {
                          "ip_cidr_range": {
                            "type": "string",
                            "description": "The IP CIDR range represented by this alias IP range.",
                            "description_kind": "plain",
                            "required": true
                          },
                          "subnetwork_range_name": {
                            "type": "string",
                            "description": "The subnetwork secondary range name specifying the secondary range from which to allocate the IP CIDR range for this alias IP range.",
                            "description_kind": "plain",
                            "optional": true
                          }
                        },
                        "description": "An array of alias IP ranges for this network interface.",
                        "description_kind": "plain"
                      }
                    },
                    "ipv6_access_config": {
                      "nesting_mode": "list",
                      "block": {
                        "attributes": {
                          "external_ipv6": {
                            "type": "string",
                            "description": "The first IPv6 address of the external IPv6 range associated with this instance, prefix length is stored in externalIpv6PrefixLength in ipv6AccessConfig. To use a static external IP address, it must be unused and in the same region as the instance's zone. If not specified, Google Cloud will automatically assign an external IPv6 address from the instance's subnetwork.",
                            "description_kind": "plain",
                            "optional": true,
                            "computed": true
                          },
                          "external_ipv6_prefix_length": {
                            "type": "string",
                            "description": "The prefix length of the external IPv6 range.",
                            "description_kind": "plain",
                            "optional": true,
                            "computed": true
                          },
                          "name": {
                            "type": "string",
                            "description": "The name of this access configuration. In ipv6AccessConfigs, the recommended name is External IPv6.",
                            "description_kind": "plain",
                            "optional": true,
                            "computed": true
                          },
                          "network_tier": {
                            "type": "string",
                            "description": "The service-level to be provided for IPv6 traffic when the subnet has an external subnet. Only PREMIUM tier is valid for IPv6",
                            "description_kind": "plain",
                            "required": true
                          },
                          "public_ptr_domain_name": {
                            "type": "string",
                            "description": "The domain name to be used when creating DNSv6 records for the external IPv6 ranges.",
                            "description_kind": "plain",
                            "optional": true
                          }
                        },
                        "description": "An array of IPv6 access configurations for this interface. Currently, only one IPv6 access config, DIRECT_IPV6, is supported. If there is no ipv6AccessConfig specified, then this instance will have no external IPv6 Internet access.",
                        "description_kind": "plain"
                      }
                    }
                  },
                  "description": "The networks attached to the instance.",
                  "description_kind": "plain"
                },
                "min_items": 1
              },
              "network_performance_config": {
                "nesting_mode": "list",
                "block": {
                  "attributes": {
                    "total_egress_bandwidth_tier": {
                      "type": "string",
                      "description": "The egress bandwidth tier to enable. Possible values:TIER_1, DEFAULT",
                      "description_kind": "plain",
                      "required": true
                    }
                  },
                  "description": "Configures network performance settings for the instance. If not specified, the instance will be created with its default network performance configuration.",
                  "description_kind": "plain"
                },
                "max_items": 1
              },
              "params": {
                "nesting_mode": "list",
                "block": {
                  "attributes": {
                    "resource_manager_tags": {
                      "type": [
                        "map",
                        "string"
                      ],
                      "description": "A map of resource manager tags. Resource manager tag keys and values have the same definition as resource manager tags. Keys must be in the format tagKeys/{tag_key_id}, and values are in the format tagValues/456. The field is ignored (both PUT \u0026 PATCH) when empty.",
                      "description_kind": "plain",
                      "optional": true
                    }
                  },
                  "description": "Stores additional params passed with the request, but not persisted as part of resource payload.",
                  "description_kind": "plain"
                },
                "max_items": 1
              },
              "reservation_affinity": {
                "nesting_mode": "list",
                "block": {
                  "attributes": {
                    "type": {
                      "type": "string",
                      "description": "The type of reservation from which this instance can consume resources.",
                      "description_kind": "plain",
                      "required": true
                    }
                  },
                  "block_types": {
                    "specific_reservation": {
                      "nesting_mode": "list",
                      "block": {
                        "attributes": {
                          "key": {
                            "type": "string",
                            "description": "Corresponds to the label key of a reservation resource. To target a SPECIFIC_RESERVATION by name, specify compute.googleapis.com/reservation-name as the key and specify the name of your reservation as the only value.",
                            "description_kind": "plain",
                            "required": true
                          },
                          "values": {
                            "type": [
                              "list",
                              "string"
                            ],
                            "description": "Corresponds to the label values of a reservation resource.",
                            "description_kind": "plain",
                            "required": true
                          }
                        },
                        "description": "Specifies the label selector for the reservation to use.",
                        "description_kind": "plain"
                      },
                      "max_items": 1
                    }
                  },
                  "description": "Specifies the reservations that this instance can consume from.",
                  "description_kind": "plain"
                },
                "max_items": 1
              },
              "scheduling": {
                "nesting_mode": "list",
                "block": {
                  "attributes": {
                    "automatic_restart": {
                      "type": "bool",
                      "description": "Specifies if the instance should be restarted if it was terminated by Compute Engine (not a user).",
                      "description_kind": "plain",
                      "optional": true
                    },
                    "instance_termination_action": {
                      "type": "string",
                      "description": "Specifies the action GCE should take when SPOT VM is preempted.",
                      "description_kind": "plain",
                      "optional": true
                    },
                    "min_node_cpus": {
                      "type": "number",
                      "description_kind": "plain",
                      "optional": true
                    },
                    "on_host_maintenance": {
                      "type": "string",
                      "description": "Describes maintenance behavior for the instance. One of MIGRATE or TERMINATE,",
                      "description_kind": "plain",
                      "optional": true,
                      "computed": true
                    },
                    "preemptible": {
                      "type": "bool",
                      "description": "Whether the instance is preemptible.",
                      "description_kind": "plain",
                      "optional": true
                    },
                    "provisioning_model": {
                      "type": "string",
                      "description": "Whether the instance is spot. If this is set as SPOT.",
                      "description_kind": "plain",
                      "optional": true,
                      "computed": true
                    }
                  },
                  "block_types": {
                    "local_ssd_recovery_timeout": {
                      "nesting_mode": "list",
                      "block": {
                        "attributes": {
                          "nanos": {
                            "type": "number",
                            "description": "Span of time that's a fraction of a second at nanosecond\nresolution. Durations less than one second are represented\nwith a 0 seconds field and a positive nanos field. Must\nbe from 0 to 999,999,999 inclusive.",
                            "description_kind": "plain",
                            "optional": true
                          },
                          "seconds": {
                            "type": "number",
                            "description": "Span of time at a resolution of a second.\nMust be from 0 to 315,576,000,000 inclusive.",
                            "description_kind": "plain",
                            "required": true
                          }
                        },
                        "description": "Specifies the maximum amount of time a Local Ssd Vm should wait while\n  recovery of the Local Ssd state is attempted. Its value should be in\n  between 0 and 168 hours with hour granularity and the default value being 1\n  hour.",
                        "description_kind": "plain"
                      },
                      "max_items": 1
                    },
                    "max_run_duration": {
                      "nesting_mode": "list",
                      "block": {
                        "attributes": {
                          "nanos": {
                            "type": "number",
                            "description": "Span of time that's a fraction of a second at nanosecond\nresolution. Durations less than one second are represented\nwith a 0 seconds field and a positive nanos field. Must\nbe from 0 to 999,999,999 inclusive.",
                            "description_kind": "plain",
                            "optional": true
                          },
                          "seconds": {
                            "type": "number",
                            "description": "Span of time at a resolution of a second.\nMust be from 0 to 315,576,000,000 inclusive.",
                            "description_kind": "plain",
                            "required": true
                          }
                        },
                        "description": "The timeout for new network connections to hosts.",
                        "description_kind": "plain"
                      },
                      "max_items": 1
                    },
                    "node_affinities": {
                      "nesting_mode": "set",
                      "block": {
                        "attributes": {
                          "key": {
                            "type": "string",
                            "description_kind": "plain",
                            "required": true
                          },
                          "operator": {
                            "type": "string",
                            "description_kind": "plain",
                            "required": true
                          },
                          "values": {
                            "type": [
                              "set",
                              "string"
                            ],
                            "description_kind": "plain",
                            "required": true
                          }
                        },
                        "description": "Specifies node affinities or anti-affinities to determine which sole-tenant nodes your instances and managed instance groups will use as host systems.",
                        "description_kind": "plain"
                      }
                    },
                    "on_instance_stop_action": {
                      "nesting_mode": "list",
                      "block": {
                        "attributes": {
                          "discard_local_ssd": {
                            "type": "bool",
                            "description": "If true, the contents of any attached Local SSD disks will be discarded.",
                            "description_kind": "plain",
                            "optional": true
                          }
                        },
                        "description": "Defines the behaviour for instances with the instance_termination_action.",
                        "description_kind": "plain"
                      },
                      "max_items": 1
                    }
                  },
                  "description": "The scheduling strategy being used by the instance.",
                  "description_kind": "plain"
                },
                "max_items": 1
              },
              "scratch_disk": {
                "nesting_mode": "list",
                "block": {
                  "attributes": {
                    "device_name": {
                      "type": "string",
                      "description": "Name with which the attached disk is accessible under /dev/disk/by-id/",
                      "description_kind": "plain",
                      "optional": true,
                      "computed": true
                    },
                    "interface": {
                      "type": "string",
                      "description": "The disk interface used for attaching this disk. One of SCSI or NVME.",
                      "description_kind": "plain",
                      "required": true
                    },
                    "size": {
                      "type": "number",
                      "description": "The size of the disk in gigabytes. One of 375 or 3000.",
                      "description_kind": "plain",
                      "optional": true
                    }
                  },
                  "description": "The scratch disks attached to the instance.",
                  "description_kind": "plain"
                }
              },
              "service_account": {
                "nesting_mode": "list",
                "block": {
                  "attributes": {
                    "email": {
                      "type": "string",
                      "description": "The service account e-mail address.",
                      "description_kind": "plain",
                      "optional": true,
                      "computed": true
                    },
                    "scopes": {
                      "type": [
                        "set",
                        "string"
                      ],
                      "description": "A list of service scopes.",
                      "description_kind": "plain",
                      "required": true
                    }
                  },
                  "description": "The service account to attach to the instance.",
                  "description_kind": "plain"
                },
                "max_items": 1
              },
              "shielded_instance_config": {
                "nesting_mode": "list",
                "block": {
                  "attributes": {
                    "enable_integrity_monitoring": {
                      "type": "bool",
                      "description": "Whether integrity monitoring is enabled for the instance.",
                      "description_kind": "plain",
                      "optional": true
                    },
                    "enable_secure_boot": {
                      "type": "bool",
                      "description": "Whether secure boot is enabled for the instance.",
                      "description_kind": "plain",
                      "optional": true
                    },
                    "enable_vtpm": {
                      "type": "bool",
                      "description": "Whether the instance uses vTPM.",
                      "description_kind": "plain",
                      "optional": true
                    }
                  },
                  "description": "The shielded vm config being used by the instance.",
                  "description_kind": "plain"
                },
                "max_items": 1
              },
              "timeouts": {
                "nesting_mode": "single",
                "block": {
                  "attributes": {
                    "create": {
                      "type": "string",
                      "description_kind": "plain",
                      "optional": true
                    },
                    "delete": {
                      "type": "string",
                      "description_kind": "plain",
                      "optional": true
                    },
                    "update": {
                      "type": "string",
                      "description_kind": "plain",
                      "optional": true
                    }
                  },
                  "description_kind": "plain"
                }
              }
            },
            "description_kind": "plain"
          }
        },
        "google_compute_network": {
          "version": 0,
          "block": {
            "attributes": {
              "auto_create_subnetworks": {
                "type": "bool",
                "description": "When set to 'true', the network is created in \"auto subnet mode\" and\nit will create a subnet for each region automatically across the\n'10.128.0.0/9' address range.\n\nWhen set to 'false', the network is created in \"custom subnet mode\" so\nthe user can explicitly connect subnetwork resources.",
                "description_kind": "plain",
                "optional": true
              },
              "delete_default_routes_on_create": {
                "type": "bool",
                "description": "If set to 'true', default routes ('0.0.0.0/0') will be deleted\nimmediately after network creation. Defaults to 'false'.",
                "description_kind": "plain",
                "optional": true
              },
              "description": {
                "type": "string",
                "description": "An optional description of this resource. The resource must be\nrecreated to modify this field.",
                "description_kind": "plain",
                "optional": true
              },
              "enable_ula_internal_ipv6": {
                "type": "bool",
                "description": "Enable ULA internal ipv6 on this network. Enabling this feature will assign\na /48 from google defined ULA prefix fd20::/20.",
                "description_kind": "plain",
                "optional": true
              },
              "gateway_ipv4": {
                "type": "string",
                "description": "The gateway address for default routing out of the network. This value\nis selected by GCP.",
                "description_kind": "plain",
                "computed": true
              },
              "id": {
                "type": "string",
                "description_kind": "plain",
                "optional": true,
                "computed": true
              },
              "internal_ipv6_range": {
                "type": "string",
                "description": "When enabling ula internal ipv6, caller optionally can specify the /48 range\nthey want from the google defined ULA prefix fd20::/20. The input must be a\nvalid /48 ULA IPv6 address and must be within the fd20::/20. Operation will\nfail if the speficied /48 is already in used by another resource.\nIf the field is not speficied, then a /48 range will be randomly allocated from fd20::/20 and returned via this field.",
                "description_kind": "plain",
                "optional": true,
                "computed": true
              },
              "mtu": {
                "type": "number",
                "description": "Maximum Transmission Unit in bytes. The default value is 1460 bytes.\nThe minimum value for this field is 1300 and the maximum value is 8896 bytes (jumbo frames).\nNote that packets larger than 1500 bytes (standard Ethernet) can be subject to TCP-MSS clamping or dropped\nwith an ICMP 'Fragmentation-Needed' message if the packets are routed to the Internet or other VPCs\nwith varying MTUs.",
                "description_kind": "plain",
                "optional": true,
                "computed": true
              },
              "name": {
                "type": "string",
                "description": "Name of the resource. Provided by the client when the resource is\ncreated. The name must be 1-63 characters long, and comply with\nRFC1035. Specifically, the name must be 1-63 characters long and match\nthe regular expression '[a-z]([-a-z0-9]*[a-z0-9])?' which means the\nfirst character must be a lowercase letter, and all following\ncharacters must be a dash, lowercase letter, or digit, except the last\ncharacter, which cannot be a dash.",
                "description_kind": "plain",
                "required": true
              },
              "network_firewall_policy_enforcement_order": {
                "type": "string",
                "description": "Set the order that Firewall Rules and Firewall Policies are evaluated. Default value: \"AFTER_CLASSIC_FIREWALL\" Possible values: [\"BEFORE_CLASSIC_FIREWALL\", \"AFTER_CLASSIC_FIREWALL\"]",
                "description_kind": "plain",
                "optional": true
              },
              "numeric_id": {
                "type": "string",
                "description": "The unique identifier for the resource. This identifier is defined by the server.",
                "description_kind": "plain",
                "computed": true
              },
              "project": {
                "type": "string",
                "description_kind": "plain",
                "optional": true,
                "computed": true
              },
              "routing_mode": {
                "type": "string",
                "description": "The network-wide routing mode to use. If set to 'REGIONAL', this\nnetwork's cloud routers will only advertise routes with subnetworks\nof this network in the same region as the router. If set to 'GLOBAL',\nthis network's cloud routers will advertise routes with all\nsubnetworks of this network, across regions. Possible values: [\"REGIONAL\", \"GLOBAL\"]",
                "description_kind": "plain",
                "optional": true,
                "computed": true
              },
              "self_link": {
                "type": "string",
                "description_kind": "plain",
                "computed": true
              }
            },
            "block_types": {
              "timeouts": {
                "nesting_mode": "single",
                "block": {
                  "attributes": {
                    "create": {
                      "type": "string",
                      "description_kind": "plain",
                      "optional": true
                    },
                    "delete": {
                      "type": "string",
                      "description_kind": "plain",
                      "optional": true
                    },
                    "update": {
                      "type": "string",
                      "description_kind": "plain",
                      "optional": true
                    }
                  },
                  "description_kind": "plain"
                }
              }
            },
            "description_kind": "plain"
          }
        },
        "google_compute_router": {
          "version": 0,
          "block": {
            "attributes": {
              "creation_timestamp": {
                "type": "string",
                "description": "Creation timestamp in RFC3339 text format.",
                "description_kind": "plain",
                "computed": true
              },
              "description": {
                "type": "string",
                "description": "An optional description of this resource.",
                "description_kind": "plain",
                "optional": true
              },
              "encrypted_interconnect_router": {
                "type": "bool",
                "description": "Indicates if a router is dedicated for use with encrypted VLAN\nattachments (interconnectAttachments).",
                "description_kind": "plain",
                "optional": true
              },
              "id": {
                "type": "string",
                "description_kind": "plain",
                "optional": true,
                "computed": true
              },
              "name": {
                "type": "string",
                "description": "Name of the resource. The name must be 1-63 characters long, and\ncomply with RFC1035. Specifically, the name must be 1-63 characters\nlong and match the regular expression '[a-z]([-a-z0-9]*[a-z0-9])?'\nwhich means the first character must be a lowercase letter, and all\nfollowing characters must be a dash, lowercase letter, or digit,\nexcept the last character, which cannot be a dash.",
                "description_kind": "plain",
                "required": true
              },
              "network": {
                "type": "string",
                "description": "A reference to the network to which this router belongs.",
                "description_kind": "plain",
                "required": true
              },
              "project": {
                "type": "string",
                "description_kind": "plain",
                "optional": true,
                "computed": true
              },
              "region": {
                "type": "string",
                "description": "Region where the router resides.",
                "description_kind": "plain",
                "optional": true,
                "computed": true
              },
              "self_link": {
                "type": "string",
                "description_kind": "plain",
                "computed": true
              }
            },
            "block_types": {
              "bgp": {
                "nesting_mode": "list",
                "block": {
                  "attributes": {
                    "advertise_mode": {
                      "type": "string",
                      "description": "User-specified flag to indicate which mode to use for advertisement. Default value: \"DEFAULT\" Possible values: [\"DEFAULT\", \"CUSTOM\"]",
                      "description_kind": "plain",
                      "optional": true
                    },
                    "advertised_groups": {
                      "type": [
                        "list",
                        "string"
                      ],
                      "description": "User-specified list of prefix groups to advertise in custom mode.\nThis field can only be populated if advertiseMode is CUSTOM and\nis advertised to all peers of the router. These groups will be\nadvertised in addition to any specified prefixes. Leave this field\nblank to advertise no custom groups.\n\nThis enum field has the one valid value: ALL_SUBNETS",
                      "description_kind": "plain",
                      "optional": true
                    },
                    "asn": {
                      "type": "number",
                      "description": "Local BGP Autonomous System Number (ASN). Must be an RFC6996\nprivate ASN, either 16-bit or 32-bit. The value will be fixed for\nthis router resource. All VPN tunnels that link to this router\nwill have the same local ASN.",
                      "description_kind": "plain",
                      "required": true
                    },
                    "identifier_range": {
                      "type": "string",
                      "description": "Explicitly specifies a range of valid BGP Identifiers for this Router.\nIt is provided as a link-local IPv4 range (from 169.254.0.0/16), of\nsize at least /30, even if the BGP sessions are over IPv6. It must\nnot overlap with any IPv4 BGP session ranges. Other vendors commonly\ncall this router ID.",
                      "description_kind": "plain",
                      "optional": true,
                      "computed": true
                    },
                    "keepalive_interval": {
                      "type": "number",
                      "description": "The interval in seconds between BGP keepalive messages that are sent\nto the peer. Hold time is three times the interval at which keepalive\nmessages are sent, and the hold time is the maximum number of seconds\nallowed to elapse between successive keepalive messages that BGP\nreceives from a peer.\n\nBGP will use the smaller of either the local hold time value or the\npeer's hold time value as the hold time for the BGP connection\nbetween the two peers. If set, this value must be between 20 and 60.\nThe default is 20.",
                      "description_kind": "plain",
                      "optional": true
                    }
                  },
                  "block_types": {
                    "advertised_ip_ranges": {
                      "nesting_mode": "list",
                      "block": {
                        "attributes": {
                          "description": {
                            "type": "string",
                            "description": "User-specified description for the IP range.",
                            "description_kind": "plain",
                            "optional": true
                          },
                          "range": {
                            "type": "string",
                            "description": "The IP range to advertise. The value must be a\nCIDR-formatted string.",
                            "description_kind": "plain",
                            "required": true
                          }
                        },
                        "description": "User-specified list of individual IP ranges to advertise in\ncustom mode. This field can only be populated if advertiseMode\nis CUSTOM and is advertised to all peers of the router. These IP\nranges will be advertised in addition to any specified groups.\nLeave this field blank to advertise no custom IP ranges.",
                        "description_kind": "plain"
                      }
                    }
                  },
                  "description": "BGP information specific to this router.",
                  "description_kind": "plain"
                },
                "max_items": 1
              },
              "timeouts": {
                "nesting_mode": "single",
                "block": {
                  "attributes": {
                    "create": {
                      "type": "string",
                      "description_kind": "plain",
                      "optional": true
                    },
                    "delete": {
                      "type": "string",
                      "description_kind": "plain",
                      "optional": true
                    },
                    "update": {
                      "type": "string",
                      "description_kind": "plain",
                      "optional": true
                    }
                  },
                  "description_kind": "plain"
                }
              }
            },
            "description_kind": "plain"
          }
        },
        "google_compute_target_https_proxy": {
          "version": 0,
          "block": {
            "attributes": {
              "certificate_manager_certificates": {
                "type": [
                  "list",
                  "string"
                ],
                "description": "URLs to certificate manager certificate resources that are used to authenticate connections between users and the load balancer.\nCertificate manager certificates only apply when the load balancing scheme is set to INTERNAL_MANAGED.\nFor EXTERNAL and EXTERNAL_MANAGED, use certificate_map instead.\nsslCertificates and certificateManagerCertificates fields can not be defined together.\nAccepted format is '//certificatemanager.googleapis.com/projects/{project}/locations/{location}/certificates/{resourceName}' or just the self_link 'projects/{project}/locations/{location}/certificates/{resourceName}'",
                "description_kind": "plain",
                "optional": true
              },
              "certificate_map": {
                "type": "string",
                "description": "A reference to the CertificateMap resource uri that identifies a certificate map\nassociated with the given target proxy. This field is only supported for EXTERNAL and EXTERNAL_MANAGED load balancing schemes.\nFor INTERNAL_MANAGED, use certificate_manager_certificates instead.\nAccepted format is '//certificatemanager.googleapis.com/projects/{project}/locations/{location}/certificateMaps/{resourceName}'.",
                "description_kind": "plain",
                "optional": true
              },
              "creation_timestamp": {
                "type": "string",
                "description": "Creation timestamp in RFC3339 text format.",
                "description_kind": "plain",
                "computed": true
              },
              "description": {
                "type": "string",
                "description": "An optional description of this resource.",
                "description_kind": "plain",
                "optional": true
              },
              "http_keep_alive_timeout_sec": {
                "type": "number",
                "description": "Specifies how long to keep a connection open, after completing a response,\nwhile there is no matching traffic (in seconds). If an HTTP keepalive is\nnot specified, a default value will be used. For Global\nexternal HTTP(S) load balancer, the default value is 610 seconds, the\nminimum allowed value is 5 seconds and the maximum allowed value is 1200\nseconds. For cross-region internal HTTP(S) load balancer, the default\nvalue is 600 seconds, the minimum allowed value is 5 seconds, and the\nmaximum allowed value is 600 seconds. For Global external HTTP(S) load\nbalancer (classic), this option is not available publicly.",
                "description_kind": "plain",
                "optional": true
              },
              "id": {
                "type": "string",
                "description_kind": "plain",
                "optional": true,
                "computed": true
              },
              "name": {
                "type": "string",
                "description": "Name of the resource. Provided by the client when the resource is\ncreated. The name must be 1-63 characters long, and comply with\nRFC1035. Specifically, the name must be 1-63 characters long and match\nthe regular expression '[a-z]([-a-z0-9]*[a-z0-9])?' which means the\nfirst character must be a lowercase letter, and all following\ncharacters must be a dash, lowercase letter, or digit, except the last\ncharacter, which cannot be a dash.",
                "description_kind": "plain",
                "required": true
              },
              "project": {
                "type": "string",
                "description_kind": "plain",
                "optional": true,
                "computed": true
              },
              "proxy_bind": {
                "type": "bool",
                "description": "This field only applies when the forwarding rule that references\nthis target proxy has a loadBalancingScheme set to INTERNAL_SELF_MANAGED.",
                "description_kind": "plain",
                "optional": true,
                "computed": true
              },
              "proxy_id": {
                "type": "number",
                "description": "The unique identifier for the resource.",
                "description_kind": "plain",
                "computed": true
              },
              "quic_override": {
                "type": "string",
                "description": "Specifies the QUIC override policy for this resource. This determines\nwhether the load balancer will attempt to negotiate QUIC with clients\nor not. Can specify one of NONE, ENABLE, or DISABLE. If NONE is\nspecified, Google manages whether QUIC is used. Default value: \"NONE\" Possible values: [\"NONE\", \"ENABLE\", \"DISABLE\"]",
                "description_kind": "plain",
                "optional": true
              },
              "self_link": {
                "type": "string",
                "description_kind": "plain",
                "computed": true
              },
              "server_tls_policy": {
                "type": "string",
                "description": "A URL referring to a networksecurity.ServerTlsPolicy\nresource that describes how the proxy should authenticate inbound\ntraffic. serverTlsPolicy only applies to a global TargetHttpsProxy\nattached to globalForwardingRules with the loadBalancingScheme\nset to INTERNAL_SELF_MANAGED or EXTERNAL or EXTERNAL_MANAGED.\nFor details which ServerTlsPolicy resources are accepted with\nINTERNAL_SELF_MANAGED and which with EXTERNAL, EXTERNAL_MANAGED\nloadBalancingScheme consult ServerTlsPolicy documentation.\nIf left blank, communications are not encrypted.\n\nIf you remove this field from your configuration at the same time as\ndeleting or recreating a referenced ServerTlsPolicy resource, you will\nreceive a resourceInUseByAnotherResource error. Use lifecycle.create_before_destroy\nwithin the ServerTlsPolicy resource to avoid this.",
                "description_kind": "plain",
                "optional": true
              },
              "ssl_certificates": {
                "type": [
                  "list",
                  "string"
                ],
                "description": "URLs to SslCertificate resources that are used to authenticate connections between users and the load balancer.\nCurrently, you may specify up to 15 SSL certificates. sslCertificates do not apply when the load balancing scheme is set to INTERNAL_SELF_MANAGED.\nsslCertificates and certificateManagerCertificates can not be defined together.",
                "description_kind": "plain",
                "optional": true
              },
              "ssl_policy": {
                "type": "string",
                "description": "A reference to the SslPolicy resource that will be associated with\nthe TargetHttpsProxy resource. If not set, the TargetHttpsProxy\nresource will not have any SSL policy configured.",
                "description_kind": "plain",
                "optional": true
              },
              "tls_early_data": {
                "type": "string",
                "description": "Specifies whether TLS 1.3 0-RTT Data (“Early Data”) should be accepted for this service.\nEarly Data allows a TLS resumption handshake to include the initial application payload\n(a HTTP request) alongside the handshake, reducing the effective round trips to “zero”.\nThis applies to TLS 1.3 connections over TCP (HTTP/2) as well as over UDP (QUIC/h3). Possible values: [\"STRICT\", \"PERMISSIVE\", \"DISABLED\"]",
                "description_kind": "plain",
                "optional": true,
                "computed": true
              },
              "url_map": {
                "type": "string",
                "description": "A reference to the UrlMap resource that defines the mapping from URL\nto the BackendService.",
                "description_kind": "plain",
                "required": true
              }
            },
            "block_types": {
              "timeouts": {
                "nesting_mode": "single",
                "block": {
                  "attributes": {
                    "create": {
                      "type": "string",
                      "description_kind": "plain",
                      "optional": true
                    },
                    "delete": {
                      "type": "string",
                      "description_kind": "plain",
                      "optional": true
                    },
                    "update": {
                      "type": "string",
                      "description_kind": "plain",
                      "optional": true
                    }
                  },
                  "description_kind": "plain"
                }
              }
            },
            "description_kind": "plain"
          }
        },
        "google_compute_url_map": {
          "version": 0,
          "block": {
            "attributes": {
              "creation_timestamp": {
                "type": "string",
                "description": "Creation timestamp in RFC3339 text format.",
                "description_kind": "plain",
                "computed": true
              },
              "default_service": {
                "type": "string",
                "description": "The backend service or backend bucket to use when none of the given rules match.",
                "description_kind": "plain",
                "optional": true
              },
              "description": {
                "type": "string",
                "description": "An optional description of this resource. Provide this property when you create\nthe resource.",
                "description_kind": "plain",
                "optional": true
              },
              "fingerprint": {
                "type": "string",
                "description": "Fingerprint of this resource. A hash of the contents stored in this object. This\nfield is used in optimistic locking.",
                "description_kind": "plain",
                "computed": true
              },
              "id": {
                "type": "string",
                "description_kind": "plain",
                "optional": true,
                "computed": true
              },
              "map_id": {
                "type": "number",
                "description": "The unique identifier for the resource.",
                "description_kind": "plain",
                "computed": true
              },
              "name": {
                "type": "string",
                "description": "Name of the resource. Provided by the client when the resource is created. The\nname must be 1-63 characters long, and comply with RFC1035. Specifically, the\nname must be 1-63 characters long and match the regular expression\n'[a-z]([-a-z0-9]*[a-z0-9])?' which means the first character must be a lowercase\nletter, and all following characters must be a dash, lowercase letter, or digit,\nexcept the last character, which cannot be a dash.",
                "description_kind": "plain",
                "required": true
              },
              "project": {
                "type": "string",
                "description_kind": "plain",
                "optional": true,
                "computed": true
              },
              "self_link": {
                "type": "string",
                "description_kind": "plain",
                "computed": true
              }
            },
            "block_types": {
              "default_route_action": {
                "nesting_mode": "list",
                "block": {
                  "block_types": {
                    "cors_policy": {
                      "nesting_mode": "list",
                      "block": {
                        "attributes": {
                          "allow_credentials": {
                            "type": "bool",
                            "description": "In response to a preflight request, setting this to true indicates that the actual request can include user credentials.\nThis translates to the Access-Control-Allow-Credentials header.",
                            "description_kind": "plain",
                            "optional": true
                          },
                          "allow_headers": {
                            "type": [
                              "list",
                              "string"
                            ],
                            "description": "Specifies the content for the Access-Control-Allow-Headers header.",
                            "description_kind": "plain",
                            "optional": true
                          },
                          "allow_methods": {
                            "type": [
                              "list",
                              "string"
                            ],
                            "description": "Specifies the content for the Access-Control-Allow-Methods header.",
                            "description_kind": "plain",
                            "optional": true
                          },
                          "allow_origin_regexes": {
                            "type": [
                              "list",
                              "string"
                            ],
                            "description": "Specifies the regular expression patterns that match allowed origins. For regular expression grammar\nplease see en.cppreference.com/w/cpp/regex/ecmascript\nAn origin is allowed if it matches either an item in allowOrigins or an item in allowOriginRegexes.",
                            "description_kind": "plain",
                            "optional": true
                          },
                          "allow_origins": {
                            "type": [
                              "list",
                              "string"
                            ],
                            "description": "Specifies the list of origins that will be allowed to do CORS requests.\nAn origin is allowed if it matches either an item in allowOrigins or an item in allowOriginRegexes.",
                            "description_kind": "plain",
                            "optional": true
                          },
                          "disabled": {
                            "type": "bool",
                            "description": "If true, specifies the CORS policy is disabled. The default value is false, which indicates that the CORS policy is in effect.",
                            "description_kind": "plain",
                            "optional": true
                          },
                          "expose_headers": {
                            "type": [
                              "list",
                              "string"
                            ],
                            "description": "Specifies the content for the Access-Control-Expose-Headers header.",
                            "description_kind": "plain",
                            "optional": true
                          },
                          "max_age": {
                            "type": "number",
                            "description": "Specifies how long results of a preflight request can be cached in seconds.\nThis translates to the Access-Control-Max-Age header.",
                            "description_kind": "plain",
                            "optional": true
                          }
                        },
                        "description": "The specification for allowing client side cross-origin requests. Please see\n[W3C Recommendation for Cross Origin Resource Sharing](https://www.w3.org/TR/cors/)",
                        "description_kind": "plain"
                      },
                      "max_items": 1
                    },
                    "fault_injection_policy": {
                      "nesting_mode": "list",
                      "block": {
                        "block_types": {
                          "abort": {
                            "nesting_mode": "list",
                            "block": {
                              "attributes": {
                                "http_status": {
                                  "type": "number",
                                  "description": "The HTTP status code used to abort the request.\nThe value must be between 200 and 599 inclusive.",
                                  "description_kind": "plain",
                                  "optional": true
                                },
                                "percentage": {
                                  "type": "number",
                                  "description": "The percentage of traffic (connections/operations/requests) which will be aborted as part of fault injection.\nThe value must be between 0.0 and 100.0 inclusive.",
                                  "description_kind": "plain",
                                  "optional": true
                                }
                              },
                              "description": "The specification for how client requests are aborted as part of fault injection.",
                              "description_kind": "plain"
                            },
                            "max_items": 1
                          },
                          "delay": {
                            "nesting_mode": "list",
                            "block": {
                              "attributes": {
                                "percentage": {
                                  "type": "number",
                                  "description": "The percentage of traffic (connections/operations/requests) on which delay will be introduced as part of fault injection.\nThe value must be between 0.0 and 100.0 inclusive.",
                                  "description_kind": "plain",
                                  "optional": true
                                }
                              },
                              "block_types": {
                                "fixed_delay": {
                                  "nesting_mode": "list",
                                  "block": {
                                    "attributes": {
                                      "nanos": {
                                        "type": "number",
                                        "description": "Span of time that's a fraction of a second at nanosecond resolution. Durations less than one second are\nrepresented with a 0 seconds field and a positive nanos field. Must be from 0 to 999,999,999 inclusive.",
                                        "description_kind": "plain",
                                        "optional": true
                                      },
                                      "seconds": {
                                        "type": "string",
                                        "description": "Span of time at a resolution of a second. Must be from 0 to 315,576,000,000 inclusive.\nNote: these bounds are computed from: 60 sec/min * 60 min/hr * 24 hr/day * 365.25 days/year * 10000 years",
                                        "description_kind": "plain",
                                        "optional": true
                                      }
                                    },
                                    "description": "Specifies the value of the fixed delay interval.",
                                    "description_kind": "plain"
                                  },
                                  "max_items": 1
                                }
                              },
                              "description": "The specification for how client requests are delayed as part of fault injection, before being sent to a backend service.",
                              "description_kind": "plain"
                            },
                            "max_items": 1
                          }
                        },
                        "description": "The specification for fault injection introduced into traffic to test the resiliency of clients to backend service failure.\nAs part of fault injection, when clients send requests to a backend service, delays can be introduced by Loadbalancer on a\npercentage of requests before sending those request to the backend service. Similarly requests from clients can be aborted\nby the Loadbalancer for a percentage of requests.\n\ntimeout and retryPolicy will be ignored by clients that are configured with a faultInjectionPolicy.",
                        "description_kind": "plain"
                      },
                      "max_items": 1
                    },
                    "request_mirror_policy": {
                      "nesting_mode": "list",
                      "block": {
                        "attributes": {
                          "backend_service": {
                            "type": "string",
                            "description": "The full or partial URL to the BackendService resource being mirrored to.",
                            "description_kind": "plain",
                            "required": true
                          }
                        },
                        "description": "Specifies the policy on how requests intended for the route's backends are shadowed to a separate mirrored backend service.\nLoadbalancer does not wait for responses from the shadow service. Prior to sending traffic to the shadow service,\nthe host / authority header is suffixed with -shadow.",
                        "description_kind": "plain"
                      },
                      "max_items": 1
                    },
                    "retry_policy": {
                      "nesting_mode": "list",
                      "block": {
                        "attributes": {
                          "num_retries": {
                            "type": "number",
                            "description": "Specifies the allowed number retries. This number must be \u003e 0. If not specified, defaults to 1.",
                            "description_kind": "plain",
                            "optional": true
                          },
                          "retry_conditions": {
                            "type": [
                              "list",
                              "string"
                            ],
                            "description": "Specfies one or more conditions when this retry rule applies. Valid values are:\n\n* 5xx: Loadbalancer will attempt a retry if the backend service responds with any 5xx response code,\n  or if the backend service does not respond at all, example: disconnects, reset, read timeout,\n* connection failure, and refused streams.\n* gateway-error: Similar to 5xx, but only applies to response codes 502, 503 or 504.\n* connect-failure: Loadbalancer will retry on failures connecting to backend services,\n  for example due to connection timeouts.\n* retriable-4xx: Loadbalancer will retry for retriable 4xx response codes.\n  Currently the only retriable error supported is 409.\n* refused-stream:Loadbalancer will retry if the backend service resets the stream with a REFUSED_STREAM error code.\n  This reset type indicates that it is safe to retry.\n* cancelled: Loadbalancer will retry if the gRPC status code in the response header is set to cancelled\n* deadline-exceeded: Loadbalancer will retry if the gRPC status code in the response header is set to deadline-exceeded\n* resource-exhausted: Loadbalancer will retry if the gRPC status code in the response header is set to resource-exhausted\n* unavailable: Loadbalancer will retry if the gRPC status code in the response header is set to unavailable",
                            "description_kind": "plain",
                            "optional": true
                          }
                        },
                        "block_types": {
                          "per_try_timeout": {
                            "nesting_mode": "list",
                            "block": {
                              "attributes": {
                                "nanos": {
                                  "type": "number",
                                  "description": "Span of time that's a fraction of a second at nanosecond resolution. Durations less than one second are\nrepresented with a 0 seconds field and a positive nanos field. Must be from 0 to 999,999,999 inclusive.",
                                  "description_kind": "plain",
                                  "optional": true
                                },
                                "seconds": {
                                  "type": "string",
                                  "description": "Span of time at a resolution of a second. Must be from 0 to 315,576,000,000 inclusive.\nNote: these bounds are computed from: 60 sec/min * 60 min/hr * 24 hr/day * 365.25 days/year * 10000 years",
                                  "description_kind": "plain",
                                  "optional": true
                                }
                              },
                              "description": "Specifies a non-zero timeout per retry attempt.\n\nIf not specified, will use the timeout set in HttpRouteAction. If timeout in HttpRouteAction is not set,\nwill use the largest timeout among all backend services associated with the route.",
                              "description_kind": "plain"
                            },
                            "max_items": 1
                          }
                        },
                        "description": "Specifies the retry policy associated with this route.",
                        "description_kind": "plain"
                      },
                      "max_items": 1
                    },
                    "timeout": {
                      "nesting_mode": "list",
                      "block": {
                        "attributes": {
                          "nanos": {
                            "type": "number",
                            "description": "Span of time that's a fraction of a second at nanosecond resolution. Durations less than one second are represented\nwith a 0 seconds field and a positive nanos field. Must be from 0 to 999,999,999 inclusive.",
                            "description_kind": "plain",
                            "optional": true
                          },
                          "seconds": {
                            "type": "string",
                            "description": "Span of time at a resolution of a second. Must be from 0 to 315,576,000,000 inclusive.\nNote: these bounds are computed from: 60 sec/min * 60 min/hr * 24 hr/day * 365.25 days/year * 10000 years",
                            "description_kind": "plain",
                            "optional": true
                          }
                        },
                        "description": "Specifies the timeout for the selected route. Timeout is computed from the time the request has been\nfully processed (i.e. end-of-stream) up until the response has been completely processed. Timeout includes all retries.\n\nIf not specified, will use the largest timeout among all backend services associated with the route.",
                        "description_kind": "plain"
                      },
                      "max_items": 1
                    },
                    "url_rewrite": {
                      "nesting_mode": "list",
                      "block": {
                        "attributes": {
                          "host_rewrite": {
                            "type": "string",
                            "description": "Prior to forwarding the request to the selected service, the request's host header is replaced\nwith contents of hostRewrite.\n\nThe value must be between 1 and 255 characters.",
                            "description_kind": "plain",
                            "optional": true
                          },
                          "path_prefix_rewrite": {
                            "type": "string",
                            "description": "Prior to forwarding the request to the selected backend service, the matching portion of the\nrequest's path is replaced by pathPrefixRewrite.\n\nThe value must be between 1 and 1024 characters.",
                            "description_kind": "plain",
                            "optional": true
                          }
                        },
                        "description": "The spec to modify the URL of the request, prior to forwarding the request to the matched service.",
                        "description_kind": "plain"
                      },
                      "max_items": 1
                    },
                    "weighted_backend_services": {
                      "nesting_mode": "list",
                      "block": {
                        "attributes": {
                          "backend_service": {
                            "type": "string",
                            "description": "The full or partial URL to the default BackendService resource. Before forwarding the\nrequest to backendService, the loadbalancer applies any relevant headerActions\nspecified as part of this backendServiceWeight.",
                            "description_kind": "plain",
                            "optional": true
                          },
                          "weight": {
                            "type": "number",
                            "description": "Specifies the fraction of traffic sent to backendService, computed as\nweight / (sum of all weightedBackendService weights in routeAction) .\n\nThe selection of a backend service is determined only for new traffic. Once a user's request\nhas been directed to a backendService, subsequent requests will be sent to the same backendService\nas determined by the BackendService's session affinity policy.\n\nThe value must be between 0 and 1000",
                            "description_kind": "plain",
                            "optional": true
                          }
                        },
                        "block_types": {
                          "header_action": {
                            "nesting_mode": "list",
                            "block": {
                              "attributes": {
                                "request_headers_to_remove": {
                                  "type": [
                                    "list",
                                    "string"
                                  ],
                                  "description": "A list of header names for headers that need to be removed from the request prior to\nforwarding the request to the backendService.",
                                  "description_kind": "plain",
                                  "optional": true
                                },
                                "response_headers_to_remove": {
                                  "type": [
                                    "list",
                                    "string"
                                  ],
                                  "description": "A list of header names for headers that need to be removed from the response prior to sending the\nresponse back to the client.",
                                  "description_kind": "plain",
                                  "optional": true
                                }
                              },
                              "block_types": {
                                "request_headers_to_add": {
                                  "nesting_mode": "list",
                                  "block": {
                                    "attributes": {
                                      "header_name": {
                                        "type": "string",
                                        "description": "The name of the header to add.",
                                        "description_kind": "plain",
                                        "optional": true
                                      },
                                      "header_value": {
                                        "type": "string",
                                        "description": "The value of the header to add.",
                                        "description_kind": "plain",
                                        "optional": true
                                      },
                                      "replace": {
                                        "type": "bool",
                                        "description": "If false, headerValue is appended to any values that already exist for the header.\nIf true, headerValue is set for the header, discarding any values that were set for that header.",
                                        "description_kind": "plain",
                                        "optional": true
                                      }
                                    },
                                    "description": "Headers to add to a matching request prior to forwarding the request to the backendService.",
                                    "description_kind": "plain"
                                  }
                                },
                                "response_headers_to_add": {
                                  "nesting_mode": "list",
                                  "block": {
                                    "attributes": {
                                      "header_name": {
                                        "type": "string",
                                        "description": "The name of the header to add.",
                                        "description_kind": "plain",
                                        "optional": true
                                      },
                                      "header_value": {
                                        "type": "string",
                                        "description": "The value of the header to add.",
                                        "description_kind": "plain",
                                        "optional": true
                                      },
                                      "replace": {
                                        "type": "bool",
                                        "description": "If false, headerValue is appended to any values that already exist for the header.\nIf true, headerValue is set for the header, discarding any values that were set for that header.",
                                        "description_kind": "plain",
                                        "optional": true
                                      }
                                    },
                                    "description": "Headers to add the response prior to sending the response back to the client.",
                                    "description_kind": "plain"
                                  }
                                }
                              },
                              "description": "Specifies changes to request and response headers that need to take effect for\nthe selected backendService.\n\nheaderAction specified here take effect before headerAction in the enclosing\nHttpRouteRule, PathMatcher and UrlMap.",
                              "description_kind": "plain"
                            },
                            "max_items": 1
                          }
                        },
                        "description": "A list of weighted backend services to send traffic to when a route match occurs.\nThe weights determine the fraction of traffic that flows to their corresponding backend service.\nIf all traffic needs to go to a single backend service, there must be one weightedBackendService\nwith weight set to a non 0 number.\n\nOnce a backendService is identified and before forwarding the request to the backend service,\nadvanced routing actions like Url rewrites and header transformations are applied depending on\nadditional settings specified in this HttpRouteAction.",
                        "description_kind": "plain"
                      }
                    }
                  },
                  "description": "defaultRouteAction takes effect when none of the hostRules match. The load balancer performs advanced routing actions\nlike URL rewrites, header transformations, etc. prior to forwarding the request to the selected backend.\nIf defaultRouteAction specifies any weightedBackendServices, defaultService must not be set. Conversely if defaultService\nis set, defaultRouteAction cannot contain any weightedBackendServices.\n\nOnly one of defaultRouteAction or defaultUrlRedirect must be set.",
                  "description_kind": "plain"
                },
                "max_items": 1
              },
              "default_url_redirect": {
                "nesting_mode": "list",
                "block": {
                  "attributes": {
                    "host_redirect": {
                      "type": "string",
                      "description": "The host that will be used in the redirect response instead of the one that was\nsupplied in the request. The value must be between 1 and 255 characters.",
                      "description_kind": "plain",
                      "optional": true
                    },
                    "https_redirect": {
                      "type": "bool",
                      "description": "If set to true, the URL scheme in the redirected request is set to https. If set to\nfalse, the URL scheme of the redirected request will remain the same as that of the\nrequest. This must only be set for UrlMaps used in TargetHttpProxys. Setting this\ntrue for TargetHttpsProxy is not permitted. The default is set to false.",
                      "description_kind": "plain",
                      "optional": true
                    },
                    "path_redirect": {
                      "type": "string",
                      "description": "The path that will be used in the redirect response instead of the one that was\nsupplied in the request. pathRedirect cannot be supplied together with\nprefixRedirect. Supply one alone or neither. If neither is supplied, the path of the\noriginal request will be used for the redirect. The value must be between 1 and 1024\ncharacters.",
                      "description_kind": "plain",
                      "optional": true
                    },
                    "prefix_redirect": {
                      "type": "string",
                      "description": "The prefix that replaces the prefixMatch specified in the HttpRouteRuleMatch,\nretaining the remaining portion of the URL before redirecting the request.\nprefixRedirect cannot be supplied together with pathRedirect. Supply one alone or\nneither. If neither is supplied, the path of the original request will be used for\nthe redirect. The value must be between 1 and 1024 characters.",
                      "description_kind": "plain",
                      "optional": true
                    },
                    "redirect_response_code": {
                      "type": "string",
                      "description": "The HTTP Status code to use for this RedirectAction. Supported values are:\n\n* MOVED_PERMANENTLY_DEFAULT, which is the default value and corresponds to 301.\n\n* FOUND, which corresponds to 302.\n\n* SEE_OTHER which corresponds to 303.\n\n* TEMPORARY_REDIRECT, which corresponds to 307. In this case, the request method\nwill be retained.\n\n* PERMANENT_REDIRECT, which corresponds to 308. In this case,\nthe request method will be retained. Possible values: [\"FOUND\", \"MOVED_PERMANENTLY_DEFAULT\", \"PERMANENT_REDIRECT\", \"SEE_OTHER\", \"TEMPORARY_REDIRECT\"]",
                      "description_kind": "plain",
                      "optional": true
                    },
                    "strip_query": {
                      "type": "bool",
                      "description": "If set to true, any accompanying query portion of the original URL is removed prior\nto redirecting the request. If set to false, the query portion of the original URL is\nretained. The default is set to false.\n This field is required to ensure an empty block is not set. The normal default value is false.",
                      "description_kind": "plain",
                      "required": true
                    }
                  },
                  "description": "When none of the specified hostRules match, the request is redirected to a URL specified\nby defaultUrlRedirect. If defaultUrlRedirect is specified, defaultService or\ndefaultRouteAction must not be set.",
                  "description_kind": "plain"
                },
                "max_items": 1
              },
              "header_action": {
                "nesting_mode": "list",
                "block": {
                  "attributes": {
                    "request_headers_to_remove": {
                      "type": [
                        "list",
                        "string"
                      ],
                      "description": "A list of header names for headers that need to be removed from the request\nprior to forwarding the request to the backendService.",
                      "description_kind": "plain",
                      "optional": true
                    },
                    "response_headers_to_remove": {
                      "type": [
                        "list",
                        "string"
                      ],
                      "description": "A list of header names for headers that need to be removed from the response\nprior to sending the response back to the client.",
                      "description_kind": "plain",
                      "optional": true
                    }
                  },
                  "block_types": {
                    "request_headers_to_add": {
                      "nesting_mode": "list",
                      "block": {
                        "attributes": {
                          "header_name": {
                            "type": "string",
                            "description": "The name of the header.",
                            "description_kind": "plain",
                            "required": true
                          },
                          "header_value": {
                            "type": "string",
                            "description": "The value of the header to add.",
                            "description_kind": "plain",
                            "required": true
                          },
                          "replace": {
                            "type": "bool",
                            "description": "If false, headerValue is appended to any values that already exist for the\nheader. If true, headerValue is set for the header, discarding any values that\nwere set for that header.",
                            "description_kind": "plain",
                            "required": true
                          }
                        },
                        "description": "Headers to add to a matching request prior to forwarding the request to the\nbackendService.",
                        "description_kind": "plain"
                      }
                    },
                    "response_headers_to_add": {
                      "nesting_mode": "list",
                      "block": {
                        "attributes": {
                          "header_name": {
                            "type": "string",
                            "description": "The name of the header.",
                            "description_kind": "plain",
                            "required": true
                          },
                          "header_value": {
                            "type": "string",
                            "description": "The value of the header to add.",
                            "description_kind": "plain",
                            "required": true
                          },
                          "replace": {
                            "type": "bool",
                            "description": "If false, headerValue is appended to any values that already exist for the\nheader. If true, headerValue is set for the header, discarding any values that\nwere set for that header.",
                            "description_kind": "plain",
                            "required": true
                          }
                        },
                        "description": "Headers to add the response prior to sending the response back to the client.",
                        "description_kind": "plain"
                      }
                    }
                  },
                  "description": "Specifies changes to request and response headers that need to take effect for\nthe selected backendService. The headerAction specified here take effect after\nheaderAction specified under pathMatcher.",
                  "description_kind": "plain"
                },
                "max_items": 1
              },
              "host_rule": {
                "nesting_mode": "set",
                "block": {
                  "attributes": {
                    "description": {
                      "type": "string",
                      "description": "An optional description of this resource. Provide this property when you create\nthe resource.",
                      "description_kind": "plain",
                      "optional": true
                    },
                    "hosts": {
                      "type": [
                        "set",
                        "string"
                      ],
                      "description": "The list of host patterns to match. They must be valid hostnames, except * will\nmatch any string of ([a-z0-9-.]*). In that case, * must be the first character\nand must be followed in the pattern by either - or ..",
                      "description_kind": "plain",
                      "required": true
                    },
                    "path_matcher": {
                      "type": "string",
                      "description": "The name of the PathMatcher to use to match the path portion of the URL if the\nhostRule matches the URL's host portion.",
                      "description_kind": "plain",
                      "required": true
                    }
                  },
                  "description": "The list of HostRules to use against the URL.",
                  "description_kind": "plain"
                }
              },
              "path_matcher": {
                "nesting_mode": "list",
                "block": {
                  "attributes": {
                    "default_service": {
                      "type": "string",
                      "description": "The backend service or backend bucket to use when none of the given paths match.",
                      "description_kind": "plain",
                      "optional": true
                    },
                    "description": {
                      "type": "string",
                      "description": "An optional description of this resource. Provide this property when you create\nthe resource.",
                      "description_kind": "plain",
                      "optional": true
                    },
                    "name": {
                      "type": "string",
                      "description": "The name to which this PathMatcher is referred by the HostRule.",
                      "description_kind": "plain",
                      "required": true
                    }
                  },
                  "block_types": {
                    "default_route_action": {
                      "nesting_mode": "list",
                      "block": {
                        "block_types": {
                          "cors_policy": {
                            "nesting_mode": "list",
                            "block": {
                              "attributes": {
                                "allow_credentials": {
                                  "type": "bool",
                                  "description": "In response to a preflight request, setting this to true indicates that the actual request can include user credentials.\nThis translates to the Access-Control-Allow-Credentials header.",
                                  "description_kind": "plain",
                                  "optional": true
                                },
                                "allow_headers": {
                                  "type": [
                                    "list",
                                    "string"
                                  ],
                                  "description": "Specifies the content for the Access-Control-Allow-Headers header.",
                                  "description_kind": "plain",
                                  "optional": true
                                },
                                "allow_methods": {
                                  "type": [
                                    "list",
                                    "string"
                                  ],
                                  "description": "Specifies the content for the Access-Control-Allow-Methods header.",
                                  "description_kind": "plain",
                                  "optional": true
                                },
                                "allow_origin_regexes": {
                                  "type": [
                                    "list",
                                    "string"
                                  ],
                                  "description": "Specifies the regular expression patterns that match allowed origins. For regular expression grammar\nplease see en.cppreference.com/w/cpp/regex/ecmascript\nAn origin is allowed if it matches either an item in allowOrigins or an item in allowOriginRegexes.",
                                  "description_kind": "plain",
                                  "optional": true
                                },
                                "allow_origins": {
                                  "type": [
                                    "list",
                                    "string"
                                  ],
                                  "description": "Specifies the list of origins that will be allowed to do CORS requests.\nAn origin is allowed if it matches either an item in allowOrigins or an item in allowOriginRegexes.",
                                  "description_kind": "plain",
                                  "optional": true
                                },
                                "disabled": {
                                  "type": "bool",
                                  "description": "If true, specifies the CORS policy is disabled. The default value is false, which indicates that the CORS policy is in effect.",
                                  "description_kind": "plain",
                                  "optional": true
                                },
                                "expose_headers": {
                                  "type": [
                                    "list",
                                    "string"
                                  ],
                                  "description": "Specifies the content for the Access-Control-Expose-Headers header.",
                                  "description_kind": "plain",
                                  "optional": true
                                },
                                "max_age": {
                                  "type": "number",
                                  "description": "Specifies how long results of a preflight request can be cached in seconds.\nThis translates to the Access-Control-Max-Age header.",
                                  "description_kind": "plain",
                                  "optional": true
                                }
                              },
                              "description": "The specification for allowing client side cross-origin requests. Please see\n[W3C Recommendation for Cross Origin Resource Sharing](https://www.w3.org/TR/cors/)",
                              "description_kind": "plain"
                            },
                            "max_items": 1
                          },
                          "fault_injection_policy": {
                            "nesting_mode": "list",
                            "block": {
                              "block_types": {
                                "abort": {
                                  "nesting_mode": "list",
                                  "block": {
                                    "attributes": {
                                      "http_status": {
                                        "type": "number",
                                        "description": "The HTTP status code used to abort the request.\nThe value must be between 200 and 599 inclusive.",
                                        "description_kind": "plain",
                                        "optional": true
                                      },
                                      "percentage": {
                                        "type": "number",
                                        "description": "The percentage of traffic (connections/operations/requests) which will be aborted as part of fault injection.\nThe value must be between 0.0 and 100.0 inclusive.",
                                        "description_kind": "plain",
                                        "optional": true
                                      }
                                    },
                                    "description": "The specification for how client requests are aborted as part of fault injection.",
                                    "description_kind": "plain"
                                  },
                                  "max_items": 1
                                },
                                "delay": {
                                  "nesting_mode": "list",
                                  "block": {
                                    "attributes": {
                                      "percentage": {
                                        "type": "number",
                                        "description": "The percentage of traffic (connections/operations/requests) on which delay will be introduced as part of fault injection.\nThe value must be between 0.0 and 100.0 inclusive.",
                                        "description_kind": "plain",
                                        "optional": true
                                      }
                                    },
                                    "block_types": {
                                      "fixed_delay": {
                                        "nesting_mode": "list",
                                        "block": {
                                          "attributes": {
                                            "nanos": {
                                              "type": "number",
                                              "description": "Span of time that's a fraction of a second at nanosecond resolution. Durations less than one second are\nrepresented with a 0 seconds field and a positive nanos field. Must be from 0 to 999,999,999 inclusive.",
                                              "description_kind": "plain",
                                              "optional": true
                                            },
                                            "seconds": {
                                              "type": "string",
                                              "description": "Span of time at a resolution of a second. Must be from 0 to 315,576,000,000 inclusive.\nNote: these bounds are computed from: 60 sec/min * 60 min/hr * 24 hr/day * 365.25 days/year * 10000 years",
                                              "description_kind": "plain",
                                              "optional": true
                                            }
                                          },
                                          "description": "Specifies the value of the fixed delay interval.",
                                          "description_kind": "plain"
                                        },
                                        "max_items": 1
                                      }
                                    },
                                    "description": "The specification for how client requests are delayed as part of fault injection, before being sent to a backend service.",
                                    "description_kind": "plain"
                                  },
                                  "max_items": 1
                                }
                              },
                              "description": "The specification for fault injection introduced into traffic to test the resiliency of clients to backend service failure.\nAs part of fault injection, when clients send requests to a backend service, delays can be introduced by Loadbalancer on a\npercentage of requests before sending those request to the backend service. Similarly requests from clients can be aborted\nby the Loadbalancer for a percentage of requests.\n\ntimeout and retryPolicy will be ignored by clients that are configured with a faultInjectionPolicy.",
                              "description_kind": "plain"
                            },
                            "max_items": 1
                          },
                          "request_mirror_policy": {
                            "nesting_mode": "list",
                            "block": {
                              "attributes": {
                                "backend_service": {
                                  "type": "string",
                                  "description": "The full or partial URL to the BackendService resource being mirrored to.",
                                  "description_kind": "plain",
                                  "required": true
                                }
                              },
                              "description": "Specifies the policy on how requests intended for the route's backends are shadowed to a separate mirrored backend service.\nLoadbalancer does not wait for responses from the shadow service. Prior to sending traffic to the shadow service,\nthe host / authority header is suffixed with -shadow.",
                              "description_kind": "plain"
                            },
                            "max_items": 1
                          },
                          "retry_policy": {
                            "nesting_mode": "list",
                            "block": {
                              "attributes": {
                                "num_retries": {
                                  "type": "number",
                                  "description": "Specifies the allowed number retries. This number must be \u003e 0. If not specified, defaults to 1.",
                                  "description_kind": "plain",
                                  "optional": true
                                },
                                "retry_conditions": {
                                  "type": [
                                    "list",
                                    "string"
                                  ],
                                  "description": "Specfies one or more conditions when this retry rule applies. Valid values are:\n\n* 5xx: Loadbalancer will attempt a retry if the backend service responds with any 5xx response code,\n  or if the backend service does not respond at all, example: disconnects, reset, read timeout,\n* connection failure, and refused streams.\n* gateway-error: Similar to 5xx, but only applies to response codes 502, 503 or 504.\n* connect-failure: Loadbalancer will retry on failures connecting to backend services,\n  for example due to connection timeouts.\n* retriable-4xx: Loadbalancer will retry for retriable 4xx response codes.\n  Currently the only retriable error supported is 409.\n* refused-stream:Loadbalancer will retry if the backend service resets the stream with a REFUSED_STREAM error code.\n  This reset type indicates that it is safe to retry.\n* cancelled: Loadbalancer will retry if the gRPC status code in the response header is set to cancelled\n* deadline-exceeded: Loadbalancer will retry if the gRPC status code in the response header is set to deadline-exceeded\n* resource-exhausted: Loadbalancer will retry if the gRPC status code in the response header is set to resource-exhausted\n* unavailable: Loadbalancer will retry if the gRPC status code in the response header is set to unavailable",
                                  "description_kind": "plain",
                                  "optional": true
                                }
                              },
                              "block_types": {
                                "per_try_timeout": {
                                  "nesting_mode": "list",
                                  "block": {
                                    "attributes": {
                                      "nanos": {
                                        "type": "number",
                                        "description": "Span of time that's a fraction of a second at nanosecond resolution. Durations less than one second are\nrepresented with a 0 seconds field and a positive nanos field. Must be from 0 to 999,999,999 inclusive.",
                                        "description_kind": "plain",
                                        "optional": true
                                      },
                                      "seconds": {
                                        "type": "string",
                                        "description": "Span of time at a resolution of a second. Must be from 0 to 315,576,000,000 inclusive.\nNote: these bounds are computed from: 60 sec/min * 60 min/hr * 24 hr/day * 365.25 days/year * 10000 years",
                                        "description_kind": "plain",
                                        "optional": true
                                      }
                                    },
                                    "description": "Specifies a non-zero timeout per retry attempt.\n\nIf not specified, will use the timeout set in HttpRouteAction. If timeout in HttpRouteAction is not set,\nwill use the largest timeout among all backend services associated with the route.",
                                    "description_kind": "plain"
                                  },
                                  "max_items": 1
                                }
                              },
                              "description": "Specifies the retry policy associated with this route.",
                              "description_kind": "plain"
                            },
                            "max_items": 1
                          },
                          "timeout": {
                            "nesting_mode": "list",
                            "block": {
                              "attributes": {
                                "nanos": {
                                  "type": "number",
                                  "description": "Span of time that's a fraction of a second at nanosecond resolution. Durations less than one second are represented\nwith a 0 seconds field and a positive nanos field. Must be from 0 to 999,999,999 inclusive.",
                                  "description_kind": "plain",
                                  "optional": true
                                },
                                "seconds": {
                                  "type": "string",
                                  "description": "Span of time at a resolution of a second. Must be from 0 to 315,576,000,000 inclusive.\nNote: these bounds are computed from: 60 sec/min * 60 min/hr * 24 hr/day * 365.25 days/year * 10000 years",
                                  "description_kind": "plain",
                                  "optional": true
                                }
                              },
                              "description": "Specifies the timeout for the selected route. Timeout is computed from the time the request has been\nfully processed (i.e. end-of-stream) up until the response has been completely processed. Timeout includes all retries.\n\nIf not specified, will use the largest timeout among all backend services associated with the route.",
                              "description_kind": "plain"
                            },
                            "max_items": 1
                          },
                          "url_rewrite": {
                            "nesting_mode": "list",
                            "block": {
                              "attributes": {
                                "host_rewrite": {
                                  "type": "string",
                                  "description": "Prior to forwarding the request to the selected service, the request's host header is replaced\nwith contents of hostRewrite.\n\nThe value must be between 1 and 255 characters.",
                                  "description_kind": "plain",
                                  "optional": true
                                },
                                "path_prefix_rewrite": {
                                  "type": "string",
                                  "description": "Prior to forwarding the request to the selected backend service, the matching portion of the\nrequest's path is replaced by pathPrefixRewrite.\n\nThe value must be between 1 and 1024 characters.",
                                  "description_kind": "plain",
                                  "optional": true
                                }
                              },
                              "description": "The spec to modify the URL of the request, prior to forwarding the request to the matched service.",
                              "description_kind": "plain"
                            },
                            "max_items": 1
                          },
                          "weighted_backend_services": {
                            "nesting_mode": "list",
                            "block": {
                              "attributes": {
                                "backend_service": {
                                  "type": "string",
                                  "description": "The full or partial URL to the default BackendService resource. Before forwarding the\nrequest to backendService, the loadbalancer applies any relevant headerActions\nspecified as part of this backendServiceWeight.",
                                  "description_kind": "plain",
                                  "optional": true
                                },
                                "weight": {
                                  "type": "number",
                                  "description": "Specifies the fraction of traffic sent to backendService, computed as\nweight / (sum of all weightedBackendService weights in routeAction) .\n\nThe selection of a backend service is determined only for new traffic. Once a user's request\nhas been directed to a backendService, subsequent requests will be sent to the same backendService\nas determined by the BackendService's session affinity policy.\n\nThe value must be between 0 and 1000",
                                  "description_kind": "plain",
                                  "optional": true
                                }
                              },
                              "block_types": {
                                "header_action": {
                                  "nesting_mode": "list",
                                  "block": {
                                    "attributes": {
                                      "request_headers_to_remove": {
                                        "type": [
                                          "list",
                                          "string"
                                        ],
                                        "description": "A list of header names for headers that need to be removed from the request prior to\nforwarding the request to the backendService.",
                                        "description_kind": "plain",
                                        "optional": true
                                      },
                                      "response_headers_to_remove": {
                                        "type": [
                                          "list",
                                          "string"
                                        ],
                                        "description": "A list of header names for headers that need to be removed from the response prior to sending the\nresponse back to the client.",
                                        "description_kind": "plain",
                                        "optional": true
                                      }
                                    },
                                    "block_types": {
                                      "request_headers_to_add": {
                                        "nesting_mode": "list",
                                        "block": {
                                          "attributes": {
                                            "header_name": {
                                              "type": "string",
                                              "description": "The name of the header to add.",
                                              "description_kind": "plain",
                                              "optional": true
                                            },
                                            "header_value": {
                                              "type": "string",
                                              "description": "The value of the header to add.",
                                              "description_kind": "plain",
                                              "optional": true
                                            },
                                            "replace": {
                                              "type": "bool",
                                              "description": "If false, headerValue is appended to any values that already exist for the header.\nIf true, headerValue is set for the header, discarding any values that were set for that header.",
                                              "description_kind": "plain",
                                              "optional": true
                                            }
                                          },
                                          "description": "Headers to add to a matching request prior to forwarding the request to the backendService.",
                                          "description_kind": "plain"
                                        }
                                      },
                                      "response_headers_to_add": {
                                        "nesting_mode": "list",
                                        "block": {
                                          "attributes": {
                                            "header_name": {
                                              "type": "string",
                                              "description": "The name of the header to add.",
                                              "description_kind": "plain",
                                              "optional": true
                                            },
                                            "header_value": {
                                              "type": "string",
                                              "description": "The value of the header to add.",
                                              "description_kind": "plain",
                                              "optional": true
                                            },
                                            "replace": {
                                              "type": "bool",
                                              "description": "If false, headerValue is appended to any values that already exist for the header.\nIf true, headerValue is set for the header, discarding any values that were set for that header.",
                                              "description_kind": "plain",
                                              "optional": true
                                            }
                                          },
                                          "description": "Headers to add the response prior to sending the response back to the client.",
                                          "description_kind": "plain"
                                        }
                                      }
                                    },
                                    "description": "Specifies changes to request and response headers that need to take effect for\nthe selected backendService.\n\nheaderAction specified here take effect before headerAction in the enclosing\nHttpRouteRule, PathMatcher and UrlMap.",
                                    "description_kind": "plain"
                                  },
                                  "max_items": 1
                                }
                              },
                              "description": "A list of weighted backend services to send traffic to when a route match occurs.\nThe weights determine the fraction of traffic that flows to their corresponding backend service.\nIf all traffic needs to go to a single backend service, there must be one weightedBackendService\nwith weight set to a non 0 number.\n\nOnce a backendService is identified and before forwarding the request to the backend service,\nadvanced routing actions like Url rewrites and header transformations are applied depending on\nadditional settings specified in this HttpRouteAction.",
                              "description_kind": "plain"
                            }
                          }
                        },
                        "description": "defaultRouteAction takes effect when none of the pathRules or routeRules match. The load balancer performs\nadvanced routing actions like URL rewrites, header transformations, etc. prior to forwarding the request\nto the selected backend. If defaultRouteAction specifies any weightedBackendServices, defaultService must not be set.\nConversely if defaultService is set, defaultRouteAction cannot contain any weightedBackendServices.\n\nOnly one of defaultRouteAction or defaultUrlRedirect must be set.",
                        "description_kind": "plain"
                      },
                      "max_items": 1
                    },
                    "default_url_redirect": {
                      "nesting_mode": "list",
                      "block": {
                        "attributes": {
                          "host_redirect": {
                            "type": "string",
                            "description": "The host that will be used in the redirect response instead of the one that was\nsupplied in the request. The value must be between 1 and 255 characters.",
                            "description_kind": "plain",
                            "optional": true
                          },
                          "https_redirect": {
                            "type": "bool",
                            "description": "If set to true, the URL scheme in the redirected request is set to https. If set to\nfalse, the URL scheme of the redirected request will remain the same as that of the\nrequest. This must only be set for UrlMaps used in TargetHttpProxys. Setting this\ntrue for TargetHttpsProxy is not permitted. The default is set to false.",
                            "description_kind": "plain",
                            "optional": true
                          },
                          "path_redirect": {
                            "type": "string",
                            "description": "The path that will be used in the redirect response instead of the one that was\nsupplied in the request. pathRedirect cannot be supplied together with\nprefixRedirect. Supply one alone or neither. If neither is supplied, the path of the\noriginal request will be used for the redirect. The value must be between 1 and 1024\ncharacters.",
                            "description_kind": "plain",
                            "optional": true
                          },
                          "prefix_redirect": {
                            "type": "string",
                            "description": "The prefix that replaces the prefixMatch specified in the HttpRouteRuleMatch,\nretaining the remaining portion of the URL before redirecting the request.\nprefixRedirect cannot be supplied together with pathRedirect. Supply one alone or\nneither. If neither is supplied, the path of the original request will be used for\nthe redirect. The value must be between 1 and 1024 characters.",
                            "description_kind": "plain",
                            "optional": true
                          },
                          "redirect_response_code": {
                            "type": "string",
                            "description": "The HTTP Status code to use for this RedirectAction. Supported values are:\n\n* MOVED_PERMANENTLY_DEFAULT, which is the default value and corresponds to 301.\n\n* FOUND, which corresponds to 302.\n\n* SEE_OTHER which corresponds to 303.\n\n* TEMPORARY_REDIRECT, which corresponds to 307. In this case, the request method\nwill be retained.\n\n* PERMANENT_REDIRECT, which corresponds to 308. In this case,\nthe request method will be retained. Possible values: [\"FOUND\", \"MOVED_PERMANENTLY_DEFAULT\", \"PERMANENT_REDIRECT\", \"SEE_OTHER\", \"TEMPORARY_REDIRECT\"]",
                            "description_kind": "plain",
                            "optional": true
                          },
                          "strip_query": {
                            "type": "bool",
                            "description": "If set to true, any accompanying query portion of the original URL is removed prior\nto redirecting the request. If set to false, the query portion of the original URL is\nretained.\n This field is required to ensure an empty block is not set. The normal default value is false.",
                            "description_kind": "plain",
                            "required": true
                          }
                        },
                        "description": "When none of the specified hostRules match, the request is redirected to a URL specified\nby defaultUrlRedirect. If defaultUrlRedirect is specified, defaultService or\ndefaultRouteAction must not be set.",
                        "description_kind": "plain"
                      },
                      "max_items": 1
                    },
                    "header_action": {
                      "nesting_mode": "list",
                      "block": {
                        "attributes": {
                          "request_headers_to_remove": {
                            "type": [
                              "list",
                              "string"
                            ],
                            "description": "A list of header names for headers that need to be removed from the request\nprior to forwarding the request to the backendService.",
                            "description_kind": "plain",
                            "optional": true
                          },
                          "response_headers_to_remove": {
                            "type": [
                              "list",
                              "string"
                            ],
                            "description": "A list of header names for headers that need to be removed from the response\nprior to sending the response back to the client.",
                            "description_kind": "plain",
                            "optional": true
                          }
                        },
                        "block_types": {
                          "request_headers_to_add": {
                            "nesting_mode": "list",
                            "block": {
                              "attributes": {
                                "header_name": {
                                  "type": "string",
                                  "description": "The name of the header.",
                                  "description_kind": "plain",
                                  "required": true
                                },
                                "header_value": {
                                  "type": "string",
                                  "description": "The value of the header to add.",
                                  "description_kind": "plain",
                                  "required": true
                                },
                                "replace": {
                                  "type": "bool",
                                  "description": "If false, headerValue is appended to any values that already exist for the\nheader. If true, headerValue is set for the header, discarding any values that\nwere set for that header.",
                                  "description_kind": "plain",
                                  "required": true
                                }
                              },
                              "description": "Headers to add to a matching request prior to forwarding the request to the\nbackendService.",
                              "description_kind": "plain"
                            }
                          },
                          "response_headers_to_add": {
                            "nesting_mode": "list",
                            "block": {
                              "attributes": {
                                "header_name": {
                                  "type": "string",
                                  "description": "The name of the header.",
                                  "description_kind": "plain",
                                  "required": true
                                },
                                "header_value": {
                                  "type": "string",
                                  "description": "The value of the header to add.",
                                  "description_kind": "plain",
                                  "required": true
                                },
                                "replace": {
                                  "type": "bool",
                                  "description": "If false, headerValue is appended to any values that already exist for the\nheader. If true, headerValue is set for the header, discarding any values that\nwere set for that header.",
                                  "description_kind": "plain",
                                  "required": true
                                }
                              },
                              "description": "Headers to add the response prior to sending the response back to the client.",
                              "description_kind": "plain"
                            }
                          }
                        },
                        "description": "Specifies changes to request and response headers that need to take effect for\nthe selected backendService. HeaderAction specified here are applied after the\nmatching HttpRouteRule HeaderAction and before the HeaderAction in the UrlMap",
                        "description_kind": "plain"
                      },
                      "max_items": 1
                    },
                    "path_rule": {
                      "nesting_mode": "list",
                      "block": {
                        "attributes": {
                          "paths": {
                            "type": [
                              "set",
                              "string"
                            ],
                            "description": "The list of path patterns to match. Each must start with / and the only place a\n\\* is allowed is at the end following a /. The string fed to the path matcher\ndoes not include any text after the first ? or #, and those chars are not\nallowed here.",
                            "description_kind": "plain",
                            "required": true
                          },
                          "service": {
                            "type": "string",
                            "description": "The backend service or backend bucket to use if any of the given paths match.",
                            "description_kind": "plain",
                            "optional": true
                          }
                        },
                        "block_types": {
                          "route_action": {
                            "nesting_mode": "list",
                            "block": {
                              "block_types": {
                                "cors_policy": {
                                  "nesting_mode": "list",
                                  "block": {
                                    "attributes": {
                                      "allow_credentials": {
                                        "type": "bool",
                                        "description": "In response to a preflight request, setting this to true indicates that the\nactual request can include user credentials. This translates to the Access-\nControl-Allow-Credentials header. Defaults to false.",
                                        "description_kind": "plain",
                                        "optional": true
                                      },
                                      "allow_headers": {
                                        "type": [
                                          "list",
                                          "string"
                                        ],
                                        "description": "Specifies the content for the Access-Control-Allow-Headers header.",
                                        "description_kind": "plain",
                                        "optional": true
                                      },
                                      "allow_methods": {
                                        "type": [
                                          "list",
                                          "string"
                                        ],
                                        "description": "Specifies the content for the Access-Control-Allow-Methods header.",
                                        "description_kind": "plain",
                                        "optional": true
                                      },
                                      "allow_origin_regexes": {
                                        "type": [
                                          "list",
                                          "string"
                                        ],
                                        "description": "Specifies the regular expression patterns that match allowed origins. For\nregular expression grammar please see en.cppreference.com/w/cpp/regex/ecmascript\nAn origin is allowed if it matches either allow_origins or allow_origin_regex.",
                                        "description_kind": "plain",
                                        "optional": true
                                      },
                                      "allow_origins": {
                                        "type": [
                                          "list",
                                          "string"
                                        ],
                                        "description": "Specifies the list of origins that will be allowed to do CORS requests. An\norigin is allowed if it matches either allow_origins or allow_origin_regex.",
                                        "description_kind": "plain",
                                        "optional": true
                                      },
                                      "disabled": {
                                        "type": "bool",
                                        "description": "If true, specifies the CORS policy is disabled.",
                                        "description_kind": "plain",
                                        "required": true
                                      },
                                      "expose_headers": {
                                        "type": [
                                          "list",
                                          "string"
                                        ],
                                        "description": "Specifies the content for the Access-Control-Expose-Headers header.",
                                        "description_kind": "plain",
                                        "optional": true
                                      },
                                      "max_age": {
                                        "type": "number",
                                        "description": "Specifies how long the results of a preflight request can be cached. This\ntranslates to the content for the Access-Control-Max-Age header.",
                                        "description_kind": "plain",
                                        "optional": true
                                      }
                                    },
                                    "description": "The specification for allowing client side cross-origin requests. Please see W3C\nRecommendation for Cross Origin Resource Sharing",
                                    "description_kind": "plain"
                                  },
                                  "max_items": 1
                                },
                                "fault_injection_policy": {
                                  "nesting_mode": "list",
                                  "block": {
                                    "block_types": {
                                      "abort": {
                                        "nesting_mode": "list",
                                        "block": {
                                          "attributes": {
                                            "http_status": {
                                              "type": "number",
                                              "description": "The HTTP status code used to abort the request. The value must be between 200\nand 599 inclusive.",
                                              "description_kind": "plain",
                                              "required": true
                                            },
                                            "percentage": {
                                              "type": "number",
                                              "description": "The percentage of traffic (connections/operations/requests) which will be\naborted as part of fault injection. The value must be between 0.0 and 100.0\ninclusive.",
                                              "description_kind": "plain",
                                              "required": true
                                            }
                                          },
                                          "description": "The specification for how client requests are aborted as part of fault\ninjection.",
                                          "description_kind": "plain"
                                        },
                                        "max_items": 1
                                      },
                                      "delay": {
                                        "nesting_mode": "list",
                                        "block": {
                                          "attributes": {
                                            "percentage": {
                                              "type": "number",
                                              "description": "The percentage of traffic (connections/operations/requests) on which delay will\nbe introduced as part of fault injection. The value must be between 0.0 and\n100.0 inclusive.",
                                              "description_kind": "plain",
                                              "required": true
                                            }
                                          },
                                          "block_types": {
                                            "fixed_delay": {
                                              "nesting_mode": "list",
                                              "block": {
                                                "attributes": {
                                                  "nanos": {
                                                    "type": "number",
                                                    "description": "Span of time that's a fraction of a second at nanosecond resolution. Durations\nless than one second are represented with a 0 'seconds' field and a positive\n'nanos' field. Must be from 0 to 999,999,999 inclusive.",
                                                    "description_kind": "plain",
                                                    "optional": true
                                                  },
                                                  "seconds": {
                                                    "type": "string",
                                                    "description": "Span of time at a resolution of a second. Must be from 0 to 315,576,000,000\ninclusive.",
                                                    "description_kind": "plain",
                                                    "required": true
                                                  }
                                                },
                                                "description": "Specifies the value of the fixed delay interval.",
                                                "description_kind": "plain"
                                              },
                                              "min_items": 1,
                                              "max_items": 1
                                            }
                                          },
                                          "description": "The specification for how client requests are delayed as part of fault\ninjection, before being sent to a backend service.",
                                          "description_kind": "plain"
                                        },
                                        "max_items": 1
                                      }
                                    },
                                    "description": "The specification for fault injection introduced into traffic to test the\nresiliency of clients to backend service failure. As part of fault injection,\nwhen clients send requests to a backend service, delays can be introduced by\nLoadbalancer on a percentage of requests before sending those request to the\nbackend service. Similarly requests from clients can be aborted by the\nLoadbalancer for a percentage of requests. timeout and retry_policy will be\nignored by clients that are configured with a fault_injection_policy.",
                                    "description_kind": "plain"
                                  },
                                  "max_items": 1
                                },
                                "request_mirror_policy": {
                                  "nesting_mode": "list",
                                  "block": {
                                    "attributes": {
                                      "backend_service": {
                                        "type": "string",
                                        "description": "The BackendService resource being mirrored to.",
                                        "description_kind": "plain",
                                        "required": true
                                      }
                                    },
                                    "description": "Specifies the policy on how requests intended for the route's backends are\nshadowed to a separate mirrored backend service. Loadbalancer does not wait for\nresponses from the shadow service. Prior to sending traffic to the shadow\nservice, the host / authority header is suffixed with -shadow.",
                                    "description_kind": "plain"
                                  },
                                  "max_items": 1
                                },
                                "retry_policy": {
                                  "nesting_mode": "list",
                                  "block": {
                                    "attributes": {
                                      "num_retries": {
                                        "type": "number",
                                        "description": "Specifies the allowed number retries. This number must be \u003e 0.",
                                        "description_kind": "plain",
                                        "optional": true
                                      },
                                      "retry_conditions": {
                                        "type": [
                                          "list",
                                          "string"
                                        ],
                                        "description": "Specifies one or more conditions when this retry rule applies. Valid values are:\n\n* 5xx: Loadbalancer will attempt a retry if the backend service responds with\nany 5xx response code, or if the backend service does not respond at all,\nfor example: disconnects, reset, read timeout, connection failure, and refused\nstreams.\n* gateway-error: Similar to 5xx, but only applies to response codes\n502, 503 or 504.\n* connect-failure: Loadbalancer will retry on failures\nconnecting to backend services, for example due to connection timeouts.\n* retriable-4xx: Loadbalancer will retry for retriable 4xx response codes.\nCurrently the only retriable error supported is 409.\n* refused-stream: Loadbalancer will retry if the backend service resets the stream with a\nREFUSED_STREAM error code. This reset type indicates that it is safe to retry.\n* cancelled: Loadbalancer will retry if the gRPC status code in the response\nheader is set to cancelled\n* deadline-exceeded: Loadbalancer will retry if the\ngRPC status code in the response header is set to deadline-exceeded\n* resource-exhausted: Loadbalancer will retry if the gRPC status code in the response\nheader is set to resource-exhausted\n* unavailable: Loadbalancer will retry if\nthe gRPC status code in the response header is set to unavailable",
                                        "description_kind": "plain",
                                        "optional": true
                                      }
                                    },
                                    "block_types": {
                                      "per_try_timeout": {
                                        "nesting_mode": "list",
                                        "block": {
                                          "attributes": {
                                            "nanos": {
                                              "type": "number",
                                              "description": "Span of time that's a fraction of a second at nanosecond resolution. Durations\nless than one second are represented with a 0 'seconds' field and a positive\n'nanos' field. Must be from 0 to 999,999,999 inclusive.",
                                              "description_kind": "plain",
                                              "optional": true
                                            },
                                            "seconds": {
                                              "type": "string",
                                              "description": "Span of time at a resolution of a second. Must be from 0 to 315,576,000,000\ninclusive.",
                                              "description_kind": "plain",
                                              "required": true
                                            }
                                          },
                                          "description": "Specifies a non-zero timeout per retry attempt.",
                                          "description_kind": "plain"
                                        },
                                        "max_items": 1
                                      }
                                    },
                                    "description": "Specifies the retry policy associated with this route.",
                                    "description_kind": "plain"
                                  },
                                  "max_items": 1
                                },
                                "timeout": {
                                  "nesting_mode": "list",
                                  "block": {
                                    "attributes": {
                                      "nanos": {
                                        "type": "number",
                                        "description": "Span of time that's a fraction of a second at nanosecond resolution. Durations\nless than one second are represented with a 0 'seconds' field and a positive\n'nanos' field. Must be from 0 to 999,999,999 inclusive.",
                                        "description_kind": "plain",
                                        "optional": true
                                      },
                                      "seconds": {
                                        "type": "string",
                                        "description": "Span of time at a resolution of a second. Must be from 0 to 315,576,000,000\ninclusive.",
                                        "description_kind": "plain",
                                        "required": true
                                      }
                                    },
                                    "description": "Specifies the timeout for the selected route. Timeout is computed from the time\nthe request is has been fully processed (i.e. end-of-stream) up until the\nresponse has been completely processed. Timeout includes all retries. If not\nspecified, the default value is 15 seconds.",
                                    "description_kind": "plain"
                                  },
                                  "max_items": 1
                                },
                                "url_rewrite": {
                                  "nesting_mode": "list",
                                  "block": {
                                    "attributes": {
                                      "host_rewrite": {
                                        "type": "string",
                                        "description": "Prior to forwarding the request to the selected service, the request's host\nheader is replaced with contents of hostRewrite. The value must be between 1 and\n255 characters.",
                                        "description_kind": "plain",
                                        "optional": true
                                      },
                                      "path_prefix_rewrite": {
                                        "type": "string",
                                        "description": "Prior to forwarding the request to the selected backend service, the matching\nportion of the request's path is replaced by pathPrefixRewrite. The value must\nbe between 1 and 1024 characters.",
                                        "description_kind": "plain",
                                        "optional": true
                                      }
                                    },
                                    "description": "The spec to modify the URL of the request, prior to forwarding the request to\nthe matched service",
                                    "description_kind": "plain"
                                  },
                                  "max_items": 1
                                },
                                "weighted_backend_services": {
                                  "nesting_mode": "list",
                                  "block": {
                                    "attributes": {
                                      "backend_service": {
                                        "type": "string",
                                        "description": "The default BackendService resource. Before\nforwarding the request to backendService, the loadbalancer applies any relevant\nheaderActions specified as part of this backendServiceWeight.",
                                        "description_kind": "plain",
                                        "required": true
                                      },
                                      "weight": {
                                        "type": "number",
                                        "description": "Specifies the fraction of traffic sent to backendService, computed as weight /\n(sum of all weightedBackendService weights in routeAction) . The selection of a\nbackend service is determined only for new traffic. Once a user's request has\nbeen directed to a backendService, subsequent requests will be sent to the same\nbackendService as determined by the BackendService's session affinity policy.\nThe value must be between 0 and 1000",
                                        "description_kind": "plain",
                                        "required": true
                                      }
                                    },
                                    "block_types": {
                                      "header_action": {
                                        "nesting_mode": "list",
                                        "block": {
                                          "attributes": {
                                            "request_headers_to_remove": {
                                              "type": [
                                                "list",
                                                "string"
                                              ],
                                              "description": "A list of header names for headers that need to be removed from the request\nprior to forwarding the request to the backendService.",
                                              "description_kind": "plain",
                                              "optional": true
                                            },
                                            "response_headers_to_remove": {
                                              "type": [
                                                "list",
                                                "string"
                                              ],
                                              "description": "A list of header names for headers that need to be removed from the response\nprior to sending the response back to the client.",
                                              "description_kind": "plain",
                                              "optional": true
                                            }
                                          },
                                          "block_types": {
                                            "request_headers_to_add": {
                                              "nesting_mode": "list",
                                              "block": {
                                                "attributes": {
                                                  "header_name": {
                                                    "type": "string",
                                                    "description": "The name of the header.",
                                                    "description_kind": "plain",
                                                    "required": true
                                                  },
                                                  "header_value": {
                                                    "type": "string",
                                                    "description": "The value of the header to add.",
                                                    "description_kind": "plain",
                                                    "required": true
                                                  },
                                                  "replace": {
                                                    "type": "bool",
                                                    "description": "If false, headerValue is appended to any values that already exist for the\nheader. If true, headerValue is set for the header, discarding any values that\nwere set for that header.",
                                                    "description_kind": "plain",
                                                    "required": true
                                                  }
                                                },
                                                "description": "Headers to add to a matching request prior to forwarding the request to the\nbackendService.",
                                                "description_kind": "plain"
                                              }
                                            },
                                            "response_headers_to_add": {
                                              "nesting_mode": "list",
                                              "block": {
                                                "attributes": {
                                                  "header_name": {
                                                    "type": "string",
                                                    "description": "The name of the header.",
                                                    "description_kind": "plain",
                                                    "required": true
                                                  },
                                                  "header_value": {
                                                    "type": "string",
                                                    "description": "The value of the header to add.",
                                                    "description_kind": "plain",
                                                    "required": true
                                                  },
                                                  "replace": {
                                                    "type": "bool",
                                                    "description": "If false, headerValue is appended to any values that already exist for the\nheader. If true, headerValue is set for the header, discarding any values that\nwere set for that header.",
                                                    "description_kind": "plain",
                                                    "required": true
                                                  }
                                                },
                                                "description": "Headers to add the response prior to sending the response back to the client.",
                                                "description_kind": "plain"
                                              }
                                            }
                                          },
                                          "description": "Specifies changes to request and response headers that need to take effect for\nthe selected backendService. headerAction specified here take effect before\nheaderAction in the enclosing HttpRouteRule, PathMatcher and UrlMap.",
                                          "description_kind": "plain"
                                        },
                                        "max_items": 1
                                      }
                                    },
                                    "description": "A list of weighted backend services to send traffic to when a route match\noccurs. The weights determine the fraction of traffic that flows to their\ncorresponding backend service. If all traffic needs to go to a single backend\nservice, there must be one  weightedBackendService with weight set to a non 0\nnumber. Once a backendService is identified and before forwarding the request to\nthe backend service, advanced routing actions like Url rewrites and header\ntransformations are applied depending on additional settings specified in this\nHttpRouteAction.",
                                    "description_kind": "plain"
                                  }
                                }
                              },
                              "description": "In response to a matching path, the load balancer performs advanced routing\nactions like URL rewrites, header transformations, etc. prior to forwarding the\nrequest to the selected backend. If routeAction specifies any\nweightedBackendServices, service must not be set. Conversely if service is set,\nrouteAction cannot contain any  weightedBackendServices. Only one of routeAction\nor urlRedirect must be set.",
                              "description_kind": "plain"
                            },
                            "max_items": 1
                          },
                          "url_redirect": {
                            "nesting_mode": "list",
                            "block": {
                              "attributes": {
                                "host_redirect": {
                                  "type": "string",
                                  "description": "The host that will be used in the redirect response instead of the one\nthat was supplied in the request. The value must be between 1 and 255\ncharacters.",
                                  "description_kind": "plain",
                                  "optional": true
                                },
                                "https_redirect": {
                                  "type": "bool",
                                  "description": "If set to true, the URL scheme in the redirected request is set to https.\nIf set to false, the URL scheme of the redirected request will remain the\nsame as that of the request. This must only be set for UrlMaps used in\nTargetHttpProxys. Setting this true for TargetHttpsProxy is not\npermitted. The default is set to false.",
                                  "description_kind": "plain",
                                  "optional": true
                                },
                                "path_redirect": {
                                  "type": "string",
                                  "description": "The path that will be used in the redirect response instead of the one\nthat was supplied in the request. pathRedirect cannot be supplied\ntogether with prefixRedirect. Supply one alone or neither. If neither is\nsupplied, the path of the original request will be used for the redirect.\nThe value must be between 1 and 1024 characters.",
                                  "description_kind": "plain",
                                  "optional": true
                                },
                                "prefix_redirect": {
                                  "type": "string",
                                  "description": "The prefix that replaces the prefixMatch specified in the\nHttpRouteRuleMatch, retaining the remaining portion of the URL before\nredirecting the request. prefixRedirect cannot be supplied together with\npathRedirect. Supply one alone or neither. If neither is supplied, the\npath of the original request will be used for the redirect. The value\nmust be between 1 and 1024 characters.",
                                  "description_kind": "plain",
                                  "optional": true
                                },
                                "redirect_response_code": {
                                  "type": "string",
                                  "description": "The HTTP Status code to use for this RedirectAction. Supported values are:\n\n* MOVED_PERMANENTLY_DEFAULT, which is the default value and corresponds to 301.\n\n* FOUND, which corresponds to 302.\n\n* SEE_OTHER which corresponds to 303.\n\n* TEMPORARY_REDIRECT, which corresponds to 307. In this case, the request method\nwill be retained.\n\n* PERMANENT_REDIRECT, which corresponds to 308. In this case,\nthe request method will be retained. Possible values: [\"FOUND\", \"MOVED_PERMANENTLY_DEFAULT\", \"PERMANENT_REDIRECT\", \"SEE_OTHER\", \"TEMPORARY_REDIRECT\"]",
                                  "description_kind": "plain",
                                  "optional": true
                                },
                                "strip_query": {
                                  "type": "bool",
                                  "description": "If set to true, any accompanying query portion of the original URL is\nremoved prior to redirecting the request. If set to false, the query\nportion of the original URL is retained.\n This field is required to ensure an empty block is not set. The normal default value is false.",
                                  "description_kind": "plain",
                                  "required": true
                                }
                              },
                              "description": "When a path pattern is matched, the request is redirected to a URL specified\nby urlRedirect. If urlRedirect is specified, service or routeAction must not\nbe set.",
                              "description_kind": "plain"
                            },
                            "max_items": 1
                          }
                        },
                        "description": "The list of path rules. Use this list instead of routeRules when routing based\non simple path matching is all that's required. The order by which path rules\nare specified does not matter. Matches are always done on the longest-path-first\nbasis. For example: a pathRule with a path /a/b/c/* will match before /a/b/*\nirrespective of the order in which those paths appear in this list. Within a\ngiven pathMatcher, only one of pathRules or routeRules must be set.",
                        "description_kind": "plain"
                      }
                    },
                    "route_rules": {
                      "nesting_mode": "list",
                      "block": {
                        "attributes": {
                          "priority": {
                            "type": "number",
                            "description": "For routeRules within a given pathMatcher, priority determines the order\nin which load balancer will interpret routeRules. RouteRules are evaluated\nin order of priority, from the lowest to highest number. The priority of\na rule decreases as its number increases (1, 2, 3, N+1). The first rule\nthat matches the request is applied.\n\nYou cannot configure two or more routeRules with the same priority.\nPriority for each rule must be set to a number between 0 and\n2147483647 inclusive.\n\nPriority numbers can have gaps, which enable you to add or remove rules\nin the future without affecting the rest of the rules. For example,\n1, 2, 3, 4, 5, 9, 12, 16 is a valid series of priority numbers to which\nyou could add rules numbered from 6 to 8, 10 to 11, and 13 to 15 in the\nfuture without any impact on existing rules.",
                            "description_kind": "plain",
                            "required": true
                          },
                          "service": {
                            "type": "string",
                            "description": "The backend service resource to which traffic is\ndirected if this rule is matched. If routeAction is additionally specified,\nadvanced routing actions like URL Rewrites, etc. take effect prior to sending\nthe request to the backend. However, if service is specified, routeAction cannot\ncontain any weightedBackendService s. Conversely, if routeAction specifies any\nweightedBackendServices, service must not be specified. Only one of urlRedirect,\nservice or routeAction.weightedBackendService must be set.",
                            "description_kind": "plain",
                            "optional": true
                          }
                        },
                        "block_types": {
                          "header_action": {
                            "nesting_mode": "list",
                            "block": {
                              "attributes": {
                                "request_headers_to_remove": {
                                  "type": [
                                    "list",
                                    "string"
                                  ],
                                  "description": "A list of header names for headers that need to be removed from the request\nprior to forwarding the request to the backendService.",
                                  "description_kind": "plain",
                                  "optional": true
                                },
                                "response_headers_to_remove": {
                                  "type": [
                                    "list",
                                    "string"
                                  ],
                                  "description": "A list of header names for headers that need to be removed from the response\nprior to sending the response back to the client.",
                                  "description_kind": "plain",
                                  "optional": true
                                }
                              },
                              "block_types": {
                                "request_headers_to_add": {
                                  "nesting_mode": "list",
                                  "block": {
                                    "attributes": {
                                      "header_name": {
                                        "type": "string",
                                        "description": "The name of the header.",
                                        "description_kind": "plain",
                                        "required": true
                                      },
                                      "header_value": {
                                        "type": "string",
                                        "description": "The value of the header to add.",
                                        "description_kind": "plain",
                                        "required": true
                                      },
                                      "replace": {
                                        "type": "bool",
                                        "description": "If false, headerValue is appended to any values that already exist for the\nheader. If true, headerValue is set for the header, discarding any values that\nwere set for that header.",
                                        "description_kind": "plain",
                                        "required": true
                                      }
                                    },
                                    "description": "Headers to add to a matching request prior to forwarding the request to the\nbackendService.",
                                    "description_kind": "plain"
                                  }
                                },
                                "response_headers_to_add": {
                                  "nesting_mode": "list",
                                  "block": {
                                    "attributes": {
                                      "header_name": {
                                        "type": "string",
                                        "description": "The name of the header.",
                                        "description_kind": "plain",
                                        "required": true
                                      },
                                      "header_value": {
                                        "type": "string",
                                        "description": "The value of the header to add.",
                                        "description_kind": "plain",
                                        "required": true
                                      },
                                      "replace": {
                                        "type": "bool",
                                        "description": "If false, headerValue is appended to any values that already exist for the\nheader. If true, headerValue is set for the header, discarding any values that\nwere set for that header.",
                                        "description_kind": "plain",
                                        "required": true
                                      }
                                    },
                                    "description": "Headers to add the response prior to sending the response back to the client.",
                                    "description_kind": "plain"
                                  }
                                }
                              },
                              "description": "Specifies changes to request and response headers that need to take effect for\nthe selected backendService. The headerAction specified here are applied before\nthe matching pathMatchers[].headerAction and after pathMatchers[].routeRules[].r\nouteAction.weightedBackendService.backendServiceWeightAction[].headerAction",
                              "description_kind": "plain"
                            },
                            "max_items": 1
                          },
                          "match_rules": {
                            "nesting_mode": "list",
                            "block": {
                              "attributes": {
                                "full_path_match": {
                                  "type": "string",
                                  "description": "For satisfying the matchRule condition, the path of the request must exactly\nmatch the value specified in fullPathMatch after removing any query parameters\nand anchor that may be part of the original URL. FullPathMatch must be between 1\nand 1024 characters. Only one of prefixMatch, fullPathMatch or regexMatch must\nbe specified.",
                                  "description_kind": "plain",
                                  "optional": true
                                },
                                "ignore_case": {
                                  "type": "bool",
                                  "description": "Specifies that prefixMatch and fullPathMatch matches are case sensitive.\nDefaults to false.",
                                  "description_kind": "plain",
                                  "optional": true
                                },
                                "path_template_match": {
                                  "type": "string",
                                  "description": "For satisfying the matchRule condition, the path of the request\nmust match the wildcard pattern specified in pathTemplateMatch\nafter removing any query parameters and anchor that may be part\nof the original URL.\n\npathTemplateMatch must be between 1 and 255 characters\n(inclusive).  The pattern specified by pathTemplateMatch may\nhave at most 5 wildcard operators and at most 5 variable\ncaptures in total.",
                                  "description_kind": "plain",
                                  "optional": true
                                },
                                "prefix_match": {
                                  "type": "string",
                                  "description": "For satisfying the matchRule condition, the request's path must begin with the\nspecified prefixMatch. prefixMatch must begin with a /. The value must be\nbetween 1 and 1024 characters. Only one of prefixMatch, fullPathMatch or\nregexMatch must be specified.",
                                  "description_kind": "plain",
                                  "optional": true
                                },
                                "regex_match": {
                                  "type": "string",
                                  "description": "For satisfying the matchRule condition, the path of the request must satisfy the\nregular expression specified in regexMatch after removing any query parameters\nand anchor supplied with the original URL. For regular expression grammar please\nsee en.cppreference.com/w/cpp/regex/ecmascript  Only one of prefixMatch,\nfullPathMatch or regexMatch must be specified.",
                                  "description_kind": "plain",
                                  "optional": true
                                }
                              },
                              "block_types": {
                                "header_matches": {
                                  "nesting_mode": "list",
                                  "block": {
                                    "attributes": {
                                      "exact_match": {
                                        "type": "string",
                                        "description": "The value should exactly match contents of exactMatch. Only one of exactMatch,\nprefixMatch, suffixMatch, regexMatch, presentMatch or rangeMatch must be set.",
                                        "description_kind": "plain",
                                        "optional": true
                                      },
                                      "header_name": {
                                        "type": "string",
                                        "description": "The name of the HTTP header to match. For matching against the HTTP request's\nauthority, use a headerMatch with the header name \":authority\". For matching a\nrequest's method, use the headerName \":method\".",
                                        "description_kind": "plain",
                                        "required": true
                                      },
                                      "invert_match": {
                                        "type": "bool",
                                        "description": "If set to false, the headerMatch is considered a match if the match criteria\nabove are met. If set to true, the headerMatch is considered a match if the\nmatch criteria above are NOT met. Defaults to false.",
                                        "description_kind": "plain",
                                        "optional": true
                                      },
                                      "prefix_match": {
                                        "type": "string",
                                        "description": "The value of the header must start with the contents of prefixMatch. Only one of\nexactMatch, prefixMatch, suffixMatch, regexMatch, presentMatch or rangeMatch\nmust be set.",
                                        "description_kind": "plain",
                                        "optional": true
                                      },
                                      "present_match": {
                                        "type": "bool",
                                        "description": "A header with the contents of headerName must exist. The match takes place\nwhether or not the request's header has a value or not. Only one of exactMatch,\nprefixMatch, suffixMatch, regexMatch, presentMatch or rangeMatch must be set.",
                                        "description_kind": "plain",
                                        "optional": true
                                      },
                                      "regex_match": {
                                        "type": "string",
                                        "description": "The value of the header must match the regular expression specified in\nregexMatch. For regular expression grammar, please see:\nen.cppreference.com/w/cpp/regex/ecmascript  For matching against a port\nspecified in the HTTP request, use a headerMatch with headerName set to PORT and\na regular expression that satisfies the RFC2616 Host header's port specifier.\nOnly one of exactMatch, prefixMatch, suffixMatch, regexMatch, presentMatch or\nrangeMatch must be set.",
                                        "description_kind": "plain",
                                        "optional": true
                                      },
                                      "suffix_match": {
                                        "type": "string",
                                        "description": "The value of the header must end with the contents of suffixMatch. Only one of\nexactMatch, prefixMatch, suffixMatch, regexMatch, presentMatch or rangeMatch\nmust be set.",
                                        "description_kind": "plain",
                                        "optional": true
                                      }
                                    },
                                    "block_types": {
                                      "range_match": {
                                        "nesting_mode": "list",
                                        "block": {
                                          "attributes": {
                                            "range_end": {
                                              "type": "number",
                                              "description": "The end of the range (exclusive).",
                                              "description_kind": "plain",
                                              "required": true
                                            },
                                            "range_start": {
                                              "type": "number",
                                              "description": "The start of the range (inclusive).",
                                              "description_kind": "plain",
                                              "required": true
                                            }
                                          },
                                          "description": "The header value must be an integer and its value must be in the range specified\nin rangeMatch. If the header does not contain an integer, number or is empty,\nthe match fails. For example for a range [-5, 0]   - -3 will match.  - 0 will\nnot match.  - 0.25 will not match.  - -3someString will not match.   Only one of\nexactMatch, prefixMatch, suffixMatch, regexMatch, presentMatch or rangeMatch\nmust be set.",
                                          "description_kind": "plain"
                                        },
                                        "max_items": 1
                                      }
                                    },
                                    "description": "Specifies a list of header match criteria, all of which must match corresponding\nheaders in the request.",
                                    "description_kind": "plain"
                                  }
                                },
                                "metadata_filters": {
                                  "nesting_mode": "list",
                                  "block": {
                                    "attributes": {
                                      "filter_match_criteria": {
                                        "type": "string",
                                        "description": "Specifies how individual filterLabel matches within the list of filterLabels\ncontribute towards the overall metadataFilter match. Supported values are:\n  - MATCH_ANY: At least one of the filterLabels must have a matching label in the\nprovided metadata.\n  - MATCH_ALL: All filterLabels must have matching labels in\nthe provided metadata. Possible values: [\"MATCH_ALL\", \"MATCH_ANY\"]",
                                        "description_kind": "plain",
                                        "required": true
                                      }
                                    },
                                    "block_types": {
                                      "filter_labels": {
                                        "nesting_mode": "list",
                                        "block": {
                                          "attributes": {
                                            "name": {
                                              "type": "string",
                                              "description": "Name of metadata label. The name can have a maximum length of 1024 characters\nand must be at least 1 character long.",
                                              "description_kind": "plain",
                                              "required": true
                                            },
                                            "value": {
                                              "type": "string",
                                              "description": "The value of the label must match the specified value. value can have a maximum\nlength of 1024 characters.",
                                              "description_kind": "plain",
                                              "required": true
                                            }
                                          },
                                          "description": "The list of label value pairs that must match labels in the provided metadata\nbased on filterMatchCriteria  This list must not be empty and can have at the\nmost 64 entries.",
                                          "description_kind": "plain"
                                        },
                                        "min_items": 1,
                                        "max_items": 64
                                      }
                                    },
                                    "description": "Opaque filter criteria used by Loadbalancer to restrict routing configuration to\na limited set xDS compliant clients. In their xDS requests to Loadbalancer, xDS\nclients present node metadata. If a match takes place, the relevant routing\nconfiguration is made available to those proxies. For each metadataFilter in\nthis list, if its filterMatchCriteria is set to MATCH_ANY, at least one of the\nfilterLabels must match the corresponding label provided in the metadata. If its\nfilterMatchCriteria is set to MATCH_ALL, then all of its filterLabels must match\nwith corresponding labels in the provided metadata. metadataFilters specified\nhere can be overrides those specified in ForwardingRule that refers to this\nUrlMap. metadataFilters only applies to Loadbalancers that have their\nloadBalancingScheme set to INTERNAL_SELF_MANAGED.",
                                    "description_kind": "plain"
                                  }
                                },
                                "query_parameter_matches": {
                                  "nesting_mode": "list",
                                  "block": {
                                    "attributes": {
                                      "exact_match": {
                                        "type": "string",
                                        "description": "The queryParameterMatch matches if the value of the parameter exactly matches\nthe contents of exactMatch. Only one of presentMatch, exactMatch and regexMatch\nmust be set.",
                                        "description_kind": "plain",
                                        "optional": true
                                      },
                                      "name": {
                                        "type": "string",
                                        "description": "The name of the query parameter to match. The query parameter must exist in the\nrequest, in the absence of which the request match fails.",
                                        "description_kind": "plain",
                                        "required": true
                                      },
                                      "present_match": {
                                        "type": "bool",
                                        "description": "Specifies that the queryParameterMatch matches if the request contains the query\nparameter, irrespective of whether the parameter has a value or not. Only one of\npresentMatch, exactMatch and regexMatch must be set.",
                                        "description_kind": "plain",
                                        "optional": true
                                      },
                                      "regex_match": {
                                        "type": "string",
                                        "description": "The queryParameterMatch matches if the value of the parameter matches the\nregular expression specified by regexMatch. For the regular expression grammar,\nplease see en.cppreference.com/w/cpp/regex/ecmascript  Only one of presentMatch,\nexactMatch and regexMatch must be set.",
                                        "description_kind": "plain",
                                        "optional": true
                                      }
                                    },
                                    "description": "Specifies a list of query parameter match criteria, all of which must match\ncorresponding query parameters in the request.",
                                    "description_kind": "plain"
                                  }
                                }
                              },
                              "description": "The rules for determining a match.",
                              "description_kind": "plain"
                            }
                          },
                          "route_action": {
                            "nesting_mode": "list",
                            "block": {
                              "block_types": {
                                "cors_policy": {
                                  "nesting_mode": "list",
                                  "block": {
                                    "attributes": {
                                      "allow_credentials": {
                                        "type": "bool",
                                        "description": "In response to a preflight request, setting this to true indicates that the\nactual request can include user credentials. This translates to the Access-\nControl-Allow-Credentials header. Defaults to false.",
                                        "description_kind": "plain",
                                        "optional": true
                                      },
                                      "allow_headers": {
                                        "type": [
                                          "list",
                                          "string"
                                        ],
                                        "description": "Specifies the content for the Access-Control-Allow-Headers header.",
                                        "description_kind": "plain",
                                        "optional": true
                                      },
                                      "allow_methods": {
                                        "type": [
                                          "list",
                                          "string"
                                        ],
                                        "description": "Specifies the content for the Access-Control-Allow-Methods header.",
                                        "description_kind": "plain",
                                        "optional": true
                                      },
                                      "allow_origin_regexes": {
                                        "type": [
                                          "list",
                                          "string"
                                        ],
                                        "description": "Specifies the regular expression patterns that match allowed origins. For\nregular expression grammar please see en.cppreference.com/w/cpp/regex/ecmascript\nAn origin is allowed if it matches either allow_origins or allow_origin_regex.",
                                        "description_kind": "plain",
                                        "optional": true
                                      },
                                      "allow_origins": {
                                        "type": [
                                          "list",
                                          "string"
                                        ],
                                        "description": "Specifies the list of origins that will be allowed to do CORS requests. An\norigin is allowed if it matches either allow_origins or allow_origin_regex.",
                                        "description_kind": "plain",
                                        "optional": true
                                      },
                                      "disabled": {
                                        "type": "bool",
                                        "description": "If true, specifies the CORS policy is disabled.\nwhich indicates that the CORS policy is in effect. Defaults to false.",
                                        "description_kind": "plain",
                                        "optional": true
                                      },
                                      "expose_headers": {
                                        "type": [
                                          "list",
                                          "string"
                                        ],
                                        "description": "Specifies the content for the Access-Control-Expose-Headers header.",
                                        "description_kind": "plain",
                                        "optional": true
                                      },
                                      "max_age": {
                                        "type": "number",
                                        "description": "Specifies how long the results of a preflight request can be cached. This\ntranslates to the content for the Access-Control-Max-Age header.",
                                        "description_kind": "plain",
                                        "optional": true
                                      }
                                    },
                                    "description": "The specification for allowing client side cross-origin requests. Please see W3C\nRecommendation for Cross Origin Resource Sharing",
                                    "description_kind": "plain"
                                  },
                                  "max_items": 1
                                },
                                "fault_injection_policy": {
                                  "nesting_mode": "list",
                                  "block": {
                                    "block_types": {
                                      "abort": {
                                        "nesting_mode": "list",
                                        "block": {
                                          "attributes": {
                                            "http_status": {
                                              "type": "number",
                                              "description": "The HTTP status code used to abort the request. The value must be between 200\nand 599 inclusive.",
                                              "description_kind": "plain",
                                              "optional": true
                                            },
                                            "percentage": {
                                              "type": "number",
                                              "description": "The percentage of traffic (connections/operations/requests) which will be\naborted as part of fault injection. The value must be between 0.0 and 100.0\ninclusive.",
                                              "description_kind": "plain",
                                              "optional": true
                                            }
                                          },
                                          "description": "The specification for how client requests are aborted as part of fault\ninjection.",
                                          "description_kind": "plain"
                                        },
                                        "max_items": 1
                                      },
                                      "delay": {
                                        "nesting_mode": "list",
                                        "block": {
                                          "attributes": {
                                            "percentage": {
                                              "type": "number",
                                              "description": "The percentage of traffic (connections/operations/requests) on which delay will\nbe introduced as part of fault injection. The value must be between 0.0 and\n100.0 inclusive.",
                                              "description_kind": "plain",
                                              "optional": true
                                            }
                                          },
                                          "block_types": {
                                            "fixed_delay": {
                                              "nesting_mode": "list",
                                              "block": {
                                                "attributes": {
                                                  "nanos": {
                                                    "type": "number",
                                                    "description": "Span of time that's a fraction of a second at nanosecond resolution. Durations\nless than one second are represented with a 0 'seconds' field and a positive\n'nanos' field. Must be from 0 to 999,999,999 inclusive.",
                                                    "description_kind": "plain",
                                                    "optional": true
                                                  },
                                                  "seconds": {
                                                    "type": "string",
                                                    "description": "Span of time at a resolution of a second. Must be from 0 to 315,576,000,000\ninclusive.",
                                                    "description_kind": "plain",
                                                    "required": true
                                                  }
                                                },
                                                "description": "Specifies the value of the fixed delay interval.",
                                                "description_kind": "plain"
                                              },
                                              "max_items": 1
                                            }
                                          },
                                          "description": "The specification for how client requests are delayed as part of fault\ninjection, before being sent to a backend service.",
                                          "description_kind": "plain"
                                        },
                                        "max_items": 1
                                      }
                                    },
                                    "description": "The specification for fault injection introduced into traffic to test the\nresiliency of clients to backend service failure. As part of fault injection,\nwhen clients send requests to a backend service, delays can be introduced by\nLoadbalancer on a percentage of requests before sending those request to the\nbackend service. Similarly requests from clients can be aborted by the\nLoadbalancer for a percentage of requests. timeout and retry_policy will be\nignored by clients that are configured with a fault_injection_policy.",
                                    "description_kind": "plain"
                                  },
                                  "max_items": 1
                                },
                                "request_mirror_policy": {
                                  "nesting_mode": "list",
                                  "block": {
                                    "attributes": {
                                      "backend_service": {
                                        "type": "string",
                                        "description": "The BackendService resource being mirrored to.",
                                        "description_kind": "plain",
                                        "required": true
                                      }
                                    },
                                    "description": "Specifies the policy on how requests intended for the route's backends are\nshadowed to a separate mirrored backend service. Loadbalancer does not wait for\nresponses from the shadow service. Prior to sending traffic to the shadow\nservice, the host / authority header is suffixed with -shadow.",
                                    "description_kind": "plain"
                                  },
                                  "max_items": 1
                                },
                                "retry_policy": {
                                  "nesting_mode": "list",
                                  "block": {
                                    "attributes": {
                                      "num_retries": {
                                        "type": "number",
                                        "description": "Specifies the allowed number retries. This number must be \u003e 0.",
                                        "description_kind": "plain",
                                        "required": true
                                      },
                                      "retry_conditions": {
                                        "type": [
                                          "list",
                                          "string"
                                        ],
                                        "description": "Specfies one or more conditions when this retry rule applies. Valid values are:\n\n* 5xx: Loadbalancer will attempt a retry if the backend service responds with\n  any 5xx response code, or if the backend service does not respond at all,\n  for example: disconnects, reset, read timeout, connection failure, and refused\n  streams.\n* gateway-error: Similar to 5xx, but only applies to response codes\n  502, 503 or 504.\n* connect-failure: Loadbalancer will retry on failures\n  connecting to backend services, for example due to connection timeouts.\n* retriable-4xx: Loadbalancer will retry for retriable 4xx response codes.\n  Currently the only retriable error supported is 409.\n* refused-stream: Loadbalancer will retry if the backend service resets the stream with a\n  REFUSED_STREAM error code. This reset type indicates that it is safe to retry.\n* cancelled: Loadbalancer will retry if the gRPC status code in the response\n  header is set to cancelled\n* deadline-exceeded: Loadbalancer will retry if the\n  gRPC status code in the response header is set to deadline-exceeded\n* resource-exhausted: Loadbalancer will retry if the gRPC status code in the response\n  header is set to resource-exhausted\n* unavailable: Loadbalancer will retry if the gRPC status code in\n  the response header is set to unavailable",
                                        "description_kind": "plain",
                                        "optional": true
                                      }
                                    },
                                    "block_types": {
                                      "per_try_timeout": {
                                        "nesting_mode": "list",
                                        "block": {
                                          "attributes": {
                                            "nanos": {
                                              "type": "number",
                                              "description": "Span of time that's a fraction of a second at nanosecond resolution. Durations\nless than one second are represented with a 0 'seconds' field and a positive\n'nanos' field. Must be from 0 to 999,999,999 inclusive.",
                                              "description_kind": "plain",
                                              "optional": true
                                            },
                                            "seconds": {
                                              "type": "string",
                                              "description": "Span of time at a resolution of a second. Must be from 0 to 315,576,000,000\ninclusive.",
                                              "description_kind": "plain",
                                              "required": true
                                            }
                                          },
                                          "description": "Specifies a non-zero timeout per retry attempt.\nIf not specified, will use the timeout set in HttpRouteAction. If timeout in HttpRouteAction\nis not set, will use the largest timeout among all backend services associated with the route.",
                                          "description_kind": "plain"
                                        },
                                        "max_items": 1
                                      }
                                    },
                                    "description": "Specifies the retry policy associated with this route.",
                                    "description_kind": "plain"
                                  },
                                  "max_items": 1
                                },
                                "timeout": {
                                  "nesting_mode": "list",
                                  "block": {
                                    "attributes": {
                                      "nanos": {
                                        "type": "number",
                                        "description": "Span of time that's a fraction of a second at nanosecond resolution. Durations\nless than one second are represented with a 0 'seconds' field and a positive\n'nanos' field. Must be from 0 to 999,999,999 inclusive.",
                                        "description_kind": "plain",
                                        "optional": true
                                      },
                                      "seconds": {
                                        "type": "string",
                                        "description": "Span of time at a resolution of a second. Must be from 0 to 315,576,000,000\ninclusive.",
                                        "description_kind": "plain",
                                        "required": true
                                      }
                                    },
                                    "description": "Specifies the timeout for the selected route. Timeout is computed from the time\nthe request is has been fully processed (i.e. end-of-stream) up until the\nresponse has been completely processed. Timeout includes all retries. If not\nspecified, the default value is 15 seconds.",
                                    "description_kind": "plain"
                                  },
                                  "max_items": 1
                                },
                                "url_rewrite": {
                                  "nesting_mode": "list",
                                  "block": {
                                    "attributes": {
                                      "host_rewrite": {
                                        "type": "string",
                                        "description": "Prior to forwarding the request to the selected service, the request's host\nheader is replaced with contents of hostRewrite. The value must be between 1 and\n255 characters.",
                                        "description_kind": "plain",
                                        "optional": true
                                      },
                                      "path_prefix_rewrite": {
                                        "type": "string",
                                        "description": "Prior to forwarding the request to the selected backend service, the matching\nportion of the request's path is replaced by pathPrefixRewrite. The value must\nbe between 1 and 1024 characters.",
                                        "description_kind": "plain",
                                        "optional": true
                                      },
                                      "path_template_rewrite": {
                                        "type": "string",
                                        "description": "Prior to forwarding the request to the selected origin, if the\nrequest matched a pathTemplateMatch, the matching portion of the\nrequest's path is replaced re-written using the pattern specified\nby pathTemplateRewrite.\n\npathTemplateRewrite must be between 1 and 255 characters\n(inclusive), must start with a '/', and must only use variables\ncaptured by the route's pathTemplate matchers.\n\npathTemplateRewrite may only be used when all of a route's\nMatchRules specify pathTemplate.\n\nOnly one of pathPrefixRewrite and pathTemplateRewrite may be\nspecified.",
                                        "description_kind": "plain",
                                        "optional": true
                                      }
                                    },
                                    "description": "The spec to modify the URL of the request, prior to forwarding the request to\nthe matched service",
                                    "description_kind": "plain"
                                  },
                                  "max_items": 1
                                },
                                "weighted_backend_services": {
                                  "nesting_mode": "list",
                                  "block": {
                                    "attributes": {
                                      "backend_service": {
                                        "type": "string",
                                        "description": "The default BackendService resource. Before\nforwarding the request to backendService, the loadbalancer applies any relevant\nheaderActions specified as part of this backendServiceWeight.",
                                        "description_kind": "plain",
                                        "required": true
                                      },
                                      "weight": {
                                        "type": "number",
                                        "description": "Specifies the fraction of traffic sent to backendService, computed as weight /\n(sum of all weightedBackendService weights in routeAction) . The selection of a\nbackend service is determined only for new traffic. Once a user's request has\nbeen directed to a backendService, subsequent requests will be sent to the same\nbackendService as determined by the BackendService's session affinity policy.\nThe value must be between 0 and 1000",
                                        "description_kind": "plain",
                                        "required": true
                                      }
                                    },
                                    "block_types": {
                                      "header_action": {
                                        "nesting_mode": "list",
                                        "block": {
                                          "attributes": {
                                            "request_headers_to_remove": {
                                              "type": [
                                                "list",
                                                "string"
                                              ],
                                              "description": "A list of header names for headers that need to be removed from the request\nprior to forwarding the request to the backendService.",
                                              "description_kind": "plain",
                                              "optional": true
                                            },
                                            "response_headers_to_remove": {
                                              "type": [
                                                "list",
                                                "string"
                                              ],
                                              "description": "A list of header names for headers that need to be removed from the response\nprior to sending the response back to the client.",
                                              "description_kind": "plain",
                                              "optional": true
                                            }
                                          },
                                          "block_types": {
                                            "request_headers_to_add": {
                                              "nesting_mode": "list",
                                              "block": {
                                                "attributes": {
                                                  "header_name": {
                                                    "type": "string",
                                                    "description": "The name of the header.",
                                                    "description_kind": "plain",
                                                    "required": true
                                                  },
                                                  "header_value": {
                                                    "type": "string",
                                                    "description": "The value of the header to add.",
                                                    "description_kind": "plain",
                                                    "required": true
                                                  },
                                                  "replace": {
                                                    "type": "bool",
                                                    "description": "If false, headerValue is appended to any values that already exist for the\nheader. If true, headerValue is set for the header, discarding any values that\nwere set for that header.",
                                                    "description_kind": "plain",
                                                    "required": true
                                                  }
                                                },
                                                "description": "Headers to add to a matching request prior to forwarding the request to the\nbackendService.",
                                                "description_kind": "plain"
                                              }
                                            },
                                            "response_headers_to_add": {
                                              "nesting_mode": "list",
                                              "block": {
                                                "attributes": {
                                                  "header_name": {
                                                    "type": "string",
                                                    "description": "The name of the header.",
                                                    "description_kind": "plain",
                                                    "required": true
                                                  },
                                                  "header_value": {
                                                    "type": "string",
                                                    "description": "The value of the header to add.",
                                                    "description_kind": "plain",
                                                    "required": true
                                                  },
                                                  "replace": {
                                                    "type": "bool",
                                                    "description": "If false, headerValue is appended to any values that already exist for the\nheader. If true, headerValue is set for the header, discarding any values that\nwere set for that header.",
                                                    "description_kind": "plain",
                                                    "required": true
                                                  }
                                                },
                                                "description": "Headers to add the response prior to sending the response back to the client.",
                                                "description_kind": "plain"
                                              }
                                            }
                                          },
                                          "description": "Specifies changes to request and response headers that need to take effect for\nthe selected backendService. headerAction specified here take effect before\nheaderAction in the enclosing HttpRouteRule, PathMatcher and UrlMap.",
                                          "description_kind": "plain"
                                        },
                                        "max_items": 1
                                      }
                                    },
                                    "description": "A list of weighted backend services to send traffic to when a route match\noccurs. The weights determine the fraction of traffic that flows to their\ncorresponding backend service. If all traffic needs to go to a single backend\nservice, there must be one  weightedBackendService with weight set to a non 0\nnumber. Once a backendService is identified and before forwarding the request to\nthe backend service, advanced routing actions like Url rewrites and header\ntransformations are applied depending on additional settings specified in this\nHttpRouteAction.",
                                    "description_kind": "plain"
                                  }
                                }
                              },
                              "description": "In response to a matching matchRule, the load balancer performs advanced routing\nactions like URL rewrites, header transformations, etc. prior to forwarding the\nrequest to the selected backend. If  routeAction specifies any\nweightedBackendServices, service must not be set. Conversely if service is set,\nrouteAction cannot contain any  weightedBackendServices. Only one of routeAction\nor urlRedirect must be set.",
                              "description_kind": "plain"
                            },
                            "max_items": 1
                          },
                          "url_redirect": {
                            "nesting_mode": "list",
                            "block": {
                              "attributes": {
                                "host_redirect": {
                                  "type": "string",
                                  "description": "The host that will be used in the redirect response instead of the one that was\nsupplied in the request. The value must be between 1 and 255 characters.",
                                  "description_kind": "plain",
                                  "optional": true
                                },
                                "https_redirect": {
                                  "type": "bool",
                                  "description": "If set to true, the URL scheme in the redirected request is set to https. If set\nto false, the URL scheme of the redirected request will remain the same as that\nof the request. This must only be set for UrlMaps used in TargetHttpProxys.\nSetting this true for TargetHttpsProxy is not permitted. Defaults to false.",
                                  "description_kind": "plain",
                                  "optional": true
                                },
                                "path_redirect": {
                                  "type": "string",
                                  "description": "The path that will be used in the redirect response instead of the one that was\nsupplied in the request. Only one of pathRedirect or prefixRedirect must be\nspecified. The value must be between 1 and 1024 characters.",
                                  "description_kind": "plain",
                                  "optional": true
                                },
                                "prefix_redirect": {
                                  "type": "string",
                                  "description": "The prefix that replaces the prefixMatch specified in the HttpRouteRuleMatch,\nretaining the remaining portion of the URL before redirecting the request.",
                                  "description_kind": "plain",
                                  "optional": true
                                },
                                "redirect_response_code": {
                                  "type": "string",
                                  "description": "The HTTP Status code to use for this RedirectAction. Supported values are:\n\n* MOVED_PERMANENTLY_DEFAULT, which is the default value and corresponds to 301.\n\n* FOUND, which corresponds to 302.\n\n* SEE_OTHER which corresponds to 303.\n\n* TEMPORARY_REDIRECT, which corresponds to 307. In this case, the request method will be retained.\n\n* PERMANENT_REDIRECT, which corresponds to 308. In this case, the request method will be retained. Possible values: [\"FOUND\", \"MOVED_PERMANENTLY_DEFAULT\", \"PERMANENT_REDIRECT\", \"SEE_OTHER\", \"TEMPORARY_REDIRECT\"]",
                                  "description_kind": "plain",
                                  "optional": true
                                },
                                "strip_query": {
                                  "type": "bool",
                                  "description": "If set to true, any accompanying query portion of the original URL is removed\nprior to redirecting the request. If set to false, the query portion of the\noriginal URL is retained. Defaults to false.",
                                  "description_kind": "plain",
                                  "optional": true
                                }
                              },
                              "description": "When this rule is matched, the request is redirected to a URL specified by\nurlRedirect. If urlRedirect is specified, service or routeAction must not be\nset.",
                              "description_kind": "plain"
                            },
                            "max_items": 1
                          }
                        },
                        "description": "The list of ordered HTTP route rules. Use this list instead of pathRules when\nadvanced route matching and routing actions are desired. The order of specifying\nrouteRules matters: the first rule that matches will cause its specified routing\naction to take effect. Within a given pathMatcher, only one of pathRules or\nrouteRules must be set. routeRules are not supported in UrlMaps intended for\nExternal load balancers.",
                        "description_kind": "plain"
                      }
                    }
                  },
                  "description": "The list of named PathMatchers to use against the URL.",
                  "description_kind": "plain"
                }
              },
              "test": {
                "nesting_mode": "list",
                "block": {
                  "attributes": {
                    "description": {
                      "type": "string",
                      "description": "Description of this test case.",
                      "description_kind": "plain",
                      "optional": true
                    },
                    "host": {
                      "type": "string",
                      "description": "Host portion of the URL.",
                      "description_kind": "plain",
                      "required": true
                    },
                    "path": {
                      "type": "string",
                      "description": "Path portion of the URL.",
                      "description_kind": "plain",
                      "required": true
                    },
                    "service": {
                      "type": "string",
                      "description": "The backend service or backend bucket link that should be matched by this test.",
                      "description_kind": "plain",
                      "required": true
                    }
                  },
                  "description": "The list of expected URL mapping tests. Request to update this UrlMap will\nsucceed only if all of the test cases pass. You can specify a maximum of 100\ntests per UrlMap.",
                  "description_kind": "plain"
                }
              },
              "timeouts": {
                "nesting_mode": "single",
                "block": {
                  "attributes": {
                    "create": {
                      "type": "string",
                      "description_kind": "plain",
                      "optional": true
                    },
                    "delete": {
                      "type": "string",
                      "description_kind": "plain",
                      "optional": true
                    },
                    "update": {
                      "type": "string",
                      "description_kind": "plain",
                      "optional": true
                    }
                  },
                  "description_kind": "plain"
                }
              }
            },
            "description_kind": "plain"
          }
        },
        "google_container_cluster": {
          "version": 2,
          "block": {
            "attributes": {
              "allow_net_admin": {
                "type": "bool",
                "description": "Enable NET_ADMIN for this cluster.",
                "description_kind": "plain",
                "optional": true
              },
              "cluster_ipv4_cidr": {
                "type": "string",
                "description": "The IP address range of the Kubernetes pods in this cluster in CIDR notation (e.g. 10.96.0.0/14). Leave blank to have one automatically chosen or specify a /14 block in 10.0.0.0/8. This field will only work for routes-based clusters, where ip_allocation_policy is not defined.",
                "description_kind": "plain",
                "optional": true,
                "computed": true
              },
              "datapath_provider": {
                "type": "string",
                "description": "The desired datapath provider for this cluster. By default, uses the IPTables-based kube-proxy implementation.",
                "description_kind": "plain",
                "optional": true,
                "computed": true
              },
              "default_max_pods_per_node": {
                "type": "number",
                "description": "The default maximum number of pods per node in this cluster. This doesn't work on \"routes-based\" clusters, clusters that don't have IP Aliasing enabled.",
                "description_kind": "plain",
                "optional": true,
                "computed": true
              },
              "deletion_protection": {
                "type": "bool",
                "description": "When the field is set to true or unset in Terraform state, a terraform apply or terraform destroy that would delete the cluster will fail. When the field is set to false, deleting the cluster is allowed.",
                "description_kind": "plain",
                "optional": true
              },
              "description": {
                "type": "string",
                "description": " Description of the cluster.",
                "description_kind": "plain",
                "optional": true
              },
              "effective_labels": {
                "type": [
                  "map",
                  "string"
                ],
                "description": "All of labels (key/value pairs) present on the resource in GCP, including the labels configured through Terraform, other clients and services.",
                "description_kind": "plain",
                "computed": true
              },
              "enable_autopilot": {
                "type": "bool",
                "description": "Enable Autopilot for this cluster.",
                "description_kind": "plain",
                "optional": true
              },
              "enable_cilium_clusterwide_network_policy": {
                "type": "bool",
                "description": "Whether Cilium cluster-wide network policy is enabled on this cluster.",
                "description_kind": "plain",
                "optional": true
              },
              "enable_intranode_visibility": {
                "type": "bool",
                "description": "Whether Intra-node visibility is enabled for this cluster. This makes same node pod to pod traffic visible for VPC network.",
                "description_kind": "plain",
                "optional": true,
                "computed": true
              },
              "enable_kubernetes_alpha": {
                "type": "bool",
                "description": "Whether to enable Kubernetes Alpha features for this cluster. Note that when this option is enabled, the cluster cannot be upgraded and will be automatically deleted after 30 days.",
                "description_kind": "plain",
                "optional": true
              },
              "enable_l4_ilb_subsetting": {
                "type": "bool",
                "description": "Whether L4ILB Subsetting is enabled for this cluster.",
                "description_kind": "plain",
                "optional": true
              },
              "enable_legacy_abac": {
                "type": "bool",
                "description": "Whether the ABAC authorizer is enabled for this cluster. When enabled, identities in the system, including service accounts, nodes, and controllers, will have statically granted permissions beyond those provided by the RBAC configuration or IAM. Defaults to false.",
                "description_kind": "plain",
                "optional": true
              },
              "enable_multi_networking": {
                "type": "bool",
                "description": "Whether multi-networking is enabled for this cluster.",
                "description_kind": "plain",
                "optional": true
              },
              "enable_shielded_nodes": {
                "type": "bool",
                "description": "Enable Shielded Nodes features on all nodes in this cluster. Defaults to true.",
                "description_kind": "plain",
                "optional": true
              },
              "enable_tpu": {
                "type": "bool",
                "description": "Whether to enable Cloud TPU resources in this cluster.",
                "description_kind": "plain",
                "optional": true
              },
              "endpoint": {
                "type": "string",
                "description": "The IP address of this cluster's Kubernetes master.",
                "description_kind": "plain",
                "computed": true
              },
              "id": {
                "type": "string",
                "description_kind": "plain",
                "optional": true,
                "computed": true
              },
              "initial_node_count": {
                "type": "number",
                "description": "The number of nodes to create in this cluster's default node pool. In regional or multi-zonal clusters, this is the number of nodes per zone. Must be set if node_pool is not set. If you're using google_container_node_pool objects with no default node pool, you'll need to set this to a value of at least 1, alongside setting remove_default_node_pool to true.",
                "description_kind": "plain",
                "optional": true
              },
              "label_fingerprint": {
                "type": "string",
                "description": "The fingerprint of the set of labels for this cluster.",
                "description_kind": "plain",
                "computed": true
              },
              "location": {
                "type": "string",
                "description": "The location (region or zone) in which the cluster master will be created, as well as the default node location. If you specify a zone (such as us-central1-a), the cluster will be a zonal cluster with a single cluster master. If you specify a region (such as us-west1), the cluster will be a regional cluster with multiple masters spread across zones in the region, and with default node locations in those zones as well.",
                "description_kind": "plain",
                "optional": true,
                "computed": true
              },
              "logging_service": {
                "type": "string",
                "description": "The logging service that the cluster should write logs to. Available options include logging.googleapis.com(Legacy Stackdriver), logging.googleapis.com/kubernetes(Stackdriver Kubernetes Engine Logging), and none. Defaults to logging.googleapis.com/kubernetes.",
                "description_kind": "plain",
                "optional": true,
                "computed": true
              },
              "master_version": {
                "type": "string",
                "description": "The current version of the master in the cluster. This may be different than the min_master_version set in the config if the master has been updated by GKE.",
                "description_kind": "plain",
                "computed": true
              },
              "min_master_version": {
                "type": "string",
                "description": "The minimum version of the master. GKE will auto-update the master to new versions, so this does not guarantee the current master version--use the read-only master_version field to obtain that. If unset, the cluster's version will be set by GKE to the version of the most recent official release (which is not necessarily the latest version).",
                "description_kind": "plain",
                "optional": true
              },
              "monitoring_service": {
                "type": "string",
                "description": "The monitoring service that the cluster should write metrics to. Automatically send metrics from pods in the cluster to the Google Cloud Monitoring API. VM metrics will be collected by Google Compute Engine regardless of this setting Available options include monitoring.googleapis.com(Legacy Stackdriver), monitoring.googleapis.com/kubernetes(Stackdriver Kubernetes Engine Monitoring), and none. Defaults to monitoring.googleapis.com/kubernetes.",
                "description_kind": "plain",
                "optional": true,
                "computed": true
              },
              "name": {
                "type": "string",
                "description": "The name of the cluster, unique within the project and location.",
                "description_kind": "plain",
                "required": true
              },
              "network": {
                "type": "string",
                "description": "The name or self_link of the Google Compute Engine network to which the cluster is connected. For Shared VPC, set this to the self link of the shared network.",
                "description_kind": "plain",
                "optional": true
              },
              "networking_mode": {
                "type": "string",
                "description": "Determines whether alias IPs or routes will be used for pod IPs in the cluster. Defaults to VPC_NATIVE for new clusters.",
                "description_kind": "plain",
                "optional": true,
                "computed": true
              },
              "node_locations": {
                "type": [
                  "set",
                  "string"
                ],
                "description": "The list of zones in which the cluster's nodes are located. Nodes must be in the region of their regional cluster or in the same region as their cluster's zone for zonal clusters. If this is specified for a zonal cluster, omit the cluster's zone.",
                "description_kind": "plain",
                "optional": true,
                "computed": true
              },
              "node_version": {
                "type": "string",
                "description": "The Kubernetes version on the nodes. Must either be unset or set to the same value as min_master_version on create. Defaults to the default version set by GKE which is not necessarily the latest version. This only affects nodes in the default node pool. While a fuzzy version can be specified, it's recommended that you specify explicit versions as Terraform will see spurious diffs when fuzzy versions are used. See the google_container_engine_versions data source's version_prefix field to approximate fuzzy versions in a Terraform-compatible way. To update nodes in other node pools, use the version attribute on the node pool.",
                "description_kind": "plain",
                "optional": true,
                "computed": true
              },
              "operation": {
                "type": "string",
                "description_kind": "plain",
                "computed": true
              },
              "private_ipv6_google_access": {
                "type": "string",
                "description": "The desired state of IPv6 connectivity to Google Services. By default, no private IPv6 access to or from Google Services (all access will be via IPv4).",
                "description_kind": "plain",
                "optional": true,
                "computed": true
              },
              "project": {
                "type": "string",
                "description": "The ID of the project in which the resource belongs. If it is not provided, the provider project is used.",
                "description_kind": "plain",
                "optional": true,
                "computed": true
              },
              "remove_default_node_pool": {
                "type": "bool",
                "description": "If true, deletes the default node pool upon cluster creation. If you're using google_container_node_pool resources with no default node pool, this should be set to true, alongside setting initial_node_count to at least 1.",
                "description_kind": "plain",
                "optional": true
              },
              "resource_labels": {
                "type": [
                  "map",
                  "string"
                ],
                "description": "The GCE resource labels (a map of key/value pairs) to be applied to the cluster.\n\n\t\t\t\t**Note**: This field is non-authoritative, and will only manage the labels present in your configuration.\n\t\t\t\tPlease refer to the field 'effective_labels' for all of the labels present on the resource.",
                "description_kind": "plain",
                "optional": true
              },
              "self_link": {
                "type": "string",
                "description": "Server-defined URL for the resource.",
                "description_kind": "plain",
                "computed": true
              },
              "services_ipv4_cidr": {
                "type": "string",
                "description": "The IP address range of the Kubernetes services in this cluster, in CIDR notation (e.g. 1.2.3.4/29). Service addresses are typically put in the last /16 from the container CIDR.",
                "description_kind": "plain",
                "computed": true
              },
              "subnetwork": {
                "type": "string",
                "description": "The name or self_link of the Google Compute Engine subnetwork in which the cluster's instances are launched.",
                "description_kind": "plain",
                "optional": true,
                "computed": true
              },
              "terraform_labels": {
                "type": [
                  "map",
                  "string"
                ],
                "description": "The combination of labels configured directly on the resource and default labels configured on the provider.",
                "description_kind": "plain",
                "computed": true
              },
              "tpu_ipv4_cidr_block": {
                "type": "string",
                "description": "The IP address range of the Cloud TPUs in this cluster, in CIDR notation (e.g. 1.2.3.4/29).",
                "description_kind": "plain",
                "computed": true
              }
            },
            "block_types": {
              "addons_config": {
                "nesting_mode": "list",
                "block": {
                  "block_types": {
                    "cloudrun_config": {
                      "nesting_mode": "list",
                      "block": {
                        "attributes": {
                          "disabled": {
                            "type": "bool",
                            "description_kind": "plain",
                            "required": true
                          },
                          "load_balancer_type": {
                            "type": "string",
                            "description_kind": "plain",
                            "optional": true
                          }
                        },
                        "description": "The status of the CloudRun addon. It is disabled by default. Set disabled = false to enable.",
                        "description_kind": "plain"
                      },
                      "max_items": 1
                    },
                    "config_connector_config": {
                      "nesting_mode": "list",
                      "block": {
                        "attributes": {
                          "enabled": {
                            "type": "bool",
                            "description_kind": "plain",
                            "required": true
                          }
                        },
                        "description": "The of the Config Connector addon.",
                        "description_kind": "plain"
                      },
                      "max_items": 1
                    },
                    "dns_cache_config": {
                      "nesting_mode": "list",
                      "block": {
                        "attributes": {
                          "enabled": {
                            "type": "bool",
                            "description_kind": "plain",
                            "required": true
                          }
                        },
                        "description": "The status of the NodeLocal DNSCache addon. It is disabled by default. Set enabled = true to enable.",
                        "description_kind": "plain"
                      },
                      "max_items": 1
                    },
                    "gce_persistent_disk_csi_driver_config": {
                      "nesting_mode": "list",
                      "block": {
                        "attributes": {
                          "enabled": {
                            "type": "bool",
                            "description_kind": "plain",
                            "required": true
                          }
                        },
                        "description": "Whether this cluster should enable the Google Compute Engine Persistent Disk Container Storage Interface (CSI) Driver. Set enabled = true to enable. The Compute Engine persistent disk CSI Driver is enabled by default on newly created clusters for the following versions: Linux clusters: GKE version 1.18.10-gke.2100 or later, or 1.19.3-gke.2100 or later.",
                        "description_kind": "plain"
                      },
                      "max_items": 1
                    },
                    "gcp_filestore_csi_driver_config": {
                      "nesting_mode": "list",
                      "block": {
                        "attributes": {
                          "enabled": {
                            "type": "bool",
                            "description_kind": "plain",
                            "required": true
                          }
                        },
                        "description": "The status of the Filestore CSI driver addon, which allows the usage of filestore instance as volumes. Defaults to disabled for Standard clusters; set enabled = true to enable. It is enabled by default for Autopilot clusters; set enabled = true to enable it explicitly.",
                        "description_kind": "plain"
                      },
                      "max_items": 1
                    },
                    "gcs_fuse_csi_driver_config": {
                      "nesting_mode": "list",
                      "block": {
                        "attributes": {
                          "enabled": {
                            "type": "bool",
                            "description_kind": "plain",
                            "required": true
                          }
                        },
                        "description": "The status of the GCS Fuse CSI driver addon, which allows the usage of gcs bucket as volumes. Defaults to disabled; set enabled = true to enable.",
                        "description_kind": "plain"
                      },
                      "max_items": 1
                    },
                    "gke_backup_agent_config": {
                      "nesting_mode": "list",
                      "block": {
                        "attributes": {
                          "enabled": {
                            "type": "bool",
                            "description_kind": "plain",
                            "required": true
                          }
                        },
                        "description": "The status of the Backup for GKE Agent addon. It is disabled by default. Set enabled = true to enable.",
                        "description_kind": "plain"
                      },
                      "max_items": 1
                    },
                    "horizontal_pod_autoscaling": {
                      "nesting_mode": "list",
                      "block": {
                        "attributes": {
                          "disabled": {
                            "type": "bool",
                            "description_kind": "plain",
                            "required": true
                          }
                        },
                        "description": "The status of the Horizontal Pod Autoscaling addon, which increases or decreases the number of replica pods a replication controller has based on the resource usage of the existing pods. It ensures that a Heapster pod is running in the cluster, which is also used by the Cloud Monitoring service. It is enabled by default; set disabled = true to disable.",
                        "description_kind": "plain"
                      },
                      "max_items": 1
                    },
                    "http_load_balancing": {
                      "nesting_mode": "list",
                      "block": {
                        "attributes": {
                          "disabled": {
                            "type": "bool",
                            "description_kind": "plain",
                            "required": true
                          }
                        },
                        "description": "The status of the HTTP (L7) load balancing controller addon, which makes it easy to set up HTTP load balancers for services in a cluster. It is enabled by default; set disabled = true to disable.",
                        "description_kind": "plain"
                      },
                      "max_items": 1
                    },
                    "network_policy_config": {
                      "nesting_mode": "list",
                      "block": {
                        "attributes": {
                          "disabled": {
                            "type": "bool",
                            "description_kind": "plain",
                            "required": true
                          }
                        },
                        "description": "Whether we should enable the network policy addon for the master. This must be enabled in order to enable network policy for the nodes. To enable this, you must also define a network_policy block, otherwise nothing will happen. It can only be disabled if the nodes already do not have network policies enabled. Defaults to disabled; set disabled = false to enable.",
                        "description_kind": "plain"
                      },
                      "max_items": 1
                    },
                    "ray_operator_config": {
                      "nesting_mode": "list",
                      "block": {
                        "attributes": {
                          "enabled": {
                            "type": "bool",
                            "description_kind": "plain",
                            "required": true
                          }
                        },
                        "block_types": {
                          "ray_cluster_logging_config": {
                            "nesting_mode": "list",
                            "block": {
                              "attributes": {
                                "enabled": {
                                  "type": "bool",
                                  "description_kind": "plain",
                                  "required": true
                                }
                              },
                              "description": "The status of Ray Logging, which scrapes Ray cluster logs to Cloud Logging. Defaults to disabled; set enabled = true to enable.",
                              "description_kind": "plain"
                            },
                            "max_items": 1
                          },
                          "ray_cluster_monitoring_config": {
                            "nesting_mode": "list",
                            "block": {
                              "attributes": {
                                "enabled": {
                                  "type": "bool",
                                  "description_kind": "plain",
                                  "required": true
                                }
                              },
                              "description": "The status of Ray Cluster monitoring, which shows Ray cluster metrics in Cloud Console. Defaults to disabled; set enabled = true to enable.",
                              "description_kind": "plain"
                            },
                            "max_items": 1
                          }
                        },
                        "description": "The status of the Ray Operator addon, which enabled management of Ray AI/ML jobs on GKE. Defaults to disabled; set enabled = true to enable.",
                        "description_kind": "plain"
                      },
                      "max_items": 3
                    },
                    "stateful_ha_config": {
                      "nesting_mode": "list",
                      "block": {
                        "attributes": {
                          "enabled": {
                            "type": "bool",
                            "description_kind": "plain",
                            "required": true
                          }
                        },
                        "description": "The status of the Stateful HA addon, which provides automatic configurable failover for stateful applications. Defaults to disabled; set enabled = true to enable.",
                        "description_kind": "plain"
                      },
                      "max_items": 1
                    }
                  },
                  "description": "The configuration for addons supported by GKE.",
                  "description_kind": "plain"
                },
                "max_items": 1
              },
              "authenticator_groups_config": {
                "nesting_mode": "list",
                "block": {
                  "attributes": {
                    "security_group": {
                      "type": "string",
                      "description": "The name of the RBAC security group for use with Google security groups in Kubernetes RBAC. Group name must be in format gke-security-groups@yourdomain.com.",
                      "description_kind": "plain",
                      "required": true
                    }
                  },
                  "description": "Configuration for the Google Groups for GKE feature.",
                  "description_kind": "plain"
                },
                "max_items": 1
              },
              "binary_authorization": {
                "nesting_mode": "list",
                "block": {
                  "attributes": {
                    "enabled": {
                      "type": "bool",
                      "description": "Enable Binary Authorization for this cluster.",
                      "description_kind": "plain",
                      "deprecated": true,
                      "optional": true
                    },
                    "evaluation_mode": {
                      "type": "string",
                      "description": "Mode of operation for Binary Authorization policy evaluation.",
                      "description_kind": "plain",
                      "optional": true,
                      "computed": true
                    }
                  },
                  "description": "Configuration options for the Binary Authorization feature.",
                  "description_kind": "plain"
                },
                "max_items": 1
              },
              "cluster_autoscaling": {
                "nesting_mode": "list",
                "block": {
                  "attributes": {
                    "auto_provisioning_locations": {
                      "type": [
                        "list",
                        "string"
                      ],
                      "description": "The list of Google Compute Engine zones in which the NodePool's nodes can be created by NAP.",
                      "description_kind": "plain",
                      "optional": true,
                      "computed": true
                    },
                    "autoscaling_profile": {
                      "type": "string",
                      "description": "Configuration options for the Autoscaling profile feature, which lets you choose whether the cluster autoscaler should optimize for resource utilization or resource availability when deciding to remove nodes from a cluster. Can be BALANCED or OPTIMIZE_UTILIZATION. Defaults to BALANCED.",
                      "description_kind": "plain",
                      "optional": true
                    },
                    "enabled": {
                      "type": "bool",
                      "description": "Whether node auto-provisioning is enabled. Resource limits for cpu and memory must be defined to enable node auto-provisioning.",
                      "description_kind": "plain",
                      "optional": true,
                      "computed": true
                    }
                  },
                  "block_types": {
                    "auto_provisioning_defaults": {
                      "nesting_mode": "list",
                      "block": {
                        "attributes": {
                          "boot_disk_kms_key": {
                            "type": "string",
                            "description": "The Customer Managed Encryption Key used to encrypt the boot disk attached to each node in the node pool.",
                            "description_kind": "plain",
                            "optional": true
                          },
                          "disk_size": {
                            "type": "number",
                            "description": "Size of the disk attached to each node, specified in GB. The smallest allowed disk size is 10GB.",
                            "description_kind": "plain",
                            "optional": true
                          },
                          "disk_type": {
                            "type": "string",
                            "description": "Type of the disk attached to each node.",
                            "description_kind": "plain",
                            "optional": true
                          },
                          "image_type": {
                            "type": "string",
                            "description": "The default image type used by NAP once a new node pool is being created.",
                            "description_kind": "plain",
                            "optional": true
                          },
                          "min_cpu_platform": {
                            "type": "string",
                            "description": "Minimum CPU platform to be used by this instance. The instance may be scheduled on the specified or newer CPU platform. Applicable values are the friendly names of CPU platforms, such as Intel Haswell.",
                            "description_kind": "plain",
                            "optional": true
                          },
                          "oauth_scopes": {
                            "type": [
                              "list",
                              "string"
                            ],
                            "description": "Scopes that are used by NAP when creating node pools.",
                            "description_kind": "plain",
                            "optional": true,
                            "computed": true
                          },
                          "service_account": {
                            "type": "string",
                            "description": "The Google Cloud Platform Service Account to be used by the node VMs.",
                            "description_kind": "plain",
                            "optional": true
                          }
                        },
                        "block_types": {
                          "management": {
                            "nesting_mode": "list",
                            "block": {
                              "attributes": {
                                "auto_repair": {
                                  "type": "bool",
                                  "description": "Specifies whether the node auto-repair is enabled for the node pool. If enabled, the nodes in this node pool will be monitored and, if they fail health checks too many times, an automatic repair action will be triggered.",
                                  "description_kind": "plain",
                                  "optional": true,
                                  "computed": true
                                },
                                "auto_upgrade": {
                                  "type": "bool",
                                  "description": "Specifies whether node auto-upgrade is enabled for the node pool. If enabled, node auto-upgrade helps keep the nodes in your node pool up to date with the latest release version of Kubernetes.",
                                  "description_kind": "plain",
                                  "optional": true,
                                  "computed": true
                                },
                                "upgrade_options": {
                                  "type": [
                                    "list",
                                    [
                                      "object",
                                      {
                                        "auto_upgrade_start_time": "string",
                                        "description": "string"
                                      }
                                    ]
                                  ],
                                  "description": "Specifies the Auto Upgrade knobs for the node pool.",
                                  "description_kind": "plain",
                                  "computed": true
                                }
                              },
                              "description": "NodeManagement configuration for this NodePool.",
                              "description_kind": "plain"
                            },
                            "max_items": 1
                          },
                          "shielded_instance_config": {
                            "nesting_mode": "list",
                            "block": {
                              "attributes": {
                                "enable_integrity_monitoring": {
                                  "type": "bool",
                                  "description": "Defines whether the instance has integrity monitoring enabled.",
                                  "description_kind": "plain",
                                  "optional": true
                                },
                                "enable_secure_boot": {
                                  "type": "bool",
                                  "description": "Defines whether the instance has Secure Boot enabled.",
                                  "description_kind": "plain",
                                  "optional": true
                                }
                              },
                              "description": "Shielded Instance options.",
                              "description_kind": "plain"
                            },
                            "max_items": 1
                          },
                          "upgrade_settings": {
                            "nesting_mode": "list",
                            "block": {
                              "attributes": {
                                "max_surge": {
                                  "type": "number",
                                  "description": "The maximum number of nodes that can be created beyond the current size of the node pool during the upgrade process.",
                                  "description_kind": "plain",
                                  "optional": true
                                },
                                "max_unavailable": {
                                  "type": "number",
                                  "description": "The maximum number of nodes that can be simultaneously unavailable during the upgrade process.",
                                  "description_kind": "plain",
                                  "optional": true
                                },
                                "strategy": {
                                  "type": "string",
                                  "description": "Update strategy of the node pool.",
                                  "description_kind": "plain",
                                  "optional": true,
                                  "computed": true
                                }
                              },
                              "block_types": {
                                "blue_green_settings": {
                                  "nesting_mode": "list",
                                  "block": {
                                    "attributes": {
                                      "node_pool_soak_duration": {
                                        "type": "string",
                                        "description": "Time needed after draining entire blue pool. After this period, blue pool will be cleaned up.\n\n\t\t\t\t\t\t\t\t\t\t\t\t\t\t\t\tA duration in seconds with up to nine fractional digits, ending with 's'. Example: \"3.5s\".",
                                        "description_kind": "plain",
                                        "optional": true,
                                        "computed": true
                                      }
                                    },
                                    "block_types": {
                                      "standard_rollout_policy": {
                                        "nesting_mode": "list",
                                        "block": {
                                          "attributes": {
                                            "batch_node_count": {
                                              "type": "number",
                                              "description": "Number of blue nodes to drain in a batch.",
                                              "description_kind": "plain",
                                              "optional": true,
                                              "computed": true
                                            },
                                            "batch_percentage": {
                                              "type": "number",
                                              "description": "Percentage of the bool pool nodes to drain in a batch. The range of this field should be (0.0, 1.0].",
                                              "description_kind": "plain",
                                              "optional": true,
                                              "computed": true
                                            },
                                            "batch_soak_duration": {
                                              "type": "string",
                                              "description": "Soak time after each batch gets drained.\n\n\t\t\t\t\t\t\t\t\t\t\t\t\t\t\t\t\t\t\tA duration in seconds with up to nine fractional digits, ending with 's'. Example: \"3.5s\".",
                                              "description_kind": "plain",
                                              "optional": true
                                            }
                                          },
                                          "description": "Standard policy for the blue-green upgrade.",
                                          "description_kind": "plain"
                                        },
                                        "max_items": 1
                                      }
                                    },
                                    "description": "Settings for blue-green upgrade strategy.",
                                    "description_kind": "plain"
                                  },
                                  "max_items": 1
                                }
                              },
                              "description": "Specifies the upgrade settings for NAP created node pools",
                              "description_kind": "plain"
                            },
                            "max_items": 1
                          }
                        },
                        "description": "Contains defaults for a node pool created by NAP.",
                        "description_kind": "plain"
                      },
                      "max_items": 1
                    },
                    "resource_limits": {
                      "nesting_mode": "list",
                      "block": {
                        "attributes": {
                          "maximum": {
                            "type": "number",
                            "description": "Maximum amount of the resource in the cluster.",
                            "description_kind": "plain",
                            "optional": true
                          },
                          "minimum": {
                            "type": "number",
                            "description": "Minimum amount of the resource in the cluster.",
                            "description_kind": "plain",
                            "optional": true
                          },
                          "resource_type": {
                            "type": "string",
                            "description": "The type of the resource. For example, cpu and memory. See the guide to using Node Auto-Provisioning for a list of types.",
                            "description_kind": "plain",
                            "required": true
                          }
                        },
                        "description": "Global constraints for machine resources in the cluster. Configuring the cpu and memory types is required if node auto-provisioning is enabled. These limits will apply to node pool autoscaling in addition to node auto-provisioning.",
                        "description_kind": "plain"
                      }
                    }
                  },
                  "description": "Per-cluster configuration of Node Auto-Provisioning with Cluster Autoscaler to automatically adjust the size of the cluster and create/delete node pools based on the current needs of the cluster's workload. See the guide to using Node Auto-Provisioning for more details.",
                  "description_kind": "plain"
                },
                "max_items": 1
              },
              "confidential_nodes": {
                "nesting_mode": "list",
                "block": {
                  "attributes": {
                    "enabled": {
                      "type": "bool",
                      "description": "Whether Confidential Nodes feature is enabled for all nodes in this cluster.",
                      "description_kind": "plain",
                      "required": true
                    }
                  },
                  "description": "Configuration for the confidential nodes feature, which makes nodes run on confidential VMs. Warning: This configuration can't be changed (or added/removed) after cluster creation without deleting and recreating the entire cluster.",
                  "description_kind": "plain"
                },
                "max_items": 1
              },
              "cost_management_config": {
                "nesting_mode": "list",
                "block": {
                  "attributes": {
                    "enabled": {
                      "type": "bool",
                      "description": "Whether to enable GKE cost allocation. When you enable GKE cost allocation, the cluster name and namespace of your GKE workloads appear in the labels field of the billing export to BigQuery. Defaults to false.",
                      "description_kind": "plain",
                      "required": true
                    }
                  },
                  "description": "Cost management configuration for the cluster.",
                  "description_kind": "plain"
                },
                "max_items": 1
              },
              "database_encryption": {
                "nesting_mode": "list",
                "block": {
                  "attributes": {
                    "key_name": {
                      "type": "string",
                      "description": "The key to use to encrypt/decrypt secrets.",
                      "description_kind": "plain",
                      "optional": true
                    },
                    "state": {
                      "type": "string",
                      "description": "ENCRYPTED or DECRYPTED.",
                      "description_kind": "plain",
                      "required": true
                    }
                  },
                  "description": "Application-layer Secrets Encryption settings. The object format is {state = string, key_name = string}. Valid values of state are: \"ENCRYPTED\"; \"DECRYPTED\". key_name is the name of a CloudKMS key.",
                  "description_kind": "plain"
                },
                "max_items": 1
              },
              "default_snat_status": {
                "nesting_mode": "list",
                "block": {
                  "attributes": {
                    "disabled": {
                      "type": "bool",
                      "description": "When disabled is set to false, default IP masquerade rules will be applied to the nodes to prevent sNAT on cluster internal traffic.",
                      "description_kind": "plain",
                      "required": true
                    }
                  },
                  "description": "Whether the cluster disables default in-node sNAT rules. In-node sNAT rules will be disabled when defaultSnatStatus is disabled.",
                  "description_kind": "plain"
                },
                "max_items": 1
              },
              "dns_config": {
                "nesting_mode": "list",
                "block": {
                  "attributes": {
                    "additive_vpc_scope_dns_domain": {
                      "type": "string",
                      "description": "Enable additive VPC scope DNS in a GKE cluster.",
                      "description_kind": "plain",
                      "optional": true
                    },
                    "cluster_dns": {
                      "type": "string",
                      "description": "Which in-cluster DNS provider should be used.",
                      "description_kind": "plain",
                      "optional": true
                    },
                    "cluster_dns_domain": {
                      "type": "string",
                      "description": "The suffix used for all cluster service records.",
                      "description_kind": "plain",
                      "optional": true
                    },
                    "cluster_dns_scope": {
                      "type": "string",
                      "description": "The scope of access to cluster DNS records.",
                      "description_kind": "plain",
                      "optional": true
                    }
                  },
                  "description": "Configuration for Cloud DNS for Kubernetes Engine.",
                  "description_kind": "plain"
                },
                "max_items": 1
              },
              "enable_k8s_beta_apis": {
                "nesting_mode": "list",
                "block": {
                  "attributes": {
                    "enabled_apis": {
                      "type": [
                        "set",
                        "string"
                      ],
                      "description": "Enabled Kubernetes Beta APIs.",
                      "description_kind": "plain",
                      "required": true
                    }
                  },
                  "description": "Configuration for Kubernetes Beta APIs.",
                  "description_kind": "plain"
                },
                "max_items": 1
              },
              "fleet": {
                "nesting_mode": "list",
                "block": {
                  "attributes": {
                    "membership": {
                      "type": "string",
                      "description": "Full resource name of the registered fleet membership of the cluster.",
                      "description_kind": "plain",
                      "computed": true
                    },
                    "membership_id": {
                      "type": "string",
                      "description": "Short name of the fleet membership, for example \"member-1\".",
                      "description_kind": "plain",
                      "computed": true
                    },
                    "membership_location": {
                      "type": "string",
                      "description": "Location of the fleet membership, for example \"us-central1\".",
                      "description_kind": "plain",
                      "computed": true
                    },
                    "pre_registered": {
                      "type": "bool",
                      "description": "Whether the cluster has been registered via the fleet API.",
                      "description_kind": "plain",
                      "computed": true
                    },
                    "project": {
                      "type": "string",
                      "description": "The Fleet host project of the cluster.",
                      "description_kind": "plain",
                      "optional": true
                    }
                  },
                  "description": "Fleet configuration of the cluster.",
                  "description_kind": "plain"
                },
                "max_items": 1
              },
              "gateway_api_config": {
                "nesting_mode": "list",
                "block": {
                  "attributes": {
                    "channel": {
                      "type": "string",
                      "description": "The Gateway API release channel to use for Gateway API.",
                      "description_kind": "plain",
                      "required": true
                    }
                  },
                  "description": "Configuration for GKE Gateway API controller.",
                  "description_kind": "plain"
                },
                "max_items": 1
              },
              "identity_service_config": {
                "nesting_mode": "list",
                "block": {
                  "attributes": {
                    "enabled": {
                      "type": "bool",
                      "description": "Whether to enable the Identity Service component.",
                      "description_kind": "plain",
                      "optional": true
                    }
                  },
                  "description": "Configuration for Identity Service which allows customers to use external identity providers with the K8S API.",
                  "description_kind": "plain"
                },
                "max_items": 1
              },
              "ip_allocation_policy": {
                "nesting_mode": "list",
                "block": {
                  "attributes": {
                    "cluster_ipv4_cidr_block": {
                      "type": "string",
                      "description": "The IP address range for the cluster pod IPs. Set to blank to have a range chosen with the default size. Set to /netmask (e.g. /14) to have a range chosen with a specific netmask. Set to a CIDR notation (e.g. 10.96.0.0/14) from the RFC-1918 private networks (e.g. 10.0.0.0/8, 172.16.0.0/12, 192.168.0.0/16) to pick a specific range to use.",
                      "description_kind": "plain",
                      "optional": true,
                      "computed": true
                    },
                    "cluster_secondary_range_name": {
                      "type": "string",
                      "description": "The name of the existing secondary range in the cluster's subnetwork to use for pod IP addresses. Alternatively, cluster_ipv4_cidr_block can be used to automatically create a GKE-managed one.",
                      "description_kind": "plain",
                      "optional": true,
                      "computed": true
                    },
                    "services_ipv4_cidr_block": {
                      "type": "string",
                      "description": "The IP address range of the services IPs in this cluster. Set to blank to have a range chosen with the default size. Set to /netmask (e.g. /14) to have a range chosen with a specific netmask. Set to a CIDR notation (e.g. 10.96.0.0/14) from the RFC-1918 private networks (e.g. 10.0.0.0/8, 172.16.0.0/12, 192.168.0.0/16) to pick a specific range to use.",
                      "description_kind": "plain",
                      "optional": true,
                      "computed": true
                    },
                    "services_secondary_range_name": {
                      "type": "string",
                      "description": "The name of the existing secondary range in the cluster's subnetwork to use for service ClusterIPs. Alternatively, services_ipv4_cidr_block can be used to automatically create a GKE-managed one.",
                      "description_kind": "plain",
                      "optional": true,
                      "computed": true
                    },
                    "stack_type": {
                      "type": "string",
                      "description": "The IP Stack type of the cluster. Choose between IPV4 and IPV4_IPV6. Default type is IPV4 Only if not set",
                      "description_kind": "plain",
                      "optional": true
                    }
                  },
                  "block_types": {
                    "additional_pod_ranges_config": {
                      "nesting_mode": "list",
                      "block": {
                        "attributes": {
                          "pod_range_names": {
                            "type": [
                              "set",
                              "string"
                            ],
                            "description": "Name for pod secondary ipv4 range which has the actual range defined ahead.",
                            "description_kind": "plain",
                            "required": true
                          }
                        },
                        "description": "AdditionalPodRangesConfig is the configuration for additional pod secondary ranges supporting the ClusterUpdate message.",
                        "description_kind": "plain"
                      },
                      "max_items": 1
                    },
                    "pod_cidr_overprovision_config": {
                      "nesting_mode": "list",
                      "block": {
                        "attributes": {
                          "disabled": {
                            "type": "bool",
                            "description_kind": "plain",
                            "required": true
                          }
                        },
                        "description": "Configuration for cluster level pod cidr overprovision. Default is disabled=false.",
                        "description_kind": "plain"
                      },
                      "max_items": 1
                    }
                  },
                  "description": "Configuration of cluster IP allocation for VPC-native clusters. Adding this block enables IP aliasing, making the cluster VPC-native instead of routes-based.",
                  "description_kind": "plain"
                },
                "max_items": 1
              },
              "logging_config": {
                "nesting_mode": "list",
                "block": {
                  "attributes": {
                    "enable_components": {
                      "type": [
                        "list",
                        "string"
                      ],
                      "description": "GKE components exposing logs. Valid values include SYSTEM_COMPONENTS, APISERVER, CONTROLLER_MANAGER, KCP_CONNECTION, KCP_SSHD, SCHEDULER, and WORKLOADS.",
                      "description_kind": "plain",
                      "required": true
                    }
                  },
                  "description": "Logging configuration for the cluster.",
                  "description_kind": "plain"
                },
                "max_items": 1
              },
              "maintenance_policy": {
                "nesting_mode": "list",
                "block": {
                  "block_types": {
                    "daily_maintenance_window": {
                      "nesting_mode": "list",
                      "block": {
                        "attributes": {
                          "duration": {
                            "type": "string",
                            "description_kind": "plain",
                            "computed": true
                          },
                          "start_time": {
                            "type": "string",
                            "description_kind": "plain",
                            "required": true
                          }
                        },
                        "description": "Time window specified for daily maintenance operations. Specify start_time in RFC3339 format \"HH:MM”, where HH : [00-23] and MM : [00-59] GMT.",
                        "description_kind": "plain"
                      },
                      "max_items": 1
                    },
                    "maintenance_exclusion": {
                      "nesting_mode": "set",
                      "block": {
                        "attributes": {
                          "end_time": {
                            "type": "string",
                            "description_kind": "plain",
                            "required": true
                          },
                          "exclusion_name": {
                            "type": "string",
                            "description_kind": "plain",
                            "required": true
                          },
                          "start_time": {
                            "type": "string",
                            "description_kind": "plain",
                            "required": true
                          }
                        },
                        "block_types": {
                          "exclusion_options": {
                            "nesting_mode": "list",
                            "block": {
                              "attributes": {
                                "scope": {
                                  "type": "string",
                                  "description": "The scope of automatic upgrades to restrict in the exclusion window.",
                                  "description_kind": "plain",
                                  "required": true
                                }
                              },
                              "description": "Maintenance exclusion related options.",
                              "description_kind": "plain"
                            },
                            "max_items": 1
                          }
                        },
                        "description": "Exceptions to maintenance window. Non-emergency maintenance should not occur in these windows.",
                        "description_kind": "plain"
                      },
                      "max_items": 20
                    },
                    "recurring_window": {
                      "nesting_mode": "list",
                      "block": {
                        "attributes": {
                          "end_time": {
                            "type": "string",
                            "description_kind": "plain",
                            "required": true
                          },
                          "recurrence": {
                            "type": "string",
                            "description_kind": "plain",
                            "required": true
                          },
                          "start_time": {
                            "type": "string",
                            "description_kind": "plain",
                            "required": true
                          }
                        },
                        "description": "Time window for recurring maintenance operations.",
                        "description_kind": "plain"
                      },
                      "max_items": 1
                    }
                  },
                  "description": "The maintenance policy to use for the cluster.",
                  "description_kind": "plain"
                },
                "max_items": 1
              },
              "master_auth": {
                "nesting_mode": "list",
                "block": {
                  "attributes": {
                    "client_certificate": {
                      "type": "string",
                      "description": "Base64 encoded public certificate used by clients to authenticate to the cluster endpoint.",
                      "description_kind": "plain",
                      "computed": true
                    },
                    "client_key": {
                      "type": "string",
                      "description": "Base64 encoded private key used by clients to authenticate to the cluster endpoint.",
                      "description_kind": "plain",
                      "computed": true,
                      "sensitive": true
                    },
                    "cluster_ca_certificate": {
                      "type": "string",
                      "description": "Base64 encoded public certificate that is the root of trust for the cluster.",
                      "description_kind": "plain",
                      "computed": true
                    }
                  },
                  "block_types": {
                    "client_certificate_config": {
                      "nesting_mode": "list",
                      "block": {
                        "attributes": {
                          "issue_client_certificate": {
                            "type": "bool",
                            "description": "Whether client certificate authorization is enabled for this cluster.",
                            "description_kind": "plain",
                            "required": true
                          }
                        },
                        "description": "Whether client certificate authorization is enabled for this cluster.",
                        "description_kind": "plain"
                      },
                      "min_items": 1,
                      "max_items": 1
                    }
                  },
                  "description": "The authentication information for accessing the Kubernetes master. Some values in this block are only returned by the API if your service account has permission to get credentials for your GKE cluster. If you see an unexpected diff unsetting your client cert, ensure you have the container.clusters.getCredentials permission.",
                  "description_kind": "plain"
                },
                "max_items": 1
              },
              "master_authorized_networks_config": {
                "nesting_mode": "list",
                "block": {
                  "attributes": {
                    "gcp_public_cidrs_access_enabled": {
                      "type": "bool",
                      "description": "Whether Kubernetes master is accessible via Google Compute Engine Public IPs.",
                      "description_kind": "plain",
                      "optional": true,
                      "computed": true
                    }
                  },
                  "block_types": {
                    "cidr_blocks": {
                      "nesting_mode": "set",
                      "block": {
                        "attributes": {
                          "cidr_block": {
                            "type": "string",
                            "description": "External network that can access Kubernetes master through HTTPS. Must be specified in CIDR notation.",
                            "description_kind": "plain",
                            "required": true
                          },
                          "display_name": {
                            "type": "string",
                            "description": "Field for users to identify CIDR blocks.",
                            "description_kind": "plain",
                            "optional": true
                          }
                        },
                        "description": "External networks that can access the Kubernetes cluster master through HTTPS.",
                        "description_kind": "plain"
                      }
                    }
                  },
                  "description": "The desired configuration options for master authorized networks. Omit the nested cidr_blocks attribute to disallow external access (except the cluster node IPs, which GKE automatically whitelists).",
                  "description_kind": "plain"
                },
                "max_items": 1
              },
              "mesh_certificates": {
                "nesting_mode": "list",
                "block": {
                  "attributes": {
                    "enable_certificates": {
                      "type": "bool",
                      "description": "When enabled the GKE Workload Identity Certificates controller and node agent will be deployed in the cluster.",
                      "description_kind": "plain",
                      "required": true
                    }
                  },
                  "description": "If set, and enable_certificates=true, the GKE Workload Identity Certificates controller and node agent will be deployed in the cluster.",
                  "description_kind": "plain"
                },
                "max_items": 1
              },
              "monitoring_config": {
                "nesting_mode": "list",
                "block": {
                  "attributes": {
                    "enable_components": {
                      "type": [
                        "list",
                        "string"
                      ],
                      "description": "GKE components exposing metrics. Valid values include SYSTEM_COMPONENTS, APISERVER, SCHEDULER, CONTROLLER_MANAGER, STORAGE, HPA, POD, DAEMONSET, DEPLOYMENT, STATEFULSET, KUBELET, CADVISOR and DCGM.",
                      "description_kind": "plain",
                      "optional": true,
                      "computed": true
                    }
                  },
                  "block_types": {
                    "advanced_datapath_observability_config": {
                      "nesting_mode": "list",
                      "block": {
                        "attributes": {
                          "enable_metrics": {
                            "type": "bool",
                            "description": "Whether or not the advanced datapath metrics are enabled.",
                            "description_kind": "plain",
                            "required": true
                          },
                          "enable_relay": {
                            "type": "bool",
                            "description": "Whether or not Relay is enabled.",
                            "description_kind": "plain",
                            "required": true
                          }
                        },
                        "description": "Configuration of Advanced Datapath Observability features.",
                        "description_kind": "plain"
                      },
                      "max_items": 1
                    },
                    "managed_prometheus": {
                      "nesting_mode": "list",
                      "block": {
                        "attributes": {
                          "enabled": {
                            "type": "bool",
                            "description": "Whether or not the managed collection is enabled.",
                            "description_kind": "plain",
                            "required": true
                          }
                        },
                        "description": "Configuration for Google Cloud Managed Services for Prometheus.",
                        "description_kind": "plain"
                      },
                      "max_items": 1
                    }
                  },
                  "description": "Monitoring configuration for the cluster.",
                  "description_kind": "plain"
                },
                "max_items": 1
              },
              "network_policy": {
                "nesting_mode": "list",
                "block": {
                  "attributes": {
                    "enabled": {
                      "type": "bool",
                      "description": "Whether network policy is enabled on the cluster.",
                      "description_kind": "plain",
                      "required": true
                    },
                    "provider": {
                      "type": "string",
                      "description": "The selected network policy provider.",
                      "description_kind": "plain",
                      "optional": true
                    }
                  },
                  "description": "Configuration options for the NetworkPolicy feature.",
                  "description_kind": "plain"
                },
                "max_items": 1
              },
              "node_config": {
                "nesting_mode": "list",
                "block": {
                  "attributes": {
                    "boot_disk_kms_key": {
                      "type": "string",
                      "description": "The Customer Managed Encryption Key used to encrypt the boot disk attached to each node in the node pool.",
                      "description_kind": "plain",
                      "optional": true
                    },
                    "disk_size_gb": {
                      "type": "number",
                      "description": "Size of the disk attached to each node, specified in GB. The smallest allowed disk size is 10GB.",
                      "description_kind": "plain",
                      "optional": true,
                      "computed": true
                    },
                    "disk_type": {
                      "type": "string",
                      "description": "Type of the disk attached to each node. Such as pd-standard, pd-balanced or pd-ssd",
                      "description_kind": "plain",
                      "optional": true,
                      "computed": true
                    },
                    "effective_taints": {
                      "type": [
                        "list",
                        [
                          "object",
                          {
                            "effect": "string",
                            "key": "string",
                            "value": "string"
                          }
                        ]
                      ],
                      "description": "List of kubernetes taints applied to each node.",
                      "description_kind": "plain",
                      "computed": true
                    },
                    "enable_confidential_storage": {
                      "type": "bool",
                      "description": "If enabled boot disks are configured with confidential mode.",
                      "description_kind": "plain",
                      "optional": true
                    },
                    "image_type": {
                      "type": "string",
                      "description": "The image type to use for this node. Note that for a given image type, the latest version of it will be used.",
                      "description_kind": "plain",
                      "optional": true,
                      "computed": true
                    },
                    "labels": {
                      "type": [
                        "map",
                        "string"
                      ],
                      "description": "The map of Kubernetes labels (key/value pairs) to be applied to each node. These will added in addition to any default label(s) that Kubernetes may apply to the node.",
                      "description_kind": "plain",
                      "optional": true,
                      "computed": true
                    },
                    "local_ssd_count": {
                      "type": "number",
                      "description": "The number of local SSD disks to be attached to the node.",
                      "description_kind": "plain",
                      "optional": true,
                      "computed": true
                    },
                    "logging_variant": {
                      "type": "string",
                      "description": "Type of logging agent that is used as the default value for node pools in the cluster. Valid values include DEFAULT and MAX_THROUGHPUT.",
                      "description_kind": "plain",
                      "optional": true,
                      "computed": true
                    },
                    "machine_type": {
                      "type": "string",
                      "description": "The name of a Google Compute Engine machine type.",
                      "description_kind": "plain",
                      "optional": true,
                      "computed": true
                    },
                    "metadata": {
                      "type": [
                        "map",
                        "string"
                      ],
                      "description": "The metadata key/value pairs assigned to instances in the cluster.",
                      "description_kind": "plain",
                      "optional": true,
                      "computed": true
                    },
                    "min_cpu_platform": {
                      "type": "string",
                      "description": "Minimum CPU platform to be used by this instance. The instance may be scheduled on the specified or newer CPU platform.",
                      "description_kind": "plain",
                      "optional": true,
                      "computed": true
                    },
                    "node_group": {
                      "type": "string",
                      "description": "Setting this field will assign instances of this pool to run on the specified node group. This is useful for running workloads on sole tenant nodes.",
                      "description_kind": "plain",
                      "optional": true
                    },
                    "oauth_scopes": {
                      "type": [
                        "set",
                        "string"
                      ],
                      "description": "The set of Google API scopes to be made available on all of the node VMs.",
                      "description_kind": "plain",
                      "optional": true,
                      "computed": true
                    },
                    "preemptible": {
                      "type": "bool",
                      "description": "Whether the nodes are created as preemptible VM instances.",
                      "description_kind": "plain",
                      "optional": true
                    },
                    "resource_labels": {
                      "type": [
                        "map",
                        "string"
                      ],
                      "description": "The GCE resource labels (a map of key/value pairs) to be applied to the node pool.",
                      "description_kind": "plain",
                      "optional": true
                    },
                    "resource_manager_tags": {
                      "type": [
                        "map",
                        "string"
                      ],
                      "description": "A map of resource manager tags. Resource manager tag keys and values have the same definition as resource manager tags. Keys must be in the format tagKeys/{tag_key_id}, and values are in the format tagValues/456. The field is ignored (both PUT \u0026 PATCH) when empty.",
                      "description_kind": "plain",
                      "optional": true
                    },
                    "service_account": {
                      "type": "string",
                      "description": "The Google Cloud Platform Service Account to be used by the node VMs.",
                      "description_kind": "plain",
                      "optional": true,
                      "computed": true
                    },
                    "spot": {
                      "type": "bool",
                      "description": "Whether the nodes are created as spot VM instances.",
                      "description_kind": "plain",
                      "optional": true
                    },
                    "storage_pools": {
                      "type": [
                        "list",
                        "string"
                      ],
                      "description": "The list of Storage Pools where boot disks are provisioned.",
                      "description_kind": "plain",
                      "optional": true
                    },
                    "tags": {
                      "type": [
                        "list",
                        "string"
                      ],
                      "description": "The list of instance tags applied to all nodes.",
                      "description_kind": "plain",
                      "optional": true
                    }
                  },
                  "block_types": {
                    "advanced_machine_features": {
                      "nesting_mode": "list",
                      "block": {
                        "attributes": {
                          "enable_nested_virtualization": {
                            "type": "bool",
                            "description": "Whether the node should have nested virtualization enabled.",
                            "description_kind": "plain",
                            "optional": true
                          },
                          "threads_per_core": {
                            "type": "number",
                            "description": "The number of threads per physical core. To disable simultaneous multithreading (SMT) set this to 1. If unset, the maximum number of threads supported per core by the underlying processor is assumed.",
                            "description_kind": "plain",
                            "required": true
                          }
                        },
                        "description": "Specifies options for controlling advanced machine features.",
                        "description_kind": "plain"
                      },
                      "max_items": 1
                    },
                    "confidential_nodes": {
                      "nesting_mode": "list",
                      "block": {
                        "attributes": {
                          "enabled": {
                            "type": "bool",
                            "description": "Whether Confidential Nodes feature is enabled for all nodes in this pool.",
                            "description_kind": "plain",
                            "required": true
                          }
                        },
                        "description": "Configuration for the confidential nodes feature, which makes nodes run on confidential VMs. Warning: This configuration can't be changed (or added/removed) after pool creation without deleting and recreating the entire pool.",
                        "description_kind": "plain"
                      },
                      "max_items": 1
                    },
                    "containerd_config": {
                      "nesting_mode": "list",
                      "block": {
                        "block_types": {
                          "private_registry_access_config": {
                            "nesting_mode": "list",
                            "block": {
                              "attributes": {
                                "enabled": {
                                  "type": "bool",
                                  "description": "Whether or not private registries are configured.",
                                  "description_kind": "plain",
                                  "required": true
                                }
                              },
                              "block_types": {
                                "certificate_authority_domain_config": {
                                  "nesting_mode": "list",
                                  "block": {
                                    "attributes": {
                                      "fqdns": {
                                        "type": [
                                          "list",
                                          "string"
                                        ],
                                        "description": "List of fully-qualified-domain-names. IPv4s and port specification are supported.",
                                        "description_kind": "plain",
                                        "required": true
                                      }
                                    },
                                    "block_types": {
                                      "gcp_secret_manager_certificate_config": {
                                        "nesting_mode": "list",
                                        "block": {
                                          "attributes": {
                                            "secret_uri": {
                                              "type": "string",
                                              "description": "URI for the secret that hosts a certificate. Must be in the format 'projects/PROJECT_NUM/secrets/SECRET_NAME/versions/VERSION_OR_LATEST'.",
                                              "description_kind": "plain",
                                              "required": true
                                            }
                                          },
                                          "description": "Parameters for configuring a certificate hosted in GCP SecretManager.",
                                          "description_kind": "plain"
                                        },
                                        "min_items": 1,
                                        "max_items": 1
                                      }
                                    },
                                    "description": "Parameters for configuring CA certificate and domains.",
                                    "description_kind": "plain"
                                  }
                                }
                              },
                              "description": "Parameters for private container registries configuration.",
                              "description_kind": "plain"
                            },
                            "max_items": 1
                          }
                        },
                        "description": "Parameters for containerd configuration.",
                        "description_kind": "plain"
                      },
                      "max_items": 1
                    },
                    "ephemeral_storage_local_ssd_config": {
                      "nesting_mode": "list",
                      "block": {
                        "attributes": {
                          "local_ssd_count": {
                            "type": "number",
                            "description": "Number of local SSDs to use to back ephemeral storage. Uses NVMe interfaces. Each local SSD must be 375 or 3000 GB in size, and all local SSDs must share the same size.",
                            "description_kind": "plain",
                            "required": true
                          }
                        },
                        "description": "Parameters for the ephemeral storage filesystem. If unspecified, ephemeral storage is backed by the boot disk.",
                        "description_kind": "plain"
                      },
                      "max_items": 1
                    },
                    "fast_socket": {
                      "nesting_mode": "list",
                      "block": {
                        "attributes": {
                          "enabled": {
                            "type": "bool",
                            "description": "Whether or not NCCL Fast Socket is enabled",
                            "description_kind": "plain",
                            "required": true
                          }
                        },
                        "description": "Enable or disable NCCL Fast Socket in the node pool.",
                        "description_kind": "plain"
                      },
                      "max_items": 1
                    },
                    "gcfs_config": {
                      "nesting_mode": "list",
                      "block": {
                        "attributes": {
                          "enabled": {
                            "type": "bool",
                            "description": "Whether or not GCFS is enabled",
                            "description_kind": "plain",
                            "required": true
                          }
                        },
                        "description": "GCFS configuration for this node.",
                        "description_kind": "plain"
                      },
                      "max_items": 1
                    },
                    "guest_accelerator": {
                      "nesting_mode": "list",
                      "block": {
                        "attributes": {
                          "count": {
                            "type": "number",
                            "description": "The number of the accelerator cards exposed to an instance.",
                            "description_kind": "plain",
                            "required": true
                          },
                          "gpu_partition_size": {
                            "type": "string",
                            "description": "Size of partitions to create on the GPU. Valid values are described in the NVIDIA mig user guide (https://docs.nvidia.com/datacenter/tesla/mig-user-guide/#partitioning)",
                            "description_kind": "plain",
                            "optional": true
                          },
                          "type": {
                            "type": "string",
                            "description": "The accelerator type resource name.",
                            "description_kind": "plain",
                            "required": true
                          }
                        },
                        "block_types": {
                          "gpu_driver_installation_config": {
                            "nesting_mode": "list",
                            "block": {
                              "attributes": {
                                "gpu_driver_version": {
                                  "type": "string",
                                  "description": "Mode for how the GPU driver is installed.",
                                  "description_kind": "plain",
                                  "required": true
                                }
                              },
                              "description": "Configuration for auto installation of GPU driver.",
                              "description_kind": "plain"
                            },
                            "max_items": 1
                          },
                          "gpu_sharing_config": {
                            "nesting_mode": "list",
                            "block": {
                              "attributes": {
                                "gpu_sharing_strategy": {
                                  "type": "string",
                                  "description": "The type of GPU sharing strategy to enable on the GPU node. Possible values are described in the API package (https://pkg.go.dev/google.golang.org/api/container/v1#GPUSharingConfig)",
                                  "description_kind": "plain",
                                  "required": true
                                },
                                "max_shared_clients_per_gpu": {
                                  "type": "number",
                                  "description": "The maximum number of containers that can share a GPU.",
                                  "description_kind": "plain",
                                  "required": true
                                }
                              },
                              "description": "Configuration for GPU sharing.",
                              "description_kind": "plain"
                            },
                            "max_items": 1
                          }
                        },
                        "description": "List of the type and count of accelerator cards attached to the instance.",
                        "description_kind": "plain"
                      }
                    },
                    "gvnic": {
                      "nesting_mode": "list",
                      "block": {
                        "attributes": {
                          "enabled": {
                            "type": "bool",
                            "description": "Whether or not gvnic is enabled",
                            "description_kind": "plain",
                            "required": true
                          }
                        },
                        "description": "Enable or disable gvnic in the node pool.",
                        "description_kind": "plain"
                      },
                      "max_items": 1
                    },
                    "host_maintenance_policy": {
                      "nesting_mode": "list",
                      "block": {
                        "attributes": {
                          "maintenance_interval": {
                            "type": "string",
                            "description": ".",
                            "description_kind": "plain",
                            "required": true
                          }
                        },
                        "description": "The maintenance policy for the hosts on which the GKE VMs run on.",
                        "description_kind": "plain"
                      },
                      "max_items": 1
                    },
                    "kubelet_config": {
                      "nesting_mode": "list",
                      "block": {
                        "attributes": {
                          "cpu_cfs_quota": {
                            "type": "bool",
                            "description": "Enable CPU CFS quota enforcement for containers that specify CPU limits.",
                            "description_kind": "plain",
                            "optional": true
                          },
                          "cpu_cfs_quota_period": {
                            "type": "string",
                            "description": "Set the CPU CFS quota period value 'cpu.cfs_period_us'.",
                            "description_kind": "plain",
                            "optional": true
                          },
                          "cpu_manager_policy": {
                            "type": "string",
                            "description": "Control the CPU management policy on the node.",
                            "description_kind": "plain",
                            "optional": true
                          },
                          "insecure_kubelet_readonly_port_enabled": {
                            "type": "string",
                            "description": "Controls whether the kubelet read-only port is enabled. It is strongly recommended to set this to `FALSE`. Possible values: `TRUE`, `FALSE`.",
                            "description_kind": "plain",
                            "optional": true,
                            "computed": true
                          },
                          "pod_pids_limit": {
                            "type": "number",
                            "description": "Controls the maximum number of processes allowed to run in a pod.",
                            "description_kind": "plain",
                            "optional": true
                          }
                        },
                        "description": "Node kubelet configs.",
                        "description_kind": "plain"
                      },
                      "max_items": 1
                    },
                    "linux_node_config": {
                      "nesting_mode": "list",
                      "block": {
                        "attributes": {
                          "cgroup_mode": {
                            "type": "string",
                            "description": "cgroupMode specifies the cgroup mode to be used on the node.",
                            "description_kind": "plain",
                            "optional": true,
                            "computed": true
                          },
                          "sysctls": {
                            "type": [
                              "map",
                              "string"
                            ],
                            "description": "The Linux kernel parameters to be applied to the nodes and all pods running on the nodes.",
                            "description_kind": "plain",
                            "optional": true
                          }
                        },
                        "block_types": {
                          "hugepages_config": {
                            "nesting_mode": "list",
                            "block": {
                              "attributes": {
                                "hugepage_size_1g": {
                                  "type": "number",
                                  "description": "Amount of 1G hugepages.",
                                  "description_kind": "plain",
                                  "optional": true
                                },
                                "hugepage_size_2m": {
                                  "type": "number",
                                  "description": "Amount of 2M hugepages.",
                                  "description_kind": "plain",
                                  "optional": true
                                }
                              },
                              "description": "Amounts for 2M and 1G hugepages.",
                              "description_kind": "plain"
                            },
                            "max_items": 1
                          }
                        },
                        "description": "Parameters that can be configured on Linux nodes.",
                        "description_kind": "plain"
                      },
                      "max_items": 1
                    },
                    "local_nvme_ssd_block_config": {
                      "nesting_mode": "list",
                      "block": {
                        "attributes": {
                          "local_ssd_count": {
                            "type": "number",
                            "description": "Number of raw-block local NVMe SSD disks to be attached to the node. Each local SSD is 375 GB in size.",
                            "description_kind": "plain",
                            "required": true
                          }
                        },
                        "description": "Parameters for raw-block local NVMe SSDs.",
                        "description_kind": "plain"
                      },
                      "max_items": 1
                    },
                    "reservation_affinity": {
                      "nesting_mode": "list",
                      "block": {
                        "attributes": {
                          "consume_reservation_type": {
                            "type": "string",
                            "description": "Corresponds to the type of reservation consumption.",
                            "description_kind": "plain",
                            "required": true
                          },
                          "key": {
                            "type": "string",
                            "description": "The label key of a reservation resource.",
                            "description_kind": "plain",
                            "optional": true
                          },
                          "values": {
                            "type": [
                              "set",
                              "string"
                            ],
                            "description": "The label values of the reservation resource.",
                            "description_kind": "plain",
                            "optional": true
                          }
                        },
                        "description": "The reservation affinity configuration for the node pool.",
                        "description_kind": "plain"
                      },
                      "max_items": 1
                    },
                    "secondary_boot_disks": {
                      "nesting_mode": "list",
                      "block": {
                        "attributes": {
                          "disk_image": {
                            "type": "string",
                            "description": "Disk image to create the secondary boot disk from",
                            "description_kind": "plain",
                            "required": true
                          },
                          "mode": {
                            "type": "string",
                            "description": "Mode for how the secondary boot disk is used.",
                            "description_kind": "plain",
                            "optional": true
                          }
                        },
                        "description": "Secondary boot disks for preloading data or container images.",
                        "description_kind": "plain"
                      },
                      "max_items": 127
                    },
                    "shielded_instance_config": {
                      "nesting_mode": "list",
                      "block": {
                        "attributes": {
                          "enable_integrity_monitoring": {
                            "type": "bool",
                            "description": "Defines whether the instance has integrity monitoring enabled.",
                            "description_kind": "plain",
                            "optional": true
                          },
                          "enable_secure_boot": {
                            "type": "bool",
                            "description": "Defines whether the instance has Secure Boot enabled.",
                            "description_kind": "plain",
                            "optional": true
                          }
                        },
                        "description": "Shielded Instance options.",
                        "description_kind": "plain"
                      },
                      "max_items": 1
                    },
                    "sole_tenant_config": {
                      "nesting_mode": "list",
                      "block": {
                        "block_types": {
                          "node_affinity": {
                            "nesting_mode": "set",
                            "block": {
                              "attributes": {
                                "key": {
                                  "type": "string",
                                  "description": ".",
                                  "description_kind": "plain",
                                  "required": true
                                },
                                "operator": {
                                  "type": "string",
                                  "description": ".",
                                  "description_kind": "plain",
                                  "required": true
                                },
                                "values": {
                                  "type": [
                                    "list",
                                    "string"
                                  ],
                                  "description": ".",
                                  "description_kind": "plain",
                                  "required": true
                                }
                              },
                              "description": ".",
                              "description_kind": "plain"
                            },
                            "min_items": 1
                          }
                        },
                        "description": "Node affinity options for sole tenant node pools.",
                        "description_kind": "plain"
                      },
                      "max_items": 1
                    },
                    "taint": {
                      "nesting_mode": "list",
                      "block": {
                        "attributes": {
                          "effect": {
                            "type": "string",
                            "description": "Effect for taint.",
                            "description_kind": "plain",
                            "required": true
                          },
                          "key": {
                            "type": "string",
                            "description": "Key for taint.",
                            "description_kind": "plain",
                            "required": true
                          },
                          "value": {
                            "type": "string",
                            "description": "Value for taint.",
                            "description_kind": "plain",
                            "required": true
                          }
                        },
                        "description": "List of Kubernetes taints to be applied to each node.",
                        "description_kind": "plain"
                      }
                    },
                    "workload_metadata_config": {
                      "nesting_mode": "list",
                      "block": {
                        "attributes": {
                          "mode": {
                            "type": "string",
                            "description": "Mode is the configuration for how to expose metadata to workloads running on the node.",
                            "description_kind": "plain",
                            "required": true
                          }
                        },
                        "description": "The workload metadata configuration for this node.",
                        "description_kind": "plain"
                      },
                      "max_items": 1
                    }
                  },
                  "description": "The configuration of the nodepool",
                  "description_kind": "plain"
                },
                "max_items": 1
              },
              "node_pool": {
                "nesting_mode": "list",
                "block": {
                  "attributes": {
                    "initial_node_count": {
                      "type": "number",
                      "description": "The initial number of nodes for the pool. In regional or multi-zonal clusters, this is the number of nodes per zone. Changing this will force recreation of the resource.",
                      "description_kind": "plain",
                      "optional": true,
                      "computed": true
                    },
                    "instance_group_urls": {
                      "type": [
                        "list",
                        "string"
                      ],
                      "description": "The resource URLs of the managed instance groups associated with this node pool.",
                      "description_kind": "plain",
                      "computed": true
                    },
                    "managed_instance_group_urls": {
                      "type": [
                        "list",
                        "string"
                      ],
                      "description": "List of instance group URLs which have been assigned to this node pool.",
                      "description_kind": "plain",
                      "computed": true
                    },
                    "max_pods_per_node": {
                      "type": "number",
                      "description": "The maximum number of pods per node in this node pool. Note that this does not work on node pools which are \"route-based\" - that is, node pools belonging to clusters that do not have IP Aliasing enabled.",
                      "description_kind": "plain",
                      "optional": true,
                      "computed": true
                    },
                    "name": {
                      "type": "string",
                      "description": "The name of the node pool. If left blank, Terraform will auto-generate a unique name.",
                      "description_kind": "plain",
                      "optional": true,
                      "computed": true
                    },
                    "name_prefix": {
                      "type": "string",
                      "description": "Creates a unique name for the node pool beginning with the specified prefix. Conflicts with name.",
                      "description_kind": "plain",
                      "optional": true,
                      "computed": true
                    },
                    "node_count": {
                      "type": "number",
                      "description": "The number of nodes per instance group. This field can be used to update the number of nodes per instance group but should not be used alongside autoscaling.",
                      "description_kind": "plain",
                      "optional": true,
                      "computed": true
                    },
                    "node_locations": {
                      "type": [
                        "set",
                        "string"
                      ],
                      "description": "The list of zones in which the node pool's nodes should be located. Nodes must be in the region of their regional cluster or in the same region as their cluster's zone for zonal clusters. If unspecified, the cluster-level node_locations will be used.",
                      "description_kind": "plain",
                      "optional": true,
                      "computed": true
                    },
                    "version": {
                      "type": "string",
                      "description": "The Kubernetes version for the nodes in this pool. Note that if this field and auto_upgrade are both specified, they will fight each other for what the node version should be, so setting both is highly discouraged. While a fuzzy version can be specified, it's recommended that you specify explicit versions as Terraform will see spurious diffs when fuzzy versions are used. See the google_container_engine_versions data source's version_prefix field to approximate fuzzy versions in a Terraform-compatible way.",
                      "description_kind": "plain",
                      "optional": true,
                      "computed": true
                    }
                  },
                  "block_types": {
                    "autoscaling": {
                      "nesting_mode": "list",
                      "block": {
                        "attributes": {
                          "location_policy": {
                            "type": "string",
                            "description": "Location policy specifies the algorithm used when scaling-up the node pool. \"BALANCED\" - Is a best effort policy that aims to balance the sizes of available zones. \"ANY\" - Instructs the cluster autoscaler to prioritize utilization of unused reservations, and reduces preemption risk for Spot VMs.",
                            "description_kind": "plain",
                            "optional": true,
                            "computed": true
                          },
                          "max_node_count": {
                            "type": "number",
                            "description": "Maximum number of nodes per zone in the node pool. Must be \u003e= min_node_count. Cannot be used with total limits.",
                            "description_kind": "plain",
                            "optional": true
                          },
                          "min_node_count": {
                            "type": "number",
                            "description": "Minimum number of nodes per zone in the node pool. Must be \u003e=0 and \u003c= max_node_count. Cannot be used with total limits.",
                            "description_kind": "plain",
                            "optional": true
                          },
                          "total_max_node_count": {
                            "type": "number",
                            "description": "Maximum number of all nodes in the node pool. Must be \u003e= total_min_node_count. Cannot be used with per zone limits.",
                            "description_kind": "plain",
                            "optional": true
                          },
                          "total_min_node_count": {
                            "type": "number",
                            "description": "Minimum number of all nodes in the node pool. Must be \u003e=0 and \u003c= total_max_node_count. Cannot be used with per zone limits.",
                            "description_kind": "plain",
                            "optional": true
                          }
                        },
                        "description": "Configuration required by cluster autoscaler to adjust the size of the node pool to the current cluster usage.",
                        "description_kind": "plain"
                      },
                      "max_items": 1
                    },
                    "management": {
                      "nesting_mode": "list",
                      "block": {
                        "attributes": {
                          "auto_repair": {
                            "type": "bool",
                            "description": "Whether the nodes will be automatically repaired. Enabled by default.",
                            "description_kind": "plain",
                            "optional": true
                          },
                          "auto_upgrade": {
                            "type": "bool",
                            "description": "Whether the nodes will be automatically upgraded. Enabled by default.",
                            "description_kind": "plain",
                            "optional": true
                          }
                        },
                        "description": "Node management configuration, wherein auto-repair and auto-upgrade is configured.",
                        "description_kind": "plain"
                      },
                      "max_items": 1
                    },
                    "network_config": {
                      "nesting_mode": "list",
                      "block": {
                        "attributes": {
                          "create_pod_range": {
                            "type": "bool",
                            "description": "Whether to create a new range for pod IPs in this node pool. Defaults are provided for pod_range and pod_ipv4_cidr_block if they are not specified.",
                            "description_kind": "plain",
                            "optional": true
                          },
                          "enable_private_nodes": {
                            "type": "bool",
                            "description": "Whether nodes have internal IP addresses only.",
                            "description_kind": "plain",
                            "optional": true,
                            "computed": true
                          },
                          "pod_ipv4_cidr_block": {
                            "type": "string",
                            "description": "The IP address range for pod IPs in this node pool. Only applicable if create_pod_range is true. Set to blank to have a range chosen with the default size. Set to /netmask (e.g. /14) to have a range chosen with a specific netmask. Set to a CIDR notation (e.g. 10.96.0.0/14) to pick a specific range to use.",
                            "description_kind": "plain",
                            "optional": true,
                            "computed": true
                          },
                          "pod_range": {
                            "type": "string",
                            "description": "The ID of the secondary range for pod IPs. If create_pod_range is true, this ID is used for the new range. If create_pod_range is false, uses an existing secondary range with this ID.",
                            "description_kind": "plain",
                            "optional": true,
                            "computed": true
                          }
                        },
                        "block_types": {
                          "additional_node_network_configs": {
                            "nesting_mode": "list",
                            "block": {
                              "attributes": {
                                "network": {
                                  "type": "string",
                                  "description": "Name of the VPC where the additional interface belongs.",
                                  "description_kind": "plain",
                                  "optional": true
                                },
                                "subnetwork": {
                                  "type": "string",
                                  "description": "Name of the subnetwork where the additional interface belongs.",
                                  "description_kind": "plain",
                                  "optional": true
                                }
                              },
                              "description": "We specify the additional node networks for this node pool using this list. Each node network corresponds to an additional interface",
                              "description_kind": "plain"
                            }
                          },
                          "additional_pod_network_configs": {
                            "nesting_mode": "list",
                            "block": {
                              "attributes": {
                                "max_pods_per_node": {
                                  "type": "number",
                                  "description": "The maximum number of pods per node which use this pod network.",
                                  "description_kind": "plain",
                                  "optional": true,
                                  "computed": true
                                },
                                "secondary_pod_range": {
                                  "type": "string",
                                  "description": "The name of the secondary range on the subnet which provides IP address for this pod range.",
                                  "description_kind": "plain",
                                  "optional": true
                                },
                                "subnetwork": {
                                  "type": "string",
                                  "description": "Name of the subnetwork where the additional pod network belongs.",
                                  "description_kind": "plain",
                                  "optional": true
                                }
                              },
                              "description": "We specify the additional pod networks for this node pool using this list. Each pod network corresponds to an additional alias IP range for the node",
                              "description_kind": "plain"
                            }
                          },
                          "network_performance_config": {
                            "nesting_mode": "list",
                            "block": {
                              "attributes": {
                                "total_egress_bandwidth_tier": {
                                  "type": "string",
                                  "description": "Specifies the total network bandwidth tier for the NodePool.",
                                  "description_kind": "plain",
                                  "required": true
                                }
                              },
                              "description": "Network bandwidth tier configuration.",
                              "description_kind": "plain"
                            },
                            "max_items": 1
                          },
                          "pod_cidr_overprovision_config": {
                            "nesting_mode": "list",
                            "block": {
                              "attributes": {
                                "disabled": {
                                  "type": "bool",
                                  "description_kind": "plain",
                                  "required": true
                                }
                              },
                              "description": "Configuration for node-pool level pod cidr overprovision. If not set, the cluster level setting will be inherited",
                              "description_kind": "plain"
                            },
                            "max_items": 1
                          }
                        },
                        "description": "Networking configuration for this NodePool. If specified, it overrides the cluster-level defaults.",
                        "description_kind": "plain"
                      },
                      "max_items": 1
                    },
                    "node_config": {
                      "nesting_mode": "list",
                      "block": {
                        "attributes": {
                          "boot_disk_kms_key": {
                            "type": "string",
                            "description": "The Customer Managed Encryption Key used to encrypt the boot disk attached to each node in the node pool.",
                            "description_kind": "plain",
                            "optional": true
                          },
                          "disk_size_gb": {
                            "type": "number",
                            "description": "Size of the disk attached to each node, specified in GB. The smallest allowed disk size is 10GB.",
                            "description_kind": "plain",
                            "optional": true,
                            "computed": true
                          },
                          "disk_type": {
                            "type": "string",
                            "description": "Type of the disk attached to each node. Such as pd-standard, pd-balanced or pd-ssd",
                            "description_kind": "plain",
                            "optional": true,
                            "computed": true
                          },
                          "effective_taints": {
                            "type": [
                              "list",
                              [
                                "object",
                                {
                                  "effect": "string",
                                  "key": "string",
                                  "value": "string"
                                }
                              ]
                            ],
                            "description": "List of kubernetes taints applied to each node.",
                            "description_kind": "plain",
                            "computed": true
                          },
                          "enable_confidential_storage": {
                            "type": "bool",
                            "description": "If enabled boot disks are configured with confidential mode.",
                            "description_kind": "plain",
                            "optional": true
                          },
                          "image_type": {
                            "type": "string",
                            "description": "The image type to use for this node. Note that for a given image type, the latest version of it will be used.",
                            "description_kind": "plain",
                            "optional": true,
                            "computed": true
                          },
                          "labels": {
                            "type": [
                              "map",
                              "string"
                            ],
                            "description": "The map of Kubernetes labels (key/value pairs) to be applied to each node. These will added in addition to any default label(s) that Kubernetes may apply to the node.",
                            "description_kind": "plain",
                            "optional": true,
                            "computed": true
                          },
                          "local_ssd_count": {
                            "type": "number",
                            "description": "The number of local SSD disks to be attached to the node.",
                            "description_kind": "plain",
                            "optional": true,
                            "computed": true
                          },
                          "logging_variant": {
                            "type": "string",
                            "description": "Type of logging agent that is used as the default value for node pools in the cluster. Valid values include DEFAULT and MAX_THROUGHPUT.",
                            "description_kind": "plain",
                            "optional": true,
                            "computed": true
                          },
                          "machine_type": {
                            "type": "string",
                            "description": "The name of a Google Compute Engine machine type.",
                            "description_kind": "plain",
                            "optional": true,
                            "computed": true
                          },
                          "metadata": {
                            "type": [
                              "map",
                              "string"
                            ],
                            "description": "The metadata key/value pairs assigned to instances in the cluster.",
                            "description_kind": "plain",
                            "optional": true,
                            "computed": true
                          },
                          "min_cpu_platform": {
                            "type": "string",
                            "description": "Minimum CPU platform to be used by this instance. The instance may be scheduled on the specified or newer CPU platform.",
                            "description_kind": "plain",
                            "optional": true,
                            "computed": true
                          },
                          "node_group": {
                            "type": "string",
                            "description": "Setting this field will assign instances of this pool to run on the specified node group. This is useful for running workloads on sole tenant nodes.",
                            "description_kind": "plain",
                            "optional": true
                          },
                          "oauth_scopes": {
                            "type": [
                              "set",
                              "string"
                            ],
                            "description": "The set of Google API scopes to be made available on all of the node VMs.",
                            "description_kind": "plain",
                            "optional": true,
                            "computed": true
                          },
                          "preemptible": {
                            "type": "bool",
                            "description": "Whether the nodes are created as preemptible VM instances.",
                            "description_kind": "plain",
                            "optional": true
                          },
                          "resource_labels": {
                            "type": [
                              "map",
                              "string"
                            ],
                            "description": "The GCE resource labels (a map of key/value pairs) to be applied to the node pool.",
                            "description_kind": "plain",
                            "optional": true
                          },
                          "resource_manager_tags": {
                            "type": [
                              "map",
                              "string"
                            ],
                            "description": "A map of resource manager tags. Resource manager tag keys and values have the same definition as resource manager tags. Keys must be in the format tagKeys/{tag_key_id}, and values are in the format tagValues/456. The field is ignored (both PUT \u0026 PATCH) when empty.",
                            "description_kind": "plain",
                            "optional": true
                          },
                          "service_account": {
                            "type": "string",
                            "description": "The Google Cloud Platform Service Account to be used by the node VMs.",
                            "description_kind": "plain",
                            "optional": true,
                            "computed": true
                          },
                          "spot": {
                            "type": "bool",
                            "description": "Whether the nodes are created as spot VM instances.",
                            "description_kind": "plain",
                            "optional": true
                          },
                          "storage_pools": {
                            "type": [
                              "list",
                              "string"
                            ],
                            "description": "The list of Storage Pools where boot disks are provisioned.",
                            "description_kind": "plain",
                            "optional": true
                          },
                          "tags": {
                            "type": [
                              "list",
                              "string"
                            ],
                            "description": "The list of instance tags applied to all nodes.",
                            "description_kind": "plain",
                            "optional": true
                          }
                        },
                        "block_types": {
                          "advanced_machine_features": {
                            "nesting_mode": "list",
                            "block": {
                              "attributes": {
                                "enable_nested_virtualization": {
                                  "type": "bool",
                                  "description": "Whether the node should have nested virtualization enabled.",
                                  "description_kind": "plain",
                                  "optional": true
                                },
                                "threads_per_core": {
                                  "type": "number",
                                  "description": "The number of threads per physical core. To disable simultaneous multithreading (SMT) set this to 1. If unset, the maximum number of threads supported per core by the underlying processor is assumed.",
                                  "description_kind": "plain",
                                  "required": true
                                }
                              },
                              "description": "Specifies options for controlling advanced machine features.",
                              "description_kind": "plain"
                            },
                            "max_items": 1
                          },
                          "confidential_nodes": {
                            "nesting_mode": "list",
                            "block": {
                              "attributes": {
                                "enabled": {
                                  "type": "bool",
                                  "description": "Whether Confidential Nodes feature is enabled for all nodes in this pool.",
                                  "description_kind": "plain",
                                  "required": true
                                }
                              },
                              "description": "Configuration for the confidential nodes feature, which makes nodes run on confidential VMs. Warning: This configuration can't be changed (or added/removed) after pool creation without deleting and recreating the entire pool.",
                              "description_kind": "plain"
                            },
                            "max_items": 1
                          },
                          "containerd_config": {
                            "nesting_mode": "list",
                            "block": {
                              "block_types": {
                                "private_registry_access_config": {
                                  "nesting_mode": "list",
                                  "block": {
                                    "attributes": {
                                      "enabled": {
                                        "type": "bool",
                                        "description": "Whether or not private registries are configured.",
                                        "description_kind": "plain",
                                        "required": true
                                      }
                                    },
                                    "block_types": {
                                      "certificate_authority_domain_config": {
                                        "nesting_mode": "list",
                                        "block": {
                                          "attributes": {
                                            "fqdns": {
                                              "type": [
                                                "list",
                                                "string"
                                              ],
                                              "description": "List of fully-qualified-domain-names. IPv4s and port specification are supported.",
                                              "description_kind": "plain",
                                              "required": true
                                            }
                                          },
                                          "block_types": {
                                            "gcp_secret_manager_certificate_config": {
                                              "nesting_mode": "list",
                                              "block": {
                                                "attributes": {
                                                  "secret_uri": {
                                                    "type": "string",
                                                    "description": "URI for the secret that hosts a certificate. Must be in the format 'projects/PROJECT_NUM/secrets/SECRET_NAME/versions/VERSION_OR_LATEST'.",
                                                    "description_kind": "plain",
                                                    "required": true
                                                  }
                                                },
                                                "description": "Parameters for configuring a certificate hosted in GCP SecretManager.",
                                                "description_kind": "plain"
                                              },
                                              "min_items": 1,
                                              "max_items": 1
                                            }
                                          },
                                          "description": "Parameters for configuring CA certificate and domains.",
                                          "description_kind": "plain"
                                        }
                                      }
                                    },
                                    "description": "Parameters for private container registries configuration.",
                                    "description_kind": "plain"
                                  },
                                  "max_items": 1
                                }
                              },
                              "description": "Parameters for containerd configuration.",
                              "description_kind": "plain"
                            },
                            "max_items": 1
                          },
                          "ephemeral_storage_local_ssd_config": {
                            "nesting_mode": "list",
                            "block": {
                              "attributes": {
                                "local_ssd_count": {
                                  "type": "number",
                                  "description": "Number of local SSDs to use to back ephemeral storage. Uses NVMe interfaces. Each local SSD must be 375 or 3000 GB in size, and all local SSDs must share the same size.",
                                  "description_kind": "plain",
                                  "required": true
                                }
                              },
                              "description": "Parameters for the ephemeral storage filesystem. If unspecified, ephemeral storage is backed by the boot disk.",
                              "description_kind": "plain"
                            },
                            "max_items": 1
                          },
                          "fast_socket": {
                            "nesting_mode": "list",
                            "block": {
                              "attributes": {
                                "enabled": {
                                  "type": "bool",
                                  "description": "Whether or not NCCL Fast Socket is enabled",
                                  "description_kind": "plain",
                                  "required": true
                                }
                              },
                              "description": "Enable or disable NCCL Fast Socket in the node pool.",
                              "description_kind": "plain"
                            },
                            "max_items": 1
                          },
                          "gcfs_config": {
                            "nesting_mode": "list",
                            "block": {
                              "attributes": {
                                "enabled": {
                                  "type": "bool",
                                  "description": "Whether or not GCFS is enabled",
                                  "description_kind": "plain",
                                  "required": true
                                }
                              },
                              "description": "GCFS configuration for this node.",
                              "description_kind": "plain"
                            },
                            "max_items": 1
                          },
                          "guest_accelerator": {
                            "nesting_mode": "list",
                            "block": {
                              "attributes": {
                                "count": {
                                  "type": "number",
                                  "description": "The number of the accelerator cards exposed to an instance.",
                                  "description_kind": "plain",
                                  "required": true
                                },
                                "gpu_partition_size": {
                                  "type": "string",
                                  "description": "Size of partitions to create on the GPU. Valid values are described in the NVIDIA mig user guide (https://docs.nvidia.com/datacenter/tesla/mig-user-guide/#partitioning)",
                                  "description_kind": "plain",
                                  "optional": true
                                },
                                "type": {
                                  "type": "string",
                                  "description": "The accelerator type resource name.",
                                  "description_kind": "plain",
                                  "required": true
                                }
                              },
                              "block_types": {
                                "gpu_driver_installation_config": {
                                  "nesting_mode": "list",
                                  "block": {
                                    "attributes": {
                                      "gpu_driver_version": {
                                        "type": "string",
                                        "description": "Mode for how the GPU driver is installed.",
                                        "description_kind": "plain",
                                        "required": true
                                      }
                                    },
                                    "description": "Configuration for auto installation of GPU driver.",
                                    "description_kind": "plain"
                                  },
                                  "max_items": 1
                                },
                                "gpu_sharing_config": {
                                  "nesting_mode": "list",
                                  "block": {
                                    "attributes": {
                                      "gpu_sharing_strategy": {
                                        "type": "string",
                                        "description": "The type of GPU sharing strategy to enable on the GPU node. Possible values are described in the API package (https://pkg.go.dev/google.golang.org/api/container/v1#GPUSharingConfig)",
                                        "description_kind": "plain",
                                        "required": true
                                      },
                                      "max_shared_clients_per_gpu": {
                                        "type": "number",
                                        "description": "The maximum number of containers that can share a GPU.",
                                        "description_kind": "plain",
                                        "required": true
                                      }
                                    },
                                    "description": "Configuration for GPU sharing.",
                                    "description_kind": "plain"
                                  },
                                  "max_items": 1
                                }
                              },
                              "description": "List of the type and count of accelerator cards attached to the instance.",
                              "description_kind": "plain"
                            }
                          },
                          "gvnic": {
                            "nesting_mode": "list",
                            "block": {
                              "attributes": {
                                "enabled": {
                                  "type": "bool",
                                  "description": "Whether or not gvnic is enabled",
                                  "description_kind": "plain",
                                  "required": true
                                }
                              },
                              "description": "Enable or disable gvnic in the node pool.",
                              "description_kind": "plain"
                            },
                            "max_items": 1
                          },
                          "host_maintenance_policy": {
                            "nesting_mode": "list",
                            "block": {
                              "attributes": {
                                "maintenance_interval": {
                                  "type": "string",
                                  "description": ".",
                                  "description_kind": "plain",
                                  "required": true
                                }
                              },
                              "description": "The maintenance policy for the hosts on which the GKE VMs run on.",
                              "description_kind": "plain"
                            },
                            "max_items": 1
                          },
                          "kubelet_config": {
                            "nesting_mode": "list",
                            "block": {
                              "attributes": {
                                "cpu_cfs_quota": {
                                  "type": "bool",
                                  "description": "Enable CPU CFS quota enforcement for containers that specify CPU limits.",
                                  "description_kind": "plain",
                                  "optional": true
                                },
                                "cpu_cfs_quota_period": {
                                  "type": "string",
                                  "description": "Set the CPU CFS quota period value 'cpu.cfs_period_us'.",
                                  "description_kind": "plain",
                                  "optional": true
                                },
                                "cpu_manager_policy": {
                                  "type": "string",
                                  "description": "Control the CPU management policy on the node.",
                                  "description_kind": "plain",
                                  "optional": true
                                },
                                "insecure_kubelet_readonly_port_enabled": {
                                  "type": "string",
                                  "description": "Controls whether the kubelet read-only port is enabled. It is strongly recommended to set this to `FALSE`. Possible values: `TRUE`, `FALSE`.",
                                  "description_kind": "plain",
                                  "optional": true,
                                  "computed": true
                                },
                                "pod_pids_limit": {
                                  "type": "number",
                                  "description": "Controls the maximum number of processes allowed to run in a pod.",
                                  "description_kind": "plain",
                                  "optional": true
                                }
                              },
                              "description": "Node kubelet configs.",
                              "description_kind": "plain"
                            },
                            "max_items": 1
                          },
                          "linux_node_config": {
                            "nesting_mode": "list",
                            "block": {
                              "attributes": {
                                "cgroup_mode": {
                                  "type": "string",
                                  "description": "cgroupMode specifies the cgroup mode to be used on the node.",
                                  "description_kind": "plain",
                                  "optional": true,
                                  "computed": true
                                },
                                "sysctls": {
                                  "type": [
                                    "map",
                                    "string"
                                  ],
                                  "description": "The Linux kernel parameters to be applied to the nodes and all pods running on the nodes.",
                                  "description_kind": "plain",
                                  "optional": true
                                }
                              },
                              "block_types": {
                                "hugepages_config": {
                                  "nesting_mode": "list",
                                  "block": {
                                    "attributes": {
                                      "hugepage_size_1g": {
                                        "type": "number",
                                        "description": "Amount of 1G hugepages.",
                                        "description_kind": "plain",
                                        "optional": true
                                      },
                                      "hugepage_size_2m": {
                                        "type": "number",
                                        "description": "Amount of 2M hugepages.",
                                        "description_kind": "plain",
                                        "optional": true
                                      }
                                    },
                                    "description": "Amounts for 2M and 1G hugepages.",
                                    "description_kind": "plain"
                                  },
                                  "max_items": 1
                                }
                              },
                              "description": "Parameters that can be configured on Linux nodes.",
                              "description_kind": "plain"
                            },
                            "max_items": 1
                          },
                          "local_nvme_ssd_block_config": {
                            "nesting_mode": "list",
                            "block": {
                              "attributes": {
                                "local_ssd_count": {
                                  "type": "number",
                                  "description": "Number of raw-block local NVMe SSD disks to be attached to the node. Each local SSD is 375 GB in size.",
                                  "description_kind": "plain",
                                  "required": true
                                }
                              },
                              "description": "Parameters for raw-block local NVMe SSDs.",
                              "description_kind": "plain"
                            },
                            "max_items": 1
                          },
                          "reservation_affinity": {
                            "nesting_mode": "list",
                            "block": {
                              "attributes": {
                                "consume_reservation_type": {
                                  "type": "string",
                                  "description": "Corresponds to the type of reservation consumption.",
                                  "description_kind": "plain",
                                  "required": true
                                },
                                "key": {
                                  "type": "string",
                                  "description": "The label key of a reservation resource.",
                                  "description_kind": "plain",
                                  "optional": true
                                },
                                "values": {
                                  "type": [
                                    "set",
                                    "string"
                                  ],
                                  "description": "The label values of the reservation resource.",
                                  "description_kind": "plain",
                                  "optional": true
                                }
                              },
                              "description": "The reservation affinity configuration for the node pool.",
                              "description_kind": "plain"
                            },
                            "max_items": 1
                          },
                          "secondary_boot_disks": {
                            "nesting_mode": "list",
                            "block": {
                              "attributes": {
                                "disk_image": {
                                  "type": "string",
                                  "description": "Disk image to create the secondary boot disk from",
                                  "description_kind": "plain",
                                  "required": true
                                },
                                "mode": {
                                  "type": "string",
                                  "description": "Mode for how the secondary boot disk is used.",
                                  "description_kind": "plain",
                                  "optional": true
                                }
                              },
                              "description": "Secondary boot disks for preloading data or container images.",
                              "description_kind": "plain"
                            },
                            "max_items": 127
                          },
                          "shielded_instance_config": {
                            "nesting_mode": "list",
                            "block": {
                              "attributes": {
                                "enable_integrity_monitoring": {
                                  "type": "bool",
                                  "description": "Defines whether the instance has integrity monitoring enabled.",
                                  "description_kind": "plain",
                                  "optional": true
                                },
                                "enable_secure_boot": {
                                  "type": "bool",
                                  "description": "Defines whether the instance has Secure Boot enabled.",
                                  "description_kind": "plain",
                                  "optional": true
                                }
                              },
                              "description": "Shielded Instance options.",
                              "description_kind": "plain"
                            },
                            "max_items": 1
                          },
                          "sole_tenant_config": {
                            "nesting_mode": "list",
                            "block": {
                              "block_types": {
                                "node_affinity": {
                                  "nesting_mode": "set",
                                  "block": {
                                    "attributes": {
                                      "key": {
                                        "type": "string",
                                        "description": ".",
                                        "description_kind": "plain",
                                        "required": true
                                      },
                                      "operator": {
                                        "type": "string",
                                        "description": ".",
                                        "description_kind": "plain",
                                        "required": true
                                      },
                                      "values": {
                                        "type": [
                                          "list",
                                          "string"
                                        ],
                                        "description": ".",
                                        "description_kind": "plain",
                                        "required": true
                                      }
                                    },
                                    "description": ".",
                                    "description_kind": "plain"
                                  },
                                  "min_items": 1
                                }
                              },
                              "description": "Node affinity options for sole tenant node pools.",
                              "description_kind": "plain"
                            },
                            "max_items": 1
                          },
                          "taint": {
                            "nesting_mode": "list",
                            "block": {
                              "attributes": {
                                "effect": {
                                  "type": "string",
                                  "description": "Effect for taint.",
                                  "description_kind": "plain",
                                  "required": true
                                },
                                "key": {
                                  "type": "string",
                                  "description": "Key for taint.",
                                  "description_kind": "plain",
                                  "required": true
                                },
                                "value": {
                                  "type": "string",
                                  "description": "Value for taint.",
                                  "description_kind": "plain",
                                  "required": true
                                }
                              },
                              "description": "List of Kubernetes taints to be applied to each node.",
                              "description_kind": "plain"
                            }
                          },
                          "workload_metadata_config": {
                            "nesting_mode": "list",
                            "block": {
                              "attributes": {
                                "mode": {
                                  "type": "string",
                                  "description": "Mode is the configuration for how to expose metadata to workloads running on the node.",
                                  "description_kind": "plain",
                                  "required": true
                                }
                              },
                              "description": "The workload metadata configuration for this node.",
                              "description_kind": "plain"
                            },
                            "max_items": 1
                          }
                        },
                        "description": "The configuration of the nodepool",
                        "description_kind": "plain"
                      },
                      "max_items": 1
                    },
                    "placement_policy": {
                      "nesting_mode": "list",
                      "block": {
                        "attributes": {
                          "policy_name": {
                            "type": "string",
                            "description": "If set, refers to the name of a custom resource policy supplied by the user. The resource policy must be in the same project and region as the node pool. If not found, InvalidArgument error is returned.",
                            "description_kind": "plain",
                            "optional": true
                          },
                          "tpu_topology": {
                            "type": "string",
                            "description": "TPU placement topology for pod slice node pool. https://cloud.google.com/tpu/docs/types-topologies#tpu_topologies",
                            "description_kind": "plain",
                            "optional": true
                          },
                          "type": {
                            "type": "string",
                            "description": "Type defines the type of placement policy",
                            "description_kind": "plain",
                            "required": true
                          }
                        },
                        "description": "Specifies the node placement policy",
                        "description_kind": "plain"
                      },
                      "max_items": 1
                    },
                    "queued_provisioning": {
                      "nesting_mode": "list",
                      "block": {
                        "attributes": {
                          "enabled": {
                            "type": "bool",
                            "description": "Whether nodes in this node pool are obtainable solely through the ProvisioningRequest API",
                            "description_kind": "plain",
                            "required": true
                          }
                        },
                        "description": "Specifies the configuration of queued provisioning",
                        "description_kind": "plain"
                      },
                      "max_items": 1
                    },
                    "upgrade_settings": {
                      "nesting_mode": "list",
                      "block": {
                        "attributes": {
                          "max_surge": {
                            "type": "number",
                            "description": "The number of additional nodes that can be added to the node pool during an upgrade. Increasing max_surge raises the number of nodes that can be upgraded simultaneously. Can be set to 0 or greater.",
                            "description_kind": "plain",
                            "optional": true,
                            "computed": true
                          },
                          "max_unavailable": {
                            "type": "number",
                            "description": "The number of nodes that can be simultaneously unavailable during an upgrade. Increasing max_unavailable raises the number of nodes that can be upgraded in parallel. Can be set to 0 or greater.",
                            "description_kind": "plain",
                            "optional": true,
                            "computed": true
                          },
                          "strategy": {
                            "type": "string",
                            "description": "Update strategy for the given nodepool.",
                            "description_kind": "plain",
                            "optional": true
                          }
                        },
                        "block_types": {
                          "blue_green_settings": {
                            "nesting_mode": "list",
                            "block": {
                              "attributes": {
                                "node_pool_soak_duration": {
                                  "type": "string",
                                  "description": "Time needed after draining entire blue pool. After this period, blue pool will be cleaned up.",
                                  "description_kind": "plain",
                                  "optional": true,
                                  "computed": true
                                }
                              },
                              "block_types": {
                                "standard_rollout_policy": {
                                  "nesting_mode": "list",
                                  "block": {
                                    "attributes": {
                                      "batch_node_count": {
                                        "type": "number",
                                        "description": "Number of blue nodes to drain in a batch.",
                                        "description_kind": "plain",
                                        "optional": true,
                                        "computed": true
                                      },
                                      "batch_percentage": {
                                        "type": "number",
                                        "description": "Percentage of the blue pool nodes to drain in a batch.",
                                        "description_kind": "plain",
                                        "optional": true,
                                        "computed": true
                                      },
                                      "batch_soak_duration": {
                                        "type": "string",
                                        "description": "Soak time after each batch gets drained.",
                                        "description_kind": "plain",
                                        "optional": true,
                                        "computed": true
                                      }
                                    },
                                    "description": "Standard rollout policy is the default policy for blue-green.",
                                    "description_kind": "plain"
                                  },
                                  "min_items": 1,
                                  "max_items": 1
                                }
                              },
                              "description": "Settings for BlueGreen node pool upgrade.",
                              "description_kind": "plain"
                            },
                            "max_items": 1
                          }
                        },
                        "description": "Specify node upgrade settings to change how many nodes GKE attempts to upgrade at once. The number of nodes upgraded simultaneously is the sum of max_surge and max_unavailable. The maximum number of nodes upgraded simultaneously is limited to 20.",
                        "description_kind": "plain"
                      },
                      "max_items": 1
                    }
                  },
                  "description": "List of node pools associated with this cluster. See google_container_node_pool for schema. Warning: node pools defined inside a cluster can't be changed (or added/removed) after cluster creation without deleting and recreating the entire cluster. Unless you absolutely need the ability to say \"these are the only node pools associated with this cluster\", use the google_container_node_pool resource instead of this property.",
                  "description_kind": "plain"
                }
              },
              "node_pool_auto_config": {
                "nesting_mode": "list",
                "block": {
                  "attributes": {
                    "resource_manager_tags": {
                      "type": [
                        "map",
                        "string"
                      ],
                      "description": "A map of resource manager tags. Resource manager tag keys and values have the same definition as resource manager tags. Keys must be in the format tagKeys/{tag_key_id}, and values are in the format tagValues/456. The field is ignored (both PUT \u0026 PATCH) when empty.",
                      "description_kind": "plain",
                      "optional": true
                    }
                  },
                  "block_types": {
                    "network_tags": {
                      "nesting_mode": "list",
                      "block": {
                        "attributes": {
                          "tags": {
                            "type": [
                              "list",
                              "string"
                            ],
                            "description": "List of network tags applied to auto-provisioned node pools.",
                            "description_kind": "plain",
                            "optional": true
                          }
                        },
                        "description": "Collection of Compute Engine network tags that can be applied to a node's underlying VM instance.",
                        "description_kind": "plain"
                      },
                      "max_items": 1
                    },
                    "node_kubelet_config": {
                      "nesting_mode": "list",
                      "block": {
                        "attributes": {
                          "insecure_kubelet_readonly_port_enabled": {
                            "type": "string",
                            "description": "Controls whether the kubelet read-only port is enabled. It is strongly recommended to set this to `FALSE`. Possible values: `TRUE`, `FALSE`.",
                            "description_kind": "plain",
                            "optional": true,
                            "computed": true
                          }
                        },
                        "description": "Node kubelet configs.",
                        "description_kind": "plain"
                      },
                      "max_items": 1
                    }
                  },
                  "description": "Node pool configs that apply to all auto-provisioned node pools in autopilot clusters and node auto-provisioning enabled clusters.",
                  "description_kind": "plain"
                },
                "max_items": 1
              },
              "node_pool_defaults": {
                "nesting_mode": "list",
                "block": {
                  "block_types": {
                    "node_config_defaults": {
                      "nesting_mode": "list",
                      "block": {
                        "attributes": {
                          "insecure_kubelet_readonly_port_enabled": {
                            "type": "string",
                            "description": "Controls whether the kubelet read-only port is enabled. It is strongly recommended to set this to `FALSE`. Possible values: `TRUE`, `FALSE`.",
                            "description_kind": "plain",
                            "optional": true,
                            "computed": true
                          },
                          "logging_variant": {
                            "type": "string",
                            "description": "Type of logging agent that is used as the default value for node pools in the cluster. Valid values include DEFAULT and MAX_THROUGHPUT.",
                            "description_kind": "plain",
                            "optional": true,
                            "computed": true
                          }
                        },
                        "block_types": {
                          "containerd_config": {
                            "nesting_mode": "list",
                            "block": {
                              "block_types": {
                                "private_registry_access_config": {
                                  "nesting_mode": "list",
                                  "block": {
                                    "attributes": {
                                      "enabled": {
                                        "type": "bool",
                                        "description": "Whether or not private registries are configured.",
                                        "description_kind": "plain",
                                        "required": true
                                      }
                                    },
                                    "block_types": {
                                      "certificate_authority_domain_config": {
                                        "nesting_mode": "list",
                                        "block": {
                                          "attributes": {
                                            "fqdns": {
                                              "type": [
                                                "list",
                                                "string"
                                              ],
                                              "description": "List of fully-qualified-domain-names. IPv4s and port specification are supported.",
                                              "description_kind": "plain",
                                              "required": true
                                            }
                                          },
                                          "block_types": {
                                            "gcp_secret_manager_certificate_config": {
                                              "nesting_mode": "list",
                                              "block": {
                                                "attributes": {
                                                  "secret_uri": {
                                                    "type": "string",
                                                    "description": "URI for the secret that hosts a certificate. Must be in the format 'projects/PROJECT_NUM/secrets/SECRET_NAME/versions/VERSION_OR_LATEST'.",
                                                    "description_kind": "plain",
                                                    "required": true
                                                  }
                                                },
                                                "description": "Parameters for configuring a certificate hosted in GCP SecretManager.",
                                                "description_kind": "plain"
                                              },
                                              "min_items": 1,
                                              "max_items": 1
                                            }
                                          },
                                          "description": "Parameters for configuring CA certificate and domains.",
                                          "description_kind": "plain"
                                        }
                                      }
                                    },
                                    "description": "Parameters for private container registries configuration.",
                                    "description_kind": "plain"
                                  },
                                  "max_items": 1
                                }
                              },
                              "description": "Parameters for containerd configuration.",
                              "description_kind": "plain"
                            },
                            "max_items": 1
                          },
                          "gcfs_config": {
                            "nesting_mode": "list",
                            "block": {
                              "attributes": {
                                "enabled": {
                                  "type": "bool",
                                  "description": "Whether or not GCFS is enabled",
                                  "description_kind": "plain",
                                  "required": true
                                }
                              },
                              "description": "GCFS configuration for this node.",
                              "description_kind": "plain"
                            },
                            "max_items": 1
                          }
                        },
                        "description": "Subset of NodeConfig message that has defaults.",
                        "description_kind": "plain"
                      },
                      "max_items": 1
                    }
                  },
                  "description": "The default nodel pool settings for the entire cluster.",
                  "description_kind": "plain"
                },
                "max_items": 1
              },
              "notification_config": {
                "nesting_mode": "list",
                "block": {
                  "block_types": {
                    "pubsub": {
                      "nesting_mode": "list",
                      "block": {
                        "attributes": {
                          "enabled": {
                            "type": "bool",
                            "description": "Whether or not the notification config is enabled",
                            "description_kind": "plain",
                            "required": true
                          },
                          "topic": {
                            "type": "string",
                            "description": "The pubsub topic to push upgrade notifications to. Must be in the same project as the cluster. Must be in the format: projects/{project}/topics/{topic}.",
                            "description_kind": "plain",
                            "optional": true
                          }
                        },
                        "block_types": {
                          "filter": {
                            "nesting_mode": "list",
                            "block": {
                              "attributes": {
                                "event_type": {
                                  "type": [
                                    "list",
                                    "string"
                                  ],
                                  "description": "Can be used to filter what notifications are sent. Valid values include include UPGRADE_AVAILABLE_EVENT, UPGRADE_EVENT and SECURITY_BULLETIN_EVENT",
                                  "description_kind": "plain",
                                  "required": true
                                }
                              },
                              "description": "Allows filtering to one or more specific event types. If event types are present, those and only those event types will be transmitted to the cluster. Other types will be skipped. If no filter is specified, or no event types are present, all event types will be sent",
                              "description_kind": "plain"
                            },
                            "max_items": 1
                          }
                        },
                        "description": "Notification config for Cloud Pub/Sub",
                        "description_kind": "plain"
                      },
                      "min_items": 1,
                      "max_items": 1
                    }
                  },
                  "description": "The notification config for sending cluster upgrade notifications",
                  "description_kind": "plain"
                },
                "max_items": 1
              },
              "private_cluster_config": {
                "nesting_mode": "list",
                "block": {
                  "attributes": {
                    "enable_private_endpoint": {
                      "type": "bool",
                      "description": "When true, the cluster's private endpoint is used as the cluster endpoint and access through the public endpoint is disabled. When false, either endpoint can be used.",
                      "description_kind": "plain",
                      "optional": true
                    },
                    "enable_private_nodes": {
                      "type": "bool",
                      "description": "Enables the private cluster feature, creating a private endpoint on the cluster. In a private cluster, nodes only have RFC 1918 private addresses and communicate with the master's private endpoint via private networking.",
                      "description_kind": "plain",
                      "optional": true
                    },
                    "master_ipv4_cidr_block": {
                      "type": "string",
                      "description": "The IP range in CIDR notation to use for the hosted master network. This range will be used for assigning private IP addresses to the cluster master(s) and the ILB VIP. This range must not overlap with any other ranges in use within the cluster's network, and it must be a /28 subnet. See Private Cluster Limitations for more details. This field only applies to private clusters, when enable_private_nodes is true.",
                      "description_kind": "plain",
                      "optional": true,
                      "computed": true
                    },
                    "peering_name": {
                      "type": "string",
                      "description": "The name of the peering between this cluster and the Google owned VPC.",
                      "description_kind": "plain",
                      "computed": true
                    },
                    "private_endpoint": {
                      "type": "string",
                      "description": "The internal IP address of this cluster's master endpoint.",
                      "description_kind": "plain",
                      "computed": true
                    },
                    "private_endpoint_subnetwork": {
                      "type": "string",
                      "description": "Subnetwork in cluster's network where master's endpoint will be provisioned.",
                      "description_kind": "plain",
                      "optional": true
                    },
                    "public_endpoint": {
                      "type": "string",
                      "description": "The external IP address of this cluster's master endpoint.",
                      "description_kind": "plain",
                      "computed": true
                    }
                  },
                  "block_types": {
                    "master_global_access_config": {
                      "nesting_mode": "list",
                      "block": {
                        "attributes": {
                          "enabled": {
                            "type": "bool",
                            "description": "Whether the cluster master is accessible globally or not.",
                            "description_kind": "plain",
                            "required": true
                          }
                        },
                        "description": "Controls cluster master global access settings.",
                        "description_kind": "plain"
                      },
                      "max_items": 1
                    }
                  },
                  "description": "Configuration for private clusters, clusters with private nodes.",
                  "description_kind": "plain"
                },
                "max_items": 1
              },
              "release_channel": {
                "nesting_mode": "list",
                "block": {
                  "attributes": {
                    "channel": {
                      "type": "string",
                      "description": "The selected release channel. Accepted values are:\n* UNSPECIFIED: Not set.\n* RAPID: Weekly upgrade cadence; Early testers and developers who requires new features.\n* REGULAR: Multiple per month upgrade cadence; Production users who need features not yet offered in the Stable channel.\n* STABLE: Every few months upgrade cadence; Production users who need stability above all else, and for whom frequent upgrades are too risky.\n* EXTENDED: GKE provides extended support for Kubernetes minor versions through the Extended channel. With this channel, you can stay on a minor version for up to 24 months.",
                      "description_kind": "plain",
                      "required": true
                    }
                  },
                  "description": "Configuration options for the Release channel feature, which provide more control over automatic upgrades of your GKE clusters. Note that removing this field from your config will not unenroll it. Instead, use the \"UNSPECIFIED\" channel.",
                  "description_kind": "plain"
                },
                "max_items": 1
              },
              "resource_usage_export_config": {
                "nesting_mode": "list",
                "block": {
                  "attributes": {
                    "enable_network_egress_metering": {
                      "type": "bool",
                      "description": "Whether to enable network egress metering for this cluster. If enabled, a daemonset will be created in the cluster to meter network egress traffic.",
                      "description_kind": "plain",
                      "optional": true
                    },
                    "enable_resource_consumption_metering": {
                      "type": "bool",
                      "description": "Whether to enable resource consumption metering on this cluster. When enabled, a table will be created in the resource export BigQuery dataset to store resource consumption data. The resulting table can be joined with the resource usage table or with BigQuery billing export. Defaults to true.",
                      "description_kind": "plain",
                      "optional": true
                    }
                  },
                  "block_types": {
                    "bigquery_destination": {
                      "nesting_mode": "list",
                      "block": {
                        "attributes": {
                          "dataset_id": {
                            "type": "string",
                            "description": "The ID of a BigQuery Dataset.",
                            "description_kind": "plain",
                            "required": true
                          }
                        },
                        "description": "Parameters for using BigQuery as the destination of resource usage export.",
                        "description_kind": "plain"
                      },
                      "min_items": 1,
                      "max_items": 1
                    }
                  },
                  "description": "Configuration for the ResourceUsageExportConfig feature.",
                  "description_kind": "plain"
                },
                "max_items": 1
              },
              "secret_manager_config": {
                "nesting_mode": "list",
                "block": {
                  "attributes": {
                    "enabled": {
                      "type": "bool",
                      "description": "Enable the Secret manager csi component.",
                      "description_kind": "plain",
                      "required": true
                    }
                  },
                  "description": "Configuration for the Secret Manager feature.",
                  "description_kind": "plain"
                },
                "max_items": 1
              },
              "security_posture_config": {
                "nesting_mode": "list",
                "block": {
                  "attributes": {
                    "mode": {
                      "type": "string",
                      "description": "Sets the mode of the Kubernetes security posture API's off-cluster features. Available options include DISABLED, BASIC, and ENTERPRISE.",
                      "description_kind": "plain",
                      "optional": true,
                      "computed": true
                    },
                    "vulnerability_mode": {
                      "type": "string",
                      "description": "Sets the mode of the Kubernetes security posture API's workload vulnerability scanning. Available options include VULNERABILITY_DISABLED, VULNERABILITY_BASIC and VULNERABILITY_ENTERPRISE.",
                      "description_kind": "plain",
                      "optional": true,
                      "computed": true
                    }
                  },
                  "description": "Defines the config needed to enable/disable features for the Security Posture API",
                  "description_kind": "plain"
                },
                "max_items": 1
              },
              "service_external_ips_config": {
                "nesting_mode": "list",
                "block": {
                  "attributes": {
                    "enabled": {
                      "type": "bool",
                      "description": "When enabled, services with external ips specified will be allowed.",
                      "description_kind": "plain",
                      "required": true
                    }
                  },
                  "description": "If set, and enabled=true, services with external ips field will not be blocked",
                  "description_kind": "plain"
                },
                "max_items": 1
              },
              "timeouts": {
                "nesting_mode": "single",
                "block": {
                  "attributes": {
                    "create": {
                      "type": "string",
                      "description_kind": "plain",
                      "optional": true
                    },
                    "delete": {
                      "type": "string",
                      "description_kind": "plain",
                      "optional": true
                    },
                    "read": {
                      "type": "string",
                      "description_kind": "plain",
                      "optional": true
                    },
                    "update": {
                      "type": "string",
                      "description_kind": "plain",
                      "optional": true
                    }
                  },
                  "description_kind": "plain"
                }
              },
              "vertical_pod_autoscaling": {
                "nesting_mode": "list",
                "block": {
                  "attributes": {
                    "enabled": {
                      "type": "bool",
                      "description": "Enables vertical pod autoscaling.",
                      "description_kind": "plain",
                      "required": true
                    }
                  },
                  "description": "Vertical Pod Autoscaling automatically adjusts the resources of pods controlled by it.",
                  "description_kind": "plain"
                },
                "max_items": 1
              },
              "workload_identity_config": {
                "nesting_mode": "list",
                "block": {
                  "attributes": {
                    "workload_pool": {
                      "type": "string",
                      "description": "The workload pool to attach all Kubernetes service accounts to.",
                      "description_kind": "plain",
                      "optional": true
                    }
                  },
                  "description": "Configuration for the use of Kubernetes Service Accounts in GCP IAM policies.",
                  "description_kind": "plain"
                },
                "max_items": 1
              }
            },
            "description_kind": "plain"
          }
        },
        "google_container_node_pool": {
          "version": 1,
          "block": {
            "attributes": {
              "cluster": {
                "type": "string",
                "description": "The cluster to create the node pool for. Cluster must be present in location provided for zonal clusters.",
                "description_kind": "plain",
                "required": true
              },
              "id": {
                "type": "string",
                "description_kind": "plain",
                "optional": true,
                "computed": true
              },
              "initial_node_count": {
                "type": "number",
                "description": "The initial number of nodes for the pool. In regional or multi-zonal clusters, this is the number of nodes per zone. Changing this will force recreation of the resource.",
                "description_kind": "plain",
                "optional": true,
                "computed": true
              },
              "instance_group_urls": {
                "type": [
                  "list",
                  "string"
                ],
                "description": "The resource URLs of the managed instance groups associated with this node pool.",
                "description_kind": "plain",
                "computed": true
              },
              "location": {
                "type": "string",
                "description": "The location (region or zone) of the cluster.",
                "description_kind": "plain",
                "optional": true,
                "computed": true
              },
              "managed_instance_group_urls": {
                "type": [
                  "list",
                  "string"
                ],
                "description": "List of instance group URLs which have been assigned to this node pool.",
                "description_kind": "plain",
                "computed": true
              },
              "max_pods_per_node": {
                "type": "number",
                "description": "The maximum number of pods per node in this node pool. Note that this does not work on node pools which are \"route-based\" - that is, node pools belonging to clusters that do not have IP Aliasing enabled.",
                "description_kind": "plain",
                "optional": true,
                "computed": true
              },
              "name": {
                "type": "string",
                "description": "The name of the node pool. If left blank, Terraform will auto-generate a unique name.",
                "description_kind": "plain",
                "optional": true,
                "computed": true
              },
              "name_prefix": {
                "type": "string",
                "description": "Creates a unique name for the node pool beginning with the specified prefix. Conflicts with name.",
                "description_kind": "plain",
                "optional": true,
                "computed": true
              },
              "node_count": {
                "type": "number",
                "description": "The number of nodes per instance group. This field can be used to update the number of nodes per instance group but should not be used alongside autoscaling.",
                "description_kind": "plain",
                "optional": true,
                "computed": true
              },
              "node_locations": {
                "type": [
                  "set",
                  "string"
                ],
                "description": "The list of zones in which the node pool's nodes should be located. Nodes must be in the region of their regional cluster or in the same region as their cluster's zone for zonal clusters. If unspecified, the cluster-level node_locations will be used.",
                "description_kind": "plain",
                "optional": true,
                "computed": true
              },
              "operation": {
                "type": "string",
                "description_kind": "plain",
                "computed": true
              },
              "project": {
                "type": "string",
                "description": "The ID of the project in which to create the node pool. If blank, the provider-configured project will be used.",
                "description_kind": "plain",
                "optional": true,
                "computed": true
              },
              "version": {
                "type": "string",
                "description": "The Kubernetes version for the nodes in this pool. Note that if this field and auto_upgrade are both specified, they will fight each other for what the node version should be, so setting both is highly discouraged. While a fuzzy version can be specified, it's recommended that you specify explicit versions as Terraform will see spurious diffs when fuzzy versions are used. See the google_container_engine_versions data source's version_prefix field to approximate fuzzy versions in a Terraform-compatible way.",
                "description_kind": "plain",
                "optional": true,
                "computed": true
              }
            },
            "block_types": {
              "autoscaling": {
                "nesting_mode": "list",
                "block": {
                  "attributes": {
                    "location_policy": {
                      "type": "string",
                      "description": "Location policy specifies the algorithm used when scaling-up the node pool. \"BALANCED\" - Is a best effort policy that aims to balance the sizes of available zones. \"ANY\" - Instructs the cluster autoscaler to prioritize utilization of unused reservations, and reduces preemption risk for Spot VMs.",
                      "description_kind": "plain",
                      "optional": true,
                      "computed": true
                    },
                    "max_node_count": {
                      "type": "number",
                      "description": "Maximum number of nodes per zone in the node pool. Must be \u003e= min_node_count. Cannot be used with total limits.",
                      "description_kind": "plain",
                      "optional": true
                    },
                    "min_node_count": {
                      "type": "number",
                      "description": "Minimum number of nodes per zone in the node pool. Must be \u003e=0 and \u003c= max_node_count. Cannot be used with total limits.",
                      "description_kind": "plain",
                      "optional": true
                    },
                    "total_max_node_count": {
                      "type": "number",
                      "description": "Maximum number of all nodes in the node pool. Must be \u003e= total_min_node_count. Cannot be used with per zone limits.",
                      "description_kind": "plain",
                      "optional": true
                    },
                    "total_min_node_count": {
                      "type": "number",
                      "description": "Minimum number of all nodes in the node pool. Must be \u003e=0 and \u003c= total_max_node_count. Cannot be used with per zone limits.",
                      "description_kind": "plain",
                      "optional": true
                    }
                  },
                  "description": "Configuration required by cluster autoscaler to adjust the size of the node pool to the current cluster usage.",
                  "description_kind": "plain"
                },
                "max_items": 1
              },
              "management": {
                "nesting_mode": "list",
                "block": {
                  "attributes": {
                    "auto_repair": {
                      "type": "bool",
                      "description": "Whether the nodes will be automatically repaired. Enabled by default.",
                      "description_kind": "plain",
                      "optional": true
                    },
                    "auto_upgrade": {
                      "type": "bool",
                      "description": "Whether the nodes will be automatically upgraded. Enabled by default.",
                      "description_kind": "plain",
                      "optional": true
                    }
                  },
                  "description": "Node management configuration, wherein auto-repair and auto-upgrade is configured.",
                  "description_kind": "plain"
                },
                "max_items": 1
              },
              "network_config": {
                "nesting_mode": "list",
                "block": {
                  "attributes": {
                    "create_pod_range": {
                      "type": "bool",
                      "description": "Whether to create a new range for pod IPs in this node pool. Defaults are provided for pod_range and pod_ipv4_cidr_block if they are not specified.",
                      "description_kind": "plain",
                      "optional": true
                    },
                    "enable_private_nodes": {
                      "type": "bool",
                      "description": "Whether nodes have internal IP addresses only.",
                      "description_kind": "plain",
                      "optional": true,
                      "computed": true
                    },
                    "pod_ipv4_cidr_block": {
                      "type": "string",
                      "description": "The IP address range for pod IPs in this node pool. Only applicable if create_pod_range is true. Set to blank to have a range chosen with the default size. Set to /netmask (e.g. /14) to have a range chosen with a specific netmask. Set to a CIDR notation (e.g. 10.96.0.0/14) to pick a specific range to use.",
                      "description_kind": "plain",
                      "optional": true,
                      "computed": true
                    },
                    "pod_range": {
                      "type": "string",
                      "description": "The ID of the secondary range for pod IPs. If create_pod_range is true, this ID is used for the new range. If create_pod_range is false, uses an existing secondary range with this ID.",
                      "description_kind": "plain",
                      "optional": true,
                      "computed": true
                    }
                  },
                  "block_types": {
                    "additional_node_network_configs": {
                      "nesting_mode": "list",
                      "block": {
                        "attributes": {
                          "network": {
                            "type": "string",
                            "description": "Name of the VPC where the additional interface belongs.",
                            "description_kind": "plain",
                            "optional": true
                          },
                          "subnetwork": {
                            "type": "string",
                            "description": "Name of the subnetwork where the additional interface belongs.",
                            "description_kind": "plain",
                            "optional": true
                          }
                        },
                        "description": "We specify the additional node networks for this node pool using this list. Each node network corresponds to an additional interface",
                        "description_kind": "plain"
                      }
                    },
                    "additional_pod_network_configs": {
                      "nesting_mode": "list",
                      "block": {
                        "attributes": {
                          "max_pods_per_node": {
                            "type": "number",
                            "description": "The maximum number of pods per node which use this pod network.",
                            "description_kind": "plain",
                            "optional": true,
                            "computed": true
                          },
                          "secondary_pod_range": {
                            "type": "string",
                            "description": "The name of the secondary range on the subnet which provides IP address for this pod range.",
                            "description_kind": "plain",
                            "optional": true
                          },
                          "subnetwork": {
                            "type": "string",
                            "description": "Name of the subnetwork where the additional pod network belongs.",
                            "description_kind": "plain",
                            "optional": true
                          }
                        },
                        "description": "We specify the additional pod networks for this node pool using this list. Each pod network corresponds to an additional alias IP range for the node",
                        "description_kind": "plain"
                      }
                    },
                    "network_performance_config": {
                      "nesting_mode": "list",
                      "block": {
                        "attributes": {
                          "total_egress_bandwidth_tier": {
                            "type": "string",
                            "description": "Specifies the total network bandwidth tier for the NodePool.",
                            "description_kind": "plain",
                            "required": true
                          }
                        },
                        "description": "Network bandwidth tier configuration.",
                        "description_kind": "plain"
                      },
                      "max_items": 1
                    },
                    "pod_cidr_overprovision_config": {
                      "nesting_mode": "list",
                      "block": {
                        "attributes": {
                          "disabled": {
                            "type": "bool",
                            "description_kind": "plain",
                            "required": true
                          }
                        },
                        "description": "Configuration for node-pool level pod cidr overprovision. If not set, the cluster level setting will be inherited",
                        "description_kind": "plain"
                      },
                      "max_items": 1
                    }
                  },
                  "description": "Networking configuration for this NodePool. If specified, it overrides the cluster-level defaults.",
                  "description_kind": "plain"
                },
                "max_items": 1
              },
              "node_config": {
                "nesting_mode": "list",
                "block": {
                  "attributes": {
                    "boot_disk_kms_key": {
                      "type": "string",
                      "description": "The Customer Managed Encryption Key used to encrypt the boot disk attached to each node in the node pool.",
                      "description_kind": "plain",
                      "optional": true
                    },
                    "disk_size_gb": {
                      "type": "number",
                      "description": "Size of the disk attached to each node, specified in GB. The smallest allowed disk size is 10GB.",
                      "description_kind": "plain",
                      "optional": true,
                      "computed": true
                    },
                    "disk_type": {
                      "type": "string",
                      "description": "Type of the disk attached to each node. Such as pd-standard, pd-balanced or pd-ssd",
                      "description_kind": "plain",
                      "optional": true,
                      "computed": true
                    },
                    "effective_taints": {
                      "type": [
                        "list",
                        [
                          "object",
                          {
                            "effect": "string",
                            "key": "string",
                            "value": "string"
                          }
                        ]
                      ],
                      "description": "List of kubernetes taints applied to each node.",
                      "description_kind": "plain",
                      "computed": true
                    },
                    "enable_confidential_storage": {
                      "type": "bool",
                      "description": "If enabled boot disks are configured with confidential mode.",
                      "description_kind": "plain",
                      "optional": true
                    },
                    "image_type": {
                      "type": "string",
                      "description": "The image type to use for this node. Note that for a given image type, the latest version of it will be used.",
                      "description_kind": "plain",
                      "optional": true,
                      "computed": true
                    },
                    "labels": {
                      "type": [
                        "map",
                        "string"
                      ],
                      "description": "The map of Kubernetes labels (key/value pairs) to be applied to each node. These will added in addition to any default label(s) that Kubernetes may apply to the node.",
                      "description_kind": "plain",
                      "optional": true,
                      "computed": true
                    },
                    "local_ssd_count": {
                      "type": "number",
                      "description": "The number of local SSD disks to be attached to the node.",
                      "description_kind": "plain",
                      "optional": true,
                      "computed": true
                    },
                    "logging_variant": {
                      "type": "string",
                      "description": "Type of logging agent that is used as the default value for node pools in the cluster. Valid values include DEFAULT and MAX_THROUGHPUT.",
                      "description_kind": "plain",
                      "optional": true,
                      "computed": true
                    },
                    "machine_type": {
                      "type": "string",
                      "description": "The name of a Google Compute Engine machine type.",
                      "description_kind": "plain",
                      "optional": true,
                      "computed": true
                    },
                    "metadata": {
                      "type": [
                        "map",
                        "string"
                      ],
                      "description": "The metadata key/value pairs assigned to instances in the cluster.",
                      "description_kind": "plain",
                      "optional": true,
                      "computed": true
                    },
                    "min_cpu_platform": {
                      "type": "string",
                      "description": "Minimum CPU platform to be used by this instance. The instance may be scheduled on the specified or newer CPU platform.",
                      "description_kind": "plain",
                      "optional": true,
                      "computed": true
                    },
                    "node_group": {
                      "type": "string",
                      "description": "Setting this field will assign instances of this pool to run on the specified node group. This is useful for running workloads on sole tenant nodes.",
                      "description_kind": "plain",
                      "optional": true
                    },
                    "oauth_scopes": {
                      "type": [
                        "set",
                        "string"
                      ],
                      "description": "The set of Google API scopes to be made available on all of the node VMs.",
                      "description_kind": "plain",
                      "optional": true,
                      "computed": true
                    },
                    "preemptible": {
                      "type": "bool",
                      "description": "Whether the nodes are created as preemptible VM instances.",
                      "description_kind": "plain",
                      "optional": true
                    },
                    "resource_labels": {
                      "type": [
                        "map",
                        "string"
                      ],
                      "description": "The GCE resource labels (a map of key/value pairs) to be applied to the node pool.",
                      "description_kind": "plain",
                      "optional": true
                    },
                    "resource_manager_tags": {
                      "type": [
                        "map",
                        "string"
                      ],
                      "description": "A map of resource manager tags. Resource manager tag keys and values have the same definition as resource manager tags. Keys must be in the format tagKeys/{tag_key_id}, and values are in the format tagValues/456. The field is ignored (both PUT \u0026 PATCH) when empty.",
                      "description_kind": "plain",
                      "optional": true
                    },
                    "service_account": {
                      "type": "string",
                      "description": "The Google Cloud Platform Service Account to be used by the node VMs.",
                      "description_kind": "plain",
                      "optional": true,
                      "computed": true
                    },
                    "spot": {
                      "type": "bool",
                      "description": "Whether the nodes are created as spot VM instances.",
                      "description_kind": "plain",
                      "optional": true
                    },
                    "storage_pools": {
                      "type": [
                        "list",
                        "string"
                      ],
                      "description": "The list of Storage Pools where boot disks are provisioned.",
                      "description_kind": "plain",
                      "optional": true
                    },
                    "tags": {
                      "type": [
                        "list",
                        "string"
                      ],
                      "description": "The list of instance tags applied to all nodes.",
                      "description_kind": "plain",
                      "optional": true
                    }
                  },
                  "block_types": {
                    "advanced_machine_features": {
                      "nesting_mode": "list",
                      "block": {
                        "attributes": {
                          "enable_nested_virtualization": {
                            "type": "bool",
                            "description": "Whether the node should have nested virtualization enabled.",
                            "description_kind": "plain",
                            "optional": true
                          },
                          "threads_per_core": {
                            "type": "number",
                            "description": "The number of threads per physical core. To disable simultaneous multithreading (SMT) set this to 1. If unset, the maximum number of threads supported per core by the underlying processor is assumed.",
                            "description_kind": "plain",
                            "required": true
                          }
                        },
                        "description": "Specifies options for controlling advanced machine features.",
                        "description_kind": "plain"
                      },
                      "max_items": 1
                    },
                    "confidential_nodes": {
                      "nesting_mode": "list",
                      "block": {
                        "attributes": {
                          "enabled": {
                            "type": "bool",
                            "description": "Whether Confidential Nodes feature is enabled for all nodes in this pool.",
                            "description_kind": "plain",
                            "required": true
                          }
                        },
                        "description": "Configuration for the confidential nodes feature, which makes nodes run on confidential VMs. Warning: This configuration can't be changed (or added/removed) after pool creation without deleting and recreating the entire pool.",
                        "description_kind": "plain"
                      },
                      "max_items": 1
                    },
                    "containerd_config": {
                      "nesting_mode": "list",
                      "block": {
                        "block_types": {
                          "private_registry_access_config": {
                            "nesting_mode": "list",
                            "block": {
                              "attributes": {
                                "enabled": {
                                  "type": "bool",
                                  "description": "Whether or not private registries are configured.",
                                  "description_kind": "plain",
                                  "required": true
                                }
                              },
                              "block_types": {
                                "certificate_authority_domain_config": {
                                  "nesting_mode": "list",
                                  "block": {
                                    "attributes": {
                                      "fqdns": {
                                        "type": [
                                          "list",
                                          "string"
                                        ],
                                        "description": "List of fully-qualified-domain-names. IPv4s and port specification are supported.",
                                        "description_kind": "plain",
                                        "required": true
                                      }
                                    },
                                    "block_types": {
                                      "gcp_secret_manager_certificate_config": {
                                        "nesting_mode": "list",
                                        "block": {
                                          "attributes": {
                                            "secret_uri": {
                                              "type": "string",
                                              "description": "URI for the secret that hosts a certificate. Must be in the format 'projects/PROJECT_NUM/secrets/SECRET_NAME/versions/VERSION_OR_LATEST'.",
                                              "description_kind": "plain",
                                              "required": true
                                            }
                                          },
                                          "description": "Parameters for configuring a certificate hosted in GCP SecretManager.",
                                          "description_kind": "plain"
                                        },
                                        "min_items": 1,
                                        "max_items": 1
                                      }
                                    },
                                    "description": "Parameters for configuring CA certificate and domains.",
                                    "description_kind": "plain"
                                  }
                                }
                              },
                              "description": "Parameters for private container registries configuration.",
                              "description_kind": "plain"
                            },
                            "max_items": 1
                          }
                        },
                        "description": "Parameters for containerd configuration.",
                        "description_kind": "plain"
                      },
                      "max_items": 1
                    },
                    "ephemeral_storage_local_ssd_config": {
                      "nesting_mode": "list",
                      "block": {
                        "attributes": {
                          "local_ssd_count": {
                            "type": "number",
                            "description": "Number of local SSDs to use to back ephemeral storage. Uses NVMe interfaces. Each local SSD must be 375 or 3000 GB in size, and all local SSDs must share the same size.",
                            "description_kind": "plain",
                            "required": true
                          }
                        },
                        "description": "Parameters for the ephemeral storage filesystem. If unspecified, ephemeral storage is backed by the boot disk.",
                        "description_kind": "plain"
                      },
                      "max_items": 1
                    },
                    "fast_socket": {
                      "nesting_mode": "list",
                      "block": {
                        "attributes": {
                          "enabled": {
                            "type": "bool",
                            "description": "Whether or not NCCL Fast Socket is enabled",
                            "description_kind": "plain",
                            "required": true
                          }
                        },
                        "description": "Enable or disable NCCL Fast Socket in the node pool.",
                        "description_kind": "plain"
                      },
                      "max_items": 1
                    },
                    "gcfs_config": {
                      "nesting_mode": "list",
                      "block": {
                        "attributes": {
                          "enabled": {
                            "type": "bool",
                            "description": "Whether or not GCFS is enabled",
                            "description_kind": "plain",
                            "required": true
                          }
                        },
                        "description": "GCFS configuration for this node.",
                        "description_kind": "plain"
                      },
                      "max_items": 1
                    },
                    "guest_accelerator": {
                      "nesting_mode": "list",
                      "block": {
                        "attributes": {
                          "count": {
                            "type": "number",
                            "description": "The number of the accelerator cards exposed to an instance.",
                            "description_kind": "plain",
                            "required": true
                          },
                          "gpu_partition_size": {
                            "type": "string",
                            "description": "Size of partitions to create on the GPU. Valid values are described in the NVIDIA mig user guide (https://docs.nvidia.com/datacenter/tesla/mig-user-guide/#partitioning)",
                            "description_kind": "plain",
                            "optional": true
                          },
                          "type": {
                            "type": "string",
                            "description": "The accelerator type resource name.",
                            "description_kind": "plain",
                            "required": true
                          }
                        },
                        "block_types": {
                          "gpu_driver_installation_config": {
                            "nesting_mode": "list",
                            "block": {
                              "attributes": {
                                "gpu_driver_version": {
                                  "type": "string",
                                  "description": "Mode for how the GPU driver is installed.",
                                  "description_kind": "plain",
                                  "required": true
                                }
                              },
                              "description": "Configuration for auto installation of GPU driver.",
                              "description_kind": "plain"
                            },
                            "max_items": 1
                          },
                          "gpu_sharing_config": {
                            "nesting_mode": "list",
                            "block": {
                              "attributes": {
                                "gpu_sharing_strategy": {
                                  "type": "string",
                                  "description": "The type of GPU sharing strategy to enable on the GPU node. Possible values are described in the API package (https://pkg.go.dev/google.golang.org/api/container/v1#GPUSharingConfig)",
                                  "description_kind": "plain",
                                  "required": true
                                },
                                "max_shared_clients_per_gpu": {
                                  "type": "number",
                                  "description": "The maximum number of containers that can share a GPU.",
                                  "description_kind": "plain",
                                  "required": true
                                }
                              },
                              "description": "Configuration for GPU sharing.",
                              "description_kind": "plain"
                            },
                            "max_items": 1
                          }
                        },
                        "description": "List of the type and count of accelerator cards attached to the instance.",
                        "description_kind": "plain"
                      }
                    },
                    "gvnic": {
                      "nesting_mode": "list",
                      "block": {
                        "attributes": {
                          "enabled": {
                            "type": "bool",
                            "description": "Whether or not gvnic is enabled",
                            "description_kind": "plain",
                            "required": true
                          }
                        },
                        "description": "Enable or disable gvnic in the node pool.",
                        "description_kind": "plain"
                      },
                      "max_items": 1
                    },
                    "host_maintenance_policy": {
                      "nesting_mode": "list",
                      "block": {
                        "attributes": {
                          "maintenance_interval": {
                            "type": "string",
                            "description": ".",
                            "description_kind": "plain",
                            "required": true
                          }
                        },
                        "description": "The maintenance policy for the hosts on which the GKE VMs run on.",
                        "description_kind": "plain"
                      },
                      "max_items": 1
                    },
                    "kubelet_config": {
                      "nesting_mode": "list",
                      "block": {
                        "attributes": {
                          "cpu_cfs_quota": {
                            "type": "bool",
                            "description": "Enable CPU CFS quota enforcement for containers that specify CPU limits.",
                            "description_kind": "plain",
                            "optional": true
                          },
                          "cpu_cfs_quota_period": {
                            "type": "string",
                            "description": "Set the CPU CFS quota period value 'cpu.cfs_period_us'.",
                            "description_kind": "plain",
                            "optional": true
                          },
                          "cpu_manager_policy": {
                            "type": "string",
                            "description": "Control the CPU management policy on the node.",
                            "description_kind": "plain",
                            "optional": true
                          },
                          "insecure_kubelet_readonly_port_enabled": {
                            "type": "string",
                            "description": "Controls whether the kubelet read-only port is enabled. It is strongly recommended to set this to `FALSE`. Possible values: `TRUE`, `FALSE`.",
                            "description_kind": "plain",
                            "optional": true,
                            "computed": true
                          },
                          "pod_pids_limit": {
                            "type": "number",
                            "description": "Controls the maximum number of processes allowed to run in a pod.",
                            "description_kind": "plain",
                            "optional": true
                          }
                        },
                        "description": "Node kubelet configs.",
                        "description_kind": "plain"
                      },
                      "max_items": 1
                    },
                    "linux_node_config": {
                      "nesting_mode": "list",
                      "block": {
                        "attributes": {
                          "cgroup_mode": {
                            "type": "string",
                            "description": "cgroupMode specifies the cgroup mode to be used on the node.",
                            "description_kind": "plain",
                            "optional": true,
                            "computed": true
                          },
                          "sysctls": {
                            "type": [
                              "map",
                              "string"
                            ],
                            "description": "The Linux kernel parameters to be applied to the nodes and all pods running on the nodes.",
                            "description_kind": "plain",
                            "optional": true
                          }
                        },
                        "block_types": {
                          "hugepages_config": {
                            "nesting_mode": "list",
                            "block": {
                              "attributes": {
                                "hugepage_size_1g": {
                                  "type": "number",
                                  "description": "Amount of 1G hugepages.",
                                  "description_kind": "plain",
                                  "optional": true
                                },
                                "hugepage_size_2m": {
                                  "type": "number",
                                  "description": "Amount of 2M hugepages.",
                                  "description_kind": "plain",
                                  "optional": true
                                }
                              },
                              "description": "Amounts for 2M and 1G hugepages.",
                              "description_kind": "plain"
                            },
                            "max_items": 1
                          }
                        },
                        "description": "Parameters that can be configured on Linux nodes.",
                        "description_kind": "plain"
                      },
                      "max_items": 1
                    },
                    "local_nvme_ssd_block_config": {
                      "nesting_mode": "list",
                      "block": {
                        "attributes": {
                          "local_ssd_count": {
                            "type": "number",
                            "description": "Number of raw-block local NVMe SSD disks to be attached to the node. Each local SSD is 375 GB in size.",
                            "description_kind": "plain",
                            "required": true
                          }
                        },
                        "description": "Parameters for raw-block local NVMe SSDs.",
                        "description_kind": "plain"
                      },
                      "max_items": 1
                    },
                    "reservation_affinity": {
                      "nesting_mode": "list",
                      "block": {
                        "attributes": {
                          "consume_reservation_type": {
                            "type": "string",
                            "description": "Corresponds to the type of reservation consumption.",
                            "description_kind": "plain",
                            "required": true
                          },
                          "key": {
                            "type": "string",
                            "description": "The label key of a reservation resource.",
                            "description_kind": "plain",
                            "optional": true
                          },
                          "values": {
                            "type": [
                              "set",
                              "string"
                            ],
                            "description": "The label values of the reservation resource.",
                            "description_kind": "plain",
                            "optional": true
                          }
                        },
                        "description": "The reservation affinity configuration for the node pool.",
                        "description_kind": "plain"
                      },
                      "max_items": 1
                    },
                    "secondary_boot_disks": {
                      "nesting_mode": "list",
                      "block": {
                        "attributes": {
                          "disk_image": {
                            "type": "string",
                            "description": "Disk image to create the secondary boot disk from",
                            "description_kind": "plain",
                            "required": true
                          },
                          "mode": {
                            "type": "string",
                            "description": "Mode for how the secondary boot disk is used.",
                            "description_kind": "plain",
                            "optional": true
                          }
                        },
                        "description": "Secondary boot disks for preloading data or container images.",
                        "description_kind": "plain"
                      },
                      "max_items": 127
                    },
                    "shielded_instance_config": {
                      "nesting_mode": "list",
                      "block": {
                        "attributes": {
                          "enable_integrity_monitoring": {
                            "type": "bool",
                            "description": "Defines whether the instance has integrity monitoring enabled.",
                            "description_kind": "plain",
                            "optional": true
                          },
                          "enable_secure_boot": {
                            "type": "bool",
                            "description": "Defines whether the instance has Secure Boot enabled.",
                            "description_kind": "plain",
                            "optional": true
                          }
                        },
                        "description": "Shielded Instance options.",
                        "description_kind": "plain"
                      },
                      "max_items": 1
                    },
                    "sole_tenant_config": {
                      "nesting_mode": "list",
                      "block": {
                        "block_types": {
                          "node_affinity": {
                            "nesting_mode": "set",
                            "block": {
                              "attributes": {
                                "key": {
                                  "type": "string",
                                  "description": ".",
                                  "description_kind": "plain",
                                  "required": true
                                },
                                "operator": {
                                  "type": "string",
                                  "description": ".",
                                  "description_kind": "plain",
                                  "required": true
                                },
                                "values": {
                                  "type": [
                                    "list",
                                    "string"
                                  ],
                                  "description": ".",
                                  "description_kind": "plain",
                                  "required": true
                                }
                              },
                              "description": ".",
                              "description_kind": "plain"
                            },
                            "min_items": 1
                          }
                        },
                        "description": "Node affinity options for sole tenant node pools.",
                        "description_kind": "plain"
                      },
                      "max_items": 1
                    },
                    "taint": {
                      "nesting_mode": "list",
                      "block": {
                        "attributes": {
                          "effect": {
                            "type": "string",
                            "description": "Effect for taint.",
                            "description_kind": "plain",
                            "required": true
                          },
                          "key": {
                            "type": "string",
                            "description": "Key for taint.",
                            "description_kind": "plain",
                            "required": true
                          },
                          "value": {
                            "type": "string",
                            "description": "Value for taint.",
                            "description_kind": "plain",
                            "required": true
                          }
                        },
                        "description": "List of Kubernetes taints to be applied to each node.",
                        "description_kind": "plain"
                      }
                    },
                    "workload_metadata_config": {
                      "nesting_mode": "list",
                      "block": {
                        "attributes": {
                          "mode": {
                            "type": "string",
                            "description": "Mode is the configuration for how to expose metadata to workloads running on the node.",
                            "description_kind": "plain",
                            "required": true
                          }
                        },
                        "description": "The workload metadata configuration for this node.",
                        "description_kind": "plain"
                      },
                      "max_items": 1
                    }
                  },
                  "description": "The configuration of the nodepool",
                  "description_kind": "plain"
                },
                "max_items": 1
              },
              "placement_policy": {
                "nesting_mode": "list",
                "block": {
                  "attributes": {
                    "policy_name": {
                      "type": "string",
                      "description": "If set, refers to the name of a custom resource policy supplied by the user. The resource policy must be in the same project and region as the node pool. If not found, InvalidArgument error is returned.",
                      "description_kind": "plain",
                      "optional": true
                    },
                    "tpu_topology": {
                      "type": "string",
                      "description": "TPU placement topology for pod slice node pool. https://cloud.google.com/tpu/docs/types-topologies#tpu_topologies",
                      "description_kind": "plain",
                      "optional": true
                    },
                    "type": {
                      "type": "string",
                      "description": "Type defines the type of placement policy",
                      "description_kind": "plain",
                      "required": true
                    }
                  },
                  "description": "Specifies the node placement policy",
                  "description_kind": "plain"
                },
                "max_items": 1
              },
              "queued_provisioning": {
                "nesting_mode": "list",
                "block": {
                  "attributes": {
                    "enabled": {
                      "type": "bool",
                      "description": "Whether nodes in this node pool are obtainable solely through the ProvisioningRequest API",
                      "description_kind": "plain",
                      "required": true
                    }
                  },
                  "description": "Specifies the configuration of queued provisioning",
                  "description_kind": "plain"
                },
                "max_items": 1
              },
              "timeouts": {
                "nesting_mode": "single",
                "block": {
                  "attributes": {
                    "create": {
                      "type": "string",
                      "description_kind": "plain",
                      "optional": true
                    },
                    "delete": {
                      "type": "string",
                      "description_kind": "plain",
                      "optional": true
                    },
                    "update": {
                      "type": "string",
                      "description_kind": "plain",
                      "optional": true
                    }
                  },
                  "description_kind": "plain"
                }
              },
              "upgrade_settings": {
                "nesting_mode": "list",
                "block": {
                  "attributes": {
                    "max_surge": {
                      "type": "number",
                      "description": "The number of additional nodes that can be added to the node pool during an upgrade. Increasing max_surge raises the number of nodes that can be upgraded simultaneously. Can be set to 0 or greater.",
                      "description_kind": "plain",
                      "optional": true,
                      "computed": true
                    },
                    "max_unavailable": {
                      "type": "number",
                      "description": "The number of nodes that can be simultaneously unavailable during an upgrade. Increasing max_unavailable raises the number of nodes that can be upgraded in parallel. Can be set to 0 or greater.",
                      "description_kind": "plain",
                      "optional": true,
                      "computed": true
                    },
                    "strategy": {
                      "type": "string",
                      "description": "Update strategy for the given nodepool.",
                      "description_kind": "plain",
                      "optional": true
                    }
                  },
                  "block_types": {
                    "blue_green_settings": {
                      "nesting_mode": "list",
                      "block": {
                        "attributes": {
                          "node_pool_soak_duration": {
                            "type": "string",
                            "description": "Time needed after draining entire blue pool. After this period, blue pool will be cleaned up.",
                            "description_kind": "plain",
                            "optional": true,
                            "computed": true
                          }
                        },
                        "block_types": {
                          "standard_rollout_policy": {
                            "nesting_mode": "list",
                            "block": {
                              "attributes": {
                                "batch_node_count": {
                                  "type": "number",
                                  "description": "Number of blue nodes to drain in a batch.",
                                  "description_kind": "plain",
                                  "optional": true,
                                  "computed": true
                                },
                                "batch_percentage": {
                                  "type": "number",
                                  "description": "Percentage of the blue pool nodes to drain in a batch.",
                                  "description_kind": "plain",
                                  "optional": true,
                                  "computed": true
                                },
                                "batch_soak_duration": {
                                  "type": "string",
                                  "description": "Soak time after each batch gets drained.",
                                  "description_kind": "plain",
                                  "optional": true,
                                  "computed": true
                                }
                              },
                              "description": "Standard rollout policy is the default policy for blue-green.",
                              "description_kind": "plain"
                            },
                            "min_items": 1,
                            "max_items": 1
                          }
                        },
                        "description": "Settings for BlueGreen node pool upgrade.",
                        "description_kind": "plain"
                      },
                      "max_items": 1
                    }
                  },
                  "description": "Specify node upgrade settings to change how many nodes GKE attempts to upgrade at once. The number of nodes upgraded simultaneously is the sum of max_surge and max_unavailable. The maximum number of nodes upgraded simultaneously is limited to 20.",
                  "description_kind": "plain"
                },
                "max_items": 1
              }
            },
            "description_kind": "plain"
          }
        },
        "google_kms_crypto_key": {
          "version": 1,
          "block": {
            "attributes": {
              "crypto_key_backend": {
                "type": "string",
                "description": "The resource name of the backend environment associated with all CryptoKeyVersions within this CryptoKey.\nThe resource name is in the format \"projects/*/locations/*/ekmConnections/*\" and only applies to \"EXTERNAL_VPC\" keys.",
                "description_kind": "plain",
                "optional": true,
                "computed": true
              },
              "destroy_scheduled_duration": {
                "type": "string",
                "description": "The period of time that versions of this key spend in the DESTROY_SCHEDULED state before transitioning to DESTROYED.\nIf not specified at creation time, the default duration is 30 days.",
                "description_kind": "plain",
                "optional": true,
                "computed": true
              },
              "effective_labels": {
                "type": [
                  "map",
                  "string"
                ],
                "description": "All of labels (key/value pairs) present on the resource in GCP, including the labels configured through Terraform, other clients and services.",
                "description_kind": "plain",
                "computed": true
              },
              "id": {
                "type": "string",
                "description_kind": "plain",
                "optional": true,
                "computed": true
              },
              "import_only": {
                "type": "bool",
                "description": "Whether this key may contain imported versions only.",
                "description_kind": "plain",
                "optional": true,
                "computed": true
              },
              "key_ring": {
                "type": "string",
                "description": "The KeyRing that this key belongs to.\nFormat: ''projects/{{project}}/locations/{{location}}/keyRings/{{keyRing}}''.",
                "description_kind": "plain",
                "required": true
              },
              "labels": {
                "type": [
                  "map",
                  "string"
                ],
                "description": "Labels with user-defined metadata to apply to this resource.\n\n\n**Note**: This field is non-authoritative, and will only manage the labels present in your configuration.\nPlease refer to the field 'effective_labels' for all of the labels present on the resource.",
                "description_kind": "plain",
                "optional": true
              },
              "name": {
                "type": "string",
                "description": "The resource name for the CryptoKey.",
                "description_kind": "plain",
                "required": true
              },
              "primary": {
                "type": [
                  "list",
                  [
                    "object",
                    {
                      "name": "string",
                      "state": "string"
                    }
                  ]
                ],
                "description": "A copy of the primary CryptoKeyVersion that will be used by cryptoKeys.encrypt when this CryptoKey is given in EncryptRequest.name.\nKeys with purpose ENCRYPT_DECRYPT may have a primary. For other keys, this field will be unset.",
                "description_kind": "plain",
                "computed": true
              },
              "purpose": {
                "type": "string",
                "description": "The immutable purpose of this CryptoKey. See the\n[purpose reference](https://cloud.google.com/kms/docs/reference/rest/v1/projects.locations.keyRings.cryptoKeys#CryptoKeyPurpose)\nfor possible inputs.\nDefault value is \"ENCRYPT_DECRYPT\".",
                "description_kind": "plain",
                "optional": true
              },
              "rotation_period": {
                "type": "string",
                "description": "Every time this period passes, generate a new CryptoKeyVersion and set it as the primary.\nThe first rotation will take place after the specified period. The rotation period has\nthe format of a decimal number with up to 9 fractional digits, followed by the\nletter 's' (seconds). It must be greater than a day (ie, 86400).",
                "description_kind": "plain",
                "optional": true
              },
              "skip_initial_version_creation": {
                "type": "bool",
                "description": "If set to true, the request will create a CryptoKey without any CryptoKeyVersions.\nYou must use the 'google_kms_crypto_key_version' resource to create a new CryptoKeyVersion\nor 'google_kms_key_ring_import_job' resource to import the CryptoKeyVersion.",
                "description_kind": "plain",
                "optional": true
              },
              "terraform_labels": {
                "type": [
                  "map",
                  "string"
                ],
                "description": "The combination of labels configured directly on the resource\n and default labels configured on the provider.",
                "description_kind": "plain",
                "computed": true
              }
            },
            "block_types": {
              "timeouts": {
                "nesting_mode": "single",
                "block": {
                  "attributes": {
                    "create": {
                      "type": "string",
                      "description_kind": "plain",
                      "optional": true
                    },
                    "delete": {
                      "type": "string",
                      "description_kind": "plain",
                      "optional": true
                    },
                    "update": {
                      "type": "string",
                      "description_kind": "plain",
                      "optional": true
                    }
                  },
                  "description_kind": "plain"
                }
              },
              "version_template": {
                "nesting_mode": "list",
                "block": {
                  "attributes": {
                    "algorithm": {
                      "type": "string",
                      "description": "The algorithm to use when creating a version based on this template.\nSee the [algorithm reference](https://cloud.google.com/kms/docs/reference/rest/v1/CryptoKeyVersionAlgorithm) for possible inputs.",
                      "description_kind": "plain",
                      "required": true
                    },
                    "protection_level": {
                      "type": "string",
                      "description": "The protection level to use when creating a version based on this template. Possible values include \"SOFTWARE\", \"HSM\", \"EXTERNAL\", \"EXTERNAL_VPC\". Defaults to \"SOFTWARE\".",
                      "description_kind": "plain",
                      "optional": true
                    }
                  },
                  "description": "A template describing settings for new crypto key versions.",
                  "description_kind": "plain"
                },
                "max_items": 1
              }
            },
            "description_kind": "plain"
          }
        },
        "google_kms_key_ring": {
          "version": 0,
          "block": {
            "attributes": {
              "id": {
                "type": "string",
                "description_kind": "plain",
                "optional": true,
                "computed": true
              },
              "location": {
                "type": "string",
                "description": "The location for the KeyRing.\nA full list of valid locations can be found by running 'gcloud kms locations list'.",
                "description_kind": "plain",
                "required": true
              },
              "name": {
                "type": "string",
                "description": "The resource name for the KeyRing.",
                "description_kind": "plain",
                "required": true
              },
              "project": {
                "type": "string",
                "description_kind": "plain",
                "optional": true,
                "computed": true
              }
            },
            "block_types": {
              "timeouts": {
                "nesting_mode": "single",
                "block": {
                  "attributes": {
                    "create": {
                      "type": "string",
                      "description_kind": "plain",
                      "optional": true
                    },
                    "delete": {
                      "type": "string",
                      "description_kind": "plain",
                      "optional": true
                    }
                  },
                  "description_kind": "plain"
                }
              }
            },
            "description_kind": "plain"
          }
        },
        "google_monitoring_alert_policy": {
          "version": 0,
          "block": {
            "attributes": {
              "combiner": {
                "type": "string",
                "description": "How to combine the results of multiple conditions to\ndetermine if an incident should be opened. Possible values: [\"AND\", \"OR\", \"AND_WITH_MATCHING_RESOURCE\"]",
                "description_kind": "plain",
                "required": true
              },
              "creation_record": {
                "type": [
                  "list",
                  [
                    "object",
                    {
                      "mutate_time": "string",
                      "mutated_by": "string"
                    }
                  ]
                ],
                "description": "A read-only record of the creation of the alerting policy.\nIf provided in a call to create or update, this field will\nbe ignored.",
                "description_kind": "plain",
                "computed": true
              },
              "display_name": {
                "type": "string",
                "description": "A short name or phrase used to identify the policy in\ndashboards, notifications, and incidents. To avoid confusion, don't use\nthe same display name for multiple policies in the same project. The\nname is limited to 512 Unicode characters.",
                "description_kind": "plain",
                "required": true
              },
              "enabled": {
                "type": "bool",
                "description": "Whether or not the policy is enabled. The default is true.",
                "description_kind": "plain",
                "optional": true
              },
              "id": {
                "type": "string",
                "description_kind": "plain",
                "optional": true,
                "computed": true
              },
              "name": {
                "type": "string",
                "description": "The unique resource name for this policy.\nIts syntax is: projects/[PROJECT_ID]/alertPolicies/[ALERT_POLICY_ID]",
                "description_kind": "plain",
                "computed": true
              },
              "notification_channels": {
                "type": [
                  "list",
                  "string"
                ],
                "description": "Identifies the notification channels to which notifications should be\nsent when incidents are opened or closed or when new violations occur\non an already opened incident. Each element of this array corresponds\nto the name field in each of the NotificationChannel objects that are\nreturned from the notificationChannels.list method. The syntax of the\nentries in this field is\n'projects/[PROJECT_ID]/notificationChannels/[CHANNEL_ID]'",
                "description_kind": "plain",
                "optional": true
              },
              "project": {
                "type": "string",
                "description_kind": "plain",
                "optional": true,
                "computed": true
              },
              "severity": {
                "type": "string",
                "description": "The severity of an alert policy indicates how important incidents generated\nby that policy are. The severity level will be displayed on the Incident\ndetail page and in notifications. Possible values: [\"CRITICAL\", \"ERROR\", \"WARNING\"]",
                "description_kind": "plain",
                "optional": true
              },
              "user_labels": {
                "type": [
                  "map",
                  "string"
                ],
                "description": "This field is intended to be used for organizing and identifying the AlertPolicy\nobjects.The field can contain up to 64 entries. Each key and value is limited\nto 63 Unicode characters or 128 bytes, whichever is smaller. Labels and values\ncan contain only lowercase letters, numerals, underscores, and dashes. Keys\nmust begin with a letter.",
                "description_kind": "plain",
                "optional": true
              }
            },
            "block_types": {
              "alert_strategy": {
                "nesting_mode": "list",
                "block": {
                  "attributes": {
                    "auto_close": {
                      "type": "string",
                      "description": "If an alert policy that was active has no data for this long, any open incidents will close.",
                      "description_kind": "plain",
                      "optional": true
                    },
                    "notification_prompts": {
                      "type": [
                        "list",
                        "string"
                      ],
                      "description": "Control when notifications will be sent out. Possible values: [\"NOTIFICATION_PROMPT_UNSPECIFIED\", \"OPENED\", \"CLOSED\"]",
                      "description_kind": "plain",
                      "optional": true
                    }
                  },
                  "block_types": {
                    "notification_channel_strategy": {
                      "nesting_mode": "list",
                      "block": {
                        "attributes": {
                          "notification_channel_names": {
                            "type": [
                              "list",
                              "string"
                            ],
                            "description": "The notification channels that these settings apply to. Each of these\ncorrespond to the name field in one of the NotificationChannel objects\nreferenced in the notification_channels field of this AlertPolicy. The format is\n'projects/[PROJECT_ID_OR_NUMBER]/notificationChannels/[CHANNEL_ID]'",
                            "description_kind": "plain",
                            "optional": true
                          },
                          "renotify_interval": {
                            "type": "string",
                            "description": "The frequency at which to send reminder notifications for open incidents.",
                            "description_kind": "plain",
                            "optional": true
                          }
                        },
                        "description": "Control over how the notification channels in 'notification_channels'\nare notified when this alert fires, on a per-channel basis.",
                        "description_kind": "plain"
                      }
                    },
                    "notification_rate_limit": {
                      "nesting_mode": "list",
                      "block": {
                        "attributes": {
                          "period": {
                            "type": "string",
                            "description": "Not more than one notification per period.\nA duration in seconds with up to nine fractional digits, terminated by 's'. Example \"60.5s\".",
                            "description_kind": "plain",
                            "optional": true
                          }
                        },
                        "description": "Required for alert policies with a LogMatch condition.\nThis limit is not implemented for alert policies that are not log-based.",
                        "description_kind": "plain"
                      },
                      "max_items": 1
                    }
                  },
                  "description": "Control over how this alert policy's notification channels are notified.",
                  "description_kind": "plain"
                },
                "max_items": 1
              },
              "conditions": {
                "nesting_mode": "list",
                "block": {
                  "attributes": {
                    "display_name": {
                      "type": "string",
                      "description": "A short name or phrase used to identify the\ncondition in dashboards, notifications, and\nincidents. To avoid confusion, don't use the same\ndisplay name for multiple conditions in the same\npolicy.",
                      "description_kind": "plain",
                      "required": true
                    },
                    "name": {
                      "type": "string",
                      "description": "The unique resource name for this condition.\nIts syntax is:\nprojects/[PROJECT_ID]/alertPolicies/[POLICY_ID]/conditions/[CONDITION_ID]\n[CONDITION_ID] is assigned by Stackdriver Monitoring when\nthe condition is created as part of a new or updated alerting\npolicy.",
                      "description_kind": "plain",
                      "computed": true
                    }
                  },
                  "block_types": {
                    "condition_absent": {
                      "nesting_mode": "list",
                      "block": {
                        "attributes": {
                          "duration": {
                            "type": "string",
                            "description": "The amount of time that a time series must\nfail to report new data to be considered\nfailing. Currently, only values that are a\nmultiple of a minute--e.g. 60s, 120s, or 300s\n--are supported.",
                            "description_kind": "plain",
                            "required": true
                          },
                          "filter": {
                            "type": "string",
                            "description": "A filter that identifies which time series\nshould be compared with the threshold.The\nfilter is similar to the one that is\nspecified in the\nMetricService.ListTimeSeries request (that\ncall is useful to verify the time series\nthat will be retrieved / processed) and must\nspecify the metric type and optionally may\ncontain restrictions on resource type,\nresource labels, and metric labels. This\nfield may not exceed 2048 Unicode characters\nin length.",
                            "description_kind": "plain",
                            "optional": true
                          }
                        },
                        "block_types": {
                          "aggregations": {
                            "nesting_mode": "list",
                            "block": {
                              "attributes": {
                                "alignment_period": {
                                  "type": "string",
                                  "description": "The alignment period for per-time\nseries alignment. If present,\nalignmentPeriod must be at least\n60 seconds. After per-time series\nalignment, each time series will\ncontain data points only on the\nperiod boundaries. If\nperSeriesAligner is not specified\nor equals ALIGN_NONE, then this\nfield is ignored. If\nperSeriesAligner is specified and\ndoes not equal ALIGN_NONE, then\nthis field must be defined;\notherwise an error is returned.",
                                  "description_kind": "plain",
                                  "optional": true
                                },
                                "cross_series_reducer": {
                                  "type": "string",
                                  "description": "The approach to be used to combine\ntime series. Not all reducer\nfunctions may be applied to all\ntime series, depending on the\nmetric type and the value type of\nthe original time series.\nReduction may change the metric\ntype of value type of the time\nseries.Time series data must be\naligned in order to perform cross-\ntime series reduction. If\ncrossSeriesReducer is specified,\nthen perSeriesAligner must be\nspecified and not equal ALIGN_NONE\nand alignmentPeriod must be\nspecified; otherwise, an error is\nreturned. Possible values: [\"REDUCE_NONE\", \"REDUCE_MEAN\", \"REDUCE_MIN\", \"REDUCE_MAX\", \"REDUCE_SUM\", \"REDUCE_STDDEV\", \"REDUCE_COUNT\", \"REDUCE_COUNT_TRUE\", \"REDUCE_COUNT_FALSE\", \"REDUCE_FRACTION_TRUE\", \"REDUCE_PERCENTILE_99\", \"REDUCE_PERCENTILE_95\", \"REDUCE_PERCENTILE_50\", \"REDUCE_PERCENTILE_05\"]",
                                  "description_kind": "plain",
                                  "optional": true
                                },
                                "group_by_fields": {
                                  "type": [
                                    "list",
                                    "string"
                                  ],
                                  "description": "The set of fields to preserve when\ncrossSeriesReducer is specified.\nThe groupByFields determine how\nthe time series are partitioned\ninto subsets prior to applying the\naggregation function. Each subset\ncontains time series that have the\nsame value for each of the\ngrouping fields. Each individual\ntime series is a member of exactly\none subset. The crossSeriesReducer\nis applied to each subset of time\nseries. It is not possible to\nreduce across different resource\ntypes, so this field implicitly\ncontains resource.type. Fields not\nspecified in groupByFields are\naggregated away. If groupByFields\nis not specified and all the time\nseries have the same resource\ntype, then the time series are\naggregated into a single output\ntime series. If crossSeriesReducer\nis not defined, this field is\nignored.",
                                  "description_kind": "plain",
                                  "optional": true
                                },
                                "per_series_aligner": {
                                  "type": "string",
                                  "description": "The approach to be used to align\nindividual time series. Not all\nalignment functions may be applied\nto all time series, depending on\nthe metric type and value type of\nthe original time series.\nAlignment may change the metric\ntype or the value type of the time\nseries.Time series data must be\naligned in order to perform cross-\ntime series reduction. If\ncrossSeriesReducer is specified,\nthen perSeriesAligner must be\nspecified and not equal ALIGN_NONE\nand alignmentPeriod must be\nspecified; otherwise, an error is\nreturned. Possible values: [\"ALIGN_NONE\", \"ALIGN_DELTA\", \"ALIGN_RATE\", \"ALIGN_INTERPOLATE\", \"ALIGN_NEXT_OLDER\", \"ALIGN_MIN\", \"ALIGN_MAX\", \"ALIGN_MEAN\", \"ALIGN_COUNT\", \"ALIGN_SUM\", \"ALIGN_STDDEV\", \"ALIGN_COUNT_TRUE\", \"ALIGN_COUNT_FALSE\", \"ALIGN_FRACTION_TRUE\", \"ALIGN_PERCENTILE_99\", \"ALIGN_PERCENTILE_95\", \"ALIGN_PERCENTILE_50\", \"ALIGN_PERCENTILE_05\", \"ALIGN_PERCENT_CHANGE\"]",
                                  "description_kind": "plain",
                                  "optional": true
                                }
                              },
                              "description": "Specifies the alignment of data points in\nindividual time series as well as how to\ncombine the retrieved time series together\n(such as when aggregating multiple streams\non each resource to a single stream for each\nresource or when aggregating streams across\nall members of a group of resources).\nMultiple aggregations are applied in the\norder specified.",
                              "description_kind": "plain"
                            }
                          },
                          "trigger": {
                            "nesting_mode": "list",
                            "block": {
                              "attributes": {
                                "count": {
                                  "type": "number",
                                  "description": "The absolute number of time series\nthat must fail the predicate for the\ncondition to be triggered.",
                                  "description_kind": "plain",
                                  "optional": true
                                },
                                "percent": {
                                  "type": "number",
                                  "description": "The percentage of time series that\nmust fail the predicate for the\ncondition to be triggered.",
                                  "description_kind": "plain",
                                  "optional": true
                                }
                              },
                              "description": "The number/percent of time series for which\nthe comparison must hold in order for the\ncondition to trigger. If unspecified, then\nthe condition will trigger if the comparison\nis true for any of the time series that have\nbeen identified by filter and aggregations.",
                              "description_kind": "plain"
                            },
                            "max_items": 1
                          }
                        },
                        "description": "A condition that checks that a time series\ncontinues to receive new data points.",
                        "description_kind": "plain"
                      },
                      "max_items": 1
                    },
                    "condition_matched_log": {
                      "nesting_mode": "list",
                      "block": {
                        "attributes": {
                          "filter": {
                            "type": "string",
                            "description": "A logs-based filter.",
                            "description_kind": "plain",
                            "required": true
                          },
                          "label_extractors": {
                            "type": [
                              "map",
                              "string"
                            ],
                            "description": "A map from a label key to an extractor expression, which is used to\nextract the value for this label key. Each entry in this map is\na specification for how data should be extracted from log entries that\nmatch filter. Each combination of extracted values is treated as\na separate rule for the purposes of triggering notifications.\nLabel keys and corresponding values can be used in notifications\ngenerated by this condition.",
                            "description_kind": "plain",
                            "optional": true
                          }
                        },
                        "description": "A condition that checks for log messages matching given constraints.\nIf set, no other conditions can be present.",
                        "description_kind": "plain"
                      },
                      "max_items": 1
                    },
                    "condition_monitoring_query_language": {
                      "nesting_mode": "list",
                      "block": {
                        "attributes": {
                          "duration": {
                            "type": "string",
                            "description": "The amount of time that a time series must\nviolate the threshold to be considered\nfailing. Currently, only values that are a\nmultiple of a minute--e.g., 0, 60, 120, or\n300 seconds--are supported. If an invalid\nvalue is given, an error will be returned.\nWhen choosing a duration, it is useful to\nkeep in mind the frequency of the underlying\ntime series data (which may also be affected\nby any alignments specified in the\naggregations field); a good duration is long\nenough so that a single outlier does not\ngenerate spurious alerts, but short enough\nthat unhealthy states are detected and\nalerted on quickly.",
                            "description_kind": "plain",
                            "required": true
                          },
                          "evaluation_missing_data": {
                            "type": "string",
                            "description": "A condition control that determines how\nmetric-threshold conditions are evaluated when\ndata stops arriving. Possible values: [\"EVALUATION_MISSING_DATA_INACTIVE\", \"EVALUATION_MISSING_DATA_ACTIVE\", \"EVALUATION_MISSING_DATA_NO_OP\"]",
                            "description_kind": "plain",
                            "optional": true
                          },
                          "query": {
                            "type": "string",
                            "description": "Monitoring Query Language query that outputs a boolean stream.",
                            "description_kind": "plain",
                            "required": true
                          }
                        },
                        "block_types": {
                          "trigger": {
                            "nesting_mode": "list",
                            "block": {
                              "attributes": {
                                "count": {
                                  "type": "number",
                                  "description": "The absolute number of time series\nthat must fail the predicate for the\ncondition to be triggered.",
                                  "description_kind": "plain",
                                  "optional": true
                                },
                                "percent": {
                                  "type": "number",
                                  "description": "The percentage of time series that\nmust fail the predicate for the\ncondition to be triggered.",
                                  "description_kind": "plain",
                                  "optional": true
                                }
                              },
                              "description": "The number/percent of time series for which\nthe comparison must hold in order for the\ncondition to trigger. If unspecified, then\nthe condition will trigger if the comparison\nis true for any of the time series that have\nbeen identified by filter and aggregations,\nor by the ratio, if denominator_filter and\ndenominator_aggregations are specified.",
                              "description_kind": "plain"
                            },
                            "max_items": 1
                          }
                        },
                        "description": "A Monitoring Query Language query that outputs a boolean stream",
                        "description_kind": "plain"
                      },
                      "max_items": 1
                    },
                    "condition_prometheus_query_language": {
                      "nesting_mode": "list",
                      "block": {
                        "attributes": {
                          "alert_rule": {
                            "type": "string",
                            "description": "The alerting rule name of this alert in the corresponding Prometheus\nconfiguration file.\n\nSome external tools may require this field to be populated correctly\nin order to refer to the original Prometheus configuration file.\nThe rule group name and the alert name are necessary to update the\nrelevant AlertPolicies in case the definition of the rule group changes\nin the future.\n\nThis field is optional. If this field is not empty, then it must be a\nvalid Prometheus label name.",
                            "description_kind": "plain",
                            "optional": true
                          },
                          "duration": {
                            "type": "string",
                            "description": "Alerts are considered firing once their PromQL expression evaluated\nto be \"true\" for this long. Alerts whose PromQL expression was not\nevaluated to be \"true\" for long enough are considered pending. The\ndefault value is zero. Must be zero or positive.",
                            "description_kind": "plain",
                            "optional": true
                          },
                          "evaluation_interval": {
                            "type": "string",
                            "description": "How often this rule should be evaluated. Must be a positive multiple\nof 30 seconds or missing. The default value is 30 seconds. If this\nPrometheusQueryLanguageCondition was generated from a Prometheus\nalerting rule, then this value should be taken from the enclosing\nrule group.",
                            "description_kind": "plain",
                            "optional": true
                          },
                          "labels": {
                            "type": [
                              "map",
                              "string"
                            ],
                            "description": "Labels to add to or overwrite in the PromQL query result. Label names\nmust be valid.\n\nLabel values can be templatized by using variables. The only available\nvariable names are the names of the labels in the PromQL result, including\n\"__name__\" and \"value\". \"labels\" may be empty. This field is intended to be\nused for organizing and identifying the AlertPolicy",
                            "description_kind": "plain",
                            "optional": true
                          },
                          "query": {
                            "type": "string",
                            "description": "The PromQL expression to evaluate. Every evaluation cycle this\nexpression is evaluated at the current time, and all resultant time\nseries become pending/firing alerts. This field must not be empty.",
                            "description_kind": "plain",
                            "required": true
                          },
                          "rule_group": {
                            "type": "string",
                            "description": "The rule group name of this alert in the corresponding Prometheus\nconfiguration file.\n\nSome external tools may require this field to be populated correctly\nin order to refer to the original Prometheus configuration file.\nThe rule group name and the alert name are necessary to update the\nrelevant AlertPolicies in case the definition of the rule group changes\nin the future. This field is optional.",
                            "description_kind": "plain",
                            "optional": true
                          }
                        },
                        "description": "A condition type that allows alert policies to be defined using\nPrometheus Query Language (PromQL).\n\nThe PrometheusQueryLanguageCondition message contains information\nfrom a Prometheus alerting rule and its associated rule group.",
                        "description_kind": "plain"
                      },
                      "max_items": 1
                    },
                    "condition_threshold": {
                      "nesting_mode": "list",
                      "block": {
                        "attributes": {
                          "comparison": {
                            "type": "string",
                            "description": "The comparison to apply between the time\nseries (indicated by filter and aggregation)\nand the threshold (indicated by\nthreshold_value). The comparison is applied\non each time series, with the time series on\nthe left-hand side and the threshold on the\nright-hand side. Only COMPARISON_LT and\nCOMPARISON_GT are supported currently. Possible values: [\"COMPARISON_GT\", \"COMPARISON_GE\", \"COMPARISON_LT\", \"COMPARISON_LE\", \"COMPARISON_EQ\", \"COMPARISON_NE\"]",
                            "description_kind": "plain",
                            "required": true
                          },
                          "denominator_filter": {
                            "type": "string",
                            "description": "A filter that identifies a time series that\nshould be used as the denominator of a ratio\nthat will be compared with the threshold. If\na denominator_filter is specified, the time\nseries specified by the filter field will be\nused as the numerator.The filter is similar\nto the one that is specified in the\nMetricService.ListTimeSeries request (that\ncall is useful to verify the time series\nthat will be retrieved / processed) and must\nspecify the metric type and optionally may\ncontain restrictions on resource type,\nresource labels, and metric labels. This\nfield may not exceed 2048 Unicode characters\nin length.",
                            "description_kind": "plain",
                            "optional": true
                          },
                          "duration": {
                            "type": "string",
                            "description": "The amount of time that a time series must\nviolate the threshold to be considered\nfailing. Currently, only values that are a\nmultiple of a minute--e.g., 0, 60, 120, or\n300 seconds--are supported. If an invalid\nvalue is given, an error will be returned.\nWhen choosing a duration, it is useful to\nkeep in mind the frequency of the underlying\ntime series data (which may also be affected\nby any alignments specified in the\naggregations field); a good duration is long\nenough so that a single outlier does not\ngenerate spurious alerts, but short enough\nthat unhealthy states are detected and\nalerted on quickly.",
                            "description_kind": "plain",
                            "required": true
                          },
                          "evaluation_missing_data": {
                            "type": "string",
                            "description": "A condition control that determines how\nmetric-threshold conditions are evaluated when\ndata stops arriving. Possible values: [\"EVALUATION_MISSING_DATA_INACTIVE\", \"EVALUATION_MISSING_DATA_ACTIVE\", \"EVALUATION_MISSING_DATA_NO_OP\"]",
                            "description_kind": "plain",
                            "optional": true
                          },
                          "filter": {
                            "type": "string",
                            "description": "A filter that identifies which time series\nshould be compared with the threshold.The\nfilter is similar to the one that is\nspecified in the\nMetricService.ListTimeSeries request (that\ncall is useful to verify the time series\nthat will be retrieved / processed) and must\nspecify the metric type and optionally may\ncontain restrictions on resource type,\nresource labels, and metric labels. This\nfield may not exceed 2048 Unicode characters\nin length.",
                            "description_kind": "plain",
                            "optional": true
                          },
                          "threshold_value": {
                            "type": "number",
                            "description": "A value against which to compare the time\nseries.",
                            "description_kind": "plain",
                            "optional": true
                          }
                        },
                        "block_types": {
                          "aggregations": {
                            "nesting_mode": "list",
                            "block": {
                              "attributes": {
                                "alignment_period": {
                                  "type": "string",
                                  "description": "The alignment period for per-time\nseries alignment. If present,\nalignmentPeriod must be at least\n60 seconds. After per-time series\nalignment, each time series will\ncontain data points only on the\nperiod boundaries. If\nperSeriesAligner is not specified\nor equals ALIGN_NONE, then this\nfield is ignored. If\nperSeriesAligner is specified and\ndoes not equal ALIGN_NONE, then\nthis field must be defined;\notherwise an error is returned.",
                                  "description_kind": "plain",
                                  "optional": true
                                },
                                "cross_series_reducer": {
                                  "type": "string",
                                  "description": "The approach to be used to combine\ntime series. Not all reducer\nfunctions may be applied to all\ntime series, depending on the\nmetric type and the value type of\nthe original time series.\nReduction may change the metric\ntype of value type of the time\nseries.Time series data must be\naligned in order to perform cross-\ntime series reduction. If\ncrossSeriesReducer is specified,\nthen perSeriesAligner must be\nspecified and not equal ALIGN_NONE\nand alignmentPeriod must be\nspecified; otherwise, an error is\nreturned. Possible values: [\"REDUCE_NONE\", \"REDUCE_MEAN\", \"REDUCE_MIN\", \"REDUCE_MAX\", \"REDUCE_SUM\", \"REDUCE_STDDEV\", \"REDUCE_COUNT\", \"REDUCE_COUNT_TRUE\", \"REDUCE_COUNT_FALSE\", \"REDUCE_FRACTION_TRUE\", \"REDUCE_PERCENTILE_99\", \"REDUCE_PERCENTILE_95\", \"REDUCE_PERCENTILE_50\", \"REDUCE_PERCENTILE_05\"]",
                                  "description_kind": "plain",
                                  "optional": true
                                },
                                "group_by_fields": {
                                  "type": [
                                    "list",
                                    "string"
                                  ],
                                  "description": "The set of fields to preserve when\ncrossSeriesReducer is specified.\nThe groupByFields determine how\nthe time series are partitioned\ninto subsets prior to applying the\naggregation function. Each subset\ncontains time series that have the\nsame value for each of the\ngrouping fields. Each individual\ntime series is a member of exactly\none subset. The crossSeriesReducer\nis applied to each subset of time\nseries. It is not possible to\nreduce across different resource\ntypes, so this field implicitly\ncontains resource.type. Fields not\nspecified in groupByFields are\naggregated away. If groupByFields\nis not specified and all the time\nseries have the same resource\ntype, then the time series are\naggregated into a single output\ntime series. If crossSeriesReducer\nis not defined, this field is\nignored.",
                                  "description_kind": "plain",
                                  "optional": true
                                },
                                "per_series_aligner": {
                                  "type": "string",
                                  "description": "The approach to be used to align\nindividual time series. Not all\nalignment functions may be applied\nto all time series, depending on\nthe metric type and value type of\nthe original time series.\nAlignment may change the metric\ntype or the value type of the time\nseries.Time series data must be\naligned in order to perform cross-\ntime series reduction. If\ncrossSeriesReducer is specified,\nthen perSeriesAligner must be\nspecified and not equal ALIGN_NONE\nand alignmentPeriod must be\nspecified; otherwise, an error is\nreturned. Possible values: [\"ALIGN_NONE\", \"ALIGN_DELTA\", \"ALIGN_RATE\", \"ALIGN_INTERPOLATE\", \"ALIGN_NEXT_OLDER\", \"ALIGN_MIN\", \"ALIGN_MAX\", \"ALIGN_MEAN\", \"ALIGN_COUNT\", \"ALIGN_SUM\", \"ALIGN_STDDEV\", \"ALIGN_COUNT_TRUE\", \"ALIGN_COUNT_FALSE\", \"ALIGN_FRACTION_TRUE\", \"ALIGN_PERCENTILE_99\", \"ALIGN_PERCENTILE_95\", \"ALIGN_PERCENTILE_50\", \"ALIGN_PERCENTILE_05\", \"ALIGN_PERCENT_CHANGE\"]",
                                  "description_kind": "plain",
                                  "optional": true
                                }
                              },
                              "description": "Specifies the alignment of data points in\nindividual time series as well as how to\ncombine the retrieved time series together\n(such as when aggregating multiple streams\non each resource to a single stream for each\nresource or when aggregating streams across\nall members of a group of resources).\nMultiple aggregations are applied in the\norder specified.This field is similar to the\none in the MetricService.ListTimeSeries\nrequest. It is advisable to use the\nListTimeSeries method when debugging this\nfield.",
                              "description_kind": "plain"
                            }
                          },
                          "denominator_aggregations": {
                            "nesting_mode": "list",
                            "block": {
                              "attributes": {
                                "alignment_period": {
                                  "type": "string",
                                  "description": "The alignment period for per-time\nseries alignment. If present,\nalignmentPeriod must be at least\n60 seconds. After per-time series\nalignment, each time series will\ncontain data points only on the\nperiod boundaries. If\nperSeriesAligner is not specified\nor equals ALIGN_NONE, then this\nfield is ignored. If\nperSeriesAligner is specified and\ndoes not equal ALIGN_NONE, then\nthis field must be defined;\notherwise an error is returned.",
                                  "description_kind": "plain",
                                  "optional": true
                                },
                                "cross_series_reducer": {
                                  "type": "string",
                                  "description": "The approach to be used to combine\ntime series. Not all reducer\nfunctions may be applied to all\ntime series, depending on the\nmetric type and the value type of\nthe original time series.\nReduction may change the metric\ntype of value type of the time\nseries.Time series data must be\naligned in order to perform cross-\ntime series reduction. If\ncrossSeriesReducer is specified,\nthen perSeriesAligner must be\nspecified and not equal ALIGN_NONE\nand alignmentPeriod must be\nspecified; otherwise, an error is\nreturned. Possible values: [\"REDUCE_NONE\", \"REDUCE_MEAN\", \"REDUCE_MIN\", \"REDUCE_MAX\", \"REDUCE_SUM\", \"REDUCE_STDDEV\", \"REDUCE_COUNT\", \"REDUCE_COUNT_TRUE\", \"REDUCE_COUNT_FALSE\", \"REDUCE_FRACTION_TRUE\", \"REDUCE_PERCENTILE_99\", \"REDUCE_PERCENTILE_95\", \"REDUCE_PERCENTILE_50\", \"REDUCE_PERCENTILE_05\"]",
                                  "description_kind": "plain",
                                  "optional": true
                                },
                                "group_by_fields": {
                                  "type": [
                                    "list",
                                    "string"
                                  ],
                                  "description": "The set of fields to preserve when\ncrossSeriesReducer is specified.\nThe groupByFields determine how\nthe time series are partitioned\ninto subsets prior to applying the\naggregation function. Each subset\ncontains time series that have the\nsame value for each of the\ngrouping fields. Each individual\ntime series is a member of exactly\none subset. The crossSeriesReducer\nis applied to each subset of time\nseries. It is not possible to\nreduce across different resource\ntypes, so this field implicitly\ncontains resource.type. Fields not\nspecified in groupByFields are\naggregated away. If groupByFields\nis not specified and all the time\nseries have the same resource\ntype, then the time series are\naggregated into a single output\ntime series. If crossSeriesReducer\nis not defined, this field is\nignored.",
                                  "description_kind": "plain",
                                  "optional": true
                                },
                                "per_series_aligner": {
                                  "type": "string",
                                  "description": "The approach to be used to align\nindividual time series. Not all\nalignment functions may be applied\nto all time series, depending on\nthe metric type and value type of\nthe original time series.\nAlignment may change the metric\ntype or the value type of the time\nseries.Time series data must be\naligned in order to perform cross-\ntime series reduction. If\ncrossSeriesReducer is specified,\nthen perSeriesAligner must be\nspecified and not equal ALIGN_NONE\nand alignmentPeriod must be\nspecified; otherwise, an error is\nreturned. Possible values: [\"ALIGN_NONE\", \"ALIGN_DELTA\", \"ALIGN_RATE\", \"ALIGN_INTERPOLATE\", \"ALIGN_NEXT_OLDER\", \"ALIGN_MIN\", \"ALIGN_MAX\", \"ALIGN_MEAN\", \"ALIGN_COUNT\", \"ALIGN_SUM\", \"ALIGN_STDDEV\", \"ALIGN_COUNT_TRUE\", \"ALIGN_COUNT_FALSE\", \"ALIGN_FRACTION_TRUE\", \"ALIGN_PERCENTILE_99\", \"ALIGN_PERCENTILE_95\", \"ALIGN_PERCENTILE_50\", \"ALIGN_PERCENTILE_05\", \"ALIGN_PERCENT_CHANGE\"]",
                                  "description_kind": "plain",
                                  "optional": true
                                }
                              },
                              "description": "Specifies the alignment of data points in\nindividual time series selected by\ndenominatorFilter as well as how to combine\nthe retrieved time series together (such as\nwhen aggregating multiple streams on each\nresource to a single stream for each\nresource or when aggregating streams across\nall members of a group of resources).When\ncomputing ratios, the aggregations and\ndenominator_aggregations fields must use the\nsame alignment period and produce time\nseries that have the same periodicity and\nlabels.This field is similar to the one in\nthe MetricService.ListTimeSeries request. It\nis advisable to use the ListTimeSeries\nmethod when debugging this field.",
                              "description_kind": "plain"
                            }
                          },
                          "forecast_options": {
                            "nesting_mode": "list",
                            "block": {
                              "attributes": {
                                "forecast_horizon": {
                                  "type": "string",
                                  "description": "The length of time into the future to forecast\nwhether a timeseries will violate the threshold.\nIf the predicted value is found to violate the\nthreshold, and the violation is observed in all\nforecasts made for the Configured 'duration',\nthen the timeseries is considered to be failing.",
                                  "description_kind": "plain",
                                  "required": true
                                }
                              },
                              "description": "When this field is present, the 'MetricThreshold'\ncondition forecasts whether the time series is\npredicted to violate the threshold within the\n'forecastHorizon'. When this field is not set, the\n'MetricThreshold' tests the current value of the\ntimeseries against the threshold.",
                              "description_kind": "plain"
                            },
                            "max_items": 1
                          },
                          "trigger": {
                            "nesting_mode": "list",
                            "block": {
                              "attributes": {
                                "count": {
                                  "type": "number",
                                  "description": "The absolute number of time series\nthat must fail the predicate for the\ncondition to be triggered.",
                                  "description_kind": "plain",
                                  "optional": true
                                },
                                "percent": {
                                  "type": "number",
                                  "description": "The percentage of time series that\nmust fail the predicate for the\ncondition to be triggered.",
                                  "description_kind": "plain",
                                  "optional": true
                                }
                              },
                              "description": "The number/percent of time series for which\nthe comparison must hold in order for the\ncondition to trigger. If unspecified, then\nthe condition will trigger if the comparison\nis true for any of the time series that have\nbeen identified by filter and aggregations,\nor by the ratio, if denominator_filter and\ndenominator_aggregations are specified.",
                              "description_kind": "plain"
                            },
                            "max_items": 1
                          }
                        },
                        "description": "A condition that compares a time series against a\nthreshold.",
                        "description_kind": "plain"
                      },
                      "max_items": 1
                    }
                  },
                  "description": "A list of conditions for the policy. The conditions are combined by\nAND or OR according to the combiner field. If the combined conditions\nevaluate to true, then an incident is created. A policy can have from\none to six conditions.",
                  "description_kind": "plain"
                },
                "min_items": 1
              },
              "documentation": {
                "nesting_mode": "list",
                "block": {
                  "attributes": {
                    "content": {
                      "type": "string",
                      "description": "The text of the documentation, interpreted according to mimeType.\nThe content may not exceed 8,192 Unicode characters and may not\nexceed more than 10,240 bytes when encoded in UTF-8 format,\nwhichever is smaller.",
                      "description_kind": "plain",
                      "optional": true
                    },
                    "mime_type": {
                      "type": "string",
                      "description": "The format of the content field. Presently, only the value\n\"text/markdown\" is supported.",
                      "description_kind": "plain",
                      "optional": true
                    },
                    "subject": {
                      "type": "string",
                      "description": "The subject line of the notification. The subject line may not\nexceed 10,240 bytes. In notifications generated by this policy the contents\nof the subject line after variable expansion will be truncated to 255 bytes\nor shorter at the latest UTF-8 character boundary.",
                      "description_kind": "plain",
                      "optional": true
                    }
                  },
                  "block_types": {
                    "links": {
                      "nesting_mode": "list",
                      "block": {
                        "attributes": {
                          "display_name": {
                            "type": "string",
                            "description": "A short display name for the link. The display name must not be empty or exceed 63 characters. Example: \"playbook\".",
                            "description_kind": "plain",
                            "optional": true
                          },
                          "url": {
                            "type": "string",
                            "description": "The url of a webpage. A url can be templatized by using variables in the path or the query parameters. The total length of a URL should not exceed 2083 characters before and after variable expansion. Example: \"https://my_domain.com/playbook?name=${resource.name}\".",
                            "description_kind": "plain",
                            "optional": true
                          }
                        },
                        "description": "Links to content such as playbooks, repositories, and other resources. This field can contain up to 3 entries.",
                        "description_kind": "plain"
                      }
                    }
                  },
                  "description": "Documentation that is included with notifications and incidents related\nto this policy. Best practice is for the documentation to include information\nto help responders understand, mitigate, escalate, and correct the underlying\nproblems detected by the alerting policy. Notification channels that have\nlimited capacity might not show this documentation.",
                  "description_kind": "plain"
                },
                "max_items": 1
              },
              "timeouts": {
                "nesting_mode": "single",
                "block": {
                  "attributes": {
                    "create": {
                      "type": "string",
                      "description_kind": "plain",
                      "optional": true
                    },
                    "delete": {
                      "type": "string",
                      "description_kind": "plain",
                      "optional": true
                    },
                    "update": {
                      "type": "string",
                      "description_kind": "plain",
                      "optional": true
                    }
                  },
                  "description_kind": "plain"
                }
              }
            },
            "description_kind": "plain"
          }
        },
        "google_monitoring_dashboard": {
          "version": 0,
          "block": {
            "attributes": {
              "dashboard_json": {
                "type": "string",
                "description": "The JSON representation of a dashboard, following the format at https://cloud.google.com/monitoring/api/ref_v3/rest/v1/projects.dashboards.",
                "description_kind": "plain",
                "required": true
              },
              "id": {
                "type": "string",
                "description_kind": "plain",
                "optional": true,
                "computed": true
              },
              "project": {
                "type": "string",
                "description": "The ID of the project in which the resource belongs. If it is not provided, the provider project is used.",
                "description_kind": "plain",
                "optional": true,
                "computed": true
              }
            },
            "block_types": {
              "timeouts": {
                "nesting_mode": "single",
                "block": {
                  "attributes": {
                    "create": {
                      "type": "string",
                      "description_kind": "plain",
                      "optional": true
                    },
                    "delete": {
                      "type": "string",
                      "description_kind": "plain",
                      "optional": true
                    },
                    "update": {
                      "type": "string",
                      "description_kind": "plain",
                      "optional": true
                    }
                  },
                  "description_kind": "plain"
                }
              }
            },
            "description_kind": "plain"
          }
        },
        "google_monitoring_notification_channel": {
          "version": 0,
          "block": {
            "attributes": {
              "description": {
                "type": "string",
                "description": "An optional human-readable description of this notification channel. This description may provide additional details, beyond the display name, for the channel. This may not exceed 1024 Unicode characters.",
                "description_kind": "plain",
                "optional": true
              },
              "display_name": {
                "type": "string",
                "description": "An optional human-readable name for this notification channel. It is recommended that you specify a non-empty and unique name in order to make it easier to identify the channels in your project, though this is not enforced. The display name is limited to 512 Unicode characters.",
                "description_kind": "plain",
                "optional": true
              },
              "enabled": {
                "type": "bool",
                "description": "Whether notifications are forwarded to the described channel. This makes it possible to disable delivery of notifications to a particular channel without removing the channel from all alerting policies that reference the channel. This is a more convenient approach when the change is temporary and you want to receive notifications from the same set of alerting policies on the channel at some point in the future.",
                "description_kind": "plain",
                "optional": true
              },
              "force_delete": {
                "type": "bool",
                "description": "If true, the notification channel will be deleted regardless\nof its use in alert policies (the policies will be updated\nto remove the channel). If false, channels that are still\nreferenced by an existing alerting policy will fail to be\ndeleted in a delete operation.",
                "description_kind": "plain",
                "optional": true
              },
              "id": {
                "type": "string",
                "description_kind": "plain",
                "optional": true,
                "computed": true
              },
              "labels": {
                "type": [
                  "map",
                  "string"
                ],
                "description": "Configuration fields that define the channel and its behavior. The\npermissible and required labels are specified in the\nNotificationChannelDescriptor corresponding to the type field.\n\nLabels with sensitive data are obfuscated by the API and therefore Terraform cannot\ndetermine if there are upstream changes to these fields. They can also be configured via\nthe sensitive_labels block, but cannot be configured in both places.",
                "description_kind": "plain",
                "optional": true
              },
              "name": {
                "type": "string",
                "description": "The full REST resource name for this channel. The syntax is:\nprojects/[PROJECT_ID]/notificationChannels/[CHANNEL_ID]\nThe [CHANNEL_ID] is automatically assigned by the server on creation.",
                "description_kind": "plain",
                "computed": true
              },
              "project": {
                "type": "string",
                "description_kind": "plain",
                "optional": true,
                "computed": true
              },
              "type": {
                "type": "string",
                "description": "The type of the notification channel. This field matches the value of the NotificationChannelDescriptor.type field. See https://cloud.google.com/monitoring/api/ref_v3/rest/v3/projects.notificationChannelDescriptors/list to get the list of valid values such as \"email\", \"slack\", etc...",
                "description_kind": "plain",
                "required": true
              },
              "user_labels": {
                "type": [
                  "map",
                  "string"
                ],
                "description": "User-supplied key/value data that does not need to conform to the corresponding NotificationChannelDescriptor's schema, unlike the labels field. This field is intended to be used for organizing and identifying the NotificationChannel objects.The field can contain up to 64 entries. Each key and value is limited to 63 Unicode characters or 128 bytes, whichever is smaller. Labels and values can contain only lowercase letters, numerals, underscores, and dashes. Keys must begin with a letter.",
                "description_kind": "plain",
                "optional": true
              },
              "verification_status": {
                "type": "string",
                "description": "Indicates whether this channel has been verified or not. On a ListNotificationChannels or GetNotificationChannel operation, this field is expected to be populated.If the value is UNVERIFIED, then it indicates that the channel is non-functioning (it both requires verification and lacks verification); otherwise, it is assumed that the channel works.If the channel is neither VERIFIED nor UNVERIFIED, it implies that the channel is of a type that does not require verification or that this specific channel has been exempted from verification because it was created prior to verification being required for channels of this type.This field cannot be modified using a standard UpdateNotificationChannel operation. To change the value of this field, you must call VerifyNotificationChannel.",
                "description_kind": "plain",
                "computed": true
              }
            },
            "block_types": {
              "sensitive_labels": {
                "nesting_mode": "list",
                "block": {
                  "attributes": {
                    "auth_token": {
                      "type": "string",
                      "description": "An authorization token for a notification channel. Channel types that support this field include: slack",
                      "description_kind": "plain",
                      "optional": true,
                      "sensitive": true
                    },
                    "password": {
                      "type": "string",
                      "description": "An password for a notification channel. Channel types that support this field include: webhook_basicauth",
                      "description_kind": "plain",
                      "optional": true,
                      "sensitive": true
                    },
                    "service_key": {
                      "type": "string",
                      "description": "An servicekey token for a notification channel. Channel types that support this field include: pagerduty",
                      "description_kind": "plain",
                      "optional": true,
                      "sensitive": true
                    }
                  },
                  "description": "Different notification type behaviors are configured primarily using the the 'labels' field on this\nresource. This block contains the labels which contain secrets or passwords so that they can be marked\nsensitive and hidden from plan output. The name of the field, eg: password, will be the key\nin the 'labels' map in the api request.\n\nCredentials may not be specified in both locations and will cause an error. Changing from one location\nto a different credential configuration in the config will require an apply to update state.",
                  "description_kind": "plain"
                },
                "max_items": 1
              },
              "timeouts": {
                "nesting_mode": "single",
                "block": {
                  "attributes": {
                    "create": {
                      "type": "string",
                      "description_kind": "plain",
                      "optional": true
                    },
                    "delete": {
                      "type": "string",
                      "description_kind": "plain",
                      "optional": true
                    },
                    "update": {
                      "type": "string",
                      "description_kind": "plain",
                      "optional": true
                    }
                  },
                  "description_kind": "plain"
                }
              }
            },
            "description_kind": "plain"
          }
        },
        "google_pubsub_subscription": {
          "version": 0,
          "block": {
            "attributes": {
              "ack_deadline_seconds": {
                "type": "number",
                "description": "This value is the maximum time after a subscriber receives a message\nbefore the subscriber should acknowledge the message. After message\ndelivery but before the ack deadline expires and before the message is\nacknowledged, it is an outstanding message and will not be delivered\nagain during that time (on a best-effort basis).\n\nFor pull subscriptions, this value is used as the initial value for\nthe ack deadline. To override this value for a given message, call\nsubscriptions.modifyAckDeadline with the corresponding ackId if using\npull. The minimum custom deadline you can specify is 10 seconds. The\nmaximum custom deadline you can specify is 600 seconds (10 minutes).\nIf this parameter is 0, a default value of 10 seconds is used.\n\nFor push delivery, this value is also used to set the request timeout\nfor the call to the push endpoint.\n\nIf the subscriber never acknowledges the message, the Pub/Sub system\nwill eventually redeliver the message.",
                "description_kind": "plain",
                "optional": true,
                "computed": true
              },
              "effective_labels": {
                "type": [
                  "map",
                  "string"
                ],
                "description": "All of labels (key/value pairs) present on the resource in GCP, including the labels configured through Terraform, other clients and services.",
                "description_kind": "plain",
                "computed": true
              },
              "enable_exactly_once_delivery": {
                "type": "bool",
                "description": "If 'true', Pub/Sub provides the following guarantees for the delivery\nof a message with a given value of messageId on this Subscriptions':\n\n- The message sent to a subscriber is guaranteed not to be resent before the message's acknowledgement deadline expires.\n\n- An acknowledged message will not be resent to a subscriber.\n\nNote that subscribers may still receive multiple copies of a message when 'enable_exactly_once_delivery'\nis true if the message was published multiple times by a publisher client. These copies are considered distinct by Pub/Sub and have distinct messageId values",
                "description_kind": "plain",
                "optional": true
              },
              "enable_message_ordering": {
                "type": "bool",
                "description": "If 'true', messages published with the same orderingKey in PubsubMessage will be delivered to\nthe subscribers in the order in which they are received by the Pub/Sub system. Otherwise, they\nmay be delivered in any order.",
                "description_kind": "plain",
                "optional": true
              },
              "filter": {
                "type": "string",
                "description": "The subscription only delivers the messages that match the filter.\nPub/Sub automatically acknowledges the messages that don't match the filter. You can filter messages\nby their attributes. The maximum length of a filter is 256 bytes. After creating the subscription,\nyou can't modify the filter.",
                "description_kind": "plain",
                "optional": true
              },
              "id": {
                "type": "string",
                "description_kind": "plain",
                "optional": true,
                "computed": true
              },
              "labels": {
                "type": [
                  "map",
                  "string"
                ],
                "description": "A set of key/value label pairs to assign to this Subscription.\n\n\n**Note**: This field is non-authoritative, and will only manage the labels present in your configuration.\nPlease refer to the field 'effective_labels' for all of the labels present on the resource.",
                "description_kind": "plain",
                "optional": true
              },
              "message_retention_duration": {
                "type": "string",
                "description": "How long to retain unacknowledged messages in the subscription's\nbacklog, from the moment a message is published. If\nretain_acked_messages is true, then this also configures the retention\nof acknowledged messages, and thus configures how far back in time a\nsubscriptions.seek can be done. Defaults to 7 days. Cannot be more\nthan 31 days ('\"2678400s\"') or less than 10 minutes ('\"600s\"').\n\nA duration in seconds with up to nine fractional digits, terminated\nby 's'. Example: '\"600.5s\"'.",
                "description_kind": "plain",
                "optional": true
              },
              "name": {
                "type": "string",
                "description": "Name of the subscription.",
                "description_kind": "plain",
                "required": true
              },
              "project": {
                "type": "string",
                "description_kind": "plain",
                "optional": true,
                "computed": true
              },
              "retain_acked_messages": {
                "type": "bool",
                "description": "Indicates whether to retain acknowledged messages. If 'true', then\nmessages are not expunged from the subscription's backlog, even if\nthey are acknowledged, until they fall out of the\nmessageRetentionDuration window.",
                "description_kind": "plain",
                "optional": true
              },
              "terraform_labels": {
                "type": [
                  "map",
                  "string"
                ],
                "description": "The combination of labels configured directly on the resource\n and default labels configured on the provider.",
                "description_kind": "plain",
                "computed": true
              },
              "topic": {
                "type": "string",
                "description": "A reference to a Topic resource, of the form projects/{project}/topics/{{name}}\n(as in the id property of a google_pubsub_topic), or just a topic name if\nthe topic is in the same project as the subscription.",
                "description_kind": "plain",
                "required": true
              }
            },
            "block_types": {
              "bigquery_config": {
                "nesting_mode": "list",
                "block": {
                  "attributes": {
                    "drop_unknown_fields": {
                      "type": "bool",
                      "description": "When true and use_topic_schema or use_table_schema is true, any fields that are a part of the topic schema or message schema that\nare not part of the BigQuery table schema are dropped when writing to BigQuery. Otherwise, the schemas must be kept in sync\nand any messages with extra fields are not written and remain in the subscription's backlog.",
                      "description_kind": "plain",
                      "optional": true
                    },
                    "service_account_email": {
                      "type": "string",
                      "description": "The service account to use to write to BigQuery. If not specified, the Pub/Sub\n[service agent](https://cloud.google.com/iam/docs/service-agents),\nservice-{project_number}@gcp-sa-pubsub.iam.gserviceaccount.com, is used.",
                      "description_kind": "plain",
                      "optional": true
                    },
                    "table": {
                      "type": "string",
                      "description": "The name of the table to which to write data, of the form {projectId}.{datasetId}.{tableId}",
                      "description_kind": "plain",
                      "required": true
                    },
                    "use_table_schema": {
                      "type": "bool",
                      "description": "When true, use the BigQuery table's schema as the columns to write to in BigQuery. Messages\nmust be published in JSON format. Only one of use_topic_schema and use_table_schema can be set.",
                      "description_kind": "plain",
                      "optional": true
                    },
                    "use_topic_schema": {
                      "type": "bool",
                      "description": "When true, use the topic's schema as the columns to write to in BigQuery, if it exists.\nOnly one of use_topic_schema and use_table_schema can be set.",
                      "description_kind": "plain",
                      "optional": true
                    },
                    "write_metadata": {
                      "type": "bool",
                      "description": "When true, write the subscription name, messageId, publishTime, attributes, and orderingKey to additional columns in the table.\nThe subscription name, messageId, and publishTime fields are put in their own columns while all other message properties (other than data) are written to a JSON object in the attributes column.",
                      "description_kind": "plain",
                      "optional": true
                    }
                  },
                  "description": "If delivery to BigQuery is used with this subscription, this field is used to configure it.\nEither pushConfig, bigQueryConfig or cloudStorageConfig can be set, but not combined.\nIf all three are empty, then the subscriber will pull and ack messages using API methods.",
                  "description_kind": "plain"
                },
                "max_items": 1
              },
              "cloud_storage_config": {
                "nesting_mode": "list",
                "block": {
                  "attributes": {
                    "bucket": {
                      "type": "string",
                      "description": "User-provided name for the Cloud Storage bucket. The bucket must be created by the user. The bucket name must be without any prefix like \"gs://\".",
                      "description_kind": "plain",
                      "required": true
                    },
                    "filename_datetime_format": {
                      "type": "string",
                      "description": "User-provided format string specifying how to represent datetimes in Cloud Storage filenames.",
                      "description_kind": "plain",
                      "optional": true
                    },
                    "filename_prefix": {
                      "type": "string",
                      "description": "User-provided prefix for Cloud Storage filename.",
                      "description_kind": "plain",
                      "optional": true
                    },
                    "filename_suffix": {
                      "type": "string",
                      "description": "User-provided suffix for Cloud Storage filename. Must not end in \"/\".",
                      "description_kind": "plain",
                      "optional": true
                    },
                    "max_bytes": {
                      "type": "number",
                      "description": "The maximum bytes that can be written to a Cloud Storage file before a new file is created. Min 1 KB, max 10 GiB.\nThe maxBytes limit may be exceeded in cases where messages are larger than the limit.",
                      "description_kind": "plain",
                      "optional": true
                    },
                    "max_duration": {
                      "type": "string",
                      "description": "The maximum duration that can elapse before a new Cloud Storage file is created. Min 1 minute, max 10 minutes, default 5 minutes.\nMay not exceed the subscription's acknowledgement deadline.\nA duration in seconds with up to nine fractional digits, ending with 's'. Example: \"3.5s\".",
                      "description_kind": "plain",
                      "optional": true
                    },
                    "max_messages": {
                      "type": "number",
                      "description": "The maximum messages that can be written to a Cloud Storage file before a new file is created. Min 1000 messages.",
                      "description_kind": "plain",
                      "optional": true
                    },
                    "service_account_email": {
                      "type": "string",
                      "description": "The service account to use to write to Cloud Storage. If not specified, the Pub/Sub\n[service agent](https://cloud.google.com/iam/docs/service-agents),\nservice-{project_number}@gcp-sa-pubsub.iam.gserviceaccount.com, is used.",
                      "description_kind": "plain",
                      "optional": true
                    },
                    "state": {
                      "type": "string",
                      "description": "An output-only field that indicates whether or not the subscription can receive messages.",
                      "description_kind": "plain",
                      "computed": true
                    }
                  },
                  "block_types": {
                    "avro_config": {
                      "nesting_mode": "list",
                      "block": {
                        "attributes": {
                          "use_topic_schema": {
                            "type": "bool",
                            "description": "When true, the output Cloud Storage file will be serialized using the topic schema, if it exists.",
                            "description_kind": "plain",
                            "optional": true
                          },
                          "write_metadata": {
                            "type": "bool",
                            "description": "When true, write the subscription name, messageId, publishTime, attributes, and orderingKey as additional fields in the output.",
                            "description_kind": "plain",
                            "optional": true
                          }
                        },
                        "description": "If set, message data will be written to Cloud Storage in Avro format.",
                        "description_kind": "plain"
                      },
                      "max_items": 1
                    }
                  },
                  "description": "If delivery to Cloud Storage is used with this subscription, this field is used to configure it.\nEither pushConfig, bigQueryConfig or cloudStorageConfig can be set, but not combined.\nIf all three are empty, then the subscriber will pull and ack messages using API methods.",
                  "description_kind": "plain"
                },
                "max_items": 1
              },
              "dead_letter_policy": {
                "nesting_mode": "list",
                "block": {
                  "attributes": {
                    "dead_letter_topic": {
                      "type": "string",
                      "description": "The name of the topic to which dead letter messages should be published.\nFormat is 'projects/{project}/topics/{topic}'.\n\nThe Cloud Pub/Sub service account associated with the enclosing subscription's\nparent project (i.e.,\nservice-{project_number}@gcp-sa-pubsub.iam.gserviceaccount.com) must have\npermission to Publish() to this topic.\n\nThe operation will fail if the topic does not exist.\nUsers should ensure that there is a subscription attached to this topic\nsince messages published to a topic with no subscriptions are lost.",
                      "description_kind": "plain",
                      "optional": true
                    },
                    "max_delivery_attempts": {
                      "type": "number",
                      "description": "The maximum number of delivery attempts for any message. The value must be\nbetween 5 and 100.\n\nThe number of delivery attempts is defined as 1 + (the sum of number of\nNACKs and number of times the acknowledgement deadline has been exceeded for the message).\n\nA NACK is any call to ModifyAckDeadline with a 0 deadline. Note that\nclient libraries may automatically extend ack_deadlines.\n\nThis field will be honored on a best effort basis.\n\nIf this parameter is 0, a default value of 5 is used.",
                      "description_kind": "plain",
                      "optional": true
                    }
                  },
                  "description": "A policy that specifies the conditions for dead lettering messages in\nthis subscription. If dead_letter_policy is not set, dead lettering\nis disabled.\n\nThe Cloud Pub/Sub service account associated with this subscription's\nparent project (i.e.,\nservice-{project_number}@gcp-sa-pubsub.iam.gserviceaccount.com) must have\npermission to Acknowledge() messages on this subscription.",
                  "description_kind": "plain"
                },
                "max_items": 1
              },
              "expiration_policy": {
                "nesting_mode": "list",
                "block": {
                  "attributes": {
                    "ttl": {
                      "type": "string",
                      "description": "Specifies the \"time-to-live\" duration for an associated resource. The\nresource expires if it is not active for a period of ttl.\nIf ttl is set to \"\", the associated resource never expires.\nA duration in seconds with up to nine fractional digits, terminated by 's'.\nExample - \"3.5s\".",
                      "description_kind": "plain",
                      "required": true
                    }
                  },
                  "description": "A policy that specifies the conditions for this subscription's expiration.\nA subscription is considered active as long as any connected subscriber\nis successfully consuming messages from the subscription or is issuing\noperations on the subscription. If expirationPolicy is not set, a default\npolicy with ttl of 31 days will be used.  If it is set but ttl is \"\", the\nresource never expires.  The minimum allowed value for expirationPolicy.ttl\nis 1 day.",
                  "description_kind": "plain"
                },
                "max_items": 1
              },
              "push_config": {
                "nesting_mode": "list",
                "block": {
                  "attributes": {
                    "attributes": {
                      "type": [
                        "map",
                        "string"
                      ],
                      "description": "Endpoint configuration attributes.\n\nEvery endpoint has a set of API supported attributes that can\nbe used to control different aspects of the message delivery.\n\nThe currently supported attribute is x-goog-version, which you\ncan use to change the format of the pushed message. This\nattribute indicates the version of the data expected by\nthe endpoint. This controls the shape of the pushed message\n(i.e., its fields and metadata). The endpoint version is\nbased on the version of the Pub/Sub API.\n\nIf not present during the subscriptions.create call,\nit will default to the version of the API used to make\nsuch call. If not present during a subscriptions.modifyPushConfig\ncall, its value will not be changed. subscriptions.get\ncalls will always return a valid version, even if the\nsubscription was created without this attribute.\n\nThe possible values for this attribute are:\n\n- v1beta1: uses the push format defined in the v1beta1 Pub/Sub API.\n- v1 or v1beta2: uses the push format defined in the v1 Pub/Sub API.",
                      "description_kind": "plain",
                      "optional": true
                    },
                    "push_endpoint": {
                      "type": "string",
                      "description": "A URL locating the endpoint to which messages should be pushed.\nFor example, a Webhook endpoint might use\n\"https://example.com/push\".",
                      "description_kind": "plain",
                      "required": true
                    }
                  },
                  "block_types": {
                    "no_wrapper": {
                      "nesting_mode": "list",
                      "block": {
                        "attributes": {
                          "write_metadata": {
                            "type": "bool",
                            "description": "When true, writes the Pub/Sub message metadata to\n'x-goog-pubsub-\u003cKEY\u003e:\u003cVAL\u003e' headers of the HTTP request. Writes the\nPub/Sub message attributes to '\u003cKEY\u003e:\u003cVAL\u003e' headers of the HTTP request.",
                            "description_kind": "plain",
                            "required": true
                          }
                        },
                        "description": "When set, the payload to the push endpoint is not wrapped.Sets the\n'data' field as the HTTP body for delivery.",
                        "description_kind": "plain"
                      },
                      "max_items": 1
                    },
                    "oidc_token": {
                      "nesting_mode": "list",
                      "block": {
                        "attributes": {
                          "audience": {
                            "type": "string",
                            "description": "Audience to be used when generating OIDC token. The audience claim\nidentifies the recipients that the JWT is intended for. The audience\nvalue is a single case-sensitive string. Having multiple values (array)\nfor the audience field is not supported. More info about the OIDC JWT\ntoken audience here: https://tools.ietf.org/html/rfc7519#section-4.1.3\nNote: if not specified, the Push endpoint URL will be used.",
                            "description_kind": "plain",
                            "optional": true
                          },
                          "service_account_email": {
                            "type": "string",
                            "description": "Service account email to be used for generating the OIDC token.\nThe caller (for subscriptions.create, subscriptions.patch, and\nsubscriptions.modifyPushConfig RPCs) must have the\niam.serviceAccounts.actAs permission for the service account.",
                            "description_kind": "plain",
                            "required": true
                          }
                        },
                        "description": "If specified, Pub/Sub will generate and attach an OIDC JWT token as\nan Authorization header in the HTTP request for every pushed message.",
                        "description_kind": "plain"
                      },
                      "max_items": 1
                    }
                  },
                  "description": "If push delivery is used with this subscription, this field is used to\nconfigure it. An empty pushConfig signifies that the subscriber will\npull and ack messages using API methods.",
                  "description_kind": "plain"
                },
                "max_items": 1
              },
              "retry_policy": {
                "nesting_mode": "list",
                "block": {
                  "attributes": {
                    "maximum_backoff": {
                      "type": "string",
                      "description": "The maximum delay between consecutive deliveries of a given message. Value should be between 0 and 600 seconds. Defaults to 600 seconds.\nA duration in seconds with up to nine fractional digits, terminated by 's'. Example: \"3.5s\".",
                      "description_kind": "plain",
                      "optional": true,
                      "computed": true
                    },
                    "minimum_backoff": {
                      "type": "string",
                      "description": "The minimum delay between consecutive deliveries of a given message. Value should be between 0 and 600 seconds. Defaults to 10 seconds.\nA duration in seconds with up to nine fractional digits, terminated by 's'. Example: \"3.5s\".",
                      "description_kind": "plain",
                      "optional": true,
                      "computed": true
                    }
                  },
                  "description": "A policy that specifies how Pub/Sub retries message delivery for this subscription.\n\nIf not set, the default retry policy is applied. This generally implies that messages will be retried as soon as possible for healthy subscribers.\nRetryPolicy will be triggered on NACKs or acknowledgement deadline exceeded events for a given message",
                  "description_kind": "plain"
                },
                "max_items": 1
              },
              "timeouts": {
                "nesting_mode": "single",
                "block": {
                  "attributes": {
                    "create": {
                      "type": "string",
                      "description_kind": "plain",
                      "optional": true
                    },
                    "delete": {
                      "type": "string",
                      "description_kind": "plain",
                      "optional": true
                    },
                    "update": {
                      "type": "string",
                      "description_kind": "plain",
                      "optional": true
                    }
                  },
                  "description_kind": "plain"
                }
              }
            },
            "description_kind": "plain"
          }
        },
        "google_pubsub_topic": {
          "version": 0,
          "block": {
            "attributes": {
              "effective_labels": {
                "type": [
                  "map",
                  "string"
                ],
                "description": "All of labels (key/value pairs) present on the resource in GCP, including the labels configured through Terraform, other clients and services.",
                "description_kind": "plain",
                "computed": true
              },
              "id": {
                "type": "string",
                "description_kind": "plain",
                "optional": true,
                "computed": true
              },
              "kms_key_name": {
                "type": "string",
                "description": "The resource name of the Cloud KMS CryptoKey to be used to protect access\nto messages published on this topic. Your project's PubSub service account\n('service-{{PROJECT_NUMBER}}@gcp-sa-pubsub.iam.gserviceaccount.com') must have\n'roles/cloudkms.cryptoKeyEncrypterDecrypter' to use this feature.\nThe expected format is 'projects/*/locations/*/keyRings/*/cryptoKeys/*'",
                "description_kind": "plain",
                "optional": true
              },
              "labels": {
                "type": [
                  "map",
                  "string"
                ],
                "description": "A set of key/value label pairs to assign to this Topic.\n\n\n**Note**: This field is non-authoritative, and will only manage the labels present in your configuration.\nPlease refer to the field 'effective_labels' for all of the labels present on the resource.",
                "description_kind": "plain",
                "optional": true
              },
              "message_retention_duration": {
                "type": "string",
                "description": "Indicates the minimum duration to retain a message after it is published\nto the topic. If this field is set, messages published to the topic in\nthe last messageRetentionDuration are always available to subscribers.\nFor instance, it allows any attached subscription to seek to a timestamp\nthat is up to messageRetentionDuration in the past. If this field is not\nset, message retention is controlled by settings on individual subscriptions.\nThe rotation period has the format of a decimal number, followed by the\nletter 's' (seconds). Cannot be more than 31 days or less than 10 minutes.",
                "description_kind": "plain",
                "optional": true
              },
              "name": {
                "type": "string",
                "description": "Name of the topic.",
                "description_kind": "plain",
                "required": true
              },
              "project": {
                "type": "string",
                "description_kind": "plain",
                "optional": true,
                "computed": true
              },
              "terraform_labels": {
                "type": [
                  "map",
                  "string"
                ],
                "description": "The combination of labels configured directly on the resource\n and default labels configured on the provider.",
                "description_kind": "plain",
                "computed": true
              }
            },
            "block_types": {
              "ingestion_data_source_settings": {
                "nesting_mode": "list",
                "block": {
                  "block_types": {
                    "aws_kinesis": {
                      "nesting_mode": "list",
                      "block": {
                        "attributes": {
                          "aws_role_arn": {
                            "type": "string",
                            "description": "AWS role ARN to be used for Federated Identity authentication with\nKinesis. Check the Pub/Sub docs for how to set up this role and the\nrequired permissions that need to be attached to it.",
                            "description_kind": "plain",
                            "required": true
                          },
                          "consumer_arn": {
                            "type": "string",
                            "description": "The Kinesis consumer ARN to used for ingestion in\nEnhanced Fan-Out mode. The consumer must be already\ncreated and ready to be used.",
                            "description_kind": "plain",
                            "required": true
                          },
                          "gcp_service_account": {
                            "type": "string",
                            "description": "The GCP service account to be used for Federated Identity authentication\nwith Kinesis (via a 'AssumeRoleWithWebIdentity' call for the provided\nrole). The 'awsRoleArn' must be set up with 'accounts.google.com:sub'\nequals to this service account number.",
                            "description_kind": "plain",
                            "required": true
                          },
                          "stream_arn": {
                            "type": "string",
                            "description": "The Kinesis stream ARN to ingest data from.",
                            "description_kind": "plain",
                            "required": true
                          }
                        },
                        "description": "Settings for ingestion from Amazon Kinesis Data Streams.",
                        "description_kind": "plain"
                      },
                      "max_items": 1
                    },
                    "cloud_storage": {
                      "nesting_mode": "list",
                      "block": {
                        "attributes": {
                          "bucket": {
                            "type": "string",
                            "description": "Cloud Storage bucket. The bucket name must be without any\nprefix like \"gs://\". See the bucket naming requirements:\nhttps://cloud.google.com/storage/docs/buckets#naming.",
                            "description_kind": "plain",
                            "required": true
                          },
                          "match_glob": {
                            "type": "string",
                            "description": "Glob pattern used to match objects that will be ingested. If unset, all\nobjects will be ingested. See the supported patterns:\nhttps://cloud.google.com/storage/docs/json_api/v1/objects/list#list-objects-and-prefixes-using-glob",
                            "description_kind": "plain",
                            "optional": true
                          },
                          "minimum_object_create_time": {
                            "type": "string",
                            "description": "The timestamp set in RFC3339 text format. If set, only objects with a\nlarger or equal timestamp will be ingested. Unset by default, meaning\nall objects will be ingested.",
                            "description_kind": "plain",
                            "optional": true
                          }
                        },
                        "block_types": {
                          "avro_format": {
                            "nesting_mode": "list",
                            "block": {
                              "description": "Configuration for reading Cloud Storage data in Avro binary format. The\nbytes of each object will be set to the 'data' field of a Pub/Sub message.",
                              "description_kind": "plain"
                            },
                            "max_items": 1
                          },
                          "pubsub_avro_format": {
                            "nesting_mode": "list",
                            "block": {
                              "description": "Configuration for reading Cloud Storage data written via Cloud Storage\nsubscriptions(See https://cloud.google.com/pubsub/docs/cloudstorage). The\ndata and attributes fields of the originally exported Pub/Sub message\nwill be restored when publishing.",
                              "description_kind": "plain"
                            },
                            "max_items": 1
                          },
                          "text_format": {
                            "nesting_mode": "list",
                            "block": {
                              "attributes": {
                                "delimiter": {
                                  "type": "string",
                                  "description": "The delimiter to use when using the 'text' format. Each line of text as\nspecified by the delimiter will be set to the 'data' field of a Pub/Sub\nmessage. When unset, '\\n' is used.",
                                  "description_kind": "plain",
                                  "optional": true
                                }
                              },
                              "description": "Configuration for reading Cloud Storage data in text format. Each line of\ntext as specified by the delimiter will be set to the 'data' field of a\nPub/Sub message.",
                              "description_kind": "plain"
                            },
                            "max_items": 1
                          }
                        },
                        "description": "Settings for ingestion from Cloud Storage.",
                        "description_kind": "plain"
                      },
                      "max_items": 1
                    },
                    "platform_logs_settings": {
                      "nesting_mode": "list",
                      "block": {
                        "attributes": {
                          "severity": {
                            "type": "string",
                            "description": "The minimum severity level of Platform Logs that will be written. If unspecified,\nno Platform Logs will be written. Default value: \"SEVERITY_UNSPECIFIED\" Possible values: [\"SEVERITY_UNSPECIFIED\", \"DISABLED\", \"DEBUG\", \"INFO\", \"WARNING\", \"ERROR\"]",
                            "description_kind": "plain",
                            "optional": true
                          }
                        },
                        "description": "Settings for Platform Logs regarding ingestion to Pub/Sub. If unset,\nno Platform Logs will be generated.'",
                        "description_kind": "plain"
                      },
                      "max_items": 1
                    }
                  },
                  "description": "Settings for ingestion from a data source into this topic.",
                  "description_kind": "plain"
                },
                "max_items": 1
              },
              "message_storage_policy": {
                "nesting_mode": "list",
                "block": {
                  "attributes": {
                    "allowed_persistence_regions": {
                      "type": [
                        "list",
                        "string"
                      ],
                      "description": "A list of IDs of GCP regions where messages that are published to\nthe topic may be persisted in storage. Messages published by\npublishers running in non-allowed GCP regions (or running outside\nof GCP altogether) will be routed for storage in one of the\nallowed regions. An empty list means that no regions are allowed,\nand is not a valid configuration.",
                      "description_kind": "plain",
                      "required": true
                    }
                  },
                  "description": "Policy constraining the set of Google Cloud Platform regions where\nmessages published to the topic may be stored. If not present, then no\nconstraints are in effect.",
                  "description_kind": "plain"
                },
                "max_items": 1
              },
              "schema_settings": {
                "nesting_mode": "list",
                "block": {
                  "attributes": {
                    "encoding": {
                      "type": "string",
                      "description": "The encoding of messages validated against schema. Default value: \"ENCODING_UNSPECIFIED\" Possible values: [\"ENCODING_UNSPECIFIED\", \"JSON\", \"BINARY\"]",
                      "description_kind": "plain",
                      "optional": true
                    },
                    "schema": {
                      "type": "string",
                      "description": "The name of the schema that messages published should be\nvalidated against. Format is projects/{project}/schemas/{schema}.\nThe value of this field will be _deleted-schema_\nif the schema has been deleted.",
                      "description_kind": "plain",
                      "required": true
                    }
                  },
                  "description": "Settings for validating messages published against a schema.",
                  "description_kind": "plain"
                },
                "max_items": 1
              },
              "timeouts": {
                "nesting_mode": "single",
                "block": {
                  "attributes": {
                    "create": {
                      "type": "string",
                      "description_kind": "plain",
                      "optional": true
                    },
                    "delete": {
                      "type": "string",
                      "description_kind": "plain",
                      "optional": true
                    },
                    "update": {
                      "type": "string",
                      "description_kind": "plain",
                      "optional": true
                    }
                  },
                  "description_kind": "plain"
                }
              }
            },
            "description_kind": "plain"
          }
        },
        "google_secret_manager_secret": {
          "version": 0,
          "block": {
            "attributes": {
              "annotations": {
                "type": [
                  "map",
                  "string"
                ],
                "description": "Custom metadata about the secret.\n\nAnnotations are distinct from various forms of labels. Annotations exist to allow\nclient tools to store their own state information without requiring a database.\n\nAnnotation keys must be between 1 and 63 characters long, have a UTF-8 encoding of\nmaximum 128 bytes, begin and end with an alphanumeric character ([a-z0-9A-Z]), and\nmay have dashes (-), underscores (_), dots (.), and alphanumerics in between these\nsymbols.\n\nThe total size of annotation keys and values must be less than 16KiB.\n\nAn object containing a list of \"key\": value pairs. Example:\n{ \"name\": \"wrench\", \"mass\": \"1.3kg\", \"count\": \"3\" }.\n\n\n**Note**: This field is non-authoritative, and will only manage the annotations present in your configuration.\nPlease refer to the field 'effective_annotations' for all of the annotations present on the resource.",
                "description_kind": "plain",
                "optional": true
              },
              "create_time": {
                "type": "string",
                "description": "The time at which the Secret was created.",
                "description_kind": "plain",
                "computed": true
              },
              "effective_annotations": {
                "type": [
                  "map",
                  "string"
                ],
                "description": "All of annotations (key/value pairs) present on the resource in GCP, including the annotations configured through Terraform, other clients and services.",
                "description_kind": "plain",
                "computed": true
              },
              "effective_labels": {
                "type": [
                  "map",
                  "string"
                ],
                "description": "All of labels (key/value pairs) present on the resource in GCP, including the labels configured through Terraform, other clients and services.",
                "description_kind": "plain",
                "computed": true
              },
              "expire_time": {
                "type": "string",
                "description": "Timestamp in UTC when the Secret is scheduled to expire. This is always provided on output, regardless of what was sent on input.\nA timestamp in RFC3339 UTC \"Zulu\" format, with nanosecond resolution and up to nine fractional digits. Examples: \"2014-10-02T15:01:23Z\" and \"2014-10-02T15:01:23.045123456Z\".\nOnly one of 'expire_time' or 'ttl' can be provided.",
                "description_kind": "plain",
                "optional": true,
                "computed": true
              },
              "id": {
                "type": "string",
                "description_kind": "plain",
                "optional": true,
                "computed": true
              },
              "labels": {
                "type": [
                  "map",
                  "string"
                ],
                "description": "The labels assigned to this Secret.\n\nLabel keys must be between 1 and 63 characters long, have a UTF-8 encoding of maximum 128 bytes,\nand must conform to the following PCRE regular expression: [\\p{Ll}\\p{Lo}][\\p{Ll}\\p{Lo}\\p{N}_-]{0,62}\n\nLabel values must be between 0 and 63 characters long, have a UTF-8 encoding of maximum 128 bytes,\nand must conform to the following PCRE regular expression: [\\p{Ll}\\p{Lo}\\p{N}_-]{0,63}\n\nNo more than 64 labels can be assigned to a given resource.\n\nAn object containing a list of \"key\": value pairs. Example:\n{ \"name\": \"wrench\", \"mass\": \"1.3kg\", \"count\": \"3\" }.\n\n\n**Note**: This field is non-authoritative, and will only manage the labels present in your configuration.\nPlease refer to the field 'effective_labels' for all of the labels present on the resource.",
                "description_kind": "plain",
                "optional": true
              },
              "name": {
                "type": "string",
                "description": "The resource name of the Secret. Format:\n'projects/{{project}}/secrets/{{secret_id}}'",
                "description_kind": "plain",
                "computed": true
              },
              "project": {
                "type": "string",
                "description_kind": "plain",
                "optional": true,
                "computed": true
              },
              "secret_id": {
                "type": "string",
                "description": "This must be unique within the project.",
                "description_kind": "plain",
                "required": true
              },
              "terraform_labels": {
                "type": [
                  "map",
                  "string"
                ],
                "description": "The combination of labels configured directly on the resource\n and default labels configured on the provider.",
                "description_kind": "plain",
                "computed": true
              },
              "ttl": {
                "type": "string",
                "description": "The TTL for the Secret.\nA duration in seconds with up to nine fractional digits, terminated by 's'. Example: \"3.5s\".\nOnly one of 'ttl' or 'expire_time' can be provided.",
                "description_kind": "plain",
                "optional": true
              },
              "version_aliases": {
                "type": [
                  "map",
                  "string"
                ],
                "description": "Mapping from version alias to version name.\n\nA version alias is a string with a maximum length of 63 characters and can contain\nuppercase and lowercase letters, numerals, and the hyphen (-) and underscore ('_')\ncharacters. An alias string must start with a letter and cannot be the string\n'latest' or 'NEW'. No more than 50 aliases can be assigned to a given secret.\n\nAn object containing a list of \"key\": value pairs. Example:\n{ \"name\": \"wrench\", \"mass\": \"1.3kg\", \"count\": \"3\" }.",
                "description_kind": "plain",
                "optional": true
              },
              "version_destroy_ttl": {
                "type": "string",
                "description": "Secret Version TTL after destruction request.\nThis is a part of the delayed delete feature on Secret Version.\nFor secret with versionDestroyTtl\u003e0, version destruction doesn't happen immediately\non calling destroy instead the version goes to a disabled state and\nthe actual destruction happens after this TTL expires.",
                "description_kind": "plain",
                "optional": true
              }
            },
            "block_types": {
              "replication": {
                "nesting_mode": "list",
                "block": {
                  "block_types": {
                    "auto": {
                      "nesting_mode": "list",
                      "block": {
                        "block_types": {
                          "customer_managed_encryption": {
                            "nesting_mode": "list",
                            "block": {
                              "attributes": {
                                "kms_key_name": {
                                  "type": "string",
                                  "description": "The resource name of the Cloud KMS CryptoKey used to encrypt secret payloads.",
                                  "description_kind": "plain",
                                  "required": true
                                }
                              },
                              "description": "The customer-managed encryption configuration of the Secret.\nIf no configuration is provided, Google-managed default\nencryption is used.",
                              "description_kind": "plain"
                            },
                            "max_items": 1
                          }
                        },
                        "description": "The Secret will automatically be replicated without any restrictions.",
                        "description_kind": "plain"
                      },
                      "max_items": 1
                    },
                    "user_managed": {
                      "nesting_mode": "list",
                      "block": {
                        "block_types": {
                          "replicas": {
                            "nesting_mode": "list",
                            "block": {
                              "attributes": {
                                "location": {
                                  "type": "string",
                                  "description": "The canonical IDs of the location to replicate data. For example: \"us-east1\".",
                                  "description_kind": "plain",
                                  "required": true
                                }
                              },
                              "block_types": {
                                "customer_managed_encryption": {
                                  "nesting_mode": "list",
                                  "block": {
                                    "attributes": {
                                      "kms_key_name": {
                                        "type": "string",
                                        "description": "Describes the Cloud KMS encryption key that will be used to protect destination secret.",
                                        "description_kind": "plain",
                                        "required": true
                                      }
                                    },
                                    "description": "Customer Managed Encryption for the secret.",
                                    "description_kind": "plain"
                                  },
                                  "max_items": 1
                                }
                              },
                              "description": "The list of Replicas for this Secret. Cannot be empty.",
                              "description_kind": "plain"
                            },
                            "min_items": 1
                          }
                        },
                        "description": "The Secret will be replicated to the regions specified by the user.",
                        "description_kind": "plain"
                      },
                      "max_items": 1
                    }
                  },
                  "description": "The replication policy of the secret data attached to the Secret. It cannot be changed\nafter the Secret has been created.",
                  "description_kind": "plain"
                },
                "min_items": 1,
                "max_items": 1
              },
              "rotation": {
                "nesting_mode": "list",
                "block": {
                  "attributes": {
                    "next_rotation_time": {
                      "type": "string",
                      "description": "Timestamp in UTC at which the Secret is scheduled to rotate.\nA timestamp in RFC3339 UTC \"Zulu\" format, with nanosecond resolution and up to nine fractional digits. Examples: \"2014-10-02T15:01:23Z\" and \"2014-10-02T15:01:23.045123456Z\".",
                      "description_kind": "plain",
                      "optional": true
                    },
                    "rotation_period": {
                      "type": "string",
                      "description": "The Duration between rotation notifications. Must be in seconds and at least 3600s (1h) and at most 3153600000s (100 years).\nIf rotationPeriod is set, 'next_rotation_time' must be set. 'next_rotation_time' will be advanced by this period when the service automatically sends rotation notifications.",
                      "description_kind": "plain",
                      "optional": true
                    }
                  },
                  "description": "The rotation time and period for a Secret. At 'next_rotation_time', Secret Manager will send a Pub/Sub notification to the topics configured on the Secret. 'topics' must be set to configure rotation.",
                  "description_kind": "plain"
                },
                "max_items": 1
              },
              "timeouts": {
                "nesting_mode": "single",
                "block": {
                  "attributes": {
                    "create": {
                      "type": "string",
                      "description_kind": "plain",
                      "optional": true
                    },
                    "delete": {
                      "type": "string",
                      "description_kind": "plain",
                      "optional": true
                    },
                    "update": {
                      "type": "string",
                      "description_kind": "plain",
                      "optional": true
                    }
                  },
                  "description_kind": "plain"
                }
              },
              "topics": {
                "nesting_mode": "list",
                "block": {
                  "attributes": {
                    "name": {
                      "type": "string",
                      "description": "The resource name of the Pub/Sub topic that will be published to, in the following format: projects/*/topics/*.\nFor publication to succeed, the Secret Manager Service Agent service account must have pubsub.publisher permissions on the topic.",
                      "description_kind": "plain",
                      "required": true
                    }
                  },
                  "description": "A list of up to 10 Pub/Sub topics to which messages are published when control plane operations are called on the secret or its versions.",
                  "description_kind": "plain"
                }
              }
            },
            "description_kind": "plain"
          }
        },
        "google_service_account": {
          "version": 0,
          "block": {
            "attributes": {
              "account_id": {
                "type": "string",
                "description": "The account id that is used to generate the service account email address and a stable unique id. It is unique within a project, must be 6-30 characters long, and match the regular expression [a-z]([-a-z0-9]*[a-z0-9]) to comply with RFC1035. Changing this forces a new service account to be created.",
                "description_kind": "plain",
                "required": true
              },
              "create_ignore_already_exists": {
                "type": "bool",
                "description": "If set to true, skip service account creation if a service account with the same email already exists.",
                "description_kind": "plain",
                "optional": true
              },
              "description": {
                "type": "string",
                "description": "A text description of the service account. Must be less than or equal to 256 UTF-8 bytes.",
                "description_kind": "plain",
                "optional": true
              },
              "disabled": {
                "type": "bool",
                "description": "Whether the service account is disabled. Defaults to false",
                "description_kind": "plain",
                "optional": true
              },
              "display_name": {
                "type": "string",
                "description": "The display name for the service account. Can be updated without creating a new resource.",
                "description_kind": "plain",
                "optional": true
              },
              "email": {
                "type": "string",
                "description": "The e-mail address of the service account. This value should be referenced from any google_iam_policy data sources that would grant the service account privileges.",
                "description_kind": "plain",
                "computed": true
              },
              "id": {
                "type": "string",
                "description_kind": "plain",
                "optional": true,
                "computed": true
              },
              "member": {
                "type": "string",
                "description": "The Identity of the service account in the form 'serviceAccount:{email}'. This value is often used to refer to the service account in order to grant IAM permissions.",
                "description_kind": "plain",
                "computed": true
              },
              "name": {
                "type": "string",
                "description": "The fully-qualified name of the service account.",
                "description_kind": "plain",
                "computed": true
              },
              "project": {
                "type": "string",
                "description": "The ID of the project that the service account will be created in. Defaults to the provider project configuration.",
                "description_kind": "plain",
                "optional": true,
                "computed": true
              },
              "unique_id": {
                "type": "string",
                "description": "The unique id of the service account.",
                "description_kind": "plain",
                "computed": true
              }
            },
            "block_types": {
              "timeouts": {
                "nesting_mode": "single",
                "block": {
                  "attributes": {
                    "create": {
                      "type": "string",
                      "description_kind": "plain",
                      "optional": true
                    }
                  },
                  "description_kind": "plain"
                }
              }
            },
            "description_kind": "plain"
          }
        },
        "google_sql_database_instance": {
          "version": 0,
          "block": {
            "attributes": {
              "available_maintenance_versions": {
                "type": [
                  "list",
                  "string"
                ],
                "description": "Available Maintenance versions.",
                "description_kind": "plain",
                "computed": true
              },
              "connection_name": {
                "type": "string",
                "description": "The connection name of the instance to be used in connection strings. For example, when connecting with Cloud SQL Proxy.",
                "description_kind": "plain",
                "computed": true
              },
              "database_version": {
                "type": "string",
                "description": "The MySQL, PostgreSQL or SQL Server (beta) version to use. Supported values include MYSQL_5_6, MYSQL_5_7, MYSQL_8_0, POSTGRES_9_6, POSTGRES_10, POSTGRES_11, POSTGRES_12, POSTGRES_13, POSTGRES_14, POSTGRES_15, SQLSERVER_2017_STANDARD, SQLSERVER_2017_ENTERPRISE, SQLSERVER_2017_EXPRESS, SQLSERVER_2017_WEB. Database Version Policies includes an up-to-date reference of supported versions.",
                "description_kind": "plain",
                "required": true
              },
              "deletion_protection": {
                "type": "bool",
                "description": "Used to block Terraform from deleting a SQL Instance. Defaults to true.",
                "description_kind": "plain",
                "optional": true
              },
              "dns_name": {
                "type": "string",
                "description": "The dns name of the instance.",
                "description_kind": "plain",
                "computed": true
              },
              "encryption_key_name": {
                "type": "string",
                "description_kind": "plain",
                "optional": true,
                "computed": true
              },
              "first_ip_address": {
                "type": "string",
                "description": "The first IPv4 address of any type assigned. This is to support accessing the first address in the list in a terraform output when the resource is configured with a count.",
                "description_kind": "plain",
                "computed": true
              },
              "id": {
                "type": "string",
                "description_kind": "plain",
                "optional": true,
                "computed": true
              },
              "instance_type": {
                "type": "string",
                "description": "The type of the instance. The valid values are:- 'SQL_INSTANCE_TYPE_UNSPECIFIED', 'CLOUD_SQL_INSTANCE', 'ON_PREMISES_INSTANCE' and 'READ_REPLICA_INSTANCE'.",
                "description_kind": "plain",
                "optional": true,
                "computed": true
              },
              "ip_address": {
                "type": [
                  "list",
                  [
                    "object",
                    {
                      "ip_address": "string",
                      "time_to_retire": "string",
                      "type": "string"
                    }
                  ]
                ],
                "description_kind": "plain",
                "computed": true
              },
              "maintenance_version": {
                "type": "string",
                "description": "Maintenance version.",
                "description_kind": "plain",
                "optional": true,
                "computed": true
              },
              "master_instance_name": {
                "type": "string",
                "description": "The name of the instance that will act as the master in the replication setup. Note, this requires the master to have binary_log_enabled set, as well as existing backups.",
                "description_kind": "plain",
                "optional": true,
                "computed": true
              },
              "name": {
                "type": "string",
                "description": "The name of the instance. If the name is left blank, Terraform will randomly generate one when the instance is first created. This is done because after a name is used, it cannot be reused for up to one week.",
                "description_kind": "plain",
                "optional": true,
                "computed": true
              },
              "private_ip_address": {
                "type": "string",
                "description": "IPv4 address assigned. This is a workaround for an issue fixed in Terraform 0.12 but also provides a convenient way to access an IP of a specific type without performing filtering in a Terraform config.",
                "description_kind": "plain",
                "computed": true
              },
              "project": {
                "type": "string",
                "description": "The ID of the project in which the resource belongs. If it is not provided, the provider project is used.",
                "description_kind": "plain",
                "optional": true,
                "computed": true
              },
              "psc_service_attachment_link": {
                "type": "string",
                "description": "The link to service attachment of PSC instance.",
                "description_kind": "plain",
                "computed": true
              },
              "public_ip_address": {
                "type": "string",
                "description": "IPv4 address assigned. This is a workaround for an issue fixed in Terraform 0.12 but also provides a convenient way to access an IP of a specific type without performing filtering in a Terraform config.",
                "description_kind": "plain",
                "computed": true
              },
              "region": {
                "type": "string",
                "description": "The region the instance will sit in. Note, Cloud SQL is not available in all regions. A valid region must be provided to use this resource. If a region is not provided in the resource definition, the provider region will be used instead, but this will be an apply-time error for instances if the provider region is not supported with Cloud SQL. If you choose not to provide the region argument for this resource, make sure you understand this.",
                "description_kind": "plain",
                "optional": true,
                "computed": true
              },
              "root_password": {
                "type": "string",
                "description": "Initial root password. Required for MS SQL Server.",
                "description_kind": "plain",
                "optional": true,
                "sensitive": true
              },
              "self_link": {
                "type": "string",
                "description": "The URI of the created resource.",
                "description_kind": "plain",
                "computed": true
              },
              "server_ca_cert": {
                "type": [
                  "list",
                  [
                    "object",
                    {
                      "cert": "string",
                      "common_name": "string",
                      "create_time": "string",
                      "expiration_time": "string",
                      "sha1_fingerprint": "string"
                    }
                  ]
                ],
                "description_kind": "plain",
                "computed": true,
                "sensitive": true
              },
              "service_account_email_address": {
                "type": "string",
                "description": "The service account email address assigned to the instance.",
                "description_kind": "plain",
                "computed": true
              }
            },
            "block_types": {
              "clone": {
                "nesting_mode": "list",
                "block": {
                  "attributes": {
                    "allocated_ip_range": {
                      "type": "string",
                      "description": "The name of the allocated ip range for the private ip CloudSQL instance. For example: \"google-managed-services-default\". If set, the cloned instance ip will be created in the allocated range. The range name must comply with [RFC 1035](https://tools.ietf.org/html/rfc1035). Specifically, the name must be 1-63 characters long and match the regular expression [a-z]([-a-z0-9]*[a-z0-9])?.",
                      "description_kind": "plain",
                      "optional": true
                    },
                    "database_names": {
                      "type": [
                        "list",
                        "string"
                      ],
                      "description": "(SQL Server only, use with point_in_time) clone only the specified databases from the source instance. Clone all databases if empty.",
                      "description_kind": "plain",
                      "optional": true
                    },
                    "point_in_time": {
                      "type": "string",
                      "description": "The timestamp of the point in time that should be restored.",
                      "description_kind": "plain",
                      "optional": true
                    },
                    "preferred_zone": {
                      "type": "string",
                      "description": "(Point-in-time recovery for PostgreSQL only) Clone to an instance in the specified zone. If no zone is specified, clone to the same zone as the source instance.",
                      "description_kind": "plain",
                      "optional": true
                    },
                    "source_instance_name": {
                      "type": "string",
                      "description": "The name of the instance from which the point in time should be restored.",
                      "description_kind": "plain",
                      "required": true
                    }
                  },
                  "description": "Configuration for creating a new instance as a clone of another instance.",
                  "description_kind": "plain"
                },
                "max_items": 1
              },
              "replica_configuration": {
                "nesting_mode": "list",
                "block": {
                  "attributes": {
                    "ca_certificate": {
                      "type": "string",
                      "description": "PEM representation of the trusted CA's x509 certificate.",
                      "description_kind": "plain",
                      "optional": true
                    },
                    "client_certificate": {
                      "type": "string",
                      "description": "PEM representation of the replica's x509 certificate.",
                      "description_kind": "plain",
                      "optional": true
                    },
                    "client_key": {
                      "type": "string",
                      "description": "PEM representation of the replica's private key. The corresponding public key in encoded in the client_certificate.",
                      "description_kind": "plain",
                      "optional": true
                    },
                    "connect_retry_interval": {
                      "type": "number",
                      "description": "The number of seconds between connect retries. MySQL's default is 60 seconds.",
                      "description_kind": "plain",
                      "optional": true
                    },
                    "dump_file_path": {
                      "type": "string",
                      "description": "Path to a SQL file in Google Cloud Storage from which replica instances are created. Format is gs://bucket/filename.",
                      "description_kind": "plain",
                      "optional": true
                    },
                    "failover_target": {
                      "type": "bool",
                      "description": "Specifies if the replica is the failover target. If the field is set to true the replica will be designated as a failover replica. If the master instance fails, the replica instance will be promoted as the new master instance. Not supported for Postgres",
                      "description_kind": "plain",
                      "optional": true
                    },
                    "master_heartbeat_period": {
                      "type": "number",
                      "description": "Time in ms between replication heartbeats.",
                      "description_kind": "plain",
                      "optional": true
                    },
                    "password": {
                      "type": "string",
                      "description": "Password for the replication connection.",
                      "description_kind": "plain",
                      "optional": true,
                      "sensitive": true
                    },
                    "ssl_cipher": {
                      "type": "string",
                      "description": "Permissible ciphers for use in SSL encryption.",
                      "description_kind": "plain",
                      "optional": true
                    },
                    "username": {
                      "type": "string",
                      "description": "Username for replication connection.",
                      "description_kind": "plain",
                      "optional": true
                    },
                    "verify_server_certificate": {
                      "type": "bool",
                      "description": "True if the master's common name value is checked during the SSL handshake.",
                      "description_kind": "plain",
                      "optional": true
                    }
                  },
                  "description": "The configuration for replication.",
                  "description_kind": "plain"
                },
                "max_items": 1
              },
              "restore_backup_context": {
                "nesting_mode": "list",
                "block": {
                  "attributes": {
                    "backup_run_id": {
                      "type": "number",
                      "description": "The ID of the backup run to restore from.",
                      "description_kind": "plain",
                      "required": true
                    },
                    "instance_id": {
                      "type": "string",
                      "description": "The ID of the instance that the backup was taken from.",
                      "description_kind": "plain",
                      "optional": true
                    },
                    "project": {
                      "type": "string",
                      "description": "The full project ID of the source instance.",
                      "description_kind": "plain",
                      "optional": true
                    }
                  },
                  "description_kind": "plain"
                },
                "max_items": 1
              },
              "settings": {
                "nesting_mode": "list",
                "block": {
                  "attributes": {
                    "activation_policy": {
                      "type": "string",
                      "description": "This specifies when the instance should be active. Can be either ALWAYS, NEVER or ON_DEMAND.",
                      "description_kind": "plain",
                      "optional": true
                    },
                    "availability_type": {
                      "type": "string",
                      "description": "The availability type of the Cloud SQL instance, high availability\n(REGIONAL) or single zone (ZONAL). For all instances, ensure that\nsettings.backup_configuration.enabled is set to true.\nFor MySQL instances, ensure that settings.backup_configuration.binary_log_enabled is set to true.\nFor Postgres instances, ensure that settings.backup_configuration.point_in_time_recovery_enabled\nis set to true. Defaults to ZONAL.",
                      "description_kind": "plain",
                      "optional": true
                    },
                    "collation": {
                      "type": "string",
                      "description": "The name of server instance collation.",
                      "description_kind": "plain",
                      "optional": true
                    },
                    "connector_enforcement": {
                      "type": "string",
                      "description": "Enables the enforcement of Cloud SQL Auth Proxy or Cloud SQL connectors for all the connections. If enabled, all the direct connections are rejected.",
                      "description_kind": "plain",
                      "optional": true,
                      "computed": true
                    },
                    "deletion_protection_enabled": {
                      "type": "bool",
                      "description": "Configuration to protect against accidental instance deletion.",
                      "description_kind": "plain",
                      "optional": true
                    },
                    "disk_autoresize": {
                      "type": "bool",
                      "description": "Enables auto-resizing of the storage size. Defaults to true.",
                      "description_kind": "plain",
                      "optional": true
                    },
                    "disk_autoresize_limit": {
                      "type": "number",
                      "description": "The maximum size, in GB, to which storage capacity can be automatically increased. The default value is 0, which specifies that there is no limit.",
                      "description_kind": "plain",
                      "optional": true
                    },
                    "disk_size": {
                      "type": "number",
                      "description": "The size of data disk, in GB. Size of a running instance cannot be reduced but can be increased. The minimum value is 10GB.",
                      "description_kind": "plain",
                      "optional": true,
                      "computed": true
                    },
                    "disk_type": {
                      "type": "string",
                      "description": "The type of data disk: PD_SSD or PD_HDD. Defaults to PD_SSD.",
                      "description_kind": "plain",
                      "optional": true
                    },
                    "edition": {
                      "type": "string",
                      "description": "The edition of the instance, can be ENTERPRISE or ENTERPRISE_PLUS.",
                      "description_kind": "plain",
                      "optional": true,
                      "computed": true
                    },
                    "enable_dataplex_integration": {
                      "type": "bool",
                      "description": "Enables Dataplex Integration.",
                      "description_kind": "plain",
                      "optional": true
                    },
                    "enable_google_ml_integration": {
                      "type": "bool",
                      "description": "Enables Vertex AI Integration.",
                      "description_kind": "plain",
                      "optional": true
                    },
                    "pricing_plan": {
                      "type": "string",
                      "description": "Pricing plan for this instance, can only be PER_USE.",
                      "description_kind": "plain",
                      "optional": true
                    },
                    "tier": {
                      "type": "string",
                      "description": "The machine type to use. See tiers for more details and supported versions. Postgres supports only shared-core machine types, and custom machine types such as db-custom-2-13312. See the Custom Machine Type Documentation to learn about specifying custom machine types.",
                      "description_kind": "plain",
                      "required": true
                    },
                    "time_zone": {
                      "type": "string",
                      "description": "The time_zone to be used by the database engine (supported only for SQL Server), in SQL Server timezone format.",
                      "description_kind": "plain",
                      "optional": true
                    },
                    "user_labels": {
                      "type": [
                        "map",
                        "string"
                      ],
                      "description": "A set of key/value user label pairs to assign to the instance.",
                      "description_kind": "plain",
                      "optional": true,
                      "computed": true
                    },
                    "version": {
                      "type": "number",
                      "description": "Used to make sure changes to the settings block are atomic.",
                      "description_kind": "plain",
                      "computed": true
                    }
                  },
                  "block_types": {
                    "active_directory_config": {
                      "nesting_mode": "list",
                      "block": {
                        "attributes": {
                          "domain": {
                            "type": "string",
                            "description": "Domain name of the Active Directory for SQL Server (e.g., mydomain.com).",
                            "description_kind": "plain",
                            "required": true
                          }
                        },
                        "description_kind": "plain"
                      },
                      "max_items": 1
                    },
                    "advanced_machine_features": {
                      "nesting_mode": "list",
                      "block": {
                        "attributes": {
                          "threads_per_core": {
                            "type": "number",
                            "description": "The number of threads per physical core. Can be 1 or 2.",
                            "description_kind": "plain",
                            "optional": true
                          }
                        },
                        "description_kind": "plain"
                      },
                      "max_items": 1
                    },
                    "backup_configuration": {
                      "nesting_mode": "list",
                      "block": {
                        "attributes": {
                          "binary_log_enabled": {
                            "type": "bool",
                            "description": "True if binary logging is enabled. If settings.backup_configuration.enabled is false, this must be as well. Can only be used with MySQL.",
                            "description_kind": "plain",
                            "optional": true
                          },
                          "enabled": {
                            "type": "bool",
                            "description": "True if backup configuration is enabled.",
                            "description_kind": "plain",
                            "optional": true
                          },
                          "location": {
                            "type": "string",
                            "description": "Location of the backup configuration.",
                            "description_kind": "plain",
                            "optional": true
                          },
                          "point_in_time_recovery_enabled": {
                            "type": "bool",
                            "description": "True if Point-in-time recovery is enabled.",
                            "description_kind": "plain",
                            "optional": true
                          },
                          "start_time": {
                            "type": "string",
                            "description": "HH:MM format time indicating when backup configuration starts.",
                            "description_kind": "plain",
                            "optional": true,
                            "computed": true
                          },
                          "transaction_log_retention_days": {
                            "type": "number",
                            "description": "The number of days of transaction logs we retain for point in time restore, from 1-7. (For PostgreSQL Enterprise Plus instances, from 1 to 35.)",
                            "description_kind": "plain",
                            "optional": true,
                            "computed": true
                          }
                        },
                        "block_types": {
                          "backup_retention_settings": {
                            "nesting_mode": "list",
                            "block": {
                              "attributes": {
                                "retained_backups": {
                                  "type": "number",
                                  "description": "Number of backups to retain.",
                                  "description_kind": "plain",
                                  "required": true
                                },
                                "retention_unit": {
                                  "type": "string",
                                  "description": "The unit that 'retainedBackups' represents. Defaults to COUNT",
                                  "description_kind": "plain",
                                  "optional": true
                                }
                              },
                              "description_kind": "plain"
                            },
                            "max_items": 1
                          }
                        },
                        "description_kind": "plain"
                      },
                      "max_items": 1
                    },
                    "data_cache_config": {
                      "nesting_mode": "list",
                      "block": {
                        "attributes": {
                          "data_cache_enabled": {
                            "type": "bool",
                            "description": "Whether data cache is enabled for the instance.",
                            "description_kind": "plain",
                            "optional": true
                          }
                        },
                        "description": "Data cache configurations.",
                        "description_kind": "plain"
                      },
                      "max_items": 1
                    },
                    "database_flags": {
                      "nesting_mode": "set",
                      "block": {
                        "attributes": {
                          "name": {
                            "type": "string",
                            "description": "Name of the flag.",
                            "description_kind": "plain",
                            "required": true
                          },
                          "value": {
                            "type": "string",
                            "description": "Value of the flag.",
                            "description_kind": "plain",
                            "required": true
                          }
                        },
                        "description_kind": "plain"
                      }
                    },
                    "deny_maintenance_period": {
                      "nesting_mode": "list",
                      "block": {
                        "attributes": {
                          "end_date": {
                            "type": "string",
                            "description": "End date before which maintenance will not take place. The date is in format yyyy-mm-dd i.e., 2020-11-01, or mm-dd, i.e., 11-01",
                            "description_kind": "plain",
                            "required": true
                          },
                          "start_date": {
                            "type": "string",
                            "description": "Start date after which maintenance will not take place. The date is in format yyyy-mm-dd i.e., 2020-11-01, or mm-dd, i.e., 11-01",
                            "description_kind": "plain",
                            "required": true
                          },
                          "time": {
                            "type": "string",
                            "description": "Time in UTC when the \"deny maintenance period\" starts on start_date and ends on end_date. The time is in format: HH:mm:SS, i.e., 00:00:00",
                            "description_kind": "plain",
                            "required": true
                          }
                        },
                        "description_kind": "plain"
                      },
                      "max_items": 1
                    },
                    "insights_config": {
                      "nesting_mode": "list",
                      "block": {
                        "attributes": {
                          "query_insights_enabled": {
                            "type": "bool",
                            "description": "True if Query Insights feature is enabled.",
                            "description_kind": "plain",
                            "optional": true
                          },
                          "query_plans_per_minute": {
                            "type": "number",
                            "description": "Number of query execution plans captured by Insights per minute for all queries combined. Between 0 and 20. Default to 5.",
                            "description_kind": "plain",
                            "optional": true,
                            "computed": true
                          },
                          "query_string_length": {
                            "type": "number",
                            "description": "Maximum query length stored in bytes. Between 256 and 4500. Default to 1024.",
                            "description_kind": "plain",
                            "optional": true
                          },
                          "record_application_tags": {
                            "type": "bool",
                            "description": "True if Query Insights will record application tags from query when enabled.",
                            "description_kind": "plain",
                            "optional": true
                          },
                          "record_client_address": {
                            "type": "bool",
                            "description": "True if Query Insights will record client address when enabled.",
                            "description_kind": "plain",
                            "optional": true
                          }
                        },
                        "description": "Configuration of Query Insights.",
                        "description_kind": "plain"
                      },
                      "max_items": 1
                    },
                    "ip_configuration": {
                      "nesting_mode": "list",
                      "block": {
                        "attributes": {
                          "allocated_ip_range": {
                            "type": "string",
                            "description": "The name of the allocated ip range for the private ip CloudSQL instance. For example: \"google-managed-services-default\". If set, the instance ip will be created in the allocated range. The range name must comply with RFC 1035. Specifically, the name must be 1-63 characters long and match the regular expression [a-z]([-a-z0-9]*[a-z0-9])?.",
                            "description_kind": "plain",
                            "optional": true
                          },
                          "enable_private_path_for_google_cloud_services": {
                            "type": "bool",
                            "description": "Whether Google Cloud services such as BigQuery are allowed to access data in this Cloud SQL instance over a private IP connection. SQLSERVER database type is not supported.",
                            "description_kind": "plain",
                            "optional": true
                          },
                          "ipv4_enabled": {
                            "type": "bool",
                            "description": "Whether this Cloud SQL instance should be assigned a public IPV4 address. At least ipv4_enabled must be enabled or a private_network must be configured.",
                            "description_kind": "plain",
                            "optional": true
                          },
                          "private_network": {
                            "type": "string",
                            "description": "The VPC network from which the Cloud SQL instance is accessible for private IP. For example, projects/myProject/global/networks/default. Specifying a network enables private IP. At least ipv4_enabled must be enabled or a private_network must be configured. This setting can be updated, but it cannot be removed after it is set.",
                            "description_kind": "plain",
                            "optional": true
                          },
                          "server_ca_mode": {
                            "type": "string",
                            "description": "Specify how the server certificate's Certificate Authority is hosted.",
                            "description_kind": "plain",
                            "optional": true,
                            "computed": true
                          },
                          "ssl_mode": {
                            "type": "string",
                            "description": "Specify how SSL connection should be enforced in DB connections.",
                            "description_kind": "plain",
                            "optional": true,
                            "computed": true
                          }
                        },
                        "block_types": {
                          "authorized_networks": {
                            "nesting_mode": "set",
                            "block": {
                              "attributes": {
                                "expiration_time": {
                                  "type": "string",
                                  "description_kind": "plain",
                                  "optional": true
                                },
                                "name": {
                                  "type": "string",
                                  "description_kind": "plain",
                                  "optional": true
                                },
                                "value": {
                                  "type": "string",
                                  "description_kind": "plain",
                                  "required": true
                                }
                              },
                              "description_kind": "plain"
                            }
                          },
                          "psc_config": {
                            "nesting_mode": "set",
                            "block": {
                              "attributes": {
                                "allowed_consumer_projects": {
                                  "type": [
                                    "set",
                                    "string"
                                  ],
                                  "description": "List of consumer projects that are allow-listed for PSC connections to this instance. This instance can be connected to with PSC from any network in these projects. Each consumer project in this list may be represented by a project number (numeric) or by a project id (alphanumeric).",
                                  "description_kind": "plain",
                                  "optional": true
                                },
                                "psc_enabled": {
                                  "type": "bool",
                                  "description": "Whether PSC connectivity is enabled for this instance.",
                                  "description_kind": "plain",
                                  "optional": true
                                }
                              },
                              "description": "PSC settings for a Cloud SQL instance.",
                              "description_kind": "plain"
                            }
                          }
                        },
                        "description_kind": "plain"
                      },
                      "max_items": 1
                    },
                    "location_preference": {
                      "nesting_mode": "list",
                      "block": {
                        "attributes": {
                          "follow_gae_application": {
                            "type": "string",
                            "description": "A Google App Engine application whose zone to remain in. Must be in the same region as this instance.",
                            "description_kind": "plain",
                            "optional": true
                          },
                          "secondary_zone": {
                            "type": "string",
                            "description": "The preferred Compute Engine zone for the secondary/failover",
                            "description_kind": "plain",
                            "optional": true
                          },
                          "zone": {
                            "type": "string",
                            "description": "The preferred compute engine zone.",
                            "description_kind": "plain",
                            "optional": true
                          }
                        },
                        "description_kind": "plain"
                      },
                      "max_items": 1
                    },
                    "maintenance_window": {
                      "nesting_mode": "list",
                      "block": {
                        "attributes": {
                          "day": {
                            "type": "number",
                            "description": "Day of week (1-7), starting on Monday",
                            "description_kind": "plain",
                            "optional": true
                          },
                          "hour": {
                            "type": "number",
                            "description": "Hour of day (0-23), ignored if day not set",
                            "description_kind": "plain",
                            "optional": true
                          },
                          "update_track": {
                            "type": "string",
                            "description": "Receive updates after one week (canary) or after two weeks (stable) or after five weeks (week5) of notification.",
                            "description_kind": "plain",
                            "optional": true
                          }
                        },
                        "description": "Declares a one-hour maintenance window when an Instance can automatically restart to apply updates. The maintenance window is specified in UTC time.",
                        "description_kind": "plain"
                      },
                      "max_items": 1
                    },
                    "password_validation_policy": {
                      "nesting_mode": "list",
                      "block": {
                        "attributes": {
                          "complexity": {
                            "type": "string",
                            "description": "Password complexity.",
                            "description_kind": "plain",
                            "optional": true
                          },
                          "disallow_username_substring": {
                            "type": "bool",
                            "description": "Disallow username as a part of the password.",
                            "description_kind": "plain",
                            "optional": true
                          },
                          "enable_password_policy": {
                            "type": "bool",
                            "description": "Whether the password policy is enabled or not.",
                            "description_kind": "plain",
                            "required": true
                          },
                          "min_length": {
                            "type": "number",
                            "description": "Minimum number of characters allowed.",
                            "description_kind": "plain",
                            "optional": true
                          },
                          "password_change_interval": {
                            "type": "string",
                            "description": "Minimum interval after which the password can be changed. This flag is only supported for PostgresSQL.",
                            "description_kind": "plain",
                            "optional": true
                          },
                          "reuse_interval": {
                            "type": "number",
                            "description": "Number of previous passwords that cannot be reused.",
                            "description_kind": "plain",
                            "optional": true
                          }
                        },
                        "description_kind": "plain"
                      },
                      "max_items": 1
                    },
                    "sql_server_audit_config": {
                      "nesting_mode": "list",
                      "block": {
                        "attributes": {
                          "bucket": {
                            "type": "string",
                            "description": "The name of the destination bucket (e.g., gs://mybucket).",
                            "description_kind": "plain",
                            "optional": true
                          },
                          "retention_interval": {
                            "type": "string",
                            "description": "How long to keep generated audit files. A duration in seconds with up to nine fractional digits, terminated by 's'. Example: \"3.5s\"..",
                            "description_kind": "plain",
                            "optional": true
                          },
                          "upload_interval": {
                            "type": "string",
                            "description": "How often to upload generated audit files. A duration in seconds with up to nine fractional digits, terminated by 's'. Example: \"3.5s\".",
                            "description_kind": "plain",
                            "optional": true
                          }
                        },
                        "description_kind": "plain"
                      },
                      "max_items": 1
                    }
                  },
                  "description": "The settings to use for the database. The configuration is detailed below.",
                  "description_kind": "plain"
                },
                "max_items": 1
              },
              "timeouts": {
                "nesting_mode": "single",
                "block": {
                  "attributes": {
                    "create": {
                      "type": "string",
                      "description_kind": "plain",
                      "optional": true
                    },
                    "delete": {
                      "type": "string",
                      "description_kind": "plain",
                      "optional": true
                    },
                    "update": {
                      "type": "string",
                      "description_kind": "plain",
                      "optional": true
                    }
                  },
                  "description_kind": "plain"
                }
              }
            },
            "description_kind": "plain"
          }
        },
        "google_storage_bucket": {
          "version": 3,
          "block": {
            "attributes": {
              "default_event_based_hold": {
                "type": "bool",
                "description": "Whether or not to automatically apply an eventBasedHold to new objects added to the bucket.",
                "description_kind": "plain",
                "optional": true
              },
              "effective_labels": {
                "type": [
                  "map",
                  "string"
                ],
                "description": "All of labels (key/value pairs) present on the resource in GCP, including the labels configured through Terraform, other clients and services.",
                "description_kind": "plain",
                "computed": true
              },
              "enable_object_retention": {
                "type": "bool",
                "description": "Enables each object in the bucket to have its own retention policy, which prevents deletion until stored for a specific length of time.",
                "description_kind": "plain",
                "optional": true
              },
              "force_destroy": {
                "type": "bool",
                "description": "When deleting a bucket, this boolean option will delete all contained objects. If you try to delete a bucket that contains objects, Terraform will fail that run.",
                "description_kind": "plain",
                "optional": true
              },
              "id": {
                "type": "string",
                "description_kind": "plain",
                "optional": true,
                "computed": true
              },
              "labels": {
                "type": [
                  "map",
                  "string"
                ],
                "description": "A set of key/value label pairs to assign to the bucket.",
                "description_kind": "plain",
                "optional": true
              },
              "location": {
                "type": "string",
                "description": "The Google Cloud Storage location",
                "description_kind": "plain",
                "required": true
              },
              "name": {
                "type": "string",
                "description": "The name of the bucket.",
                "description_kind": "plain",
                "required": true
              },
              "project": {
                "type": "string",
                "description": "The ID of the project in which the resource belongs. If it is not provided, the provider project is used.",
                "description_kind": "plain",
                "optional": true,
                "computed": true
              },
              "project_number": {
                "type": "number",
                "description": "The project number of the project in which the resource belongs.",
                "description_kind": "plain",
                "computed": true
              },
              "public_access_prevention": {
                "type": "string",
                "description": "Prevents public access to a bucket.",
                "description_kind": "plain",
                "optional": true,
                "computed": true
              },
              "requester_pays": {
                "type": "bool",
                "description": "Enables Requester Pays on a storage bucket.",
                "description_kind": "plain",
                "optional": true
              },
              "rpo": {
                "type": "string",
                "description": "Specifies the RPO setting of bucket. If set 'ASYNC_TURBO', The Turbo Replication will be enabled for the dual-region bucket. Value 'DEFAULT' will set RPO setting to default. Turbo Replication is only for buckets in dual-regions.See the docs for more details.",
                "description_kind": "plain",
                "optional": true,
                "computed": true
              },
              "self_link": {
                "type": "string",
                "description": "The URI of the created resource.",
                "description_kind": "plain",
                "computed": true
              },
              "storage_class": {
                "type": "string",
                "description": "The Storage Class of the new bucket. Supported values include: STANDARD, MULTI_REGIONAL, REGIONAL, NEARLINE, COLDLINE, ARCHIVE.",
                "description_kind": "plain",
                "optional": true
              },
              "terraform_labels": {
                "type": [
                  "map",
                  "string"
                ],
                "description": "The combination of labels configured directly on the resource and default labels configured on the provider.",
                "description_kind": "plain",
                "computed": true
              },
              "uniform_bucket_level_access": {
                "type": "bool",
                "description": "Enables uniform bucket-level access on a bucket.",
                "description_kind": "plain",
                "optional": true,
                "computed": true
              },
              "url": {
                "type": "string",
                "description": "The base URL of the bucket, in the format gs://\u003cbucket-name\u003e.",
                "description_kind": "plain",
                "computed": true
              }
            },
            "block_types": {
              "autoclass": {
                "nesting_mode": "list",
                "block": {
                  "attributes": {
                    "enabled": {
                      "type": "bool",
                      "description": "While set to true, autoclass automatically transitions objects in your bucket to appropriate storage classes based on each object's access pattern.",
                      "description_kind": "plain",
                      "required": true
                    },
                    "terminal_storage_class": {
                      "type": "string",
                      "description": "The storage class that objects in the bucket eventually transition to if they are not read for a certain length of time. Supported values include: NEARLINE, ARCHIVE.",
                      "description_kind": "plain",
                      "optional": true,
                      "computed": true
                    }
                  },
                  "description": "The bucket's autoclass configuration.",
                  "description_kind": "plain"
                },
                "max_items": 1
              },
              "cors": {
                "nesting_mode": "list",
                "block": {
                  "attributes": {
                    "max_age_seconds": {
                      "type": "number",
                      "description": "The value, in seconds, to return in the Access-Control-Max-Age header used in preflight responses.",
                      "description_kind": "plain",
                      "optional": true
                    },
                    "method": {
                      "type": [
                        "list",
                        "string"
                      ],
                      "description": "The list of HTTP methods on which to include CORS response headers, (GET, OPTIONS, POST, etc) Note: \"*\" is permitted in the list of methods, and means \"any method\".",
                      "description_kind": "plain",
                      "optional": true
                    },
                    "origin": {
                      "type": [
                        "list",
                        "string"
                      ],
                      "description": "The list of Origins eligible to receive CORS response headers. Note: \"*\" is permitted in the list of origins, and means \"any Origin\".",
                      "description_kind": "plain",
                      "optional": true
                    },
                    "response_header": {
                      "type": [
                        "list",
                        "string"
                      ],
                      "description": "The list of HTTP headers other than the simple response headers to give permission for the user-agent to share across domains.",
                      "description_kind": "plain",
                      "optional": true
                    }
                  },
                  "description": "The bucket's Cross-Origin Resource Sharing (CORS) configuration.",
                  "description_kind": "plain"
                }
              },
              "custom_placement_config": {
                "nesting_mode": "list",
                "block": {
                  "attributes": {
                    "data_locations": {
                      "type": [
                        "set",
                        "string"
                      ],
                      "description": "The list of individual regions that comprise a dual-region bucket. See the docs for a list of acceptable regions. Note: If any of the data_locations changes, it will recreate the bucket.",
                      "description_kind": "plain",
                      "required": true
                    }
                  },
                  "description": "The bucket's custom location configuration, which specifies the individual regions that comprise a dual-region bucket. If the bucket is designated a single or multi-region, the parameters are empty.",
                  "description_kind": "plain"
                },
                "max_items": 1
              },
              "encryption": {
                "nesting_mode": "list",
                "block": {
                  "attributes": {
                    "default_kms_key_name": {
                      "type": "string",
                      "description": "A Cloud KMS key that will be used to encrypt objects inserted into this bucket, if no encryption method is specified. You must pay attention to whether the crypto key is available in the location that this bucket is created in. See the docs for more details.",
                      "description_kind": "plain",
                      "required": true
                    }
                  },
                  "description": "The bucket's encryption configuration.",
                  "description_kind": "plain"
                },
                "max_items": 1
              },
              "hierarchical_namespace": {
                "nesting_mode": "list",
                "block": {
                  "attributes": {
                    "enabled": {
                      "type": "bool",
                      "description": "Set this field true to organize bucket with logical file system structure.",
                      "description_kind": "plain",
                      "required": true
                    }
                  },
                  "description": "The bucket's HNS configuration, which defines bucket can organize folders in logical file system structure.",
                  "description_kind": "plain"
                },
                "max_items": 1
              },
              "lifecycle_rule": {
                "nesting_mode": "list",
                "block": {
                  "block_types": {
                    "action": {
                      "nesting_mode": "set",
                      "block": {
                        "attributes": {
                          "storage_class": {
                            "type": "string",
                            "description": "The target Storage Class of objects affected by this Lifecycle Rule. Supported values include: MULTI_REGIONAL, REGIONAL, NEARLINE, COLDLINE, ARCHIVE.",
                            "description_kind": "plain",
                            "optional": true
                          },
                          "type": {
                            "type": "string",
                            "description": "The type of the action of this Lifecycle Rule. Supported values include: Delete, SetStorageClass and AbortIncompleteMultipartUpload.",
                            "description_kind": "plain",
                            "required": true
                          }
                        },
                        "description": "The Lifecycle Rule's action configuration. A single block of this type is supported.",
                        "description_kind": "plain"
                      },
                      "min_items": 1,
                      "max_items": 1
                    },
                    "condition": {
                      "nesting_mode": "set",
                      "block": {
                        "attributes": {
                          "age": {
                            "type": "number",
                            "description": "Minimum age of an object in days to satisfy this condition.",
                            "description_kind": "plain",
                            "optional": true
                          },
                          "created_before": {
                            "type": "string",
                            "description": "Creation date of an object in RFC 3339 (e.g. 2017-06-13) to satisfy this condition.",
                            "description_kind": "plain",
                            "optional": true
                          },
                          "custom_time_before": {
                            "type": "string",
                            "description": "Creation date of an object in RFC 3339 (e.g. 2017-06-13) to satisfy this condition.",
                            "description_kind": "plain",
                            "optional": true
                          },
                          "days_since_custom_time": {
                            "type": "number",
                            "description": "Number of days elapsed since the user-specified timestamp set on an object.",
                            "description_kind": "plain",
                            "optional": true
                          },
                          "days_since_noncurrent_time": {
                            "type": "number",
                            "description": "Number of days elapsed since the noncurrent timestamp of an object. This\n\t\t\t\t\t\t\t\t\t\tcondition is relevant only for versioned objects.",
                            "description_kind": "plain",
                            "optional": true
                          },
                          "matches_prefix": {
                            "type": [
                              "list",
                              "string"
                            ],
                            "description": "One or more matching name prefixes to satisfy this condition.",
                            "description_kind": "plain",
                            "optional": true
                          },
                          "matches_storage_class": {
                            "type": [
                              "list",
                              "string"
                            ],
                            "description": "Storage Class of objects to satisfy this condition. Supported values include: MULTI_REGIONAL, REGIONAL, NEARLINE, COLDLINE, ARCHIVE, STANDARD, DURABLE_REDUCED_AVAILABILITY.",
                            "description_kind": "plain",
                            "optional": true
                          },
                          "matches_suffix": {
                            "type": [
                              "list",
                              "string"
                            ],
                            "description": "One or more matching name suffixes to satisfy this condition.",
                            "description_kind": "plain",
                            "optional": true
                          },
                          "noncurrent_time_before": {
                            "type": "string",
                            "description": "Creation date of an object in RFC 3339 (e.g. 2017-06-13) to satisfy this condition.",
                            "description_kind": "plain",
                            "optional": true
                          },
                          "num_newer_versions": {
                            "type": "number",
                            "description": "Relevant only for versioned objects. The number of newer versions of an object to satisfy this condition.",
                            "description_kind": "plain",
                            "optional": true
                          },
                          "send_age_if_zero": {
                            "type": "bool",
                            "description": "While set true, age value will be sent in the request even for zero value of the field. This field is only useful for setting 0 value to the age field. It can be used alone or together with age.",
                            "description_kind": "plain",
                            "optional": true
                          },
                          "send_days_since_custom_time_if_zero": {
                            "type": "bool",
                            "description": "While set true, days_since_custom_time value will be sent in the request even for zero value of the field. This field is only useful for setting 0 value to the days_since_custom_time field. It can be used alone or together with days_since_custom_time.",
                            "description_kind": "plain",
                            "optional": true
                          },
                          "send_days_since_noncurrent_time_if_zero": {
                            "type": "bool",
                            "description": "While set true, days_since_noncurrent_time value will be sent in the request even for zero value of the field. This field is only useful for setting 0 value to the days_since_noncurrent_time field. It can be used alone or together with days_since_noncurrent_time.",
                            "description_kind": "plain",
                            "optional": true
                          },
                          "send_num_newer_versions_if_zero": {
                            "type": "bool",
                            "description": "While set true, num_newer_versions value will be sent in the request even for zero value of the field. This field is only useful for setting 0 value to the num_newer_versions field. It can be used alone or together with num_newer_versions.",
                            "description_kind": "plain",
                            "optional": true
                          },
                          "with_state": {
                            "type": "string",
                            "description": "Match to live and/or archived objects. Unversioned buckets have only live objects. Supported values include: \"LIVE\", \"ARCHIVED\", \"ANY\".",
                            "description_kind": "plain",
                            "optional": true,
                            "computed": true
                          }
                        },
                        "description": "The Lifecycle Rule's condition configuration.",
                        "description_kind": "plain"
                      },
                      "min_items": 1,
                      "max_items": 1
                    }
                  },
                  "description": "The bucket's Lifecycle Rules configuration.",
                  "description_kind": "plain"
                },
                "max_items": 100
              },
              "logging": {
                "nesting_mode": "list",
                "block": {
                  "attributes": {
                    "log_bucket": {
                      "type": "string",
                      "description": "The bucket that will receive log objects.",
                      "description_kind": "plain",
                      "required": true
                    },
                    "log_object_prefix": {
                      "type": "string",
                      "description": "The object prefix for log objects. If it's not provided, by default Google Cloud Storage sets this to this bucket's name.",
                      "description_kind": "plain",
                      "optional": true,
                      "computed": true
                    }
                  },
                  "description": "The bucket's Access \u0026 Storage Logs configuration.",
                  "description_kind": "plain"
                },
                "max_items": 1
              },
              "retention_policy": {
                "nesting_mode": "list",
                "block": {
                  "attributes": {
                    "is_locked": {
                      "type": "bool",
                      "description": "If set to true, the bucket will be locked and permanently restrict edits to the bucket's retention policy.  Caution: Locking a bucket is an irreversible action.",
                      "description_kind": "plain",
                      "optional": true
                    },
                    "retention_period": {
                      "type": "number",
                      "description": "The period of time, in seconds, that objects in the bucket must be retained and cannot be deleted, overwritten, or archived. The value must be less than 3,155,760,000 seconds.",
                      "description_kind": "plain",
                      "required": true
                    }
                  },
                  "description": "Configuration of the bucket's data retention policy for how long objects in the bucket should be retained.",
                  "description_kind": "plain"
                },
                "max_items": 1
              },
              "soft_delete_policy": {
                "nesting_mode": "list",
                "block": {
                  "attributes": {
                    "effective_time": {
                      "type": "string",
                      "description": "Server-determined value that indicates the time from which the policy, or one with a greater retention, was effective. This value is in RFC 3339 format.",
                      "description_kind": "plain",
                      "computed": true
                    },
                    "retention_duration_seconds": {
                      "type": "number",
                      "description": "The duration in seconds that soft-deleted objects in the bucket will be retained and cannot be permanently deleted. Default value is 604800.",
                      "description_kind": "plain",
                      "optional": true
                    }
                  },
                  "description": "The bucket's soft delete policy, which defines the period of time that soft-deleted objects will be retained, and cannot be permanently deleted. If it is not provided, by default Google Cloud Storage sets this to default soft delete policy",
                  "description_kind": "plain"
                },
                "max_items": 1
              },
              "timeouts": {
                "nesting_mode": "single",
                "block": {
                  "attributes": {
                    "create": {
                      "type": "string",
                      "description_kind": "plain",
                      "optional": true
                    },
                    "read": {
                      "type": "string",
                      "description_kind": "plain",
                      "optional": true
                    },
                    "update": {
                      "type": "string",
                      "description_kind": "plain",
                      "optional": true
                    }
                  },
                  "description_kind": "plain"
                }
              },
              "versioning": {
                "nesting_mode": "list",
                "block": {
                  "attributes": {
                    "enabled": {
                      "type": "bool",
                      "description": "While set to true, versioning is fully enabled for this bucket.",
                      "description_kind": "plain",
                      "required": true
                    }
                  },
                  "description": "The bucket's Versioning configuration.",
                  "description_kind": "plain"
                },
                "max_items": 1
              },
              "website": {
                "nesting_mode": "list",
                "block": {
                  "attributes": {
                    "main_page_suffix": {
                      "type": "string",
                      "description": "Behaves as the bucket's directory index where missing objects are treated as potential directories.",
                      "description_kind": "plain",
                      "optional": true
                    },
                    "not_found_page": {
                      "type": "string",
                      "description": "The custom object to return when a requested resource is not found.",
                      "description_kind": "plain",
                      "optional": true
                    }
                  },
                  "description": "Configuration if the bucket acts as a website.",
                  "description_kind": "plain"
                },
                "max_items": 1
              }
            },
            "description_kind": "plain"
          }
        }
      }
    }
  }
}
